{
  "version": 4,
  "terraform_version": "1.10.4",
  "serial": 1061,
  "lineage": "43011f94-ea4a-771c-9137-5c38b1ba09cb",
  "outputs": {},
  "resources": [
    {
      "mode": "data",
      "type": "aws_availability_zones",
      "name": "available",
      "provider": "provider[\"registry.terraform.io/hashicorp/aws\"]",
      "instances": [
        {
          "schema_version": 0,
          "attributes": {
            "all_availability_zones": null,
            "exclude_names": null,
            "exclude_zone_ids": null,
            "filter": null,
            "group_names": [
              "us-east-1-zg-1"
            ],
            "id": "us-east-1",
            "names": [
              "us-east-1a",
              "us-east-1b",
              "us-east-1c",
              "us-east-1d",
              "us-east-1e",
              "us-east-1f"
            ],
            "state": "available",
            "timeouts": null,
            "zone_ids": [
              "use1-az2",
              "use1-az4",
              "use1-az6",
              "use1-az1",
              "use1-az3",
              "use1-az5"
            ]
          },
          "sensitive_attributes": []
        }
      ]
    },
    {
      "mode": "data",
      "type": "aws_eks_cluster",
      "name": "cluster_name",
      "provider": "provider[\"registry.terraform.io/hashicorp/aws\"]",
      "instances": [
        {
          "schema_version": 0,
          "attributes": {
            "access_config": [
              {
                "authentication_mode": "API_AND_CONFIG_MAP",
                "bootstrap_cluster_creator_admin_permissions": true
              }
            ],
            "arn": "arn:aws:eks:us-east-1:058264364931:cluster/octopus",
            "certificate_authority": [
              {
                "data": "LS0tLS1CRUdJTiBDRVJUSUZJQ0FURS0tLS0tCk1JSURCVENDQWUyZ0F3SUJBZ0lJYmY3bDJCbjFydTh3RFFZSktvWklodmNOQVFFTEJRQXdGVEVUTUJFR0ExVUUKQXhNS2EzVmlaWEp1WlhSbGN6QWVGdzB5TlRBeU1ERXlNVEE0TVRCYUZ3MHpOVEF4TXpBeU1URXpNVEJhTUJVeApFekFSQmdOVkJBTVRDbXQxWW1WeWJtVjBaWE13Z2dFaU1BMEdDU3FHU0liM0RRRUJBUVVBQTRJQkR3QXdnZ0VLCkFvSUJBUURZTTFTVWJQWG93c3Bsc0RScVlEWUVwOVR6MFZBNU4rc0t5bnB0cUVkazN6SVd1NThQNkU3SnMyZUoKWlE5ZURQK284elk5cVZreTJVbk9sSkw0M01kUXNXT29qYU11aHFVeUZNZHdpalRHalBqcVJuSE5GN1cwUkZpSAoxNno1SGFBZk1KeEpDVWFzSFAzRk1SZjU3anVMUEpFS0Q5cGI3MExnTENqM0MyTll0bEJSMnF5Uk41amJib2VXCitNSUhRWTdoNFpyWHhEdjQvT2VKZGhQZkVPK1RFei9LQ0J1S1U2TEtTSE1jbUxiWWtCQ004bkV3cXBVK0k5ZncKN0JUaGtsNitvazZIWGNjNUppUmRITFRsK2g3V0VsWjF5anhraE4rTDNIZGdVOXFCZTk4Q1NsUDV2N3hmM2dVawplbHE1QnB1RjJ3akhJMTRpRmJ4ZXVrQjF5SURiQWdNQkFBR2pXVEJYTUE0R0ExVWREd0VCL3dRRUF3SUNwREFQCkJnTlZIUk1CQWY4RUJUQURBUUgvTUIwR0ExVWREZ1FXQkJUb20zcTZRQUd0OGpLTXlzSHR6OFdXNzF3OUlqQVYKQmdOVkhSRUVEakFNZ2dwcmRXSmxjbTVsZEdWek1BMEdDU3FHU0liM0RRRUJDd1VBQTRJQkFRQ2VZZ2NmZWEwTgpjRW1lY3RXaC9YOFRJWlpDNHhacnNrZnRxa3luRGE5cFFpa0JGK3FocDBoVXRQYVpqeGZrNWFPZlpiNDZxd0ZTCjBGcEo0SzJUY0QvaTJqQWJidjg3NkNFR0JpZW5TMGNVT0lwcDI0UEY2Rnl3bG5hc2Y2aC9jOWtjS1ZldmcxYUgKSHNDOFlqRFQ4dThEU1Q1dlkvWTBhZUhRaFdMRzJWbURrQ252eFUvdzh2UnZDQlVUOUVPY1FaU08yMERVMExvMApndXVuR1ArNm5vcHBSSTI1ajY2MlBhTkdWenE5dFNCTktjTkhlcHNzSUU4eHk1aDRkZ1hXVCtlNHloMi84ZHFuCmJrMnZVTjUwcm5leW1PZnBFOHZKeHBqRlg0SHpXakpFRjNaSkxxZWJYZnk5eXQyTkcySkM2ZE05WXNZUWZVZXkKZzN4Z1YvblpzRlJQCi0tLS0tRU5EIENFUlRJRklDQVRFLS0tLS0K"
              }
            ],
            "cluster_id": null,
            "compute_config": [],
            "created_at": "2025-02-01T21:03:56Z",
            "enabled_cluster_log_types": [
              "api",
              "audit",
              "authenticator"
            ],
            "endpoint": "https://F5B967F1C8E3D3A2E9127D81992A36F7.gr7.us-east-1.eks.amazonaws.com",
            "id": "octopus",
            "identity": [
              {
                "oidc": [
                  {
                    "issuer": "https://oidc.eks.us-east-1.amazonaws.com/id/F5B967F1C8E3D3A2E9127D81992A36F7"
                  }
                ]
              }
            ],
            "kubernetes_network_config": [
              {
                "elastic_load_balancing": [
                  {
                    "enabled": false
                  }
                ],
                "ip_family": "ipv4",
                "service_ipv4_cidr": "172.20.0.0/16",
                "service_ipv6_cidr": ""
              }
            ],
            "name": "octopus",
            "outpost_config": [],
            "platform_version": "eks.18",
            "remote_network_config": [],
            "role_arn": "arn:aws:iam::058264364931:role/octopus-cluster-20250201210328856200000006",
            "status": "ACTIVE",
            "storage_config": [],
            "tags": {
              "Terraform": "true",
              "terraform-aws-modules": "eks"
            },
            "upgrade_policy": [
              {
                "support_type": "EXTENDED"
              }
            ],
            "version": "1.31",
            "vpc_config": [
              {
                "cluster_security_group_id": "sg-006bb5f78e27c6407",
                "endpoint_private_access": true,
                "endpoint_public_access": true,
                "public_access_cidrs": [
                  "0.0.0.0/0"
                ],
                "security_group_ids": [
                  "sg-0c5158a9d6bb04eed"
                ],
                "subnet_ids": [
                  "subnet-03bac8e152a7f2c4e",
                  "subnet-0aca40c9043cfeb23",
                  "subnet-0bbab4ed967ec029c",
                  "subnet-0c3742a471756cfa9",
                  "subnet-0eb89a551debfd6e4"
                ],
                "vpc_id": "vpc-093e4d1694f29756d"
              }
            ],
            "zonal_shift_config": []
          },
          "sensitive_attributes": []
        }
      ]
    },
    {
      "mode": "data",
      "type": "aws_eks_cluster_auth",
      "name": "cluster_auth",
      "provider": "provider[\"registry.terraform.io/hashicorp/aws\"]",
      "instances": [
        {
          "schema_version": 0,
          "attributes": {
            "id": "octopus",
            "name": "octopus",
            "token": "k8s-aws-v1.aHR0cHM6Ly9zdHMudXMtZWFzdC0xLmFtYXpvbmF3cy5jb20vP0FjdGlvbj1HZXRDYWxsZXJJZGVudGl0eSZWZXJzaW9uPTIwMTEtMDYtMTUmWC1BbXotQWxnb3JpdGhtPUFXUzQtSE1BQy1TSEEyNTYmWC1BbXotQ3JlZGVudGlhbD1BU0lBUTNFR1RVNkJXVU5KS1RFVSUyRjIwMjUwMjAxJTJGdXMtZWFzdC0xJTJGc3RzJTJGYXdzNF9yZXF1ZXN0JlgtQW16LURhdGU9MjAyNTAyMDFUMjEyMjA3WiZYLUFtei1FeHBpcmVzPTAmWC1BbXotU2VjdXJpdHktVG9rZW49SVFvSmIzSnBaMmx1WDJWakVOYiUyRiUyRiUyRiUyRiUyRiUyRiUyRiUyRiUyRiUyRndFYUNYVnpMV1ZoYzNRdE1TSkdNRVFDSUFkNnBQTkd0SlVCZzB6V3plazZXbzNiWFVzSWlHbTQlMkJZSkN6VGRDWHlpVEFpQjVDSGJlM0oyNTFYNUxBZWtobHp6b2VxM09OcUgzJTJCTmx1WVlEbjU2eHdqQ3EwQWdqZSUyRiUyRiUyRiUyRiUyRiUyRiUyRiUyRiUyRiUyRjhCRUFBYUREQTFPREkyTkRNMk5Ea3pNU0lNJTJGbWVpa1BhQiUyRlA3TWt3UW9Lb2dDZFNvRlolMkJaQ0RkNXBmYWE5YmlYZlQ4SmQ4Z3VqdjRCVWFXVzdubndBS0dPblZ1ZU8zWnR5R1lrVzA0RWlLSllKMU9HJTJCWWw0T0NOSkJobnJMMm9Ka0ZIaXVqUFFQblhIJTJGZDF3JTJCMVQ5N2l3Sm1FdDhaaHElMkZKM2RCZWU0c1Q3bXhucWg1eFJKdHk1b2VyRHRLd2NyNUJvQWolMkJPVjNZUGxGTmdhJTJCN1ZPb1VqbG9SbnhRY3hZYmgzdlFoRE10RFdLN0JyOVdMTERzdUJ0JTJCN05malF2cHdlNmdPQ08xamVjajgzR2hkelM2aUdDZTM2WEJXUXEyTm4zakdidWZWazlLT1RBJTJCRVA5eE5HZVA1Rkc2dDZtVHN5JTJCeUh4Z0NQN3prS2NRMXlNRktKJTJGeVpDZDMzNzh1Z0JVcm1GZkQ2WVAxVEtOaktPTHZmRkQyR21SQ3Z5c0hmN0I0MWU5JTJCSnl2MzM2N01LV2UlMkJyd0dPcDRCd1ZEdEVSdmVwcUZ6REpIcDEweGRpJTJCRFBmQWs4Tlc4TVVib3ZwU3BCanI0R29VTDdvNnBIYXNZb3QlMkI4YmQzJTJCY0MlMkYyVVVONGlIcURpenRidHhVSWdFaThyeDRnTWszeW5xSXBWUVJJTiUyQjZhR3Z2VUQ1JTJGcWp3YVNBcldrZDRkWWN2UDhHMDBrNUlQc1ZQR0tkaVQwb2RwNTRnWGpSYlk2WmJ3WGdCYSUyRk9ESkRSVFF3RHN5cTlQNmJXd0FabTlobG5ObnAlMkJyRlYxckxiYk5nbnFRYTQlM0QmWC1BbXotU2lnbmVkSGVhZGVycz1ob3N0JTNCeC1rOHMtYXdzLWlkJlgtQW16LVNpZ25hdHVyZT0wNWRjZjg2ZWIyMTE1NGQzOWYyZjBmZDMxOWY1NTlhNjE0N2FiM2E3OWRhYWYyMWI5MWE2ZDgwNGZhNDVlNGIz"
          },
          "sensitive_attributes": [
            [
              {
                "type": "get_attr",
                "value": "token"
              }
            ]
          ]
        }
      ]
    },
    {
      "mode": "data",
      "type": "aws_route53_zone",
      "name": "domain_zone",
      "provider": "provider[\"registry.terraform.io/hashicorp/aws\"]",
      "instances": [
        {
          "schema_version": 0,
          "attributes": {
            "arn": "arn:aws:route53:::hostedzone/Z042342135LJBKJYB56SB",
            "caller_reference": "2ce99414-94ea-440c-9723-cde3b3b186ed",
            "comment": "my domain",
            "id": "Z042342135LJBKJYB56SB",
            "linked_service_description": null,
            "linked_service_principal": null,
            "name": "bokertovmatoki.online",
            "name_servers": [
              "ns-1913.awsdns-47.co.uk",
              "ns-635.awsdns-15.net",
              "ns-467.awsdns-58.com",
              "ns-1364.awsdns-42.org"
            ],
            "primary_name_server": "ns-1913.awsdns-47.co.uk",
            "private_zone": false,
            "resource_record_set_count": 6,
            "tags": {},
            "vpc_id": null,
            "zone_id": "Z042342135LJBKJYB56SB"
          },
          "sensitive_attributes": []
        }
      ]
    },
    {
      "mode": "data",
      "type": "tls_certificate",
      "name": "eks",
      "provider": "provider[\"registry.terraform.io/hashicorp/tls\"]",
      "instances": [
        {
          "schema_version": 0,
          "attributes": {
            "certificates": [
              {
                "cert_pem": "-----BEGIN CERTIFICATE-----\nMIIEdTCCA12gAwIBAgIJAKcOSkw0grd/MA0GCSqGSIb3DQEBCwUAMGgxCzAJBgNV\nBAYTAlVTMSUwIwYDVQQKExxTdGFyZmllbGQgVGVjaG5vbG9naWVzLCBJbmMuMTIw\nMAYDVQQLEylTdGFyZmllbGQgQ2xhc3MgMiBDZXJ0aWZpY2F0aW9uIEF1dGhvcml0\neTAeFw0wOTA5MDIwMDAwMDBaFw0zNDA2MjgxNzM5MTZaMIGYMQswCQYDVQQGEwJV\nUzEQMA4GA1UECBMHQXJpem9uYTETMBEGA1UEBxMKU2NvdHRzZGFsZTElMCMGA1UE\nChMcU3RhcmZpZWxkIFRlY2hub2xvZ2llcywgSW5jLjE7MDkGA1UEAxMyU3RhcmZp\nZWxkIFNlcnZpY2VzIFJvb3QgQ2VydGlmaWNhdGUgQXV0aG9yaXR5IC0gRzIwggEi\nMA0GCSqGSIb3DQEBAQUAA4IBDwAwggEKAoIBAQDVDDrEKvlO4vW+GZdfjohTsR8/\ny8+fIBNtKTrID30892t2OGPZNmCom15cAICyL1l/9of5JUOG52kbUpqQ4XHj2C0N\nTm/2yEnZtvMaVq4rtnQU68/7JuMauh2WLmo7WJSJR1b/JaCTcFOD2oR0FMNnngRo\nOt+OQFodSk7PQ5E751bWAHDLUu57fa4657wx+UX2wmDPE1kCK4DMNEffud6QZW0C\nzyyRpqbn3oUYSXxmTqM6bam17jQuug0DuDPfR+uxa40l2ZvOgdFFRjKWcIfeAg5J\nQ4W2bHO7ZOphQazJ1FTfhy/HIrImzJ9ZVGif/L4qL8RVHHVAYBeFAlU5i38FAgMB\nAAGjgfAwge0wDwYDVR0TAQH/BAUwAwEB/zAOBgNVHQ8BAf8EBAMCAYYwHQYDVR0O\nBBYEFJxfAN+qAdcwKziIorhtSpzyEZGDMB8GA1UdIwQYMBaAFL9ft9HO3R+G9FtV\nrNzXEMIOqYjnME8GCCsGAQUFBwEBBEMwQTAcBggrBgEFBQcwAYYQaHR0cDovL28u\nc3MyLnVzLzAhBggrBgEFBQcwAoYVaHR0cDovL3guc3MyLnVzL3guY2VyMCYGA1Ud\nHwQfMB0wG6AZoBeGFWh0dHA6Ly9zLnNzMi51cy9yLmNybDARBgNVHSAECjAIMAYG\nBFUdIAAwDQYJKoZIhvcNAQELBQADggEBACMd44pXyn3pF3lM8R5V/cxTbj5HD9/G\nVfKyBDbtgB9TxF00KGu+x1X8Z+rLP3+QsjPNG1gQggL4+C/1E2DUBc7xgQjB3ad1\nl08YuW3e95ORCLp+QCztweq7dp4zBncdDQh/U90bZKuCJ/Fp1U1ervShw3WnWEQt\n8jxwmKy6abaVd38PMV4s/KCHOkdp8Hlf9BRUpJVeEXgSYCfOn8J3/yNTd126/+pZ\n59vPr5KW7ySaNRB6nJHGDn2Z9j8Z3/VyVOEVqQdZe4O/Ui5GjLIAZHYcSNPYeehu\nVsyuLAOQ1xk4meTKCRlb/weWsKh/NEnfVqn3sF/tM+2MR7cwA130A4w=\n-----END CERTIFICATE-----\n",
                "is_ca": true,
                "issuer": "OU=Starfield Class 2 Certification Authority,O=Starfield Technologies\\, Inc.,C=US",
                "not_after": "2034-06-28T17:39:16Z",
                "not_before": "2009-09-02T00:00:00Z",
                "public_key_algorithm": "RSA",
                "serial_number": "12037640545166866303",
                "sha1_fingerprint": "9e99a48a9960b14926bb7f3b02e22da2b0ab7280",
                "signature_algorithm": "SHA256-RSA",
                "subject": "CN=Starfield Services Root Certificate Authority - G2,O=Starfield Technologies\\, Inc.,L=Scottsdale,ST=Arizona,C=US",
                "version": 3
              },
              {
                "cert_pem": "-----BEGIN CERTIFICATE-----\nMIIEkjCCA3qgAwIBAgITBn+USionzfP6wq4rAfkI7rnExjANBgkqhkiG9w0BAQsF\nADCBmDELMAkGA1UEBhMCVVMxEDAOBgNVBAgTB0FyaXpvbmExEzARBgNVBAcTClNj\nb3R0c2RhbGUxJTAjBgNVBAoTHFN0YXJmaWVsZCBUZWNobm9sb2dpZXMsIEluYy4x\nOzA5BgNVBAMTMlN0YXJmaWVsZCBTZXJ2aWNlcyBSb290IENlcnRpZmljYXRlIEF1\ndGhvcml0eSAtIEcyMB4XDTE1MDUyNTEyMDAwMFoXDTM3MTIzMTAxMDAwMFowOTEL\nMAkGA1UEBhMCVVMxDzANBgNVBAoTBkFtYXpvbjEZMBcGA1UEAxMQQW1hem9uIFJv\nb3QgQ0EgMTCCASIwDQYJKoZIhvcNAQEBBQADggEPADCCAQoCggEBALJ4gHHKeNXj\nca9HgFB0fW7Y14h29Jlo91ghYPl0hAEvrAIthtOgQ3pOsqTQNroBvo3bSMgHFzZM\n9O6II8c+6zf1tRn4SWiw3te5djgdYZ6k/oI2peVKVuRF4fn9tBb6dNqcmzU5L/qw\nIFAGbHrQgLKm+a/sRxmPUDgH3KKHOVj4utWp+UhnMJbulHheb4mjUcAwhmahRWa6\nVOujw5H5SNz/0egwLX0tdHA114gk957EWW67c4cX8jJGKLhD+rcdqsq08p8kDi1L\n93FcXmn/6pUCyziKrlA4b9v7LWIbxcceVOF34GfID5yHI9Y/QCB/IIDEgEw+OyQm\njgSubJrIqg0CAwEAAaOCATEwggEtMA8GA1UdEwEB/wQFMAMBAf8wDgYDVR0PAQH/\nBAQDAgGGMB0GA1UdDgQWBBSEGMyFNOy8DJSULghZnMeyEE4KCDAfBgNVHSMEGDAW\ngBScXwDfqgHXMCs4iKK4bUqc8hGRgzB4BggrBgEFBQcBAQRsMGowLgYIKwYBBQUH\nMAGGImh0dHA6Ly9vY3NwLnJvb3RnMi5hbWF6b250cnVzdC5jb20wOAYIKwYBBQUH\nMAKGLGh0dHA6Ly9jcnQucm9vdGcyLmFtYXpvbnRydXN0LmNvbS9yb290ZzIuY2Vy\nMD0GA1UdHwQ2MDQwMqAwoC6GLGh0dHA6Ly9jcmwucm9vdGcyLmFtYXpvbnRydXN0\nLmNvbS9yb290ZzIuY3JsMBEGA1UdIAQKMAgwBgYEVR0gADANBgkqhkiG9w0BAQsF\nAAOCAQEAYjdCXLwQtT6LLOkMm2xF4gcAevnFWAu5CIw+7bMlPLVvUOTNNWqnkzSW\nMiGpSESrnO09tKpzbeR/FoCJbM8oAxiDR3mjEH4wW6w7sGDgd9QIpuEdfF7Au/ma\neyKdpwAJfqxGF4PcnCZXmTA5YpaP7dreqsXMGz7KQ2hsVxa81Q4gLv7/wmpdLqBK\nbRRYh5TmOTFffHPLkIhqhBGWJ6bt2YFGpn6jcgAKUj6DiAdjd4lpFw85hdKrCEVN\n0FE6/V1dN2RMfjCyVSRCnTawXZwXgWHxyvkQAiSr6w10kY17RSlQOYiypok1JR4U\nakcjMS9cmvqtmg5iUaQqqcT5NJ0hGA==\n-----END CERTIFICATE-----\n",
                "is_ca": true,
                "issuer": "CN=Starfield Services Root Certificate Authority - G2,O=Starfield Technologies\\, Inc.,L=Scottsdale,ST=Arizona,C=US",
                "not_after": "2037-12-31T01:00:00Z",
                "not_before": "2015-05-25T12:00:00Z",
                "public_key_algorithm": "RSA",
                "serial_number": "144918191876577076464031512351042010504348870",
                "sha1_fingerprint": "06b25927c42a721631c1efd9431e648fa62e1e39",
                "signature_algorithm": "SHA256-RSA",
                "subject": "CN=Amazon Root CA 1,O=Amazon,C=US",
                "version": 3
              },
              {
                "cert_pem": "-----BEGIN CERTIFICATE-----\nMIIEXjCCA0agAwIBAgITB3MSSkvL1E7HtTvq8ZSELToPoTANBgkqhkiG9w0BAQsF\nADA5MQswCQYDVQQGEwJVUzEPMA0GA1UEChMGQW1hem9uMRkwFwYDVQQDExBBbWF6\nb24gUm9vdCBDQSAxMB4XDTIyMDgyMzIyMjUzMFoXDTMwMDgyMzIyMjUzMFowPDEL\nMAkGA1UEBhMCVVMxDzANBgNVBAoTBkFtYXpvbjEcMBoGA1UEAxMTQW1hem9uIFJT\nQSAyMDQ4IE0wMjCCASIwDQYJKoZIhvcNAQEBBQADggEPADCCAQoCggEBALtDGMZa\nqHneKei1by6+pUPPLljTB143Si6VpEWPc6mSkFhZb/6qrkZyoHlQLbDYnI2D7hD0\nsdzEqfnuAjIsuXQLG3A8TvX6V3oFNBFVe8NlLJHvBseKY88saLwufxkZVwk74g4n\nWlNMXzla9Y5F3wwRHwMVH443xGz6UtGSZSqQ94eFx5X7Tlqt8whi8qCaKdZ5rNak\n+r9nUThOeClqFd4oXych//Rc7Y0eX1KNWHYSI1Nk31mYgiK3JvH063g+K9tHA63Z\neTgKgndlh+WI+zv7i44HepRZjA1FYwYZ9Vv/9UkC5Yz8/yU65fgjaE+wVHM4e/Yy\nC2osrPWE7gJ+dXMCAwEAAaOCAVowggFWMBIGA1UdEwEB/wQIMAYBAf8CAQAwDgYD\nVR0PAQH/BAQDAgGGMB0GA1UdJQQWMBQGCCsGAQUFBwMBBggrBgEFBQcDAjAdBgNV\nHQ4EFgQUwDFSzVpQw4J8dHHOy+mc+XrrguIwHwYDVR0jBBgwFoAUhBjMhTTsvAyU\nlC4IWZzHshBOCggwewYIKwYBBQUHAQEEbzBtMC8GCCsGAQUFBzABhiNodHRwOi8v\nb2NzcC5yb290Y2ExLmFtYXpvbnRydXN0LmNvbTA6BggrBgEFBQcwAoYuaHR0cDov\nL2NydC5yb290Y2ExLmFtYXpvbnRydXN0LmNvbS9yb290Y2ExLmNlcjA/BgNVHR8E\nODA2MDSgMqAwhi5odHRwOi8vY3JsLnJvb3RjYTEuYW1hem9udHJ1c3QuY29tL3Jv\nb3RjYTEuY3JsMBMGA1UdIAQMMAowCAYGZ4EMAQIBMA0GCSqGSIb3DQEBCwUAA4IB\nAQAtTi6Fs0Azfi+iwm7jrz+CSxHH+uHl7Law3MQSXVtR8RV53PtR6r/6gNpqlzdo\nZq4FKbADi1v9Bun8RY8D51uedRfjsbeodizeBB8nXmeyD33Ep7VATj4ozcd31YFV\nfgRhvTSxNrrTlNpWkUk0m3BMPv8sg381HhA6uEYokE5q9uws/3YkKqRiEz3TsaWm\nJqIRZhMbgAfp7O7FUwFIb7UIspogZSKxPIWJpxiPo3TcBambbVtQOcNRWz5qCQdD\nslI2yayq0n2TXoHyNCLEH8rpsJRVILFsg0jc7BaFrMnF462+ajSehgj12IidNeRN\n4zl+EoNaWdpnWndvSpAEkq2P\n-----END CERTIFICATE-----\n",
                "is_ca": true,
                "issuer": "CN=Amazon Root CA 1,O=Amazon,C=US",
                "not_after": "2030-08-23T22:25:30Z",
                "not_before": "2022-08-23T22:25:30Z",
                "public_key_algorithm": "RSA",
                "serial_number": "166129353110899469622597955040406457904926625",
                "sha1_fingerprint": "414a2060b738c635cc7fc243e052615592830c53",
                "signature_algorithm": "SHA256-RSA",
                "subject": "CN=Amazon RSA 2048 M02,O=Amazon,C=US",
                "version": 3
              },
              {
                "cert_pem": "-----BEGIN CERTIFICATE-----\nMIIF5TCCBM2gAwIBAgIQCJL9XGbawpZ6IsGGvDqdyDANBgkqhkiG9w0BAQsFADA8\nMQswCQYDVQQGEwJVUzEPMA0GA1UEChMGQW1hem9uMRwwGgYDVQQDExNBbWF6b24g\nUlNBIDIwNDggTTAyMB4XDTI0MDMyODAwMDAwMFoXDTI1MDQyNjIzNTk1OVowKDEm\nMCQGA1UEAwwdKi5la3MudXMtZWFzdC0xLmFtYXpvbmF3cy5jb20wggEiMA0GCSqG\nSIb3DQEBAQUAA4IBDwAwggEKAoIBAQC4iVpgxjgOmMKdC2tYTHa9yzuuLdYCjpC6\nxN1VgI71uTiSxUGf6R3N/Rdk5vjz2COu3fsVgMh6cCpqrPlxU/5uP0/DFfQGdVxB\nbZ4vYRC9jIbgyKmwqOEJMD/9B3iGHz3KpBpnXDcuulqWsCtuuqxjnMLL4h1UdOeA\nPNwhOyQxKMHl+LfrCZeCuehKch+XM/8lhdKgYyLp8o1Nm7IsNG1aN6iNoZ6rxEyU\nVw6fV+pZDaIrxkYf7unQrAfUWR122pXGzWRtv5VGZLjrci8ev4ZpgGViIzb2LOqT\nFm8gde6aURlAm4uMDFzmZ/iOqEV+52vO9Z0E6Yo5M3dJZqQo7uUpAgMBAAGjggL1\nMIIC8TAfBgNVHSMEGDAWgBTAMVLNWlDDgnx0cc7L6Zz5euuC4jAdBgNVHQ4EFgQU\nhG1ZDKa76htLZVXP+E3P3GnYHjEwKAYDVR0RBCEwH4IdKi5la3MudXMtZWFzdC0x\nLmFtYXpvbmF3cy5jb20wEwYDVR0gBAwwCjAIBgZngQwBAgEwDgYDVR0PAQH/BAQD\nAgWgMB0GA1UdJQQWMBQGCCsGAQUFBwMBBggrBgEFBQcDAjA7BgNVHR8ENDAyMDCg\nLqAshipodHRwOi8vY3JsLnIybTAyLmFtYXpvbnRydXN0LmNvbS9yMm0wMi5jcmww\ndQYIKwYBBQUHAQEEaTBnMC0GCCsGAQUFBzABhiFodHRwOi8vb2NzcC5yMm0wMi5h\nbWF6b250cnVzdC5jb20wNgYIKwYBBQUHMAKGKmh0dHA6Ly9jcnQucjJtMDIuYW1h\nem9udHJ1c3QuY29tL3IybTAyLmNlcjAMBgNVHRMBAf8EAjAAMIIBfQYKKwYBBAHW\neQIEAgSCAW0EggFpAWcAdgDPEVbu1S58r/OHW9lpLpvpGnFnSrAX7KwB0lt3zsw7\nCAAAAY6HAoTcAAAEAwBHMEUCIHI392+k5Ds777nM4CwNr+xjjCr49CQ/vHIJDZJX\nokM7AiEA++VPDyyMLijPy0GR8ZBIvAcrYbjfJXTF3GkizeJLVJIAdgB9WR4S4Xgq\nexxhZ3xe/fjQh1wUoE6VnrkDL9kOjC55uAAAAY6HAoTeAAAEAwBHMEUCICBkhMaf\n9gdR3bCbLxXFbHNEXUh7t3P/SxaUKDcE6UmIAiEA25zZ9aBt/mrhDcMc155V8qnw\nadTEqttLdP4XMEmMsPAAdQDm0jFjQHeMwRBBBtdxuc7B0kD2loSG+7qHMh39HjeO\nUAAAAY6HAoTxAAAEAwBGMEQCIFFF4kpqcNgHFzRi2cnL4HbNApZlnlc+Re9IyYXi\nCldqAiBkZUgs12iu2uWGU97VUAICt2+zZkhjUV3i+O3kYh1yrTANBgkqhkiG9w0B\nAQsFAAOCAQEAWY5OxR7rWtYFS09xAYYIHlBF7wdUxQH60zi/IqAHZIRCFI1xHdsJ\n0BUv30lLyiGtVr4DheBo81/IErBRpXmSkdoDJA+5d/Jz3EFtbrVogjESALAgBfSG\nuJX0QLshjyTl9O2r00qkxIhbKmSPSl9JQVxqt2jTaB6pD3SjWX6U+l397Ns1L6pI\nb1418oVo7LeHwEeEx6APMIyjzlfcXdCHA6lVKeiNF8SH+QW+h6ZOpGXJIU6llBjg\nWAhscqrGRj1APpuKWGVkVCweAjIOcEuWV8Fqmfp1h9jmeUkG6SoBifrl41PvhK0o\nqQ3LlAF6Op6n7JLa2rlXkf6LienZDVlSuQ==\n-----END CERTIFICATE-----\n",
                "is_ca": false,
                "issuer": "CN=Amazon RSA 2048 M02,O=Amazon,C=US",
                "not_after": "2025-04-26T23:59:59Z",
                "not_before": "2024-03-28T00:00:00Z",
                "public_key_algorithm": "RSA",
                "serial_number": "11397038078078022747295509550808604104",
                "sha1_fingerprint": "9451ad2b53c7f41fab22886cc07d482085336561",
                "signature_algorithm": "SHA256-RSA",
                "subject": "CN=*.eks.us-east-1.amazonaws.com",
                "version": 3
              }
            ],
            "content": null,
            "id": "99d41e43229a4cdaf4141f3e8310e6d95c31dab9",
            "url": "https://oidc.eks.us-east-1.amazonaws.com/id/F5B967F1C8E3D3A2E9127D81992A36F7",
            "verify_chain": true
          },
          "sensitive_attributes": []
        }
      ]
    },
    {
      "mode": "managed",
      "type": "aws_iam_openid_connect_provider",
      "name": "eks",
      "provider": "provider[\"registry.terraform.io/hashicorp/aws\"]",
      "instances": [
        {
          "schema_version": 0,
          "attributes": {
            "arn": "arn:aws:iam::058264364931:oidc-provider/oidc.eks.us-east-1.amazonaws.com/id/F5B967F1C8E3D3A2E9127D81992A36F7",
            "client_id_list": [
              "sts.amazonaws.com"
            ],
            "id": "arn:aws:iam::058264364931:oidc-provider/oidc.eks.us-east-1.amazonaws.com/id/F5B967F1C8E3D3A2E9127D81992A36F7",
            "tags": null,
            "tags_all": {},
            "thumbprint_list": [
              "9e99a48a9960b14926bb7f3b02e22da2b0ab7280"
            ],
            "url": "oidc.eks.us-east-1.amazonaws.com/id/F5B967F1C8E3D3A2E9127D81992A36F7"
          },
          "sensitive_attributes": [],
          "private": "bnVsbA==",
          "dependencies": [
            "data.aws_availability_zones.available",
            "data.tls_certificate.eks",
            "module.eks.aws_cloudwatch_log_group.this",
            "module.eks.aws_eks_cluster.this",
            "module.eks.aws_iam_policy.cni_ipv6_policy",
            "module.eks.aws_iam_role.eks_auto",
            "module.eks.aws_iam_role.this",
            "module.eks.aws_iam_role_policy_attachment.this",
            "module.eks.aws_security_group.cluster",
            "module.eks.aws_security_group.node",
            "module.eks.aws_security_group_rule.cluster",
            "module.eks.aws_security_group_rule.node",
            "module.eks.data.aws_caller_identity.current",
            "module.eks.data.aws_iam_policy_document.assume_role_policy",
            "module.eks.data.aws_iam_policy_document.cni_ipv6_policy",
            "module.eks.data.aws_iam_policy_document.node_assume_role_policy",
            "module.eks.data.aws_iam_session_context.current",
            "module.eks.data.aws_partition.current",
            "module.eks.module.kms.aws_kms_external_key.this",
            "module.eks.module.kms.aws_kms_key.this",
            "module.eks.module.kms.aws_kms_replica_external_key.this",
            "module.eks.module.kms.aws_kms_replica_key.this",
            "module.eks.module.kms.data.aws_caller_identity.current",
            "module.eks.module.kms.data.aws_iam_policy_document.this",
            "module.eks.module.kms.data.aws_partition.current",
            "module.vpc.aws_cloudwatch_log_group.flow_log",
            "module.vpc.aws_customer_gateway.this",
            "module.vpc.aws_db_subnet_group.database",
            "module.vpc.aws_default_network_acl.this",
            "module.vpc.aws_default_route_table.default",
            "module.vpc.aws_default_security_group.this",
            "module.vpc.aws_default_vpc.this",
            "module.vpc.aws_egress_only_internet_gateway.this",
            "module.vpc.aws_eip.nat",
            "module.vpc.aws_elasticache_subnet_group.elasticache",
            "module.vpc.aws_flow_log.this",
            "module.vpc.aws_iam_policy.vpc_flow_log_cloudwatch",
            "module.vpc.aws_iam_role.vpc_flow_log_cloudwatch",
            "module.vpc.aws_iam_role_policy_attachment.vpc_flow_log_cloudwatch",
            "module.vpc.aws_internet_gateway.this",
            "module.vpc.aws_nat_gateway.this",
            "module.vpc.aws_network_acl.database",
            "module.vpc.aws_network_acl.elasticache",
            "module.vpc.aws_network_acl.intra",
            "module.vpc.aws_network_acl.outpost",
            "module.vpc.aws_network_acl.private",
            "module.vpc.aws_network_acl.public",
            "module.vpc.aws_network_acl.redshift",
            "module.vpc.aws_network_acl_rule.database_inbound",
            "module.vpc.aws_network_acl_rule.database_outbound",
            "module.vpc.aws_network_acl_rule.elasticache_inbound",
            "module.vpc.aws_network_acl_rule.elasticache_outbound",
            "module.vpc.aws_network_acl_rule.intra_inbound",
            "module.vpc.aws_network_acl_rule.intra_outbound",
            "module.vpc.aws_network_acl_rule.outpost_inbound",
            "module.vpc.aws_network_acl_rule.outpost_outbound",
            "module.vpc.aws_network_acl_rule.private_inbound",
            "module.vpc.aws_network_acl_rule.private_outbound",
            "module.vpc.aws_network_acl_rule.public_inbound",
            "module.vpc.aws_network_acl_rule.public_outbound",
            "module.vpc.aws_network_acl_rule.redshift_inbound",
            "module.vpc.aws_network_acl_rule.redshift_outbound",
            "module.vpc.aws_redshift_subnet_group.redshift",
            "module.vpc.aws_route.database_dns64_nat_gateway",
            "module.vpc.aws_route.database_internet_gateway",
            "module.vpc.aws_route.database_ipv6_egress",
            "module.vpc.aws_route.database_nat_gateway",
            "module.vpc.aws_route.private_dns64_nat_gateway",
            "module.vpc.aws_route.private_ipv6_egress",
            "module.vpc.aws_route.private_nat_gateway",
            "module.vpc.aws_route.public_internet_gateway",
            "module.vpc.aws_route.public_internet_gateway_ipv6",
            "module.vpc.aws_route_table.database",
            "module.vpc.aws_route_table.elasticache",
            "module.vpc.aws_route_table.intra",
            "module.vpc.aws_route_table.private",
            "module.vpc.aws_route_table.public",
            "module.vpc.aws_route_table.redshift",
            "module.vpc.aws_route_table_association.database",
            "module.vpc.aws_route_table_association.elasticache",
            "module.vpc.aws_route_table_association.intra",
            "module.vpc.aws_route_table_association.outpost",
            "module.vpc.aws_route_table_association.private",
            "module.vpc.aws_route_table_association.public",
            "module.vpc.aws_route_table_association.redshift",
            "module.vpc.aws_route_table_association.redshift_public",
            "module.vpc.aws_subnet.database",
            "module.vpc.aws_subnet.elasticache",
            "module.vpc.aws_subnet.intra",
            "module.vpc.aws_subnet.outpost",
            "module.vpc.aws_subnet.private",
            "module.vpc.aws_subnet.public",
            "module.vpc.aws_subnet.redshift",
            "module.vpc.aws_vpc.this",
            "module.vpc.aws_vpc_dhcp_options.this",
            "module.vpc.aws_vpc_dhcp_options_association.this",
            "module.vpc.aws_vpc_ipv4_cidr_block_association.this",
            "module.vpc.aws_vpn_gateway.this",
            "module.vpc.aws_vpn_gateway_attachment.this",
            "module.vpc.aws_vpn_gateway_route_propagation.intra",
            "module.vpc.aws_vpn_gateway_route_propagation.private",
            "module.vpc.aws_vpn_gateway_route_propagation.public",
            "module.vpc.data.aws_caller_identity.current",
            "module.vpc.data.aws_iam_policy_document.flow_log_cloudwatch_assume_role",
            "module.vpc.data.aws_iam_policy_document.vpc_flow_log_cloudwatch",
            "module.vpc.data.aws_partition.current",
            "module.vpc.data.aws_region.current"
          ],
          "create_before_destroy": true
        }
      ]
    },
    {
      "mode": "managed",
      "type": "helm_release",
      "name": "nginx-controller",
      "provider": "provider[\"registry.terraform.io/hashicorp/helm\"]",
      "instances": [
        {
          "schema_version": 1,
          "attributes": {
            "atomic": false,
            "chart": "ingress-nginx",
            "cleanup_on_fail": false,
            "create_namespace": true,
            "dependency_update": false,
            "description": null,
            "devel": null,
            "disable_crd_hooks": false,
            "disable_openapi_validation": false,
            "disable_webhooks": false,
            "force_update": false,
            "id": "ingress-nginx",
            "keyring": null,
            "lint": false,
            "manifest": null,
            "max_history": 0,
            "metadata": [
              {
                "app_version": "1.12.0",
                "chart": "ingress-nginx",
                "first_deployed": 1738445017,
                "last_deployed": 1738445017,
                "name": "ingress-nginx",
                "namespace": "ingress",
                "notes": "The ingress-nginx controller has been installed.\nGet the application URL by running these commands:\n  export POD_NAME=\"$(kubectl get pods --namespace ingress --selector app.kubernetes.io/name=ingress-nginx,app.kubernetes.io/instance=ingress-nginx,app.kubernetes.io/component=controller --output jsonpath=\"{.items[0].metadata.name}\")\"\n  kubectl port-forward --namespace ingress \"${POD_NAME}\" 8080:80\n  echo \"Visit http://127.0.0.1:8080 to access your application.\"\n\nAn example Ingress that makes use of the controller:\n  apiVersion: networking.k8s.io/v1\n  kind: Ingress\n  metadata:\n    name: example\n    namespace: foo\n  spec:\n    ingressClassName: nginx\n    rules:\n      - host: www.example.com\n        http:\n          paths:\n            - pathType: Prefix\n              backend:\n                service:\n                  name: exampleService\n                  port:\n                    number: 80\n              path: /\n    # This section is only required if TLS is to be enabled for the Ingress\n    tls:\n      - hosts:\n        - www.example.com\n        secretName: example-tls\n\nIf TLS is enabled for the Ingress, a Secret containing the certificate and key must also be provided:\n\n  apiVersion: v1\n  kind: Secret\n  metadata:\n    name: example-tls\n    namespace: foo\n  data:\n    tls.crt: \u003cbase64 encoded cert\u003e\n    tls.key: \u003cbase64 encoded key\u003e\n  type: kubernetes.io/tls\n",
                "revision": 1,
                "values": "{\"controller\":{\"service\":{\"type\":\"ClusterIP\"}}}",
                "version": "4.12.0"
              }
            ],
            "name": "ingress-nginx",
            "namespace": "ingress",
            "pass_credentials": false,
            "postrender": [],
            "recreate_pods": false,
            "render_subchart_notes": true,
            "replace": false,
            "repository": "https://kubernetes.github.io/ingress-nginx",
            "repository_ca_file": null,
            "repository_cert_file": null,
            "repository_key_file": null,
            "repository_password": null,
            "repository_username": null,
            "reset_values": false,
            "reuse_values": false,
            "set": [
              {
                "name": "controller.service.type",
                "type": "",
                "value": "ClusterIP"
              }
            ],
            "set_list": [],
            "set_sensitive": [],
            "skip_crds": false,
            "status": "deployed",
            "timeout": 900,
            "upgrade_install": null,
            "values": null,
            "verify": false,
            "version": "4.12.0",
            "wait": true,
            "wait_for_jobs": false
          },
          "sensitive_attributes": [
            [
              {
                "type": "get_attr",
                "value": "repository_password"
              }
            ]
          ],
          "private": "eyJzY2hlbWFfdmVyc2lvbiI6IjEifQ==",
          "dependencies": [
            "aws_iam_openid_connect_provider.eks",
            "data.aws_availability_zones.available",
            "data.aws_eks_cluster_auth.cluster_auth",
            "data.tls_certificate.eks",
            "module.eks.aws_cloudwatch_log_group.this",
            "module.eks.aws_ec2_tag.cluster_primary_security_group",
            "module.eks.aws_eks_access_entry.this",
            "module.eks.aws_eks_access_policy_association.this",
            "module.eks.aws_eks_addon.before_compute",
            "module.eks.aws_eks_addon.this",
            "module.eks.aws_eks_cluster.this",
            "module.eks.aws_eks_identity_provider_config.this",
            "module.eks.aws_iam_openid_connect_provider.oidc_provider",
            "module.eks.aws_iam_policy.cluster_encryption",
            "module.eks.aws_iam_policy.cni_ipv6_policy",
            "module.eks.aws_iam_policy.custom",
            "module.eks.aws_iam_role.eks_auto",
            "module.eks.aws_iam_role.this",
            "module.eks.aws_iam_role_policy_attachment.additional",
            "module.eks.aws_iam_role_policy_attachment.cluster_encryption",
            "module.eks.aws_iam_role_policy_attachment.custom",
            "module.eks.aws_iam_role_policy_attachment.eks_auto",
            "module.eks.aws_iam_role_policy_attachment.eks_auto_additional",
            "module.eks.aws_iam_role_policy_attachment.this",
            "module.eks.aws_security_group.cluster",
            "module.eks.aws_security_group.node",
            "module.eks.aws_security_group_rule.cluster",
            "module.eks.aws_security_group_rule.node",
            "module.eks.data.aws_caller_identity.current",
            "module.eks.data.aws_eks_addon_version.this",
            "module.eks.data.aws_iam_policy_document.assume_role_policy",
            "module.eks.data.aws_iam_policy_document.cni_ipv6_policy",
            "module.eks.data.aws_iam_policy_document.custom",
            "module.eks.data.aws_iam_policy_document.node_assume_role_policy",
            "module.eks.data.aws_iam_session_context.current",
            "module.eks.data.aws_partition.current",
            "module.eks.data.tls_certificate.this",
            "module.eks.module.eks_managed_node_group.aws_autoscaling_schedule.this",
            "module.eks.module.eks_managed_node_group.aws_eks_node_group.this",
            "module.eks.module.eks_managed_node_group.aws_iam_role.this",
            "module.eks.module.eks_managed_node_group.aws_iam_role_policy.this",
            "module.eks.module.eks_managed_node_group.aws_iam_role_policy_attachment.additional",
            "module.eks.module.eks_managed_node_group.aws_iam_role_policy_attachment.this",
            "module.eks.module.eks_managed_node_group.aws_launch_template.this",
            "module.eks.module.eks_managed_node_group.aws_placement_group.this",
            "module.eks.module.eks_managed_node_group.data.aws_caller_identity.current",
            "module.eks.module.eks_managed_node_group.data.aws_ec2_instance_type.this",
            "module.eks.module.eks_managed_node_group.data.aws_ec2_instance_type_offerings.this",
            "module.eks.module.eks_managed_node_group.data.aws_iam_policy_document.assume_role_policy",
            "module.eks.module.eks_managed_node_group.data.aws_iam_policy_document.role",
            "module.eks.module.eks_managed_node_group.data.aws_partition.current",
            "module.eks.module.eks_managed_node_group.data.aws_ssm_parameter.ami",
            "module.eks.module.eks_managed_node_group.data.aws_subnets.placement_group",
            "module.eks.module.eks_managed_node_group.module.user_data.data.cloudinit_config.al2023_eks_managed_node_group",
            "module.eks.module.eks_managed_node_group.module.user_data.data.cloudinit_config.linux_eks_managed_node_group",
            "module.eks.module.eks_managed_node_group.module.user_data.null_resource.validate_cluster_service_cidr",
            "module.eks.module.fargate_profile.aws_eks_fargate_profile.this",
            "module.eks.module.fargate_profile.aws_iam_role.this",
            "module.eks.module.fargate_profile.aws_iam_role_policy.this",
            "module.eks.module.fargate_profile.aws_iam_role_policy_attachment.additional",
            "module.eks.module.fargate_profile.aws_iam_role_policy_attachment.this",
            "module.eks.module.fargate_profile.data.aws_caller_identity.current",
            "module.eks.module.fargate_profile.data.aws_iam_policy_document.assume_role_policy",
            "module.eks.module.fargate_profile.data.aws_iam_policy_document.role",
            "module.eks.module.fargate_profile.data.aws_partition.current",
            "module.eks.module.fargate_profile.data.aws_region.current",
            "module.eks.module.kms.aws_kms_alias.this",
            "module.eks.module.kms.aws_kms_external_key.this",
            "module.eks.module.kms.aws_kms_grant.this",
            "module.eks.module.kms.aws_kms_key.this",
            "module.eks.module.kms.aws_kms_replica_external_key.this",
            "module.eks.module.kms.aws_kms_replica_key.this",
            "module.eks.module.kms.data.aws_caller_identity.current",
            "module.eks.module.kms.data.aws_iam_policy_document.this",
            "module.eks.module.kms.data.aws_partition.current",
            "module.eks.module.self_managed_node_group.aws_autoscaling_group.this",
            "module.eks.module.self_managed_node_group.aws_autoscaling_schedule.this",
            "module.eks.module.self_managed_node_group.aws_eks_access_entry.this",
            "module.eks.module.self_managed_node_group.aws_iam_instance_profile.this",
            "module.eks.module.self_managed_node_group.aws_iam_role.this",
            "module.eks.module.self_managed_node_group.aws_iam_role_policy.this",
            "module.eks.module.self_managed_node_group.aws_iam_role_policy_attachment.additional",
            "module.eks.module.self_managed_node_group.aws_iam_role_policy_attachment.this",
            "module.eks.module.self_managed_node_group.aws_launch_template.this",
            "module.eks.module.self_managed_node_group.aws_placement_group.this",
            "module.eks.module.self_managed_node_group.data.aws_caller_identity.current",
            "module.eks.module.self_managed_node_group.data.aws_ec2_instance_type.this",
            "module.eks.module.self_managed_node_group.data.aws_ec2_instance_type_offerings.this",
            "module.eks.module.self_managed_node_group.data.aws_iam_policy_document.assume_role_policy",
            "module.eks.module.self_managed_node_group.data.aws_iam_policy_document.role",
            "module.eks.module.self_managed_node_group.data.aws_partition.current",
            "module.eks.module.self_managed_node_group.data.aws_ssm_parameter.ami",
            "module.eks.module.self_managed_node_group.data.aws_subnets.placement_group",
            "module.eks.module.self_managed_node_group.module.user_data.data.cloudinit_config.al2023_eks_managed_node_group",
            "module.eks.module.self_managed_node_group.module.user_data.data.cloudinit_config.linux_eks_managed_node_group",
            "module.eks.module.self_managed_node_group.module.user_data.null_resource.validate_cluster_service_cidr",
            "module.eks.time_sleep.this",
            "module.eks_blueprints_addons.aws_autoscaling_group_tag.aws_node_termination_handler",
            "module.eks_blueprints_addons.aws_autoscaling_lifecycle_hook.aws_node_termination_handler",
            "module.eks_blueprints_addons.aws_cloudformation_stack.usage_telemetry",
            "module.eks_blueprints_addons.aws_cloudwatch_event_rule.aws_node_termination_handler",
            "module.eks_blueprints_addons.aws_cloudwatch_event_rule.karpenter",
            "module.eks_blueprints_addons.aws_cloudwatch_event_target.aws_node_termination_handler",
            "module.eks_blueprints_addons.aws_cloudwatch_event_target.karpenter",
            "module.eks_blueprints_addons.aws_cloudwatch_log_group.aws_for_fluentbit",
            "module.eks_blueprints_addons.aws_cloudwatch_log_group.fargate_fluentbit",
            "module.eks_blueprints_addons.aws_eks_addon.this",
            "module.eks_blueprints_addons.aws_iam_instance_profile.karpenter",
            "module.eks_blueprints_addons.aws_iam_policy.fargate_fluentbit",
            "module.eks_blueprints_addons.aws_iam_role.karpenter",
            "module.eks_blueprints_addons.aws_iam_role_policy_attachment.additional",
            "module.eks_blueprints_addons.aws_iam_role_policy_attachment.karpenter",
            "module.eks_blueprints_addons.data.aws_caller_identity.current",
            "module.eks_blueprints_addons.data.aws_eks_addon_version.this",
            "module.eks_blueprints_addons.data.aws_iam_policy_document.aws_efs_csi_driver",
            "module.eks_blueprints_addons.data.aws_iam_policy_document.aws_for_fluentbit",
            "module.eks_blueprints_addons.data.aws_iam_policy_document.aws_fsx_csi_driver",
            "module.eks_blueprints_addons.data.aws_iam_policy_document.aws_gateway_api_controller",
            "module.eks_blueprints_addons.data.aws_iam_policy_document.aws_load_balancer_controller",
            "module.eks_blueprints_addons.data.aws_iam_policy_document.aws_node_termination_handler",
            "module.eks_blueprints_addons.data.aws_iam_policy_document.aws_privateca_issuer",
            "module.eks_blueprints_addons.data.aws_iam_policy_document.cert_manager",
            "module.eks_blueprints_addons.data.aws_iam_policy_document.cluster_autoscaler",
            "module.eks_blueprints_addons.data.aws_iam_policy_document.external_dns",
            "module.eks_blueprints_addons.data.aws_iam_policy_document.external_secrets",
            "module.eks_blueprints_addons.data.aws_iam_policy_document.fargate_fluentbit",
            "module.eks_blueprints_addons.data.aws_iam_policy_document.karpenter",
            "module.eks_blueprints_addons.data.aws_iam_policy_document.karpenter_assume_role",
            "module.eks_blueprints_addons.data.aws_iam_policy_document.velero",
            "module.eks_blueprints_addons.data.aws_partition.current",
            "module.eks_blueprints_addons.data.aws_region.current",
            "module.eks_blueprints_addons.helm_release.this",
            "module.eks_blueprints_addons.kubernetes_config_map_v1.aws_logging",
            "module.eks_blueprints_addons.kubernetes_config_map_v1_data.aws_for_fluentbit_containerinsights",
            "module.eks_blueprints_addons.kubernetes_namespace_v1.aws_observability",
            "module.eks_blueprints_addons.module.argo_events.aws_iam_policy.this",
            "module.eks_blueprints_addons.module.argo_events.aws_iam_role.this",
            "module.eks_blueprints_addons.module.argo_events.aws_iam_role_policy_attachment.additional",
            "module.eks_blueprints_addons.module.argo_events.aws_iam_role_policy_attachment.this",
            "module.eks_blueprints_addons.module.argo_events.data.aws_caller_identity.current",
            "module.eks_blueprints_addons.module.argo_events.data.aws_iam_policy_document.assume",
            "module.eks_blueprints_addons.module.argo_events.data.aws_iam_policy_document.this",
            "module.eks_blueprints_addons.module.argo_events.data.aws_partition.current",
            "module.eks_blueprints_addons.module.argo_events.helm_release.this",
            "module.eks_blueprints_addons.module.argo_rollouts.aws_iam_policy.this",
            "module.eks_blueprints_addons.module.argo_rollouts.aws_iam_role.this",
            "module.eks_blueprints_addons.module.argo_rollouts.aws_iam_role_policy_attachment.additional",
            "module.eks_blueprints_addons.module.argo_rollouts.aws_iam_role_policy_attachment.this",
            "module.eks_blueprints_addons.module.argo_rollouts.data.aws_caller_identity.current",
            "module.eks_blueprints_addons.module.argo_rollouts.data.aws_iam_policy_document.assume",
            "module.eks_blueprints_addons.module.argo_rollouts.data.aws_iam_policy_document.this",
            "module.eks_blueprints_addons.module.argo_rollouts.data.aws_partition.current",
            "module.eks_blueprints_addons.module.argo_rollouts.helm_release.this",
            "module.eks_blueprints_addons.module.argo_workflows.aws_iam_policy.this",
            "module.eks_blueprints_addons.module.argo_workflows.aws_iam_role.this",
            "module.eks_blueprints_addons.module.argo_workflows.aws_iam_role_policy_attachment.additional",
            "module.eks_blueprints_addons.module.argo_workflows.aws_iam_role_policy_attachment.this",
            "module.eks_blueprints_addons.module.argo_workflows.data.aws_caller_identity.current",
            "module.eks_blueprints_addons.module.argo_workflows.data.aws_iam_policy_document.assume",
            "module.eks_blueprints_addons.module.argo_workflows.data.aws_iam_policy_document.this",
            "module.eks_blueprints_addons.module.argo_workflows.data.aws_partition.current",
            "module.eks_blueprints_addons.module.argo_workflows.helm_release.this",
            "module.eks_blueprints_addons.module.argocd.aws_iam_policy.this",
            "module.eks_blueprints_addons.module.argocd.aws_iam_role.this",
            "module.eks_blueprints_addons.module.argocd.aws_iam_role_policy_attachment.additional",
            "module.eks_blueprints_addons.module.argocd.aws_iam_role_policy_attachment.this",
            "module.eks_blueprints_addons.module.argocd.data.aws_caller_identity.current",
            "module.eks_blueprints_addons.module.argocd.data.aws_iam_policy_document.assume",
            "module.eks_blueprints_addons.module.argocd.data.aws_iam_policy_document.this",
            "module.eks_blueprints_addons.module.argocd.data.aws_partition.current",
            "module.eks_blueprints_addons.module.argocd.helm_release.this",
            "module.eks_blueprints_addons.module.aws_cloudwatch_metrics.aws_iam_policy.this",
            "module.eks_blueprints_addons.module.aws_cloudwatch_metrics.aws_iam_role.this",
            "module.eks_blueprints_addons.module.aws_cloudwatch_metrics.aws_iam_role_policy_attachment.additional",
            "module.eks_blueprints_addons.module.aws_cloudwatch_metrics.aws_iam_role_policy_attachment.this",
            "module.eks_blueprints_addons.module.aws_cloudwatch_metrics.data.aws_caller_identity.current",
            "module.eks_blueprints_addons.module.aws_cloudwatch_metrics.data.aws_iam_policy_document.assume",
            "module.eks_blueprints_addons.module.aws_cloudwatch_metrics.data.aws_iam_policy_document.this",
            "module.eks_blueprints_addons.module.aws_cloudwatch_metrics.data.aws_partition.current",
            "module.eks_blueprints_addons.module.aws_cloudwatch_metrics.helm_release.this",
            "module.eks_blueprints_addons.module.aws_efs_csi_driver.aws_iam_policy.this",
            "module.eks_blueprints_addons.module.aws_efs_csi_driver.aws_iam_role.this",
            "module.eks_blueprints_addons.module.aws_efs_csi_driver.aws_iam_role_policy_attachment.additional",
            "module.eks_blueprints_addons.module.aws_efs_csi_driver.aws_iam_role_policy_attachment.this",
            "module.eks_blueprints_addons.module.aws_efs_csi_driver.data.aws_caller_identity.current",
            "module.eks_blueprints_addons.module.aws_efs_csi_driver.data.aws_iam_policy_document.assume",
            "module.eks_blueprints_addons.module.aws_efs_csi_driver.data.aws_iam_policy_document.this",
            "module.eks_blueprints_addons.module.aws_efs_csi_driver.data.aws_partition.current",
            "module.eks_blueprints_addons.module.aws_efs_csi_driver.helm_release.this",
            "module.eks_blueprints_addons.module.aws_for_fluentbit.aws_iam_policy.this",
            "module.eks_blueprints_addons.module.aws_for_fluentbit.aws_iam_role.this",
            "module.eks_blueprints_addons.module.aws_for_fluentbit.aws_iam_role_policy_attachment.additional",
            "module.eks_blueprints_addons.module.aws_for_fluentbit.aws_iam_role_policy_attachment.this",
            "module.eks_blueprints_addons.module.aws_for_fluentbit.data.aws_caller_identity.current",
            "module.eks_blueprints_addons.module.aws_for_fluentbit.data.aws_iam_policy_document.assume",
            "module.eks_blueprints_addons.module.aws_for_fluentbit.data.aws_iam_policy_document.this",
            "module.eks_blueprints_addons.module.aws_for_fluentbit.data.aws_partition.current",
            "module.eks_blueprints_addons.module.aws_for_fluentbit.helm_release.this",
            "module.eks_blueprints_addons.module.aws_fsx_csi_driver.aws_iam_policy.this",
            "module.eks_blueprints_addons.module.aws_fsx_csi_driver.aws_iam_role.this",
            "module.eks_blueprints_addons.module.aws_fsx_csi_driver.aws_iam_role_policy_attachment.additional",
            "module.eks_blueprints_addons.module.aws_fsx_csi_driver.aws_iam_role_policy_attachment.this",
            "module.eks_blueprints_addons.module.aws_fsx_csi_driver.data.aws_caller_identity.current",
            "module.eks_blueprints_addons.module.aws_fsx_csi_driver.data.aws_iam_policy_document.assume",
            "module.eks_blueprints_addons.module.aws_fsx_csi_driver.data.aws_iam_policy_document.this",
            "module.eks_blueprints_addons.module.aws_fsx_csi_driver.data.aws_partition.current",
            "module.eks_blueprints_addons.module.aws_fsx_csi_driver.helm_release.this",
            "module.eks_blueprints_addons.module.aws_gateway_api_controller.aws_iam_policy.this",
            "module.eks_blueprints_addons.module.aws_gateway_api_controller.aws_iam_role.this",
            "module.eks_blueprints_addons.module.aws_gateway_api_controller.aws_iam_role_policy_attachment.additional",
            "module.eks_blueprints_addons.module.aws_gateway_api_controller.aws_iam_role_policy_attachment.this",
            "module.eks_blueprints_addons.module.aws_gateway_api_controller.data.aws_caller_identity.current",
            "module.eks_blueprints_addons.module.aws_gateway_api_controller.data.aws_iam_policy_document.assume",
            "module.eks_blueprints_addons.module.aws_gateway_api_controller.data.aws_iam_policy_document.this",
            "module.eks_blueprints_addons.module.aws_gateway_api_controller.data.aws_partition.current",
            "module.eks_blueprints_addons.module.aws_gateway_api_controller.helm_release.this",
            "module.eks_blueprints_addons.module.aws_load_balancer_controller.aws_iam_policy.this",
            "module.eks_blueprints_addons.module.aws_load_balancer_controller.aws_iam_role.this",
            "module.eks_blueprints_addons.module.aws_load_balancer_controller.aws_iam_role_policy_attachment.additional",
            "module.eks_blueprints_addons.module.aws_load_balancer_controller.aws_iam_role_policy_attachment.this",
            "module.eks_blueprints_addons.module.aws_load_balancer_controller.data.aws_caller_identity.current",
            "module.eks_blueprints_addons.module.aws_load_balancer_controller.data.aws_iam_policy_document.assume",
            "module.eks_blueprints_addons.module.aws_load_balancer_controller.data.aws_iam_policy_document.this",
            "module.eks_blueprints_addons.module.aws_load_balancer_controller.data.aws_partition.current",
            "module.eks_blueprints_addons.module.aws_load_balancer_controller.helm_release.this",
            "module.eks_blueprints_addons.module.aws_node_termination_handler.aws_iam_policy.this",
            "module.eks_blueprints_addons.module.aws_node_termination_handler.aws_iam_role.this",
            "module.eks_blueprints_addons.module.aws_node_termination_handler.aws_iam_role_policy_attachment.additional",
            "module.eks_blueprints_addons.module.aws_node_termination_handler.aws_iam_role_policy_attachment.this",
            "module.eks_blueprints_addons.module.aws_node_termination_handler.data.aws_caller_identity.current",
            "module.eks_blueprints_addons.module.aws_node_termination_handler.data.aws_iam_policy_document.assume",
            "module.eks_blueprints_addons.module.aws_node_termination_handler.data.aws_iam_policy_document.this",
            "module.eks_blueprints_addons.module.aws_node_termination_handler.data.aws_partition.current",
            "module.eks_blueprints_addons.module.aws_node_termination_handler.helm_release.this",
            "module.eks_blueprints_addons.module.aws_node_termination_handler_sqs.aws_sqs_queue.dlq",
            "module.eks_blueprints_addons.module.aws_node_termination_handler_sqs.aws_sqs_queue.this",
            "module.eks_blueprints_addons.module.aws_node_termination_handler_sqs.aws_sqs_queue_policy.dlq",
            "module.eks_blueprints_addons.module.aws_node_termination_handler_sqs.aws_sqs_queue_policy.this",
            "module.eks_blueprints_addons.module.aws_node_termination_handler_sqs.aws_sqs_queue_redrive_allow_policy.dlq",
            "module.eks_blueprints_addons.module.aws_node_termination_handler_sqs.aws_sqs_queue_redrive_allow_policy.this",
            "module.eks_blueprints_addons.module.aws_node_termination_handler_sqs.aws_sqs_queue_redrive_policy.dlq",
            "module.eks_blueprints_addons.module.aws_node_termination_handler_sqs.aws_sqs_queue_redrive_policy.this",
            "module.eks_blueprints_addons.module.aws_node_termination_handler_sqs.data.aws_iam_policy_document.dlq",
            "module.eks_blueprints_addons.module.aws_node_termination_handler_sqs.data.aws_iam_policy_document.this",
            "module.eks_blueprints_addons.module.aws_privateca_issuer.aws_iam_policy.this",
            "module.eks_blueprints_addons.module.aws_privateca_issuer.aws_iam_role.this",
            "module.eks_blueprints_addons.module.aws_privateca_issuer.aws_iam_role_policy_attachment.additional",
            "module.eks_blueprints_addons.module.aws_privateca_issuer.aws_iam_role_policy_attachment.this",
            "module.eks_blueprints_addons.module.aws_privateca_issuer.data.aws_caller_identity.current",
            "module.eks_blueprints_addons.module.aws_privateca_issuer.data.aws_iam_policy_document.assume",
            "module.eks_blueprints_addons.module.aws_privateca_issuer.data.aws_iam_policy_document.this",
            "module.eks_blueprints_addons.module.aws_privateca_issuer.data.aws_partition.current",
            "module.eks_blueprints_addons.module.aws_privateca_issuer.helm_release.this",
            "module.eks_blueprints_addons.module.bottlerocket_shadow.aws_iam_policy.this",
            "module.eks_blueprints_addons.module.bottlerocket_shadow.aws_iam_role.this",
            "module.eks_blueprints_addons.module.bottlerocket_shadow.aws_iam_role_policy_attachment.additional",
            "module.eks_blueprints_addons.module.bottlerocket_shadow.aws_iam_role_policy_attachment.this",
            "module.eks_blueprints_addons.module.bottlerocket_shadow.data.aws_caller_identity.current",
            "module.eks_blueprints_addons.module.bottlerocket_shadow.data.aws_iam_policy_document.assume",
            "module.eks_blueprints_addons.module.bottlerocket_shadow.data.aws_iam_policy_document.this",
            "module.eks_blueprints_addons.module.bottlerocket_shadow.data.aws_partition.current",
            "module.eks_blueprints_addons.module.bottlerocket_shadow.helm_release.this",
            "module.eks_blueprints_addons.module.bottlerocket_update_operator.aws_iam_policy.this",
            "module.eks_blueprints_addons.module.bottlerocket_update_operator.aws_iam_role.this",
            "module.eks_blueprints_addons.module.bottlerocket_update_operator.aws_iam_role_policy_attachment.additional",
            "module.eks_blueprints_addons.module.bottlerocket_update_operator.aws_iam_role_policy_attachment.this",
            "module.eks_blueprints_addons.module.bottlerocket_update_operator.data.aws_caller_identity.current",
            "module.eks_blueprints_addons.module.bottlerocket_update_operator.data.aws_iam_policy_document.assume",
            "module.eks_blueprints_addons.module.bottlerocket_update_operator.data.aws_iam_policy_document.this",
            "module.eks_blueprints_addons.module.bottlerocket_update_operator.data.aws_partition.current",
            "module.eks_blueprints_addons.module.bottlerocket_update_operator.helm_release.this",
            "module.eks_blueprints_addons.module.cert_manager.aws_iam_policy.this",
            "module.eks_blueprints_addons.module.cert_manager.aws_iam_role.this",
            "module.eks_blueprints_addons.module.cert_manager.aws_iam_role_policy_attachment.additional",
            "module.eks_blueprints_addons.module.cert_manager.aws_iam_role_policy_attachment.this",
            "module.eks_blueprints_addons.module.cert_manager.data.aws_caller_identity.current",
            "module.eks_blueprints_addons.module.cert_manager.data.aws_iam_policy_document.assume",
            "module.eks_blueprints_addons.module.cert_manager.data.aws_iam_policy_document.this",
            "module.eks_blueprints_addons.module.cert_manager.data.aws_partition.current",
            "module.eks_blueprints_addons.module.cert_manager.helm_release.this",
            "module.eks_blueprints_addons.module.cluster_autoscaler.aws_iam_policy.this",
            "module.eks_blueprints_addons.module.cluster_autoscaler.aws_iam_role.this",
            "module.eks_blueprints_addons.module.cluster_autoscaler.aws_iam_role_policy_attachment.additional",
            "module.eks_blueprints_addons.module.cluster_autoscaler.aws_iam_role_policy_attachment.this",
            "module.eks_blueprints_addons.module.cluster_autoscaler.data.aws_caller_identity.current",
            "module.eks_blueprints_addons.module.cluster_autoscaler.data.aws_iam_policy_document.assume",
            "module.eks_blueprints_addons.module.cluster_autoscaler.data.aws_iam_policy_document.this",
            "module.eks_blueprints_addons.module.cluster_autoscaler.data.aws_partition.current",
            "module.eks_blueprints_addons.module.cluster_autoscaler.helm_release.this",
            "module.eks_blueprints_addons.module.cluster_proportional_autoscaler.aws_iam_policy.this",
            "module.eks_blueprints_addons.module.cluster_proportional_autoscaler.aws_iam_role.this",
            "module.eks_blueprints_addons.module.cluster_proportional_autoscaler.aws_iam_role_policy_attachment.additional",
            "module.eks_blueprints_addons.module.cluster_proportional_autoscaler.aws_iam_role_policy_attachment.this",
            "module.eks_blueprints_addons.module.cluster_proportional_autoscaler.data.aws_caller_identity.current",
            "module.eks_blueprints_addons.module.cluster_proportional_autoscaler.data.aws_iam_policy_document.assume",
            "module.eks_blueprints_addons.module.cluster_proportional_autoscaler.data.aws_iam_policy_document.this",
            "module.eks_blueprints_addons.module.cluster_proportional_autoscaler.data.aws_partition.current",
            "module.eks_blueprints_addons.module.cluster_proportional_autoscaler.helm_release.this",
            "module.eks_blueprints_addons.module.external_dns.aws_iam_policy.this",
            "module.eks_blueprints_addons.module.external_dns.aws_iam_role.this",
            "module.eks_blueprints_addons.module.external_dns.aws_iam_role_policy_attachment.additional",
            "module.eks_blueprints_addons.module.external_dns.aws_iam_role_policy_attachment.this",
            "module.eks_blueprints_addons.module.external_dns.data.aws_caller_identity.current",
            "module.eks_blueprints_addons.module.external_dns.data.aws_iam_policy_document.assume",
            "module.eks_blueprints_addons.module.external_dns.data.aws_iam_policy_document.this",
            "module.eks_blueprints_addons.module.external_dns.data.aws_partition.current",
            "module.eks_blueprints_addons.module.external_dns.helm_release.this",
            "module.eks_blueprints_addons.module.external_secrets.aws_iam_policy.this",
            "module.eks_blueprints_addons.module.external_secrets.aws_iam_role.this",
            "module.eks_blueprints_addons.module.external_secrets.aws_iam_role_policy_attachment.additional",
            "module.eks_blueprints_addons.module.external_secrets.aws_iam_role_policy_attachment.this",
            "module.eks_blueprints_addons.module.external_secrets.data.aws_caller_identity.current",
            "module.eks_blueprints_addons.module.external_secrets.data.aws_iam_policy_document.assume",
            "module.eks_blueprints_addons.module.external_secrets.data.aws_iam_policy_document.this",
            "module.eks_blueprints_addons.module.external_secrets.data.aws_partition.current",
            "module.eks_blueprints_addons.module.external_secrets.helm_release.this",
            "module.eks_blueprints_addons.module.gatekeeper.aws_iam_policy.this",
            "module.eks_blueprints_addons.module.gatekeeper.aws_iam_role.this",
            "module.eks_blueprints_addons.module.gatekeeper.aws_iam_role_policy_attachment.additional",
            "module.eks_blueprints_addons.module.gatekeeper.aws_iam_role_policy_attachment.this",
            "module.eks_blueprints_addons.module.gatekeeper.data.aws_caller_identity.current",
            "module.eks_blueprints_addons.module.gatekeeper.data.aws_iam_policy_document.assume",
            "module.eks_blueprints_addons.module.gatekeeper.data.aws_iam_policy_document.this",
            "module.eks_blueprints_addons.module.gatekeeper.data.aws_partition.current",
            "module.eks_blueprints_addons.module.gatekeeper.helm_release.this",
            "module.eks_blueprints_addons.module.ingress_nginx.aws_iam_policy.this",
            "module.eks_blueprints_addons.module.ingress_nginx.aws_iam_role.this",
            "module.eks_blueprints_addons.module.ingress_nginx.aws_iam_role_policy_attachment.additional",
            "module.eks_blueprints_addons.module.ingress_nginx.aws_iam_role_policy_attachment.this",
            "module.eks_blueprints_addons.module.ingress_nginx.data.aws_caller_identity.current",
            "module.eks_blueprints_addons.module.ingress_nginx.data.aws_iam_policy_document.assume",
            "module.eks_blueprints_addons.module.ingress_nginx.data.aws_iam_policy_document.this",
            "module.eks_blueprints_addons.module.ingress_nginx.data.aws_partition.current",
            "module.eks_blueprints_addons.module.ingress_nginx.helm_release.this",
            "module.eks_blueprints_addons.module.karpenter.aws_iam_policy.this",
            "module.eks_blueprints_addons.module.karpenter.aws_iam_role.this",
            "module.eks_blueprints_addons.module.karpenter.aws_iam_role_policy_attachment.additional",
            "module.eks_blueprints_addons.module.karpenter.aws_iam_role_policy_attachment.this",
            "module.eks_blueprints_addons.module.karpenter.data.aws_caller_identity.current",
            "module.eks_blueprints_addons.module.karpenter.data.aws_iam_policy_document.assume",
            "module.eks_blueprints_addons.module.karpenter.data.aws_iam_policy_document.this",
            "module.eks_blueprints_addons.module.karpenter.data.aws_partition.current",
            "module.eks_blueprints_addons.module.karpenter.helm_release.this",
            "module.eks_blueprints_addons.module.karpenter_sqs.aws_sqs_queue.dlq",
            "module.eks_blueprints_addons.module.karpenter_sqs.aws_sqs_queue.this",
            "module.eks_blueprints_addons.module.karpenter_sqs.aws_sqs_queue_policy.dlq",
            "module.eks_blueprints_addons.module.karpenter_sqs.aws_sqs_queue_policy.this",
            "module.eks_blueprints_addons.module.karpenter_sqs.aws_sqs_queue_redrive_allow_policy.dlq",
            "module.eks_blueprints_addons.module.karpenter_sqs.aws_sqs_queue_redrive_allow_policy.this",
            "module.eks_blueprints_addons.module.karpenter_sqs.aws_sqs_queue_redrive_policy.dlq",
            "module.eks_blueprints_addons.module.karpenter_sqs.aws_sqs_queue_redrive_policy.this",
            "module.eks_blueprints_addons.module.karpenter_sqs.data.aws_iam_policy_document.dlq",
            "module.eks_blueprints_addons.module.karpenter_sqs.data.aws_iam_policy_document.this",
            "module.eks_blueprints_addons.module.kube_prometheus_stack.aws_iam_policy.this",
            "module.eks_blueprints_addons.module.kube_prometheus_stack.aws_iam_role.this",
            "module.eks_blueprints_addons.module.kube_prometheus_stack.aws_iam_role_policy_attachment.additional",
            "module.eks_blueprints_addons.module.kube_prometheus_stack.aws_iam_role_policy_attachment.this",
            "module.eks_blueprints_addons.module.kube_prometheus_stack.data.aws_caller_identity.current",
            "module.eks_blueprints_addons.module.kube_prometheus_stack.data.aws_iam_policy_document.assume",
            "module.eks_blueprints_addons.module.kube_prometheus_stack.data.aws_iam_policy_document.this",
            "module.eks_blueprints_addons.module.kube_prometheus_stack.data.aws_partition.current",
            "module.eks_blueprints_addons.module.kube_prometheus_stack.helm_release.this",
            "module.eks_blueprints_addons.module.metrics_server.aws_iam_policy.this",
            "module.eks_blueprints_addons.module.metrics_server.aws_iam_role.this",
            "module.eks_blueprints_addons.module.metrics_server.aws_iam_role_policy_attachment.additional",
            "module.eks_blueprints_addons.module.metrics_server.aws_iam_role_policy_attachment.this",
            "module.eks_blueprints_addons.module.metrics_server.data.aws_caller_identity.current",
            "module.eks_blueprints_addons.module.metrics_server.data.aws_iam_policy_document.assume",
            "module.eks_blueprints_addons.module.metrics_server.data.aws_iam_policy_document.this",
            "module.eks_blueprints_addons.module.metrics_server.data.aws_partition.current",
            "module.eks_blueprints_addons.module.metrics_server.helm_release.this",
            "module.eks_blueprints_addons.module.secrets_store_csi_driver.aws_iam_policy.this",
            "module.eks_blueprints_addons.module.secrets_store_csi_driver.aws_iam_role.this",
            "module.eks_blueprints_addons.module.secrets_store_csi_driver.aws_iam_role_policy_attachment.additional",
            "module.eks_blueprints_addons.module.secrets_store_csi_driver.aws_iam_role_policy_attachment.this",
            "module.eks_blueprints_addons.module.secrets_store_csi_driver.data.aws_caller_identity.current",
            "module.eks_blueprints_addons.module.secrets_store_csi_driver.data.aws_iam_policy_document.assume",
            "module.eks_blueprints_addons.module.secrets_store_csi_driver.data.aws_iam_policy_document.this",
            "module.eks_blueprints_addons.module.secrets_store_csi_driver.data.aws_partition.current",
            "module.eks_blueprints_addons.module.secrets_store_csi_driver.helm_release.this",
            "module.eks_blueprints_addons.module.secrets_store_csi_driver_provider_aws.aws_iam_policy.this",
            "module.eks_blueprints_addons.module.secrets_store_csi_driver_provider_aws.aws_iam_role.this",
            "module.eks_blueprints_addons.module.secrets_store_csi_driver_provider_aws.aws_iam_role_policy_attachment.additional",
            "module.eks_blueprints_addons.module.secrets_store_csi_driver_provider_aws.aws_iam_role_policy_attachment.this",
            "module.eks_blueprints_addons.module.secrets_store_csi_driver_provider_aws.data.aws_caller_identity.current",
            "module.eks_blueprints_addons.module.secrets_store_csi_driver_provider_aws.data.aws_iam_policy_document.assume",
            "module.eks_blueprints_addons.module.secrets_store_csi_driver_provider_aws.data.aws_iam_policy_document.this",
            "module.eks_blueprints_addons.module.secrets_store_csi_driver_provider_aws.data.aws_partition.current",
            "module.eks_blueprints_addons.module.secrets_store_csi_driver_provider_aws.helm_release.this",
            "module.eks_blueprints_addons.module.velero.aws_iam_policy.this",
            "module.eks_blueprints_addons.module.velero.aws_iam_role.this",
            "module.eks_blueprints_addons.module.velero.aws_iam_role_policy_attachment.additional",
            "module.eks_blueprints_addons.module.velero.aws_iam_role_policy_attachment.this",
            "module.eks_blueprints_addons.module.velero.data.aws_caller_identity.current",
            "module.eks_blueprints_addons.module.velero.data.aws_iam_policy_document.assume",
            "module.eks_blueprints_addons.module.velero.data.aws_iam_policy_document.this",
            "module.eks_blueprints_addons.module.velero.data.aws_partition.current",
            "module.eks_blueprints_addons.module.velero.helm_release.this",
            "module.eks_blueprints_addons.module.vpa.aws_iam_policy.this",
            "module.eks_blueprints_addons.module.vpa.aws_iam_role.this",
            "module.eks_blueprints_addons.module.vpa.aws_iam_role_policy_attachment.additional",
            "module.eks_blueprints_addons.module.vpa.aws_iam_role_policy_attachment.this",
            "module.eks_blueprints_addons.module.vpa.data.aws_caller_identity.current",
            "module.eks_blueprints_addons.module.vpa.data.aws_iam_policy_document.assume",
            "module.eks_blueprints_addons.module.vpa.data.aws_iam_policy_document.this",
            "module.eks_blueprints_addons.module.vpa.data.aws_partition.current",
            "module.eks_blueprints_addons.module.vpa.helm_release.this",
            "module.eks_blueprints_addons.random_bytes.this",
            "module.eks_blueprints_addons.time_sleep.this",
            "module.vpc.aws_cloudwatch_log_group.flow_log",
            "module.vpc.aws_customer_gateway.this",
            "module.vpc.aws_db_subnet_group.database",
            "module.vpc.aws_default_network_acl.this",
            "module.vpc.aws_default_route_table.default",
            "module.vpc.aws_default_security_group.this",
            "module.vpc.aws_default_vpc.this",
            "module.vpc.aws_egress_only_internet_gateway.this",
            "module.vpc.aws_eip.nat",
            "module.vpc.aws_elasticache_subnet_group.elasticache",
            "module.vpc.aws_flow_log.this",
            "module.vpc.aws_iam_policy.vpc_flow_log_cloudwatch",
            "module.vpc.aws_iam_role.vpc_flow_log_cloudwatch",
            "module.vpc.aws_iam_role_policy_attachment.vpc_flow_log_cloudwatch",
            "module.vpc.aws_internet_gateway.this",
            "module.vpc.aws_nat_gateway.this",
            "module.vpc.aws_network_acl.database",
            "module.vpc.aws_network_acl.elasticache",
            "module.vpc.aws_network_acl.intra",
            "module.vpc.aws_network_acl.outpost",
            "module.vpc.aws_network_acl.private",
            "module.vpc.aws_network_acl.public",
            "module.vpc.aws_network_acl.redshift",
            "module.vpc.aws_network_acl_rule.database_inbound",
            "module.vpc.aws_network_acl_rule.database_outbound",
            "module.vpc.aws_network_acl_rule.elasticache_inbound",
            "module.vpc.aws_network_acl_rule.elasticache_outbound",
            "module.vpc.aws_network_acl_rule.intra_inbound",
            "module.vpc.aws_network_acl_rule.intra_outbound",
            "module.vpc.aws_network_acl_rule.outpost_inbound",
            "module.vpc.aws_network_acl_rule.outpost_outbound",
            "module.vpc.aws_network_acl_rule.private_inbound",
            "module.vpc.aws_network_acl_rule.private_outbound",
            "module.vpc.aws_network_acl_rule.public_inbound",
            "module.vpc.aws_network_acl_rule.public_outbound",
            "module.vpc.aws_network_acl_rule.redshift_inbound",
            "module.vpc.aws_network_acl_rule.redshift_outbound",
            "module.vpc.aws_redshift_subnet_group.redshift",
            "module.vpc.aws_route.database_dns64_nat_gateway",
            "module.vpc.aws_route.database_internet_gateway",
            "module.vpc.aws_route.database_ipv6_egress",
            "module.vpc.aws_route.database_nat_gateway",
            "module.vpc.aws_route.private_dns64_nat_gateway",
            "module.vpc.aws_route.private_ipv6_egress",
            "module.vpc.aws_route.private_nat_gateway",
            "module.vpc.aws_route.public_internet_gateway",
            "module.vpc.aws_route.public_internet_gateway_ipv6",
            "module.vpc.aws_route_table.database",
            "module.vpc.aws_route_table.elasticache",
            "module.vpc.aws_route_table.intra",
            "module.vpc.aws_route_table.private",
            "module.vpc.aws_route_table.public",
            "module.vpc.aws_route_table.redshift",
            "module.vpc.aws_route_table_association.database",
            "module.vpc.aws_route_table_association.elasticache",
            "module.vpc.aws_route_table_association.intra",
            "module.vpc.aws_route_table_association.outpost",
            "module.vpc.aws_route_table_association.private",
            "module.vpc.aws_route_table_association.public",
            "module.vpc.aws_route_table_association.redshift",
            "module.vpc.aws_route_table_association.redshift_public",
            "module.vpc.aws_subnet.database",
            "module.vpc.aws_subnet.elasticache",
            "module.vpc.aws_subnet.intra",
            "module.vpc.aws_subnet.outpost",
            "module.vpc.aws_subnet.private",
            "module.vpc.aws_subnet.public",
            "module.vpc.aws_subnet.redshift",
            "module.vpc.aws_vpc.this",
            "module.vpc.aws_vpc_dhcp_options.this",
            "module.vpc.aws_vpc_dhcp_options_association.this",
            "module.vpc.aws_vpc_ipv4_cidr_block_association.this",
            "module.vpc.aws_vpn_gateway.this",
            "module.vpc.aws_vpn_gateway_attachment.this",
            "module.vpc.aws_vpn_gateway_route_propagation.intra",
            "module.vpc.aws_vpn_gateway_route_propagation.private",
            "module.vpc.aws_vpn_gateway_route_propagation.public",
            "module.vpc.data.aws_caller_identity.current",
            "module.vpc.data.aws_iam_policy_document.flow_log_cloudwatch_assume_role",
            "module.vpc.data.aws_iam_policy_document.vpc_flow_log_cloudwatch",
            "module.vpc.data.aws_partition.current",
            "module.vpc.data.aws_region.current"
          ]
        }
      ]
    },
    {
      "mode": "managed",
      "type": "kubernetes_ingress_v1",
      "name": "nginx_alb",
      "provider": "provider[\"registry.terraform.io/hashicorp/kubernetes\"]",
      "instances": [
        {
          "schema_version": 0,
          "attributes": {
            "id": "ingress/nginx-ingress",
            "metadata": [
              {
                "annotations": {
                  "alb.ingress.kubernetes.io/certificate-arn": "arn:aws:acm:us-east-1:058264364931:certificate/8be42917-0de2-4a37-9ecc-2b18ace23904",
                  "alb.ingress.kubernetes.io/listen-ports": "[{\"HTTP\": 80}, {\"HTTPS\": 443}]",
                  "alb.ingress.kubernetes.io/scheme": "internet-facing",
                  "alb.ingress.kubernetes.io/ssl-redirect": "443",
                  "alb.ingress.kubernetes.io/target-type": "ip"
                },
                "generate_name": "",
                "generation": 1,
                "labels": null,
                "name": "nginx-ingress",
                "namespace": "ingress",
                "resource_version": "2849",
                "uid": "9fe838ca-1305-422a-b0c8-937cad39eb0d"
              }
            ],
            "spec": [
              {
                "default_backend": [],
                "ingress_class_name": "alb",
                "rule": [
                  {
                    "host": "",
                    "http": [
                      {
                        "path": [
                          {
                            "backend": [
                              {
                                "resource": [],
                                "service": [
                                  {
                                    "name": "ingress-nginx-controller",
                                    "port": [
                                      {
                                        "name": "",
                                        "number": 80
                                      }
                                    ]
                                  }
                                ]
                              }
                            ],
                            "path": "/*",
                            "path_type": "ImplementationSpecific"
                          }
                        ]
                      }
                    ]
                  }
                ],
                "tls": []
              }
            ],
            "status": [
              {
                "load_balancer": [
                  {
                    "ingress": []
                  }
                ]
              }
            ],
            "timeouts": null,
            "wait_for_load_balancer": null
          },
          "sensitive_attributes": [],
          "private": "eyJlMmJmYjczMC1lY2FhLTExZTYtOGY4OC0zNDM2M2JjN2M0YzAiOnsiY3JlYXRlIjoxMjAwMDAwMDAwMDAwLCJkZWxldGUiOjEyMDAwMDAwMDAwMDB9fQ==",
          "dependencies": [
            "aws_iam_openid_connect_provider.eks",
            "data.aws_availability_zones.available",
            "data.aws_eks_cluster_auth.cluster_auth",
            "data.aws_route53_zone.domain_zone",
            "data.tls_certificate.eks",
            "helm_release.nginx-controller",
            "module.acm.aws_acm_certificate.this",
            "module.acm.aws_acm_certificate_validation.this",
            "module.acm.aws_route53_record.validation",
            "module.eks.aws_cloudwatch_log_group.this",
            "module.eks.aws_ec2_tag.cluster_primary_security_group",
            "module.eks.aws_eks_access_entry.this",
            "module.eks.aws_eks_access_policy_association.this",
            "module.eks.aws_eks_addon.before_compute",
            "module.eks.aws_eks_addon.this",
            "module.eks.aws_eks_cluster.this",
            "module.eks.aws_eks_identity_provider_config.this",
            "module.eks.aws_iam_openid_connect_provider.oidc_provider",
            "module.eks.aws_iam_policy.cluster_encryption",
            "module.eks.aws_iam_policy.cni_ipv6_policy",
            "module.eks.aws_iam_policy.custom",
            "module.eks.aws_iam_role.eks_auto",
            "module.eks.aws_iam_role.this",
            "module.eks.aws_iam_role_policy_attachment.additional",
            "module.eks.aws_iam_role_policy_attachment.cluster_encryption",
            "module.eks.aws_iam_role_policy_attachment.custom",
            "module.eks.aws_iam_role_policy_attachment.eks_auto",
            "module.eks.aws_iam_role_policy_attachment.eks_auto_additional",
            "module.eks.aws_iam_role_policy_attachment.this",
            "module.eks.aws_security_group.cluster",
            "module.eks.aws_security_group.node",
            "module.eks.aws_security_group_rule.cluster",
            "module.eks.aws_security_group_rule.node",
            "module.eks.data.aws_caller_identity.current",
            "module.eks.data.aws_eks_addon_version.this",
            "module.eks.data.aws_iam_policy_document.assume_role_policy",
            "module.eks.data.aws_iam_policy_document.cni_ipv6_policy",
            "module.eks.data.aws_iam_policy_document.custom",
            "module.eks.data.aws_iam_policy_document.node_assume_role_policy",
            "module.eks.data.aws_iam_session_context.current",
            "module.eks.data.aws_partition.current",
            "module.eks.data.tls_certificate.this",
            "module.eks.module.eks_managed_node_group.aws_autoscaling_schedule.this",
            "module.eks.module.eks_managed_node_group.aws_eks_node_group.this",
            "module.eks.module.eks_managed_node_group.aws_iam_role.this",
            "module.eks.module.eks_managed_node_group.aws_iam_role_policy.this",
            "module.eks.module.eks_managed_node_group.aws_iam_role_policy_attachment.additional",
            "module.eks.module.eks_managed_node_group.aws_iam_role_policy_attachment.this",
            "module.eks.module.eks_managed_node_group.aws_launch_template.this",
            "module.eks.module.eks_managed_node_group.aws_placement_group.this",
            "module.eks.module.eks_managed_node_group.data.aws_caller_identity.current",
            "module.eks.module.eks_managed_node_group.data.aws_ec2_instance_type.this",
            "module.eks.module.eks_managed_node_group.data.aws_ec2_instance_type_offerings.this",
            "module.eks.module.eks_managed_node_group.data.aws_iam_policy_document.assume_role_policy",
            "module.eks.module.eks_managed_node_group.data.aws_iam_policy_document.role",
            "module.eks.module.eks_managed_node_group.data.aws_partition.current",
            "module.eks.module.eks_managed_node_group.data.aws_ssm_parameter.ami",
            "module.eks.module.eks_managed_node_group.data.aws_subnets.placement_group",
            "module.eks.module.eks_managed_node_group.module.user_data.data.cloudinit_config.al2023_eks_managed_node_group",
            "module.eks.module.eks_managed_node_group.module.user_data.data.cloudinit_config.linux_eks_managed_node_group",
            "module.eks.module.eks_managed_node_group.module.user_data.null_resource.validate_cluster_service_cidr",
            "module.eks.module.fargate_profile.aws_eks_fargate_profile.this",
            "module.eks.module.fargate_profile.aws_iam_role.this",
            "module.eks.module.fargate_profile.aws_iam_role_policy.this",
            "module.eks.module.fargate_profile.aws_iam_role_policy_attachment.additional",
            "module.eks.module.fargate_profile.aws_iam_role_policy_attachment.this",
            "module.eks.module.fargate_profile.data.aws_caller_identity.current",
            "module.eks.module.fargate_profile.data.aws_iam_policy_document.assume_role_policy",
            "module.eks.module.fargate_profile.data.aws_iam_policy_document.role",
            "module.eks.module.fargate_profile.data.aws_partition.current",
            "module.eks.module.fargate_profile.data.aws_region.current",
            "module.eks.module.kms.aws_kms_alias.this",
            "module.eks.module.kms.aws_kms_external_key.this",
            "module.eks.module.kms.aws_kms_grant.this",
            "module.eks.module.kms.aws_kms_key.this",
            "module.eks.module.kms.aws_kms_replica_external_key.this",
            "module.eks.module.kms.aws_kms_replica_key.this",
            "module.eks.module.kms.data.aws_caller_identity.current",
            "module.eks.module.kms.data.aws_iam_policy_document.this",
            "module.eks.module.kms.data.aws_partition.current",
            "module.eks.module.self_managed_node_group.aws_autoscaling_group.this",
            "module.eks.module.self_managed_node_group.aws_autoscaling_schedule.this",
            "module.eks.module.self_managed_node_group.aws_eks_access_entry.this",
            "module.eks.module.self_managed_node_group.aws_iam_instance_profile.this",
            "module.eks.module.self_managed_node_group.aws_iam_role.this",
            "module.eks.module.self_managed_node_group.aws_iam_role_policy.this",
            "module.eks.module.self_managed_node_group.aws_iam_role_policy_attachment.additional",
            "module.eks.module.self_managed_node_group.aws_iam_role_policy_attachment.this",
            "module.eks.module.self_managed_node_group.aws_launch_template.this",
            "module.eks.module.self_managed_node_group.aws_placement_group.this",
            "module.eks.module.self_managed_node_group.data.aws_caller_identity.current",
            "module.eks.module.self_managed_node_group.data.aws_ec2_instance_type.this",
            "module.eks.module.self_managed_node_group.data.aws_ec2_instance_type_offerings.this",
            "module.eks.module.self_managed_node_group.data.aws_iam_policy_document.assume_role_policy",
            "module.eks.module.self_managed_node_group.data.aws_iam_policy_document.role",
            "module.eks.module.self_managed_node_group.data.aws_partition.current",
            "module.eks.module.self_managed_node_group.data.aws_ssm_parameter.ami",
            "module.eks.module.self_managed_node_group.data.aws_subnets.placement_group",
            "module.eks.module.self_managed_node_group.module.user_data.data.cloudinit_config.al2023_eks_managed_node_group",
            "module.eks.module.self_managed_node_group.module.user_data.data.cloudinit_config.linux_eks_managed_node_group",
            "module.eks.module.self_managed_node_group.module.user_data.null_resource.validate_cluster_service_cidr",
            "module.eks.time_sleep.this",
            "module.eks_blueprints_addons.aws_autoscaling_group_tag.aws_node_termination_handler",
            "module.eks_blueprints_addons.aws_autoscaling_lifecycle_hook.aws_node_termination_handler",
            "module.eks_blueprints_addons.aws_cloudformation_stack.usage_telemetry",
            "module.eks_blueprints_addons.aws_cloudwatch_event_rule.aws_node_termination_handler",
            "module.eks_blueprints_addons.aws_cloudwatch_event_rule.karpenter",
            "module.eks_blueprints_addons.aws_cloudwatch_event_target.aws_node_termination_handler",
            "module.eks_blueprints_addons.aws_cloudwatch_event_target.karpenter",
            "module.eks_blueprints_addons.aws_cloudwatch_log_group.aws_for_fluentbit",
            "module.eks_blueprints_addons.aws_cloudwatch_log_group.fargate_fluentbit",
            "module.eks_blueprints_addons.aws_eks_addon.this",
            "module.eks_blueprints_addons.aws_iam_instance_profile.karpenter",
            "module.eks_blueprints_addons.aws_iam_policy.fargate_fluentbit",
            "module.eks_blueprints_addons.aws_iam_role.karpenter",
            "module.eks_blueprints_addons.aws_iam_role_policy_attachment.additional",
            "module.eks_blueprints_addons.aws_iam_role_policy_attachment.karpenter",
            "module.eks_blueprints_addons.data.aws_caller_identity.current",
            "module.eks_blueprints_addons.data.aws_eks_addon_version.this",
            "module.eks_blueprints_addons.data.aws_iam_policy_document.aws_efs_csi_driver",
            "module.eks_blueprints_addons.data.aws_iam_policy_document.aws_for_fluentbit",
            "module.eks_blueprints_addons.data.aws_iam_policy_document.aws_fsx_csi_driver",
            "module.eks_blueprints_addons.data.aws_iam_policy_document.aws_gateway_api_controller",
            "module.eks_blueprints_addons.data.aws_iam_policy_document.aws_load_balancer_controller",
            "module.eks_blueprints_addons.data.aws_iam_policy_document.aws_node_termination_handler",
            "module.eks_blueprints_addons.data.aws_iam_policy_document.aws_privateca_issuer",
            "module.eks_blueprints_addons.data.aws_iam_policy_document.cert_manager",
            "module.eks_blueprints_addons.data.aws_iam_policy_document.cluster_autoscaler",
            "module.eks_blueprints_addons.data.aws_iam_policy_document.external_dns",
            "module.eks_blueprints_addons.data.aws_iam_policy_document.external_secrets",
            "module.eks_blueprints_addons.data.aws_iam_policy_document.fargate_fluentbit",
            "module.eks_blueprints_addons.data.aws_iam_policy_document.karpenter",
            "module.eks_blueprints_addons.data.aws_iam_policy_document.karpenter_assume_role",
            "module.eks_blueprints_addons.data.aws_iam_policy_document.velero",
            "module.eks_blueprints_addons.data.aws_partition.current",
            "module.eks_blueprints_addons.data.aws_region.current",
            "module.eks_blueprints_addons.helm_release.this",
            "module.eks_blueprints_addons.kubernetes_config_map_v1.aws_logging",
            "module.eks_blueprints_addons.kubernetes_config_map_v1_data.aws_for_fluentbit_containerinsights",
            "module.eks_blueprints_addons.kubernetes_namespace_v1.aws_observability",
            "module.eks_blueprints_addons.module.argo_events.aws_iam_policy.this",
            "module.eks_blueprints_addons.module.argo_events.aws_iam_role.this",
            "module.eks_blueprints_addons.module.argo_events.aws_iam_role_policy_attachment.additional",
            "module.eks_blueprints_addons.module.argo_events.aws_iam_role_policy_attachment.this",
            "module.eks_blueprints_addons.module.argo_events.data.aws_caller_identity.current",
            "module.eks_blueprints_addons.module.argo_events.data.aws_iam_policy_document.assume",
            "module.eks_blueprints_addons.module.argo_events.data.aws_iam_policy_document.this",
            "module.eks_blueprints_addons.module.argo_events.data.aws_partition.current",
            "module.eks_blueprints_addons.module.argo_events.helm_release.this",
            "module.eks_blueprints_addons.module.argo_rollouts.aws_iam_policy.this",
            "module.eks_blueprints_addons.module.argo_rollouts.aws_iam_role.this",
            "module.eks_blueprints_addons.module.argo_rollouts.aws_iam_role_policy_attachment.additional",
            "module.eks_blueprints_addons.module.argo_rollouts.aws_iam_role_policy_attachment.this",
            "module.eks_blueprints_addons.module.argo_rollouts.data.aws_caller_identity.current",
            "module.eks_blueprints_addons.module.argo_rollouts.data.aws_iam_policy_document.assume",
            "module.eks_blueprints_addons.module.argo_rollouts.data.aws_iam_policy_document.this",
            "module.eks_blueprints_addons.module.argo_rollouts.data.aws_partition.current",
            "module.eks_blueprints_addons.module.argo_rollouts.helm_release.this",
            "module.eks_blueprints_addons.module.argo_workflows.aws_iam_policy.this",
            "module.eks_blueprints_addons.module.argo_workflows.aws_iam_role.this",
            "module.eks_blueprints_addons.module.argo_workflows.aws_iam_role_policy_attachment.additional",
            "module.eks_blueprints_addons.module.argo_workflows.aws_iam_role_policy_attachment.this",
            "module.eks_blueprints_addons.module.argo_workflows.data.aws_caller_identity.current",
            "module.eks_blueprints_addons.module.argo_workflows.data.aws_iam_policy_document.assume",
            "module.eks_blueprints_addons.module.argo_workflows.data.aws_iam_policy_document.this",
            "module.eks_blueprints_addons.module.argo_workflows.data.aws_partition.current",
            "module.eks_blueprints_addons.module.argo_workflows.helm_release.this",
            "module.eks_blueprints_addons.module.argocd.aws_iam_policy.this",
            "module.eks_blueprints_addons.module.argocd.aws_iam_role.this",
            "module.eks_blueprints_addons.module.argocd.aws_iam_role_policy_attachment.additional",
            "module.eks_blueprints_addons.module.argocd.aws_iam_role_policy_attachment.this",
            "module.eks_blueprints_addons.module.argocd.data.aws_caller_identity.current",
            "module.eks_blueprints_addons.module.argocd.data.aws_iam_policy_document.assume",
            "module.eks_blueprints_addons.module.argocd.data.aws_iam_policy_document.this",
            "module.eks_blueprints_addons.module.argocd.data.aws_partition.current",
            "module.eks_blueprints_addons.module.argocd.helm_release.this",
            "module.eks_blueprints_addons.module.aws_cloudwatch_metrics.aws_iam_policy.this",
            "module.eks_blueprints_addons.module.aws_cloudwatch_metrics.aws_iam_role.this",
            "module.eks_blueprints_addons.module.aws_cloudwatch_metrics.aws_iam_role_policy_attachment.additional",
            "module.eks_blueprints_addons.module.aws_cloudwatch_metrics.aws_iam_role_policy_attachment.this",
            "module.eks_blueprints_addons.module.aws_cloudwatch_metrics.data.aws_caller_identity.current",
            "module.eks_blueprints_addons.module.aws_cloudwatch_metrics.data.aws_iam_policy_document.assume",
            "module.eks_blueprints_addons.module.aws_cloudwatch_metrics.data.aws_iam_policy_document.this",
            "module.eks_blueprints_addons.module.aws_cloudwatch_metrics.data.aws_partition.current",
            "module.eks_blueprints_addons.module.aws_cloudwatch_metrics.helm_release.this",
            "module.eks_blueprints_addons.module.aws_efs_csi_driver.aws_iam_policy.this",
            "module.eks_blueprints_addons.module.aws_efs_csi_driver.aws_iam_role.this",
            "module.eks_blueprints_addons.module.aws_efs_csi_driver.aws_iam_role_policy_attachment.additional",
            "module.eks_blueprints_addons.module.aws_efs_csi_driver.aws_iam_role_policy_attachment.this",
            "module.eks_blueprints_addons.module.aws_efs_csi_driver.data.aws_caller_identity.current",
            "module.eks_blueprints_addons.module.aws_efs_csi_driver.data.aws_iam_policy_document.assume",
            "module.eks_blueprints_addons.module.aws_efs_csi_driver.data.aws_iam_policy_document.this",
            "module.eks_blueprints_addons.module.aws_efs_csi_driver.data.aws_partition.current",
            "module.eks_blueprints_addons.module.aws_efs_csi_driver.helm_release.this",
            "module.eks_blueprints_addons.module.aws_for_fluentbit.aws_iam_policy.this",
            "module.eks_blueprints_addons.module.aws_for_fluentbit.aws_iam_role.this",
            "module.eks_blueprints_addons.module.aws_for_fluentbit.aws_iam_role_policy_attachment.additional",
            "module.eks_blueprints_addons.module.aws_for_fluentbit.aws_iam_role_policy_attachment.this",
            "module.eks_blueprints_addons.module.aws_for_fluentbit.data.aws_caller_identity.current",
            "module.eks_blueprints_addons.module.aws_for_fluentbit.data.aws_iam_policy_document.assume",
            "module.eks_blueprints_addons.module.aws_for_fluentbit.data.aws_iam_policy_document.this",
            "module.eks_blueprints_addons.module.aws_for_fluentbit.data.aws_partition.current",
            "module.eks_blueprints_addons.module.aws_for_fluentbit.helm_release.this",
            "module.eks_blueprints_addons.module.aws_fsx_csi_driver.aws_iam_policy.this",
            "module.eks_blueprints_addons.module.aws_fsx_csi_driver.aws_iam_role.this",
            "module.eks_blueprints_addons.module.aws_fsx_csi_driver.aws_iam_role_policy_attachment.additional",
            "module.eks_blueprints_addons.module.aws_fsx_csi_driver.aws_iam_role_policy_attachment.this",
            "module.eks_blueprints_addons.module.aws_fsx_csi_driver.data.aws_caller_identity.current",
            "module.eks_blueprints_addons.module.aws_fsx_csi_driver.data.aws_iam_policy_document.assume",
            "module.eks_blueprints_addons.module.aws_fsx_csi_driver.data.aws_iam_policy_document.this",
            "module.eks_blueprints_addons.module.aws_fsx_csi_driver.data.aws_partition.current",
            "module.eks_blueprints_addons.module.aws_fsx_csi_driver.helm_release.this",
            "module.eks_blueprints_addons.module.aws_gateway_api_controller.aws_iam_policy.this",
            "module.eks_blueprints_addons.module.aws_gateway_api_controller.aws_iam_role.this",
            "module.eks_blueprints_addons.module.aws_gateway_api_controller.aws_iam_role_policy_attachment.additional",
            "module.eks_blueprints_addons.module.aws_gateway_api_controller.aws_iam_role_policy_attachment.this",
            "module.eks_blueprints_addons.module.aws_gateway_api_controller.data.aws_caller_identity.current",
            "module.eks_blueprints_addons.module.aws_gateway_api_controller.data.aws_iam_policy_document.assume",
            "module.eks_blueprints_addons.module.aws_gateway_api_controller.data.aws_iam_policy_document.this",
            "module.eks_blueprints_addons.module.aws_gateway_api_controller.data.aws_partition.current",
            "module.eks_blueprints_addons.module.aws_gateway_api_controller.helm_release.this",
            "module.eks_blueprints_addons.module.aws_load_balancer_controller.aws_iam_policy.this",
            "module.eks_blueprints_addons.module.aws_load_balancer_controller.aws_iam_role.this",
            "module.eks_blueprints_addons.module.aws_load_balancer_controller.aws_iam_role_policy_attachment.additional",
            "module.eks_blueprints_addons.module.aws_load_balancer_controller.aws_iam_role_policy_attachment.this",
            "module.eks_blueprints_addons.module.aws_load_balancer_controller.data.aws_caller_identity.current",
            "module.eks_blueprints_addons.module.aws_load_balancer_controller.data.aws_iam_policy_document.assume",
            "module.eks_blueprints_addons.module.aws_load_balancer_controller.data.aws_iam_policy_document.this",
            "module.eks_blueprints_addons.module.aws_load_balancer_controller.data.aws_partition.current",
            "module.eks_blueprints_addons.module.aws_load_balancer_controller.helm_release.this",
            "module.eks_blueprints_addons.module.aws_node_termination_handler.aws_iam_policy.this",
            "module.eks_blueprints_addons.module.aws_node_termination_handler.aws_iam_role.this",
            "module.eks_blueprints_addons.module.aws_node_termination_handler.aws_iam_role_policy_attachment.additional",
            "module.eks_blueprints_addons.module.aws_node_termination_handler.aws_iam_role_policy_attachment.this",
            "module.eks_blueprints_addons.module.aws_node_termination_handler.data.aws_caller_identity.current",
            "module.eks_blueprints_addons.module.aws_node_termination_handler.data.aws_iam_policy_document.assume",
            "module.eks_blueprints_addons.module.aws_node_termination_handler.data.aws_iam_policy_document.this",
            "module.eks_blueprints_addons.module.aws_node_termination_handler.data.aws_partition.current",
            "module.eks_blueprints_addons.module.aws_node_termination_handler.helm_release.this",
            "module.eks_blueprints_addons.module.aws_node_termination_handler_sqs.aws_sqs_queue.dlq",
            "module.eks_blueprints_addons.module.aws_node_termination_handler_sqs.aws_sqs_queue.this",
            "module.eks_blueprints_addons.module.aws_node_termination_handler_sqs.aws_sqs_queue_policy.dlq",
            "module.eks_blueprints_addons.module.aws_node_termination_handler_sqs.aws_sqs_queue_policy.this",
            "module.eks_blueprints_addons.module.aws_node_termination_handler_sqs.aws_sqs_queue_redrive_allow_policy.dlq",
            "module.eks_blueprints_addons.module.aws_node_termination_handler_sqs.aws_sqs_queue_redrive_allow_policy.this",
            "module.eks_blueprints_addons.module.aws_node_termination_handler_sqs.aws_sqs_queue_redrive_policy.dlq",
            "module.eks_blueprints_addons.module.aws_node_termination_handler_sqs.aws_sqs_queue_redrive_policy.this",
            "module.eks_blueprints_addons.module.aws_node_termination_handler_sqs.data.aws_iam_policy_document.dlq",
            "module.eks_blueprints_addons.module.aws_node_termination_handler_sqs.data.aws_iam_policy_document.this",
            "module.eks_blueprints_addons.module.aws_privateca_issuer.aws_iam_policy.this",
            "module.eks_blueprints_addons.module.aws_privateca_issuer.aws_iam_role.this",
            "module.eks_blueprints_addons.module.aws_privateca_issuer.aws_iam_role_policy_attachment.additional",
            "module.eks_blueprints_addons.module.aws_privateca_issuer.aws_iam_role_policy_attachment.this",
            "module.eks_blueprints_addons.module.aws_privateca_issuer.data.aws_caller_identity.current",
            "module.eks_blueprints_addons.module.aws_privateca_issuer.data.aws_iam_policy_document.assume",
            "module.eks_blueprints_addons.module.aws_privateca_issuer.data.aws_iam_policy_document.this",
            "module.eks_blueprints_addons.module.aws_privateca_issuer.data.aws_partition.current",
            "module.eks_blueprints_addons.module.aws_privateca_issuer.helm_release.this",
            "module.eks_blueprints_addons.module.bottlerocket_shadow.aws_iam_policy.this",
            "module.eks_blueprints_addons.module.bottlerocket_shadow.aws_iam_role.this",
            "module.eks_blueprints_addons.module.bottlerocket_shadow.aws_iam_role_policy_attachment.additional",
            "module.eks_blueprints_addons.module.bottlerocket_shadow.aws_iam_role_policy_attachment.this",
            "module.eks_blueprints_addons.module.bottlerocket_shadow.data.aws_caller_identity.current",
            "module.eks_blueprints_addons.module.bottlerocket_shadow.data.aws_iam_policy_document.assume",
            "module.eks_blueprints_addons.module.bottlerocket_shadow.data.aws_iam_policy_document.this",
            "module.eks_blueprints_addons.module.bottlerocket_shadow.data.aws_partition.current",
            "module.eks_blueprints_addons.module.bottlerocket_shadow.helm_release.this",
            "module.eks_blueprints_addons.module.bottlerocket_update_operator.aws_iam_policy.this",
            "module.eks_blueprints_addons.module.bottlerocket_update_operator.aws_iam_role.this",
            "module.eks_blueprints_addons.module.bottlerocket_update_operator.aws_iam_role_policy_attachment.additional",
            "module.eks_blueprints_addons.module.bottlerocket_update_operator.aws_iam_role_policy_attachment.this",
            "module.eks_blueprints_addons.module.bottlerocket_update_operator.data.aws_caller_identity.current",
            "module.eks_blueprints_addons.module.bottlerocket_update_operator.data.aws_iam_policy_document.assume",
            "module.eks_blueprints_addons.module.bottlerocket_update_operator.data.aws_iam_policy_document.this",
            "module.eks_blueprints_addons.module.bottlerocket_update_operator.data.aws_partition.current",
            "module.eks_blueprints_addons.module.bottlerocket_update_operator.helm_release.this",
            "module.eks_blueprints_addons.module.cert_manager.aws_iam_policy.this",
            "module.eks_blueprints_addons.module.cert_manager.aws_iam_role.this",
            "module.eks_blueprints_addons.module.cert_manager.aws_iam_role_policy_attachment.additional",
            "module.eks_blueprints_addons.module.cert_manager.aws_iam_role_policy_attachment.this",
            "module.eks_blueprints_addons.module.cert_manager.data.aws_caller_identity.current",
            "module.eks_blueprints_addons.module.cert_manager.data.aws_iam_policy_document.assume",
            "module.eks_blueprints_addons.module.cert_manager.data.aws_iam_policy_document.this",
            "module.eks_blueprints_addons.module.cert_manager.data.aws_partition.current",
            "module.eks_blueprints_addons.module.cert_manager.helm_release.this",
            "module.eks_blueprints_addons.module.cluster_autoscaler.aws_iam_policy.this",
            "module.eks_blueprints_addons.module.cluster_autoscaler.aws_iam_role.this",
            "module.eks_blueprints_addons.module.cluster_autoscaler.aws_iam_role_policy_attachment.additional",
            "module.eks_blueprints_addons.module.cluster_autoscaler.aws_iam_role_policy_attachment.this",
            "module.eks_blueprints_addons.module.cluster_autoscaler.data.aws_caller_identity.current",
            "module.eks_blueprints_addons.module.cluster_autoscaler.data.aws_iam_policy_document.assume",
            "module.eks_blueprints_addons.module.cluster_autoscaler.data.aws_iam_policy_document.this",
            "module.eks_blueprints_addons.module.cluster_autoscaler.data.aws_partition.current",
            "module.eks_blueprints_addons.module.cluster_autoscaler.helm_release.this",
            "module.eks_blueprints_addons.module.cluster_proportional_autoscaler.aws_iam_policy.this",
            "module.eks_blueprints_addons.module.cluster_proportional_autoscaler.aws_iam_role.this",
            "module.eks_blueprints_addons.module.cluster_proportional_autoscaler.aws_iam_role_policy_attachment.additional",
            "module.eks_blueprints_addons.module.cluster_proportional_autoscaler.aws_iam_role_policy_attachment.this",
            "module.eks_blueprints_addons.module.cluster_proportional_autoscaler.data.aws_caller_identity.current",
            "module.eks_blueprints_addons.module.cluster_proportional_autoscaler.data.aws_iam_policy_document.assume",
            "module.eks_blueprints_addons.module.cluster_proportional_autoscaler.data.aws_iam_policy_document.this",
            "module.eks_blueprints_addons.module.cluster_proportional_autoscaler.data.aws_partition.current",
            "module.eks_blueprints_addons.module.cluster_proportional_autoscaler.helm_release.this",
            "module.eks_blueprints_addons.module.external_dns.aws_iam_policy.this",
            "module.eks_blueprints_addons.module.external_dns.aws_iam_role.this",
            "module.eks_blueprints_addons.module.external_dns.aws_iam_role_policy_attachment.additional",
            "module.eks_blueprints_addons.module.external_dns.aws_iam_role_policy_attachment.this",
            "module.eks_blueprints_addons.module.external_dns.data.aws_caller_identity.current",
            "module.eks_blueprints_addons.module.external_dns.data.aws_iam_policy_document.assume",
            "module.eks_blueprints_addons.module.external_dns.data.aws_iam_policy_document.this",
            "module.eks_blueprints_addons.module.external_dns.data.aws_partition.current",
            "module.eks_blueprints_addons.module.external_dns.helm_release.this",
            "module.eks_blueprints_addons.module.external_secrets.aws_iam_policy.this",
            "module.eks_blueprints_addons.module.external_secrets.aws_iam_role.this",
            "module.eks_blueprints_addons.module.external_secrets.aws_iam_role_policy_attachment.additional",
            "module.eks_blueprints_addons.module.external_secrets.aws_iam_role_policy_attachment.this",
            "module.eks_blueprints_addons.module.external_secrets.data.aws_caller_identity.current",
            "module.eks_blueprints_addons.module.external_secrets.data.aws_iam_policy_document.assume",
            "module.eks_blueprints_addons.module.external_secrets.data.aws_iam_policy_document.this",
            "module.eks_blueprints_addons.module.external_secrets.data.aws_partition.current",
            "module.eks_blueprints_addons.module.external_secrets.helm_release.this",
            "module.eks_blueprints_addons.module.gatekeeper.aws_iam_policy.this",
            "module.eks_blueprints_addons.module.gatekeeper.aws_iam_role.this",
            "module.eks_blueprints_addons.module.gatekeeper.aws_iam_role_policy_attachment.additional",
            "module.eks_blueprints_addons.module.gatekeeper.aws_iam_role_policy_attachment.this",
            "module.eks_blueprints_addons.module.gatekeeper.data.aws_caller_identity.current",
            "module.eks_blueprints_addons.module.gatekeeper.data.aws_iam_policy_document.assume",
            "module.eks_blueprints_addons.module.gatekeeper.data.aws_iam_policy_document.this",
            "module.eks_blueprints_addons.module.gatekeeper.data.aws_partition.current",
            "module.eks_blueprints_addons.module.gatekeeper.helm_release.this",
            "module.eks_blueprints_addons.module.ingress_nginx.aws_iam_policy.this",
            "module.eks_blueprints_addons.module.ingress_nginx.aws_iam_role.this",
            "module.eks_blueprints_addons.module.ingress_nginx.aws_iam_role_policy_attachment.additional",
            "module.eks_blueprints_addons.module.ingress_nginx.aws_iam_role_policy_attachment.this",
            "module.eks_blueprints_addons.module.ingress_nginx.data.aws_caller_identity.current",
            "module.eks_blueprints_addons.module.ingress_nginx.data.aws_iam_policy_document.assume",
            "module.eks_blueprints_addons.module.ingress_nginx.data.aws_iam_policy_document.this",
            "module.eks_blueprints_addons.module.ingress_nginx.data.aws_partition.current",
            "module.eks_blueprints_addons.module.ingress_nginx.helm_release.this",
            "module.eks_blueprints_addons.module.karpenter.aws_iam_policy.this",
            "module.eks_blueprints_addons.module.karpenter.aws_iam_role.this",
            "module.eks_blueprints_addons.module.karpenter.aws_iam_role_policy_attachment.additional",
            "module.eks_blueprints_addons.module.karpenter.aws_iam_role_policy_attachment.this",
            "module.eks_blueprints_addons.module.karpenter.data.aws_caller_identity.current",
            "module.eks_blueprints_addons.module.karpenter.data.aws_iam_policy_document.assume",
            "module.eks_blueprints_addons.module.karpenter.data.aws_iam_policy_document.this",
            "module.eks_blueprints_addons.module.karpenter.data.aws_partition.current",
            "module.eks_blueprints_addons.module.karpenter.helm_release.this",
            "module.eks_blueprints_addons.module.karpenter_sqs.aws_sqs_queue.dlq",
            "module.eks_blueprints_addons.module.karpenter_sqs.aws_sqs_queue.this",
            "module.eks_blueprints_addons.module.karpenter_sqs.aws_sqs_queue_policy.dlq",
            "module.eks_blueprints_addons.module.karpenter_sqs.aws_sqs_queue_policy.this",
            "module.eks_blueprints_addons.module.karpenter_sqs.aws_sqs_queue_redrive_allow_policy.dlq",
            "module.eks_blueprints_addons.module.karpenter_sqs.aws_sqs_queue_redrive_allow_policy.this",
            "module.eks_blueprints_addons.module.karpenter_sqs.aws_sqs_queue_redrive_policy.dlq",
            "module.eks_blueprints_addons.module.karpenter_sqs.aws_sqs_queue_redrive_policy.this",
            "module.eks_blueprints_addons.module.karpenter_sqs.data.aws_iam_policy_document.dlq",
            "module.eks_blueprints_addons.module.karpenter_sqs.data.aws_iam_policy_document.this",
            "module.eks_blueprints_addons.module.kube_prometheus_stack.aws_iam_policy.this",
            "module.eks_blueprints_addons.module.kube_prometheus_stack.aws_iam_role.this",
            "module.eks_blueprints_addons.module.kube_prometheus_stack.aws_iam_role_policy_attachment.additional",
            "module.eks_blueprints_addons.module.kube_prometheus_stack.aws_iam_role_policy_attachment.this",
            "module.eks_blueprints_addons.module.kube_prometheus_stack.data.aws_caller_identity.current",
            "module.eks_blueprints_addons.module.kube_prometheus_stack.data.aws_iam_policy_document.assume",
            "module.eks_blueprints_addons.module.kube_prometheus_stack.data.aws_iam_policy_document.this",
            "module.eks_blueprints_addons.module.kube_prometheus_stack.data.aws_partition.current",
            "module.eks_blueprints_addons.module.kube_prometheus_stack.helm_release.this",
            "module.eks_blueprints_addons.module.metrics_server.aws_iam_policy.this",
            "module.eks_blueprints_addons.module.metrics_server.aws_iam_role.this",
            "module.eks_blueprints_addons.module.metrics_server.aws_iam_role_policy_attachment.additional",
            "module.eks_blueprints_addons.module.metrics_server.aws_iam_role_policy_attachment.this",
            "module.eks_blueprints_addons.module.metrics_server.data.aws_caller_identity.current",
            "module.eks_blueprints_addons.module.metrics_server.data.aws_iam_policy_document.assume",
            "module.eks_blueprints_addons.module.metrics_server.data.aws_iam_policy_document.this",
            "module.eks_blueprints_addons.module.metrics_server.data.aws_partition.current",
            "module.eks_blueprints_addons.module.metrics_server.helm_release.this",
            "module.eks_blueprints_addons.module.secrets_store_csi_driver.aws_iam_policy.this",
            "module.eks_blueprints_addons.module.secrets_store_csi_driver.aws_iam_role.this",
            "module.eks_blueprints_addons.module.secrets_store_csi_driver.aws_iam_role_policy_attachment.additional",
            "module.eks_blueprints_addons.module.secrets_store_csi_driver.aws_iam_role_policy_attachment.this",
            "module.eks_blueprints_addons.module.secrets_store_csi_driver.data.aws_caller_identity.current",
            "module.eks_blueprints_addons.module.secrets_store_csi_driver.data.aws_iam_policy_document.assume",
            "module.eks_blueprints_addons.module.secrets_store_csi_driver.data.aws_iam_policy_document.this",
            "module.eks_blueprints_addons.module.secrets_store_csi_driver.data.aws_partition.current",
            "module.eks_blueprints_addons.module.secrets_store_csi_driver.helm_release.this",
            "module.eks_blueprints_addons.module.secrets_store_csi_driver_provider_aws.aws_iam_policy.this",
            "module.eks_blueprints_addons.module.secrets_store_csi_driver_provider_aws.aws_iam_role.this",
            "module.eks_blueprints_addons.module.secrets_store_csi_driver_provider_aws.aws_iam_role_policy_attachment.additional",
            "module.eks_blueprints_addons.module.secrets_store_csi_driver_provider_aws.aws_iam_role_policy_attachment.this",
            "module.eks_blueprints_addons.module.secrets_store_csi_driver_provider_aws.data.aws_caller_identity.current",
            "module.eks_blueprints_addons.module.secrets_store_csi_driver_provider_aws.data.aws_iam_policy_document.assume",
            "module.eks_blueprints_addons.module.secrets_store_csi_driver_provider_aws.data.aws_iam_policy_document.this",
            "module.eks_blueprints_addons.module.secrets_store_csi_driver_provider_aws.data.aws_partition.current",
            "module.eks_blueprints_addons.module.secrets_store_csi_driver_provider_aws.helm_release.this",
            "module.eks_blueprints_addons.module.velero.aws_iam_policy.this",
            "module.eks_blueprints_addons.module.velero.aws_iam_role.this",
            "module.eks_blueprints_addons.module.velero.aws_iam_role_policy_attachment.additional",
            "module.eks_blueprints_addons.module.velero.aws_iam_role_policy_attachment.this",
            "module.eks_blueprints_addons.module.velero.data.aws_caller_identity.current",
            "module.eks_blueprints_addons.module.velero.data.aws_iam_policy_document.assume",
            "module.eks_blueprints_addons.module.velero.data.aws_iam_policy_document.this",
            "module.eks_blueprints_addons.module.velero.data.aws_partition.current",
            "module.eks_blueprints_addons.module.velero.helm_release.this",
            "module.eks_blueprints_addons.module.vpa.aws_iam_policy.this",
            "module.eks_blueprints_addons.module.vpa.aws_iam_role.this",
            "module.eks_blueprints_addons.module.vpa.aws_iam_role_policy_attachment.additional",
            "module.eks_blueprints_addons.module.vpa.aws_iam_role_policy_attachment.this",
            "module.eks_blueprints_addons.module.vpa.data.aws_caller_identity.current",
            "module.eks_blueprints_addons.module.vpa.data.aws_iam_policy_document.assume",
            "module.eks_blueprints_addons.module.vpa.data.aws_iam_policy_document.this",
            "module.eks_blueprints_addons.module.vpa.data.aws_partition.current",
            "module.eks_blueprints_addons.module.vpa.helm_release.this",
            "module.eks_blueprints_addons.random_bytes.this",
            "module.eks_blueprints_addons.time_sleep.this",
            "module.vpc.aws_cloudwatch_log_group.flow_log",
            "module.vpc.aws_customer_gateway.this",
            "module.vpc.aws_db_subnet_group.database",
            "module.vpc.aws_default_network_acl.this",
            "module.vpc.aws_default_route_table.default",
            "module.vpc.aws_default_security_group.this",
            "module.vpc.aws_default_vpc.this",
            "module.vpc.aws_egress_only_internet_gateway.this",
            "module.vpc.aws_eip.nat",
            "module.vpc.aws_elasticache_subnet_group.elasticache",
            "module.vpc.aws_flow_log.this",
            "module.vpc.aws_iam_policy.vpc_flow_log_cloudwatch",
            "module.vpc.aws_iam_role.vpc_flow_log_cloudwatch",
            "module.vpc.aws_iam_role_policy_attachment.vpc_flow_log_cloudwatch",
            "module.vpc.aws_internet_gateway.this",
            "module.vpc.aws_nat_gateway.this",
            "module.vpc.aws_network_acl.database",
            "module.vpc.aws_network_acl.elasticache",
            "module.vpc.aws_network_acl.intra",
            "module.vpc.aws_network_acl.outpost",
            "module.vpc.aws_network_acl.private",
            "module.vpc.aws_network_acl.public",
            "module.vpc.aws_network_acl.redshift",
            "module.vpc.aws_network_acl_rule.database_inbound",
            "module.vpc.aws_network_acl_rule.database_outbound",
            "module.vpc.aws_network_acl_rule.elasticache_inbound",
            "module.vpc.aws_network_acl_rule.elasticache_outbound",
            "module.vpc.aws_network_acl_rule.intra_inbound",
            "module.vpc.aws_network_acl_rule.intra_outbound",
            "module.vpc.aws_network_acl_rule.outpost_inbound",
            "module.vpc.aws_network_acl_rule.outpost_outbound",
            "module.vpc.aws_network_acl_rule.private_inbound",
            "module.vpc.aws_network_acl_rule.private_outbound",
            "module.vpc.aws_network_acl_rule.public_inbound",
            "module.vpc.aws_network_acl_rule.public_outbound",
            "module.vpc.aws_network_acl_rule.redshift_inbound",
            "module.vpc.aws_network_acl_rule.redshift_outbound",
            "module.vpc.aws_redshift_subnet_group.redshift",
            "module.vpc.aws_route.database_dns64_nat_gateway",
            "module.vpc.aws_route.database_internet_gateway",
            "module.vpc.aws_route.database_ipv6_egress",
            "module.vpc.aws_route.database_nat_gateway",
            "module.vpc.aws_route.private_dns64_nat_gateway",
            "module.vpc.aws_route.private_ipv6_egress",
            "module.vpc.aws_route.private_nat_gateway",
            "module.vpc.aws_route.public_internet_gateway",
            "module.vpc.aws_route.public_internet_gateway_ipv6",
            "module.vpc.aws_route_table.database",
            "module.vpc.aws_route_table.elasticache",
            "module.vpc.aws_route_table.intra",
            "module.vpc.aws_route_table.private",
            "module.vpc.aws_route_table.public",
            "module.vpc.aws_route_table.redshift",
            "module.vpc.aws_route_table_association.database",
            "module.vpc.aws_route_table_association.elasticache",
            "module.vpc.aws_route_table_association.intra",
            "module.vpc.aws_route_table_association.outpost",
            "module.vpc.aws_route_table_association.private",
            "module.vpc.aws_route_table_association.public",
            "module.vpc.aws_route_table_association.redshift",
            "module.vpc.aws_route_table_association.redshift_public",
            "module.vpc.aws_subnet.database",
            "module.vpc.aws_subnet.elasticache",
            "module.vpc.aws_subnet.intra",
            "module.vpc.aws_subnet.outpost",
            "module.vpc.aws_subnet.private",
            "module.vpc.aws_subnet.public",
            "module.vpc.aws_subnet.redshift",
            "module.vpc.aws_vpc.this",
            "module.vpc.aws_vpc_dhcp_options.this",
            "module.vpc.aws_vpc_dhcp_options_association.this",
            "module.vpc.aws_vpc_ipv4_cidr_block_association.this",
            "module.vpc.aws_vpn_gateway.this",
            "module.vpc.aws_vpn_gateway_attachment.this",
            "module.vpc.aws_vpn_gateway_route_propagation.intra",
            "module.vpc.aws_vpn_gateway_route_propagation.private",
            "module.vpc.aws_vpn_gateway_route_propagation.public",
            "module.vpc.data.aws_caller_identity.current",
            "module.vpc.data.aws_iam_policy_document.flow_log_cloudwatch_assume_role",
            "module.vpc.data.aws_iam_policy_document.vpc_flow_log_cloudwatch",
            "module.vpc.data.aws_partition.current",
            "module.vpc.data.aws_region.current",
            "null_resource.wait_for_alb_controller"
          ]
        }
      ]
    },
    {
      "mode": "managed",
      "type": "null_resource",
      "name": "wait_for_alb_controller",
      "provider": "provider[\"registry.terraform.io/hashicorp/null\"]",
      "instances": [
        {
          "schema_version": 0,
          "attributes": {
            "id": "8515474987213932859",
            "triggers": null
          },
          "sensitive_attributes": [],
          "dependencies": [
            "aws_iam_openid_connect_provider.eks",
            "data.aws_availability_zones.available",
            "data.aws_eks_cluster_auth.cluster_auth",
            "data.tls_certificate.eks",
            "module.eks.aws_cloudwatch_log_group.this",
            "module.eks.aws_ec2_tag.cluster_primary_security_group",
            "module.eks.aws_eks_access_entry.this",
            "module.eks.aws_eks_access_policy_association.this",
            "module.eks.aws_eks_addon.before_compute",
            "module.eks.aws_eks_addon.this",
            "module.eks.aws_eks_cluster.this",
            "module.eks.aws_eks_identity_provider_config.this",
            "module.eks.aws_iam_openid_connect_provider.oidc_provider",
            "module.eks.aws_iam_policy.cluster_encryption",
            "module.eks.aws_iam_policy.cni_ipv6_policy",
            "module.eks.aws_iam_policy.custom",
            "module.eks.aws_iam_role.eks_auto",
            "module.eks.aws_iam_role.this",
            "module.eks.aws_iam_role_policy_attachment.additional",
            "module.eks.aws_iam_role_policy_attachment.cluster_encryption",
            "module.eks.aws_iam_role_policy_attachment.custom",
            "module.eks.aws_iam_role_policy_attachment.eks_auto",
            "module.eks.aws_iam_role_policy_attachment.eks_auto_additional",
            "module.eks.aws_iam_role_policy_attachment.this",
            "module.eks.aws_security_group.cluster",
            "module.eks.aws_security_group.node",
            "module.eks.aws_security_group_rule.cluster",
            "module.eks.aws_security_group_rule.node",
            "module.eks.data.aws_caller_identity.current",
            "module.eks.data.aws_eks_addon_version.this",
            "module.eks.data.aws_iam_policy_document.assume_role_policy",
            "module.eks.data.aws_iam_policy_document.cni_ipv6_policy",
            "module.eks.data.aws_iam_policy_document.custom",
            "module.eks.data.aws_iam_policy_document.node_assume_role_policy",
            "module.eks.data.aws_iam_session_context.current",
            "module.eks.data.aws_partition.current",
            "module.eks.data.tls_certificate.this",
            "module.eks.module.eks_managed_node_group.aws_autoscaling_schedule.this",
            "module.eks.module.eks_managed_node_group.aws_eks_node_group.this",
            "module.eks.module.eks_managed_node_group.aws_iam_role.this",
            "module.eks.module.eks_managed_node_group.aws_iam_role_policy.this",
            "module.eks.module.eks_managed_node_group.aws_iam_role_policy_attachment.additional",
            "module.eks.module.eks_managed_node_group.aws_iam_role_policy_attachment.this",
            "module.eks.module.eks_managed_node_group.aws_launch_template.this",
            "module.eks.module.eks_managed_node_group.aws_placement_group.this",
            "module.eks.module.eks_managed_node_group.data.aws_caller_identity.current",
            "module.eks.module.eks_managed_node_group.data.aws_ec2_instance_type.this",
            "module.eks.module.eks_managed_node_group.data.aws_ec2_instance_type_offerings.this",
            "module.eks.module.eks_managed_node_group.data.aws_iam_policy_document.assume_role_policy",
            "module.eks.module.eks_managed_node_group.data.aws_iam_policy_document.role",
            "module.eks.module.eks_managed_node_group.data.aws_partition.current",
            "module.eks.module.eks_managed_node_group.data.aws_ssm_parameter.ami",
            "module.eks.module.eks_managed_node_group.data.aws_subnets.placement_group",
            "module.eks.module.eks_managed_node_group.module.user_data.data.cloudinit_config.al2023_eks_managed_node_group",
            "module.eks.module.eks_managed_node_group.module.user_data.data.cloudinit_config.linux_eks_managed_node_group",
            "module.eks.module.eks_managed_node_group.module.user_data.null_resource.validate_cluster_service_cidr",
            "module.eks.module.fargate_profile.aws_eks_fargate_profile.this",
            "module.eks.module.fargate_profile.aws_iam_role.this",
            "module.eks.module.fargate_profile.aws_iam_role_policy.this",
            "module.eks.module.fargate_profile.aws_iam_role_policy_attachment.additional",
            "module.eks.module.fargate_profile.aws_iam_role_policy_attachment.this",
            "module.eks.module.fargate_profile.data.aws_caller_identity.current",
            "module.eks.module.fargate_profile.data.aws_iam_policy_document.assume_role_policy",
            "module.eks.module.fargate_profile.data.aws_iam_policy_document.role",
            "module.eks.module.fargate_profile.data.aws_partition.current",
            "module.eks.module.fargate_profile.data.aws_region.current",
            "module.eks.module.kms.aws_kms_alias.this",
            "module.eks.module.kms.aws_kms_external_key.this",
            "module.eks.module.kms.aws_kms_grant.this",
            "module.eks.module.kms.aws_kms_key.this",
            "module.eks.module.kms.aws_kms_replica_external_key.this",
            "module.eks.module.kms.aws_kms_replica_key.this",
            "module.eks.module.kms.data.aws_caller_identity.current",
            "module.eks.module.kms.data.aws_iam_policy_document.this",
            "module.eks.module.kms.data.aws_partition.current",
            "module.eks.module.self_managed_node_group.aws_autoscaling_group.this",
            "module.eks.module.self_managed_node_group.aws_autoscaling_schedule.this",
            "module.eks.module.self_managed_node_group.aws_eks_access_entry.this",
            "module.eks.module.self_managed_node_group.aws_iam_instance_profile.this",
            "module.eks.module.self_managed_node_group.aws_iam_role.this",
            "module.eks.module.self_managed_node_group.aws_iam_role_policy.this",
            "module.eks.module.self_managed_node_group.aws_iam_role_policy_attachment.additional",
            "module.eks.module.self_managed_node_group.aws_iam_role_policy_attachment.this",
            "module.eks.module.self_managed_node_group.aws_launch_template.this",
            "module.eks.module.self_managed_node_group.aws_placement_group.this",
            "module.eks.module.self_managed_node_group.data.aws_caller_identity.current",
            "module.eks.module.self_managed_node_group.data.aws_ec2_instance_type.this",
            "module.eks.module.self_managed_node_group.data.aws_ec2_instance_type_offerings.this",
            "module.eks.module.self_managed_node_group.data.aws_iam_policy_document.assume_role_policy",
            "module.eks.module.self_managed_node_group.data.aws_iam_policy_document.role",
            "module.eks.module.self_managed_node_group.data.aws_partition.current",
            "module.eks.module.self_managed_node_group.data.aws_ssm_parameter.ami",
            "module.eks.module.self_managed_node_group.data.aws_subnets.placement_group",
            "module.eks.module.self_managed_node_group.module.user_data.data.cloudinit_config.al2023_eks_managed_node_group",
            "module.eks.module.self_managed_node_group.module.user_data.data.cloudinit_config.linux_eks_managed_node_group",
            "module.eks.module.self_managed_node_group.module.user_data.null_resource.validate_cluster_service_cidr",
            "module.eks.time_sleep.this",
            "module.eks_blueprints_addons.data.aws_iam_policy_document.aws_load_balancer_controller",
            "module.eks_blueprints_addons.data.aws_partition.current",
            "module.eks_blueprints_addons.module.aws_load_balancer_controller.aws_iam_policy.this",
            "module.eks_blueprints_addons.module.aws_load_balancer_controller.aws_iam_role.this",
            "module.eks_blueprints_addons.module.aws_load_balancer_controller.aws_iam_role_policy_attachment.additional",
            "module.eks_blueprints_addons.module.aws_load_balancer_controller.aws_iam_role_policy_attachment.this",
            "module.eks_blueprints_addons.module.aws_load_balancer_controller.data.aws_caller_identity.current",
            "module.eks_blueprints_addons.module.aws_load_balancer_controller.data.aws_iam_policy_document.assume",
            "module.eks_blueprints_addons.module.aws_load_balancer_controller.data.aws_iam_policy_document.this",
            "module.eks_blueprints_addons.module.aws_load_balancer_controller.data.aws_partition.current",
            "module.eks_blueprints_addons.module.aws_load_balancer_controller.helm_release.this",
            "module.eks_blueprints_addons.time_sleep.this",
            "module.vpc.aws_cloudwatch_log_group.flow_log",
            "module.vpc.aws_customer_gateway.this",
            "module.vpc.aws_db_subnet_group.database",
            "module.vpc.aws_default_network_acl.this",
            "module.vpc.aws_default_route_table.default",
            "module.vpc.aws_default_security_group.this",
            "module.vpc.aws_default_vpc.this",
            "module.vpc.aws_egress_only_internet_gateway.this",
            "module.vpc.aws_eip.nat",
            "module.vpc.aws_elasticache_subnet_group.elasticache",
            "module.vpc.aws_flow_log.this",
            "module.vpc.aws_iam_policy.vpc_flow_log_cloudwatch",
            "module.vpc.aws_iam_role.vpc_flow_log_cloudwatch",
            "module.vpc.aws_iam_role_policy_attachment.vpc_flow_log_cloudwatch",
            "module.vpc.aws_internet_gateway.this",
            "module.vpc.aws_nat_gateway.this",
            "module.vpc.aws_network_acl.database",
            "module.vpc.aws_network_acl.elasticache",
            "module.vpc.aws_network_acl.intra",
            "module.vpc.aws_network_acl.outpost",
            "module.vpc.aws_network_acl.private",
            "module.vpc.aws_network_acl.public",
            "module.vpc.aws_network_acl.redshift",
            "module.vpc.aws_network_acl_rule.database_inbound",
            "module.vpc.aws_network_acl_rule.database_outbound",
            "module.vpc.aws_network_acl_rule.elasticache_inbound",
            "module.vpc.aws_network_acl_rule.elasticache_outbound",
            "module.vpc.aws_network_acl_rule.intra_inbound",
            "module.vpc.aws_network_acl_rule.intra_outbound",
            "module.vpc.aws_network_acl_rule.outpost_inbound",
            "module.vpc.aws_network_acl_rule.outpost_outbound",
            "module.vpc.aws_network_acl_rule.private_inbound",
            "module.vpc.aws_network_acl_rule.private_outbound",
            "module.vpc.aws_network_acl_rule.public_inbound",
            "module.vpc.aws_network_acl_rule.public_outbound",
            "module.vpc.aws_network_acl_rule.redshift_inbound",
            "module.vpc.aws_network_acl_rule.redshift_outbound",
            "module.vpc.aws_redshift_subnet_group.redshift",
            "module.vpc.aws_route.database_dns64_nat_gateway",
            "module.vpc.aws_route.database_internet_gateway",
            "module.vpc.aws_route.database_ipv6_egress",
            "module.vpc.aws_route.database_nat_gateway",
            "module.vpc.aws_route.private_dns64_nat_gateway",
            "module.vpc.aws_route.private_ipv6_egress",
            "module.vpc.aws_route.private_nat_gateway",
            "module.vpc.aws_route.public_internet_gateway",
            "module.vpc.aws_route.public_internet_gateway_ipv6",
            "module.vpc.aws_route_table.database",
            "module.vpc.aws_route_table.elasticache",
            "module.vpc.aws_route_table.intra",
            "module.vpc.aws_route_table.private",
            "module.vpc.aws_route_table.public",
            "module.vpc.aws_route_table.redshift",
            "module.vpc.aws_route_table_association.database",
            "module.vpc.aws_route_table_association.elasticache",
            "module.vpc.aws_route_table_association.intra",
            "module.vpc.aws_route_table_association.outpost",
            "module.vpc.aws_route_table_association.private",
            "module.vpc.aws_route_table_association.public",
            "module.vpc.aws_route_table_association.redshift",
            "module.vpc.aws_route_table_association.redshift_public",
            "module.vpc.aws_subnet.database",
            "module.vpc.aws_subnet.elasticache",
            "module.vpc.aws_subnet.intra",
            "module.vpc.aws_subnet.outpost",
            "module.vpc.aws_subnet.private",
            "module.vpc.aws_subnet.public",
            "module.vpc.aws_subnet.redshift",
            "module.vpc.aws_vpc.this",
            "module.vpc.aws_vpc_dhcp_options.this",
            "module.vpc.aws_vpc_dhcp_options_association.this",
            "module.vpc.aws_vpc_ipv4_cidr_block_association.this",
            "module.vpc.aws_vpn_gateway.this",
            "module.vpc.aws_vpn_gateway_attachment.this",
            "module.vpc.aws_vpn_gateway_route_propagation.intra",
            "module.vpc.aws_vpn_gateway_route_propagation.private",
            "module.vpc.aws_vpn_gateway_route_propagation.public",
            "module.vpc.data.aws_caller_identity.current",
            "module.vpc.data.aws_iam_policy_document.flow_log_cloudwatch_assume_role",
            "module.vpc.data.aws_iam_policy_document.vpc_flow_log_cloudwatch",
            "module.vpc.data.aws_partition.current",
            "module.vpc.data.aws_region.current"
          ]
        }
      ]
    },
    {
      "module": "module.acm",
      "mode": "managed",
      "type": "aws_acm_certificate",
      "name": "this",
      "provider": "provider[\"registry.terraform.io/hashicorp/aws\"]",
      "instances": [
        {
          "index_key": 0,
          "schema_version": 0,
          "attributes": {
            "arn": "arn:aws:acm:us-east-1:058264364931:certificate/8be42917-0de2-4a37-9ecc-2b18ace23904",
            "certificate_authority_arn": "",
            "certificate_body": null,
            "certificate_chain": null,
            "domain_name": "bokertovmatoki.online",
            "domain_validation_options": [
              {
                "domain_name": "*.bokertovmatoki.online",
                "resource_record_name": "_722b66a4b6cf63e5bf4d4305d3ddfc1f.bokertovmatoki.online.",
                "resource_record_type": "CNAME",
                "resource_record_value": "_fd535a83ef14b3cae596a011ab584bb4.sdgjtdhdhz.acm-validations.aws."
              },
              {
                "domain_name": "bokertovmatoki.online",
                "resource_record_name": "_722b66a4b6cf63e5bf4d4305d3ddfc1f.bokertovmatoki.online.",
                "resource_record_type": "CNAME",
                "resource_record_value": "_fd535a83ef14b3cae596a011ab584bb4.sdgjtdhdhz.acm-validations.aws."
              }
            ],
            "early_renewal_duration": "",
            "id": "arn:aws:acm:us-east-1:058264364931:certificate/8be42917-0de2-4a37-9ecc-2b18ace23904",
            "key_algorithm": "RSA_2048",
            "not_after": "",
            "not_before": "",
            "options": [
              {
                "certificate_transparency_logging_preference": "ENABLED"
              }
            ],
            "pending_renewal": false,
            "private_key": null,
            "renewal_eligibility": "INELIGIBLE",
            "renewal_summary": [],
            "status": "PENDING_VALIDATION",
            "subject_alternative_names": [
              "*.bokertovmatoki.online",
              "bokertovmatoki.online"
            ],
            "tags": {
              "Name": "octopus-acm"
            },
            "tags_all": {
              "Name": "octopus-acm"
            },
            "type": "AMAZON_ISSUED",
            "validation_emails": [],
            "validation_method": "DNS",
            "validation_option": []
          },
          "sensitive_attributes": [
            [
              {
                "type": "get_attr",
                "value": "private_key"
              }
            ]
          ],
          "private": "bnVsbA==",
          "dependencies": [
            "aws_iam_openid_connect_provider.eks",
            "data.aws_availability_zones.available",
            "data.aws_eks_cluster_auth.cluster_auth",
            "data.tls_certificate.eks",
            "module.eks.aws_cloudwatch_log_group.this",
            "module.eks.aws_ec2_tag.cluster_primary_security_group",
            "module.eks.aws_eks_access_entry.this",
            "module.eks.aws_eks_access_policy_association.this",
            "module.eks.aws_eks_addon.before_compute",
            "module.eks.aws_eks_addon.this",
            "module.eks.aws_eks_cluster.this",
            "module.eks.aws_eks_identity_provider_config.this",
            "module.eks.aws_iam_openid_connect_provider.oidc_provider",
            "module.eks.aws_iam_policy.cluster_encryption",
            "module.eks.aws_iam_policy.cni_ipv6_policy",
            "module.eks.aws_iam_policy.custom",
            "module.eks.aws_iam_role.eks_auto",
            "module.eks.aws_iam_role.this",
            "module.eks.aws_iam_role_policy_attachment.additional",
            "module.eks.aws_iam_role_policy_attachment.cluster_encryption",
            "module.eks.aws_iam_role_policy_attachment.custom",
            "module.eks.aws_iam_role_policy_attachment.eks_auto",
            "module.eks.aws_iam_role_policy_attachment.eks_auto_additional",
            "module.eks.aws_iam_role_policy_attachment.this",
            "module.eks.aws_security_group.cluster",
            "module.eks.aws_security_group.node",
            "module.eks.aws_security_group_rule.cluster",
            "module.eks.aws_security_group_rule.node",
            "module.eks.data.aws_caller_identity.current",
            "module.eks.data.aws_eks_addon_version.this",
            "module.eks.data.aws_iam_policy_document.assume_role_policy",
            "module.eks.data.aws_iam_policy_document.cni_ipv6_policy",
            "module.eks.data.aws_iam_policy_document.custom",
            "module.eks.data.aws_iam_policy_document.node_assume_role_policy",
            "module.eks.data.aws_iam_session_context.current",
            "module.eks.data.aws_partition.current",
            "module.eks.data.tls_certificate.this",
            "module.eks.module.eks_managed_node_group.aws_autoscaling_schedule.this",
            "module.eks.module.eks_managed_node_group.aws_eks_node_group.this",
            "module.eks.module.eks_managed_node_group.aws_iam_role.this",
            "module.eks.module.eks_managed_node_group.aws_iam_role_policy.this",
            "module.eks.module.eks_managed_node_group.aws_iam_role_policy_attachment.additional",
            "module.eks.module.eks_managed_node_group.aws_iam_role_policy_attachment.this",
            "module.eks.module.eks_managed_node_group.aws_launch_template.this",
            "module.eks.module.eks_managed_node_group.aws_placement_group.this",
            "module.eks.module.eks_managed_node_group.data.aws_caller_identity.current",
            "module.eks.module.eks_managed_node_group.data.aws_ec2_instance_type.this",
            "module.eks.module.eks_managed_node_group.data.aws_ec2_instance_type_offerings.this",
            "module.eks.module.eks_managed_node_group.data.aws_iam_policy_document.assume_role_policy",
            "module.eks.module.eks_managed_node_group.data.aws_iam_policy_document.role",
            "module.eks.module.eks_managed_node_group.data.aws_partition.current",
            "module.eks.module.eks_managed_node_group.data.aws_ssm_parameter.ami",
            "module.eks.module.eks_managed_node_group.data.aws_subnets.placement_group",
            "module.eks.module.eks_managed_node_group.module.user_data.data.cloudinit_config.al2023_eks_managed_node_group",
            "module.eks.module.eks_managed_node_group.module.user_data.data.cloudinit_config.linux_eks_managed_node_group",
            "module.eks.module.eks_managed_node_group.module.user_data.null_resource.validate_cluster_service_cidr",
            "module.eks.module.fargate_profile.aws_eks_fargate_profile.this",
            "module.eks.module.fargate_profile.aws_iam_role.this",
            "module.eks.module.fargate_profile.aws_iam_role_policy.this",
            "module.eks.module.fargate_profile.aws_iam_role_policy_attachment.additional",
            "module.eks.module.fargate_profile.aws_iam_role_policy_attachment.this",
            "module.eks.module.fargate_profile.data.aws_caller_identity.current",
            "module.eks.module.fargate_profile.data.aws_iam_policy_document.assume_role_policy",
            "module.eks.module.fargate_profile.data.aws_iam_policy_document.role",
            "module.eks.module.fargate_profile.data.aws_partition.current",
            "module.eks.module.fargate_profile.data.aws_region.current",
            "module.eks.module.kms.aws_kms_alias.this",
            "module.eks.module.kms.aws_kms_external_key.this",
            "module.eks.module.kms.aws_kms_grant.this",
            "module.eks.module.kms.aws_kms_key.this",
            "module.eks.module.kms.aws_kms_replica_external_key.this",
            "module.eks.module.kms.aws_kms_replica_key.this",
            "module.eks.module.kms.data.aws_caller_identity.current",
            "module.eks.module.kms.data.aws_iam_policy_document.this",
            "module.eks.module.kms.data.aws_partition.current",
            "module.eks.module.self_managed_node_group.aws_autoscaling_group.this",
            "module.eks.module.self_managed_node_group.aws_autoscaling_schedule.this",
            "module.eks.module.self_managed_node_group.aws_eks_access_entry.this",
            "module.eks.module.self_managed_node_group.aws_iam_instance_profile.this",
            "module.eks.module.self_managed_node_group.aws_iam_role.this",
            "module.eks.module.self_managed_node_group.aws_iam_role_policy.this",
            "module.eks.module.self_managed_node_group.aws_iam_role_policy_attachment.additional",
            "module.eks.module.self_managed_node_group.aws_iam_role_policy_attachment.this",
            "module.eks.module.self_managed_node_group.aws_launch_template.this",
            "module.eks.module.self_managed_node_group.aws_placement_group.this",
            "module.eks.module.self_managed_node_group.data.aws_caller_identity.current",
            "module.eks.module.self_managed_node_group.data.aws_ec2_instance_type.this",
            "module.eks.module.self_managed_node_group.data.aws_ec2_instance_type_offerings.this",
            "module.eks.module.self_managed_node_group.data.aws_iam_policy_document.assume_role_policy",
            "module.eks.module.self_managed_node_group.data.aws_iam_policy_document.role",
            "module.eks.module.self_managed_node_group.data.aws_partition.current",
            "module.eks.module.self_managed_node_group.data.aws_ssm_parameter.ami",
            "module.eks.module.self_managed_node_group.data.aws_subnets.placement_group",
            "module.eks.module.self_managed_node_group.module.user_data.data.cloudinit_config.al2023_eks_managed_node_group",
            "module.eks.module.self_managed_node_group.module.user_data.data.cloudinit_config.linux_eks_managed_node_group",
            "module.eks.module.self_managed_node_group.module.user_data.null_resource.validate_cluster_service_cidr",
            "module.eks.time_sleep.this",
            "module.eks_blueprints_addons.aws_autoscaling_group_tag.aws_node_termination_handler",
            "module.eks_blueprints_addons.aws_autoscaling_lifecycle_hook.aws_node_termination_handler",
            "module.eks_blueprints_addons.aws_cloudformation_stack.usage_telemetry",
            "module.eks_blueprints_addons.aws_cloudwatch_event_rule.aws_node_termination_handler",
            "module.eks_blueprints_addons.aws_cloudwatch_event_rule.karpenter",
            "module.eks_blueprints_addons.aws_cloudwatch_event_target.aws_node_termination_handler",
            "module.eks_blueprints_addons.aws_cloudwatch_event_target.karpenter",
            "module.eks_blueprints_addons.aws_cloudwatch_log_group.aws_for_fluentbit",
            "module.eks_blueprints_addons.aws_cloudwatch_log_group.fargate_fluentbit",
            "module.eks_blueprints_addons.aws_eks_addon.this",
            "module.eks_blueprints_addons.aws_iam_instance_profile.karpenter",
            "module.eks_blueprints_addons.aws_iam_policy.fargate_fluentbit",
            "module.eks_blueprints_addons.aws_iam_role.karpenter",
            "module.eks_blueprints_addons.aws_iam_role_policy_attachment.additional",
            "module.eks_blueprints_addons.aws_iam_role_policy_attachment.karpenter",
            "module.eks_blueprints_addons.data.aws_caller_identity.current",
            "module.eks_blueprints_addons.data.aws_eks_addon_version.this",
            "module.eks_blueprints_addons.data.aws_iam_policy_document.aws_efs_csi_driver",
            "module.eks_blueprints_addons.data.aws_iam_policy_document.aws_for_fluentbit",
            "module.eks_blueprints_addons.data.aws_iam_policy_document.aws_fsx_csi_driver",
            "module.eks_blueprints_addons.data.aws_iam_policy_document.aws_gateway_api_controller",
            "module.eks_blueprints_addons.data.aws_iam_policy_document.aws_load_balancer_controller",
            "module.eks_blueprints_addons.data.aws_iam_policy_document.aws_node_termination_handler",
            "module.eks_blueprints_addons.data.aws_iam_policy_document.aws_privateca_issuer",
            "module.eks_blueprints_addons.data.aws_iam_policy_document.cert_manager",
            "module.eks_blueprints_addons.data.aws_iam_policy_document.cluster_autoscaler",
            "module.eks_blueprints_addons.data.aws_iam_policy_document.external_dns",
            "module.eks_blueprints_addons.data.aws_iam_policy_document.external_secrets",
            "module.eks_blueprints_addons.data.aws_iam_policy_document.fargate_fluentbit",
            "module.eks_blueprints_addons.data.aws_iam_policy_document.karpenter",
            "module.eks_blueprints_addons.data.aws_iam_policy_document.karpenter_assume_role",
            "module.eks_blueprints_addons.data.aws_iam_policy_document.velero",
            "module.eks_blueprints_addons.data.aws_partition.current",
            "module.eks_blueprints_addons.data.aws_region.current",
            "module.eks_blueprints_addons.helm_release.this",
            "module.eks_blueprints_addons.kubernetes_config_map_v1.aws_logging",
            "module.eks_blueprints_addons.kubernetes_config_map_v1_data.aws_for_fluentbit_containerinsights",
            "module.eks_blueprints_addons.kubernetes_namespace_v1.aws_observability",
            "module.eks_blueprints_addons.module.argo_events.aws_iam_policy.this",
            "module.eks_blueprints_addons.module.argo_events.aws_iam_role.this",
            "module.eks_blueprints_addons.module.argo_events.aws_iam_role_policy_attachment.additional",
            "module.eks_blueprints_addons.module.argo_events.aws_iam_role_policy_attachment.this",
            "module.eks_blueprints_addons.module.argo_events.data.aws_caller_identity.current",
            "module.eks_blueprints_addons.module.argo_events.data.aws_iam_policy_document.assume",
            "module.eks_blueprints_addons.module.argo_events.data.aws_iam_policy_document.this",
            "module.eks_blueprints_addons.module.argo_events.data.aws_partition.current",
            "module.eks_blueprints_addons.module.argo_events.helm_release.this",
            "module.eks_blueprints_addons.module.argo_rollouts.aws_iam_policy.this",
            "module.eks_blueprints_addons.module.argo_rollouts.aws_iam_role.this",
            "module.eks_blueprints_addons.module.argo_rollouts.aws_iam_role_policy_attachment.additional",
            "module.eks_blueprints_addons.module.argo_rollouts.aws_iam_role_policy_attachment.this",
            "module.eks_blueprints_addons.module.argo_rollouts.data.aws_caller_identity.current",
            "module.eks_blueprints_addons.module.argo_rollouts.data.aws_iam_policy_document.assume",
            "module.eks_blueprints_addons.module.argo_rollouts.data.aws_iam_policy_document.this",
            "module.eks_blueprints_addons.module.argo_rollouts.data.aws_partition.current",
            "module.eks_blueprints_addons.module.argo_rollouts.helm_release.this",
            "module.eks_blueprints_addons.module.argo_workflows.aws_iam_policy.this",
            "module.eks_blueprints_addons.module.argo_workflows.aws_iam_role.this",
            "module.eks_blueprints_addons.module.argo_workflows.aws_iam_role_policy_attachment.additional",
            "module.eks_blueprints_addons.module.argo_workflows.aws_iam_role_policy_attachment.this",
            "module.eks_blueprints_addons.module.argo_workflows.data.aws_caller_identity.current",
            "module.eks_blueprints_addons.module.argo_workflows.data.aws_iam_policy_document.assume",
            "module.eks_blueprints_addons.module.argo_workflows.data.aws_iam_policy_document.this",
            "module.eks_blueprints_addons.module.argo_workflows.data.aws_partition.current",
            "module.eks_blueprints_addons.module.argo_workflows.helm_release.this",
            "module.eks_blueprints_addons.module.argocd.aws_iam_policy.this",
            "module.eks_blueprints_addons.module.argocd.aws_iam_role.this",
            "module.eks_blueprints_addons.module.argocd.aws_iam_role_policy_attachment.additional",
            "module.eks_blueprints_addons.module.argocd.aws_iam_role_policy_attachment.this",
            "module.eks_blueprints_addons.module.argocd.data.aws_caller_identity.current",
            "module.eks_blueprints_addons.module.argocd.data.aws_iam_policy_document.assume",
            "module.eks_blueprints_addons.module.argocd.data.aws_iam_policy_document.this",
            "module.eks_blueprints_addons.module.argocd.data.aws_partition.current",
            "module.eks_blueprints_addons.module.argocd.helm_release.this",
            "module.eks_blueprints_addons.module.aws_cloudwatch_metrics.aws_iam_policy.this",
            "module.eks_blueprints_addons.module.aws_cloudwatch_metrics.aws_iam_role.this",
            "module.eks_blueprints_addons.module.aws_cloudwatch_metrics.aws_iam_role_policy_attachment.additional",
            "module.eks_blueprints_addons.module.aws_cloudwatch_metrics.aws_iam_role_policy_attachment.this",
            "module.eks_blueprints_addons.module.aws_cloudwatch_metrics.data.aws_caller_identity.current",
            "module.eks_blueprints_addons.module.aws_cloudwatch_metrics.data.aws_iam_policy_document.assume",
            "module.eks_blueprints_addons.module.aws_cloudwatch_metrics.data.aws_iam_policy_document.this",
            "module.eks_blueprints_addons.module.aws_cloudwatch_metrics.data.aws_partition.current",
            "module.eks_blueprints_addons.module.aws_cloudwatch_metrics.helm_release.this",
            "module.eks_blueprints_addons.module.aws_efs_csi_driver.aws_iam_policy.this",
            "module.eks_blueprints_addons.module.aws_efs_csi_driver.aws_iam_role.this",
            "module.eks_blueprints_addons.module.aws_efs_csi_driver.aws_iam_role_policy_attachment.additional",
            "module.eks_blueprints_addons.module.aws_efs_csi_driver.aws_iam_role_policy_attachment.this",
            "module.eks_blueprints_addons.module.aws_efs_csi_driver.data.aws_caller_identity.current",
            "module.eks_blueprints_addons.module.aws_efs_csi_driver.data.aws_iam_policy_document.assume",
            "module.eks_blueprints_addons.module.aws_efs_csi_driver.data.aws_iam_policy_document.this",
            "module.eks_blueprints_addons.module.aws_efs_csi_driver.data.aws_partition.current",
            "module.eks_blueprints_addons.module.aws_efs_csi_driver.helm_release.this",
            "module.eks_blueprints_addons.module.aws_for_fluentbit.aws_iam_policy.this",
            "module.eks_blueprints_addons.module.aws_for_fluentbit.aws_iam_role.this",
            "module.eks_blueprints_addons.module.aws_for_fluentbit.aws_iam_role_policy_attachment.additional",
            "module.eks_blueprints_addons.module.aws_for_fluentbit.aws_iam_role_policy_attachment.this",
            "module.eks_blueprints_addons.module.aws_for_fluentbit.data.aws_caller_identity.current",
            "module.eks_blueprints_addons.module.aws_for_fluentbit.data.aws_iam_policy_document.assume",
            "module.eks_blueprints_addons.module.aws_for_fluentbit.data.aws_iam_policy_document.this",
            "module.eks_blueprints_addons.module.aws_for_fluentbit.data.aws_partition.current",
            "module.eks_blueprints_addons.module.aws_for_fluentbit.helm_release.this",
            "module.eks_blueprints_addons.module.aws_fsx_csi_driver.aws_iam_policy.this",
            "module.eks_blueprints_addons.module.aws_fsx_csi_driver.aws_iam_role.this",
            "module.eks_blueprints_addons.module.aws_fsx_csi_driver.aws_iam_role_policy_attachment.additional",
            "module.eks_blueprints_addons.module.aws_fsx_csi_driver.aws_iam_role_policy_attachment.this",
            "module.eks_blueprints_addons.module.aws_fsx_csi_driver.data.aws_caller_identity.current",
            "module.eks_blueprints_addons.module.aws_fsx_csi_driver.data.aws_iam_policy_document.assume",
            "module.eks_blueprints_addons.module.aws_fsx_csi_driver.data.aws_iam_policy_document.this",
            "module.eks_blueprints_addons.module.aws_fsx_csi_driver.data.aws_partition.current",
            "module.eks_blueprints_addons.module.aws_fsx_csi_driver.helm_release.this",
            "module.eks_blueprints_addons.module.aws_gateway_api_controller.aws_iam_policy.this",
            "module.eks_blueprints_addons.module.aws_gateway_api_controller.aws_iam_role.this",
            "module.eks_blueprints_addons.module.aws_gateway_api_controller.aws_iam_role_policy_attachment.additional",
            "module.eks_blueprints_addons.module.aws_gateway_api_controller.aws_iam_role_policy_attachment.this",
            "module.eks_blueprints_addons.module.aws_gateway_api_controller.data.aws_caller_identity.current",
            "module.eks_blueprints_addons.module.aws_gateway_api_controller.data.aws_iam_policy_document.assume",
            "module.eks_blueprints_addons.module.aws_gateway_api_controller.data.aws_iam_policy_document.this",
            "module.eks_blueprints_addons.module.aws_gateway_api_controller.data.aws_partition.current",
            "module.eks_blueprints_addons.module.aws_gateway_api_controller.helm_release.this",
            "module.eks_blueprints_addons.module.aws_load_balancer_controller.aws_iam_policy.this",
            "module.eks_blueprints_addons.module.aws_load_balancer_controller.aws_iam_role.this",
            "module.eks_blueprints_addons.module.aws_load_balancer_controller.aws_iam_role_policy_attachment.additional",
            "module.eks_blueprints_addons.module.aws_load_balancer_controller.aws_iam_role_policy_attachment.this",
            "module.eks_blueprints_addons.module.aws_load_balancer_controller.data.aws_caller_identity.current",
            "module.eks_blueprints_addons.module.aws_load_balancer_controller.data.aws_iam_policy_document.assume",
            "module.eks_blueprints_addons.module.aws_load_balancer_controller.data.aws_iam_policy_document.this",
            "module.eks_blueprints_addons.module.aws_load_balancer_controller.data.aws_partition.current",
            "module.eks_blueprints_addons.module.aws_load_balancer_controller.helm_release.this",
            "module.eks_blueprints_addons.module.aws_node_termination_handler.aws_iam_policy.this",
            "module.eks_blueprints_addons.module.aws_node_termination_handler.aws_iam_role.this",
            "module.eks_blueprints_addons.module.aws_node_termination_handler.aws_iam_role_policy_attachment.additional",
            "module.eks_blueprints_addons.module.aws_node_termination_handler.aws_iam_role_policy_attachment.this",
            "module.eks_blueprints_addons.module.aws_node_termination_handler.data.aws_caller_identity.current",
            "module.eks_blueprints_addons.module.aws_node_termination_handler.data.aws_iam_policy_document.assume",
            "module.eks_blueprints_addons.module.aws_node_termination_handler.data.aws_iam_policy_document.this",
            "module.eks_blueprints_addons.module.aws_node_termination_handler.data.aws_partition.current",
            "module.eks_blueprints_addons.module.aws_node_termination_handler.helm_release.this",
            "module.eks_blueprints_addons.module.aws_node_termination_handler_sqs.aws_sqs_queue.dlq",
            "module.eks_blueprints_addons.module.aws_node_termination_handler_sqs.aws_sqs_queue.this",
            "module.eks_blueprints_addons.module.aws_node_termination_handler_sqs.aws_sqs_queue_policy.dlq",
            "module.eks_blueprints_addons.module.aws_node_termination_handler_sqs.aws_sqs_queue_policy.this",
            "module.eks_blueprints_addons.module.aws_node_termination_handler_sqs.aws_sqs_queue_redrive_allow_policy.dlq",
            "module.eks_blueprints_addons.module.aws_node_termination_handler_sqs.aws_sqs_queue_redrive_allow_policy.this",
            "module.eks_blueprints_addons.module.aws_node_termination_handler_sqs.aws_sqs_queue_redrive_policy.dlq",
            "module.eks_blueprints_addons.module.aws_node_termination_handler_sqs.aws_sqs_queue_redrive_policy.this",
            "module.eks_blueprints_addons.module.aws_node_termination_handler_sqs.data.aws_iam_policy_document.dlq",
            "module.eks_blueprints_addons.module.aws_node_termination_handler_sqs.data.aws_iam_policy_document.this",
            "module.eks_blueprints_addons.module.aws_privateca_issuer.aws_iam_policy.this",
            "module.eks_blueprints_addons.module.aws_privateca_issuer.aws_iam_role.this",
            "module.eks_blueprints_addons.module.aws_privateca_issuer.aws_iam_role_policy_attachment.additional",
            "module.eks_blueprints_addons.module.aws_privateca_issuer.aws_iam_role_policy_attachment.this",
            "module.eks_blueprints_addons.module.aws_privateca_issuer.data.aws_caller_identity.current",
            "module.eks_blueprints_addons.module.aws_privateca_issuer.data.aws_iam_policy_document.assume",
            "module.eks_blueprints_addons.module.aws_privateca_issuer.data.aws_iam_policy_document.this",
            "module.eks_blueprints_addons.module.aws_privateca_issuer.data.aws_partition.current",
            "module.eks_blueprints_addons.module.aws_privateca_issuer.helm_release.this",
            "module.eks_blueprints_addons.module.bottlerocket_shadow.aws_iam_policy.this",
            "module.eks_blueprints_addons.module.bottlerocket_shadow.aws_iam_role.this",
            "module.eks_blueprints_addons.module.bottlerocket_shadow.aws_iam_role_policy_attachment.additional",
            "module.eks_blueprints_addons.module.bottlerocket_shadow.aws_iam_role_policy_attachment.this",
            "module.eks_blueprints_addons.module.bottlerocket_shadow.data.aws_caller_identity.current",
            "module.eks_blueprints_addons.module.bottlerocket_shadow.data.aws_iam_policy_document.assume",
            "module.eks_blueprints_addons.module.bottlerocket_shadow.data.aws_iam_policy_document.this",
            "module.eks_blueprints_addons.module.bottlerocket_shadow.data.aws_partition.current",
            "module.eks_blueprints_addons.module.bottlerocket_shadow.helm_release.this",
            "module.eks_blueprints_addons.module.bottlerocket_update_operator.aws_iam_policy.this",
            "module.eks_blueprints_addons.module.bottlerocket_update_operator.aws_iam_role.this",
            "module.eks_blueprints_addons.module.bottlerocket_update_operator.aws_iam_role_policy_attachment.additional",
            "module.eks_blueprints_addons.module.bottlerocket_update_operator.aws_iam_role_policy_attachment.this",
            "module.eks_blueprints_addons.module.bottlerocket_update_operator.data.aws_caller_identity.current",
            "module.eks_blueprints_addons.module.bottlerocket_update_operator.data.aws_iam_policy_document.assume",
            "module.eks_blueprints_addons.module.bottlerocket_update_operator.data.aws_iam_policy_document.this",
            "module.eks_blueprints_addons.module.bottlerocket_update_operator.data.aws_partition.current",
            "module.eks_blueprints_addons.module.bottlerocket_update_operator.helm_release.this",
            "module.eks_blueprints_addons.module.cert_manager.aws_iam_policy.this",
            "module.eks_blueprints_addons.module.cert_manager.aws_iam_role.this",
            "module.eks_blueprints_addons.module.cert_manager.aws_iam_role_policy_attachment.additional",
            "module.eks_blueprints_addons.module.cert_manager.aws_iam_role_policy_attachment.this",
            "module.eks_blueprints_addons.module.cert_manager.data.aws_caller_identity.current",
            "module.eks_blueprints_addons.module.cert_manager.data.aws_iam_policy_document.assume",
            "module.eks_blueprints_addons.module.cert_manager.data.aws_iam_policy_document.this",
            "module.eks_blueprints_addons.module.cert_manager.data.aws_partition.current",
            "module.eks_blueprints_addons.module.cert_manager.helm_release.this",
            "module.eks_blueprints_addons.module.cluster_autoscaler.aws_iam_policy.this",
            "module.eks_blueprints_addons.module.cluster_autoscaler.aws_iam_role.this",
            "module.eks_blueprints_addons.module.cluster_autoscaler.aws_iam_role_policy_attachment.additional",
            "module.eks_blueprints_addons.module.cluster_autoscaler.aws_iam_role_policy_attachment.this",
            "module.eks_blueprints_addons.module.cluster_autoscaler.data.aws_caller_identity.current",
            "module.eks_blueprints_addons.module.cluster_autoscaler.data.aws_iam_policy_document.assume",
            "module.eks_blueprints_addons.module.cluster_autoscaler.data.aws_iam_policy_document.this",
            "module.eks_blueprints_addons.module.cluster_autoscaler.data.aws_partition.current",
            "module.eks_blueprints_addons.module.cluster_autoscaler.helm_release.this",
            "module.eks_blueprints_addons.module.cluster_proportional_autoscaler.aws_iam_policy.this",
            "module.eks_blueprints_addons.module.cluster_proportional_autoscaler.aws_iam_role.this",
            "module.eks_blueprints_addons.module.cluster_proportional_autoscaler.aws_iam_role_policy_attachment.additional",
            "module.eks_blueprints_addons.module.cluster_proportional_autoscaler.aws_iam_role_policy_attachment.this",
            "module.eks_blueprints_addons.module.cluster_proportional_autoscaler.data.aws_caller_identity.current",
            "module.eks_blueprints_addons.module.cluster_proportional_autoscaler.data.aws_iam_policy_document.assume",
            "module.eks_blueprints_addons.module.cluster_proportional_autoscaler.data.aws_iam_policy_document.this",
            "module.eks_blueprints_addons.module.cluster_proportional_autoscaler.data.aws_partition.current",
            "module.eks_blueprints_addons.module.cluster_proportional_autoscaler.helm_release.this",
            "module.eks_blueprints_addons.module.external_dns.aws_iam_policy.this",
            "module.eks_blueprints_addons.module.external_dns.aws_iam_role.this",
            "module.eks_blueprints_addons.module.external_dns.aws_iam_role_policy_attachment.additional",
            "module.eks_blueprints_addons.module.external_dns.aws_iam_role_policy_attachment.this",
            "module.eks_blueprints_addons.module.external_dns.data.aws_caller_identity.current",
            "module.eks_blueprints_addons.module.external_dns.data.aws_iam_policy_document.assume",
            "module.eks_blueprints_addons.module.external_dns.data.aws_iam_policy_document.this",
            "module.eks_blueprints_addons.module.external_dns.data.aws_partition.current",
            "module.eks_blueprints_addons.module.external_dns.helm_release.this",
            "module.eks_blueprints_addons.module.external_secrets.aws_iam_policy.this",
            "module.eks_blueprints_addons.module.external_secrets.aws_iam_role.this",
            "module.eks_blueprints_addons.module.external_secrets.aws_iam_role_policy_attachment.additional",
            "module.eks_blueprints_addons.module.external_secrets.aws_iam_role_policy_attachment.this",
            "module.eks_blueprints_addons.module.external_secrets.data.aws_caller_identity.current",
            "module.eks_blueprints_addons.module.external_secrets.data.aws_iam_policy_document.assume",
            "module.eks_blueprints_addons.module.external_secrets.data.aws_iam_policy_document.this",
            "module.eks_blueprints_addons.module.external_secrets.data.aws_partition.current",
            "module.eks_blueprints_addons.module.external_secrets.helm_release.this",
            "module.eks_blueprints_addons.module.gatekeeper.aws_iam_policy.this",
            "module.eks_blueprints_addons.module.gatekeeper.aws_iam_role.this",
            "module.eks_blueprints_addons.module.gatekeeper.aws_iam_role_policy_attachment.additional",
            "module.eks_blueprints_addons.module.gatekeeper.aws_iam_role_policy_attachment.this",
            "module.eks_blueprints_addons.module.gatekeeper.data.aws_caller_identity.current",
            "module.eks_blueprints_addons.module.gatekeeper.data.aws_iam_policy_document.assume",
            "module.eks_blueprints_addons.module.gatekeeper.data.aws_iam_policy_document.this",
            "module.eks_blueprints_addons.module.gatekeeper.data.aws_partition.current",
            "module.eks_blueprints_addons.module.gatekeeper.helm_release.this",
            "module.eks_blueprints_addons.module.ingress_nginx.aws_iam_policy.this",
            "module.eks_blueprints_addons.module.ingress_nginx.aws_iam_role.this",
            "module.eks_blueprints_addons.module.ingress_nginx.aws_iam_role_policy_attachment.additional",
            "module.eks_blueprints_addons.module.ingress_nginx.aws_iam_role_policy_attachment.this",
            "module.eks_blueprints_addons.module.ingress_nginx.data.aws_caller_identity.current",
            "module.eks_blueprints_addons.module.ingress_nginx.data.aws_iam_policy_document.assume",
            "module.eks_blueprints_addons.module.ingress_nginx.data.aws_iam_policy_document.this",
            "module.eks_blueprints_addons.module.ingress_nginx.data.aws_partition.current",
            "module.eks_blueprints_addons.module.ingress_nginx.helm_release.this",
            "module.eks_blueprints_addons.module.karpenter.aws_iam_policy.this",
            "module.eks_blueprints_addons.module.karpenter.aws_iam_role.this",
            "module.eks_blueprints_addons.module.karpenter.aws_iam_role_policy_attachment.additional",
            "module.eks_blueprints_addons.module.karpenter.aws_iam_role_policy_attachment.this",
            "module.eks_blueprints_addons.module.karpenter.data.aws_caller_identity.current",
            "module.eks_blueprints_addons.module.karpenter.data.aws_iam_policy_document.assume",
            "module.eks_blueprints_addons.module.karpenter.data.aws_iam_policy_document.this",
            "module.eks_blueprints_addons.module.karpenter.data.aws_partition.current",
            "module.eks_blueprints_addons.module.karpenter.helm_release.this",
            "module.eks_blueprints_addons.module.karpenter_sqs.aws_sqs_queue.dlq",
            "module.eks_blueprints_addons.module.karpenter_sqs.aws_sqs_queue.this",
            "module.eks_blueprints_addons.module.karpenter_sqs.aws_sqs_queue_policy.dlq",
            "module.eks_blueprints_addons.module.karpenter_sqs.aws_sqs_queue_policy.this",
            "module.eks_blueprints_addons.module.karpenter_sqs.aws_sqs_queue_redrive_allow_policy.dlq",
            "module.eks_blueprints_addons.module.karpenter_sqs.aws_sqs_queue_redrive_allow_policy.this",
            "module.eks_blueprints_addons.module.karpenter_sqs.aws_sqs_queue_redrive_policy.dlq",
            "module.eks_blueprints_addons.module.karpenter_sqs.aws_sqs_queue_redrive_policy.this",
            "module.eks_blueprints_addons.module.karpenter_sqs.data.aws_iam_policy_document.dlq",
            "module.eks_blueprints_addons.module.karpenter_sqs.data.aws_iam_policy_document.this",
            "module.eks_blueprints_addons.module.kube_prometheus_stack.aws_iam_policy.this",
            "module.eks_blueprints_addons.module.kube_prometheus_stack.aws_iam_role.this",
            "module.eks_blueprints_addons.module.kube_prometheus_stack.aws_iam_role_policy_attachment.additional",
            "module.eks_blueprints_addons.module.kube_prometheus_stack.aws_iam_role_policy_attachment.this",
            "module.eks_blueprints_addons.module.kube_prometheus_stack.data.aws_caller_identity.current",
            "module.eks_blueprints_addons.module.kube_prometheus_stack.data.aws_iam_policy_document.assume",
            "module.eks_blueprints_addons.module.kube_prometheus_stack.data.aws_iam_policy_document.this",
            "module.eks_blueprints_addons.module.kube_prometheus_stack.data.aws_partition.current",
            "module.eks_blueprints_addons.module.kube_prometheus_stack.helm_release.this",
            "module.eks_blueprints_addons.module.metrics_server.aws_iam_policy.this",
            "module.eks_blueprints_addons.module.metrics_server.aws_iam_role.this",
            "module.eks_blueprints_addons.module.metrics_server.aws_iam_role_policy_attachment.additional",
            "module.eks_blueprints_addons.module.metrics_server.aws_iam_role_policy_attachment.this",
            "module.eks_blueprints_addons.module.metrics_server.data.aws_caller_identity.current",
            "module.eks_blueprints_addons.module.metrics_server.data.aws_iam_policy_document.assume",
            "module.eks_blueprints_addons.module.metrics_server.data.aws_iam_policy_document.this",
            "module.eks_blueprints_addons.module.metrics_server.data.aws_partition.current",
            "module.eks_blueprints_addons.module.metrics_server.helm_release.this",
            "module.eks_blueprints_addons.module.secrets_store_csi_driver.aws_iam_policy.this",
            "module.eks_blueprints_addons.module.secrets_store_csi_driver.aws_iam_role.this",
            "module.eks_blueprints_addons.module.secrets_store_csi_driver.aws_iam_role_policy_attachment.additional",
            "module.eks_blueprints_addons.module.secrets_store_csi_driver.aws_iam_role_policy_attachment.this",
            "module.eks_blueprints_addons.module.secrets_store_csi_driver.data.aws_caller_identity.current",
            "module.eks_blueprints_addons.module.secrets_store_csi_driver.data.aws_iam_policy_document.assume",
            "module.eks_blueprints_addons.module.secrets_store_csi_driver.data.aws_iam_policy_document.this",
            "module.eks_blueprints_addons.module.secrets_store_csi_driver.data.aws_partition.current",
            "module.eks_blueprints_addons.module.secrets_store_csi_driver.helm_release.this",
            "module.eks_blueprints_addons.module.secrets_store_csi_driver_provider_aws.aws_iam_policy.this",
            "module.eks_blueprints_addons.module.secrets_store_csi_driver_provider_aws.aws_iam_role.this",
            "module.eks_blueprints_addons.module.secrets_store_csi_driver_provider_aws.aws_iam_role_policy_attachment.additional",
            "module.eks_blueprints_addons.module.secrets_store_csi_driver_provider_aws.aws_iam_role_policy_attachment.this",
            "module.eks_blueprints_addons.module.secrets_store_csi_driver_provider_aws.data.aws_caller_identity.current",
            "module.eks_blueprints_addons.module.secrets_store_csi_driver_provider_aws.data.aws_iam_policy_document.assume",
            "module.eks_blueprints_addons.module.secrets_store_csi_driver_provider_aws.data.aws_iam_policy_document.this",
            "module.eks_blueprints_addons.module.secrets_store_csi_driver_provider_aws.data.aws_partition.current",
            "module.eks_blueprints_addons.module.secrets_store_csi_driver_provider_aws.helm_release.this",
            "module.eks_blueprints_addons.module.velero.aws_iam_policy.this",
            "module.eks_blueprints_addons.module.velero.aws_iam_role.this",
            "module.eks_blueprints_addons.module.velero.aws_iam_role_policy_attachment.additional",
            "module.eks_blueprints_addons.module.velero.aws_iam_role_policy_attachment.this",
            "module.eks_blueprints_addons.module.velero.data.aws_caller_identity.current",
            "module.eks_blueprints_addons.module.velero.data.aws_iam_policy_document.assume",
            "module.eks_blueprints_addons.module.velero.data.aws_iam_policy_document.this",
            "module.eks_blueprints_addons.module.velero.data.aws_partition.current",
            "module.eks_blueprints_addons.module.velero.helm_release.this",
            "module.eks_blueprints_addons.module.vpa.aws_iam_policy.this",
            "module.eks_blueprints_addons.module.vpa.aws_iam_role.this",
            "module.eks_blueprints_addons.module.vpa.aws_iam_role_policy_attachment.additional",
            "module.eks_blueprints_addons.module.vpa.aws_iam_role_policy_attachment.this",
            "module.eks_blueprints_addons.module.vpa.data.aws_caller_identity.current",
            "module.eks_blueprints_addons.module.vpa.data.aws_iam_policy_document.assume",
            "module.eks_blueprints_addons.module.vpa.data.aws_iam_policy_document.this",
            "module.eks_blueprints_addons.module.vpa.data.aws_partition.current",
            "module.eks_blueprints_addons.module.vpa.helm_release.this",
            "module.eks_blueprints_addons.random_bytes.this",
            "module.eks_blueprints_addons.time_sleep.this",
            "module.vpc.aws_cloudwatch_log_group.flow_log",
            "module.vpc.aws_customer_gateway.this",
            "module.vpc.aws_db_subnet_group.database",
            "module.vpc.aws_default_network_acl.this",
            "module.vpc.aws_default_route_table.default",
            "module.vpc.aws_default_security_group.this",
            "module.vpc.aws_default_vpc.this",
            "module.vpc.aws_egress_only_internet_gateway.this",
            "module.vpc.aws_eip.nat",
            "module.vpc.aws_elasticache_subnet_group.elasticache",
            "module.vpc.aws_flow_log.this",
            "module.vpc.aws_iam_policy.vpc_flow_log_cloudwatch",
            "module.vpc.aws_iam_role.vpc_flow_log_cloudwatch",
            "module.vpc.aws_iam_role_policy_attachment.vpc_flow_log_cloudwatch",
            "module.vpc.aws_internet_gateway.this",
            "module.vpc.aws_nat_gateway.this",
            "module.vpc.aws_network_acl.database",
            "module.vpc.aws_network_acl.elasticache",
            "module.vpc.aws_network_acl.intra",
            "module.vpc.aws_network_acl.outpost",
            "module.vpc.aws_network_acl.private",
            "module.vpc.aws_network_acl.public",
            "module.vpc.aws_network_acl.redshift",
            "module.vpc.aws_network_acl_rule.database_inbound",
            "module.vpc.aws_network_acl_rule.database_outbound",
            "module.vpc.aws_network_acl_rule.elasticache_inbound",
            "module.vpc.aws_network_acl_rule.elasticache_outbound",
            "module.vpc.aws_network_acl_rule.intra_inbound",
            "module.vpc.aws_network_acl_rule.intra_outbound",
            "module.vpc.aws_network_acl_rule.outpost_inbound",
            "module.vpc.aws_network_acl_rule.outpost_outbound",
            "module.vpc.aws_network_acl_rule.private_inbound",
            "module.vpc.aws_network_acl_rule.private_outbound",
            "module.vpc.aws_network_acl_rule.public_inbound",
            "module.vpc.aws_network_acl_rule.public_outbound",
            "module.vpc.aws_network_acl_rule.redshift_inbound",
            "module.vpc.aws_network_acl_rule.redshift_outbound",
            "module.vpc.aws_redshift_subnet_group.redshift",
            "module.vpc.aws_route.database_dns64_nat_gateway",
            "module.vpc.aws_route.database_internet_gateway",
            "module.vpc.aws_route.database_ipv6_egress",
            "module.vpc.aws_route.database_nat_gateway",
            "module.vpc.aws_route.private_dns64_nat_gateway",
            "module.vpc.aws_route.private_ipv6_egress",
            "module.vpc.aws_route.private_nat_gateway",
            "module.vpc.aws_route.public_internet_gateway",
            "module.vpc.aws_route.public_internet_gateway_ipv6",
            "module.vpc.aws_route_table.database",
            "module.vpc.aws_route_table.elasticache",
            "module.vpc.aws_route_table.intra",
            "module.vpc.aws_route_table.private",
            "module.vpc.aws_route_table.public",
            "module.vpc.aws_route_table.redshift",
            "module.vpc.aws_route_table_association.database",
            "module.vpc.aws_route_table_association.elasticache",
            "module.vpc.aws_route_table_association.intra",
            "module.vpc.aws_route_table_association.outpost",
            "module.vpc.aws_route_table_association.private",
            "module.vpc.aws_route_table_association.public",
            "module.vpc.aws_route_table_association.redshift",
            "module.vpc.aws_route_table_association.redshift_public",
            "module.vpc.aws_subnet.database",
            "module.vpc.aws_subnet.elasticache",
            "module.vpc.aws_subnet.intra",
            "module.vpc.aws_subnet.outpost",
            "module.vpc.aws_subnet.private",
            "module.vpc.aws_subnet.public",
            "module.vpc.aws_subnet.redshift",
            "module.vpc.aws_vpc.this",
            "module.vpc.aws_vpc_dhcp_options.this",
            "module.vpc.aws_vpc_dhcp_options_association.this",
            "module.vpc.aws_vpc_ipv4_cidr_block_association.this",
            "module.vpc.aws_vpn_gateway.this",
            "module.vpc.aws_vpn_gateway_attachment.this",
            "module.vpc.aws_vpn_gateway_route_propagation.intra",
            "module.vpc.aws_vpn_gateway_route_propagation.private",
            "module.vpc.aws_vpn_gateway_route_propagation.public",
            "module.vpc.data.aws_caller_identity.current",
            "module.vpc.data.aws_iam_policy_document.flow_log_cloudwatch_assume_role",
            "module.vpc.data.aws_iam_policy_document.vpc_flow_log_cloudwatch",
            "module.vpc.data.aws_partition.current",
            "module.vpc.data.aws_region.current"
          ],
          "create_before_destroy": true
        }
      ]
    },
    {
      "module": "module.acm",
      "mode": "managed",
      "type": "aws_acm_certificate_validation",
      "name": "this",
      "provider": "provider[\"registry.terraform.io/hashicorp/aws\"]",
      "instances": [
        {
          "index_key": 0,
          "schema_version": 0,
          "attributes": {
            "certificate_arn": "arn:aws:acm:us-east-1:058264364931:certificate/8be42917-0de2-4a37-9ecc-2b18ace23904",
            "id": "2025-02-01 21:23:47.134 +0000 UTC",
            "timeouts": {
              "create": null
            },
            "validation_record_fqdns": [
              "_722b66a4b6cf63e5bf4d4305d3ddfc1f.bokertovmatoki.online"
            ]
          },
          "sensitive_attributes": [],
          "private": "eyJlMmJmYjczMC1lY2FhLTExZTYtOGY4OC0zNDM2M2JjN2M0YzAiOnsiY3JlYXRlIjo0NTAwMDAwMDAwMDAwfX0=",
          "dependencies": [
            "aws_iam_openid_connect_provider.eks",
            "data.aws_availability_zones.available",
            "data.aws_eks_cluster_auth.cluster_auth",
            "data.aws_route53_zone.domain_zone",
            "data.tls_certificate.eks",
            "module.acm.aws_acm_certificate.this",
            "module.acm.aws_route53_record.validation",
            "module.eks.aws_cloudwatch_log_group.this",
            "module.eks.aws_ec2_tag.cluster_primary_security_group",
            "module.eks.aws_eks_access_entry.this",
            "module.eks.aws_eks_access_policy_association.this",
            "module.eks.aws_eks_addon.before_compute",
            "module.eks.aws_eks_addon.this",
            "module.eks.aws_eks_cluster.this",
            "module.eks.aws_eks_identity_provider_config.this",
            "module.eks.aws_iam_openid_connect_provider.oidc_provider",
            "module.eks.aws_iam_policy.cluster_encryption",
            "module.eks.aws_iam_policy.cni_ipv6_policy",
            "module.eks.aws_iam_policy.custom",
            "module.eks.aws_iam_role.eks_auto",
            "module.eks.aws_iam_role.this",
            "module.eks.aws_iam_role_policy_attachment.additional",
            "module.eks.aws_iam_role_policy_attachment.cluster_encryption",
            "module.eks.aws_iam_role_policy_attachment.custom",
            "module.eks.aws_iam_role_policy_attachment.eks_auto",
            "module.eks.aws_iam_role_policy_attachment.eks_auto_additional",
            "module.eks.aws_iam_role_policy_attachment.this",
            "module.eks.aws_security_group.cluster",
            "module.eks.aws_security_group.node",
            "module.eks.aws_security_group_rule.cluster",
            "module.eks.aws_security_group_rule.node",
            "module.eks.data.aws_caller_identity.current",
            "module.eks.data.aws_eks_addon_version.this",
            "module.eks.data.aws_iam_policy_document.assume_role_policy",
            "module.eks.data.aws_iam_policy_document.cni_ipv6_policy",
            "module.eks.data.aws_iam_policy_document.custom",
            "module.eks.data.aws_iam_policy_document.node_assume_role_policy",
            "module.eks.data.aws_iam_session_context.current",
            "module.eks.data.aws_partition.current",
            "module.eks.data.tls_certificate.this",
            "module.eks.module.eks_managed_node_group.aws_autoscaling_schedule.this",
            "module.eks.module.eks_managed_node_group.aws_eks_node_group.this",
            "module.eks.module.eks_managed_node_group.aws_iam_role.this",
            "module.eks.module.eks_managed_node_group.aws_iam_role_policy.this",
            "module.eks.module.eks_managed_node_group.aws_iam_role_policy_attachment.additional",
            "module.eks.module.eks_managed_node_group.aws_iam_role_policy_attachment.this",
            "module.eks.module.eks_managed_node_group.aws_launch_template.this",
            "module.eks.module.eks_managed_node_group.aws_placement_group.this",
            "module.eks.module.eks_managed_node_group.data.aws_caller_identity.current",
            "module.eks.module.eks_managed_node_group.data.aws_ec2_instance_type.this",
            "module.eks.module.eks_managed_node_group.data.aws_ec2_instance_type_offerings.this",
            "module.eks.module.eks_managed_node_group.data.aws_iam_policy_document.assume_role_policy",
            "module.eks.module.eks_managed_node_group.data.aws_iam_policy_document.role",
            "module.eks.module.eks_managed_node_group.data.aws_partition.current",
            "module.eks.module.eks_managed_node_group.data.aws_ssm_parameter.ami",
            "module.eks.module.eks_managed_node_group.data.aws_subnets.placement_group",
            "module.eks.module.eks_managed_node_group.module.user_data.data.cloudinit_config.al2023_eks_managed_node_group",
            "module.eks.module.eks_managed_node_group.module.user_data.data.cloudinit_config.linux_eks_managed_node_group",
            "module.eks.module.eks_managed_node_group.module.user_data.null_resource.validate_cluster_service_cidr",
            "module.eks.module.fargate_profile.aws_eks_fargate_profile.this",
            "module.eks.module.fargate_profile.aws_iam_role.this",
            "module.eks.module.fargate_profile.aws_iam_role_policy.this",
            "module.eks.module.fargate_profile.aws_iam_role_policy_attachment.additional",
            "module.eks.module.fargate_profile.aws_iam_role_policy_attachment.this",
            "module.eks.module.fargate_profile.data.aws_caller_identity.current",
            "module.eks.module.fargate_profile.data.aws_iam_policy_document.assume_role_policy",
            "module.eks.module.fargate_profile.data.aws_iam_policy_document.role",
            "module.eks.module.fargate_profile.data.aws_partition.current",
            "module.eks.module.fargate_profile.data.aws_region.current",
            "module.eks.module.kms.aws_kms_alias.this",
            "module.eks.module.kms.aws_kms_external_key.this",
            "module.eks.module.kms.aws_kms_grant.this",
            "module.eks.module.kms.aws_kms_key.this",
            "module.eks.module.kms.aws_kms_replica_external_key.this",
            "module.eks.module.kms.aws_kms_replica_key.this",
            "module.eks.module.kms.data.aws_caller_identity.current",
            "module.eks.module.kms.data.aws_iam_policy_document.this",
            "module.eks.module.kms.data.aws_partition.current",
            "module.eks.module.self_managed_node_group.aws_autoscaling_group.this",
            "module.eks.module.self_managed_node_group.aws_autoscaling_schedule.this",
            "module.eks.module.self_managed_node_group.aws_eks_access_entry.this",
            "module.eks.module.self_managed_node_group.aws_iam_instance_profile.this",
            "module.eks.module.self_managed_node_group.aws_iam_role.this",
            "module.eks.module.self_managed_node_group.aws_iam_role_policy.this",
            "module.eks.module.self_managed_node_group.aws_iam_role_policy_attachment.additional",
            "module.eks.module.self_managed_node_group.aws_iam_role_policy_attachment.this",
            "module.eks.module.self_managed_node_group.aws_launch_template.this",
            "module.eks.module.self_managed_node_group.aws_placement_group.this",
            "module.eks.module.self_managed_node_group.data.aws_caller_identity.current",
            "module.eks.module.self_managed_node_group.data.aws_ec2_instance_type.this",
            "module.eks.module.self_managed_node_group.data.aws_ec2_instance_type_offerings.this",
            "module.eks.module.self_managed_node_group.data.aws_iam_policy_document.assume_role_policy",
            "module.eks.module.self_managed_node_group.data.aws_iam_policy_document.role",
            "module.eks.module.self_managed_node_group.data.aws_partition.current",
            "module.eks.module.self_managed_node_group.data.aws_ssm_parameter.ami",
            "module.eks.module.self_managed_node_group.data.aws_subnets.placement_group",
            "module.eks.module.self_managed_node_group.module.user_data.data.cloudinit_config.al2023_eks_managed_node_group",
            "module.eks.module.self_managed_node_group.module.user_data.data.cloudinit_config.linux_eks_managed_node_group",
            "module.eks.module.self_managed_node_group.module.user_data.null_resource.validate_cluster_service_cidr",
            "module.eks.time_sleep.this",
            "module.eks_blueprints_addons.aws_autoscaling_group_tag.aws_node_termination_handler",
            "module.eks_blueprints_addons.aws_autoscaling_lifecycle_hook.aws_node_termination_handler",
            "module.eks_blueprints_addons.aws_cloudformation_stack.usage_telemetry",
            "module.eks_blueprints_addons.aws_cloudwatch_event_rule.aws_node_termination_handler",
            "module.eks_blueprints_addons.aws_cloudwatch_event_rule.karpenter",
            "module.eks_blueprints_addons.aws_cloudwatch_event_target.aws_node_termination_handler",
            "module.eks_blueprints_addons.aws_cloudwatch_event_target.karpenter",
            "module.eks_blueprints_addons.aws_cloudwatch_log_group.aws_for_fluentbit",
            "module.eks_blueprints_addons.aws_cloudwatch_log_group.fargate_fluentbit",
            "module.eks_blueprints_addons.aws_eks_addon.this",
            "module.eks_blueprints_addons.aws_iam_instance_profile.karpenter",
            "module.eks_blueprints_addons.aws_iam_policy.fargate_fluentbit",
            "module.eks_blueprints_addons.aws_iam_role.karpenter",
            "module.eks_blueprints_addons.aws_iam_role_policy_attachment.additional",
            "module.eks_blueprints_addons.aws_iam_role_policy_attachment.karpenter",
            "module.eks_blueprints_addons.data.aws_caller_identity.current",
            "module.eks_blueprints_addons.data.aws_eks_addon_version.this",
            "module.eks_blueprints_addons.data.aws_iam_policy_document.aws_efs_csi_driver",
            "module.eks_blueprints_addons.data.aws_iam_policy_document.aws_for_fluentbit",
            "module.eks_blueprints_addons.data.aws_iam_policy_document.aws_fsx_csi_driver",
            "module.eks_blueprints_addons.data.aws_iam_policy_document.aws_gateway_api_controller",
            "module.eks_blueprints_addons.data.aws_iam_policy_document.aws_load_balancer_controller",
            "module.eks_blueprints_addons.data.aws_iam_policy_document.aws_node_termination_handler",
            "module.eks_blueprints_addons.data.aws_iam_policy_document.aws_privateca_issuer",
            "module.eks_blueprints_addons.data.aws_iam_policy_document.cert_manager",
            "module.eks_blueprints_addons.data.aws_iam_policy_document.cluster_autoscaler",
            "module.eks_blueprints_addons.data.aws_iam_policy_document.external_dns",
            "module.eks_blueprints_addons.data.aws_iam_policy_document.external_secrets",
            "module.eks_blueprints_addons.data.aws_iam_policy_document.fargate_fluentbit",
            "module.eks_blueprints_addons.data.aws_iam_policy_document.karpenter",
            "module.eks_blueprints_addons.data.aws_iam_policy_document.karpenter_assume_role",
            "module.eks_blueprints_addons.data.aws_iam_policy_document.velero",
            "module.eks_blueprints_addons.data.aws_partition.current",
            "module.eks_blueprints_addons.data.aws_region.current",
            "module.eks_blueprints_addons.helm_release.this",
            "module.eks_blueprints_addons.kubernetes_config_map_v1.aws_logging",
            "module.eks_blueprints_addons.kubernetes_config_map_v1_data.aws_for_fluentbit_containerinsights",
            "module.eks_blueprints_addons.kubernetes_namespace_v1.aws_observability",
            "module.eks_blueprints_addons.module.argo_events.aws_iam_policy.this",
            "module.eks_blueprints_addons.module.argo_events.aws_iam_role.this",
            "module.eks_blueprints_addons.module.argo_events.aws_iam_role_policy_attachment.additional",
            "module.eks_blueprints_addons.module.argo_events.aws_iam_role_policy_attachment.this",
            "module.eks_blueprints_addons.module.argo_events.data.aws_caller_identity.current",
            "module.eks_blueprints_addons.module.argo_events.data.aws_iam_policy_document.assume",
            "module.eks_blueprints_addons.module.argo_events.data.aws_iam_policy_document.this",
            "module.eks_blueprints_addons.module.argo_events.data.aws_partition.current",
            "module.eks_blueprints_addons.module.argo_events.helm_release.this",
            "module.eks_blueprints_addons.module.argo_rollouts.aws_iam_policy.this",
            "module.eks_blueprints_addons.module.argo_rollouts.aws_iam_role.this",
            "module.eks_blueprints_addons.module.argo_rollouts.aws_iam_role_policy_attachment.additional",
            "module.eks_blueprints_addons.module.argo_rollouts.aws_iam_role_policy_attachment.this",
            "module.eks_blueprints_addons.module.argo_rollouts.data.aws_caller_identity.current",
            "module.eks_blueprints_addons.module.argo_rollouts.data.aws_iam_policy_document.assume",
            "module.eks_blueprints_addons.module.argo_rollouts.data.aws_iam_policy_document.this",
            "module.eks_blueprints_addons.module.argo_rollouts.data.aws_partition.current",
            "module.eks_blueprints_addons.module.argo_rollouts.helm_release.this",
            "module.eks_blueprints_addons.module.argo_workflows.aws_iam_policy.this",
            "module.eks_blueprints_addons.module.argo_workflows.aws_iam_role.this",
            "module.eks_blueprints_addons.module.argo_workflows.aws_iam_role_policy_attachment.additional",
            "module.eks_blueprints_addons.module.argo_workflows.aws_iam_role_policy_attachment.this",
            "module.eks_blueprints_addons.module.argo_workflows.data.aws_caller_identity.current",
            "module.eks_blueprints_addons.module.argo_workflows.data.aws_iam_policy_document.assume",
            "module.eks_blueprints_addons.module.argo_workflows.data.aws_iam_policy_document.this",
            "module.eks_blueprints_addons.module.argo_workflows.data.aws_partition.current",
            "module.eks_blueprints_addons.module.argo_workflows.helm_release.this",
            "module.eks_blueprints_addons.module.argocd.aws_iam_policy.this",
            "module.eks_blueprints_addons.module.argocd.aws_iam_role.this",
            "module.eks_blueprints_addons.module.argocd.aws_iam_role_policy_attachment.additional",
            "module.eks_blueprints_addons.module.argocd.aws_iam_role_policy_attachment.this",
            "module.eks_blueprints_addons.module.argocd.data.aws_caller_identity.current",
            "module.eks_blueprints_addons.module.argocd.data.aws_iam_policy_document.assume",
            "module.eks_blueprints_addons.module.argocd.data.aws_iam_policy_document.this",
            "module.eks_blueprints_addons.module.argocd.data.aws_partition.current",
            "module.eks_blueprints_addons.module.argocd.helm_release.this",
            "module.eks_blueprints_addons.module.aws_cloudwatch_metrics.aws_iam_policy.this",
            "module.eks_blueprints_addons.module.aws_cloudwatch_metrics.aws_iam_role.this",
            "module.eks_blueprints_addons.module.aws_cloudwatch_metrics.aws_iam_role_policy_attachment.additional",
            "module.eks_blueprints_addons.module.aws_cloudwatch_metrics.aws_iam_role_policy_attachment.this",
            "module.eks_blueprints_addons.module.aws_cloudwatch_metrics.data.aws_caller_identity.current",
            "module.eks_blueprints_addons.module.aws_cloudwatch_metrics.data.aws_iam_policy_document.assume",
            "module.eks_blueprints_addons.module.aws_cloudwatch_metrics.data.aws_iam_policy_document.this",
            "module.eks_blueprints_addons.module.aws_cloudwatch_metrics.data.aws_partition.current",
            "module.eks_blueprints_addons.module.aws_cloudwatch_metrics.helm_release.this",
            "module.eks_blueprints_addons.module.aws_efs_csi_driver.aws_iam_policy.this",
            "module.eks_blueprints_addons.module.aws_efs_csi_driver.aws_iam_role.this",
            "module.eks_blueprints_addons.module.aws_efs_csi_driver.aws_iam_role_policy_attachment.additional",
            "module.eks_blueprints_addons.module.aws_efs_csi_driver.aws_iam_role_policy_attachment.this",
            "module.eks_blueprints_addons.module.aws_efs_csi_driver.data.aws_caller_identity.current",
            "module.eks_blueprints_addons.module.aws_efs_csi_driver.data.aws_iam_policy_document.assume",
            "module.eks_blueprints_addons.module.aws_efs_csi_driver.data.aws_iam_policy_document.this",
            "module.eks_blueprints_addons.module.aws_efs_csi_driver.data.aws_partition.current",
            "module.eks_blueprints_addons.module.aws_efs_csi_driver.helm_release.this",
            "module.eks_blueprints_addons.module.aws_for_fluentbit.aws_iam_policy.this",
            "module.eks_blueprints_addons.module.aws_for_fluentbit.aws_iam_role.this",
            "module.eks_blueprints_addons.module.aws_for_fluentbit.aws_iam_role_policy_attachment.additional",
            "module.eks_blueprints_addons.module.aws_for_fluentbit.aws_iam_role_policy_attachment.this",
            "module.eks_blueprints_addons.module.aws_for_fluentbit.data.aws_caller_identity.current",
            "module.eks_blueprints_addons.module.aws_for_fluentbit.data.aws_iam_policy_document.assume",
            "module.eks_blueprints_addons.module.aws_for_fluentbit.data.aws_iam_policy_document.this",
            "module.eks_blueprints_addons.module.aws_for_fluentbit.data.aws_partition.current",
            "module.eks_blueprints_addons.module.aws_for_fluentbit.helm_release.this",
            "module.eks_blueprints_addons.module.aws_fsx_csi_driver.aws_iam_policy.this",
            "module.eks_blueprints_addons.module.aws_fsx_csi_driver.aws_iam_role.this",
            "module.eks_blueprints_addons.module.aws_fsx_csi_driver.aws_iam_role_policy_attachment.additional",
            "module.eks_blueprints_addons.module.aws_fsx_csi_driver.aws_iam_role_policy_attachment.this",
            "module.eks_blueprints_addons.module.aws_fsx_csi_driver.data.aws_caller_identity.current",
            "module.eks_blueprints_addons.module.aws_fsx_csi_driver.data.aws_iam_policy_document.assume",
            "module.eks_blueprints_addons.module.aws_fsx_csi_driver.data.aws_iam_policy_document.this",
            "module.eks_blueprints_addons.module.aws_fsx_csi_driver.data.aws_partition.current",
            "module.eks_blueprints_addons.module.aws_fsx_csi_driver.helm_release.this",
            "module.eks_blueprints_addons.module.aws_gateway_api_controller.aws_iam_policy.this",
            "module.eks_blueprints_addons.module.aws_gateway_api_controller.aws_iam_role.this",
            "module.eks_blueprints_addons.module.aws_gateway_api_controller.aws_iam_role_policy_attachment.additional",
            "module.eks_blueprints_addons.module.aws_gateway_api_controller.aws_iam_role_policy_attachment.this",
            "module.eks_blueprints_addons.module.aws_gateway_api_controller.data.aws_caller_identity.current",
            "module.eks_blueprints_addons.module.aws_gateway_api_controller.data.aws_iam_policy_document.assume",
            "module.eks_blueprints_addons.module.aws_gateway_api_controller.data.aws_iam_policy_document.this",
            "module.eks_blueprints_addons.module.aws_gateway_api_controller.data.aws_partition.current",
            "module.eks_blueprints_addons.module.aws_gateway_api_controller.helm_release.this",
            "module.eks_blueprints_addons.module.aws_load_balancer_controller.aws_iam_policy.this",
            "module.eks_blueprints_addons.module.aws_load_balancer_controller.aws_iam_role.this",
            "module.eks_blueprints_addons.module.aws_load_balancer_controller.aws_iam_role_policy_attachment.additional",
            "module.eks_blueprints_addons.module.aws_load_balancer_controller.aws_iam_role_policy_attachment.this",
            "module.eks_blueprints_addons.module.aws_load_balancer_controller.data.aws_caller_identity.current",
            "module.eks_blueprints_addons.module.aws_load_balancer_controller.data.aws_iam_policy_document.assume",
            "module.eks_blueprints_addons.module.aws_load_balancer_controller.data.aws_iam_policy_document.this",
            "module.eks_blueprints_addons.module.aws_load_balancer_controller.data.aws_partition.current",
            "module.eks_blueprints_addons.module.aws_load_balancer_controller.helm_release.this",
            "module.eks_blueprints_addons.module.aws_node_termination_handler.aws_iam_policy.this",
            "module.eks_blueprints_addons.module.aws_node_termination_handler.aws_iam_role.this",
            "module.eks_blueprints_addons.module.aws_node_termination_handler.aws_iam_role_policy_attachment.additional",
            "module.eks_blueprints_addons.module.aws_node_termination_handler.aws_iam_role_policy_attachment.this",
            "module.eks_blueprints_addons.module.aws_node_termination_handler.data.aws_caller_identity.current",
            "module.eks_blueprints_addons.module.aws_node_termination_handler.data.aws_iam_policy_document.assume",
            "module.eks_blueprints_addons.module.aws_node_termination_handler.data.aws_iam_policy_document.this",
            "module.eks_blueprints_addons.module.aws_node_termination_handler.data.aws_partition.current",
            "module.eks_blueprints_addons.module.aws_node_termination_handler.helm_release.this",
            "module.eks_blueprints_addons.module.aws_node_termination_handler_sqs.aws_sqs_queue.dlq",
            "module.eks_blueprints_addons.module.aws_node_termination_handler_sqs.aws_sqs_queue.this",
            "module.eks_blueprints_addons.module.aws_node_termination_handler_sqs.aws_sqs_queue_policy.dlq",
            "module.eks_blueprints_addons.module.aws_node_termination_handler_sqs.aws_sqs_queue_policy.this",
            "module.eks_blueprints_addons.module.aws_node_termination_handler_sqs.aws_sqs_queue_redrive_allow_policy.dlq",
            "module.eks_blueprints_addons.module.aws_node_termination_handler_sqs.aws_sqs_queue_redrive_allow_policy.this",
            "module.eks_blueprints_addons.module.aws_node_termination_handler_sqs.aws_sqs_queue_redrive_policy.dlq",
            "module.eks_blueprints_addons.module.aws_node_termination_handler_sqs.aws_sqs_queue_redrive_policy.this",
            "module.eks_blueprints_addons.module.aws_node_termination_handler_sqs.data.aws_iam_policy_document.dlq",
            "module.eks_blueprints_addons.module.aws_node_termination_handler_sqs.data.aws_iam_policy_document.this",
            "module.eks_blueprints_addons.module.aws_privateca_issuer.aws_iam_policy.this",
            "module.eks_blueprints_addons.module.aws_privateca_issuer.aws_iam_role.this",
            "module.eks_blueprints_addons.module.aws_privateca_issuer.aws_iam_role_policy_attachment.additional",
            "module.eks_blueprints_addons.module.aws_privateca_issuer.aws_iam_role_policy_attachment.this",
            "module.eks_blueprints_addons.module.aws_privateca_issuer.data.aws_caller_identity.current",
            "module.eks_blueprints_addons.module.aws_privateca_issuer.data.aws_iam_policy_document.assume",
            "module.eks_blueprints_addons.module.aws_privateca_issuer.data.aws_iam_policy_document.this",
            "module.eks_blueprints_addons.module.aws_privateca_issuer.data.aws_partition.current",
            "module.eks_blueprints_addons.module.aws_privateca_issuer.helm_release.this",
            "module.eks_blueprints_addons.module.bottlerocket_shadow.aws_iam_policy.this",
            "module.eks_blueprints_addons.module.bottlerocket_shadow.aws_iam_role.this",
            "module.eks_blueprints_addons.module.bottlerocket_shadow.aws_iam_role_policy_attachment.additional",
            "module.eks_blueprints_addons.module.bottlerocket_shadow.aws_iam_role_policy_attachment.this",
            "module.eks_blueprints_addons.module.bottlerocket_shadow.data.aws_caller_identity.current",
            "module.eks_blueprints_addons.module.bottlerocket_shadow.data.aws_iam_policy_document.assume",
            "module.eks_blueprints_addons.module.bottlerocket_shadow.data.aws_iam_policy_document.this",
            "module.eks_blueprints_addons.module.bottlerocket_shadow.data.aws_partition.current",
            "module.eks_blueprints_addons.module.bottlerocket_shadow.helm_release.this",
            "module.eks_blueprints_addons.module.bottlerocket_update_operator.aws_iam_policy.this",
            "module.eks_blueprints_addons.module.bottlerocket_update_operator.aws_iam_role.this",
            "module.eks_blueprints_addons.module.bottlerocket_update_operator.aws_iam_role_policy_attachment.additional",
            "module.eks_blueprints_addons.module.bottlerocket_update_operator.aws_iam_role_policy_attachment.this",
            "module.eks_blueprints_addons.module.bottlerocket_update_operator.data.aws_caller_identity.current",
            "module.eks_blueprints_addons.module.bottlerocket_update_operator.data.aws_iam_policy_document.assume",
            "module.eks_blueprints_addons.module.bottlerocket_update_operator.data.aws_iam_policy_document.this",
            "module.eks_blueprints_addons.module.bottlerocket_update_operator.data.aws_partition.current",
            "module.eks_blueprints_addons.module.bottlerocket_update_operator.helm_release.this",
            "module.eks_blueprints_addons.module.cert_manager.aws_iam_policy.this",
            "module.eks_blueprints_addons.module.cert_manager.aws_iam_role.this",
            "module.eks_blueprints_addons.module.cert_manager.aws_iam_role_policy_attachment.additional",
            "module.eks_blueprints_addons.module.cert_manager.aws_iam_role_policy_attachment.this",
            "module.eks_blueprints_addons.module.cert_manager.data.aws_caller_identity.current",
            "module.eks_blueprints_addons.module.cert_manager.data.aws_iam_policy_document.assume",
            "module.eks_blueprints_addons.module.cert_manager.data.aws_iam_policy_document.this",
            "module.eks_blueprints_addons.module.cert_manager.data.aws_partition.current",
            "module.eks_blueprints_addons.module.cert_manager.helm_release.this",
            "module.eks_blueprints_addons.module.cluster_autoscaler.aws_iam_policy.this",
            "module.eks_blueprints_addons.module.cluster_autoscaler.aws_iam_role.this",
            "module.eks_blueprints_addons.module.cluster_autoscaler.aws_iam_role_policy_attachment.additional",
            "module.eks_blueprints_addons.module.cluster_autoscaler.aws_iam_role_policy_attachment.this",
            "module.eks_blueprints_addons.module.cluster_autoscaler.data.aws_caller_identity.current",
            "module.eks_blueprints_addons.module.cluster_autoscaler.data.aws_iam_policy_document.assume",
            "module.eks_blueprints_addons.module.cluster_autoscaler.data.aws_iam_policy_document.this",
            "module.eks_blueprints_addons.module.cluster_autoscaler.data.aws_partition.current",
            "module.eks_blueprints_addons.module.cluster_autoscaler.helm_release.this",
            "module.eks_blueprints_addons.module.cluster_proportional_autoscaler.aws_iam_policy.this",
            "module.eks_blueprints_addons.module.cluster_proportional_autoscaler.aws_iam_role.this",
            "module.eks_blueprints_addons.module.cluster_proportional_autoscaler.aws_iam_role_policy_attachment.additional",
            "module.eks_blueprints_addons.module.cluster_proportional_autoscaler.aws_iam_role_policy_attachment.this",
            "module.eks_blueprints_addons.module.cluster_proportional_autoscaler.data.aws_caller_identity.current",
            "module.eks_blueprints_addons.module.cluster_proportional_autoscaler.data.aws_iam_policy_document.assume",
            "module.eks_blueprints_addons.module.cluster_proportional_autoscaler.data.aws_iam_policy_document.this",
            "module.eks_blueprints_addons.module.cluster_proportional_autoscaler.data.aws_partition.current",
            "module.eks_blueprints_addons.module.cluster_proportional_autoscaler.helm_release.this",
            "module.eks_blueprints_addons.module.external_dns.aws_iam_policy.this",
            "module.eks_blueprints_addons.module.external_dns.aws_iam_role.this",
            "module.eks_blueprints_addons.module.external_dns.aws_iam_role_policy_attachment.additional",
            "module.eks_blueprints_addons.module.external_dns.aws_iam_role_policy_attachment.this",
            "module.eks_blueprints_addons.module.external_dns.data.aws_caller_identity.current",
            "module.eks_blueprints_addons.module.external_dns.data.aws_iam_policy_document.assume",
            "module.eks_blueprints_addons.module.external_dns.data.aws_iam_policy_document.this",
            "module.eks_blueprints_addons.module.external_dns.data.aws_partition.current",
            "module.eks_blueprints_addons.module.external_dns.helm_release.this",
            "module.eks_blueprints_addons.module.external_secrets.aws_iam_policy.this",
            "module.eks_blueprints_addons.module.external_secrets.aws_iam_role.this",
            "module.eks_blueprints_addons.module.external_secrets.aws_iam_role_policy_attachment.additional",
            "module.eks_blueprints_addons.module.external_secrets.aws_iam_role_policy_attachment.this",
            "module.eks_blueprints_addons.module.external_secrets.data.aws_caller_identity.current",
            "module.eks_blueprints_addons.module.external_secrets.data.aws_iam_policy_document.assume",
            "module.eks_blueprints_addons.module.external_secrets.data.aws_iam_policy_document.this",
            "module.eks_blueprints_addons.module.external_secrets.data.aws_partition.current",
            "module.eks_blueprints_addons.module.external_secrets.helm_release.this",
            "module.eks_blueprints_addons.module.gatekeeper.aws_iam_policy.this",
            "module.eks_blueprints_addons.module.gatekeeper.aws_iam_role.this",
            "module.eks_blueprints_addons.module.gatekeeper.aws_iam_role_policy_attachment.additional",
            "module.eks_blueprints_addons.module.gatekeeper.aws_iam_role_policy_attachment.this",
            "module.eks_blueprints_addons.module.gatekeeper.data.aws_caller_identity.current",
            "module.eks_blueprints_addons.module.gatekeeper.data.aws_iam_policy_document.assume",
            "module.eks_blueprints_addons.module.gatekeeper.data.aws_iam_policy_document.this",
            "module.eks_blueprints_addons.module.gatekeeper.data.aws_partition.current",
            "module.eks_blueprints_addons.module.gatekeeper.helm_release.this",
            "module.eks_blueprints_addons.module.ingress_nginx.aws_iam_policy.this",
            "module.eks_blueprints_addons.module.ingress_nginx.aws_iam_role.this",
            "module.eks_blueprints_addons.module.ingress_nginx.aws_iam_role_policy_attachment.additional",
            "module.eks_blueprints_addons.module.ingress_nginx.aws_iam_role_policy_attachment.this",
            "module.eks_blueprints_addons.module.ingress_nginx.data.aws_caller_identity.current",
            "module.eks_blueprints_addons.module.ingress_nginx.data.aws_iam_policy_document.assume",
            "module.eks_blueprints_addons.module.ingress_nginx.data.aws_iam_policy_document.this",
            "module.eks_blueprints_addons.module.ingress_nginx.data.aws_partition.current",
            "module.eks_blueprints_addons.module.ingress_nginx.helm_release.this",
            "module.eks_blueprints_addons.module.karpenter.aws_iam_policy.this",
            "module.eks_blueprints_addons.module.karpenter.aws_iam_role.this",
            "module.eks_blueprints_addons.module.karpenter.aws_iam_role_policy_attachment.additional",
            "module.eks_blueprints_addons.module.karpenter.aws_iam_role_policy_attachment.this",
            "module.eks_blueprints_addons.module.karpenter.data.aws_caller_identity.current",
            "module.eks_blueprints_addons.module.karpenter.data.aws_iam_policy_document.assume",
            "module.eks_blueprints_addons.module.karpenter.data.aws_iam_policy_document.this",
            "module.eks_blueprints_addons.module.karpenter.data.aws_partition.current",
            "module.eks_blueprints_addons.module.karpenter.helm_release.this",
            "module.eks_blueprints_addons.module.karpenter_sqs.aws_sqs_queue.dlq",
            "module.eks_blueprints_addons.module.karpenter_sqs.aws_sqs_queue.this",
            "module.eks_blueprints_addons.module.karpenter_sqs.aws_sqs_queue_policy.dlq",
            "module.eks_blueprints_addons.module.karpenter_sqs.aws_sqs_queue_policy.this",
            "module.eks_blueprints_addons.module.karpenter_sqs.aws_sqs_queue_redrive_allow_policy.dlq",
            "module.eks_blueprints_addons.module.karpenter_sqs.aws_sqs_queue_redrive_allow_policy.this",
            "module.eks_blueprints_addons.module.karpenter_sqs.aws_sqs_queue_redrive_policy.dlq",
            "module.eks_blueprints_addons.module.karpenter_sqs.aws_sqs_queue_redrive_policy.this",
            "module.eks_blueprints_addons.module.karpenter_sqs.data.aws_iam_policy_document.dlq",
            "module.eks_blueprints_addons.module.karpenter_sqs.data.aws_iam_policy_document.this",
            "module.eks_blueprints_addons.module.kube_prometheus_stack.aws_iam_policy.this",
            "module.eks_blueprints_addons.module.kube_prometheus_stack.aws_iam_role.this",
            "module.eks_blueprints_addons.module.kube_prometheus_stack.aws_iam_role_policy_attachment.additional",
            "module.eks_blueprints_addons.module.kube_prometheus_stack.aws_iam_role_policy_attachment.this",
            "module.eks_blueprints_addons.module.kube_prometheus_stack.data.aws_caller_identity.current",
            "module.eks_blueprints_addons.module.kube_prometheus_stack.data.aws_iam_policy_document.assume",
            "module.eks_blueprints_addons.module.kube_prometheus_stack.data.aws_iam_policy_document.this",
            "module.eks_blueprints_addons.module.kube_prometheus_stack.data.aws_partition.current",
            "module.eks_blueprints_addons.module.kube_prometheus_stack.helm_release.this",
            "module.eks_blueprints_addons.module.metrics_server.aws_iam_policy.this",
            "module.eks_blueprints_addons.module.metrics_server.aws_iam_role.this",
            "module.eks_blueprints_addons.module.metrics_server.aws_iam_role_policy_attachment.additional",
            "module.eks_blueprints_addons.module.metrics_server.aws_iam_role_policy_attachment.this",
            "module.eks_blueprints_addons.module.metrics_server.data.aws_caller_identity.current",
            "module.eks_blueprints_addons.module.metrics_server.data.aws_iam_policy_document.assume",
            "module.eks_blueprints_addons.module.metrics_server.data.aws_iam_policy_document.this",
            "module.eks_blueprints_addons.module.metrics_server.data.aws_partition.current",
            "module.eks_blueprints_addons.module.metrics_server.helm_release.this",
            "module.eks_blueprints_addons.module.secrets_store_csi_driver.aws_iam_policy.this",
            "module.eks_blueprints_addons.module.secrets_store_csi_driver.aws_iam_role.this",
            "module.eks_blueprints_addons.module.secrets_store_csi_driver.aws_iam_role_policy_attachment.additional",
            "module.eks_blueprints_addons.module.secrets_store_csi_driver.aws_iam_role_policy_attachment.this",
            "module.eks_blueprints_addons.module.secrets_store_csi_driver.data.aws_caller_identity.current",
            "module.eks_blueprints_addons.module.secrets_store_csi_driver.data.aws_iam_policy_document.assume",
            "module.eks_blueprints_addons.module.secrets_store_csi_driver.data.aws_iam_policy_document.this",
            "module.eks_blueprints_addons.module.secrets_store_csi_driver.data.aws_partition.current",
            "module.eks_blueprints_addons.module.secrets_store_csi_driver.helm_release.this",
            "module.eks_blueprints_addons.module.secrets_store_csi_driver_provider_aws.aws_iam_policy.this",
            "module.eks_blueprints_addons.module.secrets_store_csi_driver_provider_aws.aws_iam_role.this",
            "module.eks_blueprints_addons.module.secrets_store_csi_driver_provider_aws.aws_iam_role_policy_attachment.additional",
            "module.eks_blueprints_addons.module.secrets_store_csi_driver_provider_aws.aws_iam_role_policy_attachment.this",
            "module.eks_blueprints_addons.module.secrets_store_csi_driver_provider_aws.data.aws_caller_identity.current",
            "module.eks_blueprints_addons.module.secrets_store_csi_driver_provider_aws.data.aws_iam_policy_document.assume",
            "module.eks_blueprints_addons.module.secrets_store_csi_driver_provider_aws.data.aws_iam_policy_document.this",
            "module.eks_blueprints_addons.module.secrets_store_csi_driver_provider_aws.data.aws_partition.current",
            "module.eks_blueprints_addons.module.secrets_store_csi_driver_provider_aws.helm_release.this",
            "module.eks_blueprints_addons.module.velero.aws_iam_policy.this",
            "module.eks_blueprints_addons.module.velero.aws_iam_role.this",
            "module.eks_blueprints_addons.module.velero.aws_iam_role_policy_attachment.additional",
            "module.eks_blueprints_addons.module.velero.aws_iam_role_policy_attachment.this",
            "module.eks_blueprints_addons.module.velero.data.aws_caller_identity.current",
            "module.eks_blueprints_addons.module.velero.data.aws_iam_policy_document.assume",
            "module.eks_blueprints_addons.module.velero.data.aws_iam_policy_document.this",
            "module.eks_blueprints_addons.module.velero.data.aws_partition.current",
            "module.eks_blueprints_addons.module.velero.helm_release.this",
            "module.eks_blueprints_addons.module.vpa.aws_iam_policy.this",
            "module.eks_blueprints_addons.module.vpa.aws_iam_role.this",
            "module.eks_blueprints_addons.module.vpa.aws_iam_role_policy_attachment.additional",
            "module.eks_blueprints_addons.module.vpa.aws_iam_role_policy_attachment.this",
            "module.eks_blueprints_addons.module.vpa.data.aws_caller_identity.current",
            "module.eks_blueprints_addons.module.vpa.data.aws_iam_policy_document.assume",
            "module.eks_blueprints_addons.module.vpa.data.aws_iam_policy_document.this",
            "module.eks_blueprints_addons.module.vpa.data.aws_partition.current",
            "module.eks_blueprints_addons.module.vpa.helm_release.this",
            "module.eks_blueprints_addons.random_bytes.this",
            "module.eks_blueprints_addons.time_sleep.this",
            "module.vpc.aws_cloudwatch_log_group.flow_log",
            "module.vpc.aws_customer_gateway.this",
            "module.vpc.aws_db_subnet_group.database",
            "module.vpc.aws_default_network_acl.this",
            "module.vpc.aws_default_route_table.default",
            "module.vpc.aws_default_security_group.this",
            "module.vpc.aws_default_vpc.this",
            "module.vpc.aws_egress_only_internet_gateway.this",
            "module.vpc.aws_eip.nat",
            "module.vpc.aws_elasticache_subnet_group.elasticache",
            "module.vpc.aws_flow_log.this",
            "module.vpc.aws_iam_policy.vpc_flow_log_cloudwatch",
            "module.vpc.aws_iam_role.vpc_flow_log_cloudwatch",
            "module.vpc.aws_iam_role_policy_attachment.vpc_flow_log_cloudwatch",
            "module.vpc.aws_internet_gateway.this",
            "module.vpc.aws_nat_gateway.this",
            "module.vpc.aws_network_acl.database",
            "module.vpc.aws_network_acl.elasticache",
            "module.vpc.aws_network_acl.intra",
            "module.vpc.aws_network_acl.outpost",
            "module.vpc.aws_network_acl.private",
            "module.vpc.aws_network_acl.public",
            "module.vpc.aws_network_acl.redshift",
            "module.vpc.aws_network_acl_rule.database_inbound",
            "module.vpc.aws_network_acl_rule.database_outbound",
            "module.vpc.aws_network_acl_rule.elasticache_inbound",
            "module.vpc.aws_network_acl_rule.elasticache_outbound",
            "module.vpc.aws_network_acl_rule.intra_inbound",
            "module.vpc.aws_network_acl_rule.intra_outbound",
            "module.vpc.aws_network_acl_rule.outpost_inbound",
            "module.vpc.aws_network_acl_rule.outpost_outbound",
            "module.vpc.aws_network_acl_rule.private_inbound",
            "module.vpc.aws_network_acl_rule.private_outbound",
            "module.vpc.aws_network_acl_rule.public_inbound",
            "module.vpc.aws_network_acl_rule.public_outbound",
            "module.vpc.aws_network_acl_rule.redshift_inbound",
            "module.vpc.aws_network_acl_rule.redshift_outbound",
            "module.vpc.aws_redshift_subnet_group.redshift",
            "module.vpc.aws_route.database_dns64_nat_gateway",
            "module.vpc.aws_route.database_internet_gateway",
            "module.vpc.aws_route.database_ipv6_egress",
            "module.vpc.aws_route.database_nat_gateway",
            "module.vpc.aws_route.private_dns64_nat_gateway",
            "module.vpc.aws_route.private_ipv6_egress",
            "module.vpc.aws_route.private_nat_gateway",
            "module.vpc.aws_route.public_internet_gateway",
            "module.vpc.aws_route.public_internet_gateway_ipv6",
            "module.vpc.aws_route_table.database",
            "module.vpc.aws_route_table.elasticache",
            "module.vpc.aws_route_table.intra",
            "module.vpc.aws_route_table.private",
            "module.vpc.aws_route_table.public",
            "module.vpc.aws_route_table.redshift",
            "module.vpc.aws_route_table_association.database",
            "module.vpc.aws_route_table_association.elasticache",
            "module.vpc.aws_route_table_association.intra",
            "module.vpc.aws_route_table_association.outpost",
            "module.vpc.aws_route_table_association.private",
            "module.vpc.aws_route_table_association.public",
            "module.vpc.aws_route_table_association.redshift",
            "module.vpc.aws_route_table_association.redshift_public",
            "module.vpc.aws_subnet.database",
            "module.vpc.aws_subnet.elasticache",
            "module.vpc.aws_subnet.intra",
            "module.vpc.aws_subnet.outpost",
            "module.vpc.aws_subnet.private",
            "module.vpc.aws_subnet.public",
            "module.vpc.aws_subnet.redshift",
            "module.vpc.aws_vpc.this",
            "module.vpc.aws_vpc_dhcp_options.this",
            "module.vpc.aws_vpc_dhcp_options_association.this",
            "module.vpc.aws_vpc_ipv4_cidr_block_association.this",
            "module.vpc.aws_vpn_gateway.this",
            "module.vpc.aws_vpn_gateway_attachment.this",
            "module.vpc.aws_vpn_gateway_route_propagation.intra",
            "module.vpc.aws_vpn_gateway_route_propagation.private",
            "module.vpc.aws_vpn_gateway_route_propagation.public",
            "module.vpc.data.aws_caller_identity.current",
            "module.vpc.data.aws_iam_policy_document.flow_log_cloudwatch_assume_role",
            "module.vpc.data.aws_iam_policy_document.vpc_flow_log_cloudwatch",
            "module.vpc.data.aws_partition.current",
            "module.vpc.data.aws_region.current"
          ]
        }
      ]
    },
    {
      "module": "module.acm",
      "mode": "managed",
      "type": "aws_route53_record",
      "name": "validation",
      "provider": "provider[\"registry.terraform.io/hashicorp/aws\"]",
      "instances": [
        {
          "index_key": 0,
          "schema_version": 2,
          "attributes": {
            "alias": [],
            "allow_overwrite": true,
            "cidr_routing_policy": [],
            "failover_routing_policy": [],
            "fqdn": "_722b66a4b6cf63e5bf4d4305d3ddfc1f.bokertovmatoki.online",
            "geolocation_routing_policy": [],
            "geoproximity_routing_policy": [],
            "health_check_id": "",
            "id": "Z042342135LJBKJYB56SB__722b66a4b6cf63e5bf4d4305d3ddfc1f.bokertovmatoki.online._CNAME",
            "latency_routing_policy": [],
            "multivalue_answer_routing_policy": false,
            "name": "_722b66a4b6cf63e5bf4d4305d3ddfc1f.bokertovmatoki.online",
            "records": [
              "_fd535a83ef14b3cae596a011ab584bb4.sdgjtdhdhz.acm-validations.aws."
            ],
            "set_identifier": "",
            "ttl": 60,
            "type": "CNAME",
            "weighted_routing_policy": [],
            "zone_id": "Z042342135LJBKJYB56SB"
          },
          "sensitive_attributes": [],
          "private": "eyJzY2hlbWFfdmVyc2lvbiI6IjIifQ==",
          "dependencies": [
            "aws_iam_openid_connect_provider.eks",
            "data.aws_availability_zones.available",
            "data.aws_eks_cluster_auth.cluster_auth",
            "data.aws_route53_zone.domain_zone",
            "data.tls_certificate.eks",
            "module.acm.aws_acm_certificate.this",
            "module.eks.aws_cloudwatch_log_group.this",
            "module.eks.aws_ec2_tag.cluster_primary_security_group",
            "module.eks.aws_eks_access_entry.this",
            "module.eks.aws_eks_access_policy_association.this",
            "module.eks.aws_eks_addon.before_compute",
            "module.eks.aws_eks_addon.this",
            "module.eks.aws_eks_cluster.this",
            "module.eks.aws_eks_identity_provider_config.this",
            "module.eks.aws_iam_openid_connect_provider.oidc_provider",
            "module.eks.aws_iam_policy.cluster_encryption",
            "module.eks.aws_iam_policy.cni_ipv6_policy",
            "module.eks.aws_iam_policy.custom",
            "module.eks.aws_iam_role.eks_auto",
            "module.eks.aws_iam_role.this",
            "module.eks.aws_iam_role_policy_attachment.additional",
            "module.eks.aws_iam_role_policy_attachment.cluster_encryption",
            "module.eks.aws_iam_role_policy_attachment.custom",
            "module.eks.aws_iam_role_policy_attachment.eks_auto",
            "module.eks.aws_iam_role_policy_attachment.eks_auto_additional",
            "module.eks.aws_iam_role_policy_attachment.this",
            "module.eks.aws_security_group.cluster",
            "module.eks.aws_security_group.node",
            "module.eks.aws_security_group_rule.cluster",
            "module.eks.aws_security_group_rule.node",
            "module.eks.data.aws_caller_identity.current",
            "module.eks.data.aws_eks_addon_version.this",
            "module.eks.data.aws_iam_policy_document.assume_role_policy",
            "module.eks.data.aws_iam_policy_document.cni_ipv6_policy",
            "module.eks.data.aws_iam_policy_document.custom",
            "module.eks.data.aws_iam_policy_document.node_assume_role_policy",
            "module.eks.data.aws_iam_session_context.current",
            "module.eks.data.aws_partition.current",
            "module.eks.data.tls_certificate.this",
            "module.eks.module.eks_managed_node_group.aws_autoscaling_schedule.this",
            "module.eks.module.eks_managed_node_group.aws_eks_node_group.this",
            "module.eks.module.eks_managed_node_group.aws_iam_role.this",
            "module.eks.module.eks_managed_node_group.aws_iam_role_policy.this",
            "module.eks.module.eks_managed_node_group.aws_iam_role_policy_attachment.additional",
            "module.eks.module.eks_managed_node_group.aws_iam_role_policy_attachment.this",
            "module.eks.module.eks_managed_node_group.aws_launch_template.this",
            "module.eks.module.eks_managed_node_group.aws_placement_group.this",
            "module.eks.module.eks_managed_node_group.data.aws_caller_identity.current",
            "module.eks.module.eks_managed_node_group.data.aws_ec2_instance_type.this",
            "module.eks.module.eks_managed_node_group.data.aws_ec2_instance_type_offerings.this",
            "module.eks.module.eks_managed_node_group.data.aws_iam_policy_document.assume_role_policy",
            "module.eks.module.eks_managed_node_group.data.aws_iam_policy_document.role",
            "module.eks.module.eks_managed_node_group.data.aws_partition.current",
            "module.eks.module.eks_managed_node_group.data.aws_ssm_parameter.ami",
            "module.eks.module.eks_managed_node_group.data.aws_subnets.placement_group",
            "module.eks.module.eks_managed_node_group.module.user_data.data.cloudinit_config.al2023_eks_managed_node_group",
            "module.eks.module.eks_managed_node_group.module.user_data.data.cloudinit_config.linux_eks_managed_node_group",
            "module.eks.module.eks_managed_node_group.module.user_data.null_resource.validate_cluster_service_cidr",
            "module.eks.module.fargate_profile.aws_eks_fargate_profile.this",
            "module.eks.module.fargate_profile.aws_iam_role.this",
            "module.eks.module.fargate_profile.aws_iam_role_policy.this",
            "module.eks.module.fargate_profile.aws_iam_role_policy_attachment.additional",
            "module.eks.module.fargate_profile.aws_iam_role_policy_attachment.this",
            "module.eks.module.fargate_profile.data.aws_caller_identity.current",
            "module.eks.module.fargate_profile.data.aws_iam_policy_document.assume_role_policy",
            "module.eks.module.fargate_profile.data.aws_iam_policy_document.role",
            "module.eks.module.fargate_profile.data.aws_partition.current",
            "module.eks.module.fargate_profile.data.aws_region.current",
            "module.eks.module.kms.aws_kms_alias.this",
            "module.eks.module.kms.aws_kms_external_key.this",
            "module.eks.module.kms.aws_kms_grant.this",
            "module.eks.module.kms.aws_kms_key.this",
            "module.eks.module.kms.aws_kms_replica_external_key.this",
            "module.eks.module.kms.aws_kms_replica_key.this",
            "module.eks.module.kms.data.aws_caller_identity.current",
            "module.eks.module.kms.data.aws_iam_policy_document.this",
            "module.eks.module.kms.data.aws_partition.current",
            "module.eks.module.self_managed_node_group.aws_autoscaling_group.this",
            "module.eks.module.self_managed_node_group.aws_autoscaling_schedule.this",
            "module.eks.module.self_managed_node_group.aws_eks_access_entry.this",
            "module.eks.module.self_managed_node_group.aws_iam_instance_profile.this",
            "module.eks.module.self_managed_node_group.aws_iam_role.this",
            "module.eks.module.self_managed_node_group.aws_iam_role_policy.this",
            "module.eks.module.self_managed_node_group.aws_iam_role_policy_attachment.additional",
            "module.eks.module.self_managed_node_group.aws_iam_role_policy_attachment.this",
            "module.eks.module.self_managed_node_group.aws_launch_template.this",
            "module.eks.module.self_managed_node_group.aws_placement_group.this",
            "module.eks.module.self_managed_node_group.data.aws_caller_identity.current",
            "module.eks.module.self_managed_node_group.data.aws_ec2_instance_type.this",
            "module.eks.module.self_managed_node_group.data.aws_ec2_instance_type_offerings.this",
            "module.eks.module.self_managed_node_group.data.aws_iam_policy_document.assume_role_policy",
            "module.eks.module.self_managed_node_group.data.aws_iam_policy_document.role",
            "module.eks.module.self_managed_node_group.data.aws_partition.current",
            "module.eks.module.self_managed_node_group.data.aws_ssm_parameter.ami",
            "module.eks.module.self_managed_node_group.data.aws_subnets.placement_group",
            "module.eks.module.self_managed_node_group.module.user_data.data.cloudinit_config.al2023_eks_managed_node_group",
            "module.eks.module.self_managed_node_group.module.user_data.data.cloudinit_config.linux_eks_managed_node_group",
            "module.eks.module.self_managed_node_group.module.user_data.null_resource.validate_cluster_service_cidr",
            "module.eks.time_sleep.this",
            "module.eks_blueprints_addons.aws_autoscaling_group_tag.aws_node_termination_handler",
            "module.eks_blueprints_addons.aws_autoscaling_lifecycle_hook.aws_node_termination_handler",
            "module.eks_blueprints_addons.aws_cloudformation_stack.usage_telemetry",
            "module.eks_blueprints_addons.aws_cloudwatch_event_rule.aws_node_termination_handler",
            "module.eks_blueprints_addons.aws_cloudwatch_event_rule.karpenter",
            "module.eks_blueprints_addons.aws_cloudwatch_event_target.aws_node_termination_handler",
            "module.eks_blueprints_addons.aws_cloudwatch_event_target.karpenter",
            "module.eks_blueprints_addons.aws_cloudwatch_log_group.aws_for_fluentbit",
            "module.eks_blueprints_addons.aws_cloudwatch_log_group.fargate_fluentbit",
            "module.eks_blueprints_addons.aws_eks_addon.this",
            "module.eks_blueprints_addons.aws_iam_instance_profile.karpenter",
            "module.eks_blueprints_addons.aws_iam_policy.fargate_fluentbit",
            "module.eks_blueprints_addons.aws_iam_role.karpenter",
            "module.eks_blueprints_addons.aws_iam_role_policy_attachment.additional",
            "module.eks_blueprints_addons.aws_iam_role_policy_attachment.karpenter",
            "module.eks_blueprints_addons.data.aws_caller_identity.current",
            "module.eks_blueprints_addons.data.aws_eks_addon_version.this",
            "module.eks_blueprints_addons.data.aws_iam_policy_document.aws_efs_csi_driver",
            "module.eks_blueprints_addons.data.aws_iam_policy_document.aws_for_fluentbit",
            "module.eks_blueprints_addons.data.aws_iam_policy_document.aws_fsx_csi_driver",
            "module.eks_blueprints_addons.data.aws_iam_policy_document.aws_gateway_api_controller",
            "module.eks_blueprints_addons.data.aws_iam_policy_document.aws_load_balancer_controller",
            "module.eks_blueprints_addons.data.aws_iam_policy_document.aws_node_termination_handler",
            "module.eks_blueprints_addons.data.aws_iam_policy_document.aws_privateca_issuer",
            "module.eks_blueprints_addons.data.aws_iam_policy_document.cert_manager",
            "module.eks_blueprints_addons.data.aws_iam_policy_document.cluster_autoscaler",
            "module.eks_blueprints_addons.data.aws_iam_policy_document.external_dns",
            "module.eks_blueprints_addons.data.aws_iam_policy_document.external_secrets",
            "module.eks_blueprints_addons.data.aws_iam_policy_document.fargate_fluentbit",
            "module.eks_blueprints_addons.data.aws_iam_policy_document.karpenter",
            "module.eks_blueprints_addons.data.aws_iam_policy_document.karpenter_assume_role",
            "module.eks_blueprints_addons.data.aws_iam_policy_document.velero",
            "module.eks_blueprints_addons.data.aws_partition.current",
            "module.eks_blueprints_addons.data.aws_region.current",
            "module.eks_blueprints_addons.helm_release.this",
            "module.eks_blueprints_addons.kubernetes_config_map_v1.aws_logging",
            "module.eks_blueprints_addons.kubernetes_config_map_v1_data.aws_for_fluentbit_containerinsights",
            "module.eks_blueprints_addons.kubernetes_namespace_v1.aws_observability",
            "module.eks_blueprints_addons.module.argo_events.aws_iam_policy.this",
            "module.eks_blueprints_addons.module.argo_events.aws_iam_role.this",
            "module.eks_blueprints_addons.module.argo_events.aws_iam_role_policy_attachment.additional",
            "module.eks_blueprints_addons.module.argo_events.aws_iam_role_policy_attachment.this",
            "module.eks_blueprints_addons.module.argo_events.data.aws_caller_identity.current",
            "module.eks_blueprints_addons.module.argo_events.data.aws_iam_policy_document.assume",
            "module.eks_blueprints_addons.module.argo_events.data.aws_iam_policy_document.this",
            "module.eks_blueprints_addons.module.argo_events.data.aws_partition.current",
            "module.eks_blueprints_addons.module.argo_events.helm_release.this",
            "module.eks_blueprints_addons.module.argo_rollouts.aws_iam_policy.this",
            "module.eks_blueprints_addons.module.argo_rollouts.aws_iam_role.this",
            "module.eks_blueprints_addons.module.argo_rollouts.aws_iam_role_policy_attachment.additional",
            "module.eks_blueprints_addons.module.argo_rollouts.aws_iam_role_policy_attachment.this",
            "module.eks_blueprints_addons.module.argo_rollouts.data.aws_caller_identity.current",
            "module.eks_blueprints_addons.module.argo_rollouts.data.aws_iam_policy_document.assume",
            "module.eks_blueprints_addons.module.argo_rollouts.data.aws_iam_policy_document.this",
            "module.eks_blueprints_addons.module.argo_rollouts.data.aws_partition.current",
            "module.eks_blueprints_addons.module.argo_rollouts.helm_release.this",
            "module.eks_blueprints_addons.module.argo_workflows.aws_iam_policy.this",
            "module.eks_blueprints_addons.module.argo_workflows.aws_iam_role.this",
            "module.eks_blueprints_addons.module.argo_workflows.aws_iam_role_policy_attachment.additional",
            "module.eks_blueprints_addons.module.argo_workflows.aws_iam_role_policy_attachment.this",
            "module.eks_blueprints_addons.module.argo_workflows.data.aws_caller_identity.current",
            "module.eks_blueprints_addons.module.argo_workflows.data.aws_iam_policy_document.assume",
            "module.eks_blueprints_addons.module.argo_workflows.data.aws_iam_policy_document.this",
            "module.eks_blueprints_addons.module.argo_workflows.data.aws_partition.current",
            "module.eks_blueprints_addons.module.argo_workflows.helm_release.this",
            "module.eks_blueprints_addons.module.argocd.aws_iam_policy.this",
            "module.eks_blueprints_addons.module.argocd.aws_iam_role.this",
            "module.eks_blueprints_addons.module.argocd.aws_iam_role_policy_attachment.additional",
            "module.eks_blueprints_addons.module.argocd.aws_iam_role_policy_attachment.this",
            "module.eks_blueprints_addons.module.argocd.data.aws_caller_identity.current",
            "module.eks_blueprints_addons.module.argocd.data.aws_iam_policy_document.assume",
            "module.eks_blueprints_addons.module.argocd.data.aws_iam_policy_document.this",
            "module.eks_blueprints_addons.module.argocd.data.aws_partition.current",
            "module.eks_blueprints_addons.module.argocd.helm_release.this",
            "module.eks_blueprints_addons.module.aws_cloudwatch_metrics.aws_iam_policy.this",
            "module.eks_blueprints_addons.module.aws_cloudwatch_metrics.aws_iam_role.this",
            "module.eks_blueprints_addons.module.aws_cloudwatch_metrics.aws_iam_role_policy_attachment.additional",
            "module.eks_blueprints_addons.module.aws_cloudwatch_metrics.aws_iam_role_policy_attachment.this",
            "module.eks_blueprints_addons.module.aws_cloudwatch_metrics.data.aws_caller_identity.current",
            "module.eks_blueprints_addons.module.aws_cloudwatch_metrics.data.aws_iam_policy_document.assume",
            "module.eks_blueprints_addons.module.aws_cloudwatch_metrics.data.aws_iam_policy_document.this",
            "module.eks_blueprints_addons.module.aws_cloudwatch_metrics.data.aws_partition.current",
            "module.eks_blueprints_addons.module.aws_cloudwatch_metrics.helm_release.this",
            "module.eks_blueprints_addons.module.aws_efs_csi_driver.aws_iam_policy.this",
            "module.eks_blueprints_addons.module.aws_efs_csi_driver.aws_iam_role.this",
            "module.eks_blueprints_addons.module.aws_efs_csi_driver.aws_iam_role_policy_attachment.additional",
            "module.eks_blueprints_addons.module.aws_efs_csi_driver.aws_iam_role_policy_attachment.this",
            "module.eks_blueprints_addons.module.aws_efs_csi_driver.data.aws_caller_identity.current",
            "module.eks_blueprints_addons.module.aws_efs_csi_driver.data.aws_iam_policy_document.assume",
            "module.eks_blueprints_addons.module.aws_efs_csi_driver.data.aws_iam_policy_document.this",
            "module.eks_blueprints_addons.module.aws_efs_csi_driver.data.aws_partition.current",
            "module.eks_blueprints_addons.module.aws_efs_csi_driver.helm_release.this",
            "module.eks_blueprints_addons.module.aws_for_fluentbit.aws_iam_policy.this",
            "module.eks_blueprints_addons.module.aws_for_fluentbit.aws_iam_role.this",
            "module.eks_blueprints_addons.module.aws_for_fluentbit.aws_iam_role_policy_attachment.additional",
            "module.eks_blueprints_addons.module.aws_for_fluentbit.aws_iam_role_policy_attachment.this",
            "module.eks_blueprints_addons.module.aws_for_fluentbit.data.aws_caller_identity.current",
            "module.eks_blueprints_addons.module.aws_for_fluentbit.data.aws_iam_policy_document.assume",
            "module.eks_blueprints_addons.module.aws_for_fluentbit.data.aws_iam_policy_document.this",
            "module.eks_blueprints_addons.module.aws_for_fluentbit.data.aws_partition.current",
            "module.eks_blueprints_addons.module.aws_for_fluentbit.helm_release.this",
            "module.eks_blueprints_addons.module.aws_fsx_csi_driver.aws_iam_policy.this",
            "module.eks_blueprints_addons.module.aws_fsx_csi_driver.aws_iam_role.this",
            "module.eks_blueprints_addons.module.aws_fsx_csi_driver.aws_iam_role_policy_attachment.additional",
            "module.eks_blueprints_addons.module.aws_fsx_csi_driver.aws_iam_role_policy_attachment.this",
            "module.eks_blueprints_addons.module.aws_fsx_csi_driver.data.aws_caller_identity.current",
            "module.eks_blueprints_addons.module.aws_fsx_csi_driver.data.aws_iam_policy_document.assume",
            "module.eks_blueprints_addons.module.aws_fsx_csi_driver.data.aws_iam_policy_document.this",
            "module.eks_blueprints_addons.module.aws_fsx_csi_driver.data.aws_partition.current",
            "module.eks_blueprints_addons.module.aws_fsx_csi_driver.helm_release.this",
            "module.eks_blueprints_addons.module.aws_gateway_api_controller.aws_iam_policy.this",
            "module.eks_blueprints_addons.module.aws_gateway_api_controller.aws_iam_role.this",
            "module.eks_blueprints_addons.module.aws_gateway_api_controller.aws_iam_role_policy_attachment.additional",
            "module.eks_blueprints_addons.module.aws_gateway_api_controller.aws_iam_role_policy_attachment.this",
            "module.eks_blueprints_addons.module.aws_gateway_api_controller.data.aws_caller_identity.current",
            "module.eks_blueprints_addons.module.aws_gateway_api_controller.data.aws_iam_policy_document.assume",
            "module.eks_blueprints_addons.module.aws_gateway_api_controller.data.aws_iam_policy_document.this",
            "module.eks_blueprints_addons.module.aws_gateway_api_controller.data.aws_partition.current",
            "module.eks_blueprints_addons.module.aws_gateway_api_controller.helm_release.this",
            "module.eks_blueprints_addons.module.aws_load_balancer_controller.aws_iam_policy.this",
            "module.eks_blueprints_addons.module.aws_load_balancer_controller.aws_iam_role.this",
            "module.eks_blueprints_addons.module.aws_load_balancer_controller.aws_iam_role_policy_attachment.additional",
            "module.eks_blueprints_addons.module.aws_load_balancer_controller.aws_iam_role_policy_attachment.this",
            "module.eks_blueprints_addons.module.aws_load_balancer_controller.data.aws_caller_identity.current",
            "module.eks_blueprints_addons.module.aws_load_balancer_controller.data.aws_iam_policy_document.assume",
            "module.eks_blueprints_addons.module.aws_load_balancer_controller.data.aws_iam_policy_document.this",
            "module.eks_blueprints_addons.module.aws_load_balancer_controller.data.aws_partition.current",
            "module.eks_blueprints_addons.module.aws_load_balancer_controller.helm_release.this",
            "module.eks_blueprints_addons.module.aws_node_termination_handler.aws_iam_policy.this",
            "module.eks_blueprints_addons.module.aws_node_termination_handler.aws_iam_role.this",
            "module.eks_blueprints_addons.module.aws_node_termination_handler.aws_iam_role_policy_attachment.additional",
            "module.eks_blueprints_addons.module.aws_node_termination_handler.aws_iam_role_policy_attachment.this",
            "module.eks_blueprints_addons.module.aws_node_termination_handler.data.aws_caller_identity.current",
            "module.eks_blueprints_addons.module.aws_node_termination_handler.data.aws_iam_policy_document.assume",
            "module.eks_blueprints_addons.module.aws_node_termination_handler.data.aws_iam_policy_document.this",
            "module.eks_blueprints_addons.module.aws_node_termination_handler.data.aws_partition.current",
            "module.eks_blueprints_addons.module.aws_node_termination_handler.helm_release.this",
            "module.eks_blueprints_addons.module.aws_node_termination_handler_sqs.aws_sqs_queue.dlq",
            "module.eks_blueprints_addons.module.aws_node_termination_handler_sqs.aws_sqs_queue.this",
            "module.eks_blueprints_addons.module.aws_node_termination_handler_sqs.aws_sqs_queue_policy.dlq",
            "module.eks_blueprints_addons.module.aws_node_termination_handler_sqs.aws_sqs_queue_policy.this",
            "module.eks_blueprints_addons.module.aws_node_termination_handler_sqs.aws_sqs_queue_redrive_allow_policy.dlq",
            "module.eks_blueprints_addons.module.aws_node_termination_handler_sqs.aws_sqs_queue_redrive_allow_policy.this",
            "module.eks_blueprints_addons.module.aws_node_termination_handler_sqs.aws_sqs_queue_redrive_policy.dlq",
            "module.eks_blueprints_addons.module.aws_node_termination_handler_sqs.aws_sqs_queue_redrive_policy.this",
            "module.eks_blueprints_addons.module.aws_node_termination_handler_sqs.data.aws_iam_policy_document.dlq",
            "module.eks_blueprints_addons.module.aws_node_termination_handler_sqs.data.aws_iam_policy_document.this",
            "module.eks_blueprints_addons.module.aws_privateca_issuer.aws_iam_policy.this",
            "module.eks_blueprints_addons.module.aws_privateca_issuer.aws_iam_role.this",
            "module.eks_blueprints_addons.module.aws_privateca_issuer.aws_iam_role_policy_attachment.additional",
            "module.eks_blueprints_addons.module.aws_privateca_issuer.aws_iam_role_policy_attachment.this",
            "module.eks_blueprints_addons.module.aws_privateca_issuer.data.aws_caller_identity.current",
            "module.eks_blueprints_addons.module.aws_privateca_issuer.data.aws_iam_policy_document.assume",
            "module.eks_blueprints_addons.module.aws_privateca_issuer.data.aws_iam_policy_document.this",
            "module.eks_blueprints_addons.module.aws_privateca_issuer.data.aws_partition.current",
            "module.eks_blueprints_addons.module.aws_privateca_issuer.helm_release.this",
            "module.eks_blueprints_addons.module.bottlerocket_shadow.aws_iam_policy.this",
            "module.eks_blueprints_addons.module.bottlerocket_shadow.aws_iam_role.this",
            "module.eks_blueprints_addons.module.bottlerocket_shadow.aws_iam_role_policy_attachment.additional",
            "module.eks_blueprints_addons.module.bottlerocket_shadow.aws_iam_role_policy_attachment.this",
            "module.eks_blueprints_addons.module.bottlerocket_shadow.data.aws_caller_identity.current",
            "module.eks_blueprints_addons.module.bottlerocket_shadow.data.aws_iam_policy_document.assume",
            "module.eks_blueprints_addons.module.bottlerocket_shadow.data.aws_iam_policy_document.this",
            "module.eks_blueprints_addons.module.bottlerocket_shadow.data.aws_partition.current",
            "module.eks_blueprints_addons.module.bottlerocket_shadow.helm_release.this",
            "module.eks_blueprints_addons.module.bottlerocket_update_operator.aws_iam_policy.this",
            "module.eks_blueprints_addons.module.bottlerocket_update_operator.aws_iam_role.this",
            "module.eks_blueprints_addons.module.bottlerocket_update_operator.aws_iam_role_policy_attachment.additional",
            "module.eks_blueprints_addons.module.bottlerocket_update_operator.aws_iam_role_policy_attachment.this",
            "module.eks_blueprints_addons.module.bottlerocket_update_operator.data.aws_caller_identity.current",
            "module.eks_blueprints_addons.module.bottlerocket_update_operator.data.aws_iam_policy_document.assume",
            "module.eks_blueprints_addons.module.bottlerocket_update_operator.data.aws_iam_policy_document.this",
            "module.eks_blueprints_addons.module.bottlerocket_update_operator.data.aws_partition.current",
            "module.eks_blueprints_addons.module.bottlerocket_update_operator.helm_release.this",
            "module.eks_blueprints_addons.module.cert_manager.aws_iam_policy.this",
            "module.eks_blueprints_addons.module.cert_manager.aws_iam_role.this",
            "module.eks_blueprints_addons.module.cert_manager.aws_iam_role_policy_attachment.additional",
            "module.eks_blueprints_addons.module.cert_manager.aws_iam_role_policy_attachment.this",
            "module.eks_blueprints_addons.module.cert_manager.data.aws_caller_identity.current",
            "module.eks_blueprints_addons.module.cert_manager.data.aws_iam_policy_document.assume",
            "module.eks_blueprints_addons.module.cert_manager.data.aws_iam_policy_document.this",
            "module.eks_blueprints_addons.module.cert_manager.data.aws_partition.current",
            "module.eks_blueprints_addons.module.cert_manager.helm_release.this",
            "module.eks_blueprints_addons.module.cluster_autoscaler.aws_iam_policy.this",
            "module.eks_blueprints_addons.module.cluster_autoscaler.aws_iam_role.this",
            "module.eks_blueprints_addons.module.cluster_autoscaler.aws_iam_role_policy_attachment.additional",
            "module.eks_blueprints_addons.module.cluster_autoscaler.aws_iam_role_policy_attachment.this",
            "module.eks_blueprints_addons.module.cluster_autoscaler.data.aws_caller_identity.current",
            "module.eks_blueprints_addons.module.cluster_autoscaler.data.aws_iam_policy_document.assume",
            "module.eks_blueprints_addons.module.cluster_autoscaler.data.aws_iam_policy_document.this",
            "module.eks_blueprints_addons.module.cluster_autoscaler.data.aws_partition.current",
            "module.eks_blueprints_addons.module.cluster_autoscaler.helm_release.this",
            "module.eks_blueprints_addons.module.cluster_proportional_autoscaler.aws_iam_policy.this",
            "module.eks_blueprints_addons.module.cluster_proportional_autoscaler.aws_iam_role.this",
            "module.eks_blueprints_addons.module.cluster_proportional_autoscaler.aws_iam_role_policy_attachment.additional",
            "module.eks_blueprints_addons.module.cluster_proportional_autoscaler.aws_iam_role_policy_attachment.this",
            "module.eks_blueprints_addons.module.cluster_proportional_autoscaler.data.aws_caller_identity.current",
            "module.eks_blueprints_addons.module.cluster_proportional_autoscaler.data.aws_iam_policy_document.assume",
            "module.eks_blueprints_addons.module.cluster_proportional_autoscaler.data.aws_iam_policy_document.this",
            "module.eks_blueprints_addons.module.cluster_proportional_autoscaler.data.aws_partition.current",
            "module.eks_blueprints_addons.module.cluster_proportional_autoscaler.helm_release.this",
            "module.eks_blueprints_addons.module.external_dns.aws_iam_policy.this",
            "module.eks_blueprints_addons.module.external_dns.aws_iam_role.this",
            "module.eks_blueprints_addons.module.external_dns.aws_iam_role_policy_attachment.additional",
            "module.eks_blueprints_addons.module.external_dns.aws_iam_role_policy_attachment.this",
            "module.eks_blueprints_addons.module.external_dns.data.aws_caller_identity.current",
            "module.eks_blueprints_addons.module.external_dns.data.aws_iam_policy_document.assume",
            "module.eks_blueprints_addons.module.external_dns.data.aws_iam_policy_document.this",
            "module.eks_blueprints_addons.module.external_dns.data.aws_partition.current",
            "module.eks_blueprints_addons.module.external_dns.helm_release.this",
            "module.eks_blueprints_addons.module.external_secrets.aws_iam_policy.this",
            "module.eks_blueprints_addons.module.external_secrets.aws_iam_role.this",
            "module.eks_blueprints_addons.module.external_secrets.aws_iam_role_policy_attachment.additional",
            "module.eks_blueprints_addons.module.external_secrets.aws_iam_role_policy_attachment.this",
            "module.eks_blueprints_addons.module.external_secrets.data.aws_caller_identity.current",
            "module.eks_blueprints_addons.module.external_secrets.data.aws_iam_policy_document.assume",
            "module.eks_blueprints_addons.module.external_secrets.data.aws_iam_policy_document.this",
            "module.eks_blueprints_addons.module.external_secrets.data.aws_partition.current",
            "module.eks_blueprints_addons.module.external_secrets.helm_release.this",
            "module.eks_blueprints_addons.module.gatekeeper.aws_iam_policy.this",
            "module.eks_blueprints_addons.module.gatekeeper.aws_iam_role.this",
            "module.eks_blueprints_addons.module.gatekeeper.aws_iam_role_policy_attachment.additional",
            "module.eks_blueprints_addons.module.gatekeeper.aws_iam_role_policy_attachment.this",
            "module.eks_blueprints_addons.module.gatekeeper.data.aws_caller_identity.current",
            "module.eks_blueprints_addons.module.gatekeeper.data.aws_iam_policy_document.assume",
            "module.eks_blueprints_addons.module.gatekeeper.data.aws_iam_policy_document.this",
            "module.eks_blueprints_addons.module.gatekeeper.data.aws_partition.current",
            "module.eks_blueprints_addons.module.gatekeeper.helm_release.this",
            "module.eks_blueprints_addons.module.ingress_nginx.aws_iam_policy.this",
            "module.eks_blueprints_addons.module.ingress_nginx.aws_iam_role.this",
            "module.eks_blueprints_addons.module.ingress_nginx.aws_iam_role_policy_attachment.additional",
            "module.eks_blueprints_addons.module.ingress_nginx.aws_iam_role_policy_attachment.this",
            "module.eks_blueprints_addons.module.ingress_nginx.data.aws_caller_identity.current",
            "module.eks_blueprints_addons.module.ingress_nginx.data.aws_iam_policy_document.assume",
            "module.eks_blueprints_addons.module.ingress_nginx.data.aws_iam_policy_document.this",
            "module.eks_blueprints_addons.module.ingress_nginx.data.aws_partition.current",
            "module.eks_blueprints_addons.module.ingress_nginx.helm_release.this",
            "module.eks_blueprints_addons.module.karpenter.aws_iam_policy.this",
            "module.eks_blueprints_addons.module.karpenter.aws_iam_role.this",
            "module.eks_blueprints_addons.module.karpenter.aws_iam_role_policy_attachment.additional",
            "module.eks_blueprints_addons.module.karpenter.aws_iam_role_policy_attachment.this",
            "module.eks_blueprints_addons.module.karpenter.data.aws_caller_identity.current",
            "module.eks_blueprints_addons.module.karpenter.data.aws_iam_policy_document.assume",
            "module.eks_blueprints_addons.module.karpenter.data.aws_iam_policy_document.this",
            "module.eks_blueprints_addons.module.karpenter.data.aws_partition.current",
            "module.eks_blueprints_addons.module.karpenter.helm_release.this",
            "module.eks_blueprints_addons.module.karpenter_sqs.aws_sqs_queue.dlq",
            "module.eks_blueprints_addons.module.karpenter_sqs.aws_sqs_queue.this",
            "module.eks_blueprints_addons.module.karpenter_sqs.aws_sqs_queue_policy.dlq",
            "module.eks_blueprints_addons.module.karpenter_sqs.aws_sqs_queue_policy.this",
            "module.eks_blueprints_addons.module.karpenter_sqs.aws_sqs_queue_redrive_allow_policy.dlq",
            "module.eks_blueprints_addons.module.karpenter_sqs.aws_sqs_queue_redrive_allow_policy.this",
            "module.eks_blueprints_addons.module.karpenter_sqs.aws_sqs_queue_redrive_policy.dlq",
            "module.eks_blueprints_addons.module.karpenter_sqs.aws_sqs_queue_redrive_policy.this",
            "module.eks_blueprints_addons.module.karpenter_sqs.data.aws_iam_policy_document.dlq",
            "module.eks_blueprints_addons.module.karpenter_sqs.data.aws_iam_policy_document.this",
            "module.eks_blueprints_addons.module.kube_prometheus_stack.aws_iam_policy.this",
            "module.eks_blueprints_addons.module.kube_prometheus_stack.aws_iam_role.this",
            "module.eks_blueprints_addons.module.kube_prometheus_stack.aws_iam_role_policy_attachment.additional",
            "module.eks_blueprints_addons.module.kube_prometheus_stack.aws_iam_role_policy_attachment.this",
            "module.eks_blueprints_addons.module.kube_prometheus_stack.data.aws_caller_identity.current",
            "module.eks_blueprints_addons.module.kube_prometheus_stack.data.aws_iam_policy_document.assume",
            "module.eks_blueprints_addons.module.kube_prometheus_stack.data.aws_iam_policy_document.this",
            "module.eks_blueprints_addons.module.kube_prometheus_stack.data.aws_partition.current",
            "module.eks_blueprints_addons.module.kube_prometheus_stack.helm_release.this",
            "module.eks_blueprints_addons.module.metrics_server.aws_iam_policy.this",
            "module.eks_blueprints_addons.module.metrics_server.aws_iam_role.this",
            "module.eks_blueprints_addons.module.metrics_server.aws_iam_role_policy_attachment.additional",
            "module.eks_blueprints_addons.module.metrics_server.aws_iam_role_policy_attachment.this",
            "module.eks_blueprints_addons.module.metrics_server.data.aws_caller_identity.current",
            "module.eks_blueprints_addons.module.metrics_server.data.aws_iam_policy_document.assume",
            "module.eks_blueprints_addons.module.metrics_server.data.aws_iam_policy_document.this",
            "module.eks_blueprints_addons.module.metrics_server.data.aws_partition.current",
            "module.eks_blueprints_addons.module.metrics_server.helm_release.this",
            "module.eks_blueprints_addons.module.secrets_store_csi_driver.aws_iam_policy.this",
            "module.eks_blueprints_addons.module.secrets_store_csi_driver.aws_iam_role.this",
            "module.eks_blueprints_addons.module.secrets_store_csi_driver.aws_iam_role_policy_attachment.additional",
            "module.eks_blueprints_addons.module.secrets_store_csi_driver.aws_iam_role_policy_attachment.this",
            "module.eks_blueprints_addons.module.secrets_store_csi_driver.data.aws_caller_identity.current",
            "module.eks_blueprints_addons.module.secrets_store_csi_driver.data.aws_iam_policy_document.assume",
            "module.eks_blueprints_addons.module.secrets_store_csi_driver.data.aws_iam_policy_document.this",
            "module.eks_blueprints_addons.module.secrets_store_csi_driver.data.aws_partition.current",
            "module.eks_blueprints_addons.module.secrets_store_csi_driver.helm_release.this",
            "module.eks_blueprints_addons.module.secrets_store_csi_driver_provider_aws.aws_iam_policy.this",
            "module.eks_blueprints_addons.module.secrets_store_csi_driver_provider_aws.aws_iam_role.this",
            "module.eks_blueprints_addons.module.secrets_store_csi_driver_provider_aws.aws_iam_role_policy_attachment.additional",
            "module.eks_blueprints_addons.module.secrets_store_csi_driver_provider_aws.aws_iam_role_policy_attachment.this",
            "module.eks_blueprints_addons.module.secrets_store_csi_driver_provider_aws.data.aws_caller_identity.current",
            "module.eks_blueprints_addons.module.secrets_store_csi_driver_provider_aws.data.aws_iam_policy_document.assume",
            "module.eks_blueprints_addons.module.secrets_store_csi_driver_provider_aws.data.aws_iam_policy_document.this",
            "module.eks_blueprints_addons.module.secrets_store_csi_driver_provider_aws.data.aws_partition.current",
            "module.eks_blueprints_addons.module.secrets_store_csi_driver_provider_aws.helm_release.this",
            "module.eks_blueprints_addons.module.velero.aws_iam_policy.this",
            "module.eks_blueprints_addons.module.velero.aws_iam_role.this",
            "module.eks_blueprints_addons.module.velero.aws_iam_role_policy_attachment.additional",
            "module.eks_blueprints_addons.module.velero.aws_iam_role_policy_attachment.this",
            "module.eks_blueprints_addons.module.velero.data.aws_caller_identity.current",
            "module.eks_blueprints_addons.module.velero.data.aws_iam_policy_document.assume",
            "module.eks_blueprints_addons.module.velero.data.aws_iam_policy_document.this",
            "module.eks_blueprints_addons.module.velero.data.aws_partition.current",
            "module.eks_blueprints_addons.module.velero.helm_release.this",
            "module.eks_blueprints_addons.module.vpa.aws_iam_policy.this",
            "module.eks_blueprints_addons.module.vpa.aws_iam_role.this",
            "module.eks_blueprints_addons.module.vpa.aws_iam_role_policy_attachment.additional",
            "module.eks_blueprints_addons.module.vpa.aws_iam_role_policy_attachment.this",
            "module.eks_blueprints_addons.module.vpa.data.aws_caller_identity.current",
            "module.eks_blueprints_addons.module.vpa.data.aws_iam_policy_document.assume",
            "module.eks_blueprints_addons.module.vpa.data.aws_iam_policy_document.this",
            "module.eks_blueprints_addons.module.vpa.data.aws_partition.current",
            "module.eks_blueprints_addons.module.vpa.helm_release.this",
            "module.eks_blueprints_addons.random_bytes.this",
            "module.eks_blueprints_addons.time_sleep.this",
            "module.vpc.aws_cloudwatch_log_group.flow_log",
            "module.vpc.aws_customer_gateway.this",
            "module.vpc.aws_db_subnet_group.database",
            "module.vpc.aws_default_network_acl.this",
            "module.vpc.aws_default_route_table.default",
            "module.vpc.aws_default_security_group.this",
            "module.vpc.aws_default_vpc.this",
            "module.vpc.aws_egress_only_internet_gateway.this",
            "module.vpc.aws_eip.nat",
            "module.vpc.aws_elasticache_subnet_group.elasticache",
            "module.vpc.aws_flow_log.this",
            "module.vpc.aws_iam_policy.vpc_flow_log_cloudwatch",
            "module.vpc.aws_iam_role.vpc_flow_log_cloudwatch",
            "module.vpc.aws_iam_role_policy_attachment.vpc_flow_log_cloudwatch",
            "module.vpc.aws_internet_gateway.this",
            "module.vpc.aws_nat_gateway.this",
            "module.vpc.aws_network_acl.database",
            "module.vpc.aws_network_acl.elasticache",
            "module.vpc.aws_network_acl.intra",
            "module.vpc.aws_network_acl.outpost",
            "module.vpc.aws_network_acl.private",
            "module.vpc.aws_network_acl.public",
            "module.vpc.aws_network_acl.redshift",
            "module.vpc.aws_network_acl_rule.database_inbound",
            "module.vpc.aws_network_acl_rule.database_outbound",
            "module.vpc.aws_network_acl_rule.elasticache_inbound",
            "module.vpc.aws_network_acl_rule.elasticache_outbound",
            "module.vpc.aws_network_acl_rule.intra_inbound",
            "module.vpc.aws_network_acl_rule.intra_outbound",
            "module.vpc.aws_network_acl_rule.outpost_inbound",
            "module.vpc.aws_network_acl_rule.outpost_outbound",
            "module.vpc.aws_network_acl_rule.private_inbound",
            "module.vpc.aws_network_acl_rule.private_outbound",
            "module.vpc.aws_network_acl_rule.public_inbound",
            "module.vpc.aws_network_acl_rule.public_outbound",
            "module.vpc.aws_network_acl_rule.redshift_inbound",
            "module.vpc.aws_network_acl_rule.redshift_outbound",
            "module.vpc.aws_redshift_subnet_group.redshift",
            "module.vpc.aws_route.database_dns64_nat_gateway",
            "module.vpc.aws_route.database_internet_gateway",
            "module.vpc.aws_route.database_ipv6_egress",
            "module.vpc.aws_route.database_nat_gateway",
            "module.vpc.aws_route.private_dns64_nat_gateway",
            "module.vpc.aws_route.private_ipv6_egress",
            "module.vpc.aws_route.private_nat_gateway",
            "module.vpc.aws_route.public_internet_gateway",
            "module.vpc.aws_route.public_internet_gateway_ipv6",
            "module.vpc.aws_route_table.database",
            "module.vpc.aws_route_table.elasticache",
            "module.vpc.aws_route_table.intra",
            "module.vpc.aws_route_table.private",
            "module.vpc.aws_route_table.public",
            "module.vpc.aws_route_table.redshift",
            "module.vpc.aws_route_table_association.database",
            "module.vpc.aws_route_table_association.elasticache",
            "module.vpc.aws_route_table_association.intra",
            "module.vpc.aws_route_table_association.outpost",
            "module.vpc.aws_route_table_association.private",
            "module.vpc.aws_route_table_association.public",
            "module.vpc.aws_route_table_association.redshift",
            "module.vpc.aws_route_table_association.redshift_public",
            "module.vpc.aws_subnet.database",
            "module.vpc.aws_subnet.elasticache",
            "module.vpc.aws_subnet.intra",
            "module.vpc.aws_subnet.outpost",
            "module.vpc.aws_subnet.private",
            "module.vpc.aws_subnet.public",
            "module.vpc.aws_subnet.redshift",
            "module.vpc.aws_vpc.this",
            "module.vpc.aws_vpc_dhcp_options.this",
            "module.vpc.aws_vpc_dhcp_options_association.this",
            "module.vpc.aws_vpc_ipv4_cidr_block_association.this",
            "module.vpc.aws_vpn_gateway.this",
            "module.vpc.aws_vpn_gateway_attachment.this",
            "module.vpc.aws_vpn_gateway_route_propagation.intra",
            "module.vpc.aws_vpn_gateway_route_propagation.private",
            "module.vpc.aws_vpn_gateway_route_propagation.public",
            "module.vpc.data.aws_caller_identity.current",
            "module.vpc.data.aws_iam_policy_document.flow_log_cloudwatch_assume_role",
            "module.vpc.data.aws_iam_policy_document.vpc_flow_log_cloudwatch",
            "module.vpc.data.aws_partition.current",
            "module.vpc.data.aws_region.current"
          ]
        }
      ]
    },
    {
      "module": "module.eks",
      "mode": "data",
      "type": "aws_caller_identity",
      "name": "current",
      "provider": "provider[\"registry.terraform.io/hashicorp/aws\"]",
      "instances": [
        {
          "index_key": 0,
          "schema_version": 0,
          "attributes": {
            "account_id": "058264364931",
            "arn": "arn:aws:sts::058264364931:assumed-role/_LocalAdmin/aws-go-sdk-1738443671246551000",
            "id": "058264364931",
            "user_id": "AROAQ3EGTU6BUG4MBAL2N:aws-go-sdk-1738443671246551000"
          },
          "sensitive_attributes": []
        }
      ]
    },
    {
      "module": "module.eks",
      "mode": "data",
      "type": "aws_eks_addon_version",
      "name": "this",
      "provider": "provider[\"registry.terraform.io/hashicorp/aws\"]",
      "instances": [
        {
          "index_key": "coredns",
          "schema_version": 0,
          "attributes": {
            "addon_name": "coredns",
            "id": "coredns",
            "kubernetes_version": "1.31",
            "most_recent": false,
            "version": "v1.11.3-eksbuild.1"
          },
          "sensitive_attributes": []
        },
        {
          "index_key": "eks-pod-identity-agent",
          "schema_version": 0,
          "attributes": {
            "addon_name": "eks-pod-identity-agent",
            "id": "eks-pod-identity-agent",
            "kubernetes_version": "1.31",
            "most_recent": false,
            "version": "v1.3.4-eksbuild.1"
          },
          "sensitive_attributes": []
        },
        {
          "index_key": "kube-proxy",
          "schema_version": 0,
          "attributes": {
            "addon_name": "kube-proxy",
            "id": "kube-proxy",
            "kubernetes_version": "1.31",
            "most_recent": false,
            "version": "v1.31.2-eksbuild.3"
          },
          "sensitive_attributes": []
        },
        {
          "index_key": "vpc-cni",
          "schema_version": 0,
          "attributes": {
            "addon_name": "vpc-cni",
            "id": "vpc-cni",
            "kubernetes_version": "1.31",
            "most_recent": false,
            "version": "v1.19.0-eksbuild.1"
          },
          "sensitive_attributes": []
        }
      ]
    },
    {
      "module": "module.eks",
      "mode": "data",
      "type": "aws_iam_policy_document",
      "name": "assume_role_policy",
      "provider": "provider[\"registry.terraform.io/hashicorp/aws\"]",
      "instances": [
        {
          "index_key": 0,
          "schema_version": 0,
          "attributes": {
            "id": "2830595799",
            "json": "{\n  \"Version\": \"2012-10-17\",\n  \"Statement\": [\n    {\n      \"Sid\": \"EKSClusterAssumeRole\",\n      \"Effect\": \"Allow\",\n      \"Action\": [\n        \"sts:TagSession\",\n        \"sts:AssumeRole\"\n      ],\n      \"Principal\": {\n        \"Service\": \"eks.amazonaws.com\"\n      }\n    }\n  ]\n}",
            "minified_json": "{\"Version\":\"2012-10-17\",\"Statement\":[{\"Sid\":\"EKSClusterAssumeRole\",\"Effect\":\"Allow\",\"Action\":[\"sts:TagSession\",\"sts:AssumeRole\"],\"Principal\":{\"Service\":\"eks.amazonaws.com\"}}]}",
            "override_json": null,
            "override_policy_documents": null,
            "policy_id": null,
            "source_json": null,
            "source_policy_documents": null,
            "statement": [
              {
                "actions": [
                  "sts:AssumeRole",
                  "sts:TagSession"
                ],
                "condition": [],
                "effect": "Allow",
                "not_actions": [],
                "not_principals": [],
                "not_resources": [],
                "principals": [
                  {
                    "identifiers": [
                      "eks.amazonaws.com"
                    ],
                    "type": "Service"
                  }
                ],
                "resources": [],
                "sid": "EKSClusterAssumeRole"
              }
            ],
            "version": "2012-10-17"
          },
          "sensitive_attributes": []
        }
      ]
    },
    {
      "module": "module.eks",
      "mode": "data",
      "type": "aws_iam_policy_document",
      "name": "cni_ipv6_policy",
      "provider": "provider[\"registry.terraform.io/hashicorp/aws\"]",
      "instances": []
    },
    {
      "module": "module.eks",
      "mode": "data",
      "type": "aws_iam_policy_document",
      "name": "custom",
      "provider": "provider[\"registry.terraform.io/hashicorp/aws\"]",
      "instances": [
        {
          "index_key": 0,
          "schema_version": 0,
          "attributes": {
            "id": "513122117",
            "json": "{\n  \"Version\": \"2012-10-17\",\n  \"Statement\": [\n    {\n      \"Sid\": \"Compute\",\n      \"Effect\": \"Allow\",\n      \"Action\": [\n        \"ec2:RunInstances\",\n        \"ec2:CreateLaunchTemplate\",\n        \"ec2:CreateFleet\"\n      ],\n      \"Resource\": \"*\",\n      \"Condition\": {\n        \"StringEquals\": {\n          \"aws:RequestTag/eks:eks-cluster-name\": \"${aws:PrincipalTag/eks:eks-cluster-name}\"\n        },\n        \"StringLike\": {\n          \"aws:RequestTag/eks:kubernetes-node-class-name\": \"*\",\n          \"aws:RequestTag/eks:kubernetes-node-pool-name\": \"*\"\n        }\n      }\n    },\n    {\n      \"Sid\": \"Storage\",\n      \"Effect\": \"Allow\",\n      \"Action\": [\n        \"ec2:CreateVolume\",\n        \"ec2:CreateSnapshot\"\n      ],\n      \"Resource\": [\n        \"arn:aws:ec2:*:*:volume/*\",\n        \"arn:aws:ec2:*:*:snapshot/*\"\n      ],\n      \"Condition\": {\n        \"StringEquals\": {\n          \"aws:RequestTag/eks:eks-cluster-name\": \"${aws:PrincipalTag/eks:eks-cluster-name}\"\n        }\n      }\n    },\n    {\n      \"Sid\": \"Networking\",\n      \"Effect\": \"Allow\",\n      \"Action\": \"ec2:CreateNetworkInterface\",\n      \"Resource\": \"*\",\n      \"Condition\": {\n        \"StringEquals\": {\n          \"aws:RequestTag/eks:eks-cluster-name\": \"${aws:PrincipalTag/eks:eks-cluster-name}\",\n          \"aws:RequestTag/eks:kubernetes-cni-node-name\": \"*\"\n        }\n      }\n    },\n    {\n      \"Sid\": \"LoadBalancer\",\n      \"Effect\": \"Allow\",\n      \"Action\": [\n        \"elasticloadbalancing:CreateTargetGroup\",\n        \"elasticloadbalancing:CreateRule\",\n        \"elasticloadbalancing:CreateLoadBalancer\",\n        \"elasticloadbalancing:CreateListener\",\n        \"ec2:CreateSecurityGroup\"\n      ],\n      \"Resource\": \"*\",\n      \"Condition\": {\n        \"StringEquals\": {\n          \"aws:RequestTag/eks:eks-cluster-name\": \"${aws:PrincipalTag/eks:eks-cluster-name}\"\n        }\n      }\n    },\n    {\n      \"Sid\": \"ShieldProtection\",\n      \"Effect\": \"Allow\",\n      \"Action\": \"shield:CreateProtection\",\n      \"Resource\": \"*\",\n      \"Condition\": {\n        \"StringEquals\": {\n          \"aws:RequestTag/eks:eks-cluster-name\": \"${aws:PrincipalTag/eks:eks-cluster-name}\"\n        }\n      }\n    },\n    {\n      \"Sid\": \"ShieldTagResource\",\n      \"Effect\": \"Allow\",\n      \"Action\": \"shield:TagResource\",\n      \"Resource\": \"arn:aws:shield::*:protection/*\",\n      \"Condition\": {\n        \"StringEquals\": {\n          \"aws:RequestTag/eks:eks-cluster-name\": \"${aws:PrincipalTag/eks:eks-cluster-name}\"\n        }\n      }\n    }\n  ]\n}",
            "minified_json": "{\"Version\":\"2012-10-17\",\"Statement\":[{\"Sid\":\"Compute\",\"Effect\":\"Allow\",\"Action\":[\"ec2:RunInstances\",\"ec2:CreateLaunchTemplate\",\"ec2:CreateFleet\"],\"Resource\":\"*\",\"Condition\":{\"StringEquals\":{\"aws:RequestTag/eks:eks-cluster-name\":\"${aws:PrincipalTag/eks:eks-cluster-name}\"},\"StringLike\":{\"aws:RequestTag/eks:kubernetes-node-class-name\":\"*\",\"aws:RequestTag/eks:kubernetes-node-pool-name\":\"*\"}}},{\"Sid\":\"Storage\",\"Effect\":\"Allow\",\"Action\":[\"ec2:CreateVolume\",\"ec2:CreateSnapshot\"],\"Resource\":[\"arn:aws:ec2:*:*:volume/*\",\"arn:aws:ec2:*:*:snapshot/*\"],\"Condition\":{\"StringEquals\":{\"aws:RequestTag/eks:eks-cluster-name\":\"${aws:PrincipalTag/eks:eks-cluster-name}\"}}},{\"Sid\":\"Networking\",\"Effect\":\"Allow\",\"Action\":\"ec2:CreateNetworkInterface\",\"Resource\":\"*\",\"Condition\":{\"StringEquals\":{\"aws:RequestTag/eks:eks-cluster-name\":\"${aws:PrincipalTag/eks:eks-cluster-name}\",\"aws:RequestTag/eks:kubernetes-cni-node-name\":\"*\"}}},{\"Sid\":\"LoadBalancer\",\"Effect\":\"Allow\",\"Action\":[\"elasticloadbalancing:CreateTargetGroup\",\"elasticloadbalancing:CreateRule\",\"elasticloadbalancing:CreateLoadBalancer\",\"elasticloadbalancing:CreateListener\",\"ec2:CreateSecurityGroup\"],\"Resource\":\"*\",\"Condition\":{\"StringEquals\":{\"aws:RequestTag/eks:eks-cluster-name\":\"${aws:PrincipalTag/eks:eks-cluster-name}\"}}},{\"Sid\":\"ShieldProtection\",\"Effect\":\"Allow\",\"Action\":\"shield:CreateProtection\",\"Resource\":\"*\",\"Condition\":{\"StringEquals\":{\"aws:RequestTag/eks:eks-cluster-name\":\"${aws:PrincipalTag/eks:eks-cluster-name}\"}}},{\"Sid\":\"ShieldTagResource\",\"Effect\":\"Allow\",\"Action\":\"shield:TagResource\",\"Resource\":\"arn:aws:shield::*:protection/*\",\"Condition\":{\"StringEquals\":{\"aws:RequestTag/eks:eks-cluster-name\":\"${aws:PrincipalTag/eks:eks-cluster-name}\"}}}]}",
            "override_json": null,
            "override_policy_documents": null,
            "policy_id": null,
            "source_json": null,
            "source_policy_documents": null,
            "statement": [
              {
                "actions": [
                  "ec2:CreateFleet",
                  "ec2:CreateLaunchTemplate",
                  "ec2:RunInstances"
                ],
                "condition": [
                  {
                    "test": "StringEquals",
                    "values": [
                      "${aws:PrincipalTag/eks:eks-cluster-name}"
                    ],
                    "variable": "aws:RequestTag/eks:eks-cluster-name"
                  },
                  {
                    "test": "StringLike",
                    "values": [
                      "*"
                    ],
                    "variable": "aws:RequestTag/eks:kubernetes-node-class-name"
                  },
                  {
                    "test": "StringLike",
                    "values": [
                      "*"
                    ],
                    "variable": "aws:RequestTag/eks:kubernetes-node-pool-name"
                  }
                ],
                "effect": "Allow",
                "not_actions": [],
                "not_principals": [],
                "not_resources": [],
                "principals": [],
                "resources": [
                  "*"
                ],
                "sid": "Compute"
              },
              {
                "actions": [
                  "ec2:CreateSnapshot",
                  "ec2:CreateVolume"
                ],
                "condition": [
                  {
                    "test": "StringEquals",
                    "values": [
                      "${aws:PrincipalTag/eks:eks-cluster-name}"
                    ],
                    "variable": "aws:RequestTag/eks:eks-cluster-name"
                  }
                ],
                "effect": "Allow",
                "not_actions": [],
                "not_principals": [],
                "not_resources": [],
                "principals": [],
                "resources": [
                  "arn:aws:ec2:*:*:snapshot/*",
                  "arn:aws:ec2:*:*:volume/*"
                ],
                "sid": "Storage"
              },
              {
                "actions": [
                  "ec2:CreateNetworkInterface"
                ],
                "condition": [
                  {
                    "test": "StringEquals",
                    "values": [
                      "${aws:PrincipalTag/eks:eks-cluster-name}"
                    ],
                    "variable": "aws:RequestTag/eks:eks-cluster-name"
                  },
                  {
                    "test": "StringEquals",
                    "values": [
                      "*"
                    ],
                    "variable": "aws:RequestTag/eks:kubernetes-cni-node-name"
                  }
                ],
                "effect": "Allow",
                "not_actions": [],
                "not_principals": [],
                "not_resources": [],
                "principals": [],
                "resources": [
                  "*"
                ],
                "sid": "Networking"
              },
              {
                "actions": [
                  "ec2:CreateSecurityGroup",
                  "elasticloadbalancing:CreateListener",
                  "elasticloadbalancing:CreateLoadBalancer",
                  "elasticloadbalancing:CreateRule",
                  "elasticloadbalancing:CreateTargetGroup"
                ],
                "condition": [
                  {
                    "test": "StringEquals",
                    "values": [
                      "${aws:PrincipalTag/eks:eks-cluster-name}"
                    ],
                    "variable": "aws:RequestTag/eks:eks-cluster-name"
                  }
                ],
                "effect": "Allow",
                "not_actions": [],
                "not_principals": [],
                "not_resources": [],
                "principals": [],
                "resources": [
                  "*"
                ],
                "sid": "LoadBalancer"
              },
              {
                "actions": [
                  "shield:CreateProtection"
                ],
                "condition": [
                  {
                    "test": "StringEquals",
                    "values": [
                      "${aws:PrincipalTag/eks:eks-cluster-name}"
                    ],
                    "variable": "aws:RequestTag/eks:eks-cluster-name"
                  }
                ],
                "effect": "Allow",
                "not_actions": [],
                "not_principals": [],
                "not_resources": [],
                "principals": [],
                "resources": [
                  "*"
                ],
                "sid": "ShieldProtection"
              },
              {
                "actions": [
                  "shield:TagResource"
                ],
                "condition": [
                  {
                    "test": "StringEquals",
                    "values": [
                      "${aws:PrincipalTag/eks:eks-cluster-name}"
                    ],
                    "variable": "aws:RequestTag/eks:eks-cluster-name"
                  }
                ],
                "effect": "Allow",
                "not_actions": [],
                "not_principals": [],
                "not_resources": [],
                "principals": [],
                "resources": [
                  "arn:aws:shield::*:protection/*"
                ],
                "sid": "ShieldTagResource"
              }
            ],
            "version": "2012-10-17"
          },
          "sensitive_attributes": []
        }
      ]
    },
    {
      "module": "module.eks",
      "mode": "data",
      "type": "aws_iam_policy_document",
      "name": "node_assume_role_policy",
      "provider": "provider[\"registry.terraform.io/hashicorp/aws\"]",
      "instances": []
    },
    {
      "module": "module.eks",
      "mode": "data",
      "type": "aws_iam_session_context",
      "name": "current",
      "provider": "provider[\"registry.terraform.io/hashicorp/aws\"]",
      "instances": [
        {
          "index_key": 0,
          "schema_version": 0,
          "attributes": {
            "arn": "arn:aws:sts::058264364931:assumed-role/_LocalAdmin/aws-go-sdk-1738443671246551000",
            "id": "arn:aws:sts::058264364931:assumed-role/_LocalAdmin/aws-go-sdk-1738443671246551000",
            "issuer_arn": "arn:aws:iam::058264364931:role/_LocalAdmin",
            "issuer_id": "AROAQ3EGTU6BUG4MBAL2N",
            "issuer_name": "_LocalAdmin",
            "session_name": "aws-go-sdk-1738443671246551000"
          },
          "sensitive_attributes": []
        }
      ]
    },
    {
      "module": "module.eks",
      "mode": "data",
      "type": "aws_partition",
      "name": "current",
      "provider": "provider[\"registry.terraform.io/hashicorp/aws\"]",
      "instances": [
        {
          "index_key": 0,
          "schema_version": 0,
          "attributes": {
            "dns_suffix": "amazonaws.com",
            "id": "aws",
            "partition": "aws",
            "reverse_dns_prefix": "com.amazonaws"
          },
          "sensitive_attributes": []
        }
      ]
    },
    {
      "module": "module.eks",
      "mode": "data",
      "type": "tls_certificate",
      "name": "this",
      "provider": "provider[\"registry.terraform.io/hashicorp/tls\"]",
      "instances": []
    },
    {
      "module": "module.eks",
      "mode": "managed",
      "type": "aws_cloudwatch_log_group",
      "name": "this",
      "provider": "provider[\"registry.terraform.io/hashicorp/aws\"]",
      "instances": [
        {
          "index_key": 0,
          "schema_version": 0,
          "attributes": {
            "arn": "arn:aws:logs:us-east-1:058264364931:log-group:/aws/eks/octopus/cluster",
            "id": "/aws/eks/octopus/cluster",
            "kms_key_id": "",
            "log_group_class": "STANDARD",
            "name": "/aws/eks/octopus/cluster",
            "name_prefix": "",
            "retention_in_days": 90,
            "skip_destroy": false,
            "tags": {
              "Name": "/aws/eks/octopus/cluster",
              "Terraform": "true"
            },
            "tags_all": {
              "Name": "/aws/eks/octopus/cluster",
              "Terraform": "true"
            }
          },
          "sensitive_attributes": [],
          "private": "bnVsbA==",
          "dependencies": [
            "data.aws_availability_zones.available",
            "module.vpc.aws_cloudwatch_log_group.flow_log",
            "module.vpc.aws_customer_gateway.this",
            "module.vpc.aws_db_subnet_group.database",
            "module.vpc.aws_default_network_acl.this",
            "module.vpc.aws_default_route_table.default",
            "module.vpc.aws_default_security_group.this",
            "module.vpc.aws_default_vpc.this",
            "module.vpc.aws_egress_only_internet_gateway.this",
            "module.vpc.aws_eip.nat",
            "module.vpc.aws_elasticache_subnet_group.elasticache",
            "module.vpc.aws_flow_log.this",
            "module.vpc.aws_iam_policy.vpc_flow_log_cloudwatch",
            "module.vpc.aws_iam_role.vpc_flow_log_cloudwatch",
            "module.vpc.aws_iam_role_policy_attachment.vpc_flow_log_cloudwatch",
            "module.vpc.aws_internet_gateway.this",
            "module.vpc.aws_nat_gateway.this",
            "module.vpc.aws_network_acl.database",
            "module.vpc.aws_network_acl.elasticache",
            "module.vpc.aws_network_acl.intra",
            "module.vpc.aws_network_acl.outpost",
            "module.vpc.aws_network_acl.private",
            "module.vpc.aws_network_acl.public",
            "module.vpc.aws_network_acl.redshift",
            "module.vpc.aws_network_acl_rule.database_inbound",
            "module.vpc.aws_network_acl_rule.database_outbound",
            "module.vpc.aws_network_acl_rule.elasticache_inbound",
            "module.vpc.aws_network_acl_rule.elasticache_outbound",
            "module.vpc.aws_network_acl_rule.intra_inbound",
            "module.vpc.aws_network_acl_rule.intra_outbound",
            "module.vpc.aws_network_acl_rule.outpost_inbound",
            "module.vpc.aws_network_acl_rule.outpost_outbound",
            "module.vpc.aws_network_acl_rule.private_inbound",
            "module.vpc.aws_network_acl_rule.private_outbound",
            "module.vpc.aws_network_acl_rule.public_inbound",
            "module.vpc.aws_network_acl_rule.public_outbound",
            "module.vpc.aws_network_acl_rule.redshift_inbound",
            "module.vpc.aws_network_acl_rule.redshift_outbound",
            "module.vpc.aws_redshift_subnet_group.redshift",
            "module.vpc.aws_route.database_dns64_nat_gateway",
            "module.vpc.aws_route.database_internet_gateway",
            "module.vpc.aws_route.database_ipv6_egress",
            "module.vpc.aws_route.database_nat_gateway",
            "module.vpc.aws_route.private_dns64_nat_gateway",
            "module.vpc.aws_route.private_ipv6_egress",
            "module.vpc.aws_route.private_nat_gateway",
            "module.vpc.aws_route.public_internet_gateway",
            "module.vpc.aws_route.public_internet_gateway_ipv6",
            "module.vpc.aws_route_table.database",
            "module.vpc.aws_route_table.elasticache",
            "module.vpc.aws_route_table.intra",
            "module.vpc.aws_route_table.private",
            "module.vpc.aws_route_table.public",
            "module.vpc.aws_route_table.redshift",
            "module.vpc.aws_route_table_association.database",
            "module.vpc.aws_route_table_association.elasticache",
            "module.vpc.aws_route_table_association.intra",
            "module.vpc.aws_route_table_association.outpost",
            "module.vpc.aws_route_table_association.private",
            "module.vpc.aws_route_table_association.public",
            "module.vpc.aws_route_table_association.redshift",
            "module.vpc.aws_route_table_association.redshift_public",
            "module.vpc.aws_subnet.database",
            "module.vpc.aws_subnet.elasticache",
            "module.vpc.aws_subnet.intra",
            "module.vpc.aws_subnet.outpost",
            "module.vpc.aws_subnet.private",
            "module.vpc.aws_subnet.public",
            "module.vpc.aws_subnet.redshift",
            "module.vpc.aws_vpc.this",
            "module.vpc.aws_vpc_dhcp_options.this",
            "module.vpc.aws_vpc_dhcp_options_association.this",
            "module.vpc.aws_vpc_ipv4_cidr_block_association.this",
            "module.vpc.aws_vpn_gateway.this",
            "module.vpc.aws_vpn_gateway_attachment.this",
            "module.vpc.aws_vpn_gateway_route_propagation.intra",
            "module.vpc.aws_vpn_gateway_route_propagation.private",
            "module.vpc.aws_vpn_gateway_route_propagation.public",
            "module.vpc.data.aws_caller_identity.current",
            "module.vpc.data.aws_iam_policy_document.flow_log_cloudwatch_assume_role",
            "module.vpc.data.aws_iam_policy_document.vpc_flow_log_cloudwatch",
            "module.vpc.data.aws_partition.current",
            "module.vpc.data.aws_region.current"
          ],
          "create_before_destroy": true
        }
      ]
    },
    {
      "module": "module.eks",
      "mode": "managed",
      "type": "aws_ec2_tag",
      "name": "cluster_primary_security_group",
      "provider": "provider[\"registry.terraform.io/hashicorp/aws\"]",
      "instances": [
        {
          "index_key": "Terraform",
          "schema_version": 0,
          "attributes": {
            "id": "sg-006bb5f78e27c6407,Terraform",
            "key": "Terraform",
            "resource_id": "sg-006bb5f78e27c6407",
            "value": "true"
          },
          "sensitive_attributes": [],
          "private": "bnVsbA==",
          "dependencies": [
            "data.aws_availability_zones.available",
            "module.eks.aws_cloudwatch_log_group.this",
            "module.eks.aws_eks_cluster.this",
            "module.eks.aws_iam_policy.cni_ipv6_policy",
            "module.eks.aws_iam_role.eks_auto",
            "module.eks.aws_iam_role.this",
            "module.eks.aws_iam_role_policy_attachment.this",
            "module.eks.aws_security_group.cluster",
            "module.eks.aws_security_group.node",
            "module.eks.aws_security_group_rule.cluster",
            "module.eks.aws_security_group_rule.node",
            "module.eks.data.aws_caller_identity.current",
            "module.eks.data.aws_iam_policy_document.assume_role_policy",
            "module.eks.data.aws_iam_policy_document.cni_ipv6_policy",
            "module.eks.data.aws_iam_policy_document.node_assume_role_policy",
            "module.eks.data.aws_iam_session_context.current",
            "module.eks.data.aws_partition.current",
            "module.eks.module.kms.aws_kms_external_key.this",
            "module.eks.module.kms.aws_kms_key.this",
            "module.eks.module.kms.aws_kms_replica_external_key.this",
            "module.eks.module.kms.aws_kms_replica_key.this",
            "module.eks.module.kms.data.aws_caller_identity.current",
            "module.eks.module.kms.data.aws_iam_policy_document.this",
            "module.eks.module.kms.data.aws_partition.current",
            "module.vpc.aws_cloudwatch_log_group.flow_log",
            "module.vpc.aws_customer_gateway.this",
            "module.vpc.aws_db_subnet_group.database",
            "module.vpc.aws_default_network_acl.this",
            "module.vpc.aws_default_route_table.default",
            "module.vpc.aws_default_security_group.this",
            "module.vpc.aws_default_vpc.this",
            "module.vpc.aws_egress_only_internet_gateway.this",
            "module.vpc.aws_eip.nat",
            "module.vpc.aws_elasticache_subnet_group.elasticache",
            "module.vpc.aws_flow_log.this",
            "module.vpc.aws_iam_policy.vpc_flow_log_cloudwatch",
            "module.vpc.aws_iam_role.vpc_flow_log_cloudwatch",
            "module.vpc.aws_iam_role_policy_attachment.vpc_flow_log_cloudwatch",
            "module.vpc.aws_internet_gateway.this",
            "module.vpc.aws_nat_gateway.this",
            "module.vpc.aws_network_acl.database",
            "module.vpc.aws_network_acl.elasticache",
            "module.vpc.aws_network_acl.intra",
            "module.vpc.aws_network_acl.outpost",
            "module.vpc.aws_network_acl.private",
            "module.vpc.aws_network_acl.public",
            "module.vpc.aws_network_acl.redshift",
            "module.vpc.aws_network_acl_rule.database_inbound",
            "module.vpc.aws_network_acl_rule.database_outbound",
            "module.vpc.aws_network_acl_rule.elasticache_inbound",
            "module.vpc.aws_network_acl_rule.elasticache_outbound",
            "module.vpc.aws_network_acl_rule.intra_inbound",
            "module.vpc.aws_network_acl_rule.intra_outbound",
            "module.vpc.aws_network_acl_rule.outpost_inbound",
            "module.vpc.aws_network_acl_rule.outpost_outbound",
            "module.vpc.aws_network_acl_rule.private_inbound",
            "module.vpc.aws_network_acl_rule.private_outbound",
            "module.vpc.aws_network_acl_rule.public_inbound",
            "module.vpc.aws_network_acl_rule.public_outbound",
            "module.vpc.aws_network_acl_rule.redshift_inbound",
            "module.vpc.aws_network_acl_rule.redshift_outbound",
            "module.vpc.aws_redshift_subnet_group.redshift",
            "module.vpc.aws_route.database_dns64_nat_gateway",
            "module.vpc.aws_route.database_internet_gateway",
            "module.vpc.aws_route.database_ipv6_egress",
            "module.vpc.aws_route.database_nat_gateway",
            "module.vpc.aws_route.private_dns64_nat_gateway",
            "module.vpc.aws_route.private_ipv6_egress",
            "module.vpc.aws_route.private_nat_gateway",
            "module.vpc.aws_route.public_internet_gateway",
            "module.vpc.aws_route.public_internet_gateway_ipv6",
            "module.vpc.aws_route_table.database",
            "module.vpc.aws_route_table.elasticache",
            "module.vpc.aws_route_table.intra",
            "module.vpc.aws_route_table.private",
            "module.vpc.aws_route_table.public",
            "module.vpc.aws_route_table.redshift",
            "module.vpc.aws_route_table_association.database",
            "module.vpc.aws_route_table_association.elasticache",
            "module.vpc.aws_route_table_association.intra",
            "module.vpc.aws_route_table_association.outpost",
            "module.vpc.aws_route_table_association.private",
            "module.vpc.aws_route_table_association.public",
            "module.vpc.aws_route_table_association.redshift",
            "module.vpc.aws_route_table_association.redshift_public",
            "module.vpc.aws_subnet.database",
            "module.vpc.aws_subnet.elasticache",
            "module.vpc.aws_subnet.intra",
            "module.vpc.aws_subnet.outpost",
            "module.vpc.aws_subnet.private",
            "module.vpc.aws_subnet.public",
            "module.vpc.aws_subnet.redshift",
            "module.vpc.aws_vpc.this",
            "module.vpc.aws_vpc_dhcp_options.this",
            "module.vpc.aws_vpc_dhcp_options_association.this",
            "module.vpc.aws_vpc_ipv4_cidr_block_association.this",
            "module.vpc.aws_vpn_gateway.this",
            "module.vpc.aws_vpn_gateway_attachment.this",
            "module.vpc.aws_vpn_gateway_route_propagation.intra",
            "module.vpc.aws_vpn_gateway_route_propagation.private",
            "module.vpc.aws_vpn_gateway_route_propagation.public",
            "module.vpc.data.aws_caller_identity.current",
            "module.vpc.data.aws_iam_policy_document.flow_log_cloudwatch_assume_role",
            "module.vpc.data.aws_iam_policy_document.vpc_flow_log_cloudwatch",
            "module.vpc.data.aws_partition.current",
            "module.vpc.data.aws_region.current"
          ],
          "create_before_destroy": true
        }
      ]
    },
    {
      "module": "module.eks",
      "mode": "managed",
      "type": "aws_eks_access_entry",
      "name": "this",
      "provider": "provider[\"registry.terraform.io/hashicorp/aws\"]",
      "instances": [
        {
          "index_key": "cluster_creator",
          "schema_version": 0,
          "attributes": {
            "access_entry_arn": "arn:aws:eks:us-east-1:058264364931:access-entry/octopus/role/058264364931/_LocalAdmin/74ca61b0-c35e-017e-3fbb-c991f888a527",
            "cluster_name": "octopus",
            "created_at": "2025-02-01T21:18:56Z",
            "id": "octopus:arn:aws:iam::058264364931:role/_LocalAdmin",
            "kubernetes_groups": [],
            "modified_at": "2025-02-01T21:18:56Z",
            "principal_arn": "arn:aws:iam::058264364931:role/_LocalAdmin",
            "tags": {
              "Terraform": "true"
            },
            "tags_all": {
              "Terraform": "true"
            },
            "timeouts": null,
            "type": "STANDARD",
            "user_name": "arn:aws:sts::058264364931:assumed-role/_LocalAdmin/{{SessionName}}"
          },
          "sensitive_attributes": [],
          "private": "eyJlMmJmYjczMC1lY2FhLTExZTYtOGY4OC0zNDM2M2JjN2M0YzAiOnsiY3JlYXRlIjo2MDAwMDAwMDAwMDAsImRlbGV0ZSI6NjAwMDAwMDAwMDAwfX0=",
          "dependencies": [
            "data.aws_availability_zones.available",
            "module.eks.aws_cloudwatch_log_group.this",
            "module.eks.aws_eks_cluster.this",
            "module.eks.aws_iam_policy.cni_ipv6_policy",
            "module.eks.aws_iam_role.eks_auto",
            "module.eks.aws_iam_role.this",
            "module.eks.aws_iam_role_policy_attachment.this",
            "module.eks.aws_security_group.cluster",
            "module.eks.aws_security_group.node",
            "module.eks.aws_security_group_rule.cluster",
            "module.eks.aws_security_group_rule.node",
            "module.eks.data.aws_caller_identity.current",
            "module.eks.data.aws_iam_policy_document.assume_role_policy",
            "module.eks.data.aws_iam_policy_document.cni_ipv6_policy",
            "module.eks.data.aws_iam_policy_document.node_assume_role_policy",
            "module.eks.data.aws_iam_session_context.current",
            "module.eks.data.aws_partition.current",
            "module.eks.module.kms.aws_kms_external_key.this",
            "module.eks.module.kms.aws_kms_key.this",
            "module.eks.module.kms.aws_kms_replica_external_key.this",
            "module.eks.module.kms.aws_kms_replica_key.this",
            "module.eks.module.kms.data.aws_caller_identity.current",
            "module.eks.module.kms.data.aws_iam_policy_document.this",
            "module.eks.module.kms.data.aws_partition.current",
            "module.vpc.aws_cloudwatch_log_group.flow_log",
            "module.vpc.aws_customer_gateway.this",
            "module.vpc.aws_db_subnet_group.database",
            "module.vpc.aws_default_network_acl.this",
            "module.vpc.aws_default_route_table.default",
            "module.vpc.aws_default_security_group.this",
            "module.vpc.aws_default_vpc.this",
            "module.vpc.aws_egress_only_internet_gateway.this",
            "module.vpc.aws_eip.nat",
            "module.vpc.aws_elasticache_subnet_group.elasticache",
            "module.vpc.aws_flow_log.this",
            "module.vpc.aws_iam_policy.vpc_flow_log_cloudwatch",
            "module.vpc.aws_iam_role.vpc_flow_log_cloudwatch",
            "module.vpc.aws_iam_role_policy_attachment.vpc_flow_log_cloudwatch",
            "module.vpc.aws_internet_gateway.this",
            "module.vpc.aws_nat_gateway.this",
            "module.vpc.aws_network_acl.database",
            "module.vpc.aws_network_acl.elasticache",
            "module.vpc.aws_network_acl.intra",
            "module.vpc.aws_network_acl.outpost",
            "module.vpc.aws_network_acl.private",
            "module.vpc.aws_network_acl.public",
            "module.vpc.aws_network_acl.redshift",
            "module.vpc.aws_network_acl_rule.database_inbound",
            "module.vpc.aws_network_acl_rule.database_outbound",
            "module.vpc.aws_network_acl_rule.elasticache_inbound",
            "module.vpc.aws_network_acl_rule.elasticache_outbound",
            "module.vpc.aws_network_acl_rule.intra_inbound",
            "module.vpc.aws_network_acl_rule.intra_outbound",
            "module.vpc.aws_network_acl_rule.outpost_inbound",
            "module.vpc.aws_network_acl_rule.outpost_outbound",
            "module.vpc.aws_network_acl_rule.private_inbound",
            "module.vpc.aws_network_acl_rule.private_outbound",
            "module.vpc.aws_network_acl_rule.public_inbound",
            "module.vpc.aws_network_acl_rule.public_outbound",
            "module.vpc.aws_network_acl_rule.redshift_inbound",
            "module.vpc.aws_network_acl_rule.redshift_outbound",
            "module.vpc.aws_redshift_subnet_group.redshift",
            "module.vpc.aws_route.database_dns64_nat_gateway",
            "module.vpc.aws_route.database_internet_gateway",
            "module.vpc.aws_route.database_ipv6_egress",
            "module.vpc.aws_route.database_nat_gateway",
            "module.vpc.aws_route.private_dns64_nat_gateway",
            "module.vpc.aws_route.private_ipv6_egress",
            "module.vpc.aws_route.private_nat_gateway",
            "module.vpc.aws_route.public_internet_gateway",
            "module.vpc.aws_route.public_internet_gateway_ipv6",
            "module.vpc.aws_route_table.database",
            "module.vpc.aws_route_table.elasticache",
            "module.vpc.aws_route_table.intra",
            "module.vpc.aws_route_table.private",
            "module.vpc.aws_route_table.public",
            "module.vpc.aws_route_table.redshift",
            "module.vpc.aws_route_table_association.database",
            "module.vpc.aws_route_table_association.elasticache",
            "module.vpc.aws_route_table_association.intra",
            "module.vpc.aws_route_table_association.outpost",
            "module.vpc.aws_route_table_association.private",
            "module.vpc.aws_route_table_association.public",
            "module.vpc.aws_route_table_association.redshift",
            "module.vpc.aws_route_table_association.redshift_public",
            "module.vpc.aws_subnet.database",
            "module.vpc.aws_subnet.elasticache",
            "module.vpc.aws_subnet.intra",
            "module.vpc.aws_subnet.outpost",
            "module.vpc.aws_subnet.private",
            "module.vpc.aws_subnet.public",
            "module.vpc.aws_subnet.redshift",
            "module.vpc.aws_vpc.this",
            "module.vpc.aws_vpc_dhcp_options.this",
            "module.vpc.aws_vpc_dhcp_options_association.this",
            "module.vpc.aws_vpc_ipv4_cidr_block_association.this",
            "module.vpc.aws_vpn_gateway.this",
            "module.vpc.aws_vpn_gateway_attachment.this",
            "module.vpc.aws_vpn_gateway_route_propagation.intra",
            "module.vpc.aws_vpn_gateway_route_propagation.private",
            "module.vpc.aws_vpn_gateway_route_propagation.public",
            "module.vpc.data.aws_caller_identity.current",
            "module.vpc.data.aws_iam_policy_document.flow_log_cloudwatch_assume_role",
            "module.vpc.data.aws_iam_policy_document.vpc_flow_log_cloudwatch",
            "module.vpc.data.aws_partition.current",
            "module.vpc.data.aws_region.current"
          ],
          "create_before_destroy": true
        }
      ]
    },
    {
      "module": "module.eks",
      "mode": "managed",
      "type": "aws_eks_access_policy_association",
      "name": "this",
      "provider": "provider[\"registry.terraform.io/hashicorp/aws\"]",
      "instances": [
        {
          "index_key": "cluster_creator_admin",
          "schema_version": 0,
          "attributes": {
            "access_scope": [
              {
                "namespaces": null,
                "type": "cluster"
              }
            ],
            "associated_at": "2025-02-01 21:18:57.291 +0000 UTC",
            "cluster_name": "octopus",
            "id": "octopus#arn:aws:iam::058264364931:role/_LocalAdmin#arn:aws:eks::aws:cluster-access-policy/AmazonEKSClusterAdminPolicy",
            "modified_at": "2025-02-01 21:18:57.291 +0000 UTC",
            "policy_arn": "arn:aws:eks::aws:cluster-access-policy/AmazonEKSClusterAdminPolicy",
            "principal_arn": "arn:aws:iam::058264364931:role/_LocalAdmin",
            "timeouts": null
          },
          "sensitive_attributes": [],
          "private": "eyJlMmJmYjczMC1lY2FhLTExZTYtOGY4OC0zNDM2M2JjN2M0YzAiOnsiY3JlYXRlIjo2MDAwMDAwMDAwMDAsImRlbGV0ZSI6NjAwMDAwMDAwMDAwfX0=",
          "dependencies": [
            "data.aws_availability_zones.available",
            "module.eks.aws_cloudwatch_log_group.this",
            "module.eks.aws_eks_access_entry.this",
            "module.eks.aws_eks_cluster.this",
            "module.eks.aws_iam_policy.cni_ipv6_policy",
            "module.eks.aws_iam_role.eks_auto",
            "module.eks.aws_iam_role.this",
            "module.eks.aws_iam_role_policy_attachment.this",
            "module.eks.aws_security_group.cluster",
            "module.eks.aws_security_group.node",
            "module.eks.aws_security_group_rule.cluster",
            "module.eks.aws_security_group_rule.node",
            "module.eks.data.aws_caller_identity.current",
            "module.eks.data.aws_iam_policy_document.assume_role_policy",
            "module.eks.data.aws_iam_policy_document.cni_ipv6_policy",
            "module.eks.data.aws_iam_policy_document.node_assume_role_policy",
            "module.eks.data.aws_iam_session_context.current",
            "module.eks.data.aws_partition.current",
            "module.eks.module.kms.aws_kms_external_key.this",
            "module.eks.module.kms.aws_kms_key.this",
            "module.eks.module.kms.aws_kms_replica_external_key.this",
            "module.eks.module.kms.aws_kms_replica_key.this",
            "module.eks.module.kms.data.aws_caller_identity.current",
            "module.eks.module.kms.data.aws_iam_policy_document.this",
            "module.eks.module.kms.data.aws_partition.current",
            "module.vpc.aws_cloudwatch_log_group.flow_log",
            "module.vpc.aws_customer_gateway.this",
            "module.vpc.aws_db_subnet_group.database",
            "module.vpc.aws_default_network_acl.this",
            "module.vpc.aws_default_route_table.default",
            "module.vpc.aws_default_security_group.this",
            "module.vpc.aws_default_vpc.this",
            "module.vpc.aws_egress_only_internet_gateway.this",
            "module.vpc.aws_eip.nat",
            "module.vpc.aws_elasticache_subnet_group.elasticache",
            "module.vpc.aws_flow_log.this",
            "module.vpc.aws_iam_policy.vpc_flow_log_cloudwatch",
            "module.vpc.aws_iam_role.vpc_flow_log_cloudwatch",
            "module.vpc.aws_iam_role_policy_attachment.vpc_flow_log_cloudwatch",
            "module.vpc.aws_internet_gateway.this",
            "module.vpc.aws_nat_gateway.this",
            "module.vpc.aws_network_acl.database",
            "module.vpc.aws_network_acl.elasticache",
            "module.vpc.aws_network_acl.intra",
            "module.vpc.aws_network_acl.outpost",
            "module.vpc.aws_network_acl.private",
            "module.vpc.aws_network_acl.public",
            "module.vpc.aws_network_acl.redshift",
            "module.vpc.aws_network_acl_rule.database_inbound",
            "module.vpc.aws_network_acl_rule.database_outbound",
            "module.vpc.aws_network_acl_rule.elasticache_inbound",
            "module.vpc.aws_network_acl_rule.elasticache_outbound",
            "module.vpc.aws_network_acl_rule.intra_inbound",
            "module.vpc.aws_network_acl_rule.intra_outbound",
            "module.vpc.aws_network_acl_rule.outpost_inbound",
            "module.vpc.aws_network_acl_rule.outpost_outbound",
            "module.vpc.aws_network_acl_rule.private_inbound",
            "module.vpc.aws_network_acl_rule.private_outbound",
            "module.vpc.aws_network_acl_rule.public_inbound",
            "module.vpc.aws_network_acl_rule.public_outbound",
            "module.vpc.aws_network_acl_rule.redshift_inbound",
            "module.vpc.aws_network_acl_rule.redshift_outbound",
            "module.vpc.aws_redshift_subnet_group.redshift",
            "module.vpc.aws_route.database_dns64_nat_gateway",
            "module.vpc.aws_route.database_internet_gateway",
            "module.vpc.aws_route.database_ipv6_egress",
            "module.vpc.aws_route.database_nat_gateway",
            "module.vpc.aws_route.private_dns64_nat_gateway",
            "module.vpc.aws_route.private_ipv6_egress",
            "module.vpc.aws_route.private_nat_gateway",
            "module.vpc.aws_route.public_internet_gateway",
            "module.vpc.aws_route.public_internet_gateway_ipv6",
            "module.vpc.aws_route_table.database",
            "module.vpc.aws_route_table.elasticache",
            "module.vpc.aws_route_table.intra",
            "module.vpc.aws_route_table.private",
            "module.vpc.aws_route_table.public",
            "module.vpc.aws_route_table.redshift",
            "module.vpc.aws_route_table_association.database",
            "module.vpc.aws_route_table_association.elasticache",
            "module.vpc.aws_route_table_association.intra",
            "module.vpc.aws_route_table_association.outpost",
            "module.vpc.aws_route_table_association.private",
            "module.vpc.aws_route_table_association.public",
            "module.vpc.aws_route_table_association.redshift",
            "module.vpc.aws_route_table_association.redshift_public",
            "module.vpc.aws_subnet.database",
            "module.vpc.aws_subnet.elasticache",
            "module.vpc.aws_subnet.intra",
            "module.vpc.aws_subnet.outpost",
            "module.vpc.aws_subnet.private",
            "module.vpc.aws_subnet.public",
            "module.vpc.aws_subnet.redshift",
            "module.vpc.aws_vpc.this",
            "module.vpc.aws_vpc_dhcp_options.this",
            "module.vpc.aws_vpc_dhcp_options_association.this",
            "module.vpc.aws_vpc_ipv4_cidr_block_association.this",
            "module.vpc.aws_vpn_gateway.this",
            "module.vpc.aws_vpn_gateway_attachment.this",
            "module.vpc.aws_vpn_gateway_route_propagation.intra",
            "module.vpc.aws_vpn_gateway_route_propagation.private",
            "module.vpc.aws_vpn_gateway_route_propagation.public",
            "module.vpc.data.aws_caller_identity.current",
            "module.vpc.data.aws_iam_policy_document.flow_log_cloudwatch_assume_role",
            "module.vpc.data.aws_iam_policy_document.vpc_flow_log_cloudwatch",
            "module.vpc.data.aws_partition.current",
            "module.vpc.data.aws_region.current"
          ],
          "create_before_destroy": true
        }
      ]
    },
    {
      "module": "module.eks",
      "mode": "managed",
      "type": "aws_eks_addon",
      "name": "before_compute",
      "provider": "provider[\"registry.terraform.io/hashicorp/aws\"]",
      "instances": []
    },
    {
      "module": "module.eks",
      "mode": "managed",
      "type": "aws_eks_addon",
      "name": "this",
      "provider": "provider[\"registry.terraform.io/hashicorp/aws\"]",
      "instances": [
        {
          "index_key": "coredns",
          "schema_version": 0,
          "attributes": {
            "addon_name": "coredns",
            "addon_version": "v1.11.3-eksbuild.1",
            "arn": "arn:aws:eks:us-east-1:058264364931:addon/octopus/coredns/0eca61b1-df3c-8271-7396-fbc9477f8bb7",
            "cluster_name": "octopus",
            "configuration_values": "",
            "created_at": "2025-02-01T21:21:21Z",
            "id": "octopus:coredns",
            "modified_at": "2025-02-01T21:21:34Z",
            "pod_identity_association": [],
            "preserve": true,
            "resolve_conflicts": null,
            "resolve_conflicts_on_create": "OVERWRITE",
            "resolve_conflicts_on_update": "OVERWRITE",
            "service_account_role_arn": "",
            "tags": {
              "Terraform": "true"
            },
            "tags_all": {
              "Terraform": "true"
            },
            "timeouts": {
              "create": null,
              "delete": null,
              "update": null
            }
          },
          "sensitive_attributes": [],
          "private": "eyJlMmJmYjczMC1lY2FhLTExZTYtOGY4OC0zNDM2M2JjN2M0YzAiOnsiY3JlYXRlIjoxMjAwMDAwMDAwMDAwLCJkZWxldGUiOjI0MDAwMDAwMDAwMDAsInVwZGF0ZSI6MTIwMDAwMDAwMDAwMH19",
          "dependencies": [
            "data.aws_availability_zones.available",
            "module.eks.aws_cloudwatch_log_group.this",
            "module.eks.aws_eks_cluster.this",
            "module.eks.aws_iam_policy.cni_ipv6_policy",
            "module.eks.aws_iam_role.eks_auto",
            "module.eks.aws_iam_role.this",
            "module.eks.aws_iam_role_policy_attachment.this",
            "module.eks.aws_security_group.cluster",
            "module.eks.aws_security_group.node",
            "module.eks.aws_security_group_rule.cluster",
            "module.eks.aws_security_group_rule.node",
            "module.eks.data.aws_caller_identity.current",
            "module.eks.data.aws_eks_addon_version.this",
            "module.eks.data.aws_iam_policy_document.assume_role_policy",
            "module.eks.data.aws_iam_policy_document.cni_ipv6_policy",
            "module.eks.data.aws_iam_policy_document.node_assume_role_policy",
            "module.eks.data.aws_iam_session_context.current",
            "module.eks.data.aws_partition.current",
            "module.eks.module.eks_managed_node_group.aws_autoscaling_schedule.this",
            "module.eks.module.eks_managed_node_group.aws_eks_node_group.this",
            "module.eks.module.eks_managed_node_group.aws_iam_role.this",
            "module.eks.module.eks_managed_node_group.aws_iam_role_policy.this",
            "module.eks.module.eks_managed_node_group.aws_iam_role_policy_attachment.additional",
            "module.eks.module.eks_managed_node_group.aws_iam_role_policy_attachment.this",
            "module.eks.module.eks_managed_node_group.aws_launch_template.this",
            "module.eks.module.eks_managed_node_group.aws_placement_group.this",
            "module.eks.module.eks_managed_node_group.data.aws_caller_identity.current",
            "module.eks.module.eks_managed_node_group.data.aws_ec2_instance_type.this",
            "module.eks.module.eks_managed_node_group.data.aws_ec2_instance_type_offerings.this",
            "module.eks.module.eks_managed_node_group.data.aws_iam_policy_document.assume_role_policy",
            "module.eks.module.eks_managed_node_group.data.aws_iam_policy_document.role",
            "module.eks.module.eks_managed_node_group.data.aws_partition.current",
            "module.eks.module.eks_managed_node_group.data.aws_ssm_parameter.ami",
            "module.eks.module.eks_managed_node_group.data.aws_subnets.placement_group",
            "module.eks.module.eks_managed_node_group.module.user_data.data.cloudinit_config.al2023_eks_managed_node_group",
            "module.eks.module.eks_managed_node_group.module.user_data.data.cloudinit_config.linux_eks_managed_node_group",
            "module.eks.module.eks_managed_node_group.module.user_data.null_resource.validate_cluster_service_cidr",
            "module.eks.module.fargate_profile.aws_eks_fargate_profile.this",
            "module.eks.module.fargate_profile.aws_iam_role.this",
            "module.eks.module.fargate_profile.aws_iam_role_policy.this",
            "module.eks.module.fargate_profile.aws_iam_role_policy_attachment.additional",
            "module.eks.module.fargate_profile.aws_iam_role_policy_attachment.this",
            "module.eks.module.fargate_profile.data.aws_caller_identity.current",
            "module.eks.module.fargate_profile.data.aws_iam_policy_document.assume_role_policy",
            "module.eks.module.fargate_profile.data.aws_iam_policy_document.role",
            "module.eks.module.fargate_profile.data.aws_partition.current",
            "module.eks.module.fargate_profile.data.aws_region.current",
            "module.eks.module.kms.aws_kms_external_key.this",
            "module.eks.module.kms.aws_kms_key.this",
            "module.eks.module.kms.aws_kms_replica_external_key.this",
            "module.eks.module.kms.aws_kms_replica_key.this",
            "module.eks.module.kms.data.aws_caller_identity.current",
            "module.eks.module.kms.data.aws_iam_policy_document.this",
            "module.eks.module.kms.data.aws_partition.current",
            "module.eks.module.self_managed_node_group.aws_autoscaling_group.this",
            "module.eks.module.self_managed_node_group.aws_autoscaling_schedule.this",
            "module.eks.module.self_managed_node_group.aws_eks_access_entry.this",
            "module.eks.module.self_managed_node_group.aws_iam_instance_profile.this",
            "module.eks.module.self_managed_node_group.aws_iam_role.this",
            "module.eks.module.self_managed_node_group.aws_iam_role_policy.this",
            "module.eks.module.self_managed_node_group.aws_iam_role_policy_attachment.additional",
            "module.eks.module.self_managed_node_group.aws_iam_role_policy_attachment.this",
            "module.eks.module.self_managed_node_group.aws_launch_template.this",
            "module.eks.module.self_managed_node_group.aws_placement_group.this",
            "module.eks.module.self_managed_node_group.data.aws_caller_identity.current",
            "module.eks.module.self_managed_node_group.data.aws_ec2_instance_type.this",
            "module.eks.module.self_managed_node_group.data.aws_ec2_instance_type_offerings.this",
            "module.eks.module.self_managed_node_group.data.aws_iam_policy_document.assume_role_policy",
            "module.eks.module.self_managed_node_group.data.aws_iam_policy_document.role",
            "module.eks.module.self_managed_node_group.data.aws_partition.current",
            "module.eks.module.self_managed_node_group.data.aws_ssm_parameter.ami",
            "module.eks.module.self_managed_node_group.data.aws_subnets.placement_group",
            "module.eks.module.self_managed_node_group.module.user_data.data.cloudinit_config.al2023_eks_managed_node_group",
            "module.eks.module.self_managed_node_group.module.user_data.data.cloudinit_config.linux_eks_managed_node_group",
            "module.eks.module.self_managed_node_group.module.user_data.null_resource.validate_cluster_service_cidr",
            "module.eks.time_sleep.this",
            "module.vpc.aws_cloudwatch_log_group.flow_log",
            "module.vpc.aws_customer_gateway.this",
            "module.vpc.aws_db_subnet_group.database",
            "module.vpc.aws_default_network_acl.this",
            "module.vpc.aws_default_route_table.default",
            "module.vpc.aws_default_security_group.this",
            "module.vpc.aws_default_vpc.this",
            "module.vpc.aws_egress_only_internet_gateway.this",
            "module.vpc.aws_eip.nat",
            "module.vpc.aws_elasticache_subnet_group.elasticache",
            "module.vpc.aws_flow_log.this",
            "module.vpc.aws_iam_policy.vpc_flow_log_cloudwatch",
            "module.vpc.aws_iam_role.vpc_flow_log_cloudwatch",
            "module.vpc.aws_iam_role_policy_attachment.vpc_flow_log_cloudwatch",
            "module.vpc.aws_internet_gateway.this",
            "module.vpc.aws_nat_gateway.this",
            "module.vpc.aws_network_acl.database",
            "module.vpc.aws_network_acl.elasticache",
            "module.vpc.aws_network_acl.intra",
            "module.vpc.aws_network_acl.outpost",
            "module.vpc.aws_network_acl.private",
            "module.vpc.aws_network_acl.public",
            "module.vpc.aws_network_acl.redshift",
            "module.vpc.aws_network_acl_rule.database_inbound",
            "module.vpc.aws_network_acl_rule.database_outbound",
            "module.vpc.aws_network_acl_rule.elasticache_inbound",
            "module.vpc.aws_network_acl_rule.elasticache_outbound",
            "module.vpc.aws_network_acl_rule.intra_inbound",
            "module.vpc.aws_network_acl_rule.intra_outbound",
            "module.vpc.aws_network_acl_rule.outpost_inbound",
            "module.vpc.aws_network_acl_rule.outpost_outbound",
            "module.vpc.aws_network_acl_rule.private_inbound",
            "module.vpc.aws_network_acl_rule.private_outbound",
            "module.vpc.aws_network_acl_rule.public_inbound",
            "module.vpc.aws_network_acl_rule.public_outbound",
            "module.vpc.aws_network_acl_rule.redshift_inbound",
            "module.vpc.aws_network_acl_rule.redshift_outbound",
            "module.vpc.aws_redshift_subnet_group.redshift",
            "module.vpc.aws_route.database_dns64_nat_gateway",
            "module.vpc.aws_route.database_internet_gateway",
            "module.vpc.aws_route.database_ipv6_egress",
            "module.vpc.aws_route.database_nat_gateway",
            "module.vpc.aws_route.private_dns64_nat_gateway",
            "module.vpc.aws_route.private_ipv6_egress",
            "module.vpc.aws_route.private_nat_gateway",
            "module.vpc.aws_route.public_internet_gateway",
            "module.vpc.aws_route.public_internet_gateway_ipv6",
            "module.vpc.aws_route_table.database",
            "module.vpc.aws_route_table.elasticache",
            "module.vpc.aws_route_table.intra",
            "module.vpc.aws_route_table.private",
            "module.vpc.aws_route_table.public",
            "module.vpc.aws_route_table.redshift",
            "module.vpc.aws_route_table_association.database",
            "module.vpc.aws_route_table_association.elasticache",
            "module.vpc.aws_route_table_association.intra",
            "module.vpc.aws_route_table_association.outpost",
            "module.vpc.aws_route_table_association.private",
            "module.vpc.aws_route_table_association.public",
            "module.vpc.aws_route_table_association.redshift",
            "module.vpc.aws_route_table_association.redshift_public",
            "module.vpc.aws_subnet.database",
            "module.vpc.aws_subnet.elasticache",
            "module.vpc.aws_subnet.intra",
            "module.vpc.aws_subnet.outpost",
            "module.vpc.aws_subnet.private",
            "module.vpc.aws_subnet.public",
            "module.vpc.aws_subnet.redshift",
            "module.vpc.aws_vpc.this",
            "module.vpc.aws_vpc_dhcp_options.this",
            "module.vpc.aws_vpc_dhcp_options_association.this",
            "module.vpc.aws_vpc_ipv4_cidr_block_association.this",
            "module.vpc.aws_vpn_gateway.this",
            "module.vpc.aws_vpn_gateway_attachment.this",
            "module.vpc.aws_vpn_gateway_route_propagation.intra",
            "module.vpc.aws_vpn_gateway_route_propagation.private",
            "module.vpc.aws_vpn_gateway_route_propagation.public",
            "module.vpc.data.aws_caller_identity.current",
            "module.vpc.data.aws_iam_policy_document.flow_log_cloudwatch_assume_role",
            "module.vpc.data.aws_iam_policy_document.vpc_flow_log_cloudwatch",
            "module.vpc.data.aws_partition.current",
            "module.vpc.data.aws_region.current"
          ],
          "create_before_destroy": true
        },
        {
          "index_key": "eks-pod-identity-agent",
          "schema_version": 0,
          "attributes": {
            "addon_name": "eks-pod-identity-agent",
            "addon_version": "v1.3.4-eksbuild.1",
            "arn": "arn:aws:eks:us-east-1:058264364931:addon/octopus/eks-pod-identity-agent/3cca61b1-df3b-7944-be02-ed391df7c86a",
            "cluster_name": "octopus",
            "configuration_values": "",
            "created_at": "2025-02-01T21:21:21Z",
            "id": "octopus:eks-pod-identity-agent",
            "modified_at": "2025-02-01T21:21:57Z",
            "pod_identity_association": [],
            "preserve": true,
            "resolve_conflicts": null,
            "resolve_conflicts_on_create": "OVERWRITE",
            "resolve_conflicts_on_update": "OVERWRITE",
            "service_account_role_arn": "",
            "tags": {
              "Terraform": "true"
            },
            "tags_all": {
              "Terraform": "true"
            },
            "timeouts": {
              "create": null,
              "delete": null,
              "update": null
            }
          },
          "sensitive_attributes": [],
          "private": "eyJlMmJmYjczMC1lY2FhLTExZTYtOGY4OC0zNDM2M2JjN2M0YzAiOnsiY3JlYXRlIjoxMjAwMDAwMDAwMDAwLCJkZWxldGUiOjI0MDAwMDAwMDAwMDAsInVwZGF0ZSI6MTIwMDAwMDAwMDAwMH19",
          "dependencies": [
            "data.aws_availability_zones.available",
            "module.eks.aws_cloudwatch_log_group.this",
            "module.eks.aws_eks_cluster.this",
            "module.eks.aws_iam_policy.cni_ipv6_policy",
            "module.eks.aws_iam_role.eks_auto",
            "module.eks.aws_iam_role.this",
            "module.eks.aws_iam_role_policy_attachment.this",
            "module.eks.aws_security_group.cluster",
            "module.eks.aws_security_group.node",
            "module.eks.aws_security_group_rule.cluster",
            "module.eks.aws_security_group_rule.node",
            "module.eks.data.aws_caller_identity.current",
            "module.eks.data.aws_eks_addon_version.this",
            "module.eks.data.aws_iam_policy_document.assume_role_policy",
            "module.eks.data.aws_iam_policy_document.cni_ipv6_policy",
            "module.eks.data.aws_iam_policy_document.node_assume_role_policy",
            "module.eks.data.aws_iam_session_context.current",
            "module.eks.data.aws_partition.current",
            "module.eks.module.eks_managed_node_group.aws_autoscaling_schedule.this",
            "module.eks.module.eks_managed_node_group.aws_eks_node_group.this",
            "module.eks.module.eks_managed_node_group.aws_iam_role.this",
            "module.eks.module.eks_managed_node_group.aws_iam_role_policy.this",
            "module.eks.module.eks_managed_node_group.aws_iam_role_policy_attachment.additional",
            "module.eks.module.eks_managed_node_group.aws_iam_role_policy_attachment.this",
            "module.eks.module.eks_managed_node_group.aws_launch_template.this",
            "module.eks.module.eks_managed_node_group.aws_placement_group.this",
            "module.eks.module.eks_managed_node_group.data.aws_caller_identity.current",
            "module.eks.module.eks_managed_node_group.data.aws_ec2_instance_type.this",
            "module.eks.module.eks_managed_node_group.data.aws_ec2_instance_type_offerings.this",
            "module.eks.module.eks_managed_node_group.data.aws_iam_policy_document.assume_role_policy",
            "module.eks.module.eks_managed_node_group.data.aws_iam_policy_document.role",
            "module.eks.module.eks_managed_node_group.data.aws_partition.current",
            "module.eks.module.eks_managed_node_group.data.aws_ssm_parameter.ami",
            "module.eks.module.eks_managed_node_group.data.aws_subnets.placement_group",
            "module.eks.module.eks_managed_node_group.module.user_data.data.cloudinit_config.al2023_eks_managed_node_group",
            "module.eks.module.eks_managed_node_group.module.user_data.data.cloudinit_config.linux_eks_managed_node_group",
            "module.eks.module.eks_managed_node_group.module.user_data.null_resource.validate_cluster_service_cidr",
            "module.eks.module.fargate_profile.aws_eks_fargate_profile.this",
            "module.eks.module.fargate_profile.aws_iam_role.this",
            "module.eks.module.fargate_profile.aws_iam_role_policy.this",
            "module.eks.module.fargate_profile.aws_iam_role_policy_attachment.additional",
            "module.eks.module.fargate_profile.aws_iam_role_policy_attachment.this",
            "module.eks.module.fargate_profile.data.aws_caller_identity.current",
            "module.eks.module.fargate_profile.data.aws_iam_policy_document.assume_role_policy",
            "module.eks.module.fargate_profile.data.aws_iam_policy_document.role",
            "module.eks.module.fargate_profile.data.aws_partition.current",
            "module.eks.module.fargate_profile.data.aws_region.current",
            "module.eks.module.kms.aws_kms_external_key.this",
            "module.eks.module.kms.aws_kms_key.this",
            "module.eks.module.kms.aws_kms_replica_external_key.this",
            "module.eks.module.kms.aws_kms_replica_key.this",
            "module.eks.module.kms.data.aws_caller_identity.current",
            "module.eks.module.kms.data.aws_iam_policy_document.this",
            "module.eks.module.kms.data.aws_partition.current",
            "module.eks.module.self_managed_node_group.aws_autoscaling_group.this",
            "module.eks.module.self_managed_node_group.aws_autoscaling_schedule.this",
            "module.eks.module.self_managed_node_group.aws_eks_access_entry.this",
            "module.eks.module.self_managed_node_group.aws_iam_instance_profile.this",
            "module.eks.module.self_managed_node_group.aws_iam_role.this",
            "module.eks.module.self_managed_node_group.aws_iam_role_policy.this",
            "module.eks.module.self_managed_node_group.aws_iam_role_policy_attachment.additional",
            "module.eks.module.self_managed_node_group.aws_iam_role_policy_attachment.this",
            "module.eks.module.self_managed_node_group.aws_launch_template.this",
            "module.eks.module.self_managed_node_group.aws_placement_group.this",
            "module.eks.module.self_managed_node_group.data.aws_caller_identity.current",
            "module.eks.module.self_managed_node_group.data.aws_ec2_instance_type.this",
            "module.eks.module.self_managed_node_group.data.aws_ec2_instance_type_offerings.this",
            "module.eks.module.self_managed_node_group.data.aws_iam_policy_document.assume_role_policy",
            "module.eks.module.self_managed_node_group.data.aws_iam_policy_document.role",
            "module.eks.module.self_managed_node_group.data.aws_partition.current",
            "module.eks.module.self_managed_node_group.data.aws_ssm_parameter.ami",
            "module.eks.module.self_managed_node_group.data.aws_subnets.placement_group",
            "module.eks.module.self_managed_node_group.module.user_data.data.cloudinit_config.al2023_eks_managed_node_group",
            "module.eks.module.self_managed_node_group.module.user_data.data.cloudinit_config.linux_eks_managed_node_group",
            "module.eks.module.self_managed_node_group.module.user_data.null_resource.validate_cluster_service_cidr",
            "module.eks.time_sleep.this",
            "module.vpc.aws_cloudwatch_log_group.flow_log",
            "module.vpc.aws_customer_gateway.this",
            "module.vpc.aws_db_subnet_group.database",
            "module.vpc.aws_default_network_acl.this",
            "module.vpc.aws_default_route_table.default",
            "module.vpc.aws_default_security_group.this",
            "module.vpc.aws_default_vpc.this",
            "module.vpc.aws_egress_only_internet_gateway.this",
            "module.vpc.aws_eip.nat",
            "module.vpc.aws_elasticache_subnet_group.elasticache",
            "module.vpc.aws_flow_log.this",
            "module.vpc.aws_iam_policy.vpc_flow_log_cloudwatch",
            "module.vpc.aws_iam_role.vpc_flow_log_cloudwatch",
            "module.vpc.aws_iam_role_policy_attachment.vpc_flow_log_cloudwatch",
            "module.vpc.aws_internet_gateway.this",
            "module.vpc.aws_nat_gateway.this",
            "module.vpc.aws_network_acl.database",
            "module.vpc.aws_network_acl.elasticache",
            "module.vpc.aws_network_acl.intra",
            "module.vpc.aws_network_acl.outpost",
            "module.vpc.aws_network_acl.private",
            "module.vpc.aws_network_acl.public",
            "module.vpc.aws_network_acl.redshift",
            "module.vpc.aws_network_acl_rule.database_inbound",
            "module.vpc.aws_network_acl_rule.database_outbound",
            "module.vpc.aws_network_acl_rule.elasticache_inbound",
            "module.vpc.aws_network_acl_rule.elasticache_outbound",
            "module.vpc.aws_network_acl_rule.intra_inbound",
            "module.vpc.aws_network_acl_rule.intra_outbound",
            "module.vpc.aws_network_acl_rule.outpost_inbound",
            "module.vpc.aws_network_acl_rule.outpost_outbound",
            "module.vpc.aws_network_acl_rule.private_inbound",
            "module.vpc.aws_network_acl_rule.private_outbound",
            "module.vpc.aws_network_acl_rule.public_inbound",
            "module.vpc.aws_network_acl_rule.public_outbound",
            "module.vpc.aws_network_acl_rule.redshift_inbound",
            "module.vpc.aws_network_acl_rule.redshift_outbound",
            "module.vpc.aws_redshift_subnet_group.redshift",
            "module.vpc.aws_route.database_dns64_nat_gateway",
            "module.vpc.aws_route.database_internet_gateway",
            "module.vpc.aws_route.database_ipv6_egress",
            "module.vpc.aws_route.database_nat_gateway",
            "module.vpc.aws_route.private_dns64_nat_gateway",
            "module.vpc.aws_route.private_ipv6_egress",
            "module.vpc.aws_route.private_nat_gateway",
            "module.vpc.aws_route.public_internet_gateway",
            "module.vpc.aws_route.public_internet_gateway_ipv6",
            "module.vpc.aws_route_table.database",
            "module.vpc.aws_route_table.elasticache",
            "module.vpc.aws_route_table.intra",
            "module.vpc.aws_route_table.private",
            "module.vpc.aws_route_table.public",
            "module.vpc.aws_route_table.redshift",
            "module.vpc.aws_route_table_association.database",
            "module.vpc.aws_route_table_association.elasticache",
            "module.vpc.aws_route_table_association.intra",
            "module.vpc.aws_route_table_association.outpost",
            "module.vpc.aws_route_table_association.private",
            "module.vpc.aws_route_table_association.public",
            "module.vpc.aws_route_table_association.redshift",
            "module.vpc.aws_route_table_association.redshift_public",
            "module.vpc.aws_subnet.database",
            "module.vpc.aws_subnet.elasticache",
            "module.vpc.aws_subnet.intra",
            "module.vpc.aws_subnet.outpost",
            "module.vpc.aws_subnet.private",
            "module.vpc.aws_subnet.public",
            "module.vpc.aws_subnet.redshift",
            "module.vpc.aws_vpc.this",
            "module.vpc.aws_vpc_dhcp_options.this",
            "module.vpc.aws_vpc_dhcp_options_association.this",
            "module.vpc.aws_vpc_ipv4_cidr_block_association.this",
            "module.vpc.aws_vpn_gateway.this",
            "module.vpc.aws_vpn_gateway_attachment.this",
            "module.vpc.aws_vpn_gateway_route_propagation.intra",
            "module.vpc.aws_vpn_gateway_route_propagation.private",
            "module.vpc.aws_vpn_gateway_route_propagation.public",
            "module.vpc.data.aws_caller_identity.current",
            "module.vpc.data.aws_iam_policy_document.flow_log_cloudwatch_assume_role",
            "module.vpc.data.aws_iam_policy_document.vpc_flow_log_cloudwatch",
            "module.vpc.data.aws_partition.current",
            "module.vpc.data.aws_region.current"
          ],
          "create_before_destroy": true
        },
        {
          "index_key": "kube-proxy",
          "schema_version": 0,
          "attributes": {
            "addon_name": "kube-proxy",
            "addon_version": "v1.31.2-eksbuild.3",
            "arn": "arn:aws:eks:us-east-1:058264364931:addon/octopus/kube-proxy/fcca61b1-df3c-423a-a83e-16a7de22dcef",
            "cluster_name": "octopus",
            "configuration_values": "",
            "created_at": "2025-02-01T21:21:21Z",
            "id": "octopus:kube-proxy",
            "modified_at": "2025-02-01T21:21:28Z",
            "pod_identity_association": [],
            "preserve": true,
            "resolve_conflicts": null,
            "resolve_conflicts_on_create": "OVERWRITE",
            "resolve_conflicts_on_update": "OVERWRITE",
            "service_account_role_arn": "",
            "tags": {
              "Terraform": "true"
            },
            "tags_all": {
              "Terraform": "true"
            },
            "timeouts": {
              "create": null,
              "delete": null,
              "update": null
            }
          },
          "sensitive_attributes": [],
          "private": "eyJlMmJmYjczMC1lY2FhLTExZTYtOGY4OC0zNDM2M2JjN2M0YzAiOnsiY3JlYXRlIjoxMjAwMDAwMDAwMDAwLCJkZWxldGUiOjI0MDAwMDAwMDAwMDAsInVwZGF0ZSI6MTIwMDAwMDAwMDAwMH19",
          "dependencies": [
            "data.aws_availability_zones.available",
            "module.eks.aws_cloudwatch_log_group.this",
            "module.eks.aws_eks_cluster.this",
            "module.eks.aws_iam_policy.cni_ipv6_policy",
            "module.eks.aws_iam_role.eks_auto",
            "module.eks.aws_iam_role.this",
            "module.eks.aws_iam_role_policy_attachment.this",
            "module.eks.aws_security_group.cluster",
            "module.eks.aws_security_group.node",
            "module.eks.aws_security_group_rule.cluster",
            "module.eks.aws_security_group_rule.node",
            "module.eks.data.aws_caller_identity.current",
            "module.eks.data.aws_eks_addon_version.this",
            "module.eks.data.aws_iam_policy_document.assume_role_policy",
            "module.eks.data.aws_iam_policy_document.cni_ipv6_policy",
            "module.eks.data.aws_iam_policy_document.node_assume_role_policy",
            "module.eks.data.aws_iam_session_context.current",
            "module.eks.data.aws_partition.current",
            "module.eks.module.eks_managed_node_group.aws_autoscaling_schedule.this",
            "module.eks.module.eks_managed_node_group.aws_eks_node_group.this",
            "module.eks.module.eks_managed_node_group.aws_iam_role.this",
            "module.eks.module.eks_managed_node_group.aws_iam_role_policy.this",
            "module.eks.module.eks_managed_node_group.aws_iam_role_policy_attachment.additional",
            "module.eks.module.eks_managed_node_group.aws_iam_role_policy_attachment.this",
            "module.eks.module.eks_managed_node_group.aws_launch_template.this",
            "module.eks.module.eks_managed_node_group.aws_placement_group.this",
            "module.eks.module.eks_managed_node_group.data.aws_caller_identity.current",
            "module.eks.module.eks_managed_node_group.data.aws_ec2_instance_type.this",
            "module.eks.module.eks_managed_node_group.data.aws_ec2_instance_type_offerings.this",
            "module.eks.module.eks_managed_node_group.data.aws_iam_policy_document.assume_role_policy",
            "module.eks.module.eks_managed_node_group.data.aws_iam_policy_document.role",
            "module.eks.module.eks_managed_node_group.data.aws_partition.current",
            "module.eks.module.eks_managed_node_group.data.aws_ssm_parameter.ami",
            "module.eks.module.eks_managed_node_group.data.aws_subnets.placement_group",
            "module.eks.module.eks_managed_node_group.module.user_data.data.cloudinit_config.al2023_eks_managed_node_group",
            "module.eks.module.eks_managed_node_group.module.user_data.data.cloudinit_config.linux_eks_managed_node_group",
            "module.eks.module.eks_managed_node_group.module.user_data.null_resource.validate_cluster_service_cidr",
            "module.eks.module.fargate_profile.aws_eks_fargate_profile.this",
            "module.eks.module.fargate_profile.aws_iam_role.this",
            "module.eks.module.fargate_profile.aws_iam_role_policy.this",
            "module.eks.module.fargate_profile.aws_iam_role_policy_attachment.additional",
            "module.eks.module.fargate_profile.aws_iam_role_policy_attachment.this",
            "module.eks.module.fargate_profile.data.aws_caller_identity.current",
            "module.eks.module.fargate_profile.data.aws_iam_policy_document.assume_role_policy",
            "module.eks.module.fargate_profile.data.aws_iam_policy_document.role",
            "module.eks.module.fargate_profile.data.aws_partition.current",
            "module.eks.module.fargate_profile.data.aws_region.current",
            "module.eks.module.kms.aws_kms_external_key.this",
            "module.eks.module.kms.aws_kms_key.this",
            "module.eks.module.kms.aws_kms_replica_external_key.this",
            "module.eks.module.kms.aws_kms_replica_key.this",
            "module.eks.module.kms.data.aws_caller_identity.current",
            "module.eks.module.kms.data.aws_iam_policy_document.this",
            "module.eks.module.kms.data.aws_partition.current",
            "module.eks.module.self_managed_node_group.aws_autoscaling_group.this",
            "module.eks.module.self_managed_node_group.aws_autoscaling_schedule.this",
            "module.eks.module.self_managed_node_group.aws_eks_access_entry.this",
            "module.eks.module.self_managed_node_group.aws_iam_instance_profile.this",
            "module.eks.module.self_managed_node_group.aws_iam_role.this",
            "module.eks.module.self_managed_node_group.aws_iam_role_policy.this",
            "module.eks.module.self_managed_node_group.aws_iam_role_policy_attachment.additional",
            "module.eks.module.self_managed_node_group.aws_iam_role_policy_attachment.this",
            "module.eks.module.self_managed_node_group.aws_launch_template.this",
            "module.eks.module.self_managed_node_group.aws_placement_group.this",
            "module.eks.module.self_managed_node_group.data.aws_caller_identity.current",
            "module.eks.module.self_managed_node_group.data.aws_ec2_instance_type.this",
            "module.eks.module.self_managed_node_group.data.aws_ec2_instance_type_offerings.this",
            "module.eks.module.self_managed_node_group.data.aws_iam_policy_document.assume_role_policy",
            "module.eks.module.self_managed_node_group.data.aws_iam_policy_document.role",
            "module.eks.module.self_managed_node_group.data.aws_partition.current",
            "module.eks.module.self_managed_node_group.data.aws_ssm_parameter.ami",
            "module.eks.module.self_managed_node_group.data.aws_subnets.placement_group",
            "module.eks.module.self_managed_node_group.module.user_data.data.cloudinit_config.al2023_eks_managed_node_group",
            "module.eks.module.self_managed_node_group.module.user_data.data.cloudinit_config.linux_eks_managed_node_group",
            "module.eks.module.self_managed_node_group.module.user_data.null_resource.validate_cluster_service_cidr",
            "module.eks.time_sleep.this",
            "module.vpc.aws_cloudwatch_log_group.flow_log",
            "module.vpc.aws_customer_gateway.this",
            "module.vpc.aws_db_subnet_group.database",
            "module.vpc.aws_default_network_acl.this",
            "module.vpc.aws_default_route_table.default",
            "module.vpc.aws_default_security_group.this",
            "module.vpc.aws_default_vpc.this",
            "module.vpc.aws_egress_only_internet_gateway.this",
            "module.vpc.aws_eip.nat",
            "module.vpc.aws_elasticache_subnet_group.elasticache",
            "module.vpc.aws_flow_log.this",
            "module.vpc.aws_iam_policy.vpc_flow_log_cloudwatch",
            "module.vpc.aws_iam_role.vpc_flow_log_cloudwatch",
            "module.vpc.aws_iam_role_policy_attachment.vpc_flow_log_cloudwatch",
            "module.vpc.aws_internet_gateway.this",
            "module.vpc.aws_nat_gateway.this",
            "module.vpc.aws_network_acl.database",
            "module.vpc.aws_network_acl.elasticache",
            "module.vpc.aws_network_acl.intra",
            "module.vpc.aws_network_acl.outpost",
            "module.vpc.aws_network_acl.private",
            "module.vpc.aws_network_acl.public",
            "module.vpc.aws_network_acl.redshift",
            "module.vpc.aws_network_acl_rule.database_inbound",
            "module.vpc.aws_network_acl_rule.database_outbound",
            "module.vpc.aws_network_acl_rule.elasticache_inbound",
            "module.vpc.aws_network_acl_rule.elasticache_outbound",
            "module.vpc.aws_network_acl_rule.intra_inbound",
            "module.vpc.aws_network_acl_rule.intra_outbound",
            "module.vpc.aws_network_acl_rule.outpost_inbound",
            "module.vpc.aws_network_acl_rule.outpost_outbound",
            "module.vpc.aws_network_acl_rule.private_inbound",
            "module.vpc.aws_network_acl_rule.private_outbound",
            "module.vpc.aws_network_acl_rule.public_inbound",
            "module.vpc.aws_network_acl_rule.public_outbound",
            "module.vpc.aws_network_acl_rule.redshift_inbound",
            "module.vpc.aws_network_acl_rule.redshift_outbound",
            "module.vpc.aws_redshift_subnet_group.redshift",
            "module.vpc.aws_route.database_dns64_nat_gateway",
            "module.vpc.aws_route.database_internet_gateway",
            "module.vpc.aws_route.database_ipv6_egress",
            "module.vpc.aws_route.database_nat_gateway",
            "module.vpc.aws_route.private_dns64_nat_gateway",
            "module.vpc.aws_route.private_ipv6_egress",
            "module.vpc.aws_route.private_nat_gateway",
            "module.vpc.aws_route.public_internet_gateway",
            "module.vpc.aws_route.public_internet_gateway_ipv6",
            "module.vpc.aws_route_table.database",
            "module.vpc.aws_route_table.elasticache",
            "module.vpc.aws_route_table.intra",
            "module.vpc.aws_route_table.private",
            "module.vpc.aws_route_table.public",
            "module.vpc.aws_route_table.redshift",
            "module.vpc.aws_route_table_association.database",
            "module.vpc.aws_route_table_association.elasticache",
            "module.vpc.aws_route_table_association.intra",
            "module.vpc.aws_route_table_association.outpost",
            "module.vpc.aws_route_table_association.private",
            "module.vpc.aws_route_table_association.public",
            "module.vpc.aws_route_table_association.redshift",
            "module.vpc.aws_route_table_association.redshift_public",
            "module.vpc.aws_subnet.database",
            "module.vpc.aws_subnet.elasticache",
            "module.vpc.aws_subnet.intra",
            "module.vpc.aws_subnet.outpost",
            "module.vpc.aws_subnet.private",
            "module.vpc.aws_subnet.public",
            "module.vpc.aws_subnet.redshift",
            "module.vpc.aws_vpc.this",
            "module.vpc.aws_vpc_dhcp_options.this",
            "module.vpc.aws_vpc_dhcp_options_association.this",
            "module.vpc.aws_vpc_ipv4_cidr_block_association.this",
            "module.vpc.aws_vpn_gateway.this",
            "module.vpc.aws_vpn_gateway_attachment.this",
            "module.vpc.aws_vpn_gateway_route_propagation.intra",
            "module.vpc.aws_vpn_gateway_route_propagation.private",
            "module.vpc.aws_vpn_gateway_route_propagation.public",
            "module.vpc.data.aws_caller_identity.current",
            "module.vpc.data.aws_iam_policy_document.flow_log_cloudwatch_assume_role",
            "module.vpc.data.aws_iam_policy_document.vpc_flow_log_cloudwatch",
            "module.vpc.data.aws_partition.current",
            "module.vpc.data.aws_region.current"
          ],
          "create_before_destroy": true
        },
        {
          "index_key": "vpc-cni",
          "schema_version": 0,
          "attributes": {
            "addon_name": "vpc-cni",
            "addon_version": "v1.19.0-eksbuild.1",
            "arn": "arn:aws:eks:us-east-1:058264364931:addon/octopus/vpc-cni/ccca61b1-df3b-551f-97b3-98351700e213",
            "cluster_name": "octopus",
            "configuration_values": "",
            "created_at": "2025-02-01T21:21:21Z",
            "id": "octopus:vpc-cni",
            "modified_at": "2025-02-01T21:21:59Z",
            "pod_identity_association": [],
            "preserve": true,
            "resolve_conflicts": null,
            "resolve_conflicts_on_create": "OVERWRITE",
            "resolve_conflicts_on_update": "OVERWRITE",
            "service_account_role_arn": "",
            "tags": {
              "Terraform": "true"
            },
            "tags_all": {
              "Terraform": "true"
            },
            "timeouts": {
              "create": null,
              "delete": null,
              "update": null
            }
          },
          "sensitive_attributes": [],
          "private": "eyJlMmJmYjczMC1lY2FhLTExZTYtOGY4OC0zNDM2M2JjN2M0YzAiOnsiY3JlYXRlIjoxMjAwMDAwMDAwMDAwLCJkZWxldGUiOjI0MDAwMDAwMDAwMDAsInVwZGF0ZSI6MTIwMDAwMDAwMDAwMH19",
          "dependencies": [
            "data.aws_availability_zones.available",
            "module.eks.aws_cloudwatch_log_group.this",
            "module.eks.aws_eks_cluster.this",
            "module.eks.aws_iam_policy.cni_ipv6_policy",
            "module.eks.aws_iam_role.eks_auto",
            "module.eks.aws_iam_role.this",
            "module.eks.aws_iam_role_policy_attachment.this",
            "module.eks.aws_security_group.cluster",
            "module.eks.aws_security_group.node",
            "module.eks.aws_security_group_rule.cluster",
            "module.eks.aws_security_group_rule.node",
            "module.eks.data.aws_caller_identity.current",
            "module.eks.data.aws_eks_addon_version.this",
            "module.eks.data.aws_iam_policy_document.assume_role_policy",
            "module.eks.data.aws_iam_policy_document.cni_ipv6_policy",
            "module.eks.data.aws_iam_policy_document.node_assume_role_policy",
            "module.eks.data.aws_iam_session_context.current",
            "module.eks.data.aws_partition.current",
            "module.eks.module.eks_managed_node_group.aws_autoscaling_schedule.this",
            "module.eks.module.eks_managed_node_group.aws_eks_node_group.this",
            "module.eks.module.eks_managed_node_group.aws_iam_role.this",
            "module.eks.module.eks_managed_node_group.aws_iam_role_policy.this",
            "module.eks.module.eks_managed_node_group.aws_iam_role_policy_attachment.additional",
            "module.eks.module.eks_managed_node_group.aws_iam_role_policy_attachment.this",
            "module.eks.module.eks_managed_node_group.aws_launch_template.this",
            "module.eks.module.eks_managed_node_group.aws_placement_group.this",
            "module.eks.module.eks_managed_node_group.data.aws_caller_identity.current",
            "module.eks.module.eks_managed_node_group.data.aws_ec2_instance_type.this",
            "module.eks.module.eks_managed_node_group.data.aws_ec2_instance_type_offerings.this",
            "module.eks.module.eks_managed_node_group.data.aws_iam_policy_document.assume_role_policy",
            "module.eks.module.eks_managed_node_group.data.aws_iam_policy_document.role",
            "module.eks.module.eks_managed_node_group.data.aws_partition.current",
            "module.eks.module.eks_managed_node_group.data.aws_ssm_parameter.ami",
            "module.eks.module.eks_managed_node_group.data.aws_subnets.placement_group",
            "module.eks.module.eks_managed_node_group.module.user_data.data.cloudinit_config.al2023_eks_managed_node_group",
            "module.eks.module.eks_managed_node_group.module.user_data.data.cloudinit_config.linux_eks_managed_node_group",
            "module.eks.module.eks_managed_node_group.module.user_data.null_resource.validate_cluster_service_cidr",
            "module.eks.module.fargate_profile.aws_eks_fargate_profile.this",
            "module.eks.module.fargate_profile.aws_iam_role.this",
            "module.eks.module.fargate_profile.aws_iam_role_policy.this",
            "module.eks.module.fargate_profile.aws_iam_role_policy_attachment.additional",
            "module.eks.module.fargate_profile.aws_iam_role_policy_attachment.this",
            "module.eks.module.fargate_profile.data.aws_caller_identity.current",
            "module.eks.module.fargate_profile.data.aws_iam_policy_document.assume_role_policy",
            "module.eks.module.fargate_profile.data.aws_iam_policy_document.role",
            "module.eks.module.fargate_profile.data.aws_partition.current",
            "module.eks.module.fargate_profile.data.aws_region.current",
            "module.eks.module.kms.aws_kms_external_key.this",
            "module.eks.module.kms.aws_kms_key.this",
            "module.eks.module.kms.aws_kms_replica_external_key.this",
            "module.eks.module.kms.aws_kms_replica_key.this",
            "module.eks.module.kms.data.aws_caller_identity.current",
            "module.eks.module.kms.data.aws_iam_policy_document.this",
            "module.eks.module.kms.data.aws_partition.current",
            "module.eks.module.self_managed_node_group.aws_autoscaling_group.this",
            "module.eks.module.self_managed_node_group.aws_autoscaling_schedule.this",
            "module.eks.module.self_managed_node_group.aws_eks_access_entry.this",
            "module.eks.module.self_managed_node_group.aws_iam_instance_profile.this",
            "module.eks.module.self_managed_node_group.aws_iam_role.this",
            "module.eks.module.self_managed_node_group.aws_iam_role_policy.this",
            "module.eks.module.self_managed_node_group.aws_iam_role_policy_attachment.additional",
            "module.eks.module.self_managed_node_group.aws_iam_role_policy_attachment.this",
            "module.eks.module.self_managed_node_group.aws_launch_template.this",
            "module.eks.module.self_managed_node_group.aws_placement_group.this",
            "module.eks.module.self_managed_node_group.data.aws_caller_identity.current",
            "module.eks.module.self_managed_node_group.data.aws_ec2_instance_type.this",
            "module.eks.module.self_managed_node_group.data.aws_ec2_instance_type_offerings.this",
            "module.eks.module.self_managed_node_group.data.aws_iam_policy_document.assume_role_policy",
            "module.eks.module.self_managed_node_group.data.aws_iam_policy_document.role",
            "module.eks.module.self_managed_node_group.data.aws_partition.current",
            "module.eks.module.self_managed_node_group.data.aws_ssm_parameter.ami",
            "module.eks.module.self_managed_node_group.data.aws_subnets.placement_group",
            "module.eks.module.self_managed_node_group.module.user_data.data.cloudinit_config.al2023_eks_managed_node_group",
            "module.eks.module.self_managed_node_group.module.user_data.data.cloudinit_config.linux_eks_managed_node_group",
            "module.eks.module.self_managed_node_group.module.user_data.null_resource.validate_cluster_service_cidr",
            "module.eks.time_sleep.this",
            "module.vpc.aws_cloudwatch_log_group.flow_log",
            "module.vpc.aws_customer_gateway.this",
            "module.vpc.aws_db_subnet_group.database",
            "module.vpc.aws_default_network_acl.this",
            "module.vpc.aws_default_route_table.default",
            "module.vpc.aws_default_security_group.this",
            "module.vpc.aws_default_vpc.this",
            "module.vpc.aws_egress_only_internet_gateway.this",
            "module.vpc.aws_eip.nat",
            "module.vpc.aws_elasticache_subnet_group.elasticache",
            "module.vpc.aws_flow_log.this",
            "module.vpc.aws_iam_policy.vpc_flow_log_cloudwatch",
            "module.vpc.aws_iam_role.vpc_flow_log_cloudwatch",
            "module.vpc.aws_iam_role_policy_attachment.vpc_flow_log_cloudwatch",
            "module.vpc.aws_internet_gateway.this",
            "module.vpc.aws_nat_gateway.this",
            "module.vpc.aws_network_acl.database",
            "module.vpc.aws_network_acl.elasticache",
            "module.vpc.aws_network_acl.intra",
            "module.vpc.aws_network_acl.outpost",
            "module.vpc.aws_network_acl.private",
            "module.vpc.aws_network_acl.public",
            "module.vpc.aws_network_acl.redshift",
            "module.vpc.aws_network_acl_rule.database_inbound",
            "module.vpc.aws_network_acl_rule.database_outbound",
            "module.vpc.aws_network_acl_rule.elasticache_inbound",
            "module.vpc.aws_network_acl_rule.elasticache_outbound",
            "module.vpc.aws_network_acl_rule.intra_inbound",
            "module.vpc.aws_network_acl_rule.intra_outbound",
            "module.vpc.aws_network_acl_rule.outpost_inbound",
            "module.vpc.aws_network_acl_rule.outpost_outbound",
            "module.vpc.aws_network_acl_rule.private_inbound",
            "module.vpc.aws_network_acl_rule.private_outbound",
            "module.vpc.aws_network_acl_rule.public_inbound",
            "module.vpc.aws_network_acl_rule.public_outbound",
            "module.vpc.aws_network_acl_rule.redshift_inbound",
            "module.vpc.aws_network_acl_rule.redshift_outbound",
            "module.vpc.aws_redshift_subnet_group.redshift",
            "module.vpc.aws_route.database_dns64_nat_gateway",
            "module.vpc.aws_route.database_internet_gateway",
            "module.vpc.aws_route.database_ipv6_egress",
            "module.vpc.aws_route.database_nat_gateway",
            "module.vpc.aws_route.private_dns64_nat_gateway",
            "module.vpc.aws_route.private_ipv6_egress",
            "module.vpc.aws_route.private_nat_gateway",
            "module.vpc.aws_route.public_internet_gateway",
            "module.vpc.aws_route.public_internet_gateway_ipv6",
            "module.vpc.aws_route_table.database",
            "module.vpc.aws_route_table.elasticache",
            "module.vpc.aws_route_table.intra",
            "module.vpc.aws_route_table.private",
            "module.vpc.aws_route_table.public",
            "module.vpc.aws_route_table.redshift",
            "module.vpc.aws_route_table_association.database",
            "module.vpc.aws_route_table_association.elasticache",
            "module.vpc.aws_route_table_association.intra",
            "module.vpc.aws_route_table_association.outpost",
            "module.vpc.aws_route_table_association.private",
            "module.vpc.aws_route_table_association.public",
            "module.vpc.aws_route_table_association.redshift",
            "module.vpc.aws_route_table_association.redshift_public",
            "module.vpc.aws_subnet.database",
            "module.vpc.aws_subnet.elasticache",
            "module.vpc.aws_subnet.intra",
            "module.vpc.aws_subnet.outpost",
            "module.vpc.aws_subnet.private",
            "module.vpc.aws_subnet.public",
            "module.vpc.aws_subnet.redshift",
            "module.vpc.aws_vpc.this",
            "module.vpc.aws_vpc_dhcp_options.this",
            "module.vpc.aws_vpc_dhcp_options_association.this",
            "module.vpc.aws_vpc_ipv4_cidr_block_association.this",
            "module.vpc.aws_vpn_gateway.this",
            "module.vpc.aws_vpn_gateway_attachment.this",
            "module.vpc.aws_vpn_gateway_route_propagation.intra",
            "module.vpc.aws_vpn_gateway_route_propagation.private",
            "module.vpc.aws_vpn_gateway_route_propagation.public",
            "module.vpc.data.aws_caller_identity.current",
            "module.vpc.data.aws_iam_policy_document.flow_log_cloudwatch_assume_role",
            "module.vpc.data.aws_iam_policy_document.vpc_flow_log_cloudwatch",
            "module.vpc.data.aws_partition.current",
            "module.vpc.data.aws_region.current"
          ],
          "create_before_destroy": true
        }
      ]
    },
    {
      "module": "module.eks",
      "mode": "managed",
      "type": "aws_eks_cluster",
      "name": "this",
      "provider": "provider[\"registry.terraform.io/hashicorp/aws\"]",
      "instances": [
        {
          "index_key": 0,
          "schema_version": 1,
          "attributes": {
            "access_config": [
              {
                "authentication_mode": "API_AND_CONFIG_MAP",
                "bootstrap_cluster_creator_admin_permissions": false
              }
            ],
            "arn": "arn:aws:eks:us-east-1:058264364931:cluster/octopus",
            "bootstrap_self_managed_addons": true,
            "certificate_authority": [
              {
                "data": "LS0tLS1CRUdJTiBDRVJUSUZJQ0FURS0tLS0tCk1JSURCVENDQWUyZ0F3SUJBZ0lJYmY3bDJCbjFydTh3RFFZSktvWklodmNOQVFFTEJRQXdGVEVUTUJFR0ExVUUKQXhNS2EzVmlaWEp1WlhSbGN6QWVGdzB5TlRBeU1ERXlNVEE0TVRCYUZ3MHpOVEF4TXpBeU1URXpNVEJhTUJVeApFekFSQmdOVkJBTVRDbXQxWW1WeWJtVjBaWE13Z2dFaU1BMEdDU3FHU0liM0RRRUJBUVVBQTRJQkR3QXdnZ0VLCkFvSUJBUURZTTFTVWJQWG93c3Bsc0RScVlEWUVwOVR6MFZBNU4rc0t5bnB0cUVkazN6SVd1NThQNkU3SnMyZUoKWlE5ZURQK284elk5cVZreTJVbk9sSkw0M01kUXNXT29qYU11aHFVeUZNZHdpalRHalBqcVJuSE5GN1cwUkZpSAoxNno1SGFBZk1KeEpDVWFzSFAzRk1SZjU3anVMUEpFS0Q5cGI3MExnTENqM0MyTll0bEJSMnF5Uk41amJib2VXCitNSUhRWTdoNFpyWHhEdjQvT2VKZGhQZkVPK1RFei9LQ0J1S1U2TEtTSE1jbUxiWWtCQ004bkV3cXBVK0k5ZncKN0JUaGtsNitvazZIWGNjNUppUmRITFRsK2g3V0VsWjF5anhraE4rTDNIZGdVOXFCZTk4Q1NsUDV2N3hmM2dVawplbHE1QnB1RjJ3akhJMTRpRmJ4ZXVrQjF5SURiQWdNQkFBR2pXVEJYTUE0R0ExVWREd0VCL3dRRUF3SUNwREFQCkJnTlZIUk1CQWY4RUJUQURBUUgvTUIwR0ExVWREZ1FXQkJUb20zcTZRQUd0OGpLTXlzSHR6OFdXNzF3OUlqQVYKQmdOVkhSRUVEakFNZ2dwcmRXSmxjbTVsZEdWek1BMEdDU3FHU0liM0RRRUJDd1VBQTRJQkFRQ2VZZ2NmZWEwTgpjRW1lY3RXaC9YOFRJWlpDNHhacnNrZnRxa3luRGE5cFFpa0JGK3FocDBoVXRQYVpqeGZrNWFPZlpiNDZxd0ZTCjBGcEo0SzJUY0QvaTJqQWJidjg3NkNFR0JpZW5TMGNVT0lwcDI0UEY2Rnl3bG5hc2Y2aC9jOWtjS1ZldmcxYUgKSHNDOFlqRFQ4dThEU1Q1dlkvWTBhZUhRaFdMRzJWbURrQ252eFUvdzh2UnZDQlVUOUVPY1FaU08yMERVMExvMApndXVuR1ArNm5vcHBSSTI1ajY2MlBhTkdWenE5dFNCTktjTkhlcHNzSUU4eHk1aDRkZ1hXVCtlNHloMi84ZHFuCmJrMnZVTjUwcm5leW1PZnBFOHZKeHBqRlg0SHpXakpFRjNaSkxxZWJYZnk5eXQyTkcySkM2ZE05WXNZUWZVZXkKZzN4Z1YvblpzRlJQCi0tLS0tRU5EIENFUlRJRklDQVRFLS0tLS0K"
              }
            ],
            "cluster_id": null,
            "compute_config": [],
            "created_at": "2025-02-01T21:03:56Z",
            "enabled_cluster_log_types": [
              "api",
              "audit",
              "authenticator"
            ],
            "encryption_config": [
              {
                "provider": [
                  {
                    "key_arn": "arn:aws:kms:us-east-1:058264364931:key/724594e2-bba1-477c-aa6a-013236ce6082"
                  }
                ],
                "resources": [
                  "secrets"
                ]
              }
            ],
            "endpoint": "https://F5B967F1C8E3D3A2E9127D81992A36F7.gr7.us-east-1.eks.amazonaws.com",
            "id": "octopus",
            "identity": [
              {
                "oidc": [
                  {
                    "issuer": "https://oidc.eks.us-east-1.amazonaws.com/id/F5B967F1C8E3D3A2E9127D81992A36F7"
                  }
                ]
              }
            ],
            "kubernetes_network_config": [
              {
                "elastic_load_balancing": [
                  {
                    "enabled": false
                  }
                ],
                "ip_family": "ipv4",
                "service_ipv4_cidr": "172.20.0.0/16",
                "service_ipv6_cidr": ""
              }
            ],
            "name": "octopus",
            "outpost_config": [],
            "platform_version": "eks.18",
            "remote_network_config": [],
            "role_arn": "arn:aws:iam::058264364931:role/octopus-cluster-20250201210328856200000006",
            "status": "ACTIVE",
            "storage_config": [],
            "tags": {
              "Terraform": "true",
              "terraform-aws-modules": "eks"
            },
            "tags_all": {
              "Terraform": "true",
              "terraform-aws-modules": "eks"
            },
            "timeouts": {
              "create": null,
              "delete": null,
              "update": null
            },
            "upgrade_policy": [
              {
                "support_type": "EXTENDED"
              }
            ],
            "version": "1.31",
            "vpc_config": [
              {
                "cluster_security_group_id": "sg-006bb5f78e27c6407",
                "endpoint_private_access": true,
                "endpoint_public_access": true,
                "public_access_cidrs": [
                  "0.0.0.0/0"
                ],
                "security_group_ids": [
                  "sg-0c5158a9d6bb04eed"
                ],
                "subnet_ids": [
                  "subnet-03bac8e152a7f2c4e",
                  "subnet-0aca40c9043cfeb23",
                  "subnet-0bbab4ed967ec029c",
                  "subnet-0c3742a471756cfa9",
                  "subnet-0eb89a551debfd6e4"
                ],
                "vpc_id": "vpc-093e4d1694f29756d"
              }
            ],
            "zonal_shift_config": []
          },
          "sensitive_attributes": [],
          "private": "eyJlMmJmYjczMC1lY2FhLTExZTYtOGY4OC0zNDM2M2JjN2M0YzAiOnsiY3JlYXRlIjoxODAwMDAwMDAwMDAwLCJkZWxldGUiOjkwMDAwMDAwMDAwMCwidXBkYXRlIjozNjAwMDAwMDAwMDAwfSwic2NoZW1hX3ZlcnNpb24iOiIxIn0=",
          "dependencies": [
            "data.aws_availability_zones.available",
            "module.eks.aws_cloudwatch_log_group.this",
            "module.eks.aws_iam_policy.cni_ipv6_policy",
            "module.eks.aws_iam_role.eks_auto",
            "module.eks.aws_iam_role.this",
            "module.eks.aws_iam_role_policy_attachment.this",
            "module.eks.aws_security_group.cluster",
            "module.eks.aws_security_group.node",
            "module.eks.aws_security_group_rule.cluster",
            "module.eks.aws_security_group_rule.node",
            "module.eks.data.aws_caller_identity.current",
            "module.eks.data.aws_iam_policy_document.assume_role_policy",
            "module.eks.data.aws_iam_policy_document.cni_ipv6_policy",
            "module.eks.data.aws_iam_policy_document.node_assume_role_policy",
            "module.eks.data.aws_iam_session_context.current",
            "module.eks.data.aws_partition.current",
            "module.eks.module.kms.aws_kms_external_key.this",
            "module.eks.module.kms.aws_kms_key.this",
            "module.eks.module.kms.aws_kms_replica_external_key.this",
            "module.eks.module.kms.aws_kms_replica_key.this",
            "module.eks.module.kms.data.aws_caller_identity.current",
            "module.eks.module.kms.data.aws_iam_policy_document.this",
            "module.eks.module.kms.data.aws_partition.current",
            "module.vpc.aws_cloudwatch_log_group.flow_log",
            "module.vpc.aws_customer_gateway.this",
            "module.vpc.aws_db_subnet_group.database",
            "module.vpc.aws_default_network_acl.this",
            "module.vpc.aws_default_route_table.default",
            "module.vpc.aws_default_security_group.this",
            "module.vpc.aws_default_vpc.this",
            "module.vpc.aws_egress_only_internet_gateway.this",
            "module.vpc.aws_eip.nat",
            "module.vpc.aws_elasticache_subnet_group.elasticache",
            "module.vpc.aws_flow_log.this",
            "module.vpc.aws_iam_policy.vpc_flow_log_cloudwatch",
            "module.vpc.aws_iam_role.vpc_flow_log_cloudwatch",
            "module.vpc.aws_iam_role_policy_attachment.vpc_flow_log_cloudwatch",
            "module.vpc.aws_internet_gateway.this",
            "module.vpc.aws_nat_gateway.this",
            "module.vpc.aws_network_acl.database",
            "module.vpc.aws_network_acl.elasticache",
            "module.vpc.aws_network_acl.intra",
            "module.vpc.aws_network_acl.outpost",
            "module.vpc.aws_network_acl.private",
            "module.vpc.aws_network_acl.public",
            "module.vpc.aws_network_acl.redshift",
            "module.vpc.aws_network_acl_rule.database_inbound",
            "module.vpc.aws_network_acl_rule.database_outbound",
            "module.vpc.aws_network_acl_rule.elasticache_inbound",
            "module.vpc.aws_network_acl_rule.elasticache_outbound",
            "module.vpc.aws_network_acl_rule.intra_inbound",
            "module.vpc.aws_network_acl_rule.intra_outbound",
            "module.vpc.aws_network_acl_rule.outpost_inbound",
            "module.vpc.aws_network_acl_rule.outpost_outbound",
            "module.vpc.aws_network_acl_rule.private_inbound",
            "module.vpc.aws_network_acl_rule.private_outbound",
            "module.vpc.aws_network_acl_rule.public_inbound",
            "module.vpc.aws_network_acl_rule.public_outbound",
            "module.vpc.aws_network_acl_rule.redshift_inbound",
            "module.vpc.aws_network_acl_rule.redshift_outbound",
            "module.vpc.aws_redshift_subnet_group.redshift",
            "module.vpc.aws_route.database_dns64_nat_gateway",
            "module.vpc.aws_route.database_internet_gateway",
            "module.vpc.aws_route.database_ipv6_egress",
            "module.vpc.aws_route.database_nat_gateway",
            "module.vpc.aws_route.private_dns64_nat_gateway",
            "module.vpc.aws_route.private_ipv6_egress",
            "module.vpc.aws_route.private_nat_gateway",
            "module.vpc.aws_route.public_internet_gateway",
            "module.vpc.aws_route.public_internet_gateway_ipv6",
            "module.vpc.aws_route_table.database",
            "module.vpc.aws_route_table.elasticache",
            "module.vpc.aws_route_table.intra",
            "module.vpc.aws_route_table.private",
            "module.vpc.aws_route_table.public",
            "module.vpc.aws_route_table.redshift",
            "module.vpc.aws_route_table_association.database",
            "module.vpc.aws_route_table_association.elasticache",
            "module.vpc.aws_route_table_association.intra",
            "module.vpc.aws_route_table_association.outpost",
            "module.vpc.aws_route_table_association.private",
            "module.vpc.aws_route_table_association.public",
            "module.vpc.aws_route_table_association.redshift",
            "module.vpc.aws_route_table_association.redshift_public",
            "module.vpc.aws_subnet.database",
            "module.vpc.aws_subnet.elasticache",
            "module.vpc.aws_subnet.intra",
            "module.vpc.aws_subnet.outpost",
            "module.vpc.aws_subnet.private",
            "module.vpc.aws_subnet.public",
            "module.vpc.aws_subnet.redshift",
            "module.vpc.aws_vpc.this",
            "module.vpc.aws_vpc_dhcp_options.this",
            "module.vpc.aws_vpc_dhcp_options_association.this",
            "module.vpc.aws_vpc_ipv4_cidr_block_association.this",
            "module.vpc.aws_vpn_gateway.this",
            "module.vpc.aws_vpn_gateway_attachment.this",
            "module.vpc.aws_vpn_gateway_route_propagation.intra",
            "module.vpc.aws_vpn_gateway_route_propagation.private",
            "module.vpc.aws_vpn_gateway_route_propagation.public",
            "module.vpc.data.aws_caller_identity.current",
            "module.vpc.data.aws_iam_policy_document.flow_log_cloudwatch_assume_role",
            "module.vpc.data.aws_iam_policy_document.vpc_flow_log_cloudwatch",
            "module.vpc.data.aws_partition.current",
            "module.vpc.data.aws_region.current"
          ],
          "create_before_destroy": true
        }
      ]
    },
    {
      "module": "module.eks",
      "mode": "managed",
      "type": "aws_eks_identity_provider_config",
      "name": "this",
      "provider": "provider[\"registry.terraform.io/hashicorp/aws\"]",
      "instances": []
    },
    {
      "module": "module.eks",
      "mode": "managed",
      "type": "aws_iam_openid_connect_provider",
      "name": "oidc_provider",
      "provider": "provider[\"registry.terraform.io/hashicorp/aws\"]",
      "instances": []
    },
    {
      "module": "module.eks",
      "mode": "managed",
      "type": "aws_iam_policy",
      "name": "cluster_encryption",
      "provider": "provider[\"registry.terraform.io/hashicorp/aws\"]",
      "instances": [
        {
          "index_key": 0,
          "schema_version": 0,
          "attributes": {
            "arn": "arn:aws:iam::058264364931:policy/octopus-cluster-ClusterEncryption20250201210354170800000011",
            "attachment_count": 0,
            "description": "Cluster encryption policy to allow cluster role to utilize CMK provided",
            "id": "arn:aws:iam::058264364931:policy/octopus-cluster-ClusterEncryption20250201210354170800000011",
            "name": "octopus-cluster-ClusterEncryption20250201210354170800000011",
            "name_prefix": "octopus-cluster-ClusterEncryption",
            "path": "/",
            "policy": "{\"Statement\":[{\"Action\":[\"kms:Encrypt\",\"kms:Decrypt\",\"kms:ListGrants\",\"kms:DescribeKey\"],\"Effect\":\"Allow\",\"Resource\":\"arn:aws:kms:us-east-1:058264364931:key/724594e2-bba1-477c-aa6a-013236ce6082\"}],\"Version\":\"2012-10-17\"}",
            "policy_id": "ANPAQ3EGTU6BYM47B6DRC",
            "tags": {
              "Terraform": "true"
            },
            "tags_all": {
              "Terraform": "true"
            }
          },
          "sensitive_attributes": [],
          "private": "bnVsbA==",
          "dependencies": [
            "data.aws_availability_zones.available",
            "module.eks.aws_iam_role.this",
            "module.eks.data.aws_caller_identity.current",
            "module.eks.data.aws_iam_policy_document.assume_role_policy",
            "module.eks.data.aws_iam_session_context.current",
            "module.eks.module.kms.aws_kms_external_key.this",
            "module.eks.module.kms.aws_kms_key.this",
            "module.eks.module.kms.aws_kms_replica_external_key.this",
            "module.eks.module.kms.aws_kms_replica_key.this",
            "module.eks.module.kms.data.aws_caller_identity.current",
            "module.eks.module.kms.data.aws_iam_policy_document.this",
            "module.eks.module.kms.data.aws_partition.current",
            "module.vpc.aws_cloudwatch_log_group.flow_log",
            "module.vpc.aws_customer_gateway.this",
            "module.vpc.aws_db_subnet_group.database",
            "module.vpc.aws_default_network_acl.this",
            "module.vpc.aws_default_route_table.default",
            "module.vpc.aws_default_security_group.this",
            "module.vpc.aws_default_vpc.this",
            "module.vpc.aws_egress_only_internet_gateway.this",
            "module.vpc.aws_eip.nat",
            "module.vpc.aws_elasticache_subnet_group.elasticache",
            "module.vpc.aws_flow_log.this",
            "module.vpc.aws_iam_policy.vpc_flow_log_cloudwatch",
            "module.vpc.aws_iam_role.vpc_flow_log_cloudwatch",
            "module.vpc.aws_iam_role_policy_attachment.vpc_flow_log_cloudwatch",
            "module.vpc.aws_internet_gateway.this",
            "module.vpc.aws_nat_gateway.this",
            "module.vpc.aws_network_acl.database",
            "module.vpc.aws_network_acl.elasticache",
            "module.vpc.aws_network_acl.intra",
            "module.vpc.aws_network_acl.outpost",
            "module.vpc.aws_network_acl.private",
            "module.vpc.aws_network_acl.public",
            "module.vpc.aws_network_acl.redshift",
            "module.vpc.aws_network_acl_rule.database_inbound",
            "module.vpc.aws_network_acl_rule.database_outbound",
            "module.vpc.aws_network_acl_rule.elasticache_inbound",
            "module.vpc.aws_network_acl_rule.elasticache_outbound",
            "module.vpc.aws_network_acl_rule.intra_inbound",
            "module.vpc.aws_network_acl_rule.intra_outbound",
            "module.vpc.aws_network_acl_rule.outpost_inbound",
            "module.vpc.aws_network_acl_rule.outpost_outbound",
            "module.vpc.aws_network_acl_rule.private_inbound",
            "module.vpc.aws_network_acl_rule.private_outbound",
            "module.vpc.aws_network_acl_rule.public_inbound",
            "module.vpc.aws_network_acl_rule.public_outbound",
            "module.vpc.aws_network_acl_rule.redshift_inbound",
            "module.vpc.aws_network_acl_rule.redshift_outbound",
            "module.vpc.aws_redshift_subnet_group.redshift",
            "module.vpc.aws_route.database_dns64_nat_gateway",
            "module.vpc.aws_route.database_internet_gateway",
            "module.vpc.aws_route.database_ipv6_egress",
            "module.vpc.aws_route.database_nat_gateway",
            "module.vpc.aws_route.private_dns64_nat_gateway",
            "module.vpc.aws_route.private_ipv6_egress",
            "module.vpc.aws_route.private_nat_gateway",
            "module.vpc.aws_route.public_internet_gateway",
            "module.vpc.aws_route.public_internet_gateway_ipv6",
            "module.vpc.aws_route_table.database",
            "module.vpc.aws_route_table.elasticache",
            "module.vpc.aws_route_table.intra",
            "module.vpc.aws_route_table.private",
            "module.vpc.aws_route_table.public",
            "module.vpc.aws_route_table.redshift",
            "module.vpc.aws_route_table_association.database",
            "module.vpc.aws_route_table_association.elasticache",
            "module.vpc.aws_route_table_association.intra",
            "module.vpc.aws_route_table_association.outpost",
            "module.vpc.aws_route_table_association.private",
            "module.vpc.aws_route_table_association.public",
            "module.vpc.aws_route_table_association.redshift",
            "module.vpc.aws_route_table_association.redshift_public",
            "module.vpc.aws_subnet.database",
            "module.vpc.aws_subnet.elasticache",
            "module.vpc.aws_subnet.intra",
            "module.vpc.aws_subnet.outpost",
            "module.vpc.aws_subnet.private",
            "module.vpc.aws_subnet.public",
            "module.vpc.aws_subnet.redshift",
            "module.vpc.aws_vpc.this",
            "module.vpc.aws_vpc_dhcp_options.this",
            "module.vpc.aws_vpc_dhcp_options_association.this",
            "module.vpc.aws_vpc_ipv4_cidr_block_association.this",
            "module.vpc.aws_vpn_gateway.this",
            "module.vpc.aws_vpn_gateway_attachment.this",
            "module.vpc.aws_vpn_gateway_route_propagation.intra",
            "module.vpc.aws_vpn_gateway_route_propagation.private",
            "module.vpc.aws_vpn_gateway_route_propagation.public",
            "module.vpc.data.aws_caller_identity.current",
            "module.vpc.data.aws_iam_policy_document.flow_log_cloudwatch_assume_role",
            "module.vpc.data.aws_iam_policy_document.vpc_flow_log_cloudwatch",
            "module.vpc.data.aws_partition.current",
            "module.vpc.data.aws_region.current"
          ],
          "create_before_destroy": true
        }
      ]
    },
    {
      "module": "module.eks",
      "mode": "managed",
      "type": "aws_iam_policy",
      "name": "cni_ipv6_policy",
      "provider": "provider[\"registry.terraform.io/hashicorp/aws\"]",
      "instances": []
    },
    {
      "module": "module.eks",
      "mode": "managed",
      "type": "aws_iam_policy",
      "name": "custom",
      "provider": "provider[\"registry.terraform.io/hashicorp/aws\"]",
      "instances": [
        {
          "index_key": 0,
          "schema_version": 0,
          "attributes": {
            "arn": "arn:aws:iam::058264364931:policy/octopus-cluster-20250201210328856300000007",
            "attachment_count": 0,
            "description": "",
            "id": "arn:aws:iam::058264364931:policy/octopus-cluster-20250201210328856300000007",
            "name": "octopus-cluster-20250201210328856300000007",
            "name_prefix": "octopus-cluster-",
            "path": "/",
            "policy": "{\"Statement\":[{\"Action\":[\"ec2:RunInstances\",\"ec2:CreateLaunchTemplate\",\"ec2:CreateFleet\"],\"Condition\":{\"StringEquals\":{\"aws:RequestTag/eks:eks-cluster-name\":\"${aws:PrincipalTag/eks:eks-cluster-name}\"},\"StringLike\":{\"aws:RequestTag/eks:kubernetes-node-class-name\":\"*\",\"aws:RequestTag/eks:kubernetes-node-pool-name\":\"*\"}},\"Effect\":\"Allow\",\"Resource\":\"*\",\"Sid\":\"Compute\"},{\"Action\":[\"ec2:CreateVolume\",\"ec2:CreateSnapshot\"],\"Condition\":{\"StringEquals\":{\"aws:RequestTag/eks:eks-cluster-name\":\"${aws:PrincipalTag/eks:eks-cluster-name}\"}},\"Effect\":\"Allow\",\"Resource\":[\"arn:aws:ec2:*:*:volume/*\",\"arn:aws:ec2:*:*:snapshot/*\"],\"Sid\":\"Storage\"},{\"Action\":\"ec2:CreateNetworkInterface\",\"Condition\":{\"StringEquals\":{\"aws:RequestTag/eks:eks-cluster-name\":\"${aws:PrincipalTag/eks:eks-cluster-name}\",\"aws:RequestTag/eks:kubernetes-cni-node-name\":\"*\"}},\"Effect\":\"Allow\",\"Resource\":\"*\",\"Sid\":\"Networking\"},{\"Action\":[\"elasticloadbalancing:CreateTargetGroup\",\"elasticloadbalancing:CreateRule\",\"elasticloadbalancing:CreateLoadBalancer\",\"elasticloadbalancing:CreateListener\",\"ec2:CreateSecurityGroup\"],\"Condition\":{\"StringEquals\":{\"aws:RequestTag/eks:eks-cluster-name\":\"${aws:PrincipalTag/eks:eks-cluster-name}\"}},\"Effect\":\"Allow\",\"Resource\":\"*\",\"Sid\":\"LoadBalancer\"},{\"Action\":\"shield:CreateProtection\",\"Condition\":{\"StringEquals\":{\"aws:RequestTag/eks:eks-cluster-name\":\"${aws:PrincipalTag/eks:eks-cluster-name}\"}},\"Effect\":\"Allow\",\"Resource\":\"*\",\"Sid\":\"ShieldProtection\"},{\"Action\":\"shield:TagResource\",\"Condition\":{\"StringEquals\":{\"aws:RequestTag/eks:eks-cluster-name\":\"${aws:PrincipalTag/eks:eks-cluster-name}\"}},\"Effect\":\"Allow\",\"Resource\":\"arn:aws:shield::*:protection/*\",\"Sid\":\"ShieldTagResource\"}],\"Version\":\"2012-10-17\"}",
            "policy_id": "ANPAQ3EGTU6B3DJVF6QX7",
            "tags": {
              "Terraform": "true"
            },
            "tags_all": {
              "Terraform": "true"
            }
          },
          "sensitive_attributes": [],
          "private": "bnVsbA==",
          "dependencies": [
            "data.aws_availability_zones.available",
            "module.eks.data.aws_iam_policy_document.custom",
            "module.eks.data.aws_partition.current",
            "module.vpc.aws_cloudwatch_log_group.flow_log",
            "module.vpc.aws_customer_gateway.this",
            "module.vpc.aws_db_subnet_group.database",
            "module.vpc.aws_default_network_acl.this",
            "module.vpc.aws_default_route_table.default",
            "module.vpc.aws_default_security_group.this",
            "module.vpc.aws_default_vpc.this",
            "module.vpc.aws_egress_only_internet_gateway.this",
            "module.vpc.aws_eip.nat",
            "module.vpc.aws_elasticache_subnet_group.elasticache",
            "module.vpc.aws_flow_log.this",
            "module.vpc.aws_iam_policy.vpc_flow_log_cloudwatch",
            "module.vpc.aws_iam_role.vpc_flow_log_cloudwatch",
            "module.vpc.aws_iam_role_policy_attachment.vpc_flow_log_cloudwatch",
            "module.vpc.aws_internet_gateway.this",
            "module.vpc.aws_nat_gateway.this",
            "module.vpc.aws_network_acl.database",
            "module.vpc.aws_network_acl.elasticache",
            "module.vpc.aws_network_acl.intra",
            "module.vpc.aws_network_acl.outpost",
            "module.vpc.aws_network_acl.private",
            "module.vpc.aws_network_acl.public",
            "module.vpc.aws_network_acl.redshift",
            "module.vpc.aws_network_acl_rule.database_inbound",
            "module.vpc.aws_network_acl_rule.database_outbound",
            "module.vpc.aws_network_acl_rule.elasticache_inbound",
            "module.vpc.aws_network_acl_rule.elasticache_outbound",
            "module.vpc.aws_network_acl_rule.intra_inbound",
            "module.vpc.aws_network_acl_rule.intra_outbound",
            "module.vpc.aws_network_acl_rule.outpost_inbound",
            "module.vpc.aws_network_acl_rule.outpost_outbound",
            "module.vpc.aws_network_acl_rule.private_inbound",
            "module.vpc.aws_network_acl_rule.private_outbound",
            "module.vpc.aws_network_acl_rule.public_inbound",
            "module.vpc.aws_network_acl_rule.public_outbound",
            "module.vpc.aws_network_acl_rule.redshift_inbound",
            "module.vpc.aws_network_acl_rule.redshift_outbound",
            "module.vpc.aws_redshift_subnet_group.redshift",
            "module.vpc.aws_route.database_dns64_nat_gateway",
            "module.vpc.aws_route.database_internet_gateway",
            "module.vpc.aws_route.database_ipv6_egress",
            "module.vpc.aws_route.database_nat_gateway",
            "module.vpc.aws_route.private_dns64_nat_gateway",
            "module.vpc.aws_route.private_ipv6_egress",
            "module.vpc.aws_route.private_nat_gateway",
            "module.vpc.aws_route.public_internet_gateway",
            "module.vpc.aws_route.public_internet_gateway_ipv6",
            "module.vpc.aws_route_table.database",
            "module.vpc.aws_route_table.elasticache",
            "module.vpc.aws_route_table.intra",
            "module.vpc.aws_route_table.private",
            "module.vpc.aws_route_table.public",
            "module.vpc.aws_route_table.redshift",
            "module.vpc.aws_route_table_association.database",
            "module.vpc.aws_route_table_association.elasticache",
            "module.vpc.aws_route_table_association.intra",
            "module.vpc.aws_route_table_association.outpost",
            "module.vpc.aws_route_table_association.private",
            "module.vpc.aws_route_table_association.public",
            "module.vpc.aws_route_table_association.redshift",
            "module.vpc.aws_route_table_association.redshift_public",
            "module.vpc.aws_subnet.database",
            "module.vpc.aws_subnet.elasticache",
            "module.vpc.aws_subnet.intra",
            "module.vpc.aws_subnet.outpost",
            "module.vpc.aws_subnet.private",
            "module.vpc.aws_subnet.public",
            "module.vpc.aws_subnet.redshift",
            "module.vpc.aws_vpc.this",
            "module.vpc.aws_vpc_dhcp_options.this",
            "module.vpc.aws_vpc_dhcp_options_association.this",
            "module.vpc.aws_vpc_ipv4_cidr_block_association.this",
            "module.vpc.aws_vpn_gateway.this",
            "module.vpc.aws_vpn_gateway_attachment.this",
            "module.vpc.aws_vpn_gateway_route_propagation.intra",
            "module.vpc.aws_vpn_gateway_route_propagation.private",
            "module.vpc.aws_vpn_gateway_route_propagation.public",
            "module.vpc.data.aws_caller_identity.current",
            "module.vpc.data.aws_iam_policy_document.flow_log_cloudwatch_assume_role",
            "module.vpc.data.aws_iam_policy_document.vpc_flow_log_cloudwatch",
            "module.vpc.data.aws_partition.current",
            "module.vpc.data.aws_region.current"
          ],
          "create_before_destroy": true
        }
      ]
    },
    {
      "module": "module.eks",
      "mode": "managed",
      "type": "aws_iam_role",
      "name": "eks_auto",
      "provider": "provider[\"registry.terraform.io/hashicorp/aws\"]",
      "instances": []
    },
    {
      "module": "module.eks",
      "mode": "managed",
      "type": "aws_iam_role",
      "name": "this",
      "provider": "provider[\"registry.terraform.io/hashicorp/aws\"]",
      "instances": [
        {
          "index_key": 0,
          "schema_version": 0,
          "attributes": {
            "arn": "arn:aws:iam::058264364931:role/octopus-cluster-20250201210328856200000006",
            "assume_role_policy": "{\"Statement\":[{\"Action\":[\"sts:TagSession\",\"sts:AssumeRole\"],\"Effect\":\"Allow\",\"Principal\":{\"Service\":\"eks.amazonaws.com\"},\"Sid\":\"EKSClusterAssumeRole\"}],\"Version\":\"2012-10-17\"}",
            "create_date": "2025-02-01T21:03:29Z",
            "description": "",
            "force_detach_policies": true,
            "id": "octopus-cluster-20250201210328856200000006",
            "inline_policy": [],
            "managed_policy_arns": [],
            "max_session_duration": 3600,
            "name": "octopus-cluster-20250201210328856200000006",
            "name_prefix": "octopus-cluster-",
            "path": "/",
            "permissions_boundary": "",
            "tags": {
              "Terraform": "true"
            },
            "tags_all": {
              "Terraform": "true"
            },
            "unique_id": "AROAQ3EGTU6BX27EK5FKP"
          },
          "sensitive_attributes": [],
          "private": "bnVsbA==",
          "dependencies": [
            "data.aws_availability_zones.available",
            "module.eks.data.aws_iam_policy_document.assume_role_policy",
            "module.vpc.aws_cloudwatch_log_group.flow_log",
            "module.vpc.aws_customer_gateway.this",
            "module.vpc.aws_db_subnet_group.database",
            "module.vpc.aws_default_network_acl.this",
            "module.vpc.aws_default_route_table.default",
            "module.vpc.aws_default_security_group.this",
            "module.vpc.aws_default_vpc.this",
            "module.vpc.aws_egress_only_internet_gateway.this",
            "module.vpc.aws_eip.nat",
            "module.vpc.aws_elasticache_subnet_group.elasticache",
            "module.vpc.aws_flow_log.this",
            "module.vpc.aws_iam_policy.vpc_flow_log_cloudwatch",
            "module.vpc.aws_iam_role.vpc_flow_log_cloudwatch",
            "module.vpc.aws_iam_role_policy_attachment.vpc_flow_log_cloudwatch",
            "module.vpc.aws_internet_gateway.this",
            "module.vpc.aws_nat_gateway.this",
            "module.vpc.aws_network_acl.database",
            "module.vpc.aws_network_acl.elasticache",
            "module.vpc.aws_network_acl.intra",
            "module.vpc.aws_network_acl.outpost",
            "module.vpc.aws_network_acl.private",
            "module.vpc.aws_network_acl.public",
            "module.vpc.aws_network_acl.redshift",
            "module.vpc.aws_network_acl_rule.database_inbound",
            "module.vpc.aws_network_acl_rule.database_outbound",
            "module.vpc.aws_network_acl_rule.elasticache_inbound",
            "module.vpc.aws_network_acl_rule.elasticache_outbound",
            "module.vpc.aws_network_acl_rule.intra_inbound",
            "module.vpc.aws_network_acl_rule.intra_outbound",
            "module.vpc.aws_network_acl_rule.outpost_inbound",
            "module.vpc.aws_network_acl_rule.outpost_outbound",
            "module.vpc.aws_network_acl_rule.private_inbound",
            "module.vpc.aws_network_acl_rule.private_outbound",
            "module.vpc.aws_network_acl_rule.public_inbound",
            "module.vpc.aws_network_acl_rule.public_outbound",
            "module.vpc.aws_network_acl_rule.redshift_inbound",
            "module.vpc.aws_network_acl_rule.redshift_outbound",
            "module.vpc.aws_redshift_subnet_group.redshift",
            "module.vpc.aws_route.database_dns64_nat_gateway",
            "module.vpc.aws_route.database_internet_gateway",
            "module.vpc.aws_route.database_ipv6_egress",
            "module.vpc.aws_route.database_nat_gateway",
            "module.vpc.aws_route.private_dns64_nat_gateway",
            "module.vpc.aws_route.private_ipv6_egress",
            "module.vpc.aws_route.private_nat_gateway",
            "module.vpc.aws_route.public_internet_gateway",
            "module.vpc.aws_route.public_internet_gateway_ipv6",
            "module.vpc.aws_route_table.database",
            "module.vpc.aws_route_table.elasticache",
            "module.vpc.aws_route_table.intra",
            "module.vpc.aws_route_table.private",
            "module.vpc.aws_route_table.public",
            "module.vpc.aws_route_table.redshift",
            "module.vpc.aws_route_table_association.database",
            "module.vpc.aws_route_table_association.elasticache",
            "module.vpc.aws_route_table_association.intra",
            "module.vpc.aws_route_table_association.outpost",
            "module.vpc.aws_route_table_association.private",
            "module.vpc.aws_route_table_association.public",
            "module.vpc.aws_route_table_association.redshift",
            "module.vpc.aws_route_table_association.redshift_public",
            "module.vpc.aws_subnet.database",
            "module.vpc.aws_subnet.elasticache",
            "module.vpc.aws_subnet.intra",
            "module.vpc.aws_subnet.outpost",
            "module.vpc.aws_subnet.private",
            "module.vpc.aws_subnet.public",
            "module.vpc.aws_subnet.redshift",
            "module.vpc.aws_vpc.this",
            "module.vpc.aws_vpc_dhcp_options.this",
            "module.vpc.aws_vpc_dhcp_options_association.this",
            "module.vpc.aws_vpc_ipv4_cidr_block_association.this",
            "module.vpc.aws_vpn_gateway.this",
            "module.vpc.aws_vpn_gateway_attachment.this",
            "module.vpc.aws_vpn_gateway_route_propagation.intra",
            "module.vpc.aws_vpn_gateway_route_propagation.private",
            "module.vpc.aws_vpn_gateway_route_propagation.public",
            "module.vpc.data.aws_caller_identity.current",
            "module.vpc.data.aws_iam_policy_document.flow_log_cloudwatch_assume_role",
            "module.vpc.data.aws_iam_policy_document.vpc_flow_log_cloudwatch",
            "module.vpc.data.aws_partition.current",
            "module.vpc.data.aws_region.current"
          ],
          "create_before_destroy": true
        }
      ]
    },
    {
      "module": "module.eks",
      "mode": "managed",
      "type": "aws_iam_role_policy_attachment",
      "name": "additional",
      "provider": "provider[\"registry.terraform.io/hashicorp/aws\"]",
      "instances": []
    },
    {
      "module": "module.eks",
      "mode": "managed",
      "type": "aws_iam_role_policy_attachment",
      "name": "cluster_encryption",
      "provider": "provider[\"registry.terraform.io/hashicorp/aws\"]",
      "instances": [
        {
          "index_key": 0,
          "schema_version": 0,
          "attributes": {
            "id": "octopus-cluster-20250201210328856200000006-20250201210354934500000012",
            "policy_arn": "arn:aws:iam::058264364931:policy/octopus-cluster-ClusterEncryption20250201210354170800000011",
            "role": "octopus-cluster-20250201210328856200000006"
          },
          "sensitive_attributes": [],
          "private": "bnVsbA==",
          "dependencies": [
            "data.aws_availability_zones.available",
            "module.eks.aws_iam_policy.cluster_encryption",
            "module.eks.aws_iam_role.this",
            "module.eks.data.aws_caller_identity.current",
            "module.eks.data.aws_iam_policy_document.assume_role_policy",
            "module.eks.data.aws_iam_session_context.current",
            "module.eks.module.kms.aws_kms_external_key.this",
            "module.eks.module.kms.aws_kms_key.this",
            "module.eks.module.kms.aws_kms_replica_external_key.this",
            "module.eks.module.kms.aws_kms_replica_key.this",
            "module.eks.module.kms.data.aws_caller_identity.current",
            "module.eks.module.kms.data.aws_iam_policy_document.this",
            "module.eks.module.kms.data.aws_partition.current",
            "module.vpc.aws_cloudwatch_log_group.flow_log",
            "module.vpc.aws_customer_gateway.this",
            "module.vpc.aws_db_subnet_group.database",
            "module.vpc.aws_default_network_acl.this",
            "module.vpc.aws_default_route_table.default",
            "module.vpc.aws_default_security_group.this",
            "module.vpc.aws_default_vpc.this",
            "module.vpc.aws_egress_only_internet_gateway.this",
            "module.vpc.aws_eip.nat",
            "module.vpc.aws_elasticache_subnet_group.elasticache",
            "module.vpc.aws_flow_log.this",
            "module.vpc.aws_iam_policy.vpc_flow_log_cloudwatch",
            "module.vpc.aws_iam_role.vpc_flow_log_cloudwatch",
            "module.vpc.aws_iam_role_policy_attachment.vpc_flow_log_cloudwatch",
            "module.vpc.aws_internet_gateway.this",
            "module.vpc.aws_nat_gateway.this",
            "module.vpc.aws_network_acl.database",
            "module.vpc.aws_network_acl.elasticache",
            "module.vpc.aws_network_acl.intra",
            "module.vpc.aws_network_acl.outpost",
            "module.vpc.aws_network_acl.private",
            "module.vpc.aws_network_acl.public",
            "module.vpc.aws_network_acl.redshift",
            "module.vpc.aws_network_acl_rule.database_inbound",
            "module.vpc.aws_network_acl_rule.database_outbound",
            "module.vpc.aws_network_acl_rule.elasticache_inbound",
            "module.vpc.aws_network_acl_rule.elasticache_outbound",
            "module.vpc.aws_network_acl_rule.intra_inbound",
            "module.vpc.aws_network_acl_rule.intra_outbound",
            "module.vpc.aws_network_acl_rule.outpost_inbound",
            "module.vpc.aws_network_acl_rule.outpost_outbound",
            "module.vpc.aws_network_acl_rule.private_inbound",
            "module.vpc.aws_network_acl_rule.private_outbound",
            "module.vpc.aws_network_acl_rule.public_inbound",
            "module.vpc.aws_network_acl_rule.public_outbound",
            "module.vpc.aws_network_acl_rule.redshift_inbound",
            "module.vpc.aws_network_acl_rule.redshift_outbound",
            "module.vpc.aws_redshift_subnet_group.redshift",
            "module.vpc.aws_route.database_dns64_nat_gateway",
            "module.vpc.aws_route.database_internet_gateway",
            "module.vpc.aws_route.database_ipv6_egress",
            "module.vpc.aws_route.database_nat_gateway",
            "module.vpc.aws_route.private_dns64_nat_gateway",
            "module.vpc.aws_route.private_ipv6_egress",
            "module.vpc.aws_route.private_nat_gateway",
            "module.vpc.aws_route.public_internet_gateway",
            "module.vpc.aws_route.public_internet_gateway_ipv6",
            "module.vpc.aws_route_table.database",
            "module.vpc.aws_route_table.elasticache",
            "module.vpc.aws_route_table.intra",
            "module.vpc.aws_route_table.private",
            "module.vpc.aws_route_table.public",
            "module.vpc.aws_route_table.redshift",
            "module.vpc.aws_route_table_association.database",
            "module.vpc.aws_route_table_association.elasticache",
            "module.vpc.aws_route_table_association.intra",
            "module.vpc.aws_route_table_association.outpost",
            "module.vpc.aws_route_table_association.private",
            "module.vpc.aws_route_table_association.public",
            "module.vpc.aws_route_table_association.redshift",
            "module.vpc.aws_route_table_association.redshift_public",
            "module.vpc.aws_subnet.database",
            "module.vpc.aws_subnet.elasticache",
            "module.vpc.aws_subnet.intra",
            "module.vpc.aws_subnet.outpost",
            "module.vpc.aws_subnet.private",
            "module.vpc.aws_subnet.public",
            "module.vpc.aws_subnet.redshift",
            "module.vpc.aws_vpc.this",
            "module.vpc.aws_vpc_dhcp_options.this",
            "module.vpc.aws_vpc_dhcp_options_association.this",
            "module.vpc.aws_vpc_ipv4_cidr_block_association.this",
            "module.vpc.aws_vpn_gateway.this",
            "module.vpc.aws_vpn_gateway_attachment.this",
            "module.vpc.aws_vpn_gateway_route_propagation.intra",
            "module.vpc.aws_vpn_gateway_route_propagation.private",
            "module.vpc.aws_vpn_gateway_route_propagation.public",
            "module.vpc.data.aws_caller_identity.current",
            "module.vpc.data.aws_iam_policy_document.flow_log_cloudwatch_assume_role",
            "module.vpc.data.aws_iam_policy_document.vpc_flow_log_cloudwatch",
            "module.vpc.data.aws_partition.current",
            "module.vpc.data.aws_region.current"
          ],
          "create_before_destroy": true
        }
      ]
    },
    {
      "module": "module.eks",
      "mode": "managed",
      "type": "aws_iam_role_policy_attachment",
      "name": "custom",
      "provider": "provider[\"registry.terraform.io/hashicorp/aws\"]",
      "instances": [
        {
          "index_key": 0,
          "schema_version": 0,
          "attributes": {
            "id": "octopus-cluster-20250201210328856200000006-20250201210330298100000009",
            "policy_arn": "arn:aws:iam::058264364931:policy/octopus-cluster-20250201210328856300000007",
            "role": "octopus-cluster-20250201210328856200000006"
          },
          "sensitive_attributes": [],
          "private": "bnVsbA==",
          "dependencies": [
            "data.aws_availability_zones.available",
            "module.eks.aws_iam_policy.custom",
            "module.eks.aws_iam_role.this",
            "module.eks.data.aws_iam_policy_document.assume_role_policy",
            "module.eks.data.aws_iam_policy_document.custom",
            "module.eks.data.aws_partition.current",
            "module.vpc.aws_cloudwatch_log_group.flow_log",
            "module.vpc.aws_customer_gateway.this",
            "module.vpc.aws_db_subnet_group.database",
            "module.vpc.aws_default_network_acl.this",
            "module.vpc.aws_default_route_table.default",
            "module.vpc.aws_default_security_group.this",
            "module.vpc.aws_default_vpc.this",
            "module.vpc.aws_egress_only_internet_gateway.this",
            "module.vpc.aws_eip.nat",
            "module.vpc.aws_elasticache_subnet_group.elasticache",
            "module.vpc.aws_flow_log.this",
            "module.vpc.aws_iam_policy.vpc_flow_log_cloudwatch",
            "module.vpc.aws_iam_role.vpc_flow_log_cloudwatch",
            "module.vpc.aws_iam_role_policy_attachment.vpc_flow_log_cloudwatch",
            "module.vpc.aws_internet_gateway.this",
            "module.vpc.aws_nat_gateway.this",
            "module.vpc.aws_network_acl.database",
            "module.vpc.aws_network_acl.elasticache",
            "module.vpc.aws_network_acl.intra",
            "module.vpc.aws_network_acl.outpost",
            "module.vpc.aws_network_acl.private",
            "module.vpc.aws_network_acl.public",
            "module.vpc.aws_network_acl.redshift",
            "module.vpc.aws_network_acl_rule.database_inbound",
            "module.vpc.aws_network_acl_rule.database_outbound",
            "module.vpc.aws_network_acl_rule.elasticache_inbound",
            "module.vpc.aws_network_acl_rule.elasticache_outbound",
            "module.vpc.aws_network_acl_rule.intra_inbound",
            "module.vpc.aws_network_acl_rule.intra_outbound",
            "module.vpc.aws_network_acl_rule.outpost_inbound",
            "module.vpc.aws_network_acl_rule.outpost_outbound",
            "module.vpc.aws_network_acl_rule.private_inbound",
            "module.vpc.aws_network_acl_rule.private_outbound",
            "module.vpc.aws_network_acl_rule.public_inbound",
            "module.vpc.aws_network_acl_rule.public_outbound",
            "module.vpc.aws_network_acl_rule.redshift_inbound",
            "module.vpc.aws_network_acl_rule.redshift_outbound",
            "module.vpc.aws_redshift_subnet_group.redshift",
            "module.vpc.aws_route.database_dns64_nat_gateway",
            "module.vpc.aws_route.database_internet_gateway",
            "module.vpc.aws_route.database_ipv6_egress",
            "module.vpc.aws_route.database_nat_gateway",
            "module.vpc.aws_route.private_dns64_nat_gateway",
            "module.vpc.aws_route.private_ipv6_egress",
            "module.vpc.aws_route.private_nat_gateway",
            "module.vpc.aws_route.public_internet_gateway",
            "module.vpc.aws_route.public_internet_gateway_ipv6",
            "module.vpc.aws_route_table.database",
            "module.vpc.aws_route_table.elasticache",
            "module.vpc.aws_route_table.intra",
            "module.vpc.aws_route_table.private",
            "module.vpc.aws_route_table.public",
            "module.vpc.aws_route_table.redshift",
            "module.vpc.aws_route_table_association.database",
            "module.vpc.aws_route_table_association.elasticache",
            "module.vpc.aws_route_table_association.intra",
            "module.vpc.aws_route_table_association.outpost",
            "module.vpc.aws_route_table_association.private",
            "module.vpc.aws_route_table_association.public",
            "module.vpc.aws_route_table_association.redshift",
            "module.vpc.aws_route_table_association.redshift_public",
            "module.vpc.aws_subnet.database",
            "module.vpc.aws_subnet.elasticache",
            "module.vpc.aws_subnet.intra",
            "module.vpc.aws_subnet.outpost",
            "module.vpc.aws_subnet.private",
            "module.vpc.aws_subnet.public",
            "module.vpc.aws_subnet.redshift",
            "module.vpc.aws_vpc.this",
            "module.vpc.aws_vpc_dhcp_options.this",
            "module.vpc.aws_vpc_dhcp_options_association.this",
            "module.vpc.aws_vpc_ipv4_cidr_block_association.this",
            "module.vpc.aws_vpn_gateway.this",
            "module.vpc.aws_vpn_gateway_attachment.this",
            "module.vpc.aws_vpn_gateway_route_propagation.intra",
            "module.vpc.aws_vpn_gateway_route_propagation.private",
            "module.vpc.aws_vpn_gateway_route_propagation.public",
            "module.vpc.data.aws_caller_identity.current",
            "module.vpc.data.aws_iam_policy_document.flow_log_cloudwatch_assume_role",
            "module.vpc.data.aws_iam_policy_document.vpc_flow_log_cloudwatch",
            "module.vpc.data.aws_partition.current",
            "module.vpc.data.aws_region.current"
          ],
          "create_before_destroy": true
        }
      ]
    },
    {
      "module": "module.eks",
      "mode": "managed",
      "type": "aws_iam_role_policy_attachment",
      "name": "eks_auto",
      "provider": "provider[\"registry.terraform.io/hashicorp/aws\"]",
      "instances": []
    },
    {
      "module": "module.eks",
      "mode": "managed",
      "type": "aws_iam_role_policy_attachment",
      "name": "eks_auto_additional",
      "provider": "provider[\"registry.terraform.io/hashicorp/aws\"]",
      "instances": []
    },
    {
      "module": "module.eks",
      "mode": "managed",
      "type": "aws_iam_role_policy_attachment",
      "name": "this",
      "provider": "provider[\"registry.terraform.io/hashicorp/aws\"]",
      "instances": [
        {
          "index_key": "AmazonEKSClusterPolicy",
          "schema_version": 0,
          "attributes": {
            "id": "octopus-cluster-20250201210328856200000006-2025020121033030440000000a",
            "policy_arn": "arn:aws:iam::aws:policy/AmazonEKSClusterPolicy",
            "role": "octopus-cluster-20250201210328856200000006"
          },
          "sensitive_attributes": [],
          "private": "bnVsbA==",
          "dependencies": [
            "data.aws_availability_zones.available",
            "module.eks.aws_iam_role.this",
            "module.eks.data.aws_iam_policy_document.assume_role_policy",
            "module.eks.data.aws_partition.current",
            "module.vpc.aws_cloudwatch_log_group.flow_log",
            "module.vpc.aws_customer_gateway.this",
            "module.vpc.aws_db_subnet_group.database",
            "module.vpc.aws_default_network_acl.this",
            "module.vpc.aws_default_route_table.default",
            "module.vpc.aws_default_security_group.this",
            "module.vpc.aws_default_vpc.this",
            "module.vpc.aws_egress_only_internet_gateway.this",
            "module.vpc.aws_eip.nat",
            "module.vpc.aws_elasticache_subnet_group.elasticache",
            "module.vpc.aws_flow_log.this",
            "module.vpc.aws_iam_policy.vpc_flow_log_cloudwatch",
            "module.vpc.aws_iam_role.vpc_flow_log_cloudwatch",
            "module.vpc.aws_iam_role_policy_attachment.vpc_flow_log_cloudwatch",
            "module.vpc.aws_internet_gateway.this",
            "module.vpc.aws_nat_gateway.this",
            "module.vpc.aws_network_acl.database",
            "module.vpc.aws_network_acl.elasticache",
            "module.vpc.aws_network_acl.intra",
            "module.vpc.aws_network_acl.outpost",
            "module.vpc.aws_network_acl.private",
            "module.vpc.aws_network_acl.public",
            "module.vpc.aws_network_acl.redshift",
            "module.vpc.aws_network_acl_rule.database_inbound",
            "module.vpc.aws_network_acl_rule.database_outbound",
            "module.vpc.aws_network_acl_rule.elasticache_inbound",
            "module.vpc.aws_network_acl_rule.elasticache_outbound",
            "module.vpc.aws_network_acl_rule.intra_inbound",
            "module.vpc.aws_network_acl_rule.intra_outbound",
            "module.vpc.aws_network_acl_rule.outpost_inbound",
            "module.vpc.aws_network_acl_rule.outpost_outbound",
            "module.vpc.aws_network_acl_rule.private_inbound",
            "module.vpc.aws_network_acl_rule.private_outbound",
            "module.vpc.aws_network_acl_rule.public_inbound",
            "module.vpc.aws_network_acl_rule.public_outbound",
            "module.vpc.aws_network_acl_rule.redshift_inbound",
            "module.vpc.aws_network_acl_rule.redshift_outbound",
            "module.vpc.aws_redshift_subnet_group.redshift",
            "module.vpc.aws_route.database_dns64_nat_gateway",
            "module.vpc.aws_route.database_internet_gateway",
            "module.vpc.aws_route.database_ipv6_egress",
            "module.vpc.aws_route.database_nat_gateway",
            "module.vpc.aws_route.private_dns64_nat_gateway",
            "module.vpc.aws_route.private_ipv6_egress",
            "module.vpc.aws_route.private_nat_gateway",
            "module.vpc.aws_route.public_internet_gateway",
            "module.vpc.aws_route.public_internet_gateway_ipv6",
            "module.vpc.aws_route_table.database",
            "module.vpc.aws_route_table.elasticache",
            "module.vpc.aws_route_table.intra",
            "module.vpc.aws_route_table.private",
            "module.vpc.aws_route_table.public",
            "module.vpc.aws_route_table.redshift",
            "module.vpc.aws_route_table_association.database",
            "module.vpc.aws_route_table_association.elasticache",
            "module.vpc.aws_route_table_association.intra",
            "module.vpc.aws_route_table_association.outpost",
            "module.vpc.aws_route_table_association.private",
            "module.vpc.aws_route_table_association.public",
            "module.vpc.aws_route_table_association.redshift",
            "module.vpc.aws_route_table_association.redshift_public",
            "module.vpc.aws_subnet.database",
            "module.vpc.aws_subnet.elasticache",
            "module.vpc.aws_subnet.intra",
            "module.vpc.aws_subnet.outpost",
            "module.vpc.aws_subnet.private",
            "module.vpc.aws_subnet.public",
            "module.vpc.aws_subnet.redshift",
            "module.vpc.aws_vpc.this",
            "module.vpc.aws_vpc_dhcp_options.this",
            "module.vpc.aws_vpc_dhcp_options_association.this",
            "module.vpc.aws_vpc_ipv4_cidr_block_association.this",
            "module.vpc.aws_vpn_gateway.this",
            "module.vpc.aws_vpn_gateway_attachment.this",
            "module.vpc.aws_vpn_gateway_route_propagation.intra",
            "module.vpc.aws_vpn_gateway_route_propagation.private",
            "module.vpc.aws_vpn_gateway_route_propagation.public",
            "module.vpc.data.aws_caller_identity.current",
            "module.vpc.data.aws_iam_policy_document.flow_log_cloudwatch_assume_role",
            "module.vpc.data.aws_iam_policy_document.vpc_flow_log_cloudwatch",
            "module.vpc.data.aws_partition.current",
            "module.vpc.data.aws_region.current"
          ],
          "create_before_destroy": true
        },
        {
          "index_key": "AmazonEKSVPCResourceController",
          "schema_version": 0,
          "attributes": {
            "id": "octopus-cluster-20250201210328856200000006-2025020121033032570000000b",
            "policy_arn": "arn:aws:iam::aws:policy/AmazonEKSVPCResourceController",
            "role": "octopus-cluster-20250201210328856200000006"
          },
          "sensitive_attributes": [],
          "private": "bnVsbA==",
          "dependencies": [
            "data.aws_availability_zones.available",
            "module.eks.aws_iam_role.this",
            "module.eks.data.aws_iam_policy_document.assume_role_policy",
            "module.eks.data.aws_partition.current",
            "module.vpc.aws_cloudwatch_log_group.flow_log",
            "module.vpc.aws_customer_gateway.this",
            "module.vpc.aws_db_subnet_group.database",
            "module.vpc.aws_default_network_acl.this",
            "module.vpc.aws_default_route_table.default",
            "module.vpc.aws_default_security_group.this",
            "module.vpc.aws_default_vpc.this",
            "module.vpc.aws_egress_only_internet_gateway.this",
            "module.vpc.aws_eip.nat",
            "module.vpc.aws_elasticache_subnet_group.elasticache",
            "module.vpc.aws_flow_log.this",
            "module.vpc.aws_iam_policy.vpc_flow_log_cloudwatch",
            "module.vpc.aws_iam_role.vpc_flow_log_cloudwatch",
            "module.vpc.aws_iam_role_policy_attachment.vpc_flow_log_cloudwatch",
            "module.vpc.aws_internet_gateway.this",
            "module.vpc.aws_nat_gateway.this",
            "module.vpc.aws_network_acl.database",
            "module.vpc.aws_network_acl.elasticache",
            "module.vpc.aws_network_acl.intra",
            "module.vpc.aws_network_acl.outpost",
            "module.vpc.aws_network_acl.private",
            "module.vpc.aws_network_acl.public",
            "module.vpc.aws_network_acl.redshift",
            "module.vpc.aws_network_acl_rule.database_inbound",
            "module.vpc.aws_network_acl_rule.database_outbound",
            "module.vpc.aws_network_acl_rule.elasticache_inbound",
            "module.vpc.aws_network_acl_rule.elasticache_outbound",
            "module.vpc.aws_network_acl_rule.intra_inbound",
            "module.vpc.aws_network_acl_rule.intra_outbound",
            "module.vpc.aws_network_acl_rule.outpost_inbound",
            "module.vpc.aws_network_acl_rule.outpost_outbound",
            "module.vpc.aws_network_acl_rule.private_inbound",
            "module.vpc.aws_network_acl_rule.private_outbound",
            "module.vpc.aws_network_acl_rule.public_inbound",
            "module.vpc.aws_network_acl_rule.public_outbound",
            "module.vpc.aws_network_acl_rule.redshift_inbound",
            "module.vpc.aws_network_acl_rule.redshift_outbound",
            "module.vpc.aws_redshift_subnet_group.redshift",
            "module.vpc.aws_route.database_dns64_nat_gateway",
            "module.vpc.aws_route.database_internet_gateway",
            "module.vpc.aws_route.database_ipv6_egress",
            "module.vpc.aws_route.database_nat_gateway",
            "module.vpc.aws_route.private_dns64_nat_gateway",
            "module.vpc.aws_route.private_ipv6_egress",
            "module.vpc.aws_route.private_nat_gateway",
            "module.vpc.aws_route.public_internet_gateway",
            "module.vpc.aws_route.public_internet_gateway_ipv6",
            "module.vpc.aws_route_table.database",
            "module.vpc.aws_route_table.elasticache",
            "module.vpc.aws_route_table.intra",
            "module.vpc.aws_route_table.private",
            "module.vpc.aws_route_table.public",
            "module.vpc.aws_route_table.redshift",
            "module.vpc.aws_route_table_association.database",
            "module.vpc.aws_route_table_association.elasticache",
            "module.vpc.aws_route_table_association.intra",
            "module.vpc.aws_route_table_association.outpost",
            "module.vpc.aws_route_table_association.private",
            "module.vpc.aws_route_table_association.public",
            "module.vpc.aws_route_table_association.redshift",
            "module.vpc.aws_route_table_association.redshift_public",
            "module.vpc.aws_subnet.database",
            "module.vpc.aws_subnet.elasticache",
            "module.vpc.aws_subnet.intra",
            "module.vpc.aws_subnet.outpost",
            "module.vpc.aws_subnet.private",
            "module.vpc.aws_subnet.public",
            "module.vpc.aws_subnet.redshift",
            "module.vpc.aws_vpc.this",
            "module.vpc.aws_vpc_dhcp_options.this",
            "module.vpc.aws_vpc_dhcp_options_association.this",
            "module.vpc.aws_vpc_ipv4_cidr_block_association.this",
            "module.vpc.aws_vpn_gateway.this",
            "module.vpc.aws_vpn_gateway_attachment.this",
            "module.vpc.aws_vpn_gateway_route_propagation.intra",
            "module.vpc.aws_vpn_gateway_route_propagation.private",
            "module.vpc.aws_vpn_gateway_route_propagation.public",
            "module.vpc.data.aws_caller_identity.current",
            "module.vpc.data.aws_iam_policy_document.flow_log_cloudwatch_assume_role",
            "module.vpc.data.aws_iam_policy_document.vpc_flow_log_cloudwatch",
            "module.vpc.data.aws_partition.current",
            "module.vpc.data.aws_region.current"
          ],
          "create_before_destroy": true
        }
      ]
    },
    {
      "module": "module.eks",
      "mode": "managed",
      "type": "aws_security_group",
      "name": "cluster",
      "provider": "provider[\"registry.terraform.io/hashicorp/aws\"]",
      "instances": [
        {
          "index_key": 0,
          "schema_version": 1,
          "attributes": {
            "arn": "arn:aws:ec2:us-east-1:058264364931:security-group/sg-0c5158a9d6bb04eed",
            "description": "EKS cluster security group",
            "egress": [],
            "id": "sg-0c5158a9d6bb04eed",
            "ingress": [],
            "name": "octopus-cluster-20250201210328827000000004",
            "name_prefix": "octopus-cluster-",
            "owner_id": "058264364931",
            "revoke_rules_on_delete": false,
            "tags": {
              "Name": "octopus-cluster",
              "Terraform": "true"
            },
            "tags_all": {
              "Name": "octopus-cluster",
              "Terraform": "true"
            },
            "timeouts": null,
            "vpc_id": "vpc-093e4d1694f29756d"
          },
          "sensitive_attributes": [],
          "private": "eyJlMmJmYjczMC1lY2FhLTExZTYtOGY4OC0zNDM2M2JjN2M0YzAiOnsiY3JlYXRlIjo2MDAwMDAwMDAwMDAsImRlbGV0ZSI6OTAwMDAwMDAwMDAwfSwic2NoZW1hX3ZlcnNpb24iOiIxIn0=",
          "dependencies": [
            "data.aws_availability_zones.available",
            "module.vpc.aws_cloudwatch_log_group.flow_log",
            "module.vpc.aws_customer_gateway.this",
            "module.vpc.aws_db_subnet_group.database",
            "module.vpc.aws_default_network_acl.this",
            "module.vpc.aws_default_route_table.default",
            "module.vpc.aws_default_security_group.this",
            "module.vpc.aws_default_vpc.this",
            "module.vpc.aws_egress_only_internet_gateway.this",
            "module.vpc.aws_eip.nat",
            "module.vpc.aws_elasticache_subnet_group.elasticache",
            "module.vpc.aws_flow_log.this",
            "module.vpc.aws_iam_policy.vpc_flow_log_cloudwatch",
            "module.vpc.aws_iam_role.vpc_flow_log_cloudwatch",
            "module.vpc.aws_iam_role_policy_attachment.vpc_flow_log_cloudwatch",
            "module.vpc.aws_internet_gateway.this",
            "module.vpc.aws_nat_gateway.this",
            "module.vpc.aws_network_acl.database",
            "module.vpc.aws_network_acl.elasticache",
            "module.vpc.aws_network_acl.intra",
            "module.vpc.aws_network_acl.outpost",
            "module.vpc.aws_network_acl.private",
            "module.vpc.aws_network_acl.public",
            "module.vpc.aws_network_acl.redshift",
            "module.vpc.aws_network_acl_rule.database_inbound",
            "module.vpc.aws_network_acl_rule.database_outbound",
            "module.vpc.aws_network_acl_rule.elasticache_inbound",
            "module.vpc.aws_network_acl_rule.elasticache_outbound",
            "module.vpc.aws_network_acl_rule.intra_inbound",
            "module.vpc.aws_network_acl_rule.intra_outbound",
            "module.vpc.aws_network_acl_rule.outpost_inbound",
            "module.vpc.aws_network_acl_rule.outpost_outbound",
            "module.vpc.aws_network_acl_rule.private_inbound",
            "module.vpc.aws_network_acl_rule.private_outbound",
            "module.vpc.aws_network_acl_rule.public_inbound",
            "module.vpc.aws_network_acl_rule.public_outbound",
            "module.vpc.aws_network_acl_rule.redshift_inbound",
            "module.vpc.aws_network_acl_rule.redshift_outbound",
            "module.vpc.aws_redshift_subnet_group.redshift",
            "module.vpc.aws_route.database_dns64_nat_gateway",
            "module.vpc.aws_route.database_internet_gateway",
            "module.vpc.aws_route.database_ipv6_egress",
            "module.vpc.aws_route.database_nat_gateway",
            "module.vpc.aws_route.private_dns64_nat_gateway",
            "module.vpc.aws_route.private_ipv6_egress",
            "module.vpc.aws_route.private_nat_gateway",
            "module.vpc.aws_route.public_internet_gateway",
            "module.vpc.aws_route.public_internet_gateway_ipv6",
            "module.vpc.aws_route_table.database",
            "module.vpc.aws_route_table.elasticache",
            "module.vpc.aws_route_table.intra",
            "module.vpc.aws_route_table.private",
            "module.vpc.aws_route_table.public",
            "module.vpc.aws_route_table.redshift",
            "module.vpc.aws_route_table_association.database",
            "module.vpc.aws_route_table_association.elasticache",
            "module.vpc.aws_route_table_association.intra",
            "module.vpc.aws_route_table_association.outpost",
            "module.vpc.aws_route_table_association.private",
            "module.vpc.aws_route_table_association.public",
            "module.vpc.aws_route_table_association.redshift",
            "module.vpc.aws_route_table_association.redshift_public",
            "module.vpc.aws_subnet.database",
            "module.vpc.aws_subnet.elasticache",
            "module.vpc.aws_subnet.intra",
            "module.vpc.aws_subnet.outpost",
            "module.vpc.aws_subnet.private",
            "module.vpc.aws_subnet.public",
            "module.vpc.aws_subnet.redshift",
            "module.vpc.aws_vpc.this",
            "module.vpc.aws_vpc_dhcp_options.this",
            "module.vpc.aws_vpc_dhcp_options_association.this",
            "module.vpc.aws_vpc_ipv4_cidr_block_association.this",
            "module.vpc.aws_vpn_gateway.this",
            "module.vpc.aws_vpn_gateway_attachment.this",
            "module.vpc.aws_vpn_gateway_route_propagation.intra",
            "module.vpc.aws_vpn_gateway_route_propagation.private",
            "module.vpc.aws_vpn_gateway_route_propagation.public",
            "module.vpc.data.aws_caller_identity.current",
            "module.vpc.data.aws_iam_policy_document.flow_log_cloudwatch_assume_role",
            "module.vpc.data.aws_iam_policy_document.vpc_flow_log_cloudwatch",
            "module.vpc.data.aws_partition.current",
            "module.vpc.data.aws_region.current"
          ],
          "create_before_destroy": true
        }
      ]
    },
    {
      "module": "module.eks",
      "mode": "managed",
      "type": "aws_security_group",
      "name": "node",
      "provider": "provider[\"registry.terraform.io/hashicorp/aws\"]",
      "instances": [
        {
          "index_key": 0,
          "schema_version": 1,
          "attributes": {
            "arn": "arn:aws:ec2:us-east-1:058264364931:security-group/sg-00eeb588be9123311",
            "description": "EKS node shared security group",
            "egress": [],
            "id": "sg-00eeb588be9123311",
            "ingress": [],
            "name": "octopus-node-20250201210328827100000005",
            "name_prefix": "octopus-node-",
            "owner_id": "058264364931",
            "revoke_rules_on_delete": false,
            "tags": {
              "Name": "octopus-node",
              "Terraform": "true",
              "kubernetes.io/cluster/octopus": "owned"
            },
            "tags_all": {
              "Name": "octopus-node",
              "Terraform": "true",
              "kubernetes.io/cluster/octopus": "owned"
            },
            "timeouts": null,
            "vpc_id": "vpc-093e4d1694f29756d"
          },
          "sensitive_attributes": [],
          "private": "eyJlMmJmYjczMC1lY2FhLTExZTYtOGY4OC0zNDM2M2JjN2M0YzAiOnsiY3JlYXRlIjo2MDAwMDAwMDAwMDAsImRlbGV0ZSI6OTAwMDAwMDAwMDAwfSwic2NoZW1hX3ZlcnNpb24iOiIxIn0=",
          "dependencies": [
            "data.aws_availability_zones.available",
            "module.vpc.aws_cloudwatch_log_group.flow_log",
            "module.vpc.aws_customer_gateway.this",
            "module.vpc.aws_db_subnet_group.database",
            "module.vpc.aws_default_network_acl.this",
            "module.vpc.aws_default_route_table.default",
            "module.vpc.aws_default_security_group.this",
            "module.vpc.aws_default_vpc.this",
            "module.vpc.aws_egress_only_internet_gateway.this",
            "module.vpc.aws_eip.nat",
            "module.vpc.aws_elasticache_subnet_group.elasticache",
            "module.vpc.aws_flow_log.this",
            "module.vpc.aws_iam_policy.vpc_flow_log_cloudwatch",
            "module.vpc.aws_iam_role.vpc_flow_log_cloudwatch",
            "module.vpc.aws_iam_role_policy_attachment.vpc_flow_log_cloudwatch",
            "module.vpc.aws_internet_gateway.this",
            "module.vpc.aws_nat_gateway.this",
            "module.vpc.aws_network_acl.database",
            "module.vpc.aws_network_acl.elasticache",
            "module.vpc.aws_network_acl.intra",
            "module.vpc.aws_network_acl.outpost",
            "module.vpc.aws_network_acl.private",
            "module.vpc.aws_network_acl.public",
            "module.vpc.aws_network_acl.redshift",
            "module.vpc.aws_network_acl_rule.database_inbound",
            "module.vpc.aws_network_acl_rule.database_outbound",
            "module.vpc.aws_network_acl_rule.elasticache_inbound",
            "module.vpc.aws_network_acl_rule.elasticache_outbound",
            "module.vpc.aws_network_acl_rule.intra_inbound",
            "module.vpc.aws_network_acl_rule.intra_outbound",
            "module.vpc.aws_network_acl_rule.outpost_inbound",
            "module.vpc.aws_network_acl_rule.outpost_outbound",
            "module.vpc.aws_network_acl_rule.private_inbound",
            "module.vpc.aws_network_acl_rule.private_outbound",
            "module.vpc.aws_network_acl_rule.public_inbound",
            "module.vpc.aws_network_acl_rule.public_outbound",
            "module.vpc.aws_network_acl_rule.redshift_inbound",
            "module.vpc.aws_network_acl_rule.redshift_outbound",
            "module.vpc.aws_redshift_subnet_group.redshift",
            "module.vpc.aws_route.database_dns64_nat_gateway",
            "module.vpc.aws_route.database_internet_gateway",
            "module.vpc.aws_route.database_ipv6_egress",
            "module.vpc.aws_route.database_nat_gateway",
            "module.vpc.aws_route.private_dns64_nat_gateway",
            "module.vpc.aws_route.private_ipv6_egress",
            "module.vpc.aws_route.private_nat_gateway",
            "module.vpc.aws_route.public_internet_gateway",
            "module.vpc.aws_route.public_internet_gateway_ipv6",
            "module.vpc.aws_route_table.database",
            "module.vpc.aws_route_table.elasticache",
            "module.vpc.aws_route_table.intra",
            "module.vpc.aws_route_table.private",
            "module.vpc.aws_route_table.public",
            "module.vpc.aws_route_table.redshift",
            "module.vpc.aws_route_table_association.database",
            "module.vpc.aws_route_table_association.elasticache",
            "module.vpc.aws_route_table_association.intra",
            "module.vpc.aws_route_table_association.outpost",
            "module.vpc.aws_route_table_association.private",
            "module.vpc.aws_route_table_association.public",
            "module.vpc.aws_route_table_association.redshift",
            "module.vpc.aws_route_table_association.redshift_public",
            "module.vpc.aws_subnet.database",
            "module.vpc.aws_subnet.elasticache",
            "module.vpc.aws_subnet.intra",
            "module.vpc.aws_subnet.outpost",
            "module.vpc.aws_subnet.private",
            "module.vpc.aws_subnet.public",
            "module.vpc.aws_subnet.redshift",
            "module.vpc.aws_vpc.this",
            "module.vpc.aws_vpc_dhcp_options.this",
            "module.vpc.aws_vpc_dhcp_options_association.this",
            "module.vpc.aws_vpc_ipv4_cidr_block_association.this",
            "module.vpc.aws_vpn_gateway.this",
            "module.vpc.aws_vpn_gateway_attachment.this",
            "module.vpc.aws_vpn_gateway_route_propagation.intra",
            "module.vpc.aws_vpn_gateway_route_propagation.private",
            "module.vpc.aws_vpn_gateway_route_propagation.public",
            "module.vpc.data.aws_caller_identity.current",
            "module.vpc.data.aws_iam_policy_document.flow_log_cloudwatch_assume_role",
            "module.vpc.data.aws_iam_policy_document.vpc_flow_log_cloudwatch",
            "module.vpc.data.aws_partition.current",
            "module.vpc.data.aws_region.current"
          ],
          "create_before_destroy": true
        }
      ]
    },
    {
      "module": "module.eks",
      "mode": "managed",
      "type": "aws_security_group_rule",
      "name": "cluster",
      "provider": "provider[\"registry.terraform.io/hashicorp/aws\"]",
      "instances": [
        {
          "index_key": "ingress_nodes_443",
          "schema_version": 2,
          "attributes": {
            "cidr_blocks": null,
            "description": "Node groups to cluster API",
            "from_port": 443,
            "id": "sgrule-241794230",
            "ipv6_cidr_blocks": null,
            "prefix_list_ids": null,
            "protocol": "tcp",
            "security_group_id": "sg-0c5158a9d6bb04eed",
            "security_group_rule_id": "sgr-06da55f692fbd8ecb",
            "self": false,
            "source_security_group_id": "sg-00eeb588be9123311",
            "timeouts": null,
            "to_port": 443,
            "type": "ingress"
          },
          "sensitive_attributes": [],
          "private": "eyJlMmJmYjczMC1lY2FhLTExZTYtOGY4OC0zNDM2M2JjN2M0YzAiOnsiY3JlYXRlIjozMDAwMDAwMDAwMDB9LCJzY2hlbWFfdmVyc2lvbiI6IjIifQ==",
          "dependencies": [
            "data.aws_availability_zones.available",
            "module.eks.aws_security_group.cluster",
            "module.eks.aws_security_group.node",
            "module.vpc.aws_cloudwatch_log_group.flow_log",
            "module.vpc.aws_customer_gateway.this",
            "module.vpc.aws_db_subnet_group.database",
            "module.vpc.aws_default_network_acl.this",
            "module.vpc.aws_default_route_table.default",
            "module.vpc.aws_default_security_group.this",
            "module.vpc.aws_default_vpc.this",
            "module.vpc.aws_egress_only_internet_gateway.this",
            "module.vpc.aws_eip.nat",
            "module.vpc.aws_elasticache_subnet_group.elasticache",
            "module.vpc.aws_flow_log.this",
            "module.vpc.aws_iam_policy.vpc_flow_log_cloudwatch",
            "module.vpc.aws_iam_role.vpc_flow_log_cloudwatch",
            "module.vpc.aws_iam_role_policy_attachment.vpc_flow_log_cloudwatch",
            "module.vpc.aws_internet_gateway.this",
            "module.vpc.aws_nat_gateway.this",
            "module.vpc.aws_network_acl.database",
            "module.vpc.aws_network_acl.elasticache",
            "module.vpc.aws_network_acl.intra",
            "module.vpc.aws_network_acl.outpost",
            "module.vpc.aws_network_acl.private",
            "module.vpc.aws_network_acl.public",
            "module.vpc.aws_network_acl.redshift",
            "module.vpc.aws_network_acl_rule.database_inbound",
            "module.vpc.aws_network_acl_rule.database_outbound",
            "module.vpc.aws_network_acl_rule.elasticache_inbound",
            "module.vpc.aws_network_acl_rule.elasticache_outbound",
            "module.vpc.aws_network_acl_rule.intra_inbound",
            "module.vpc.aws_network_acl_rule.intra_outbound",
            "module.vpc.aws_network_acl_rule.outpost_inbound",
            "module.vpc.aws_network_acl_rule.outpost_outbound",
            "module.vpc.aws_network_acl_rule.private_inbound",
            "module.vpc.aws_network_acl_rule.private_outbound",
            "module.vpc.aws_network_acl_rule.public_inbound",
            "module.vpc.aws_network_acl_rule.public_outbound",
            "module.vpc.aws_network_acl_rule.redshift_inbound",
            "module.vpc.aws_network_acl_rule.redshift_outbound",
            "module.vpc.aws_redshift_subnet_group.redshift",
            "module.vpc.aws_route.database_dns64_nat_gateway",
            "module.vpc.aws_route.database_internet_gateway",
            "module.vpc.aws_route.database_ipv6_egress",
            "module.vpc.aws_route.database_nat_gateway",
            "module.vpc.aws_route.private_dns64_nat_gateway",
            "module.vpc.aws_route.private_ipv6_egress",
            "module.vpc.aws_route.private_nat_gateway",
            "module.vpc.aws_route.public_internet_gateway",
            "module.vpc.aws_route.public_internet_gateway_ipv6",
            "module.vpc.aws_route_table.database",
            "module.vpc.aws_route_table.elasticache",
            "module.vpc.aws_route_table.intra",
            "module.vpc.aws_route_table.private",
            "module.vpc.aws_route_table.public",
            "module.vpc.aws_route_table.redshift",
            "module.vpc.aws_route_table_association.database",
            "module.vpc.aws_route_table_association.elasticache",
            "module.vpc.aws_route_table_association.intra",
            "module.vpc.aws_route_table_association.outpost",
            "module.vpc.aws_route_table_association.private",
            "module.vpc.aws_route_table_association.public",
            "module.vpc.aws_route_table_association.redshift",
            "module.vpc.aws_route_table_association.redshift_public",
            "module.vpc.aws_subnet.database",
            "module.vpc.aws_subnet.elasticache",
            "module.vpc.aws_subnet.intra",
            "module.vpc.aws_subnet.outpost",
            "module.vpc.aws_subnet.private",
            "module.vpc.aws_subnet.public",
            "module.vpc.aws_subnet.redshift",
            "module.vpc.aws_vpc.this",
            "module.vpc.aws_vpc_dhcp_options.this",
            "module.vpc.aws_vpc_dhcp_options_association.this",
            "module.vpc.aws_vpc_ipv4_cidr_block_association.this",
            "module.vpc.aws_vpn_gateway.this",
            "module.vpc.aws_vpn_gateway_attachment.this",
            "module.vpc.aws_vpn_gateway_route_propagation.intra",
            "module.vpc.aws_vpn_gateway_route_propagation.private",
            "module.vpc.aws_vpn_gateway_route_propagation.public",
            "module.vpc.data.aws_caller_identity.current",
            "module.vpc.data.aws_iam_policy_document.flow_log_cloudwatch_assume_role",
            "module.vpc.data.aws_iam_policy_document.vpc_flow_log_cloudwatch",
            "module.vpc.data.aws_partition.current",
            "module.vpc.data.aws_region.current"
          ],
          "create_before_destroy": true
        }
      ]
    },
    {
      "module": "module.eks",
      "mode": "managed",
      "type": "aws_security_group_rule",
      "name": "node",
      "provider": "provider[\"registry.terraform.io/hashicorp/aws\"]",
      "instances": [
        {
          "index_key": "egress_all",
          "schema_version": 2,
          "attributes": {
            "cidr_blocks": [
              "0.0.0.0/0"
            ],
            "description": "Allow all egress",
            "from_port": 0,
            "id": "sgrule-1051083918",
            "ipv6_cidr_blocks": null,
            "prefix_list_ids": [],
            "protocol": "-1",
            "security_group_id": "sg-00eeb588be9123311",
            "security_group_rule_id": "sgr-0e1efb17435f11543",
            "self": false,
            "source_security_group_id": null,
            "timeouts": null,
            "to_port": 0,
            "type": "egress"
          },
          "sensitive_attributes": [],
          "private": "eyJlMmJmYjczMC1lY2FhLTExZTYtOGY4OC0zNDM2M2JjN2M0YzAiOnsiY3JlYXRlIjozMDAwMDAwMDAwMDB9LCJzY2hlbWFfdmVyc2lvbiI6IjIifQ==",
          "dependencies": [
            "data.aws_availability_zones.available",
            "module.eks.aws_security_group.cluster",
            "module.eks.aws_security_group.node",
            "module.vpc.aws_cloudwatch_log_group.flow_log",
            "module.vpc.aws_customer_gateway.this",
            "module.vpc.aws_db_subnet_group.database",
            "module.vpc.aws_default_network_acl.this",
            "module.vpc.aws_default_route_table.default",
            "module.vpc.aws_default_security_group.this",
            "module.vpc.aws_default_vpc.this",
            "module.vpc.aws_egress_only_internet_gateway.this",
            "module.vpc.aws_eip.nat",
            "module.vpc.aws_elasticache_subnet_group.elasticache",
            "module.vpc.aws_flow_log.this",
            "module.vpc.aws_iam_policy.vpc_flow_log_cloudwatch",
            "module.vpc.aws_iam_role.vpc_flow_log_cloudwatch",
            "module.vpc.aws_iam_role_policy_attachment.vpc_flow_log_cloudwatch",
            "module.vpc.aws_internet_gateway.this",
            "module.vpc.aws_nat_gateway.this",
            "module.vpc.aws_network_acl.database",
            "module.vpc.aws_network_acl.elasticache",
            "module.vpc.aws_network_acl.intra",
            "module.vpc.aws_network_acl.outpost",
            "module.vpc.aws_network_acl.private",
            "module.vpc.aws_network_acl.public",
            "module.vpc.aws_network_acl.redshift",
            "module.vpc.aws_network_acl_rule.database_inbound",
            "module.vpc.aws_network_acl_rule.database_outbound",
            "module.vpc.aws_network_acl_rule.elasticache_inbound",
            "module.vpc.aws_network_acl_rule.elasticache_outbound",
            "module.vpc.aws_network_acl_rule.intra_inbound",
            "module.vpc.aws_network_acl_rule.intra_outbound",
            "module.vpc.aws_network_acl_rule.outpost_inbound",
            "module.vpc.aws_network_acl_rule.outpost_outbound",
            "module.vpc.aws_network_acl_rule.private_inbound",
            "module.vpc.aws_network_acl_rule.private_outbound",
            "module.vpc.aws_network_acl_rule.public_inbound",
            "module.vpc.aws_network_acl_rule.public_outbound",
            "module.vpc.aws_network_acl_rule.redshift_inbound",
            "module.vpc.aws_network_acl_rule.redshift_outbound",
            "module.vpc.aws_redshift_subnet_group.redshift",
            "module.vpc.aws_route.database_dns64_nat_gateway",
            "module.vpc.aws_route.database_internet_gateway",
            "module.vpc.aws_route.database_ipv6_egress",
            "module.vpc.aws_route.database_nat_gateway",
            "module.vpc.aws_route.private_dns64_nat_gateway",
            "module.vpc.aws_route.private_ipv6_egress",
            "module.vpc.aws_route.private_nat_gateway",
            "module.vpc.aws_route.public_internet_gateway",
            "module.vpc.aws_route.public_internet_gateway_ipv6",
            "module.vpc.aws_route_table.database",
            "module.vpc.aws_route_table.elasticache",
            "module.vpc.aws_route_table.intra",
            "module.vpc.aws_route_table.private",
            "module.vpc.aws_route_table.public",
            "module.vpc.aws_route_table.redshift",
            "module.vpc.aws_route_table_association.database",
            "module.vpc.aws_route_table_association.elasticache",
            "module.vpc.aws_route_table_association.intra",
            "module.vpc.aws_route_table_association.outpost",
            "module.vpc.aws_route_table_association.private",
            "module.vpc.aws_route_table_association.public",
            "module.vpc.aws_route_table_association.redshift",
            "module.vpc.aws_route_table_association.redshift_public",
            "module.vpc.aws_subnet.database",
            "module.vpc.aws_subnet.elasticache",
            "module.vpc.aws_subnet.intra",
            "module.vpc.aws_subnet.outpost",
            "module.vpc.aws_subnet.private",
            "module.vpc.aws_subnet.public",
            "module.vpc.aws_subnet.redshift",
            "module.vpc.aws_vpc.this",
            "module.vpc.aws_vpc_dhcp_options.this",
            "module.vpc.aws_vpc_dhcp_options_association.this",
            "module.vpc.aws_vpc_ipv4_cidr_block_association.this",
            "module.vpc.aws_vpn_gateway.this",
            "module.vpc.aws_vpn_gateway_attachment.this",
            "module.vpc.aws_vpn_gateway_route_propagation.intra",
            "module.vpc.aws_vpn_gateway_route_propagation.private",
            "module.vpc.aws_vpn_gateway_route_propagation.public",
            "module.vpc.data.aws_caller_identity.current",
            "module.vpc.data.aws_iam_policy_document.flow_log_cloudwatch_assume_role",
            "module.vpc.data.aws_iam_policy_document.vpc_flow_log_cloudwatch",
            "module.vpc.data.aws_partition.current",
            "module.vpc.data.aws_region.current"
          ],
          "create_before_destroy": true
        },
        {
          "index_key": "ingress_cluster_443",
          "schema_version": 2,
          "attributes": {
            "cidr_blocks": null,
            "description": "Cluster API to node groups",
            "from_port": 443,
            "id": "sgrule-1327663381",
            "ipv6_cidr_blocks": null,
            "prefix_list_ids": [],
            "protocol": "tcp",
            "security_group_id": "sg-00eeb588be9123311",
            "security_group_rule_id": "sgr-0440bfa7207fdf107",
            "self": false,
            "source_security_group_id": "sg-0c5158a9d6bb04eed",
            "timeouts": null,
            "to_port": 443,
            "type": "ingress"
          },
          "sensitive_attributes": [],
          "private": "eyJlMmJmYjczMC1lY2FhLTExZTYtOGY4OC0zNDM2M2JjN2M0YzAiOnsiY3JlYXRlIjozMDAwMDAwMDAwMDB9LCJzY2hlbWFfdmVyc2lvbiI6IjIifQ==",
          "dependencies": [
            "data.aws_availability_zones.available",
            "module.eks.aws_security_group.cluster",
            "module.eks.aws_security_group.node",
            "module.vpc.aws_cloudwatch_log_group.flow_log",
            "module.vpc.aws_customer_gateway.this",
            "module.vpc.aws_db_subnet_group.database",
            "module.vpc.aws_default_network_acl.this",
            "module.vpc.aws_default_route_table.default",
            "module.vpc.aws_default_security_group.this",
            "module.vpc.aws_default_vpc.this",
            "module.vpc.aws_egress_only_internet_gateway.this",
            "module.vpc.aws_eip.nat",
            "module.vpc.aws_elasticache_subnet_group.elasticache",
            "module.vpc.aws_flow_log.this",
            "module.vpc.aws_iam_policy.vpc_flow_log_cloudwatch",
            "module.vpc.aws_iam_role.vpc_flow_log_cloudwatch",
            "module.vpc.aws_iam_role_policy_attachment.vpc_flow_log_cloudwatch",
            "module.vpc.aws_internet_gateway.this",
            "module.vpc.aws_nat_gateway.this",
            "module.vpc.aws_network_acl.database",
            "module.vpc.aws_network_acl.elasticache",
            "module.vpc.aws_network_acl.intra",
            "module.vpc.aws_network_acl.outpost",
            "module.vpc.aws_network_acl.private",
            "module.vpc.aws_network_acl.public",
            "module.vpc.aws_network_acl.redshift",
            "module.vpc.aws_network_acl_rule.database_inbound",
            "module.vpc.aws_network_acl_rule.database_outbound",
            "module.vpc.aws_network_acl_rule.elasticache_inbound",
            "module.vpc.aws_network_acl_rule.elasticache_outbound",
            "module.vpc.aws_network_acl_rule.intra_inbound",
            "module.vpc.aws_network_acl_rule.intra_outbound",
            "module.vpc.aws_network_acl_rule.outpost_inbound",
            "module.vpc.aws_network_acl_rule.outpost_outbound",
            "module.vpc.aws_network_acl_rule.private_inbound",
            "module.vpc.aws_network_acl_rule.private_outbound",
            "module.vpc.aws_network_acl_rule.public_inbound",
            "module.vpc.aws_network_acl_rule.public_outbound",
            "module.vpc.aws_network_acl_rule.redshift_inbound",
            "module.vpc.aws_network_acl_rule.redshift_outbound",
            "module.vpc.aws_redshift_subnet_group.redshift",
            "module.vpc.aws_route.database_dns64_nat_gateway",
            "module.vpc.aws_route.database_internet_gateway",
            "module.vpc.aws_route.database_ipv6_egress",
            "module.vpc.aws_route.database_nat_gateway",
            "module.vpc.aws_route.private_dns64_nat_gateway",
            "module.vpc.aws_route.private_ipv6_egress",
            "module.vpc.aws_route.private_nat_gateway",
            "module.vpc.aws_route.public_internet_gateway",
            "module.vpc.aws_route.public_internet_gateway_ipv6",
            "module.vpc.aws_route_table.database",
            "module.vpc.aws_route_table.elasticache",
            "module.vpc.aws_route_table.intra",
            "module.vpc.aws_route_table.private",
            "module.vpc.aws_route_table.public",
            "module.vpc.aws_route_table.redshift",
            "module.vpc.aws_route_table_association.database",
            "module.vpc.aws_route_table_association.elasticache",
            "module.vpc.aws_route_table_association.intra",
            "module.vpc.aws_route_table_association.outpost",
            "module.vpc.aws_route_table_association.private",
            "module.vpc.aws_route_table_association.public",
            "module.vpc.aws_route_table_association.redshift",
            "module.vpc.aws_route_table_association.redshift_public",
            "module.vpc.aws_subnet.database",
            "module.vpc.aws_subnet.elasticache",
            "module.vpc.aws_subnet.intra",
            "module.vpc.aws_subnet.outpost",
            "module.vpc.aws_subnet.private",
            "module.vpc.aws_subnet.public",
            "module.vpc.aws_subnet.redshift",
            "module.vpc.aws_vpc.this",
            "module.vpc.aws_vpc_dhcp_options.this",
            "module.vpc.aws_vpc_dhcp_options_association.this",
            "module.vpc.aws_vpc_ipv4_cidr_block_association.this",
            "module.vpc.aws_vpn_gateway.this",
            "module.vpc.aws_vpn_gateway_attachment.this",
            "module.vpc.aws_vpn_gateway_route_propagation.intra",
            "module.vpc.aws_vpn_gateway_route_propagation.private",
            "module.vpc.aws_vpn_gateway_route_propagation.public",
            "module.vpc.data.aws_caller_identity.current",
            "module.vpc.data.aws_iam_policy_document.flow_log_cloudwatch_assume_role",
            "module.vpc.data.aws_iam_policy_document.vpc_flow_log_cloudwatch",
            "module.vpc.data.aws_partition.current",
            "module.vpc.data.aws_region.current"
          ],
          "create_before_destroy": true
        },
        {
          "index_key": "ingress_cluster_4443_webhook",
          "schema_version": 2,
          "attributes": {
            "cidr_blocks": null,
            "description": "Cluster API to node 4443/tcp webhook",
            "from_port": 4443,
            "id": "sgrule-2739385076",
            "ipv6_cidr_blocks": null,
            "prefix_list_ids": [],
            "protocol": "tcp",
            "security_group_id": "sg-00eeb588be9123311",
            "security_group_rule_id": "sgr-0c1fe42d62e7e672c",
            "self": false,
            "source_security_group_id": "sg-0c5158a9d6bb04eed",
            "timeouts": null,
            "to_port": 4443,
            "type": "ingress"
          },
          "sensitive_attributes": [],
          "private": "eyJlMmJmYjczMC1lY2FhLTExZTYtOGY4OC0zNDM2M2JjN2M0YzAiOnsiY3JlYXRlIjozMDAwMDAwMDAwMDB9LCJzY2hlbWFfdmVyc2lvbiI6IjIifQ==",
          "dependencies": [
            "data.aws_availability_zones.available",
            "module.eks.aws_security_group.cluster",
            "module.eks.aws_security_group.node",
            "module.vpc.aws_cloudwatch_log_group.flow_log",
            "module.vpc.aws_customer_gateway.this",
            "module.vpc.aws_db_subnet_group.database",
            "module.vpc.aws_default_network_acl.this",
            "module.vpc.aws_default_route_table.default",
            "module.vpc.aws_default_security_group.this",
            "module.vpc.aws_default_vpc.this",
            "module.vpc.aws_egress_only_internet_gateway.this",
            "module.vpc.aws_eip.nat",
            "module.vpc.aws_elasticache_subnet_group.elasticache",
            "module.vpc.aws_flow_log.this",
            "module.vpc.aws_iam_policy.vpc_flow_log_cloudwatch",
            "module.vpc.aws_iam_role.vpc_flow_log_cloudwatch",
            "module.vpc.aws_iam_role_policy_attachment.vpc_flow_log_cloudwatch",
            "module.vpc.aws_internet_gateway.this",
            "module.vpc.aws_nat_gateway.this",
            "module.vpc.aws_network_acl.database",
            "module.vpc.aws_network_acl.elasticache",
            "module.vpc.aws_network_acl.intra",
            "module.vpc.aws_network_acl.outpost",
            "module.vpc.aws_network_acl.private",
            "module.vpc.aws_network_acl.public",
            "module.vpc.aws_network_acl.redshift",
            "module.vpc.aws_network_acl_rule.database_inbound",
            "module.vpc.aws_network_acl_rule.database_outbound",
            "module.vpc.aws_network_acl_rule.elasticache_inbound",
            "module.vpc.aws_network_acl_rule.elasticache_outbound",
            "module.vpc.aws_network_acl_rule.intra_inbound",
            "module.vpc.aws_network_acl_rule.intra_outbound",
            "module.vpc.aws_network_acl_rule.outpost_inbound",
            "module.vpc.aws_network_acl_rule.outpost_outbound",
            "module.vpc.aws_network_acl_rule.private_inbound",
            "module.vpc.aws_network_acl_rule.private_outbound",
            "module.vpc.aws_network_acl_rule.public_inbound",
            "module.vpc.aws_network_acl_rule.public_outbound",
            "module.vpc.aws_network_acl_rule.redshift_inbound",
            "module.vpc.aws_network_acl_rule.redshift_outbound",
            "module.vpc.aws_redshift_subnet_group.redshift",
            "module.vpc.aws_route.database_dns64_nat_gateway",
            "module.vpc.aws_route.database_internet_gateway",
            "module.vpc.aws_route.database_ipv6_egress",
            "module.vpc.aws_route.database_nat_gateway",
            "module.vpc.aws_route.private_dns64_nat_gateway",
            "module.vpc.aws_route.private_ipv6_egress",
            "module.vpc.aws_route.private_nat_gateway",
            "module.vpc.aws_route.public_internet_gateway",
            "module.vpc.aws_route.public_internet_gateway_ipv6",
            "module.vpc.aws_route_table.database",
            "module.vpc.aws_route_table.elasticache",
            "module.vpc.aws_route_table.intra",
            "module.vpc.aws_route_table.private",
            "module.vpc.aws_route_table.public",
            "module.vpc.aws_route_table.redshift",
            "module.vpc.aws_route_table_association.database",
            "module.vpc.aws_route_table_association.elasticache",
            "module.vpc.aws_route_table_association.intra",
            "module.vpc.aws_route_table_association.outpost",
            "module.vpc.aws_route_table_association.private",
            "module.vpc.aws_route_table_association.public",
            "module.vpc.aws_route_table_association.redshift",
            "module.vpc.aws_route_table_association.redshift_public",
            "module.vpc.aws_subnet.database",
            "module.vpc.aws_subnet.elasticache",
            "module.vpc.aws_subnet.intra",
            "module.vpc.aws_subnet.outpost",
            "module.vpc.aws_subnet.private",
            "module.vpc.aws_subnet.public",
            "module.vpc.aws_subnet.redshift",
            "module.vpc.aws_vpc.this",
            "module.vpc.aws_vpc_dhcp_options.this",
            "module.vpc.aws_vpc_dhcp_options_association.this",
            "module.vpc.aws_vpc_ipv4_cidr_block_association.this",
            "module.vpc.aws_vpn_gateway.this",
            "module.vpc.aws_vpn_gateway_attachment.this",
            "module.vpc.aws_vpn_gateway_route_propagation.intra",
            "module.vpc.aws_vpn_gateway_route_propagation.private",
            "module.vpc.aws_vpn_gateway_route_propagation.public",
            "module.vpc.data.aws_caller_identity.current",
            "module.vpc.data.aws_iam_policy_document.flow_log_cloudwatch_assume_role",
            "module.vpc.data.aws_iam_policy_document.vpc_flow_log_cloudwatch",
            "module.vpc.data.aws_partition.current",
            "module.vpc.data.aws_region.current"
          ],
          "create_before_destroy": true
        },
        {
          "index_key": "ingress_cluster_6443_webhook",
          "schema_version": 2,
          "attributes": {
            "cidr_blocks": null,
            "description": "Cluster API to node 6443/tcp webhook",
            "from_port": 6443,
            "id": "sgrule-1778767202",
            "ipv6_cidr_blocks": null,
            "prefix_list_ids": [],
            "protocol": "tcp",
            "security_group_id": "sg-00eeb588be9123311",
            "security_group_rule_id": "sgr-0c09cc43e93a1161f",
            "self": false,
            "source_security_group_id": "sg-0c5158a9d6bb04eed",
            "timeouts": null,
            "to_port": 6443,
            "type": "ingress"
          },
          "sensitive_attributes": [],
          "private": "eyJlMmJmYjczMC1lY2FhLTExZTYtOGY4OC0zNDM2M2JjN2M0YzAiOnsiY3JlYXRlIjozMDAwMDAwMDAwMDB9LCJzY2hlbWFfdmVyc2lvbiI6IjIifQ==",
          "dependencies": [
            "data.aws_availability_zones.available",
            "module.eks.aws_security_group.cluster",
            "module.eks.aws_security_group.node",
            "module.vpc.aws_cloudwatch_log_group.flow_log",
            "module.vpc.aws_customer_gateway.this",
            "module.vpc.aws_db_subnet_group.database",
            "module.vpc.aws_default_network_acl.this",
            "module.vpc.aws_default_route_table.default",
            "module.vpc.aws_default_security_group.this",
            "module.vpc.aws_default_vpc.this",
            "module.vpc.aws_egress_only_internet_gateway.this",
            "module.vpc.aws_eip.nat",
            "module.vpc.aws_elasticache_subnet_group.elasticache",
            "module.vpc.aws_flow_log.this",
            "module.vpc.aws_iam_policy.vpc_flow_log_cloudwatch",
            "module.vpc.aws_iam_role.vpc_flow_log_cloudwatch",
            "module.vpc.aws_iam_role_policy_attachment.vpc_flow_log_cloudwatch",
            "module.vpc.aws_internet_gateway.this",
            "module.vpc.aws_nat_gateway.this",
            "module.vpc.aws_network_acl.database",
            "module.vpc.aws_network_acl.elasticache",
            "module.vpc.aws_network_acl.intra",
            "module.vpc.aws_network_acl.outpost",
            "module.vpc.aws_network_acl.private",
            "module.vpc.aws_network_acl.public",
            "module.vpc.aws_network_acl.redshift",
            "module.vpc.aws_network_acl_rule.database_inbound",
            "module.vpc.aws_network_acl_rule.database_outbound",
            "module.vpc.aws_network_acl_rule.elasticache_inbound",
            "module.vpc.aws_network_acl_rule.elasticache_outbound",
            "module.vpc.aws_network_acl_rule.intra_inbound",
            "module.vpc.aws_network_acl_rule.intra_outbound",
            "module.vpc.aws_network_acl_rule.outpost_inbound",
            "module.vpc.aws_network_acl_rule.outpost_outbound",
            "module.vpc.aws_network_acl_rule.private_inbound",
            "module.vpc.aws_network_acl_rule.private_outbound",
            "module.vpc.aws_network_acl_rule.public_inbound",
            "module.vpc.aws_network_acl_rule.public_outbound",
            "module.vpc.aws_network_acl_rule.redshift_inbound",
            "module.vpc.aws_network_acl_rule.redshift_outbound",
            "module.vpc.aws_redshift_subnet_group.redshift",
            "module.vpc.aws_route.database_dns64_nat_gateway",
            "module.vpc.aws_route.database_internet_gateway",
            "module.vpc.aws_route.database_ipv6_egress",
            "module.vpc.aws_route.database_nat_gateway",
            "module.vpc.aws_route.private_dns64_nat_gateway",
            "module.vpc.aws_route.private_ipv6_egress",
            "module.vpc.aws_route.private_nat_gateway",
            "module.vpc.aws_route.public_internet_gateway",
            "module.vpc.aws_route.public_internet_gateway_ipv6",
            "module.vpc.aws_route_table.database",
            "module.vpc.aws_route_table.elasticache",
            "module.vpc.aws_route_table.intra",
            "module.vpc.aws_route_table.private",
            "module.vpc.aws_route_table.public",
            "module.vpc.aws_route_table.redshift",
            "module.vpc.aws_route_table_association.database",
            "module.vpc.aws_route_table_association.elasticache",
            "module.vpc.aws_route_table_association.intra",
            "module.vpc.aws_route_table_association.outpost",
            "module.vpc.aws_route_table_association.private",
            "module.vpc.aws_route_table_association.public",
            "module.vpc.aws_route_table_association.redshift",
            "module.vpc.aws_route_table_association.redshift_public",
            "module.vpc.aws_subnet.database",
            "module.vpc.aws_subnet.elasticache",
            "module.vpc.aws_subnet.intra",
            "module.vpc.aws_subnet.outpost",
            "module.vpc.aws_subnet.private",
            "module.vpc.aws_subnet.public",
            "module.vpc.aws_subnet.redshift",
            "module.vpc.aws_vpc.this",
            "module.vpc.aws_vpc_dhcp_options.this",
            "module.vpc.aws_vpc_dhcp_options_association.this",
            "module.vpc.aws_vpc_ipv4_cidr_block_association.this",
            "module.vpc.aws_vpn_gateway.this",
            "module.vpc.aws_vpn_gateway_attachment.this",
            "module.vpc.aws_vpn_gateway_route_propagation.intra",
            "module.vpc.aws_vpn_gateway_route_propagation.private",
            "module.vpc.aws_vpn_gateway_route_propagation.public",
            "module.vpc.data.aws_caller_identity.current",
            "module.vpc.data.aws_iam_policy_document.flow_log_cloudwatch_assume_role",
            "module.vpc.data.aws_iam_policy_document.vpc_flow_log_cloudwatch",
            "module.vpc.data.aws_partition.current",
            "module.vpc.data.aws_region.current"
          ],
          "create_before_destroy": true
        },
        {
          "index_key": "ingress_cluster_8443_webhook",
          "schema_version": 2,
          "attributes": {
            "cidr_blocks": null,
            "description": "Cluster API to node 8443/tcp webhook",
            "from_port": 8443,
            "id": "sgrule-2035935555",
            "ipv6_cidr_blocks": null,
            "prefix_list_ids": [],
            "protocol": "tcp",
            "security_group_id": "sg-00eeb588be9123311",
            "security_group_rule_id": "sgr-0a4c341d800be5b6d",
            "self": false,
            "source_security_group_id": "sg-0c5158a9d6bb04eed",
            "timeouts": null,
            "to_port": 8443,
            "type": "ingress"
          },
          "sensitive_attributes": [],
          "private": "eyJlMmJmYjczMC1lY2FhLTExZTYtOGY4OC0zNDM2M2JjN2M0YzAiOnsiY3JlYXRlIjozMDAwMDAwMDAwMDB9LCJzY2hlbWFfdmVyc2lvbiI6IjIifQ==",
          "dependencies": [
            "data.aws_availability_zones.available",
            "module.eks.aws_security_group.cluster",
            "module.eks.aws_security_group.node",
            "module.vpc.aws_cloudwatch_log_group.flow_log",
            "module.vpc.aws_customer_gateway.this",
            "module.vpc.aws_db_subnet_group.database",
            "module.vpc.aws_default_network_acl.this",
            "module.vpc.aws_default_route_table.default",
            "module.vpc.aws_default_security_group.this",
            "module.vpc.aws_default_vpc.this",
            "module.vpc.aws_egress_only_internet_gateway.this",
            "module.vpc.aws_eip.nat",
            "module.vpc.aws_elasticache_subnet_group.elasticache",
            "module.vpc.aws_flow_log.this",
            "module.vpc.aws_iam_policy.vpc_flow_log_cloudwatch",
            "module.vpc.aws_iam_role.vpc_flow_log_cloudwatch",
            "module.vpc.aws_iam_role_policy_attachment.vpc_flow_log_cloudwatch",
            "module.vpc.aws_internet_gateway.this",
            "module.vpc.aws_nat_gateway.this",
            "module.vpc.aws_network_acl.database",
            "module.vpc.aws_network_acl.elasticache",
            "module.vpc.aws_network_acl.intra",
            "module.vpc.aws_network_acl.outpost",
            "module.vpc.aws_network_acl.private",
            "module.vpc.aws_network_acl.public",
            "module.vpc.aws_network_acl.redshift",
            "module.vpc.aws_network_acl_rule.database_inbound",
            "module.vpc.aws_network_acl_rule.database_outbound",
            "module.vpc.aws_network_acl_rule.elasticache_inbound",
            "module.vpc.aws_network_acl_rule.elasticache_outbound",
            "module.vpc.aws_network_acl_rule.intra_inbound",
            "module.vpc.aws_network_acl_rule.intra_outbound",
            "module.vpc.aws_network_acl_rule.outpost_inbound",
            "module.vpc.aws_network_acl_rule.outpost_outbound",
            "module.vpc.aws_network_acl_rule.private_inbound",
            "module.vpc.aws_network_acl_rule.private_outbound",
            "module.vpc.aws_network_acl_rule.public_inbound",
            "module.vpc.aws_network_acl_rule.public_outbound",
            "module.vpc.aws_network_acl_rule.redshift_inbound",
            "module.vpc.aws_network_acl_rule.redshift_outbound",
            "module.vpc.aws_redshift_subnet_group.redshift",
            "module.vpc.aws_route.database_dns64_nat_gateway",
            "module.vpc.aws_route.database_internet_gateway",
            "module.vpc.aws_route.database_ipv6_egress",
            "module.vpc.aws_route.database_nat_gateway",
            "module.vpc.aws_route.private_dns64_nat_gateway",
            "module.vpc.aws_route.private_ipv6_egress",
            "module.vpc.aws_route.private_nat_gateway",
            "module.vpc.aws_route.public_internet_gateway",
            "module.vpc.aws_route.public_internet_gateway_ipv6",
            "module.vpc.aws_route_table.database",
            "module.vpc.aws_route_table.elasticache",
            "module.vpc.aws_route_table.intra",
            "module.vpc.aws_route_table.private",
            "module.vpc.aws_route_table.public",
            "module.vpc.aws_route_table.redshift",
            "module.vpc.aws_route_table_association.database",
            "module.vpc.aws_route_table_association.elasticache",
            "module.vpc.aws_route_table_association.intra",
            "module.vpc.aws_route_table_association.outpost",
            "module.vpc.aws_route_table_association.private",
            "module.vpc.aws_route_table_association.public",
            "module.vpc.aws_route_table_association.redshift",
            "module.vpc.aws_route_table_association.redshift_public",
            "module.vpc.aws_subnet.database",
            "module.vpc.aws_subnet.elasticache",
            "module.vpc.aws_subnet.intra",
            "module.vpc.aws_subnet.outpost",
            "module.vpc.aws_subnet.private",
            "module.vpc.aws_subnet.public",
            "module.vpc.aws_subnet.redshift",
            "module.vpc.aws_vpc.this",
            "module.vpc.aws_vpc_dhcp_options.this",
            "module.vpc.aws_vpc_dhcp_options_association.this",
            "module.vpc.aws_vpc_ipv4_cidr_block_association.this",
            "module.vpc.aws_vpn_gateway.this",
            "module.vpc.aws_vpn_gateway_attachment.this",
            "module.vpc.aws_vpn_gateway_route_propagation.intra",
            "module.vpc.aws_vpn_gateway_route_propagation.private",
            "module.vpc.aws_vpn_gateway_route_propagation.public",
            "module.vpc.data.aws_caller_identity.current",
            "module.vpc.data.aws_iam_policy_document.flow_log_cloudwatch_assume_role",
            "module.vpc.data.aws_iam_policy_document.vpc_flow_log_cloudwatch",
            "module.vpc.data.aws_partition.current",
            "module.vpc.data.aws_region.current"
          ],
          "create_before_destroy": true
        },
        {
          "index_key": "ingress_cluster_9443_webhook",
          "schema_version": 2,
          "attributes": {
            "cidr_blocks": null,
            "description": "Cluster API to node 9443/tcp webhook",
            "from_port": 9443,
            "id": "sgrule-502848136",
            "ipv6_cidr_blocks": null,
            "prefix_list_ids": [],
            "protocol": "tcp",
            "security_group_id": "sg-00eeb588be9123311",
            "security_group_rule_id": "sgr-0aa8c4e45b3e61159",
            "self": false,
            "source_security_group_id": "sg-0c5158a9d6bb04eed",
            "timeouts": null,
            "to_port": 9443,
            "type": "ingress"
          },
          "sensitive_attributes": [],
          "private": "eyJlMmJmYjczMC1lY2FhLTExZTYtOGY4OC0zNDM2M2JjN2M0YzAiOnsiY3JlYXRlIjozMDAwMDAwMDAwMDB9LCJzY2hlbWFfdmVyc2lvbiI6IjIifQ==",
          "dependencies": [
            "data.aws_availability_zones.available",
            "module.eks.aws_security_group.cluster",
            "module.eks.aws_security_group.node",
            "module.vpc.aws_cloudwatch_log_group.flow_log",
            "module.vpc.aws_customer_gateway.this",
            "module.vpc.aws_db_subnet_group.database",
            "module.vpc.aws_default_network_acl.this",
            "module.vpc.aws_default_route_table.default",
            "module.vpc.aws_default_security_group.this",
            "module.vpc.aws_default_vpc.this",
            "module.vpc.aws_egress_only_internet_gateway.this",
            "module.vpc.aws_eip.nat",
            "module.vpc.aws_elasticache_subnet_group.elasticache",
            "module.vpc.aws_flow_log.this",
            "module.vpc.aws_iam_policy.vpc_flow_log_cloudwatch",
            "module.vpc.aws_iam_role.vpc_flow_log_cloudwatch",
            "module.vpc.aws_iam_role_policy_attachment.vpc_flow_log_cloudwatch",
            "module.vpc.aws_internet_gateway.this",
            "module.vpc.aws_nat_gateway.this",
            "module.vpc.aws_network_acl.database",
            "module.vpc.aws_network_acl.elasticache",
            "module.vpc.aws_network_acl.intra",
            "module.vpc.aws_network_acl.outpost",
            "module.vpc.aws_network_acl.private",
            "module.vpc.aws_network_acl.public",
            "module.vpc.aws_network_acl.redshift",
            "module.vpc.aws_network_acl_rule.database_inbound",
            "module.vpc.aws_network_acl_rule.database_outbound",
            "module.vpc.aws_network_acl_rule.elasticache_inbound",
            "module.vpc.aws_network_acl_rule.elasticache_outbound",
            "module.vpc.aws_network_acl_rule.intra_inbound",
            "module.vpc.aws_network_acl_rule.intra_outbound",
            "module.vpc.aws_network_acl_rule.outpost_inbound",
            "module.vpc.aws_network_acl_rule.outpost_outbound",
            "module.vpc.aws_network_acl_rule.private_inbound",
            "module.vpc.aws_network_acl_rule.private_outbound",
            "module.vpc.aws_network_acl_rule.public_inbound",
            "module.vpc.aws_network_acl_rule.public_outbound",
            "module.vpc.aws_network_acl_rule.redshift_inbound",
            "module.vpc.aws_network_acl_rule.redshift_outbound",
            "module.vpc.aws_redshift_subnet_group.redshift",
            "module.vpc.aws_route.database_dns64_nat_gateway",
            "module.vpc.aws_route.database_internet_gateway",
            "module.vpc.aws_route.database_ipv6_egress",
            "module.vpc.aws_route.database_nat_gateway",
            "module.vpc.aws_route.private_dns64_nat_gateway",
            "module.vpc.aws_route.private_ipv6_egress",
            "module.vpc.aws_route.private_nat_gateway",
            "module.vpc.aws_route.public_internet_gateway",
            "module.vpc.aws_route.public_internet_gateway_ipv6",
            "module.vpc.aws_route_table.database",
            "module.vpc.aws_route_table.elasticache",
            "module.vpc.aws_route_table.intra",
            "module.vpc.aws_route_table.private",
            "module.vpc.aws_route_table.public",
            "module.vpc.aws_route_table.redshift",
            "module.vpc.aws_route_table_association.database",
            "module.vpc.aws_route_table_association.elasticache",
            "module.vpc.aws_route_table_association.intra",
            "module.vpc.aws_route_table_association.outpost",
            "module.vpc.aws_route_table_association.private",
            "module.vpc.aws_route_table_association.public",
            "module.vpc.aws_route_table_association.redshift",
            "module.vpc.aws_route_table_association.redshift_public",
            "module.vpc.aws_subnet.database",
            "module.vpc.aws_subnet.elasticache",
            "module.vpc.aws_subnet.intra",
            "module.vpc.aws_subnet.outpost",
            "module.vpc.aws_subnet.private",
            "module.vpc.aws_subnet.public",
            "module.vpc.aws_subnet.redshift",
            "module.vpc.aws_vpc.this",
            "module.vpc.aws_vpc_dhcp_options.this",
            "module.vpc.aws_vpc_dhcp_options_association.this",
            "module.vpc.aws_vpc_ipv4_cidr_block_association.this",
            "module.vpc.aws_vpn_gateway.this",
            "module.vpc.aws_vpn_gateway_attachment.this",
            "module.vpc.aws_vpn_gateway_route_propagation.intra",
            "module.vpc.aws_vpn_gateway_route_propagation.private",
            "module.vpc.aws_vpn_gateway_route_propagation.public",
            "module.vpc.data.aws_caller_identity.current",
            "module.vpc.data.aws_iam_policy_document.flow_log_cloudwatch_assume_role",
            "module.vpc.data.aws_iam_policy_document.vpc_flow_log_cloudwatch",
            "module.vpc.data.aws_partition.current",
            "module.vpc.data.aws_region.current"
          ],
          "create_before_destroy": true
        },
        {
          "index_key": "ingress_cluster_kubelet",
          "schema_version": 2,
          "attributes": {
            "cidr_blocks": null,
            "description": "Cluster API to node kubelets",
            "from_port": 10250,
            "id": "sgrule-3998196374",
            "ipv6_cidr_blocks": null,
            "prefix_list_ids": [],
            "protocol": "tcp",
            "security_group_id": "sg-00eeb588be9123311",
            "security_group_rule_id": "sgr-005b2a654ca262ac6",
            "self": false,
            "source_security_group_id": "sg-0c5158a9d6bb04eed",
            "timeouts": null,
            "to_port": 10250,
            "type": "ingress"
          },
          "sensitive_attributes": [],
          "private": "eyJlMmJmYjczMC1lY2FhLTExZTYtOGY4OC0zNDM2M2JjN2M0YzAiOnsiY3JlYXRlIjozMDAwMDAwMDAwMDB9LCJzY2hlbWFfdmVyc2lvbiI6IjIifQ==",
          "dependencies": [
            "data.aws_availability_zones.available",
            "module.eks.aws_security_group.cluster",
            "module.eks.aws_security_group.node",
            "module.vpc.aws_cloudwatch_log_group.flow_log",
            "module.vpc.aws_customer_gateway.this",
            "module.vpc.aws_db_subnet_group.database",
            "module.vpc.aws_default_network_acl.this",
            "module.vpc.aws_default_route_table.default",
            "module.vpc.aws_default_security_group.this",
            "module.vpc.aws_default_vpc.this",
            "module.vpc.aws_egress_only_internet_gateway.this",
            "module.vpc.aws_eip.nat",
            "module.vpc.aws_elasticache_subnet_group.elasticache",
            "module.vpc.aws_flow_log.this",
            "module.vpc.aws_iam_policy.vpc_flow_log_cloudwatch",
            "module.vpc.aws_iam_role.vpc_flow_log_cloudwatch",
            "module.vpc.aws_iam_role_policy_attachment.vpc_flow_log_cloudwatch",
            "module.vpc.aws_internet_gateway.this",
            "module.vpc.aws_nat_gateway.this",
            "module.vpc.aws_network_acl.database",
            "module.vpc.aws_network_acl.elasticache",
            "module.vpc.aws_network_acl.intra",
            "module.vpc.aws_network_acl.outpost",
            "module.vpc.aws_network_acl.private",
            "module.vpc.aws_network_acl.public",
            "module.vpc.aws_network_acl.redshift",
            "module.vpc.aws_network_acl_rule.database_inbound",
            "module.vpc.aws_network_acl_rule.database_outbound",
            "module.vpc.aws_network_acl_rule.elasticache_inbound",
            "module.vpc.aws_network_acl_rule.elasticache_outbound",
            "module.vpc.aws_network_acl_rule.intra_inbound",
            "module.vpc.aws_network_acl_rule.intra_outbound",
            "module.vpc.aws_network_acl_rule.outpost_inbound",
            "module.vpc.aws_network_acl_rule.outpost_outbound",
            "module.vpc.aws_network_acl_rule.private_inbound",
            "module.vpc.aws_network_acl_rule.private_outbound",
            "module.vpc.aws_network_acl_rule.public_inbound",
            "module.vpc.aws_network_acl_rule.public_outbound",
            "module.vpc.aws_network_acl_rule.redshift_inbound",
            "module.vpc.aws_network_acl_rule.redshift_outbound",
            "module.vpc.aws_redshift_subnet_group.redshift",
            "module.vpc.aws_route.database_dns64_nat_gateway",
            "module.vpc.aws_route.database_internet_gateway",
            "module.vpc.aws_route.database_ipv6_egress",
            "module.vpc.aws_route.database_nat_gateway",
            "module.vpc.aws_route.private_dns64_nat_gateway",
            "module.vpc.aws_route.private_ipv6_egress",
            "module.vpc.aws_route.private_nat_gateway",
            "module.vpc.aws_route.public_internet_gateway",
            "module.vpc.aws_route.public_internet_gateway_ipv6",
            "module.vpc.aws_route_table.database",
            "module.vpc.aws_route_table.elasticache",
            "module.vpc.aws_route_table.intra",
            "module.vpc.aws_route_table.private",
            "module.vpc.aws_route_table.public",
            "module.vpc.aws_route_table.redshift",
            "module.vpc.aws_route_table_association.database",
            "module.vpc.aws_route_table_association.elasticache",
            "module.vpc.aws_route_table_association.intra",
            "module.vpc.aws_route_table_association.outpost",
            "module.vpc.aws_route_table_association.private",
            "module.vpc.aws_route_table_association.public",
            "module.vpc.aws_route_table_association.redshift",
            "module.vpc.aws_route_table_association.redshift_public",
            "module.vpc.aws_subnet.database",
            "module.vpc.aws_subnet.elasticache",
            "module.vpc.aws_subnet.intra",
            "module.vpc.aws_subnet.outpost",
            "module.vpc.aws_subnet.private",
            "module.vpc.aws_subnet.public",
            "module.vpc.aws_subnet.redshift",
            "module.vpc.aws_vpc.this",
            "module.vpc.aws_vpc_dhcp_options.this",
            "module.vpc.aws_vpc_dhcp_options_association.this",
            "module.vpc.aws_vpc_ipv4_cidr_block_association.this",
            "module.vpc.aws_vpn_gateway.this",
            "module.vpc.aws_vpn_gateway_attachment.this",
            "module.vpc.aws_vpn_gateway_route_propagation.intra",
            "module.vpc.aws_vpn_gateway_route_propagation.private",
            "module.vpc.aws_vpn_gateway_route_propagation.public",
            "module.vpc.data.aws_caller_identity.current",
            "module.vpc.data.aws_iam_policy_document.flow_log_cloudwatch_assume_role",
            "module.vpc.data.aws_iam_policy_document.vpc_flow_log_cloudwatch",
            "module.vpc.data.aws_partition.current",
            "module.vpc.data.aws_region.current"
          ],
          "create_before_destroy": true
        },
        {
          "index_key": "ingress_nodes_ephemeral",
          "schema_version": 2,
          "attributes": {
            "cidr_blocks": null,
            "description": "Node to node ingress on ephemeral ports",
            "from_port": 1025,
            "id": "sgrule-4058936344",
            "ipv6_cidr_blocks": null,
            "prefix_list_ids": [],
            "protocol": "tcp",
            "security_group_id": "sg-00eeb588be9123311",
            "security_group_rule_id": "sgr-037e915899ba8c0c1",
            "self": true,
            "source_security_group_id": null,
            "timeouts": null,
            "to_port": 65535,
            "type": "ingress"
          },
          "sensitive_attributes": [],
          "private": "eyJlMmJmYjczMC1lY2FhLTExZTYtOGY4OC0zNDM2M2JjN2M0YzAiOnsiY3JlYXRlIjozMDAwMDAwMDAwMDB9LCJzY2hlbWFfdmVyc2lvbiI6IjIifQ==",
          "dependencies": [
            "data.aws_availability_zones.available",
            "module.eks.aws_security_group.cluster",
            "module.eks.aws_security_group.node",
            "module.vpc.aws_cloudwatch_log_group.flow_log",
            "module.vpc.aws_customer_gateway.this",
            "module.vpc.aws_db_subnet_group.database",
            "module.vpc.aws_default_network_acl.this",
            "module.vpc.aws_default_route_table.default",
            "module.vpc.aws_default_security_group.this",
            "module.vpc.aws_default_vpc.this",
            "module.vpc.aws_egress_only_internet_gateway.this",
            "module.vpc.aws_eip.nat",
            "module.vpc.aws_elasticache_subnet_group.elasticache",
            "module.vpc.aws_flow_log.this",
            "module.vpc.aws_iam_policy.vpc_flow_log_cloudwatch",
            "module.vpc.aws_iam_role.vpc_flow_log_cloudwatch",
            "module.vpc.aws_iam_role_policy_attachment.vpc_flow_log_cloudwatch",
            "module.vpc.aws_internet_gateway.this",
            "module.vpc.aws_nat_gateway.this",
            "module.vpc.aws_network_acl.database",
            "module.vpc.aws_network_acl.elasticache",
            "module.vpc.aws_network_acl.intra",
            "module.vpc.aws_network_acl.outpost",
            "module.vpc.aws_network_acl.private",
            "module.vpc.aws_network_acl.public",
            "module.vpc.aws_network_acl.redshift",
            "module.vpc.aws_network_acl_rule.database_inbound",
            "module.vpc.aws_network_acl_rule.database_outbound",
            "module.vpc.aws_network_acl_rule.elasticache_inbound",
            "module.vpc.aws_network_acl_rule.elasticache_outbound",
            "module.vpc.aws_network_acl_rule.intra_inbound",
            "module.vpc.aws_network_acl_rule.intra_outbound",
            "module.vpc.aws_network_acl_rule.outpost_inbound",
            "module.vpc.aws_network_acl_rule.outpost_outbound",
            "module.vpc.aws_network_acl_rule.private_inbound",
            "module.vpc.aws_network_acl_rule.private_outbound",
            "module.vpc.aws_network_acl_rule.public_inbound",
            "module.vpc.aws_network_acl_rule.public_outbound",
            "module.vpc.aws_network_acl_rule.redshift_inbound",
            "module.vpc.aws_network_acl_rule.redshift_outbound",
            "module.vpc.aws_redshift_subnet_group.redshift",
            "module.vpc.aws_route.database_dns64_nat_gateway",
            "module.vpc.aws_route.database_internet_gateway",
            "module.vpc.aws_route.database_ipv6_egress",
            "module.vpc.aws_route.database_nat_gateway",
            "module.vpc.aws_route.private_dns64_nat_gateway",
            "module.vpc.aws_route.private_ipv6_egress",
            "module.vpc.aws_route.private_nat_gateway",
            "module.vpc.aws_route.public_internet_gateway",
            "module.vpc.aws_route.public_internet_gateway_ipv6",
            "module.vpc.aws_route_table.database",
            "module.vpc.aws_route_table.elasticache",
            "module.vpc.aws_route_table.intra",
            "module.vpc.aws_route_table.private",
            "module.vpc.aws_route_table.public",
            "module.vpc.aws_route_table.redshift",
            "module.vpc.aws_route_table_association.database",
            "module.vpc.aws_route_table_association.elasticache",
            "module.vpc.aws_route_table_association.intra",
            "module.vpc.aws_route_table_association.outpost",
            "module.vpc.aws_route_table_association.private",
            "module.vpc.aws_route_table_association.public",
            "module.vpc.aws_route_table_association.redshift",
            "module.vpc.aws_route_table_association.redshift_public",
            "module.vpc.aws_subnet.database",
            "module.vpc.aws_subnet.elasticache",
            "module.vpc.aws_subnet.intra",
            "module.vpc.aws_subnet.outpost",
            "module.vpc.aws_subnet.private",
            "module.vpc.aws_subnet.public",
            "module.vpc.aws_subnet.redshift",
            "module.vpc.aws_vpc.this",
            "module.vpc.aws_vpc_dhcp_options.this",
            "module.vpc.aws_vpc_dhcp_options_association.this",
            "module.vpc.aws_vpc_ipv4_cidr_block_association.this",
            "module.vpc.aws_vpn_gateway.this",
            "module.vpc.aws_vpn_gateway_attachment.this",
            "module.vpc.aws_vpn_gateway_route_propagation.intra",
            "module.vpc.aws_vpn_gateway_route_propagation.private",
            "module.vpc.aws_vpn_gateway_route_propagation.public",
            "module.vpc.data.aws_caller_identity.current",
            "module.vpc.data.aws_iam_policy_document.flow_log_cloudwatch_assume_role",
            "module.vpc.data.aws_iam_policy_document.vpc_flow_log_cloudwatch",
            "module.vpc.data.aws_partition.current",
            "module.vpc.data.aws_region.current"
          ],
          "create_before_destroy": true
        },
        {
          "index_key": "ingress_self_coredns_tcp",
          "schema_version": 2,
          "attributes": {
            "cidr_blocks": null,
            "description": "Node to node CoreDNS",
            "from_port": 53,
            "id": "sgrule-3035175356",
            "ipv6_cidr_blocks": null,
            "prefix_list_ids": [],
            "protocol": "tcp",
            "security_group_id": "sg-00eeb588be9123311",
            "security_group_rule_id": "sgr-064ff90cdd52828fe",
            "self": true,
            "source_security_group_id": null,
            "timeouts": null,
            "to_port": 53,
            "type": "ingress"
          },
          "sensitive_attributes": [],
          "private": "eyJlMmJmYjczMC1lY2FhLTExZTYtOGY4OC0zNDM2M2JjN2M0YzAiOnsiY3JlYXRlIjozMDAwMDAwMDAwMDB9LCJzY2hlbWFfdmVyc2lvbiI6IjIifQ==",
          "dependencies": [
            "data.aws_availability_zones.available",
            "module.eks.aws_security_group.cluster",
            "module.eks.aws_security_group.node",
            "module.vpc.aws_cloudwatch_log_group.flow_log",
            "module.vpc.aws_customer_gateway.this",
            "module.vpc.aws_db_subnet_group.database",
            "module.vpc.aws_default_network_acl.this",
            "module.vpc.aws_default_route_table.default",
            "module.vpc.aws_default_security_group.this",
            "module.vpc.aws_default_vpc.this",
            "module.vpc.aws_egress_only_internet_gateway.this",
            "module.vpc.aws_eip.nat",
            "module.vpc.aws_elasticache_subnet_group.elasticache",
            "module.vpc.aws_flow_log.this",
            "module.vpc.aws_iam_policy.vpc_flow_log_cloudwatch",
            "module.vpc.aws_iam_role.vpc_flow_log_cloudwatch",
            "module.vpc.aws_iam_role_policy_attachment.vpc_flow_log_cloudwatch",
            "module.vpc.aws_internet_gateway.this",
            "module.vpc.aws_nat_gateway.this",
            "module.vpc.aws_network_acl.database",
            "module.vpc.aws_network_acl.elasticache",
            "module.vpc.aws_network_acl.intra",
            "module.vpc.aws_network_acl.outpost",
            "module.vpc.aws_network_acl.private",
            "module.vpc.aws_network_acl.public",
            "module.vpc.aws_network_acl.redshift",
            "module.vpc.aws_network_acl_rule.database_inbound",
            "module.vpc.aws_network_acl_rule.database_outbound",
            "module.vpc.aws_network_acl_rule.elasticache_inbound",
            "module.vpc.aws_network_acl_rule.elasticache_outbound",
            "module.vpc.aws_network_acl_rule.intra_inbound",
            "module.vpc.aws_network_acl_rule.intra_outbound",
            "module.vpc.aws_network_acl_rule.outpost_inbound",
            "module.vpc.aws_network_acl_rule.outpost_outbound",
            "module.vpc.aws_network_acl_rule.private_inbound",
            "module.vpc.aws_network_acl_rule.private_outbound",
            "module.vpc.aws_network_acl_rule.public_inbound",
            "module.vpc.aws_network_acl_rule.public_outbound",
            "module.vpc.aws_network_acl_rule.redshift_inbound",
            "module.vpc.aws_network_acl_rule.redshift_outbound",
            "module.vpc.aws_redshift_subnet_group.redshift",
            "module.vpc.aws_route.database_dns64_nat_gateway",
            "module.vpc.aws_route.database_internet_gateway",
            "module.vpc.aws_route.database_ipv6_egress",
            "module.vpc.aws_route.database_nat_gateway",
            "module.vpc.aws_route.private_dns64_nat_gateway",
            "module.vpc.aws_route.private_ipv6_egress",
            "module.vpc.aws_route.private_nat_gateway",
            "module.vpc.aws_route.public_internet_gateway",
            "module.vpc.aws_route.public_internet_gateway_ipv6",
            "module.vpc.aws_route_table.database",
            "module.vpc.aws_route_table.elasticache",
            "module.vpc.aws_route_table.intra",
            "module.vpc.aws_route_table.private",
            "module.vpc.aws_route_table.public",
            "module.vpc.aws_route_table.redshift",
            "module.vpc.aws_route_table_association.database",
            "module.vpc.aws_route_table_association.elasticache",
            "module.vpc.aws_route_table_association.intra",
            "module.vpc.aws_route_table_association.outpost",
            "module.vpc.aws_route_table_association.private",
            "module.vpc.aws_route_table_association.public",
            "module.vpc.aws_route_table_association.redshift",
            "module.vpc.aws_route_table_association.redshift_public",
            "module.vpc.aws_subnet.database",
            "module.vpc.aws_subnet.elasticache",
            "module.vpc.aws_subnet.intra",
            "module.vpc.aws_subnet.outpost",
            "module.vpc.aws_subnet.private",
            "module.vpc.aws_subnet.public",
            "module.vpc.aws_subnet.redshift",
            "module.vpc.aws_vpc.this",
            "module.vpc.aws_vpc_dhcp_options.this",
            "module.vpc.aws_vpc_dhcp_options_association.this",
            "module.vpc.aws_vpc_ipv4_cidr_block_association.this",
            "module.vpc.aws_vpn_gateway.this",
            "module.vpc.aws_vpn_gateway_attachment.this",
            "module.vpc.aws_vpn_gateway_route_propagation.intra",
            "module.vpc.aws_vpn_gateway_route_propagation.private",
            "module.vpc.aws_vpn_gateway_route_propagation.public",
            "module.vpc.data.aws_caller_identity.current",
            "module.vpc.data.aws_iam_policy_document.flow_log_cloudwatch_assume_role",
            "module.vpc.data.aws_iam_policy_document.vpc_flow_log_cloudwatch",
            "module.vpc.data.aws_partition.current",
            "module.vpc.data.aws_region.current"
          ],
          "create_before_destroy": true
        },
        {
          "index_key": "ingress_self_coredns_udp",
          "schema_version": 2,
          "attributes": {
            "cidr_blocks": null,
            "description": "Node to node CoreDNS UDP",
            "from_port": 53,
            "id": "sgrule-280410707",
            "ipv6_cidr_blocks": null,
            "prefix_list_ids": [],
            "protocol": "udp",
            "security_group_id": "sg-00eeb588be9123311",
            "security_group_rule_id": "sgr-01401ba58ea2c9774",
            "self": true,
            "source_security_group_id": null,
            "timeouts": null,
            "to_port": 53,
            "type": "ingress"
          },
          "sensitive_attributes": [],
          "private": "eyJlMmJmYjczMC1lY2FhLTExZTYtOGY4OC0zNDM2M2JjN2M0YzAiOnsiY3JlYXRlIjozMDAwMDAwMDAwMDB9LCJzY2hlbWFfdmVyc2lvbiI6IjIifQ==",
          "dependencies": [
            "data.aws_availability_zones.available",
            "module.eks.aws_security_group.cluster",
            "module.eks.aws_security_group.node",
            "module.vpc.aws_cloudwatch_log_group.flow_log",
            "module.vpc.aws_customer_gateway.this",
            "module.vpc.aws_db_subnet_group.database",
            "module.vpc.aws_default_network_acl.this",
            "module.vpc.aws_default_route_table.default",
            "module.vpc.aws_default_security_group.this",
            "module.vpc.aws_default_vpc.this",
            "module.vpc.aws_egress_only_internet_gateway.this",
            "module.vpc.aws_eip.nat",
            "module.vpc.aws_elasticache_subnet_group.elasticache",
            "module.vpc.aws_flow_log.this",
            "module.vpc.aws_iam_policy.vpc_flow_log_cloudwatch",
            "module.vpc.aws_iam_role.vpc_flow_log_cloudwatch",
            "module.vpc.aws_iam_role_policy_attachment.vpc_flow_log_cloudwatch",
            "module.vpc.aws_internet_gateway.this",
            "module.vpc.aws_nat_gateway.this",
            "module.vpc.aws_network_acl.database",
            "module.vpc.aws_network_acl.elasticache",
            "module.vpc.aws_network_acl.intra",
            "module.vpc.aws_network_acl.outpost",
            "module.vpc.aws_network_acl.private",
            "module.vpc.aws_network_acl.public",
            "module.vpc.aws_network_acl.redshift",
            "module.vpc.aws_network_acl_rule.database_inbound",
            "module.vpc.aws_network_acl_rule.database_outbound",
            "module.vpc.aws_network_acl_rule.elasticache_inbound",
            "module.vpc.aws_network_acl_rule.elasticache_outbound",
            "module.vpc.aws_network_acl_rule.intra_inbound",
            "module.vpc.aws_network_acl_rule.intra_outbound",
            "module.vpc.aws_network_acl_rule.outpost_inbound",
            "module.vpc.aws_network_acl_rule.outpost_outbound",
            "module.vpc.aws_network_acl_rule.private_inbound",
            "module.vpc.aws_network_acl_rule.private_outbound",
            "module.vpc.aws_network_acl_rule.public_inbound",
            "module.vpc.aws_network_acl_rule.public_outbound",
            "module.vpc.aws_network_acl_rule.redshift_inbound",
            "module.vpc.aws_network_acl_rule.redshift_outbound",
            "module.vpc.aws_redshift_subnet_group.redshift",
            "module.vpc.aws_route.database_dns64_nat_gateway",
            "module.vpc.aws_route.database_internet_gateway",
            "module.vpc.aws_route.database_ipv6_egress",
            "module.vpc.aws_route.database_nat_gateway",
            "module.vpc.aws_route.private_dns64_nat_gateway",
            "module.vpc.aws_route.private_ipv6_egress",
            "module.vpc.aws_route.private_nat_gateway",
            "module.vpc.aws_route.public_internet_gateway",
            "module.vpc.aws_route.public_internet_gateway_ipv6",
            "module.vpc.aws_route_table.database",
            "module.vpc.aws_route_table.elasticache",
            "module.vpc.aws_route_table.intra",
            "module.vpc.aws_route_table.private",
            "module.vpc.aws_route_table.public",
            "module.vpc.aws_route_table.redshift",
            "module.vpc.aws_route_table_association.database",
            "module.vpc.aws_route_table_association.elasticache",
            "module.vpc.aws_route_table_association.intra",
            "module.vpc.aws_route_table_association.outpost",
            "module.vpc.aws_route_table_association.private",
            "module.vpc.aws_route_table_association.public",
            "module.vpc.aws_route_table_association.redshift",
            "module.vpc.aws_route_table_association.redshift_public",
            "module.vpc.aws_subnet.database",
            "module.vpc.aws_subnet.elasticache",
            "module.vpc.aws_subnet.intra",
            "module.vpc.aws_subnet.outpost",
            "module.vpc.aws_subnet.private",
            "module.vpc.aws_subnet.public",
            "module.vpc.aws_subnet.redshift",
            "module.vpc.aws_vpc.this",
            "module.vpc.aws_vpc_dhcp_options.this",
            "module.vpc.aws_vpc_dhcp_options_association.this",
            "module.vpc.aws_vpc_ipv4_cidr_block_association.this",
            "module.vpc.aws_vpn_gateway.this",
            "module.vpc.aws_vpn_gateway_attachment.this",
            "module.vpc.aws_vpn_gateway_route_propagation.intra",
            "module.vpc.aws_vpn_gateway_route_propagation.private",
            "module.vpc.aws_vpn_gateway_route_propagation.public",
            "module.vpc.data.aws_caller_identity.current",
            "module.vpc.data.aws_iam_policy_document.flow_log_cloudwatch_assume_role",
            "module.vpc.data.aws_iam_policy_document.vpc_flow_log_cloudwatch",
            "module.vpc.data.aws_partition.current",
            "module.vpc.data.aws_region.current"
          ],
          "create_before_destroy": true
        }
      ]
    },
    {
      "module": "module.eks",
      "mode": "managed",
      "type": "time_sleep",
      "name": "this",
      "provider": "provider[\"registry.terraform.io/hashicorp/time\"]",
      "instances": [
        {
          "index_key": 0,
          "schema_version": 0,
          "attributes": {
            "create_duration": "30s",
            "destroy_duration": null,
            "id": "2025-02-01T21:19:26Z",
            "triggers": {
              "cluster_certificate_authority_data": "LS0tLS1CRUdJTiBDRVJUSUZJQ0FURS0tLS0tCk1JSURCVENDQWUyZ0F3SUJBZ0lJYmY3bDJCbjFydTh3RFFZSktvWklodmNOQVFFTEJRQXdGVEVUTUJFR0ExVUUKQXhNS2EzVmlaWEp1WlhSbGN6QWVGdzB5TlRBeU1ERXlNVEE0TVRCYUZ3MHpOVEF4TXpBeU1URXpNVEJhTUJVeApFekFSQmdOVkJBTVRDbXQxWW1WeWJtVjBaWE13Z2dFaU1BMEdDU3FHU0liM0RRRUJBUVVBQTRJQkR3QXdnZ0VLCkFvSUJBUURZTTFTVWJQWG93c3Bsc0RScVlEWUVwOVR6MFZBNU4rc0t5bnB0cUVkazN6SVd1NThQNkU3SnMyZUoKWlE5ZURQK284elk5cVZreTJVbk9sSkw0M01kUXNXT29qYU11aHFVeUZNZHdpalRHalBqcVJuSE5GN1cwUkZpSAoxNno1SGFBZk1KeEpDVWFzSFAzRk1SZjU3anVMUEpFS0Q5cGI3MExnTENqM0MyTll0bEJSMnF5Uk41amJib2VXCitNSUhRWTdoNFpyWHhEdjQvT2VKZGhQZkVPK1RFei9LQ0J1S1U2TEtTSE1jbUxiWWtCQ004bkV3cXBVK0k5ZncKN0JUaGtsNitvazZIWGNjNUppUmRITFRsK2g3V0VsWjF5anhraE4rTDNIZGdVOXFCZTk4Q1NsUDV2N3hmM2dVawplbHE1QnB1RjJ3akhJMTRpRmJ4ZXVrQjF5SURiQWdNQkFBR2pXVEJYTUE0R0ExVWREd0VCL3dRRUF3SUNwREFQCkJnTlZIUk1CQWY4RUJUQURBUUgvTUIwR0ExVWREZ1FXQkJUb20zcTZRQUd0OGpLTXlzSHR6OFdXNzF3OUlqQVYKQmdOVkhSRUVEakFNZ2dwcmRXSmxjbTVsZEdWek1BMEdDU3FHU0liM0RRRUJDd1VBQTRJQkFRQ2VZZ2NmZWEwTgpjRW1lY3RXaC9YOFRJWlpDNHhacnNrZnRxa3luRGE5cFFpa0JGK3FocDBoVXRQYVpqeGZrNWFPZlpiNDZxd0ZTCjBGcEo0SzJUY0QvaTJqQWJidjg3NkNFR0JpZW5TMGNVT0lwcDI0UEY2Rnl3bG5hc2Y2aC9jOWtjS1ZldmcxYUgKSHNDOFlqRFQ4dThEU1Q1dlkvWTBhZUhRaFdMRzJWbURrQ252eFUvdzh2UnZDQlVUOUVPY1FaU08yMERVMExvMApndXVuR1ArNm5vcHBSSTI1ajY2MlBhTkdWenE5dFNCTktjTkhlcHNzSUU4eHk1aDRkZ1hXVCtlNHloMi84ZHFuCmJrMnZVTjUwcm5leW1PZnBFOHZKeHBqRlg0SHpXakpFRjNaSkxxZWJYZnk5eXQyTkcySkM2ZE05WXNZUWZVZXkKZzN4Z1YvblpzRlJQCi0tLS0tRU5EIENFUlRJRklDQVRFLS0tLS0K",
              "cluster_endpoint": "https://F5B967F1C8E3D3A2E9127D81992A36F7.gr7.us-east-1.eks.amazonaws.com",
              "cluster_name": "octopus",
              "cluster_service_cidr": "172.20.0.0/16",
              "cluster_version": "1.31"
            }
          },
          "sensitive_attributes": [],
          "dependencies": [
            "data.aws_availability_zones.available",
            "module.eks.aws_cloudwatch_log_group.this",
            "module.eks.aws_eks_cluster.this",
            "module.eks.aws_iam_policy.cni_ipv6_policy",
            "module.eks.aws_iam_role.eks_auto",
            "module.eks.aws_iam_role.this",
            "module.eks.aws_iam_role_policy_attachment.this",
            "module.eks.aws_security_group.cluster",
            "module.eks.aws_security_group.node",
            "module.eks.aws_security_group_rule.cluster",
            "module.eks.aws_security_group_rule.node",
            "module.eks.data.aws_caller_identity.current",
            "module.eks.data.aws_iam_policy_document.assume_role_policy",
            "module.eks.data.aws_iam_policy_document.cni_ipv6_policy",
            "module.eks.data.aws_iam_policy_document.node_assume_role_policy",
            "module.eks.data.aws_iam_session_context.current",
            "module.eks.data.aws_partition.current",
            "module.eks.module.kms.aws_kms_external_key.this",
            "module.eks.module.kms.aws_kms_key.this",
            "module.eks.module.kms.aws_kms_replica_external_key.this",
            "module.eks.module.kms.aws_kms_replica_key.this",
            "module.eks.module.kms.data.aws_caller_identity.current",
            "module.eks.module.kms.data.aws_iam_policy_document.this",
            "module.eks.module.kms.data.aws_partition.current",
            "module.vpc.aws_cloudwatch_log_group.flow_log",
            "module.vpc.aws_customer_gateway.this",
            "module.vpc.aws_db_subnet_group.database",
            "module.vpc.aws_default_network_acl.this",
            "module.vpc.aws_default_route_table.default",
            "module.vpc.aws_default_security_group.this",
            "module.vpc.aws_default_vpc.this",
            "module.vpc.aws_egress_only_internet_gateway.this",
            "module.vpc.aws_eip.nat",
            "module.vpc.aws_elasticache_subnet_group.elasticache",
            "module.vpc.aws_flow_log.this",
            "module.vpc.aws_iam_policy.vpc_flow_log_cloudwatch",
            "module.vpc.aws_iam_role.vpc_flow_log_cloudwatch",
            "module.vpc.aws_iam_role_policy_attachment.vpc_flow_log_cloudwatch",
            "module.vpc.aws_internet_gateway.this",
            "module.vpc.aws_nat_gateway.this",
            "module.vpc.aws_network_acl.database",
            "module.vpc.aws_network_acl.elasticache",
            "module.vpc.aws_network_acl.intra",
            "module.vpc.aws_network_acl.outpost",
            "module.vpc.aws_network_acl.private",
            "module.vpc.aws_network_acl.public",
            "module.vpc.aws_network_acl.redshift",
            "module.vpc.aws_network_acl_rule.database_inbound",
            "module.vpc.aws_network_acl_rule.database_outbound",
            "module.vpc.aws_network_acl_rule.elasticache_inbound",
            "module.vpc.aws_network_acl_rule.elasticache_outbound",
            "module.vpc.aws_network_acl_rule.intra_inbound",
            "module.vpc.aws_network_acl_rule.intra_outbound",
            "module.vpc.aws_network_acl_rule.outpost_inbound",
            "module.vpc.aws_network_acl_rule.outpost_outbound",
            "module.vpc.aws_network_acl_rule.private_inbound",
            "module.vpc.aws_network_acl_rule.private_outbound",
            "module.vpc.aws_network_acl_rule.public_inbound",
            "module.vpc.aws_network_acl_rule.public_outbound",
            "module.vpc.aws_network_acl_rule.redshift_inbound",
            "module.vpc.aws_network_acl_rule.redshift_outbound",
            "module.vpc.aws_redshift_subnet_group.redshift",
            "module.vpc.aws_route.database_dns64_nat_gateway",
            "module.vpc.aws_route.database_internet_gateway",
            "module.vpc.aws_route.database_ipv6_egress",
            "module.vpc.aws_route.database_nat_gateway",
            "module.vpc.aws_route.private_dns64_nat_gateway",
            "module.vpc.aws_route.private_ipv6_egress",
            "module.vpc.aws_route.private_nat_gateway",
            "module.vpc.aws_route.public_internet_gateway",
            "module.vpc.aws_route.public_internet_gateway_ipv6",
            "module.vpc.aws_route_table.database",
            "module.vpc.aws_route_table.elasticache",
            "module.vpc.aws_route_table.intra",
            "module.vpc.aws_route_table.private",
            "module.vpc.aws_route_table.public",
            "module.vpc.aws_route_table.redshift",
            "module.vpc.aws_route_table_association.database",
            "module.vpc.aws_route_table_association.elasticache",
            "module.vpc.aws_route_table_association.intra",
            "module.vpc.aws_route_table_association.outpost",
            "module.vpc.aws_route_table_association.private",
            "module.vpc.aws_route_table_association.public",
            "module.vpc.aws_route_table_association.redshift",
            "module.vpc.aws_route_table_association.redshift_public",
            "module.vpc.aws_subnet.database",
            "module.vpc.aws_subnet.elasticache",
            "module.vpc.aws_subnet.intra",
            "module.vpc.aws_subnet.outpost",
            "module.vpc.aws_subnet.private",
            "module.vpc.aws_subnet.public",
            "module.vpc.aws_subnet.redshift",
            "module.vpc.aws_vpc.this",
            "module.vpc.aws_vpc_dhcp_options.this",
            "module.vpc.aws_vpc_dhcp_options_association.this",
            "module.vpc.aws_vpc_ipv4_cidr_block_association.this",
            "module.vpc.aws_vpn_gateway.this",
            "module.vpc.aws_vpn_gateway_attachment.this",
            "module.vpc.aws_vpn_gateway_route_propagation.intra",
            "module.vpc.aws_vpn_gateway_route_propagation.private",
            "module.vpc.aws_vpn_gateway_route_propagation.public",
            "module.vpc.data.aws_caller_identity.current",
            "module.vpc.data.aws_iam_policy_document.flow_log_cloudwatch_assume_role",
            "module.vpc.data.aws_iam_policy_document.vpc_flow_log_cloudwatch",
            "module.vpc.data.aws_partition.current",
            "module.vpc.data.aws_region.current"
          ],
          "create_before_destroy": true
        }
      ]
    },
    {
      "module": "module.eks.module.eks_managed_node_group[\"TeamOctopus\"]",
      "mode": "data",
      "type": "aws_caller_identity",
      "name": "current",
      "provider": "provider[\"registry.terraform.io/hashicorp/aws\"]",
      "instances": [
        {
          "schema_version": 0,
          "attributes": {
            "account_id": "058264364931",
            "arn": "arn:aws:sts::058264364931:assumed-role/_LocalAdmin/aws-go-sdk-1738443671246551000",
            "id": "058264364931",
            "user_id": "AROAQ3EGTU6BUG4MBAL2N:aws-go-sdk-1738443671246551000"
          },
          "sensitive_attributes": []
        }
      ]
    },
    {
      "module": "module.eks.module.eks_managed_node_group[\"TeamOctopus\"]",
      "mode": "data",
      "type": "aws_ec2_instance_type",
      "name": "this",
      "provider": "provider[\"registry.terraform.io/hashicorp/aws\"]",
      "instances": []
    },
    {
      "module": "module.eks.module.eks_managed_node_group[\"TeamOctopus\"]",
      "mode": "data",
      "type": "aws_ec2_instance_type_offerings",
      "name": "this",
      "provider": "provider[\"registry.terraform.io/hashicorp/aws\"]",
      "instances": []
    },
    {
      "module": "module.eks.module.eks_managed_node_group[\"TeamOctopus\"]",
      "mode": "data",
      "type": "aws_iam_policy_document",
      "name": "assume_role_policy",
      "provider": "provider[\"registry.terraform.io/hashicorp/aws\"]",
      "instances": [
        {
          "index_key": 0,
          "schema_version": 0,
          "attributes": {
            "id": "2560088296",
            "json": "{\n  \"Version\": \"2012-10-17\",\n  \"Statement\": [\n    {\n      \"Sid\": \"EKSNodeAssumeRole\",\n      \"Effect\": \"Allow\",\n      \"Action\": \"sts:AssumeRole\",\n      \"Principal\": {\n        \"Service\": \"ec2.amazonaws.com\"\n      }\n    }\n  ]\n}",
            "minified_json": "{\"Version\":\"2012-10-17\",\"Statement\":[{\"Sid\":\"EKSNodeAssumeRole\",\"Effect\":\"Allow\",\"Action\":\"sts:AssumeRole\",\"Principal\":{\"Service\":\"ec2.amazonaws.com\"}}]}",
            "override_json": null,
            "override_policy_documents": null,
            "policy_id": null,
            "source_json": null,
            "source_policy_documents": null,
            "statement": [
              {
                "actions": [
                  "sts:AssumeRole"
                ],
                "condition": [],
                "effect": "Allow",
                "not_actions": [],
                "not_principals": [],
                "not_resources": [],
                "principals": [
                  {
                    "identifiers": [
                      "ec2.amazonaws.com"
                    ],
                    "type": "Service"
                  }
                ],
                "resources": [],
                "sid": "EKSNodeAssumeRole"
              }
            ],
            "version": "2012-10-17"
          },
          "sensitive_attributes": []
        }
      ]
    },
    {
      "module": "module.eks.module.eks_managed_node_group[\"TeamOctopus\"]",
      "mode": "data",
      "type": "aws_iam_policy_document",
      "name": "role",
      "provider": "provider[\"registry.terraform.io/hashicorp/aws\"]",
      "instances": []
    },
    {
      "module": "module.eks.module.eks_managed_node_group[\"TeamOctopus\"]",
      "mode": "data",
      "type": "aws_partition",
      "name": "current",
      "provider": "provider[\"registry.terraform.io/hashicorp/aws\"]",
      "instances": [
        {
          "schema_version": 0,
          "attributes": {
            "dns_suffix": "amazonaws.com",
            "id": "aws",
            "partition": "aws",
            "reverse_dns_prefix": "com.amazonaws"
          },
          "sensitive_attributes": []
        }
      ]
    },
    {
      "module": "module.eks.module.eks_managed_node_group[\"TeamOctopus\"]",
      "mode": "data",
      "type": "aws_ssm_parameter",
      "name": "ami",
      "provider": "provider[\"registry.terraform.io/hashicorp/aws\"]",
      "instances": []
    },
    {
      "module": "module.eks.module.eks_managed_node_group[\"TeamOctopus\"]",
      "mode": "data",
      "type": "aws_subnets",
      "name": "placement_group",
      "provider": "provider[\"registry.terraform.io/hashicorp/aws\"]",
      "instances": []
    },
    {
      "module": "module.eks.module.eks_managed_node_group[\"TeamOctopus\"]",
      "mode": "managed",
      "type": "aws_autoscaling_schedule",
      "name": "this",
      "provider": "provider[\"registry.terraform.io/hashicorp/aws\"]",
      "instances": []
    },
    {
      "module": "module.eks.module.eks_managed_node_group[\"TeamOctopus\"]",
      "mode": "managed",
      "type": "aws_eks_node_group",
      "name": "this",
      "provider": "provider[\"registry.terraform.io/hashicorp/aws\"]",
      "instances": [
        {
          "index_key": 0,
          "schema_version": 0,
          "attributes": {
            "ami_type": "AL2023_x86_64_STANDARD",
            "arn": "arn:aws:eks:us-east-1:058264364931:nodegroup/octopus/TeamOctopus-20250201211932443800000015/24ca61b1-0a8f-0c20-4a15-33cc3206b068",
            "capacity_type": "ON_DEMAND",
            "cluster_name": "octopus",
            "disk_size": 0,
            "force_update_version": null,
            "id": "octopus:TeamOctopus-20250201211932443800000015",
            "instance_types": [
              "t3.medium"
            ],
            "labels": null,
            "launch_template": [
              {
                "id": "lt-0ca627ac218e665f1",
                "name": "TeamOctopus-20250201211926040300000013",
                "version": "1"
              }
            ],
            "node_group_name": "TeamOctopus-20250201211932443800000015",
            "node_group_name_prefix": "TeamOctopus-",
            "node_repair_config": [],
            "node_role_arn": "arn:aws:iam::058264364931:role/TeamOctopus-eks-node-group-20250201210328856300000008",
            "release_version": "1.31.4-20250123",
            "remote_access": [],
            "resources": [
              {
                "autoscaling_groups": [
                  {
                    "name": "eks-TeamOctopus-20250201211932443800000015-24ca61b1-0a8f-0c20-4a15-33cc3206b068"
                  }
                ],
                "remote_access_security_group_id": ""
              }
            ],
            "scaling_config": [
              {
                "desired_size": 2,
                "max_size": 4,
                "min_size": 1
              }
            ],
            "status": "ACTIVE",
            "subnet_ids": [
              "subnet-03bac8e152a7f2c4e",
              "subnet-0aca40c9043cfeb23",
              "subnet-0bbab4ed967ec029c",
              "subnet-0c3742a471756cfa9",
              "subnet-0eb89a551debfd6e4"
            ],
            "tags": {
              "Name": "TeamOctopus",
              "Terraform": "true"
            },
            "tags_all": {
              "Name": "TeamOctopus",
              "Terraform": "true"
            },
            "taint": [],
            "timeouts": {
              "create": null,
              "delete": null,
              "update": null
            },
            "update_config": [
              {
                "max_unavailable": 0,
                "max_unavailable_percentage": 33
              }
            ],
            "version": "1.31"
          },
          "sensitive_attributes": [],
          "private": "eyJlMmJmYjczMC1lY2FhLTExZTYtOGY4OC0zNDM2M2JjN2M0YzAiOnsiY3JlYXRlIjozNjAwMDAwMDAwMDAwLCJkZWxldGUiOjM2MDAwMDAwMDAwMDAsInVwZGF0ZSI6MzYwMDAwMDAwMDAwMH19",
          "dependencies": [
            "data.aws_availability_zones.available",
            "module.eks.aws_cloudwatch_log_group.this",
            "module.eks.aws_eks_cluster.this",
            "module.eks.aws_iam_policy.cni_ipv6_policy",
            "module.eks.aws_iam_role.eks_auto",
            "module.eks.aws_iam_role.this",
            "module.eks.aws_iam_role_policy_attachment.this",
            "module.eks.aws_security_group.cluster",
            "module.eks.aws_security_group.node",
            "module.eks.aws_security_group_rule.cluster",
            "module.eks.aws_security_group_rule.node",
            "module.eks.data.aws_caller_identity.current",
            "module.eks.data.aws_iam_policy_document.assume_role_policy",
            "module.eks.data.aws_iam_policy_document.cni_ipv6_policy",
            "module.eks.data.aws_iam_policy_document.node_assume_role_policy",
            "module.eks.data.aws_iam_session_context.current",
            "module.eks.data.aws_partition.current",
            "module.eks.module.eks_managed_node_group.aws_iam_role.this",
            "module.eks.module.eks_managed_node_group.aws_iam_role_policy_attachment.additional",
            "module.eks.module.eks_managed_node_group.aws_iam_role_policy_attachment.this",
            "module.eks.module.eks_managed_node_group.aws_launch_template.this",
            "module.eks.module.eks_managed_node_group.aws_placement_group.this",
            "module.eks.module.eks_managed_node_group.data.aws_caller_identity.current",
            "module.eks.module.eks_managed_node_group.data.aws_ec2_instance_type.this",
            "module.eks.module.eks_managed_node_group.data.aws_ec2_instance_type_offerings.this",
            "module.eks.module.eks_managed_node_group.data.aws_iam_policy_document.assume_role_policy",
            "module.eks.module.eks_managed_node_group.data.aws_partition.current",
            "module.eks.module.eks_managed_node_group.data.aws_ssm_parameter.ami",
            "module.eks.module.eks_managed_node_group.data.aws_subnets.placement_group",
            "module.eks.module.eks_managed_node_group.module.user_data.data.cloudinit_config.al2023_eks_managed_node_group",
            "module.eks.module.eks_managed_node_group.module.user_data.data.cloudinit_config.linux_eks_managed_node_group",
            "module.eks.module.kms.aws_kms_external_key.this",
            "module.eks.module.kms.aws_kms_key.this",
            "module.eks.module.kms.aws_kms_replica_external_key.this",
            "module.eks.module.kms.aws_kms_replica_key.this",
            "module.eks.module.kms.data.aws_caller_identity.current",
            "module.eks.module.kms.data.aws_iam_policy_document.this",
            "module.eks.module.kms.data.aws_partition.current",
            "module.eks.time_sleep.this",
            "module.vpc.aws_cloudwatch_log_group.flow_log",
            "module.vpc.aws_customer_gateway.this",
            "module.vpc.aws_db_subnet_group.database",
            "module.vpc.aws_default_network_acl.this",
            "module.vpc.aws_default_route_table.default",
            "module.vpc.aws_default_security_group.this",
            "module.vpc.aws_default_vpc.this",
            "module.vpc.aws_egress_only_internet_gateway.this",
            "module.vpc.aws_eip.nat",
            "module.vpc.aws_elasticache_subnet_group.elasticache",
            "module.vpc.aws_flow_log.this",
            "module.vpc.aws_iam_policy.vpc_flow_log_cloudwatch",
            "module.vpc.aws_iam_role.vpc_flow_log_cloudwatch",
            "module.vpc.aws_iam_role_policy_attachment.vpc_flow_log_cloudwatch",
            "module.vpc.aws_internet_gateway.this",
            "module.vpc.aws_nat_gateway.this",
            "module.vpc.aws_network_acl.database",
            "module.vpc.aws_network_acl.elasticache",
            "module.vpc.aws_network_acl.intra",
            "module.vpc.aws_network_acl.outpost",
            "module.vpc.aws_network_acl.private",
            "module.vpc.aws_network_acl.public",
            "module.vpc.aws_network_acl.redshift",
            "module.vpc.aws_network_acl_rule.database_inbound",
            "module.vpc.aws_network_acl_rule.database_outbound",
            "module.vpc.aws_network_acl_rule.elasticache_inbound",
            "module.vpc.aws_network_acl_rule.elasticache_outbound",
            "module.vpc.aws_network_acl_rule.intra_inbound",
            "module.vpc.aws_network_acl_rule.intra_outbound",
            "module.vpc.aws_network_acl_rule.outpost_inbound",
            "module.vpc.aws_network_acl_rule.outpost_outbound",
            "module.vpc.aws_network_acl_rule.private_inbound",
            "module.vpc.aws_network_acl_rule.private_outbound",
            "module.vpc.aws_network_acl_rule.public_inbound",
            "module.vpc.aws_network_acl_rule.public_outbound",
            "module.vpc.aws_network_acl_rule.redshift_inbound",
            "module.vpc.aws_network_acl_rule.redshift_outbound",
            "module.vpc.aws_redshift_subnet_group.redshift",
            "module.vpc.aws_route.database_dns64_nat_gateway",
            "module.vpc.aws_route.database_internet_gateway",
            "module.vpc.aws_route.database_ipv6_egress",
            "module.vpc.aws_route.database_nat_gateway",
            "module.vpc.aws_route.private_dns64_nat_gateway",
            "module.vpc.aws_route.private_ipv6_egress",
            "module.vpc.aws_route.private_nat_gateway",
            "module.vpc.aws_route.public_internet_gateway",
            "module.vpc.aws_route.public_internet_gateway_ipv6",
            "module.vpc.aws_route_table.database",
            "module.vpc.aws_route_table.elasticache",
            "module.vpc.aws_route_table.intra",
            "module.vpc.aws_route_table.private",
            "module.vpc.aws_route_table.public",
            "module.vpc.aws_route_table.redshift",
            "module.vpc.aws_route_table_association.database",
            "module.vpc.aws_route_table_association.elasticache",
            "module.vpc.aws_route_table_association.intra",
            "module.vpc.aws_route_table_association.outpost",
            "module.vpc.aws_route_table_association.private",
            "module.vpc.aws_route_table_association.public",
            "module.vpc.aws_route_table_association.redshift",
            "module.vpc.aws_route_table_association.redshift_public",
            "module.vpc.aws_subnet.database",
            "module.vpc.aws_subnet.elasticache",
            "module.vpc.aws_subnet.intra",
            "module.vpc.aws_subnet.outpost",
            "module.vpc.aws_subnet.private",
            "module.vpc.aws_subnet.public",
            "module.vpc.aws_subnet.redshift",
            "module.vpc.aws_vpc.this",
            "module.vpc.aws_vpc_dhcp_options.this",
            "module.vpc.aws_vpc_dhcp_options_association.this",
            "module.vpc.aws_vpc_ipv4_cidr_block_association.this",
            "module.vpc.aws_vpn_gateway.this",
            "module.vpc.aws_vpn_gateway_attachment.this",
            "module.vpc.aws_vpn_gateway_route_propagation.intra",
            "module.vpc.aws_vpn_gateway_route_propagation.private",
            "module.vpc.aws_vpn_gateway_route_propagation.public",
            "module.vpc.data.aws_caller_identity.current",
            "module.vpc.data.aws_iam_policy_document.flow_log_cloudwatch_assume_role",
            "module.vpc.data.aws_iam_policy_document.vpc_flow_log_cloudwatch",
            "module.vpc.data.aws_partition.current",
            "module.vpc.data.aws_region.current"
          ],
          "create_before_destroy": true
        }
      ]
    },
    {
      "module": "module.eks.module.eks_managed_node_group[\"TeamOctopus\"]",
      "mode": "managed",
      "type": "aws_iam_role",
      "name": "this",
      "provider": "provider[\"registry.terraform.io/hashicorp/aws\"]",
      "instances": [
        {
          "index_key": 0,
          "schema_version": 0,
          "attributes": {
            "arn": "arn:aws:iam::058264364931:role/TeamOctopus-eks-node-group-20250201210328856300000008",
            "assume_role_policy": "{\"Statement\":[{\"Action\":\"sts:AssumeRole\",\"Effect\":\"Allow\",\"Principal\":{\"Service\":\"ec2.amazonaws.com\"},\"Sid\":\"EKSNodeAssumeRole\"}],\"Version\":\"2012-10-17\"}",
            "create_date": "2025-02-01T21:03:29Z",
            "description": "EKS managed node group IAM role",
            "force_detach_policies": true,
            "id": "TeamOctopus-eks-node-group-20250201210328856300000008",
            "inline_policy": [],
            "managed_policy_arns": [],
            "max_session_duration": 3600,
            "name": "TeamOctopus-eks-node-group-20250201210328856300000008",
            "name_prefix": "TeamOctopus-eks-node-group-",
            "path": "/",
            "permissions_boundary": "",
            "tags": {
              "Terraform": "true"
            },
            "tags_all": {
              "Terraform": "true"
            },
            "unique_id": "AROAQ3EGTU6B2CG74N5EY"
          },
          "sensitive_attributes": [],
          "private": "bnVsbA==",
          "dependencies": [
            "data.aws_availability_zones.available",
            "module.eks.module.eks_managed_node_group.data.aws_iam_policy_document.assume_role_policy",
            "module.vpc.aws_cloudwatch_log_group.flow_log",
            "module.vpc.aws_customer_gateway.this",
            "module.vpc.aws_db_subnet_group.database",
            "module.vpc.aws_default_network_acl.this",
            "module.vpc.aws_default_route_table.default",
            "module.vpc.aws_default_security_group.this",
            "module.vpc.aws_default_vpc.this",
            "module.vpc.aws_egress_only_internet_gateway.this",
            "module.vpc.aws_eip.nat",
            "module.vpc.aws_elasticache_subnet_group.elasticache",
            "module.vpc.aws_flow_log.this",
            "module.vpc.aws_iam_policy.vpc_flow_log_cloudwatch",
            "module.vpc.aws_iam_role.vpc_flow_log_cloudwatch",
            "module.vpc.aws_iam_role_policy_attachment.vpc_flow_log_cloudwatch",
            "module.vpc.aws_internet_gateway.this",
            "module.vpc.aws_nat_gateway.this",
            "module.vpc.aws_network_acl.database",
            "module.vpc.aws_network_acl.elasticache",
            "module.vpc.aws_network_acl.intra",
            "module.vpc.aws_network_acl.outpost",
            "module.vpc.aws_network_acl.private",
            "module.vpc.aws_network_acl.public",
            "module.vpc.aws_network_acl.redshift",
            "module.vpc.aws_network_acl_rule.database_inbound",
            "module.vpc.aws_network_acl_rule.database_outbound",
            "module.vpc.aws_network_acl_rule.elasticache_inbound",
            "module.vpc.aws_network_acl_rule.elasticache_outbound",
            "module.vpc.aws_network_acl_rule.intra_inbound",
            "module.vpc.aws_network_acl_rule.intra_outbound",
            "module.vpc.aws_network_acl_rule.outpost_inbound",
            "module.vpc.aws_network_acl_rule.outpost_outbound",
            "module.vpc.aws_network_acl_rule.private_inbound",
            "module.vpc.aws_network_acl_rule.private_outbound",
            "module.vpc.aws_network_acl_rule.public_inbound",
            "module.vpc.aws_network_acl_rule.public_outbound",
            "module.vpc.aws_network_acl_rule.redshift_inbound",
            "module.vpc.aws_network_acl_rule.redshift_outbound",
            "module.vpc.aws_redshift_subnet_group.redshift",
            "module.vpc.aws_route.database_dns64_nat_gateway",
            "module.vpc.aws_route.database_internet_gateway",
            "module.vpc.aws_route.database_ipv6_egress",
            "module.vpc.aws_route.database_nat_gateway",
            "module.vpc.aws_route.private_dns64_nat_gateway",
            "module.vpc.aws_route.private_ipv6_egress",
            "module.vpc.aws_route.private_nat_gateway",
            "module.vpc.aws_route.public_internet_gateway",
            "module.vpc.aws_route.public_internet_gateway_ipv6",
            "module.vpc.aws_route_table.database",
            "module.vpc.aws_route_table.elasticache",
            "module.vpc.aws_route_table.intra",
            "module.vpc.aws_route_table.private",
            "module.vpc.aws_route_table.public",
            "module.vpc.aws_route_table.redshift",
            "module.vpc.aws_route_table_association.database",
            "module.vpc.aws_route_table_association.elasticache",
            "module.vpc.aws_route_table_association.intra",
            "module.vpc.aws_route_table_association.outpost",
            "module.vpc.aws_route_table_association.private",
            "module.vpc.aws_route_table_association.public",
            "module.vpc.aws_route_table_association.redshift",
            "module.vpc.aws_route_table_association.redshift_public",
            "module.vpc.aws_subnet.database",
            "module.vpc.aws_subnet.elasticache",
            "module.vpc.aws_subnet.intra",
            "module.vpc.aws_subnet.outpost",
            "module.vpc.aws_subnet.private",
            "module.vpc.aws_subnet.public",
            "module.vpc.aws_subnet.redshift",
            "module.vpc.aws_vpc.this",
            "module.vpc.aws_vpc_dhcp_options.this",
            "module.vpc.aws_vpc_dhcp_options_association.this",
            "module.vpc.aws_vpc_ipv4_cidr_block_association.this",
            "module.vpc.aws_vpn_gateway.this",
            "module.vpc.aws_vpn_gateway_attachment.this",
            "module.vpc.aws_vpn_gateway_route_propagation.intra",
            "module.vpc.aws_vpn_gateway_route_propagation.private",
            "module.vpc.aws_vpn_gateway_route_propagation.public",
            "module.vpc.data.aws_caller_identity.current",
            "module.vpc.data.aws_iam_policy_document.flow_log_cloudwatch_assume_role",
            "module.vpc.data.aws_iam_policy_document.vpc_flow_log_cloudwatch",
            "module.vpc.data.aws_partition.current",
            "module.vpc.data.aws_region.current"
          ],
          "create_before_destroy": true
        }
      ]
    },
    {
      "module": "module.eks.module.eks_managed_node_group[\"TeamOctopus\"]",
      "mode": "managed",
      "type": "aws_iam_role_policy",
      "name": "this",
      "provider": "provider[\"registry.terraform.io/hashicorp/aws\"]",
      "instances": []
    },
    {
      "module": "module.eks.module.eks_managed_node_group[\"TeamOctopus\"]",
      "mode": "managed",
      "type": "aws_iam_role_policy_attachment",
      "name": "additional",
      "provider": "provider[\"registry.terraform.io/hashicorp/aws\"]",
      "instances": [
        {
          "index_key": "EBSCSIDriver",
          "schema_version": 0,
          "attributes": {
            "id": "TeamOctopus-eks-node-group-20250201210328856300000008-20250201210330682600000010",
            "policy_arn": "arn:aws:iam::aws:policy/service-role/AmazonEBSCSIDriverPolicy",
            "role": "TeamOctopus-eks-node-group-20250201210328856300000008"
          },
          "sensitive_attributes": [],
          "private": "bnVsbA==",
          "dependencies": [
            "data.aws_availability_zones.available",
            "module.eks.module.eks_managed_node_group.aws_iam_role.this",
            "module.eks.module.eks_managed_node_group.data.aws_iam_policy_document.assume_role_policy",
            "module.vpc.aws_cloudwatch_log_group.flow_log",
            "module.vpc.aws_customer_gateway.this",
            "module.vpc.aws_db_subnet_group.database",
            "module.vpc.aws_default_network_acl.this",
            "module.vpc.aws_default_route_table.default",
            "module.vpc.aws_default_security_group.this",
            "module.vpc.aws_default_vpc.this",
            "module.vpc.aws_egress_only_internet_gateway.this",
            "module.vpc.aws_eip.nat",
            "module.vpc.aws_elasticache_subnet_group.elasticache",
            "module.vpc.aws_flow_log.this",
            "module.vpc.aws_iam_policy.vpc_flow_log_cloudwatch",
            "module.vpc.aws_iam_role.vpc_flow_log_cloudwatch",
            "module.vpc.aws_iam_role_policy_attachment.vpc_flow_log_cloudwatch",
            "module.vpc.aws_internet_gateway.this",
            "module.vpc.aws_nat_gateway.this",
            "module.vpc.aws_network_acl.database",
            "module.vpc.aws_network_acl.elasticache",
            "module.vpc.aws_network_acl.intra",
            "module.vpc.aws_network_acl.outpost",
            "module.vpc.aws_network_acl.private",
            "module.vpc.aws_network_acl.public",
            "module.vpc.aws_network_acl.redshift",
            "module.vpc.aws_network_acl_rule.database_inbound",
            "module.vpc.aws_network_acl_rule.database_outbound",
            "module.vpc.aws_network_acl_rule.elasticache_inbound",
            "module.vpc.aws_network_acl_rule.elasticache_outbound",
            "module.vpc.aws_network_acl_rule.intra_inbound",
            "module.vpc.aws_network_acl_rule.intra_outbound",
            "module.vpc.aws_network_acl_rule.outpost_inbound",
            "module.vpc.aws_network_acl_rule.outpost_outbound",
            "module.vpc.aws_network_acl_rule.private_inbound",
            "module.vpc.aws_network_acl_rule.private_outbound",
            "module.vpc.aws_network_acl_rule.public_inbound",
            "module.vpc.aws_network_acl_rule.public_outbound",
            "module.vpc.aws_network_acl_rule.redshift_inbound",
            "module.vpc.aws_network_acl_rule.redshift_outbound",
            "module.vpc.aws_redshift_subnet_group.redshift",
            "module.vpc.aws_route.database_dns64_nat_gateway",
            "module.vpc.aws_route.database_internet_gateway",
            "module.vpc.aws_route.database_ipv6_egress",
            "module.vpc.aws_route.database_nat_gateway",
            "module.vpc.aws_route.private_dns64_nat_gateway",
            "module.vpc.aws_route.private_ipv6_egress",
            "module.vpc.aws_route.private_nat_gateway",
            "module.vpc.aws_route.public_internet_gateway",
            "module.vpc.aws_route.public_internet_gateway_ipv6",
            "module.vpc.aws_route_table.database",
            "module.vpc.aws_route_table.elasticache",
            "module.vpc.aws_route_table.intra",
            "module.vpc.aws_route_table.private",
            "module.vpc.aws_route_table.public",
            "module.vpc.aws_route_table.redshift",
            "module.vpc.aws_route_table_association.database",
            "module.vpc.aws_route_table_association.elasticache",
            "module.vpc.aws_route_table_association.intra",
            "module.vpc.aws_route_table_association.outpost",
            "module.vpc.aws_route_table_association.private",
            "module.vpc.aws_route_table_association.public",
            "module.vpc.aws_route_table_association.redshift",
            "module.vpc.aws_route_table_association.redshift_public",
            "module.vpc.aws_subnet.database",
            "module.vpc.aws_subnet.elasticache",
            "module.vpc.aws_subnet.intra",
            "module.vpc.aws_subnet.outpost",
            "module.vpc.aws_subnet.private",
            "module.vpc.aws_subnet.public",
            "module.vpc.aws_subnet.redshift",
            "module.vpc.aws_vpc.this",
            "module.vpc.aws_vpc_dhcp_options.this",
            "module.vpc.aws_vpc_dhcp_options_association.this",
            "module.vpc.aws_vpc_ipv4_cidr_block_association.this",
            "module.vpc.aws_vpn_gateway.this",
            "module.vpc.aws_vpn_gateway_attachment.this",
            "module.vpc.aws_vpn_gateway_route_propagation.intra",
            "module.vpc.aws_vpn_gateway_route_propagation.private",
            "module.vpc.aws_vpn_gateway_route_propagation.public",
            "module.vpc.data.aws_caller_identity.current",
            "module.vpc.data.aws_iam_policy_document.flow_log_cloudwatch_assume_role",
            "module.vpc.data.aws_iam_policy_document.vpc_flow_log_cloudwatch",
            "module.vpc.data.aws_partition.current",
            "module.vpc.data.aws_region.current"
          ],
          "create_before_destroy": true
        },
        {
          "index_key": "SecretsManagerReadWrite",
          "schema_version": 0,
          "attributes": {
            "id": "TeamOctopus-eks-node-group-20250201210328856300000008-2025020121033049670000000f",
            "policy_arn": "arn:aws:iam::aws:policy/SecretsManagerReadWrite",
            "role": "TeamOctopus-eks-node-group-20250201210328856300000008"
          },
          "sensitive_attributes": [],
          "private": "bnVsbA==",
          "dependencies": [
            "data.aws_availability_zones.available",
            "module.eks.module.eks_managed_node_group.aws_iam_role.this",
            "module.eks.module.eks_managed_node_group.data.aws_iam_policy_document.assume_role_policy",
            "module.vpc.aws_cloudwatch_log_group.flow_log",
            "module.vpc.aws_customer_gateway.this",
            "module.vpc.aws_db_subnet_group.database",
            "module.vpc.aws_default_network_acl.this",
            "module.vpc.aws_default_route_table.default",
            "module.vpc.aws_default_security_group.this",
            "module.vpc.aws_default_vpc.this",
            "module.vpc.aws_egress_only_internet_gateway.this",
            "module.vpc.aws_eip.nat",
            "module.vpc.aws_elasticache_subnet_group.elasticache",
            "module.vpc.aws_flow_log.this",
            "module.vpc.aws_iam_policy.vpc_flow_log_cloudwatch",
            "module.vpc.aws_iam_role.vpc_flow_log_cloudwatch",
            "module.vpc.aws_iam_role_policy_attachment.vpc_flow_log_cloudwatch",
            "module.vpc.aws_internet_gateway.this",
            "module.vpc.aws_nat_gateway.this",
            "module.vpc.aws_network_acl.database",
            "module.vpc.aws_network_acl.elasticache",
            "module.vpc.aws_network_acl.intra",
            "module.vpc.aws_network_acl.outpost",
            "module.vpc.aws_network_acl.private",
            "module.vpc.aws_network_acl.public",
            "module.vpc.aws_network_acl.redshift",
            "module.vpc.aws_network_acl_rule.database_inbound",
            "module.vpc.aws_network_acl_rule.database_outbound",
            "module.vpc.aws_network_acl_rule.elasticache_inbound",
            "module.vpc.aws_network_acl_rule.elasticache_outbound",
            "module.vpc.aws_network_acl_rule.intra_inbound",
            "module.vpc.aws_network_acl_rule.intra_outbound",
            "module.vpc.aws_network_acl_rule.outpost_inbound",
            "module.vpc.aws_network_acl_rule.outpost_outbound",
            "module.vpc.aws_network_acl_rule.private_inbound",
            "module.vpc.aws_network_acl_rule.private_outbound",
            "module.vpc.aws_network_acl_rule.public_inbound",
            "module.vpc.aws_network_acl_rule.public_outbound",
            "module.vpc.aws_network_acl_rule.redshift_inbound",
            "module.vpc.aws_network_acl_rule.redshift_outbound",
            "module.vpc.aws_redshift_subnet_group.redshift",
            "module.vpc.aws_route.database_dns64_nat_gateway",
            "module.vpc.aws_route.database_internet_gateway",
            "module.vpc.aws_route.database_ipv6_egress",
            "module.vpc.aws_route.database_nat_gateway",
            "module.vpc.aws_route.private_dns64_nat_gateway",
            "module.vpc.aws_route.private_ipv6_egress",
            "module.vpc.aws_route.private_nat_gateway",
            "module.vpc.aws_route.public_internet_gateway",
            "module.vpc.aws_route.public_internet_gateway_ipv6",
            "module.vpc.aws_route_table.database",
            "module.vpc.aws_route_table.elasticache",
            "module.vpc.aws_route_table.intra",
            "module.vpc.aws_route_table.private",
            "module.vpc.aws_route_table.public",
            "module.vpc.aws_route_table.redshift",
            "module.vpc.aws_route_table_association.database",
            "module.vpc.aws_route_table_association.elasticache",
            "module.vpc.aws_route_table_association.intra",
            "module.vpc.aws_route_table_association.outpost",
            "module.vpc.aws_route_table_association.private",
            "module.vpc.aws_route_table_association.public",
            "module.vpc.aws_route_table_association.redshift",
            "module.vpc.aws_route_table_association.redshift_public",
            "module.vpc.aws_subnet.database",
            "module.vpc.aws_subnet.elasticache",
            "module.vpc.aws_subnet.intra",
            "module.vpc.aws_subnet.outpost",
            "module.vpc.aws_subnet.private",
            "module.vpc.aws_subnet.public",
            "module.vpc.aws_subnet.redshift",
            "module.vpc.aws_vpc.this",
            "module.vpc.aws_vpc_dhcp_options.this",
            "module.vpc.aws_vpc_dhcp_options_association.this",
            "module.vpc.aws_vpc_ipv4_cidr_block_association.this",
            "module.vpc.aws_vpn_gateway.this",
            "module.vpc.aws_vpn_gateway_attachment.this",
            "module.vpc.aws_vpn_gateway_route_propagation.intra",
            "module.vpc.aws_vpn_gateway_route_propagation.private",
            "module.vpc.aws_vpn_gateway_route_propagation.public",
            "module.vpc.data.aws_caller_identity.current",
            "module.vpc.data.aws_iam_policy_document.flow_log_cloudwatch_assume_role",
            "module.vpc.data.aws_iam_policy_document.vpc_flow_log_cloudwatch",
            "module.vpc.data.aws_partition.current",
            "module.vpc.data.aws_region.current"
          ],
          "create_before_destroy": true
        }
      ]
    },
    {
      "module": "module.eks.module.eks_managed_node_group[\"TeamOctopus\"]",
      "mode": "managed",
      "type": "aws_iam_role_policy_attachment",
      "name": "this",
      "provider": "provider[\"registry.terraform.io/hashicorp/aws\"]",
      "instances": [
        {
          "index_key": "AmazonEC2ContainerRegistryReadOnly",
          "schema_version": 0,
          "attributes": {
            "id": "TeamOctopus-eks-node-group-20250201210328856300000008-2025020121033049560000000e",
            "policy_arn": "arn:aws:iam::aws:policy/AmazonEC2ContainerRegistryReadOnly",
            "role": "TeamOctopus-eks-node-group-20250201210328856300000008"
          },
          "sensitive_attributes": [],
          "private": "bnVsbA==",
          "dependencies": [
            "data.aws_availability_zones.available",
            "module.eks.module.eks_managed_node_group.aws_iam_role.this",
            "module.eks.module.eks_managed_node_group.data.aws_caller_identity.current",
            "module.eks.module.eks_managed_node_group.data.aws_iam_policy_document.assume_role_policy",
            "module.eks.module.eks_managed_node_group.data.aws_partition.current",
            "module.vpc.aws_cloudwatch_log_group.flow_log",
            "module.vpc.aws_customer_gateway.this",
            "module.vpc.aws_db_subnet_group.database",
            "module.vpc.aws_default_network_acl.this",
            "module.vpc.aws_default_route_table.default",
            "module.vpc.aws_default_security_group.this",
            "module.vpc.aws_default_vpc.this",
            "module.vpc.aws_egress_only_internet_gateway.this",
            "module.vpc.aws_eip.nat",
            "module.vpc.aws_elasticache_subnet_group.elasticache",
            "module.vpc.aws_flow_log.this",
            "module.vpc.aws_iam_policy.vpc_flow_log_cloudwatch",
            "module.vpc.aws_iam_role.vpc_flow_log_cloudwatch",
            "module.vpc.aws_iam_role_policy_attachment.vpc_flow_log_cloudwatch",
            "module.vpc.aws_internet_gateway.this",
            "module.vpc.aws_nat_gateway.this",
            "module.vpc.aws_network_acl.database",
            "module.vpc.aws_network_acl.elasticache",
            "module.vpc.aws_network_acl.intra",
            "module.vpc.aws_network_acl.outpost",
            "module.vpc.aws_network_acl.private",
            "module.vpc.aws_network_acl.public",
            "module.vpc.aws_network_acl.redshift",
            "module.vpc.aws_network_acl_rule.database_inbound",
            "module.vpc.aws_network_acl_rule.database_outbound",
            "module.vpc.aws_network_acl_rule.elasticache_inbound",
            "module.vpc.aws_network_acl_rule.elasticache_outbound",
            "module.vpc.aws_network_acl_rule.intra_inbound",
            "module.vpc.aws_network_acl_rule.intra_outbound",
            "module.vpc.aws_network_acl_rule.outpost_inbound",
            "module.vpc.aws_network_acl_rule.outpost_outbound",
            "module.vpc.aws_network_acl_rule.private_inbound",
            "module.vpc.aws_network_acl_rule.private_outbound",
            "module.vpc.aws_network_acl_rule.public_inbound",
            "module.vpc.aws_network_acl_rule.public_outbound",
            "module.vpc.aws_network_acl_rule.redshift_inbound",
            "module.vpc.aws_network_acl_rule.redshift_outbound",
            "module.vpc.aws_redshift_subnet_group.redshift",
            "module.vpc.aws_route.database_dns64_nat_gateway",
            "module.vpc.aws_route.database_internet_gateway",
            "module.vpc.aws_route.database_ipv6_egress",
            "module.vpc.aws_route.database_nat_gateway",
            "module.vpc.aws_route.private_dns64_nat_gateway",
            "module.vpc.aws_route.private_ipv6_egress",
            "module.vpc.aws_route.private_nat_gateway",
            "module.vpc.aws_route.public_internet_gateway",
            "module.vpc.aws_route.public_internet_gateway_ipv6",
            "module.vpc.aws_route_table.database",
            "module.vpc.aws_route_table.elasticache",
            "module.vpc.aws_route_table.intra",
            "module.vpc.aws_route_table.private",
            "module.vpc.aws_route_table.public",
            "module.vpc.aws_route_table.redshift",
            "module.vpc.aws_route_table_association.database",
            "module.vpc.aws_route_table_association.elasticache",
            "module.vpc.aws_route_table_association.intra",
            "module.vpc.aws_route_table_association.outpost",
            "module.vpc.aws_route_table_association.private",
            "module.vpc.aws_route_table_association.public",
            "module.vpc.aws_route_table_association.redshift",
            "module.vpc.aws_route_table_association.redshift_public",
            "module.vpc.aws_subnet.database",
            "module.vpc.aws_subnet.elasticache",
            "module.vpc.aws_subnet.intra",
            "module.vpc.aws_subnet.outpost",
            "module.vpc.aws_subnet.private",
            "module.vpc.aws_subnet.public",
            "module.vpc.aws_subnet.redshift",
            "module.vpc.aws_vpc.this",
            "module.vpc.aws_vpc_dhcp_options.this",
            "module.vpc.aws_vpc_dhcp_options_association.this",
            "module.vpc.aws_vpc_ipv4_cidr_block_association.this",
            "module.vpc.aws_vpn_gateway.this",
            "module.vpc.aws_vpn_gateway_attachment.this",
            "module.vpc.aws_vpn_gateway_route_propagation.intra",
            "module.vpc.aws_vpn_gateway_route_propagation.private",
            "module.vpc.aws_vpn_gateway_route_propagation.public",
            "module.vpc.data.aws_caller_identity.current",
            "module.vpc.data.aws_iam_policy_document.flow_log_cloudwatch_assume_role",
            "module.vpc.data.aws_iam_policy_document.vpc_flow_log_cloudwatch",
            "module.vpc.data.aws_partition.current",
            "module.vpc.data.aws_region.current"
          ],
          "create_before_destroy": true
        },
        {
          "index_key": "AmazonEKSWorkerNodePolicy",
          "schema_version": 0,
          "attributes": {
            "id": "TeamOctopus-eks-node-group-20250201210328856300000008-2025020121033048830000000c",
            "policy_arn": "arn:aws:iam::aws:policy/AmazonEKSWorkerNodePolicy",
            "role": "TeamOctopus-eks-node-group-20250201210328856300000008"
          },
          "sensitive_attributes": [],
          "private": "bnVsbA==",
          "dependencies": [
            "data.aws_availability_zones.available",
            "module.eks.module.eks_managed_node_group.aws_iam_role.this",
            "module.eks.module.eks_managed_node_group.data.aws_caller_identity.current",
            "module.eks.module.eks_managed_node_group.data.aws_iam_policy_document.assume_role_policy",
            "module.eks.module.eks_managed_node_group.data.aws_partition.current",
            "module.vpc.aws_cloudwatch_log_group.flow_log",
            "module.vpc.aws_customer_gateway.this",
            "module.vpc.aws_db_subnet_group.database",
            "module.vpc.aws_default_network_acl.this",
            "module.vpc.aws_default_route_table.default",
            "module.vpc.aws_default_security_group.this",
            "module.vpc.aws_default_vpc.this",
            "module.vpc.aws_egress_only_internet_gateway.this",
            "module.vpc.aws_eip.nat",
            "module.vpc.aws_elasticache_subnet_group.elasticache",
            "module.vpc.aws_flow_log.this",
            "module.vpc.aws_iam_policy.vpc_flow_log_cloudwatch",
            "module.vpc.aws_iam_role.vpc_flow_log_cloudwatch",
            "module.vpc.aws_iam_role_policy_attachment.vpc_flow_log_cloudwatch",
            "module.vpc.aws_internet_gateway.this",
            "module.vpc.aws_nat_gateway.this",
            "module.vpc.aws_network_acl.database",
            "module.vpc.aws_network_acl.elasticache",
            "module.vpc.aws_network_acl.intra",
            "module.vpc.aws_network_acl.outpost",
            "module.vpc.aws_network_acl.private",
            "module.vpc.aws_network_acl.public",
            "module.vpc.aws_network_acl.redshift",
            "module.vpc.aws_network_acl_rule.database_inbound",
            "module.vpc.aws_network_acl_rule.database_outbound",
            "module.vpc.aws_network_acl_rule.elasticache_inbound",
            "module.vpc.aws_network_acl_rule.elasticache_outbound",
            "module.vpc.aws_network_acl_rule.intra_inbound",
            "module.vpc.aws_network_acl_rule.intra_outbound",
            "module.vpc.aws_network_acl_rule.outpost_inbound",
            "module.vpc.aws_network_acl_rule.outpost_outbound",
            "module.vpc.aws_network_acl_rule.private_inbound",
            "module.vpc.aws_network_acl_rule.private_outbound",
            "module.vpc.aws_network_acl_rule.public_inbound",
            "module.vpc.aws_network_acl_rule.public_outbound",
            "module.vpc.aws_network_acl_rule.redshift_inbound",
            "module.vpc.aws_network_acl_rule.redshift_outbound",
            "module.vpc.aws_redshift_subnet_group.redshift",
            "module.vpc.aws_route.database_dns64_nat_gateway",
            "module.vpc.aws_route.database_internet_gateway",
            "module.vpc.aws_route.database_ipv6_egress",
            "module.vpc.aws_route.database_nat_gateway",
            "module.vpc.aws_route.private_dns64_nat_gateway",
            "module.vpc.aws_route.private_ipv6_egress",
            "module.vpc.aws_route.private_nat_gateway",
            "module.vpc.aws_route.public_internet_gateway",
            "module.vpc.aws_route.public_internet_gateway_ipv6",
            "module.vpc.aws_route_table.database",
            "module.vpc.aws_route_table.elasticache",
            "module.vpc.aws_route_table.intra",
            "module.vpc.aws_route_table.private",
            "module.vpc.aws_route_table.public",
            "module.vpc.aws_route_table.redshift",
            "module.vpc.aws_route_table_association.database",
            "module.vpc.aws_route_table_association.elasticache",
            "module.vpc.aws_route_table_association.intra",
            "module.vpc.aws_route_table_association.outpost",
            "module.vpc.aws_route_table_association.private",
            "module.vpc.aws_route_table_association.public",
            "module.vpc.aws_route_table_association.redshift",
            "module.vpc.aws_route_table_association.redshift_public",
            "module.vpc.aws_subnet.database",
            "module.vpc.aws_subnet.elasticache",
            "module.vpc.aws_subnet.intra",
            "module.vpc.aws_subnet.outpost",
            "module.vpc.aws_subnet.private",
            "module.vpc.aws_subnet.public",
            "module.vpc.aws_subnet.redshift",
            "module.vpc.aws_vpc.this",
            "module.vpc.aws_vpc_dhcp_options.this",
            "module.vpc.aws_vpc_dhcp_options_association.this",
            "module.vpc.aws_vpc_ipv4_cidr_block_association.this",
            "module.vpc.aws_vpn_gateway.this",
            "module.vpc.aws_vpn_gateway_attachment.this",
            "module.vpc.aws_vpn_gateway_route_propagation.intra",
            "module.vpc.aws_vpn_gateway_route_propagation.private",
            "module.vpc.aws_vpn_gateway_route_propagation.public",
            "module.vpc.data.aws_caller_identity.current",
            "module.vpc.data.aws_iam_policy_document.flow_log_cloudwatch_assume_role",
            "module.vpc.data.aws_iam_policy_document.vpc_flow_log_cloudwatch",
            "module.vpc.data.aws_partition.current",
            "module.vpc.data.aws_region.current"
          ],
          "create_before_destroy": true
        },
        {
          "index_key": "AmazonEKS_CNI_Policy",
          "schema_version": 0,
          "attributes": {
            "id": "TeamOctopus-eks-node-group-20250201210328856300000008-2025020121033049560000000d",
            "policy_arn": "arn:aws:iam::aws:policy/AmazonEKS_CNI_Policy",
            "role": "TeamOctopus-eks-node-group-20250201210328856300000008"
          },
          "sensitive_attributes": [],
          "private": "bnVsbA==",
          "dependencies": [
            "data.aws_availability_zones.available",
            "module.eks.module.eks_managed_node_group.aws_iam_role.this",
            "module.eks.module.eks_managed_node_group.data.aws_caller_identity.current",
            "module.eks.module.eks_managed_node_group.data.aws_iam_policy_document.assume_role_policy",
            "module.eks.module.eks_managed_node_group.data.aws_partition.current",
            "module.vpc.aws_cloudwatch_log_group.flow_log",
            "module.vpc.aws_customer_gateway.this",
            "module.vpc.aws_db_subnet_group.database",
            "module.vpc.aws_default_network_acl.this",
            "module.vpc.aws_default_route_table.default",
            "module.vpc.aws_default_security_group.this",
            "module.vpc.aws_default_vpc.this",
            "module.vpc.aws_egress_only_internet_gateway.this",
            "module.vpc.aws_eip.nat",
            "module.vpc.aws_elasticache_subnet_group.elasticache",
            "module.vpc.aws_flow_log.this",
            "module.vpc.aws_iam_policy.vpc_flow_log_cloudwatch",
            "module.vpc.aws_iam_role.vpc_flow_log_cloudwatch",
            "module.vpc.aws_iam_role_policy_attachment.vpc_flow_log_cloudwatch",
            "module.vpc.aws_internet_gateway.this",
            "module.vpc.aws_nat_gateway.this",
            "module.vpc.aws_network_acl.database",
            "module.vpc.aws_network_acl.elasticache",
            "module.vpc.aws_network_acl.intra",
            "module.vpc.aws_network_acl.outpost",
            "module.vpc.aws_network_acl.private",
            "module.vpc.aws_network_acl.public",
            "module.vpc.aws_network_acl.redshift",
            "module.vpc.aws_network_acl_rule.database_inbound",
            "module.vpc.aws_network_acl_rule.database_outbound",
            "module.vpc.aws_network_acl_rule.elasticache_inbound",
            "module.vpc.aws_network_acl_rule.elasticache_outbound",
            "module.vpc.aws_network_acl_rule.intra_inbound",
            "module.vpc.aws_network_acl_rule.intra_outbound",
            "module.vpc.aws_network_acl_rule.outpost_inbound",
            "module.vpc.aws_network_acl_rule.outpost_outbound",
            "module.vpc.aws_network_acl_rule.private_inbound",
            "module.vpc.aws_network_acl_rule.private_outbound",
            "module.vpc.aws_network_acl_rule.public_inbound",
            "module.vpc.aws_network_acl_rule.public_outbound",
            "module.vpc.aws_network_acl_rule.redshift_inbound",
            "module.vpc.aws_network_acl_rule.redshift_outbound",
            "module.vpc.aws_redshift_subnet_group.redshift",
            "module.vpc.aws_route.database_dns64_nat_gateway",
            "module.vpc.aws_route.database_internet_gateway",
            "module.vpc.aws_route.database_ipv6_egress",
            "module.vpc.aws_route.database_nat_gateway",
            "module.vpc.aws_route.private_dns64_nat_gateway",
            "module.vpc.aws_route.private_ipv6_egress",
            "module.vpc.aws_route.private_nat_gateway",
            "module.vpc.aws_route.public_internet_gateway",
            "module.vpc.aws_route.public_internet_gateway_ipv6",
            "module.vpc.aws_route_table.database",
            "module.vpc.aws_route_table.elasticache",
            "module.vpc.aws_route_table.intra",
            "module.vpc.aws_route_table.private",
            "module.vpc.aws_route_table.public",
            "module.vpc.aws_route_table.redshift",
            "module.vpc.aws_route_table_association.database",
            "module.vpc.aws_route_table_association.elasticache",
            "module.vpc.aws_route_table_association.intra",
            "module.vpc.aws_route_table_association.outpost",
            "module.vpc.aws_route_table_association.private",
            "module.vpc.aws_route_table_association.public",
            "module.vpc.aws_route_table_association.redshift",
            "module.vpc.aws_route_table_association.redshift_public",
            "module.vpc.aws_subnet.database",
            "module.vpc.aws_subnet.elasticache",
            "module.vpc.aws_subnet.intra",
            "module.vpc.aws_subnet.outpost",
            "module.vpc.aws_subnet.private",
            "module.vpc.aws_subnet.public",
            "module.vpc.aws_subnet.redshift",
            "module.vpc.aws_vpc.this",
            "module.vpc.aws_vpc_dhcp_options.this",
            "module.vpc.aws_vpc_dhcp_options_association.this",
            "module.vpc.aws_vpc_ipv4_cidr_block_association.this",
            "module.vpc.aws_vpn_gateway.this",
            "module.vpc.aws_vpn_gateway_attachment.this",
            "module.vpc.aws_vpn_gateway_route_propagation.intra",
            "module.vpc.aws_vpn_gateway_route_propagation.private",
            "module.vpc.aws_vpn_gateway_route_propagation.public",
            "module.vpc.data.aws_caller_identity.current",
            "module.vpc.data.aws_iam_policy_document.flow_log_cloudwatch_assume_role",
            "module.vpc.data.aws_iam_policy_document.vpc_flow_log_cloudwatch",
            "module.vpc.data.aws_partition.current",
            "module.vpc.data.aws_region.current"
          ],
          "create_before_destroy": true
        }
      ]
    },
    {
      "module": "module.eks.module.eks_managed_node_group[\"TeamOctopus\"]",
      "mode": "managed",
      "type": "aws_launch_template",
      "name": "this",
      "provider": "provider[\"registry.terraform.io/hashicorp/aws\"]",
      "instances": [
        {
          "index_key": 0,
          "schema_version": 0,
          "attributes": {
            "arn": "arn:aws:ec2:us-east-1:058264364931:launch-template/lt-0ca627ac218e665f1",
            "block_device_mappings": [],
            "capacity_reservation_specification": [],
            "cpu_options": [],
            "credit_specification": [],
            "default_version": 1,
            "description": "Custom launch template for TeamOctopus EKS managed node group",
            "disable_api_stop": false,
            "disable_api_termination": false,
            "ebs_optimized": "",
            "elastic_gpu_specifications": [],
            "elastic_inference_accelerator": [],
            "enclave_options": [],
            "hibernation_options": [],
            "iam_instance_profile": [],
            "id": "lt-0ca627ac218e665f1",
            "image_id": "",
            "instance_initiated_shutdown_behavior": "",
            "instance_market_options": [],
            "instance_requirements": [],
            "instance_type": "",
            "kernel_id": "",
            "key_name": "",
            "latest_version": 1,
            "license_specification": [],
            "maintenance_options": [],
            "metadata_options": [
              {
                "http_endpoint": "enabled",
                "http_protocol_ipv6": "",
                "http_put_response_hop_limit": 2,
                "http_tokens": "required",
                "instance_metadata_tags": ""
              }
            ],
            "monitoring": [
              {
                "enabled": true
              }
            ],
            "name": "TeamOctopus-20250201211926040300000013",
            "name_prefix": "TeamOctopus-",
            "network_interfaces": [],
            "placement": [],
            "private_dns_name_options": [],
            "ram_disk_id": "",
            "security_group_names": null,
            "tag_specifications": [
              {
                "resource_type": "instance",
                "tags": {
                  "Name": "TeamOctopus",
                  "Terraform": "true"
                }
              },
              {
                "resource_type": "network-interface",
                "tags": {
                  "Name": "TeamOctopus",
                  "Terraform": "true"
                }
              },
              {
                "resource_type": "volume",
                "tags": {
                  "Name": "TeamOctopus",
                  "Terraform": "true"
                }
              }
            ],
            "tags": {
              "Terraform": "true"
            },
            "tags_all": {
              "Terraform": "true"
            },
            "update_default_version": true,
            "user_data": "",
            "vpc_security_group_ids": [
              "sg-00eeb588be9123311"
            ]
          },
          "sensitive_attributes": [],
          "private": "bnVsbA==",
          "dependencies": [
            "data.aws_availability_zones.available",
            "module.eks.aws_cloudwatch_log_group.this",
            "module.eks.aws_eks_cluster.this",
            "module.eks.aws_iam_policy.cni_ipv6_policy",
            "module.eks.aws_iam_role.eks_auto",
            "module.eks.aws_iam_role.this",
            "module.eks.aws_iam_role_policy_attachment.this",
            "module.eks.aws_security_group.cluster",
            "module.eks.aws_security_group.node",
            "module.eks.aws_security_group_rule.cluster",
            "module.eks.aws_security_group_rule.node",
            "module.eks.data.aws_caller_identity.current",
            "module.eks.data.aws_iam_policy_document.assume_role_policy",
            "module.eks.data.aws_iam_policy_document.cni_ipv6_policy",
            "module.eks.data.aws_iam_policy_document.node_assume_role_policy",
            "module.eks.data.aws_iam_session_context.current",
            "module.eks.data.aws_partition.current",
            "module.eks.module.eks_managed_node_group.aws_iam_role.this",
            "module.eks.module.eks_managed_node_group.aws_iam_role_policy_attachment.additional",
            "module.eks.module.eks_managed_node_group.aws_iam_role_policy_attachment.this",
            "module.eks.module.eks_managed_node_group.aws_placement_group.this",
            "module.eks.module.eks_managed_node_group.data.aws_caller_identity.current",
            "module.eks.module.eks_managed_node_group.data.aws_ec2_instance_type.this",
            "module.eks.module.eks_managed_node_group.data.aws_iam_policy_document.assume_role_policy",
            "module.eks.module.eks_managed_node_group.data.aws_partition.current",
            "module.eks.module.eks_managed_node_group.module.user_data.data.cloudinit_config.al2023_eks_managed_node_group",
            "module.eks.module.eks_managed_node_group.module.user_data.data.cloudinit_config.linux_eks_managed_node_group",
            "module.eks.module.kms.aws_kms_external_key.this",
            "module.eks.module.kms.aws_kms_key.this",
            "module.eks.module.kms.aws_kms_replica_external_key.this",
            "module.eks.module.kms.aws_kms_replica_key.this",
            "module.eks.module.kms.data.aws_caller_identity.current",
            "module.eks.module.kms.data.aws_iam_policy_document.this",
            "module.eks.module.kms.data.aws_partition.current",
            "module.eks.time_sleep.this",
            "module.vpc.aws_cloudwatch_log_group.flow_log",
            "module.vpc.aws_customer_gateway.this",
            "module.vpc.aws_db_subnet_group.database",
            "module.vpc.aws_default_network_acl.this",
            "module.vpc.aws_default_route_table.default",
            "module.vpc.aws_default_security_group.this",
            "module.vpc.aws_default_vpc.this",
            "module.vpc.aws_egress_only_internet_gateway.this",
            "module.vpc.aws_eip.nat",
            "module.vpc.aws_elasticache_subnet_group.elasticache",
            "module.vpc.aws_flow_log.this",
            "module.vpc.aws_iam_policy.vpc_flow_log_cloudwatch",
            "module.vpc.aws_iam_role.vpc_flow_log_cloudwatch",
            "module.vpc.aws_iam_role_policy_attachment.vpc_flow_log_cloudwatch",
            "module.vpc.aws_internet_gateway.this",
            "module.vpc.aws_nat_gateway.this",
            "module.vpc.aws_network_acl.database",
            "module.vpc.aws_network_acl.elasticache",
            "module.vpc.aws_network_acl.intra",
            "module.vpc.aws_network_acl.outpost",
            "module.vpc.aws_network_acl.private",
            "module.vpc.aws_network_acl.public",
            "module.vpc.aws_network_acl.redshift",
            "module.vpc.aws_network_acl_rule.database_inbound",
            "module.vpc.aws_network_acl_rule.database_outbound",
            "module.vpc.aws_network_acl_rule.elasticache_inbound",
            "module.vpc.aws_network_acl_rule.elasticache_outbound",
            "module.vpc.aws_network_acl_rule.intra_inbound",
            "module.vpc.aws_network_acl_rule.intra_outbound",
            "module.vpc.aws_network_acl_rule.outpost_inbound",
            "module.vpc.aws_network_acl_rule.outpost_outbound",
            "module.vpc.aws_network_acl_rule.private_inbound",
            "module.vpc.aws_network_acl_rule.private_outbound",
            "module.vpc.aws_network_acl_rule.public_inbound",
            "module.vpc.aws_network_acl_rule.public_outbound",
            "module.vpc.aws_network_acl_rule.redshift_inbound",
            "module.vpc.aws_network_acl_rule.redshift_outbound",
            "module.vpc.aws_redshift_subnet_group.redshift",
            "module.vpc.aws_route.database_dns64_nat_gateway",
            "module.vpc.aws_route.database_internet_gateway",
            "module.vpc.aws_route.database_ipv6_egress",
            "module.vpc.aws_route.database_nat_gateway",
            "module.vpc.aws_route.private_dns64_nat_gateway",
            "module.vpc.aws_route.private_ipv6_egress",
            "module.vpc.aws_route.private_nat_gateway",
            "module.vpc.aws_route.public_internet_gateway",
            "module.vpc.aws_route.public_internet_gateway_ipv6",
            "module.vpc.aws_route_table.database",
            "module.vpc.aws_route_table.elasticache",
            "module.vpc.aws_route_table.intra",
            "module.vpc.aws_route_table.private",
            "module.vpc.aws_route_table.public",
            "module.vpc.aws_route_table.redshift",
            "module.vpc.aws_route_table_association.database",
            "module.vpc.aws_route_table_association.elasticache",
            "module.vpc.aws_route_table_association.intra",
            "module.vpc.aws_route_table_association.outpost",
            "module.vpc.aws_route_table_association.private",
            "module.vpc.aws_route_table_association.public",
            "module.vpc.aws_route_table_association.redshift",
            "module.vpc.aws_route_table_association.redshift_public",
            "module.vpc.aws_subnet.database",
            "module.vpc.aws_subnet.elasticache",
            "module.vpc.aws_subnet.intra",
            "module.vpc.aws_subnet.outpost",
            "module.vpc.aws_subnet.private",
            "module.vpc.aws_subnet.public",
            "module.vpc.aws_subnet.redshift",
            "module.vpc.aws_vpc.this",
            "module.vpc.aws_vpc_dhcp_options.this",
            "module.vpc.aws_vpc_dhcp_options_association.this",
            "module.vpc.aws_vpc_ipv4_cidr_block_association.this",
            "module.vpc.aws_vpn_gateway.this",
            "module.vpc.aws_vpn_gateway_attachment.this",
            "module.vpc.aws_vpn_gateway_route_propagation.intra",
            "module.vpc.aws_vpn_gateway_route_propagation.private",
            "module.vpc.aws_vpn_gateway_route_propagation.public",
            "module.vpc.data.aws_caller_identity.current",
            "module.vpc.data.aws_iam_policy_document.flow_log_cloudwatch_assume_role",
            "module.vpc.data.aws_iam_policy_document.vpc_flow_log_cloudwatch",
            "module.vpc.data.aws_partition.current",
            "module.vpc.data.aws_region.current"
          ],
          "create_before_destroy": true
        }
      ]
    },
    {
      "module": "module.eks.module.eks_managed_node_group[\"TeamOctopus\"]",
      "mode": "managed",
      "type": "aws_placement_group",
      "name": "this",
      "provider": "provider[\"registry.terraform.io/hashicorp/aws\"]",
      "instances": []
    },
    {
      "module": "module.eks.module.eks_managed_node_group[\"TeamOctopus\"].module.user_data",
      "mode": "data",
      "type": "cloudinit_config",
      "name": "al2023_eks_managed_node_group",
      "provider": "provider[\"registry.terraform.io/hashicorp/cloudinit\"]",
      "instances": []
    },
    {
      "module": "module.eks.module.eks_managed_node_group[\"TeamOctopus\"].module.user_data",
      "mode": "data",
      "type": "cloudinit_config",
      "name": "linux_eks_managed_node_group",
      "provider": "provider[\"registry.terraform.io/hashicorp/cloudinit\"]",
      "instances": []
    },
    {
      "module": "module.eks.module.eks_managed_node_group[\"TeamOctopus\"].module.user_data",
      "mode": "managed",
      "type": "null_resource",
      "name": "validate_cluster_service_cidr",
      "provider": "provider[\"registry.terraform.io/hashicorp/null\"]",
      "instances": [
        {
          "schema_version": 0,
          "attributes": {
            "id": "7927940539413515241",
            "triggers": null
          },
          "sensitive_attributes": [],
          "dependencies": [
            "data.aws_availability_zones.available",
            "module.eks.aws_cloudwatch_log_group.this",
            "module.eks.aws_eks_cluster.this",
            "module.eks.aws_iam_policy.cni_ipv6_policy",
            "module.eks.aws_iam_role.eks_auto",
            "module.eks.aws_iam_role.this",
            "module.eks.aws_iam_role_policy_attachment.this",
            "module.eks.aws_security_group.cluster",
            "module.eks.aws_security_group.node",
            "module.eks.aws_security_group_rule.cluster",
            "module.eks.aws_security_group_rule.node",
            "module.eks.data.aws_caller_identity.current",
            "module.eks.data.aws_iam_policy_document.assume_role_policy",
            "module.eks.data.aws_iam_policy_document.cni_ipv6_policy",
            "module.eks.data.aws_iam_policy_document.node_assume_role_policy",
            "module.eks.data.aws_iam_session_context.current",
            "module.eks.data.aws_partition.current",
            "module.eks.module.kms.aws_kms_external_key.this",
            "module.eks.module.kms.aws_kms_key.this",
            "module.eks.module.kms.aws_kms_replica_external_key.this",
            "module.eks.module.kms.aws_kms_replica_key.this",
            "module.eks.module.kms.data.aws_caller_identity.current",
            "module.eks.module.kms.data.aws_iam_policy_document.this",
            "module.eks.module.kms.data.aws_partition.current",
            "module.eks.time_sleep.this",
            "module.vpc.aws_cloudwatch_log_group.flow_log",
            "module.vpc.aws_customer_gateway.this",
            "module.vpc.aws_db_subnet_group.database",
            "module.vpc.aws_default_network_acl.this",
            "module.vpc.aws_default_route_table.default",
            "module.vpc.aws_default_security_group.this",
            "module.vpc.aws_default_vpc.this",
            "module.vpc.aws_egress_only_internet_gateway.this",
            "module.vpc.aws_eip.nat",
            "module.vpc.aws_elasticache_subnet_group.elasticache",
            "module.vpc.aws_flow_log.this",
            "module.vpc.aws_iam_policy.vpc_flow_log_cloudwatch",
            "module.vpc.aws_iam_role.vpc_flow_log_cloudwatch",
            "module.vpc.aws_iam_role_policy_attachment.vpc_flow_log_cloudwatch",
            "module.vpc.aws_internet_gateway.this",
            "module.vpc.aws_nat_gateway.this",
            "module.vpc.aws_network_acl.database",
            "module.vpc.aws_network_acl.elasticache",
            "module.vpc.aws_network_acl.intra",
            "module.vpc.aws_network_acl.outpost",
            "module.vpc.aws_network_acl.private",
            "module.vpc.aws_network_acl.public",
            "module.vpc.aws_network_acl.redshift",
            "module.vpc.aws_network_acl_rule.database_inbound",
            "module.vpc.aws_network_acl_rule.database_outbound",
            "module.vpc.aws_network_acl_rule.elasticache_inbound",
            "module.vpc.aws_network_acl_rule.elasticache_outbound",
            "module.vpc.aws_network_acl_rule.intra_inbound",
            "module.vpc.aws_network_acl_rule.intra_outbound",
            "module.vpc.aws_network_acl_rule.outpost_inbound",
            "module.vpc.aws_network_acl_rule.outpost_outbound",
            "module.vpc.aws_network_acl_rule.private_inbound",
            "module.vpc.aws_network_acl_rule.private_outbound",
            "module.vpc.aws_network_acl_rule.public_inbound",
            "module.vpc.aws_network_acl_rule.public_outbound",
            "module.vpc.aws_network_acl_rule.redshift_inbound",
            "module.vpc.aws_network_acl_rule.redshift_outbound",
            "module.vpc.aws_redshift_subnet_group.redshift",
            "module.vpc.aws_route.database_dns64_nat_gateway",
            "module.vpc.aws_route.database_internet_gateway",
            "module.vpc.aws_route.database_ipv6_egress",
            "module.vpc.aws_route.database_nat_gateway",
            "module.vpc.aws_route.private_dns64_nat_gateway",
            "module.vpc.aws_route.private_ipv6_egress",
            "module.vpc.aws_route.private_nat_gateway",
            "module.vpc.aws_route.public_internet_gateway",
            "module.vpc.aws_route.public_internet_gateway_ipv6",
            "module.vpc.aws_route_table.database",
            "module.vpc.aws_route_table.elasticache",
            "module.vpc.aws_route_table.intra",
            "module.vpc.aws_route_table.private",
            "module.vpc.aws_route_table.public",
            "module.vpc.aws_route_table.redshift",
            "module.vpc.aws_route_table_association.database",
            "module.vpc.aws_route_table_association.elasticache",
            "module.vpc.aws_route_table_association.intra",
            "module.vpc.aws_route_table_association.outpost",
            "module.vpc.aws_route_table_association.private",
            "module.vpc.aws_route_table_association.public",
            "module.vpc.aws_route_table_association.redshift",
            "module.vpc.aws_route_table_association.redshift_public",
            "module.vpc.aws_subnet.database",
            "module.vpc.aws_subnet.elasticache",
            "module.vpc.aws_subnet.intra",
            "module.vpc.aws_subnet.outpost",
            "module.vpc.aws_subnet.private",
            "module.vpc.aws_subnet.public",
            "module.vpc.aws_subnet.redshift",
            "module.vpc.aws_vpc.this",
            "module.vpc.aws_vpc_dhcp_options.this",
            "module.vpc.aws_vpc_dhcp_options_association.this",
            "module.vpc.aws_vpc_ipv4_cidr_block_association.this",
            "module.vpc.aws_vpn_gateway.this",
            "module.vpc.aws_vpn_gateway_attachment.this",
            "module.vpc.aws_vpn_gateway_route_propagation.intra",
            "module.vpc.aws_vpn_gateway_route_propagation.private",
            "module.vpc.aws_vpn_gateway_route_propagation.public",
            "module.vpc.data.aws_caller_identity.current",
            "module.vpc.data.aws_iam_policy_document.flow_log_cloudwatch_assume_role",
            "module.vpc.data.aws_iam_policy_document.vpc_flow_log_cloudwatch",
            "module.vpc.data.aws_partition.current",
            "module.vpc.data.aws_region.current"
          ],
          "create_before_destroy": true
        }
      ]
    },
    {
      "module": "module.eks.module.kms",
      "mode": "data",
      "type": "aws_caller_identity",
      "name": "current",
      "provider": "provider[\"registry.terraform.io/hashicorp/aws\"]",
      "instances": [
        {
          "index_key": 0,
          "schema_version": 0,
          "attributes": {
            "account_id": "058264364931",
            "arn": "arn:aws:sts::058264364931:assumed-role/_LocalAdmin/aws-go-sdk-1738443671246551000",
            "id": "058264364931",
            "user_id": "AROAQ3EGTU6BUG4MBAL2N:aws-go-sdk-1738443671246551000"
          },
          "sensitive_attributes": []
        }
      ]
    },
    {
      "module": "module.eks.module.kms",
      "mode": "data",
      "type": "aws_iam_policy_document",
      "name": "this",
      "provider": "provider[\"registry.terraform.io/hashicorp/aws\"]",
      "instances": [
        {
          "index_key": 0,
          "schema_version": 0,
          "attributes": {
            "id": "3099708508",
            "json": "{\n  \"Version\": \"2012-10-17\",\n  \"Statement\": [\n    {\n      \"Sid\": \"Default\",\n      \"Effect\": \"Allow\",\n      \"Action\": \"kms:*\",\n      \"Resource\": \"*\",\n      \"Principal\": {\n        \"AWS\": \"arn:aws:iam::058264364931:root\"\n      }\n    },\n    {\n      \"Sid\": \"KeyAdministration\",\n      \"Effect\": \"Allow\",\n      \"Action\": [\n        \"kms:Update*\",\n        \"kms:UntagResource\",\n        \"kms:TagResource\",\n        \"kms:ScheduleKeyDeletion\",\n        \"kms:Revoke*\",\n        \"kms:ReplicateKey\",\n        \"kms:Put*\",\n        \"kms:List*\",\n        \"kms:ImportKeyMaterial\",\n        \"kms:Get*\",\n        \"kms:Enable*\",\n        \"kms:Disable*\",\n        \"kms:Describe*\",\n        \"kms:Delete*\",\n        \"kms:Create*\",\n        \"kms:CancelKeyDeletion\"\n      ],\n      \"Resource\": \"*\",\n      \"Principal\": {\n        \"AWS\": \"arn:aws:iam::058264364931:role/_LocalAdmin\"\n      }\n    },\n    {\n      \"Sid\": \"KeyUsage\",\n      \"Effect\": \"Allow\",\n      \"Action\": [\n        \"kms:ReEncrypt*\",\n        \"kms:GenerateDataKey*\",\n        \"kms:Encrypt\",\n        \"kms:DescribeKey\",\n        \"kms:Decrypt\"\n      ],\n      \"Resource\": \"*\",\n      \"Principal\": {\n        \"AWS\": \"arn:aws:iam::058264364931:role/octopus-cluster-20250201210328856200000006\"\n      }\n    }\n  ]\n}",
            "minified_json": "{\"Version\":\"2012-10-17\",\"Statement\":[{\"Sid\":\"Default\",\"Effect\":\"Allow\",\"Action\":\"kms:*\",\"Resource\":\"*\",\"Principal\":{\"AWS\":\"arn:aws:iam::058264364931:root\"}},{\"Sid\":\"KeyAdministration\",\"Effect\":\"Allow\",\"Action\":[\"kms:Update*\",\"kms:UntagResource\",\"kms:TagResource\",\"kms:ScheduleKeyDeletion\",\"kms:Revoke*\",\"kms:ReplicateKey\",\"kms:Put*\",\"kms:List*\",\"kms:ImportKeyMaterial\",\"kms:Get*\",\"kms:Enable*\",\"kms:Disable*\",\"kms:Describe*\",\"kms:Delete*\",\"kms:Create*\",\"kms:CancelKeyDeletion\"],\"Resource\":\"*\",\"Principal\":{\"AWS\":\"arn:aws:iam::058264364931:role/_LocalAdmin\"}},{\"Sid\":\"KeyUsage\",\"Effect\":\"Allow\",\"Action\":[\"kms:ReEncrypt*\",\"kms:GenerateDataKey*\",\"kms:Encrypt\",\"kms:DescribeKey\",\"kms:Decrypt\"],\"Resource\":\"*\",\"Principal\":{\"AWS\":\"arn:aws:iam::058264364931:role/octopus-cluster-20250201210328856200000006\"}}]}",
            "override_json": null,
            "override_policy_documents": null,
            "policy_id": null,
            "source_json": null,
            "source_policy_documents": null,
            "statement": [
              {
                "actions": [
                  "kms:*"
                ],
                "condition": [],
                "effect": "Allow",
                "not_actions": [],
                "not_principals": [],
                "not_resources": [],
                "principals": [
                  {
                    "identifiers": [
                      "arn:aws:iam::058264364931:root"
                    ],
                    "type": "AWS"
                  }
                ],
                "resources": [
                  "*"
                ],
                "sid": "Default"
              },
              {
                "actions": [
                  "kms:CancelKeyDeletion",
                  "kms:Create*",
                  "kms:Delete*",
                  "kms:Describe*",
                  "kms:Disable*",
                  "kms:Enable*",
                  "kms:Get*",
                  "kms:ImportKeyMaterial",
                  "kms:List*",
                  "kms:Put*",
                  "kms:ReplicateKey",
                  "kms:Revoke*",
                  "kms:ScheduleKeyDeletion",
                  "kms:TagResource",
                  "kms:UntagResource",
                  "kms:Update*"
                ],
                "condition": [],
                "effect": "Allow",
                "not_actions": [],
                "not_principals": [],
                "not_resources": [],
                "principals": [
                  {
                    "identifiers": [
                      "arn:aws:iam::058264364931:role/_LocalAdmin"
                    ],
                    "type": "AWS"
                  }
                ],
                "resources": [
                  "*"
                ],
                "sid": "KeyAdministration"
              },
              {
                "actions": [
                  "kms:Decrypt",
                  "kms:DescribeKey",
                  "kms:Encrypt",
                  "kms:GenerateDataKey*",
                  "kms:ReEncrypt*"
                ],
                "condition": [],
                "effect": "Allow",
                "not_actions": [],
                "not_principals": [],
                "not_resources": [],
                "principals": [
                  {
                    "identifiers": [
                      "arn:aws:iam::058264364931:role/octopus-cluster-20250201210328856200000006"
                    ],
                    "type": "AWS"
                  }
                ],
                "resources": [
                  "*"
                ],
                "sid": "KeyUsage"
              }
            ],
            "version": "2012-10-17"
          },
          "sensitive_attributes": []
        }
      ]
    },
    {
      "module": "module.eks.module.kms",
      "mode": "data",
      "type": "aws_partition",
      "name": "current",
      "provider": "provider[\"registry.terraform.io/hashicorp/aws\"]",
      "instances": [
        {
          "index_key": 0,
          "schema_version": 0,
          "attributes": {
            "dns_suffix": "amazonaws.com",
            "id": "aws",
            "partition": "aws",
            "reverse_dns_prefix": "com.amazonaws"
          },
          "sensitive_attributes": []
        }
      ]
    },
    {
      "module": "module.eks.module.kms",
      "mode": "managed",
      "type": "aws_kms_alias",
      "name": "this",
      "provider": "provider[\"registry.terraform.io/hashicorp/aws\"]",
      "instances": [
        {
          "index_key": "cluster",
          "schema_version": 0,
          "attributes": {
            "arn": "arn:aws:kms:us-east-1:058264364931:alias/eks/octopus",
            "id": "alias/eks/octopus",
            "name": "alias/eks/octopus",
            "name_prefix": "",
            "target_key_arn": "arn:aws:kms:us-east-1:058264364931:key/724594e2-bba1-477c-aa6a-013236ce6082",
            "target_key_id": "724594e2-bba1-477c-aa6a-013236ce6082"
          },
          "sensitive_attributes": [],
          "private": "bnVsbA==",
          "dependencies": [
            "data.aws_availability_zones.available",
            "module.eks.aws_iam_role.this",
            "module.eks.data.aws_caller_identity.current",
            "module.eks.data.aws_iam_policy_document.assume_role_policy",
            "module.eks.data.aws_iam_session_context.current",
            "module.eks.module.kms.aws_kms_external_key.this",
            "module.eks.module.kms.aws_kms_key.this",
            "module.eks.module.kms.aws_kms_replica_external_key.this",
            "module.eks.module.kms.aws_kms_replica_key.this",
            "module.eks.module.kms.data.aws_caller_identity.current",
            "module.eks.module.kms.data.aws_iam_policy_document.this",
            "module.eks.module.kms.data.aws_partition.current",
            "module.vpc.aws_cloudwatch_log_group.flow_log",
            "module.vpc.aws_customer_gateway.this",
            "module.vpc.aws_db_subnet_group.database",
            "module.vpc.aws_default_network_acl.this",
            "module.vpc.aws_default_route_table.default",
            "module.vpc.aws_default_security_group.this",
            "module.vpc.aws_default_vpc.this",
            "module.vpc.aws_egress_only_internet_gateway.this",
            "module.vpc.aws_eip.nat",
            "module.vpc.aws_elasticache_subnet_group.elasticache",
            "module.vpc.aws_flow_log.this",
            "module.vpc.aws_iam_policy.vpc_flow_log_cloudwatch",
            "module.vpc.aws_iam_role.vpc_flow_log_cloudwatch",
            "module.vpc.aws_iam_role_policy_attachment.vpc_flow_log_cloudwatch",
            "module.vpc.aws_internet_gateway.this",
            "module.vpc.aws_nat_gateway.this",
            "module.vpc.aws_network_acl.database",
            "module.vpc.aws_network_acl.elasticache",
            "module.vpc.aws_network_acl.intra",
            "module.vpc.aws_network_acl.outpost",
            "module.vpc.aws_network_acl.private",
            "module.vpc.aws_network_acl.public",
            "module.vpc.aws_network_acl.redshift",
            "module.vpc.aws_network_acl_rule.database_inbound",
            "module.vpc.aws_network_acl_rule.database_outbound",
            "module.vpc.aws_network_acl_rule.elasticache_inbound",
            "module.vpc.aws_network_acl_rule.elasticache_outbound",
            "module.vpc.aws_network_acl_rule.intra_inbound",
            "module.vpc.aws_network_acl_rule.intra_outbound",
            "module.vpc.aws_network_acl_rule.outpost_inbound",
            "module.vpc.aws_network_acl_rule.outpost_outbound",
            "module.vpc.aws_network_acl_rule.private_inbound",
            "module.vpc.aws_network_acl_rule.private_outbound",
            "module.vpc.aws_network_acl_rule.public_inbound",
            "module.vpc.aws_network_acl_rule.public_outbound",
            "module.vpc.aws_network_acl_rule.redshift_inbound",
            "module.vpc.aws_network_acl_rule.redshift_outbound",
            "module.vpc.aws_redshift_subnet_group.redshift",
            "module.vpc.aws_route.database_dns64_nat_gateway",
            "module.vpc.aws_route.database_internet_gateway",
            "module.vpc.aws_route.database_ipv6_egress",
            "module.vpc.aws_route.database_nat_gateway",
            "module.vpc.aws_route.private_dns64_nat_gateway",
            "module.vpc.aws_route.private_ipv6_egress",
            "module.vpc.aws_route.private_nat_gateway",
            "module.vpc.aws_route.public_internet_gateway",
            "module.vpc.aws_route.public_internet_gateway_ipv6",
            "module.vpc.aws_route_table.database",
            "module.vpc.aws_route_table.elasticache",
            "module.vpc.aws_route_table.intra",
            "module.vpc.aws_route_table.private",
            "module.vpc.aws_route_table.public",
            "module.vpc.aws_route_table.redshift",
            "module.vpc.aws_route_table_association.database",
            "module.vpc.aws_route_table_association.elasticache",
            "module.vpc.aws_route_table_association.intra",
            "module.vpc.aws_route_table_association.outpost",
            "module.vpc.aws_route_table_association.private",
            "module.vpc.aws_route_table_association.public",
            "module.vpc.aws_route_table_association.redshift",
            "module.vpc.aws_route_table_association.redshift_public",
            "module.vpc.aws_subnet.database",
            "module.vpc.aws_subnet.elasticache",
            "module.vpc.aws_subnet.intra",
            "module.vpc.aws_subnet.outpost",
            "module.vpc.aws_subnet.private",
            "module.vpc.aws_subnet.public",
            "module.vpc.aws_subnet.redshift",
            "module.vpc.aws_vpc.this",
            "module.vpc.aws_vpc_dhcp_options.this",
            "module.vpc.aws_vpc_dhcp_options_association.this",
            "module.vpc.aws_vpc_ipv4_cidr_block_association.this",
            "module.vpc.aws_vpn_gateway.this",
            "module.vpc.aws_vpn_gateway_attachment.this",
            "module.vpc.aws_vpn_gateway_route_propagation.intra",
            "module.vpc.aws_vpn_gateway_route_propagation.private",
            "module.vpc.aws_vpn_gateway_route_propagation.public",
            "module.vpc.data.aws_caller_identity.current",
            "module.vpc.data.aws_iam_policy_document.flow_log_cloudwatch_assume_role",
            "module.vpc.data.aws_iam_policy_document.vpc_flow_log_cloudwatch",
            "module.vpc.data.aws_partition.current",
            "module.vpc.data.aws_region.current"
          ],
          "create_before_destroy": true
        }
      ]
    },
    {
      "module": "module.eks.module.kms",
      "mode": "managed",
      "type": "aws_kms_external_key",
      "name": "this",
      "provider": "provider[\"registry.terraform.io/hashicorp/aws\"]",
      "instances": []
    },
    {
      "module": "module.eks.module.kms",
      "mode": "managed",
      "type": "aws_kms_grant",
      "name": "this",
      "provider": "provider[\"registry.terraform.io/hashicorp/aws\"]",
      "instances": []
    },
    {
      "module": "module.eks.module.kms",
      "mode": "managed",
      "type": "aws_kms_key",
      "name": "this",
      "provider": "provider[\"registry.terraform.io/hashicorp/aws\"]",
      "instances": [
        {
          "index_key": 0,
          "schema_version": 0,
          "attributes": {
            "arn": "arn:aws:kms:us-east-1:058264364931:key/724594e2-bba1-477c-aa6a-013236ce6082",
            "bypass_policy_lockout_safety_check": false,
            "custom_key_store_id": "",
            "customer_master_key_spec": "SYMMETRIC_DEFAULT",
            "deletion_window_in_days": null,
            "description": "octopus cluster encryption key",
            "enable_key_rotation": true,
            "id": "724594e2-bba1-477c-aa6a-013236ce6082",
            "is_enabled": true,
            "key_id": "724594e2-bba1-477c-aa6a-013236ce6082",
            "key_usage": "ENCRYPT_DECRYPT",
            "multi_region": false,
            "policy": "{\"Statement\":[{\"Action\":\"kms:*\",\"Effect\":\"Allow\",\"Principal\":{\"AWS\":\"arn:aws:iam::058264364931:root\"},\"Resource\":\"*\",\"Sid\":\"Default\"},{\"Action\":[\"kms:Update*\",\"kms:UntagResource\",\"kms:TagResource\",\"kms:ScheduleKeyDeletion\",\"kms:Revoke*\",\"kms:ReplicateKey\",\"kms:Put*\",\"kms:List*\",\"kms:ImportKeyMaterial\",\"kms:Get*\",\"kms:Enable*\",\"kms:Disable*\",\"kms:Describe*\",\"kms:Delete*\",\"kms:Create*\",\"kms:CancelKeyDeletion\"],\"Effect\":\"Allow\",\"Principal\":{\"AWS\":\"arn:aws:iam::058264364931:role/_LocalAdmin\"},\"Resource\":\"*\",\"Sid\":\"KeyAdministration\"},{\"Action\":[\"kms:ReEncrypt*\",\"kms:GenerateDataKey*\",\"kms:Encrypt\",\"kms:DescribeKey\",\"kms:Decrypt\"],\"Effect\":\"Allow\",\"Principal\":{\"AWS\":\"arn:aws:iam::058264364931:role/octopus-cluster-20250201210328856200000006\"},\"Resource\":\"*\",\"Sid\":\"KeyUsage\"}],\"Version\":\"2012-10-17\"}",
            "rotation_period_in_days": 365,
            "tags": {
              "Terraform": "true",
              "terraform-aws-modules": "eks"
            },
            "tags_all": {
              "Terraform": "true",
              "terraform-aws-modules": "eks"
            },
            "timeouts": null,
            "xks_key_id": ""
          },
          "sensitive_attributes": [],
          "private": "eyJlMmJmYjczMC1lY2FhLTExZTYtOGY4OC0zNDM2M2JjN2M0YzAiOnsiY3JlYXRlIjoxMjAwMDAwMDAwMDB9fQ==",
          "dependencies": [
            "data.aws_availability_zones.available",
            "module.eks.aws_iam_role.this",
            "module.eks.data.aws_caller_identity.current",
            "module.eks.data.aws_iam_policy_document.assume_role_policy",
            "module.eks.data.aws_iam_session_context.current",
            "module.eks.module.kms.data.aws_caller_identity.current",
            "module.eks.module.kms.data.aws_iam_policy_document.this",
            "module.eks.module.kms.data.aws_partition.current",
            "module.vpc.aws_cloudwatch_log_group.flow_log",
            "module.vpc.aws_customer_gateway.this",
            "module.vpc.aws_db_subnet_group.database",
            "module.vpc.aws_default_network_acl.this",
            "module.vpc.aws_default_route_table.default",
            "module.vpc.aws_default_security_group.this",
            "module.vpc.aws_default_vpc.this",
            "module.vpc.aws_egress_only_internet_gateway.this",
            "module.vpc.aws_eip.nat",
            "module.vpc.aws_elasticache_subnet_group.elasticache",
            "module.vpc.aws_flow_log.this",
            "module.vpc.aws_iam_policy.vpc_flow_log_cloudwatch",
            "module.vpc.aws_iam_role.vpc_flow_log_cloudwatch",
            "module.vpc.aws_iam_role_policy_attachment.vpc_flow_log_cloudwatch",
            "module.vpc.aws_internet_gateway.this",
            "module.vpc.aws_nat_gateway.this",
            "module.vpc.aws_network_acl.database",
            "module.vpc.aws_network_acl.elasticache",
            "module.vpc.aws_network_acl.intra",
            "module.vpc.aws_network_acl.outpost",
            "module.vpc.aws_network_acl.private",
            "module.vpc.aws_network_acl.public",
            "module.vpc.aws_network_acl.redshift",
            "module.vpc.aws_network_acl_rule.database_inbound",
            "module.vpc.aws_network_acl_rule.database_outbound",
            "module.vpc.aws_network_acl_rule.elasticache_inbound",
            "module.vpc.aws_network_acl_rule.elasticache_outbound",
            "module.vpc.aws_network_acl_rule.intra_inbound",
            "module.vpc.aws_network_acl_rule.intra_outbound",
            "module.vpc.aws_network_acl_rule.outpost_inbound",
            "module.vpc.aws_network_acl_rule.outpost_outbound",
            "module.vpc.aws_network_acl_rule.private_inbound",
            "module.vpc.aws_network_acl_rule.private_outbound",
            "module.vpc.aws_network_acl_rule.public_inbound",
            "module.vpc.aws_network_acl_rule.public_outbound",
            "module.vpc.aws_network_acl_rule.redshift_inbound",
            "module.vpc.aws_network_acl_rule.redshift_outbound",
            "module.vpc.aws_redshift_subnet_group.redshift",
            "module.vpc.aws_route.database_dns64_nat_gateway",
            "module.vpc.aws_route.database_internet_gateway",
            "module.vpc.aws_route.database_ipv6_egress",
            "module.vpc.aws_route.database_nat_gateway",
            "module.vpc.aws_route.private_dns64_nat_gateway",
            "module.vpc.aws_route.private_ipv6_egress",
            "module.vpc.aws_route.private_nat_gateway",
            "module.vpc.aws_route.public_internet_gateway",
            "module.vpc.aws_route.public_internet_gateway_ipv6",
            "module.vpc.aws_route_table.database",
            "module.vpc.aws_route_table.elasticache",
            "module.vpc.aws_route_table.intra",
            "module.vpc.aws_route_table.private",
            "module.vpc.aws_route_table.public",
            "module.vpc.aws_route_table.redshift",
            "module.vpc.aws_route_table_association.database",
            "module.vpc.aws_route_table_association.elasticache",
            "module.vpc.aws_route_table_association.intra",
            "module.vpc.aws_route_table_association.outpost",
            "module.vpc.aws_route_table_association.private",
            "module.vpc.aws_route_table_association.public",
            "module.vpc.aws_route_table_association.redshift",
            "module.vpc.aws_route_table_association.redshift_public",
            "module.vpc.aws_subnet.database",
            "module.vpc.aws_subnet.elasticache",
            "module.vpc.aws_subnet.intra",
            "module.vpc.aws_subnet.outpost",
            "module.vpc.aws_subnet.private",
            "module.vpc.aws_subnet.public",
            "module.vpc.aws_subnet.redshift",
            "module.vpc.aws_vpc.this",
            "module.vpc.aws_vpc_dhcp_options.this",
            "module.vpc.aws_vpc_dhcp_options_association.this",
            "module.vpc.aws_vpc_ipv4_cidr_block_association.this",
            "module.vpc.aws_vpn_gateway.this",
            "module.vpc.aws_vpn_gateway_attachment.this",
            "module.vpc.aws_vpn_gateway_route_propagation.intra",
            "module.vpc.aws_vpn_gateway_route_propagation.private",
            "module.vpc.aws_vpn_gateway_route_propagation.public",
            "module.vpc.data.aws_caller_identity.current",
            "module.vpc.data.aws_iam_policy_document.flow_log_cloudwatch_assume_role",
            "module.vpc.data.aws_iam_policy_document.vpc_flow_log_cloudwatch",
            "module.vpc.data.aws_partition.current",
            "module.vpc.data.aws_region.current"
          ],
          "create_before_destroy": true
        }
      ]
    },
    {
      "module": "module.eks.module.kms",
      "mode": "managed",
      "type": "aws_kms_replica_external_key",
      "name": "this",
      "provider": "provider[\"registry.terraform.io/hashicorp/aws\"]",
      "instances": []
    },
    {
      "module": "module.eks.module.kms",
      "mode": "managed",
      "type": "aws_kms_replica_key",
      "name": "this",
      "provider": "provider[\"registry.terraform.io/hashicorp/aws\"]",
      "instances": []
    },
    {
      "module": "module.eks_blueprints_addons",
      "mode": "data",
      "type": "aws_caller_identity",
      "name": "current",
      "provider": "provider[\"registry.terraform.io/hashicorp/aws\"]",
      "instances": [
        {
          "schema_version": 0,
          "attributes": {
            "account_id": "058264364931",
            "arn": "arn:aws:sts::058264364931:assumed-role/_LocalAdmin/aws-go-sdk-1738443671246551000",
            "id": "058264364931",
            "user_id": "AROAQ3EGTU6BUG4MBAL2N:aws-go-sdk-1738443671246551000"
          },
          "sensitive_attributes": []
        }
      ]
    },
    {
      "module": "module.eks_blueprints_addons",
      "mode": "data",
      "type": "aws_eks_addon_version",
      "name": "this",
      "provider": "provider[\"registry.terraform.io/hashicorp/aws\"]",
      "instances": [
        {
          "index_key": "aws-ebs-csi-driver",
          "schema_version": 0,
          "attributes": {
            "addon_name": "aws-ebs-csi-driver",
            "id": "aws-ebs-csi-driver",
            "kubernetes_version": "1.31",
            "most_recent": true,
            "version": "v1.39.0-eksbuild.1"
          },
          "sensitive_attributes": []
        }
      ]
    },
    {
      "module": "module.eks_blueprints_addons",
      "mode": "data",
      "type": "aws_iam_policy_document",
      "name": "aws_efs_csi_driver",
      "provider": "provider[\"registry.terraform.io/hashicorp/aws\"]",
      "instances": []
    },
    {
      "module": "module.eks_blueprints_addons",
      "mode": "data",
      "type": "aws_iam_policy_document",
      "name": "aws_for_fluentbit",
      "provider": "provider[\"registry.terraform.io/hashicorp/aws\"]",
      "instances": []
    },
    {
      "module": "module.eks_blueprints_addons",
      "mode": "data",
      "type": "aws_iam_policy_document",
      "name": "aws_fsx_csi_driver",
      "provider": "provider[\"registry.terraform.io/hashicorp/aws\"]",
      "instances": []
    },
    {
      "module": "module.eks_blueprints_addons",
      "mode": "data",
      "type": "aws_iam_policy_document",
      "name": "aws_gateway_api_controller",
      "provider": "provider[\"registry.terraform.io/hashicorp/aws\"]",
      "instances": []
    },
    {
      "module": "module.eks_blueprints_addons",
      "mode": "data",
      "type": "aws_iam_policy_document",
      "name": "aws_load_balancer_controller",
      "provider": "provider[\"registry.terraform.io/hashicorp/aws\"]",
      "instances": [
        {
          "index_key": 0,
          "schema_version": 0,
          "attributes": {
            "id": "2641054984",
            "json": "{\n  \"Version\": \"2012-10-17\",\n  \"Statement\": [\n    {\n      \"Effect\": \"Allow\",\n      \"Action\": \"iam:CreateServiceLinkedRole\",\n      \"Resource\": \"*\",\n      \"Condition\": {\n        \"StringEquals\": {\n          \"iam:AWSServiceName\": \"elasticloadbalancing.amazonaws.com\"\n        }\n      }\n    },\n    {\n      \"Effect\": \"Allow\",\n      \"Action\": [\n        \"elasticloadbalancing:DescribeTrustStores\",\n        \"elasticloadbalancing:DescribeTargetHealth\",\n        \"elasticloadbalancing:DescribeTargetGroups\",\n        \"elasticloadbalancing:DescribeTargetGroupAttributes\",\n        \"elasticloadbalancing:DescribeTags\",\n        \"elasticloadbalancing:DescribeSSLPolicies\",\n        \"elasticloadbalancing:DescribeRules\",\n        \"elasticloadbalancing:DescribeLoadBalancers\",\n        \"elasticloadbalancing:DescribeLoadBalancerAttributes\",\n        \"elasticloadbalancing:DescribeListeners\",\n        \"elasticloadbalancing:DescribeListenerCertificates\",\n        \"elasticloadbalancing:DescribeListenerAttributes\",\n        \"ec2:GetSecurityGroupsForVpc\",\n        \"ec2:GetCoipPoolUsage\",\n        \"ec2:DescribeVpcs\",\n        \"ec2:DescribeVpcPeeringConnections\",\n        \"ec2:DescribeTags\",\n        \"ec2:DescribeSubnets\",\n        \"ec2:DescribeSecurityGroups\",\n        \"ec2:DescribeNetworkInterfaces\",\n        \"ec2:DescribeInternetGateways\",\n        \"ec2:DescribeInstances\",\n        \"ec2:DescribeCoipPools\",\n        \"ec2:DescribeAvailabilityZones\",\n        \"ec2:DescribeAddresses\",\n        \"ec2:DescribeAccountAttributes\"\n      ],\n      \"Resource\": \"*\"\n    },\n    {\n      \"Effect\": \"Allow\",\n      \"Action\": [\n        \"wafv2:GetWebACLForResource\",\n        \"wafv2:GetWebACL\",\n        \"wafv2:DisassociateWebACL\",\n        \"wafv2:AssociateWebACL\",\n        \"waf-regional:GetWebACLForResource\",\n        \"waf-regional:GetWebACL\",\n        \"waf-regional:DisassociateWebACL\",\n        \"waf-regional:AssociateWebACL\",\n        \"shield:GetSubscriptionState\",\n        \"shield:DescribeProtection\",\n        \"shield:DeleteProtection\",\n        \"shield:CreateProtection\",\n        \"iam:ListServerCertificates\",\n        \"iam:GetServerCertificate\",\n        \"cognito-idp:DescribeUserPoolClient\",\n        \"acm:ListCertificates\",\n        \"acm:DescribeCertificate\"\n      ],\n      \"Resource\": \"*\"\n    },\n    {\n      \"Effect\": \"Allow\",\n      \"Action\": [\n        \"ec2:RevokeSecurityGroupIngress\",\n        \"ec2:AuthorizeSecurityGroupIngress\"\n      ],\n      \"Resource\": \"*\"\n    },\n    {\n      \"Effect\": \"Allow\",\n      \"Action\": \"ec2:CreateSecurityGroup\",\n      \"Resource\": \"*\"\n    },\n    {\n      \"Effect\": \"Allow\",\n      \"Action\": \"ec2:CreateTags\",\n      \"Resource\": \"arn:aws:ec2:*:*:security-group/*\",\n      \"Condition\": {\n        \"Null\": {\n          \"aws:RequestTag/elbv2.k8s.aws/cluster\": \"false\"\n        },\n        \"StringEquals\": {\n          \"ec2:CreateAction\": \"CreateSecurityGroup\"\n        }\n      }\n    },\n    {\n      \"Effect\": \"Allow\",\n      \"Action\": [\n        \"ec2:DeleteTags\",\n        \"ec2:CreateTags\"\n      ],\n      \"Resource\": \"arn:aws:ec2:*:*:security-group/*\",\n      \"Condition\": {\n        \"Null\": {\n          \"aws:RequestTag/elbv2.k8s.aws/cluster\": \"true\",\n          \"aws:ResourceTag/elbv2.k8s.aws/cluster\": \"false\"\n        }\n      }\n    },\n    {\n      \"Effect\": \"Allow\",\n      \"Action\": [\n        \"ec2:RevokeSecurityGroupIngress\",\n        \"ec2:DeleteSecurityGroup\",\n        \"ec2:AuthorizeSecurityGroupIngress\"\n      ],\n      \"Resource\": \"*\",\n      \"Condition\": {\n        \"Null\": {\n          \"aws:ResourceTag/elbv2.k8s.aws/cluster\": \"false\"\n        }\n      }\n    },\n    {\n      \"Effect\": \"Allow\",\n      \"Action\": [\n        \"elasticloadbalancing:CreateTargetGroup\",\n        \"elasticloadbalancing:CreateLoadBalancer\"\n      ],\n      \"Resource\": \"*\",\n      \"Condition\": {\n        \"Null\": {\n          \"aws:RequestTag/elbv2.k8s.aws/cluster\": \"false\"\n        }\n      }\n    },\n    {\n      \"Effect\": \"Allow\",\n      \"Action\": [\n        \"elasticloadbalancing:DeleteRule\",\n        \"elasticloadbalancing:DeleteListener\",\n        \"elasticloadbalancing:CreateRule\",\n        \"elasticloadbalancing:CreateListener\"\n      ],\n      \"Resource\": \"*\"\n    },\n    {\n      \"Effect\": \"Allow\",\n      \"Action\": [\n        \"elasticloadbalancing:RemoveTags\",\n        \"elasticloadbalancing:AddTags\"\n      ],\n      \"Resource\": [\n        \"arn:aws:elasticloadbalancing:*:*:targetgroup/*/*\",\n        \"arn:aws:elasticloadbalancing:*:*:loadbalancer/net/*/*\",\n        \"arn:aws:elasticloadbalancing:*:*:loadbalancer/app/*/*\"\n      ],\n      \"Condition\": {\n        \"Null\": {\n          \"aws:RequestTag/elbv2.k8s.aws/cluster\": \"true\",\n          \"aws:ResourceTag/elbv2.k8s.aws/cluster\": \"false\"\n        }\n      }\n    },\n    {\n      \"Effect\": \"Allow\",\n      \"Action\": [\n        \"elasticloadbalancing:RemoveTags\",\n        \"elasticloadbalancing:AddTags\"\n      ],\n      \"Resource\": [\n        \"arn:aws:elasticloadbalancing:*:*:listener/net/*/*/*\",\n        \"arn:aws:elasticloadbalancing:*:*:listener/app/*/*/*\",\n        \"arn:aws:elasticloadbalancing:*:*:listener-rule/net/*/*/*\",\n        \"arn:aws:elasticloadbalancing:*:*:listener-rule/app/*/*/*\"\n      ]\n    },\n    {\n      \"Effect\": \"Allow\",\n      \"Action\": [\n        \"elasticloadbalancing:SetSubnets\",\n        \"elasticloadbalancing:SetSecurityGroups\",\n        \"elasticloadbalancing:SetIpAddressType\",\n        \"elasticloadbalancing:ModifyTargetGroupAttributes\",\n        \"elasticloadbalancing:ModifyTargetGroup\",\n        \"elasticloadbalancing:ModifyLoadBalancerAttributes\",\n        \"elasticloadbalancing:ModifyListenerAttributes\",\n        \"elasticloadbalancing:DeleteTargetGroup\",\n        \"elasticloadbalancing:DeleteLoadBalancer\"\n      ],\n      \"Resource\": \"*\",\n      \"Condition\": {\n        \"Null\": {\n          \"aws:ResourceTag/elbv2.k8s.aws/cluster\": \"false\"\n        }\n      }\n    },\n    {\n      \"Effect\": \"Allow\",\n      \"Action\": \"elasticloadbalancing:AddTags\",\n      \"Resource\": [\n        \"arn:aws:elasticloadbalancing:*:*:targetgroup/*/*\",\n        \"arn:aws:elasticloadbalancing:*:*:loadbalancer/net/*/*\",\n        \"arn:aws:elasticloadbalancing:*:*:loadbalancer/app/*/*\"\n      ],\n      \"Condition\": {\n        \"Null\": {\n          \"aws:RequestTag/elbv2.k8s.aws/cluster\": \"false\"\n        },\n        \"StringEquals\": {\n          \"elasticloadbalancing:CreateAction\": [\n            \"CreateTargetGroup\",\n            \"CreateLoadBalancer\"\n          ]\n        }\n      }\n    },\n    {\n      \"Effect\": \"Allow\",\n      \"Action\": [\n        \"elasticloadbalancing:RegisterTargets\",\n        \"elasticloadbalancing:DeregisterTargets\"\n      ],\n      \"Resource\": \"arn:aws:elasticloadbalancing:*:*:targetgroup/*/*\"\n    },\n    {\n      \"Effect\": \"Allow\",\n      \"Action\": [\n        \"elasticloadbalancing:SetWebAcl\",\n        \"elasticloadbalancing:RemoveListenerCertificates\",\n        \"elasticloadbalancing:ModifyRule\",\n        \"elasticloadbalancing:ModifyListener\",\n        \"elasticloadbalancing:AddListenerCertificates\"\n      ],\n      \"Resource\": \"*\"\n    }\n  ]\n}",
            "minified_json": "{\"Version\":\"2012-10-17\",\"Statement\":[{\"Effect\":\"Allow\",\"Action\":\"iam:CreateServiceLinkedRole\",\"Resource\":\"*\",\"Condition\":{\"StringEquals\":{\"iam:AWSServiceName\":\"elasticloadbalancing.amazonaws.com\"}}},{\"Effect\":\"Allow\",\"Action\":[\"elasticloadbalancing:DescribeTrustStores\",\"elasticloadbalancing:DescribeTargetHealth\",\"elasticloadbalancing:DescribeTargetGroups\",\"elasticloadbalancing:DescribeTargetGroupAttributes\",\"elasticloadbalancing:DescribeTags\",\"elasticloadbalancing:DescribeSSLPolicies\",\"elasticloadbalancing:DescribeRules\",\"elasticloadbalancing:DescribeLoadBalancers\",\"elasticloadbalancing:DescribeLoadBalancerAttributes\",\"elasticloadbalancing:DescribeListeners\",\"elasticloadbalancing:DescribeListenerCertificates\",\"elasticloadbalancing:DescribeListenerAttributes\",\"ec2:GetSecurityGroupsForVpc\",\"ec2:GetCoipPoolUsage\",\"ec2:DescribeVpcs\",\"ec2:DescribeVpcPeeringConnections\",\"ec2:DescribeTags\",\"ec2:DescribeSubnets\",\"ec2:DescribeSecurityGroups\",\"ec2:DescribeNetworkInterfaces\",\"ec2:DescribeInternetGateways\",\"ec2:DescribeInstances\",\"ec2:DescribeCoipPools\",\"ec2:DescribeAvailabilityZones\",\"ec2:DescribeAddresses\",\"ec2:DescribeAccountAttributes\"],\"Resource\":\"*\"},{\"Effect\":\"Allow\",\"Action\":[\"wafv2:GetWebACLForResource\",\"wafv2:GetWebACL\",\"wafv2:DisassociateWebACL\",\"wafv2:AssociateWebACL\",\"waf-regional:GetWebACLForResource\",\"waf-regional:GetWebACL\",\"waf-regional:DisassociateWebACL\",\"waf-regional:AssociateWebACL\",\"shield:GetSubscriptionState\",\"shield:DescribeProtection\",\"shield:DeleteProtection\",\"shield:CreateProtection\",\"iam:ListServerCertificates\",\"iam:GetServerCertificate\",\"cognito-idp:DescribeUserPoolClient\",\"acm:ListCertificates\",\"acm:DescribeCertificate\"],\"Resource\":\"*\"},{\"Effect\":\"Allow\",\"Action\":[\"ec2:RevokeSecurityGroupIngress\",\"ec2:AuthorizeSecurityGroupIngress\"],\"Resource\":\"*\"},{\"Effect\":\"Allow\",\"Action\":\"ec2:CreateSecurityGroup\",\"Resource\":\"*\"},{\"Effect\":\"Allow\",\"Action\":\"ec2:CreateTags\",\"Resource\":\"arn:aws:ec2:*:*:security-group/*\",\"Condition\":{\"Null\":{\"aws:RequestTag/elbv2.k8s.aws/cluster\":\"false\"},\"StringEquals\":{\"ec2:CreateAction\":\"CreateSecurityGroup\"}}},{\"Effect\":\"Allow\",\"Action\":[\"ec2:DeleteTags\",\"ec2:CreateTags\"],\"Resource\":\"arn:aws:ec2:*:*:security-group/*\",\"Condition\":{\"Null\":{\"aws:RequestTag/elbv2.k8s.aws/cluster\":\"true\",\"aws:ResourceTag/elbv2.k8s.aws/cluster\":\"false\"}}},{\"Effect\":\"Allow\",\"Action\":[\"ec2:RevokeSecurityGroupIngress\",\"ec2:DeleteSecurityGroup\",\"ec2:AuthorizeSecurityGroupIngress\"],\"Resource\":\"*\",\"Condition\":{\"Null\":{\"aws:ResourceTag/elbv2.k8s.aws/cluster\":\"false\"}}},{\"Effect\":\"Allow\",\"Action\":[\"elasticloadbalancing:CreateTargetGroup\",\"elasticloadbalancing:CreateLoadBalancer\"],\"Resource\":\"*\",\"Condition\":{\"Null\":{\"aws:RequestTag/elbv2.k8s.aws/cluster\":\"false\"}}},{\"Effect\":\"Allow\",\"Action\":[\"elasticloadbalancing:DeleteRule\",\"elasticloadbalancing:DeleteListener\",\"elasticloadbalancing:CreateRule\",\"elasticloadbalancing:CreateListener\"],\"Resource\":\"*\"},{\"Effect\":\"Allow\",\"Action\":[\"elasticloadbalancing:RemoveTags\",\"elasticloadbalancing:AddTags\"],\"Resource\":[\"arn:aws:elasticloadbalancing:*:*:targetgroup/*/*\",\"arn:aws:elasticloadbalancing:*:*:loadbalancer/net/*/*\",\"arn:aws:elasticloadbalancing:*:*:loadbalancer/app/*/*\"],\"Condition\":{\"Null\":{\"aws:RequestTag/elbv2.k8s.aws/cluster\":\"true\",\"aws:ResourceTag/elbv2.k8s.aws/cluster\":\"false\"}}},{\"Effect\":\"Allow\",\"Action\":[\"elasticloadbalancing:RemoveTags\",\"elasticloadbalancing:AddTags\"],\"Resource\":[\"arn:aws:elasticloadbalancing:*:*:listener/net/*/*/*\",\"arn:aws:elasticloadbalancing:*:*:listener/app/*/*/*\",\"arn:aws:elasticloadbalancing:*:*:listener-rule/net/*/*/*\",\"arn:aws:elasticloadbalancing:*:*:listener-rule/app/*/*/*\"]},{\"Effect\":\"Allow\",\"Action\":[\"elasticloadbalancing:SetSubnets\",\"elasticloadbalancing:SetSecurityGroups\",\"elasticloadbalancing:SetIpAddressType\",\"elasticloadbalancing:ModifyTargetGroupAttributes\",\"elasticloadbalancing:ModifyTargetGroup\",\"elasticloadbalancing:ModifyLoadBalancerAttributes\",\"elasticloadbalancing:ModifyListenerAttributes\",\"elasticloadbalancing:DeleteTargetGroup\",\"elasticloadbalancing:DeleteLoadBalancer\"],\"Resource\":\"*\",\"Condition\":{\"Null\":{\"aws:ResourceTag/elbv2.k8s.aws/cluster\":\"false\"}}},{\"Effect\":\"Allow\",\"Action\":\"elasticloadbalancing:AddTags\",\"Resource\":[\"arn:aws:elasticloadbalancing:*:*:targetgroup/*/*\",\"arn:aws:elasticloadbalancing:*:*:loadbalancer/net/*/*\",\"arn:aws:elasticloadbalancing:*:*:loadbalancer/app/*/*\"],\"Condition\":{\"Null\":{\"aws:RequestTag/elbv2.k8s.aws/cluster\":\"false\"},\"StringEquals\":{\"elasticloadbalancing:CreateAction\":[\"CreateTargetGroup\",\"CreateLoadBalancer\"]}}},{\"Effect\":\"Allow\",\"Action\":[\"elasticloadbalancing:RegisterTargets\",\"elasticloadbalancing:DeregisterTargets\"],\"Resource\":\"arn:aws:elasticloadbalancing:*:*:targetgroup/*/*\"},{\"Effect\":\"Allow\",\"Action\":[\"elasticloadbalancing:SetWebAcl\",\"elasticloadbalancing:RemoveListenerCertificates\",\"elasticloadbalancing:ModifyRule\",\"elasticloadbalancing:ModifyListener\",\"elasticloadbalancing:AddListenerCertificates\"],\"Resource\":\"*\"}]}",
            "override_json": null,
            "override_policy_documents": null,
            "policy_id": null,
            "source_json": null,
            "source_policy_documents": null,
            "statement": [
              {
                "actions": [
                  "iam:CreateServiceLinkedRole"
                ],
                "condition": [
                  {
                    "test": "StringEquals",
                    "values": [
                      "elasticloadbalancing.amazonaws.com"
                    ],
                    "variable": "iam:AWSServiceName"
                  }
                ],
                "effect": "Allow",
                "not_actions": [],
                "not_principals": [],
                "not_resources": [],
                "principals": [],
                "resources": [
                  "*"
                ],
                "sid": ""
              },
              {
                "actions": [
                  "ec2:DescribeAccountAttributes",
                  "ec2:DescribeAddresses",
                  "ec2:DescribeAvailabilityZones",
                  "ec2:DescribeCoipPools",
                  "ec2:DescribeInstances",
                  "ec2:DescribeInternetGateways",
                  "ec2:DescribeNetworkInterfaces",
                  "ec2:DescribeSecurityGroups",
                  "ec2:DescribeSubnets",
                  "ec2:DescribeTags",
                  "ec2:DescribeVpcPeeringConnections",
                  "ec2:DescribeVpcs",
                  "ec2:GetCoipPoolUsage",
                  "ec2:GetSecurityGroupsForVpc",
                  "elasticloadbalancing:DescribeListenerAttributes",
                  "elasticloadbalancing:DescribeListenerCertificates",
                  "elasticloadbalancing:DescribeListeners",
                  "elasticloadbalancing:DescribeLoadBalancerAttributes",
                  "elasticloadbalancing:DescribeLoadBalancers",
                  "elasticloadbalancing:DescribeRules",
                  "elasticloadbalancing:DescribeSSLPolicies",
                  "elasticloadbalancing:DescribeTags",
                  "elasticloadbalancing:DescribeTargetGroupAttributes",
                  "elasticloadbalancing:DescribeTargetGroups",
                  "elasticloadbalancing:DescribeTargetHealth",
                  "elasticloadbalancing:DescribeTrustStores"
                ],
                "condition": [],
                "effect": "Allow",
                "not_actions": [],
                "not_principals": [],
                "not_resources": [],
                "principals": [],
                "resources": [
                  "*"
                ],
                "sid": ""
              },
              {
                "actions": [
                  "acm:DescribeCertificate",
                  "acm:ListCertificates",
                  "cognito-idp:DescribeUserPoolClient",
                  "iam:GetServerCertificate",
                  "iam:ListServerCertificates",
                  "shield:CreateProtection",
                  "shield:DeleteProtection",
                  "shield:DescribeProtection",
                  "shield:GetSubscriptionState",
                  "waf-regional:AssociateWebACL",
                  "waf-regional:DisassociateWebACL",
                  "waf-regional:GetWebACL",
                  "waf-regional:GetWebACLForResource",
                  "wafv2:AssociateWebACL",
                  "wafv2:DisassociateWebACL",
                  "wafv2:GetWebACL",
                  "wafv2:GetWebACLForResource"
                ],
                "condition": [],
                "effect": "Allow",
                "not_actions": [],
                "not_principals": [],
                "not_resources": [],
                "principals": [],
                "resources": [
                  "*"
                ],
                "sid": ""
              },
              {
                "actions": [
                  "ec2:AuthorizeSecurityGroupIngress",
                  "ec2:RevokeSecurityGroupIngress"
                ],
                "condition": [],
                "effect": "Allow",
                "not_actions": [],
                "not_principals": [],
                "not_resources": [],
                "principals": [],
                "resources": [
                  "*"
                ],
                "sid": ""
              },
              {
                "actions": [
                  "ec2:CreateSecurityGroup"
                ],
                "condition": [],
                "effect": "Allow",
                "not_actions": [],
                "not_principals": [],
                "not_resources": [],
                "principals": [],
                "resources": [
                  "*"
                ],
                "sid": ""
              },
              {
                "actions": [
                  "ec2:CreateTags"
                ],
                "condition": [
                  {
                    "test": "Null",
                    "values": [
                      "false"
                    ],
                    "variable": "aws:RequestTag/elbv2.k8s.aws/cluster"
                  },
                  {
                    "test": "StringEquals",
                    "values": [
                      "CreateSecurityGroup"
                    ],
                    "variable": "ec2:CreateAction"
                  }
                ],
                "effect": "Allow",
                "not_actions": [],
                "not_principals": [],
                "not_resources": [],
                "principals": [],
                "resources": [
                  "arn:aws:ec2:*:*:security-group/*"
                ],
                "sid": ""
              },
              {
                "actions": [
                  "ec2:CreateTags",
                  "ec2:DeleteTags"
                ],
                "condition": [
                  {
                    "test": "Null",
                    "values": [
                      "false"
                    ],
                    "variable": "aws:ResourceTag/elbv2.k8s.aws/cluster"
                  },
                  {
                    "test": "Null",
                    "values": [
                      "true"
                    ],
                    "variable": "aws:RequestTag/elbv2.k8s.aws/cluster"
                  }
                ],
                "effect": "Allow",
                "not_actions": [],
                "not_principals": [],
                "not_resources": [],
                "principals": [],
                "resources": [
                  "arn:aws:ec2:*:*:security-group/*"
                ],
                "sid": ""
              },
              {
                "actions": [
                  "ec2:AuthorizeSecurityGroupIngress",
                  "ec2:DeleteSecurityGroup",
                  "ec2:RevokeSecurityGroupIngress"
                ],
                "condition": [
                  {
                    "test": "Null",
                    "values": [
                      "false"
                    ],
                    "variable": "aws:ResourceTag/elbv2.k8s.aws/cluster"
                  }
                ],
                "effect": "Allow",
                "not_actions": [],
                "not_principals": [],
                "not_resources": [],
                "principals": [],
                "resources": [
                  "*"
                ],
                "sid": ""
              },
              {
                "actions": [
                  "elasticloadbalancing:CreateLoadBalancer",
                  "elasticloadbalancing:CreateTargetGroup"
                ],
                "condition": [
                  {
                    "test": "Null",
                    "values": [
                      "false"
                    ],
                    "variable": "aws:RequestTag/elbv2.k8s.aws/cluster"
                  }
                ],
                "effect": "Allow",
                "not_actions": [],
                "not_principals": [],
                "not_resources": [],
                "principals": [],
                "resources": [
                  "*"
                ],
                "sid": ""
              },
              {
                "actions": [
                  "elasticloadbalancing:CreateListener",
                  "elasticloadbalancing:CreateRule",
                  "elasticloadbalancing:DeleteListener",
                  "elasticloadbalancing:DeleteRule"
                ],
                "condition": [],
                "effect": "Allow",
                "not_actions": [],
                "not_principals": [],
                "not_resources": [],
                "principals": [],
                "resources": [
                  "*"
                ],
                "sid": ""
              },
              {
                "actions": [
                  "elasticloadbalancing:AddTags",
                  "elasticloadbalancing:RemoveTags"
                ],
                "condition": [
                  {
                    "test": "Null",
                    "values": [
                      "false"
                    ],
                    "variable": "aws:ResourceTag/elbv2.k8s.aws/cluster"
                  },
                  {
                    "test": "Null",
                    "values": [
                      "true"
                    ],
                    "variable": "aws:RequestTag/elbv2.k8s.aws/cluster"
                  }
                ],
                "effect": "Allow",
                "not_actions": [],
                "not_principals": [],
                "not_resources": [],
                "principals": [],
                "resources": [
                  "arn:aws:elasticloadbalancing:*:*:loadbalancer/app/*/*",
                  "arn:aws:elasticloadbalancing:*:*:loadbalancer/net/*/*",
                  "arn:aws:elasticloadbalancing:*:*:targetgroup/*/*"
                ],
                "sid": ""
              },
              {
                "actions": [
                  "elasticloadbalancing:AddTags",
                  "elasticloadbalancing:RemoveTags"
                ],
                "condition": [],
                "effect": "Allow",
                "not_actions": [],
                "not_principals": [],
                "not_resources": [],
                "principals": [],
                "resources": [
                  "arn:aws:elasticloadbalancing:*:*:listener-rule/app/*/*/*",
                  "arn:aws:elasticloadbalancing:*:*:listener-rule/net/*/*/*",
                  "arn:aws:elasticloadbalancing:*:*:listener/app/*/*/*",
                  "arn:aws:elasticloadbalancing:*:*:listener/net/*/*/*"
                ],
                "sid": ""
              },
              {
                "actions": [
                  "elasticloadbalancing:DeleteLoadBalancer",
                  "elasticloadbalancing:DeleteTargetGroup",
                  "elasticloadbalancing:ModifyListenerAttributes",
                  "elasticloadbalancing:ModifyLoadBalancerAttributes",
                  "elasticloadbalancing:ModifyTargetGroup",
                  "elasticloadbalancing:ModifyTargetGroupAttributes",
                  "elasticloadbalancing:SetIpAddressType",
                  "elasticloadbalancing:SetSecurityGroups",
                  "elasticloadbalancing:SetSubnets"
                ],
                "condition": [
                  {
                    "test": "Null",
                    "values": [
                      "false"
                    ],
                    "variable": "aws:ResourceTag/elbv2.k8s.aws/cluster"
                  }
                ],
                "effect": "Allow",
                "not_actions": [],
                "not_principals": [],
                "not_resources": [],
                "principals": [],
                "resources": [
                  "*"
                ],
                "sid": ""
              },
              {
                "actions": [
                  "elasticloadbalancing:AddTags"
                ],
                "condition": [
                  {
                    "test": "Null",
                    "values": [
                      "false"
                    ],
                    "variable": "aws:RequestTag/elbv2.k8s.aws/cluster"
                  },
                  {
                    "test": "StringEquals",
                    "values": [
                      "CreateTargetGroup",
                      "CreateLoadBalancer"
                    ],
                    "variable": "elasticloadbalancing:CreateAction"
                  }
                ],
                "effect": "Allow",
                "not_actions": [],
                "not_principals": [],
                "not_resources": [],
                "principals": [],
                "resources": [
                  "arn:aws:elasticloadbalancing:*:*:loadbalancer/app/*/*",
                  "arn:aws:elasticloadbalancing:*:*:loadbalancer/net/*/*",
                  "arn:aws:elasticloadbalancing:*:*:targetgroup/*/*"
                ],
                "sid": ""
              },
              {
                "actions": [
                  "elasticloadbalancing:DeregisterTargets",
                  "elasticloadbalancing:RegisterTargets"
                ],
                "condition": [],
                "effect": "Allow",
                "not_actions": [],
                "not_principals": [],
                "not_resources": [],
                "principals": [],
                "resources": [
                  "arn:aws:elasticloadbalancing:*:*:targetgroup/*/*"
                ],
                "sid": ""
              },
              {
                "actions": [
                  "elasticloadbalancing:AddListenerCertificates",
                  "elasticloadbalancing:ModifyListener",
                  "elasticloadbalancing:ModifyRule",
                  "elasticloadbalancing:RemoveListenerCertificates",
                  "elasticloadbalancing:SetWebAcl"
                ],
                "condition": [],
                "effect": "Allow",
                "not_actions": [],
                "not_principals": [],
                "not_resources": [],
                "principals": [],
                "resources": [
                  "*"
                ],
                "sid": ""
              }
            ],
            "version": "2012-10-17"
          },
          "sensitive_attributes": []
        }
      ]
    },
    {
      "module": "module.eks_blueprints_addons",
      "mode": "data",
      "type": "aws_iam_policy_document",
      "name": "aws_node_termination_handler",
      "provider": "provider[\"registry.terraform.io/hashicorp/aws\"]",
      "instances": []
    },
    {
      "module": "module.eks_blueprints_addons",
      "mode": "data",
      "type": "aws_iam_policy_document",
      "name": "aws_privateca_issuer",
      "provider": "provider[\"registry.terraform.io/hashicorp/aws\"]",
      "instances": []
    },
    {
      "module": "module.eks_blueprints_addons",
      "mode": "data",
      "type": "aws_iam_policy_document",
      "name": "cert_manager",
      "provider": "provider[\"registry.terraform.io/hashicorp/aws\"]",
      "instances": []
    },
    {
      "module": "module.eks_blueprints_addons",
      "mode": "data",
      "type": "aws_iam_policy_document",
      "name": "cluster_autoscaler",
      "provider": "provider[\"registry.terraform.io/hashicorp/aws\"]",
      "instances": []
    },
    {
      "module": "module.eks_blueprints_addons",
      "mode": "data",
      "type": "aws_iam_policy_document",
      "name": "external_dns",
      "provider": "provider[\"registry.terraform.io/hashicorp/aws\"]",
      "instances": []
    },
    {
      "module": "module.eks_blueprints_addons",
      "mode": "data",
      "type": "aws_iam_policy_document",
      "name": "external_secrets",
      "provider": "provider[\"registry.terraform.io/hashicorp/aws\"]",
      "instances": []
    },
    {
      "module": "module.eks_blueprints_addons",
      "mode": "data",
      "type": "aws_iam_policy_document",
      "name": "fargate_fluentbit",
      "provider": "provider[\"registry.terraform.io/hashicorp/aws\"]",
      "instances": []
    },
    {
      "module": "module.eks_blueprints_addons",
      "mode": "data",
      "type": "aws_iam_policy_document",
      "name": "karpenter",
      "provider": "provider[\"registry.terraform.io/hashicorp/aws\"]",
      "instances": []
    },
    {
      "module": "module.eks_blueprints_addons",
      "mode": "data",
      "type": "aws_iam_policy_document",
      "name": "karpenter_assume_role",
      "provider": "provider[\"registry.terraform.io/hashicorp/aws\"]",
      "instances": []
    },
    {
      "module": "module.eks_blueprints_addons",
      "mode": "data",
      "type": "aws_iam_policy_document",
      "name": "velero",
      "provider": "provider[\"registry.terraform.io/hashicorp/aws\"]",
      "instances": []
    },
    {
      "module": "module.eks_blueprints_addons",
      "mode": "data",
      "type": "aws_partition",
      "name": "current",
      "provider": "provider[\"registry.terraform.io/hashicorp/aws\"]",
      "instances": [
        {
          "schema_version": 0,
          "attributes": {
            "dns_suffix": "amazonaws.com",
            "id": "aws",
            "partition": "aws",
            "reverse_dns_prefix": "com.amazonaws"
          },
          "sensitive_attributes": []
        }
      ]
    },
    {
      "module": "module.eks_blueprints_addons",
      "mode": "data",
      "type": "aws_region",
      "name": "current",
      "provider": "provider[\"registry.terraform.io/hashicorp/aws\"]",
      "instances": [
        {
          "schema_version": 0,
          "attributes": {
            "description": "US East (N. Virginia)",
            "endpoint": "ec2.us-east-1.amazonaws.com",
            "id": "us-east-1",
            "name": "us-east-1"
          },
          "sensitive_attributes": []
        }
      ]
    },
    {
      "module": "module.eks_blueprints_addons",
      "mode": "managed",
      "type": "aws_autoscaling_group_tag",
      "name": "aws_node_termination_handler",
      "provider": "provider[\"registry.terraform.io/hashicorp/aws\"]",
      "instances": []
    },
    {
      "module": "module.eks_blueprints_addons",
      "mode": "managed",
      "type": "aws_autoscaling_lifecycle_hook",
      "name": "aws_node_termination_handler",
      "provider": "provider[\"registry.terraform.io/hashicorp/aws\"]",
      "instances": []
    },
    {
      "module": "module.eks_blueprints_addons",
      "mode": "managed",
      "type": "aws_cloudformation_stack",
      "name": "usage_telemetry",
      "provider": "provider[\"registry.terraform.io/hashicorp/aws\"]",
      "instances": [
        {
          "index_key": 0,
          "schema_version": 0,
          "attributes": {
            "capabilities": null,
            "disable_rollback": false,
            "iam_role_arn": "",
            "id": "arn:aws:cloudformation:us-east-1:058264364931:stack/octopus-7224/97c81e40-e0e2-11ef-9a4b-123d4565c421",
            "name": "octopus-7224",
            "notification_arns": null,
            "on_failure": "DO_NOTHING",
            "outputs": {},
            "parameters": {},
            "policy_body": null,
            "policy_url": null,
            "tags": {
              "terraform": "true"
            },
            "tags_all": {
              "terraform": "true"
            },
            "template_body": "{\"AWSTemplateFormatVersion\":\"2010-09-09\",\"Description\":\"Usage telemetry for EKS Blueprints. (qs-1ubotj5kl)\",\"Resources\":{\"EmptyResource\":{\"Type\":\"AWS::CloudFormation::WaitConditionHandle\"}}}",
            "template_url": null,
            "timeout_in_minutes": 0,
            "timeouts": null
          },
          "sensitive_attributes": [
            [
              {
                "type": "get_attr",
                "value": "name"
              }
            ]
          ],
          "private": "eyJlMmJmYjczMC1lY2FhLTExZTYtOGY4OC0zNDM2M2JjN2M0YzAiOnsiY3JlYXRlIjoxODAwMDAwMDAwMDAwLCJkZWxldGUiOjE4MDAwMDAwMDAwMDAsInVwZGF0ZSI6MTgwMDAwMDAwMDAwMH19",
          "dependencies": [
            "data.aws_availability_zones.available",
            "module.eks.aws_cloudwatch_log_group.this",
            "module.eks.aws_ec2_tag.cluster_primary_security_group",
            "module.eks.aws_eks_access_entry.this",
            "module.eks.aws_eks_access_policy_association.this",
            "module.eks.aws_eks_addon.before_compute",
            "module.eks.aws_eks_addon.this",
            "module.eks.aws_eks_cluster.this",
            "module.eks.aws_eks_identity_provider_config.this",
            "module.eks.aws_iam_openid_connect_provider.oidc_provider",
            "module.eks.aws_iam_policy.cluster_encryption",
            "module.eks.aws_iam_policy.cni_ipv6_policy",
            "module.eks.aws_iam_policy.custom",
            "module.eks.aws_iam_role.eks_auto",
            "module.eks.aws_iam_role.this",
            "module.eks.aws_iam_role_policy_attachment.additional",
            "module.eks.aws_iam_role_policy_attachment.cluster_encryption",
            "module.eks.aws_iam_role_policy_attachment.custom",
            "module.eks.aws_iam_role_policy_attachment.eks_auto",
            "module.eks.aws_iam_role_policy_attachment.eks_auto_additional",
            "module.eks.aws_iam_role_policy_attachment.this",
            "module.eks.aws_security_group.cluster",
            "module.eks.aws_security_group.node",
            "module.eks.aws_security_group_rule.cluster",
            "module.eks.aws_security_group_rule.node",
            "module.eks.data.aws_caller_identity.current",
            "module.eks.data.aws_eks_addon_version.this",
            "module.eks.data.aws_iam_policy_document.assume_role_policy",
            "module.eks.data.aws_iam_policy_document.cni_ipv6_policy",
            "module.eks.data.aws_iam_policy_document.custom",
            "module.eks.data.aws_iam_policy_document.node_assume_role_policy",
            "module.eks.data.aws_iam_session_context.current",
            "module.eks.data.aws_partition.current",
            "module.eks.data.tls_certificate.this",
            "module.eks.module.eks_managed_node_group.aws_autoscaling_schedule.this",
            "module.eks.module.eks_managed_node_group.aws_eks_node_group.this",
            "module.eks.module.eks_managed_node_group.aws_iam_role.this",
            "module.eks.module.eks_managed_node_group.aws_iam_role_policy.this",
            "module.eks.module.eks_managed_node_group.aws_iam_role_policy_attachment.additional",
            "module.eks.module.eks_managed_node_group.aws_iam_role_policy_attachment.this",
            "module.eks.module.eks_managed_node_group.aws_launch_template.this",
            "module.eks.module.eks_managed_node_group.aws_placement_group.this",
            "module.eks.module.eks_managed_node_group.data.aws_caller_identity.current",
            "module.eks.module.eks_managed_node_group.data.aws_ec2_instance_type.this",
            "module.eks.module.eks_managed_node_group.data.aws_ec2_instance_type_offerings.this",
            "module.eks.module.eks_managed_node_group.data.aws_iam_policy_document.assume_role_policy",
            "module.eks.module.eks_managed_node_group.data.aws_iam_policy_document.role",
            "module.eks.module.eks_managed_node_group.data.aws_partition.current",
            "module.eks.module.eks_managed_node_group.data.aws_ssm_parameter.ami",
            "module.eks.module.eks_managed_node_group.data.aws_subnets.placement_group",
            "module.eks.module.eks_managed_node_group.module.user_data.data.cloudinit_config.al2023_eks_managed_node_group",
            "module.eks.module.eks_managed_node_group.module.user_data.data.cloudinit_config.linux_eks_managed_node_group",
            "module.eks.module.eks_managed_node_group.module.user_data.null_resource.validate_cluster_service_cidr",
            "module.eks.module.fargate_profile.aws_eks_fargate_profile.this",
            "module.eks.module.fargate_profile.aws_iam_role.this",
            "module.eks.module.fargate_profile.aws_iam_role_policy.this",
            "module.eks.module.fargate_profile.aws_iam_role_policy_attachment.additional",
            "module.eks.module.fargate_profile.aws_iam_role_policy_attachment.this",
            "module.eks.module.fargate_profile.data.aws_caller_identity.current",
            "module.eks.module.fargate_profile.data.aws_iam_policy_document.assume_role_policy",
            "module.eks.module.fargate_profile.data.aws_iam_policy_document.role",
            "module.eks.module.fargate_profile.data.aws_partition.current",
            "module.eks.module.fargate_profile.data.aws_region.current",
            "module.eks.module.kms.aws_kms_alias.this",
            "module.eks.module.kms.aws_kms_external_key.this",
            "module.eks.module.kms.aws_kms_grant.this",
            "module.eks.module.kms.aws_kms_key.this",
            "module.eks.module.kms.aws_kms_replica_external_key.this",
            "module.eks.module.kms.aws_kms_replica_key.this",
            "module.eks.module.kms.data.aws_caller_identity.current",
            "module.eks.module.kms.data.aws_iam_policy_document.this",
            "module.eks.module.kms.data.aws_partition.current",
            "module.eks.module.self_managed_node_group.aws_autoscaling_group.this",
            "module.eks.module.self_managed_node_group.aws_autoscaling_schedule.this",
            "module.eks.module.self_managed_node_group.aws_eks_access_entry.this",
            "module.eks.module.self_managed_node_group.aws_iam_instance_profile.this",
            "module.eks.module.self_managed_node_group.aws_iam_role.this",
            "module.eks.module.self_managed_node_group.aws_iam_role_policy.this",
            "module.eks.module.self_managed_node_group.aws_iam_role_policy_attachment.additional",
            "module.eks.module.self_managed_node_group.aws_iam_role_policy_attachment.this",
            "module.eks.module.self_managed_node_group.aws_launch_template.this",
            "module.eks.module.self_managed_node_group.aws_placement_group.this",
            "module.eks.module.self_managed_node_group.data.aws_caller_identity.current",
            "module.eks.module.self_managed_node_group.data.aws_ec2_instance_type.this",
            "module.eks.module.self_managed_node_group.data.aws_ec2_instance_type_offerings.this",
            "module.eks.module.self_managed_node_group.data.aws_iam_policy_document.assume_role_policy",
            "module.eks.module.self_managed_node_group.data.aws_iam_policy_document.role",
            "module.eks.module.self_managed_node_group.data.aws_partition.current",
            "module.eks.module.self_managed_node_group.data.aws_ssm_parameter.ami",
            "module.eks.module.self_managed_node_group.data.aws_subnets.placement_group",
            "module.eks.module.self_managed_node_group.module.user_data.data.cloudinit_config.al2023_eks_managed_node_group",
            "module.eks.module.self_managed_node_group.module.user_data.data.cloudinit_config.linux_eks_managed_node_group",
            "module.eks.module.self_managed_node_group.module.user_data.null_resource.validate_cluster_service_cidr",
            "module.eks.time_sleep.this",
            "module.eks_blueprints_addons.random_bytes.this",
            "module.vpc.aws_cloudwatch_log_group.flow_log",
            "module.vpc.aws_customer_gateway.this",
            "module.vpc.aws_db_subnet_group.database",
            "module.vpc.aws_default_network_acl.this",
            "module.vpc.aws_default_route_table.default",
            "module.vpc.aws_default_security_group.this",
            "module.vpc.aws_default_vpc.this",
            "module.vpc.aws_egress_only_internet_gateway.this",
            "module.vpc.aws_eip.nat",
            "module.vpc.aws_elasticache_subnet_group.elasticache",
            "module.vpc.aws_flow_log.this",
            "module.vpc.aws_iam_policy.vpc_flow_log_cloudwatch",
            "module.vpc.aws_iam_role.vpc_flow_log_cloudwatch",
            "module.vpc.aws_iam_role_policy_attachment.vpc_flow_log_cloudwatch",
            "module.vpc.aws_internet_gateway.this",
            "module.vpc.aws_nat_gateway.this",
            "module.vpc.aws_network_acl.database",
            "module.vpc.aws_network_acl.elasticache",
            "module.vpc.aws_network_acl.intra",
            "module.vpc.aws_network_acl.outpost",
            "module.vpc.aws_network_acl.private",
            "module.vpc.aws_network_acl.public",
            "module.vpc.aws_network_acl.redshift",
            "module.vpc.aws_network_acl_rule.database_inbound",
            "module.vpc.aws_network_acl_rule.database_outbound",
            "module.vpc.aws_network_acl_rule.elasticache_inbound",
            "module.vpc.aws_network_acl_rule.elasticache_outbound",
            "module.vpc.aws_network_acl_rule.intra_inbound",
            "module.vpc.aws_network_acl_rule.intra_outbound",
            "module.vpc.aws_network_acl_rule.outpost_inbound",
            "module.vpc.aws_network_acl_rule.outpost_outbound",
            "module.vpc.aws_network_acl_rule.private_inbound",
            "module.vpc.aws_network_acl_rule.private_outbound",
            "module.vpc.aws_network_acl_rule.public_inbound",
            "module.vpc.aws_network_acl_rule.public_outbound",
            "module.vpc.aws_network_acl_rule.redshift_inbound",
            "module.vpc.aws_network_acl_rule.redshift_outbound",
            "module.vpc.aws_redshift_subnet_group.redshift",
            "module.vpc.aws_route.database_dns64_nat_gateway",
            "module.vpc.aws_route.database_internet_gateway",
            "module.vpc.aws_route.database_ipv6_egress",
            "module.vpc.aws_route.database_nat_gateway",
            "module.vpc.aws_route.private_dns64_nat_gateway",
            "module.vpc.aws_route.private_ipv6_egress",
            "module.vpc.aws_route.private_nat_gateway",
            "module.vpc.aws_route.public_internet_gateway",
            "module.vpc.aws_route.public_internet_gateway_ipv6",
            "module.vpc.aws_route_table.database",
            "module.vpc.aws_route_table.elasticache",
            "module.vpc.aws_route_table.intra",
            "module.vpc.aws_route_table.private",
            "module.vpc.aws_route_table.public",
            "module.vpc.aws_route_table.redshift",
            "module.vpc.aws_route_table_association.database",
            "module.vpc.aws_route_table_association.elasticache",
            "module.vpc.aws_route_table_association.intra",
            "module.vpc.aws_route_table_association.outpost",
            "module.vpc.aws_route_table_association.private",
            "module.vpc.aws_route_table_association.public",
            "module.vpc.aws_route_table_association.redshift",
            "module.vpc.aws_route_table_association.redshift_public",
            "module.vpc.aws_subnet.database",
            "module.vpc.aws_subnet.elasticache",
            "module.vpc.aws_subnet.intra",
            "module.vpc.aws_subnet.outpost",
            "module.vpc.aws_subnet.private",
            "module.vpc.aws_subnet.public",
            "module.vpc.aws_subnet.redshift",
            "module.vpc.aws_vpc.this",
            "module.vpc.aws_vpc_dhcp_options.this",
            "module.vpc.aws_vpc_dhcp_options_association.this",
            "module.vpc.aws_vpc_ipv4_cidr_block_association.this",
            "module.vpc.aws_vpn_gateway.this",
            "module.vpc.aws_vpn_gateway_attachment.this",
            "module.vpc.aws_vpn_gateway_route_propagation.intra",
            "module.vpc.aws_vpn_gateway_route_propagation.private",
            "module.vpc.aws_vpn_gateway_route_propagation.public",
            "module.vpc.data.aws_caller_identity.current",
            "module.vpc.data.aws_iam_policy_document.flow_log_cloudwatch_assume_role",
            "module.vpc.data.aws_iam_policy_document.vpc_flow_log_cloudwatch",
            "module.vpc.data.aws_partition.current",
            "module.vpc.data.aws_region.current"
          ],
          "create_before_destroy": true
        }
      ]
    },
    {
      "module": "module.eks_blueprints_addons",
      "mode": "managed",
      "type": "aws_cloudwatch_event_rule",
      "name": "aws_node_termination_handler",
      "provider": "provider[\"registry.terraform.io/hashicorp/aws\"]",
      "instances": []
    },
    {
      "module": "module.eks_blueprints_addons",
      "mode": "managed",
      "type": "aws_cloudwatch_event_rule",
      "name": "karpenter",
      "provider": "provider[\"registry.terraform.io/hashicorp/aws\"]",
      "instances": []
    },
    {
      "module": "module.eks_blueprints_addons",
      "mode": "managed",
      "type": "aws_cloudwatch_event_target",
      "name": "aws_node_termination_handler",
      "provider": "provider[\"registry.terraform.io/hashicorp/aws\"]",
      "instances": []
    },
    {
      "module": "module.eks_blueprints_addons",
      "mode": "managed",
      "type": "aws_cloudwatch_event_target",
      "name": "karpenter",
      "provider": "provider[\"registry.terraform.io/hashicorp/aws\"]",
      "instances": []
    },
    {
      "module": "module.eks_blueprints_addons",
      "mode": "managed",
      "type": "aws_cloudwatch_log_group",
      "name": "aws_for_fluentbit",
      "provider": "provider[\"registry.terraform.io/hashicorp/aws\"]",
      "instances": []
    },
    {
      "module": "module.eks_blueprints_addons",
      "mode": "managed",
      "type": "aws_cloudwatch_log_group",
      "name": "fargate_fluentbit",
      "provider": "provider[\"registry.terraform.io/hashicorp/aws\"]",
      "instances": []
    },
    {
      "module": "module.eks_blueprints_addons",
      "mode": "managed",
      "type": "aws_eks_addon",
      "name": "this",
      "provider": "provider[\"registry.terraform.io/hashicorp/aws\"]",
      "instances": [
        {
          "index_key": "aws-ebs-csi-driver",
          "schema_version": 0,
          "attributes": {
            "addon_name": "aws-ebs-csi-driver",
            "addon_version": "v1.39.0-eksbuild.1",
            "arn": "arn:aws:eks:us-east-1:058264364931:addon/octopus/aws-ebs-csi-driver/9eca61b2-7497-d7f7-ce52-2fce0f82c214",
            "cluster_name": "octopus",
            "configuration_values": "",
            "created_at": "2025-02-01T21:22:38Z",
            "id": "octopus:aws-ebs-csi-driver",
            "modified_at": "2025-02-01T21:23:25Z",
            "pod_identity_association": [],
            "preserve": true,
            "resolve_conflicts": null,
            "resolve_conflicts_on_create": "OVERWRITE",
            "resolve_conflicts_on_update": "OVERWRITE",
            "service_account_role_arn": "",
            "tags": {
              "terraform": "true"
            },
            "tags_all": {
              "terraform": "true"
            },
            "timeouts": {
              "create": null,
              "delete": null,
              "update": null
            }
          },
          "sensitive_attributes": [],
          "private": "eyJlMmJmYjczMC1lY2FhLTExZTYtOGY4OC0zNDM2M2JjN2M0YzAiOnsiY3JlYXRlIjoxMjAwMDAwMDAwMDAwLCJkZWxldGUiOjI0MDAwMDAwMDAwMDAsInVwZGF0ZSI6MTIwMDAwMDAwMDAwMH19",
          "dependencies": [
            "aws_iam_openid_connect_provider.eks",
            "data.aws_availability_zones.available",
            "data.aws_eks_cluster_auth.cluster_auth",
            "data.tls_certificate.eks",
            "module.eks.aws_cloudwatch_log_group.this",
            "module.eks.aws_ec2_tag.cluster_primary_security_group",
            "module.eks.aws_eks_access_entry.this",
            "module.eks.aws_eks_access_policy_association.this",
            "module.eks.aws_eks_addon.before_compute",
            "module.eks.aws_eks_addon.this",
            "module.eks.aws_eks_cluster.this",
            "module.eks.aws_eks_identity_provider_config.this",
            "module.eks.aws_iam_openid_connect_provider.oidc_provider",
            "module.eks.aws_iam_policy.cluster_encryption",
            "module.eks.aws_iam_policy.cni_ipv6_policy",
            "module.eks.aws_iam_policy.custom",
            "module.eks.aws_iam_role.eks_auto",
            "module.eks.aws_iam_role.this",
            "module.eks.aws_iam_role_policy_attachment.additional",
            "module.eks.aws_iam_role_policy_attachment.cluster_encryption",
            "module.eks.aws_iam_role_policy_attachment.custom",
            "module.eks.aws_iam_role_policy_attachment.eks_auto",
            "module.eks.aws_iam_role_policy_attachment.eks_auto_additional",
            "module.eks.aws_iam_role_policy_attachment.this",
            "module.eks.aws_security_group.cluster",
            "module.eks.aws_security_group.node",
            "module.eks.aws_security_group_rule.cluster",
            "module.eks.aws_security_group_rule.node",
            "module.eks.data.aws_caller_identity.current",
            "module.eks.data.aws_eks_addon_version.this",
            "module.eks.data.aws_iam_policy_document.assume_role_policy",
            "module.eks.data.aws_iam_policy_document.cni_ipv6_policy",
            "module.eks.data.aws_iam_policy_document.custom",
            "module.eks.data.aws_iam_policy_document.node_assume_role_policy",
            "module.eks.data.aws_iam_session_context.current",
            "module.eks.data.aws_partition.current",
            "module.eks.data.tls_certificate.this",
            "module.eks.module.eks_managed_node_group.aws_autoscaling_schedule.this",
            "module.eks.module.eks_managed_node_group.aws_eks_node_group.this",
            "module.eks.module.eks_managed_node_group.aws_iam_role.this",
            "module.eks.module.eks_managed_node_group.aws_iam_role_policy.this",
            "module.eks.module.eks_managed_node_group.aws_iam_role_policy_attachment.additional",
            "module.eks.module.eks_managed_node_group.aws_iam_role_policy_attachment.this",
            "module.eks.module.eks_managed_node_group.aws_launch_template.this",
            "module.eks.module.eks_managed_node_group.aws_placement_group.this",
            "module.eks.module.eks_managed_node_group.data.aws_caller_identity.current",
            "module.eks.module.eks_managed_node_group.data.aws_ec2_instance_type.this",
            "module.eks.module.eks_managed_node_group.data.aws_ec2_instance_type_offerings.this",
            "module.eks.module.eks_managed_node_group.data.aws_iam_policy_document.assume_role_policy",
            "module.eks.module.eks_managed_node_group.data.aws_iam_policy_document.role",
            "module.eks.module.eks_managed_node_group.data.aws_partition.current",
            "module.eks.module.eks_managed_node_group.data.aws_ssm_parameter.ami",
            "module.eks.module.eks_managed_node_group.data.aws_subnets.placement_group",
            "module.eks.module.eks_managed_node_group.module.user_data.data.cloudinit_config.al2023_eks_managed_node_group",
            "module.eks.module.eks_managed_node_group.module.user_data.data.cloudinit_config.linux_eks_managed_node_group",
            "module.eks.module.eks_managed_node_group.module.user_data.null_resource.validate_cluster_service_cidr",
            "module.eks.module.fargate_profile.aws_eks_fargate_profile.this",
            "module.eks.module.fargate_profile.aws_iam_role.this",
            "module.eks.module.fargate_profile.aws_iam_role_policy.this",
            "module.eks.module.fargate_profile.aws_iam_role_policy_attachment.additional",
            "module.eks.module.fargate_profile.aws_iam_role_policy_attachment.this",
            "module.eks.module.fargate_profile.data.aws_caller_identity.current",
            "module.eks.module.fargate_profile.data.aws_iam_policy_document.assume_role_policy",
            "module.eks.module.fargate_profile.data.aws_iam_policy_document.role",
            "module.eks.module.fargate_profile.data.aws_partition.current",
            "module.eks.module.fargate_profile.data.aws_region.current",
            "module.eks.module.kms.aws_kms_alias.this",
            "module.eks.module.kms.aws_kms_external_key.this",
            "module.eks.module.kms.aws_kms_grant.this",
            "module.eks.module.kms.aws_kms_key.this",
            "module.eks.module.kms.aws_kms_replica_external_key.this",
            "module.eks.module.kms.aws_kms_replica_key.this",
            "module.eks.module.kms.data.aws_caller_identity.current",
            "module.eks.module.kms.data.aws_iam_policy_document.this",
            "module.eks.module.kms.data.aws_partition.current",
            "module.eks.module.self_managed_node_group.aws_autoscaling_group.this",
            "module.eks.module.self_managed_node_group.aws_autoscaling_schedule.this",
            "module.eks.module.self_managed_node_group.aws_eks_access_entry.this",
            "module.eks.module.self_managed_node_group.aws_iam_instance_profile.this",
            "module.eks.module.self_managed_node_group.aws_iam_role.this",
            "module.eks.module.self_managed_node_group.aws_iam_role_policy.this",
            "module.eks.module.self_managed_node_group.aws_iam_role_policy_attachment.additional",
            "module.eks.module.self_managed_node_group.aws_iam_role_policy_attachment.this",
            "module.eks.module.self_managed_node_group.aws_launch_template.this",
            "module.eks.module.self_managed_node_group.aws_placement_group.this",
            "module.eks.module.self_managed_node_group.data.aws_caller_identity.current",
            "module.eks.module.self_managed_node_group.data.aws_ec2_instance_type.this",
            "module.eks.module.self_managed_node_group.data.aws_ec2_instance_type_offerings.this",
            "module.eks.module.self_managed_node_group.data.aws_iam_policy_document.assume_role_policy",
            "module.eks.module.self_managed_node_group.data.aws_iam_policy_document.role",
            "module.eks.module.self_managed_node_group.data.aws_partition.current",
            "module.eks.module.self_managed_node_group.data.aws_ssm_parameter.ami",
            "module.eks.module.self_managed_node_group.data.aws_subnets.placement_group",
            "module.eks.module.self_managed_node_group.module.user_data.data.cloudinit_config.al2023_eks_managed_node_group",
            "module.eks.module.self_managed_node_group.module.user_data.data.cloudinit_config.linux_eks_managed_node_group",
            "module.eks.module.self_managed_node_group.module.user_data.null_resource.validate_cluster_service_cidr",
            "module.eks.time_sleep.this",
            "module.eks_blueprints_addons.data.aws_eks_addon_version.this",
            "module.eks_blueprints_addons.module.cert_manager.aws_iam_role.this",
            "module.eks_blueprints_addons.module.cert_manager.data.aws_caller_identity.current",
            "module.eks_blueprints_addons.module.cert_manager.data.aws_iam_policy_document.assume",
            "module.eks_blueprints_addons.module.cert_manager.data.aws_partition.current",
            "module.eks_blueprints_addons.module.cert_manager.helm_release.this",
            "module.eks_blueprints_addons.time_sleep.this",
            "module.vpc.aws_cloudwatch_log_group.flow_log",
            "module.vpc.aws_customer_gateway.this",
            "module.vpc.aws_db_subnet_group.database",
            "module.vpc.aws_default_network_acl.this",
            "module.vpc.aws_default_route_table.default",
            "module.vpc.aws_default_security_group.this",
            "module.vpc.aws_default_vpc.this",
            "module.vpc.aws_egress_only_internet_gateway.this",
            "module.vpc.aws_eip.nat",
            "module.vpc.aws_elasticache_subnet_group.elasticache",
            "module.vpc.aws_flow_log.this",
            "module.vpc.aws_iam_policy.vpc_flow_log_cloudwatch",
            "module.vpc.aws_iam_role.vpc_flow_log_cloudwatch",
            "module.vpc.aws_iam_role_policy_attachment.vpc_flow_log_cloudwatch",
            "module.vpc.aws_internet_gateway.this",
            "module.vpc.aws_nat_gateway.this",
            "module.vpc.aws_network_acl.database",
            "module.vpc.aws_network_acl.elasticache",
            "module.vpc.aws_network_acl.intra",
            "module.vpc.aws_network_acl.outpost",
            "module.vpc.aws_network_acl.private",
            "module.vpc.aws_network_acl.public",
            "module.vpc.aws_network_acl.redshift",
            "module.vpc.aws_network_acl_rule.database_inbound",
            "module.vpc.aws_network_acl_rule.database_outbound",
            "module.vpc.aws_network_acl_rule.elasticache_inbound",
            "module.vpc.aws_network_acl_rule.elasticache_outbound",
            "module.vpc.aws_network_acl_rule.intra_inbound",
            "module.vpc.aws_network_acl_rule.intra_outbound",
            "module.vpc.aws_network_acl_rule.outpost_inbound",
            "module.vpc.aws_network_acl_rule.outpost_outbound",
            "module.vpc.aws_network_acl_rule.private_inbound",
            "module.vpc.aws_network_acl_rule.private_outbound",
            "module.vpc.aws_network_acl_rule.public_inbound",
            "module.vpc.aws_network_acl_rule.public_outbound",
            "module.vpc.aws_network_acl_rule.redshift_inbound",
            "module.vpc.aws_network_acl_rule.redshift_outbound",
            "module.vpc.aws_redshift_subnet_group.redshift",
            "module.vpc.aws_route.database_dns64_nat_gateway",
            "module.vpc.aws_route.database_internet_gateway",
            "module.vpc.aws_route.database_ipv6_egress",
            "module.vpc.aws_route.database_nat_gateway",
            "module.vpc.aws_route.private_dns64_nat_gateway",
            "module.vpc.aws_route.private_ipv6_egress",
            "module.vpc.aws_route.private_nat_gateway",
            "module.vpc.aws_route.public_internet_gateway",
            "module.vpc.aws_route.public_internet_gateway_ipv6",
            "module.vpc.aws_route_table.database",
            "module.vpc.aws_route_table.elasticache",
            "module.vpc.aws_route_table.intra",
            "module.vpc.aws_route_table.private",
            "module.vpc.aws_route_table.public",
            "module.vpc.aws_route_table.redshift",
            "module.vpc.aws_route_table_association.database",
            "module.vpc.aws_route_table_association.elasticache",
            "module.vpc.aws_route_table_association.intra",
            "module.vpc.aws_route_table_association.outpost",
            "module.vpc.aws_route_table_association.private",
            "module.vpc.aws_route_table_association.public",
            "module.vpc.aws_route_table_association.redshift",
            "module.vpc.aws_route_table_association.redshift_public",
            "module.vpc.aws_subnet.database",
            "module.vpc.aws_subnet.elasticache",
            "module.vpc.aws_subnet.intra",
            "module.vpc.aws_subnet.outpost",
            "module.vpc.aws_subnet.private",
            "module.vpc.aws_subnet.public",
            "module.vpc.aws_subnet.redshift",
            "module.vpc.aws_vpc.this",
            "module.vpc.aws_vpc_dhcp_options.this",
            "module.vpc.aws_vpc_dhcp_options_association.this",
            "module.vpc.aws_vpc_ipv4_cidr_block_association.this",
            "module.vpc.aws_vpn_gateway.this",
            "module.vpc.aws_vpn_gateway_attachment.this",
            "module.vpc.aws_vpn_gateway_route_propagation.intra",
            "module.vpc.aws_vpn_gateway_route_propagation.private",
            "module.vpc.aws_vpn_gateway_route_propagation.public",
            "module.vpc.data.aws_caller_identity.current",
            "module.vpc.data.aws_iam_policy_document.flow_log_cloudwatch_assume_role",
            "module.vpc.data.aws_iam_policy_document.vpc_flow_log_cloudwatch",
            "module.vpc.data.aws_partition.current",
            "module.vpc.data.aws_region.current"
          ],
          "create_before_destroy": true
        }
      ]
    },
    {
      "module": "module.eks_blueprints_addons",
      "mode": "managed",
      "type": "aws_iam_instance_profile",
      "name": "karpenter",
      "provider": "provider[\"registry.terraform.io/hashicorp/aws\"]",
      "instances": []
    },
    {
      "module": "module.eks_blueprints_addons",
      "mode": "managed",
      "type": "aws_iam_policy",
      "name": "fargate_fluentbit",
      "provider": "provider[\"registry.terraform.io/hashicorp/aws\"]",
      "instances": []
    },
    {
      "module": "module.eks_blueprints_addons",
      "mode": "managed",
      "type": "aws_iam_role",
      "name": "karpenter",
      "provider": "provider[\"registry.terraform.io/hashicorp/aws\"]",
      "instances": []
    },
    {
      "module": "module.eks_blueprints_addons",
      "mode": "managed",
      "type": "aws_iam_role_policy_attachment",
      "name": "additional",
      "provider": "provider[\"registry.terraform.io/hashicorp/aws\"]",
      "instances": []
    },
    {
      "module": "module.eks_blueprints_addons",
      "mode": "managed",
      "type": "aws_iam_role_policy_attachment",
      "name": "karpenter",
      "provider": "provider[\"registry.terraform.io/hashicorp/aws\"]",
      "instances": []
    },
    {
      "module": "module.eks_blueprints_addons",
      "mode": "managed",
      "type": "helm_release",
      "name": "this",
      "provider": "provider[\"registry.terraform.io/hashicorp/helm\"]",
      "instances": []
    },
    {
      "module": "module.eks_blueprints_addons",
      "mode": "managed",
      "type": "kubernetes_config_map_v1",
      "name": "aws_logging",
      "provider": "provider[\"registry.terraform.io/hashicorp/kubernetes\"]",
      "instances": []
    },
    {
      "module": "module.eks_blueprints_addons",
      "mode": "managed",
      "type": "kubernetes_config_map_v1_data",
      "name": "aws_for_fluentbit_containerinsights",
      "provider": "provider[\"registry.terraform.io/hashicorp/kubernetes\"]",
      "instances": []
    },
    {
      "module": "module.eks_blueprints_addons",
      "mode": "managed",
      "type": "kubernetes_namespace_v1",
      "name": "aws_observability",
      "provider": "provider[\"registry.terraform.io/hashicorp/kubernetes\"]",
      "instances": []
    },
    {
      "module": "module.eks_blueprints_addons",
      "mode": "managed",
      "type": "random_bytes",
      "name": "this",
      "provider": "provider[\"registry.terraform.io/hashicorp/random\"]",
      "instances": [
        {
          "schema_version": 0,
          "attributes": {
            "base64": "ciQ=",
            "hex": "7224",
            "keepers": null,
            "length": 2
          },
          "sensitive_attributes": [
            [
              {
                "type": "get_attr",
                "value": "base64"
              }
            ],
            [
              {
                "type": "get_attr",
                "value": "hex"
              }
            ]
          ],
          "dependencies": [
            "data.aws_availability_zones.available",
            "module.eks.aws_cloudwatch_log_group.this",
            "module.eks.aws_ec2_tag.cluster_primary_security_group",
            "module.eks.aws_eks_access_entry.this",
            "module.eks.aws_eks_access_policy_association.this",
            "module.eks.aws_eks_addon.before_compute",
            "module.eks.aws_eks_addon.this",
            "module.eks.aws_eks_cluster.this",
            "module.eks.aws_eks_identity_provider_config.this",
            "module.eks.aws_iam_openid_connect_provider.oidc_provider",
            "module.eks.aws_iam_policy.cluster_encryption",
            "module.eks.aws_iam_policy.cni_ipv6_policy",
            "module.eks.aws_iam_policy.custom",
            "module.eks.aws_iam_role.eks_auto",
            "module.eks.aws_iam_role.this",
            "module.eks.aws_iam_role_policy_attachment.additional",
            "module.eks.aws_iam_role_policy_attachment.cluster_encryption",
            "module.eks.aws_iam_role_policy_attachment.custom",
            "module.eks.aws_iam_role_policy_attachment.eks_auto",
            "module.eks.aws_iam_role_policy_attachment.eks_auto_additional",
            "module.eks.aws_iam_role_policy_attachment.this",
            "module.eks.aws_security_group.cluster",
            "module.eks.aws_security_group.node",
            "module.eks.aws_security_group_rule.cluster",
            "module.eks.aws_security_group_rule.node",
            "module.eks.data.aws_caller_identity.current",
            "module.eks.data.aws_eks_addon_version.this",
            "module.eks.data.aws_iam_policy_document.assume_role_policy",
            "module.eks.data.aws_iam_policy_document.cni_ipv6_policy",
            "module.eks.data.aws_iam_policy_document.custom",
            "module.eks.data.aws_iam_policy_document.node_assume_role_policy",
            "module.eks.data.aws_iam_session_context.current",
            "module.eks.data.aws_partition.current",
            "module.eks.data.tls_certificate.this",
            "module.eks.module.eks_managed_node_group.aws_autoscaling_schedule.this",
            "module.eks.module.eks_managed_node_group.aws_eks_node_group.this",
            "module.eks.module.eks_managed_node_group.aws_iam_role.this",
            "module.eks.module.eks_managed_node_group.aws_iam_role_policy.this",
            "module.eks.module.eks_managed_node_group.aws_iam_role_policy_attachment.additional",
            "module.eks.module.eks_managed_node_group.aws_iam_role_policy_attachment.this",
            "module.eks.module.eks_managed_node_group.aws_launch_template.this",
            "module.eks.module.eks_managed_node_group.aws_placement_group.this",
            "module.eks.module.eks_managed_node_group.data.aws_caller_identity.current",
            "module.eks.module.eks_managed_node_group.data.aws_ec2_instance_type.this",
            "module.eks.module.eks_managed_node_group.data.aws_ec2_instance_type_offerings.this",
            "module.eks.module.eks_managed_node_group.data.aws_iam_policy_document.assume_role_policy",
            "module.eks.module.eks_managed_node_group.data.aws_iam_policy_document.role",
            "module.eks.module.eks_managed_node_group.data.aws_partition.current",
            "module.eks.module.eks_managed_node_group.data.aws_ssm_parameter.ami",
            "module.eks.module.eks_managed_node_group.data.aws_subnets.placement_group",
            "module.eks.module.eks_managed_node_group.module.user_data.data.cloudinit_config.al2023_eks_managed_node_group",
            "module.eks.module.eks_managed_node_group.module.user_data.data.cloudinit_config.linux_eks_managed_node_group",
            "module.eks.module.eks_managed_node_group.module.user_data.null_resource.validate_cluster_service_cidr",
            "module.eks.module.fargate_profile.aws_eks_fargate_profile.this",
            "module.eks.module.fargate_profile.aws_iam_role.this",
            "module.eks.module.fargate_profile.aws_iam_role_policy.this",
            "module.eks.module.fargate_profile.aws_iam_role_policy_attachment.additional",
            "module.eks.module.fargate_profile.aws_iam_role_policy_attachment.this",
            "module.eks.module.fargate_profile.data.aws_caller_identity.current",
            "module.eks.module.fargate_profile.data.aws_iam_policy_document.assume_role_policy",
            "module.eks.module.fargate_profile.data.aws_iam_policy_document.role",
            "module.eks.module.fargate_profile.data.aws_partition.current",
            "module.eks.module.fargate_profile.data.aws_region.current",
            "module.eks.module.kms.aws_kms_alias.this",
            "module.eks.module.kms.aws_kms_external_key.this",
            "module.eks.module.kms.aws_kms_grant.this",
            "module.eks.module.kms.aws_kms_key.this",
            "module.eks.module.kms.aws_kms_replica_external_key.this",
            "module.eks.module.kms.aws_kms_replica_key.this",
            "module.eks.module.kms.data.aws_caller_identity.current",
            "module.eks.module.kms.data.aws_iam_policy_document.this",
            "module.eks.module.kms.data.aws_partition.current",
            "module.eks.module.self_managed_node_group.aws_autoscaling_group.this",
            "module.eks.module.self_managed_node_group.aws_autoscaling_schedule.this",
            "module.eks.module.self_managed_node_group.aws_eks_access_entry.this",
            "module.eks.module.self_managed_node_group.aws_iam_instance_profile.this",
            "module.eks.module.self_managed_node_group.aws_iam_role.this",
            "module.eks.module.self_managed_node_group.aws_iam_role_policy.this",
            "module.eks.module.self_managed_node_group.aws_iam_role_policy_attachment.additional",
            "module.eks.module.self_managed_node_group.aws_iam_role_policy_attachment.this",
            "module.eks.module.self_managed_node_group.aws_launch_template.this",
            "module.eks.module.self_managed_node_group.aws_placement_group.this",
            "module.eks.module.self_managed_node_group.data.aws_caller_identity.current",
            "module.eks.module.self_managed_node_group.data.aws_ec2_instance_type.this",
            "module.eks.module.self_managed_node_group.data.aws_ec2_instance_type_offerings.this",
            "module.eks.module.self_managed_node_group.data.aws_iam_policy_document.assume_role_policy",
            "module.eks.module.self_managed_node_group.data.aws_iam_policy_document.role",
            "module.eks.module.self_managed_node_group.data.aws_partition.current",
            "module.eks.module.self_managed_node_group.data.aws_ssm_parameter.ami",
            "module.eks.module.self_managed_node_group.data.aws_subnets.placement_group",
            "module.eks.module.self_managed_node_group.module.user_data.data.cloudinit_config.al2023_eks_managed_node_group",
            "module.eks.module.self_managed_node_group.module.user_data.data.cloudinit_config.linux_eks_managed_node_group",
            "module.eks.module.self_managed_node_group.module.user_data.null_resource.validate_cluster_service_cidr",
            "module.eks.time_sleep.this",
            "module.vpc.aws_cloudwatch_log_group.flow_log",
            "module.vpc.aws_customer_gateway.this",
            "module.vpc.aws_db_subnet_group.database",
            "module.vpc.aws_default_network_acl.this",
            "module.vpc.aws_default_route_table.default",
            "module.vpc.aws_default_security_group.this",
            "module.vpc.aws_default_vpc.this",
            "module.vpc.aws_egress_only_internet_gateway.this",
            "module.vpc.aws_eip.nat",
            "module.vpc.aws_elasticache_subnet_group.elasticache",
            "module.vpc.aws_flow_log.this",
            "module.vpc.aws_iam_policy.vpc_flow_log_cloudwatch",
            "module.vpc.aws_iam_role.vpc_flow_log_cloudwatch",
            "module.vpc.aws_iam_role_policy_attachment.vpc_flow_log_cloudwatch",
            "module.vpc.aws_internet_gateway.this",
            "module.vpc.aws_nat_gateway.this",
            "module.vpc.aws_network_acl.database",
            "module.vpc.aws_network_acl.elasticache",
            "module.vpc.aws_network_acl.intra",
            "module.vpc.aws_network_acl.outpost",
            "module.vpc.aws_network_acl.private",
            "module.vpc.aws_network_acl.public",
            "module.vpc.aws_network_acl.redshift",
            "module.vpc.aws_network_acl_rule.database_inbound",
            "module.vpc.aws_network_acl_rule.database_outbound",
            "module.vpc.aws_network_acl_rule.elasticache_inbound",
            "module.vpc.aws_network_acl_rule.elasticache_outbound",
            "module.vpc.aws_network_acl_rule.intra_inbound",
            "module.vpc.aws_network_acl_rule.intra_outbound",
            "module.vpc.aws_network_acl_rule.outpost_inbound",
            "module.vpc.aws_network_acl_rule.outpost_outbound",
            "module.vpc.aws_network_acl_rule.private_inbound",
            "module.vpc.aws_network_acl_rule.private_outbound",
            "module.vpc.aws_network_acl_rule.public_inbound",
            "module.vpc.aws_network_acl_rule.public_outbound",
            "module.vpc.aws_network_acl_rule.redshift_inbound",
            "module.vpc.aws_network_acl_rule.redshift_outbound",
            "module.vpc.aws_redshift_subnet_group.redshift",
            "module.vpc.aws_route.database_dns64_nat_gateway",
            "module.vpc.aws_route.database_internet_gateway",
            "module.vpc.aws_route.database_ipv6_egress",
            "module.vpc.aws_route.database_nat_gateway",
            "module.vpc.aws_route.private_dns64_nat_gateway",
            "module.vpc.aws_route.private_ipv6_egress",
            "module.vpc.aws_route.private_nat_gateway",
            "module.vpc.aws_route.public_internet_gateway",
            "module.vpc.aws_route.public_internet_gateway_ipv6",
            "module.vpc.aws_route_table.database",
            "module.vpc.aws_route_table.elasticache",
            "module.vpc.aws_route_table.intra",
            "module.vpc.aws_route_table.private",
            "module.vpc.aws_route_table.public",
            "module.vpc.aws_route_table.redshift",
            "module.vpc.aws_route_table_association.database",
            "module.vpc.aws_route_table_association.elasticache",
            "module.vpc.aws_route_table_association.intra",
            "module.vpc.aws_route_table_association.outpost",
            "module.vpc.aws_route_table_association.private",
            "module.vpc.aws_route_table_association.public",
            "module.vpc.aws_route_table_association.redshift",
            "module.vpc.aws_route_table_association.redshift_public",
            "module.vpc.aws_subnet.database",
            "module.vpc.aws_subnet.elasticache",
            "module.vpc.aws_subnet.intra",
            "module.vpc.aws_subnet.outpost",
            "module.vpc.aws_subnet.private",
            "module.vpc.aws_subnet.public",
            "module.vpc.aws_subnet.redshift",
            "module.vpc.aws_vpc.this",
            "module.vpc.aws_vpc_dhcp_options.this",
            "module.vpc.aws_vpc_dhcp_options_association.this",
            "module.vpc.aws_vpc_ipv4_cidr_block_association.this",
            "module.vpc.aws_vpn_gateway.this",
            "module.vpc.aws_vpn_gateway_attachment.this",
            "module.vpc.aws_vpn_gateway_route_propagation.intra",
            "module.vpc.aws_vpn_gateway_route_propagation.private",
            "module.vpc.aws_vpn_gateway_route_propagation.public",
            "module.vpc.data.aws_caller_identity.current",
            "module.vpc.data.aws_iam_policy_document.flow_log_cloudwatch_assume_role",
            "module.vpc.data.aws_iam_policy_document.vpc_flow_log_cloudwatch",
            "module.vpc.data.aws_partition.current",
            "module.vpc.data.aws_region.current"
          ],
          "create_before_destroy": true
        }
      ]
    },
    {
      "module": "module.eks_blueprints_addons",
      "mode": "managed",
      "type": "time_sleep",
      "name": "this",
      "provider": "provider[\"registry.terraform.io/hashicorp/time\"]",
      "instances": [
        {
          "schema_version": 0,
          "attributes": {
            "create_duration": "30s",
            "destroy_duration": null,
            "id": "2025-02-01T21:22:37Z",
            "triggers": {
              "cluster_endpoint": "https://F5B967F1C8E3D3A2E9127D81992A36F7.gr7.us-east-1.eks.amazonaws.com",
              "cluster_name": "octopus",
              "custom": "",
              "oidc_provider_arn": "arn:aws:iam::058264364931:oidc-provider/oidc.eks.us-east-1.amazonaws.com/id/F5B967F1C8E3D3A2E9127D81992A36F7"
            }
          },
          "sensitive_attributes": [],
          "dependencies": [
            "aws_iam_openid_connect_provider.eks",
            "data.aws_availability_zones.available",
            "data.tls_certificate.eks",
            "module.eks.aws_cloudwatch_log_group.this",
            "module.eks.aws_ec2_tag.cluster_primary_security_group",
            "module.eks.aws_eks_access_entry.this",
            "module.eks.aws_eks_access_policy_association.this",
            "module.eks.aws_eks_addon.before_compute",
            "module.eks.aws_eks_addon.this",
            "module.eks.aws_eks_cluster.this",
            "module.eks.aws_eks_identity_provider_config.this",
            "module.eks.aws_iam_openid_connect_provider.oidc_provider",
            "module.eks.aws_iam_policy.cluster_encryption",
            "module.eks.aws_iam_policy.cni_ipv6_policy",
            "module.eks.aws_iam_policy.custom",
            "module.eks.aws_iam_role.eks_auto",
            "module.eks.aws_iam_role.this",
            "module.eks.aws_iam_role_policy_attachment.additional",
            "module.eks.aws_iam_role_policy_attachment.cluster_encryption",
            "module.eks.aws_iam_role_policy_attachment.custom",
            "module.eks.aws_iam_role_policy_attachment.eks_auto",
            "module.eks.aws_iam_role_policy_attachment.eks_auto_additional",
            "module.eks.aws_iam_role_policy_attachment.this",
            "module.eks.aws_security_group.cluster",
            "module.eks.aws_security_group.node",
            "module.eks.aws_security_group_rule.cluster",
            "module.eks.aws_security_group_rule.node",
            "module.eks.data.aws_caller_identity.current",
            "module.eks.data.aws_eks_addon_version.this",
            "module.eks.data.aws_iam_policy_document.assume_role_policy",
            "module.eks.data.aws_iam_policy_document.cni_ipv6_policy",
            "module.eks.data.aws_iam_policy_document.custom",
            "module.eks.data.aws_iam_policy_document.node_assume_role_policy",
            "module.eks.data.aws_iam_session_context.current",
            "module.eks.data.aws_partition.current",
            "module.eks.data.tls_certificate.this",
            "module.eks.module.eks_managed_node_group.aws_autoscaling_schedule.this",
            "module.eks.module.eks_managed_node_group.aws_eks_node_group.this",
            "module.eks.module.eks_managed_node_group.aws_iam_role.this",
            "module.eks.module.eks_managed_node_group.aws_iam_role_policy.this",
            "module.eks.module.eks_managed_node_group.aws_iam_role_policy_attachment.additional",
            "module.eks.module.eks_managed_node_group.aws_iam_role_policy_attachment.this",
            "module.eks.module.eks_managed_node_group.aws_launch_template.this",
            "module.eks.module.eks_managed_node_group.aws_placement_group.this",
            "module.eks.module.eks_managed_node_group.data.aws_caller_identity.current",
            "module.eks.module.eks_managed_node_group.data.aws_ec2_instance_type.this",
            "module.eks.module.eks_managed_node_group.data.aws_ec2_instance_type_offerings.this",
            "module.eks.module.eks_managed_node_group.data.aws_iam_policy_document.assume_role_policy",
            "module.eks.module.eks_managed_node_group.data.aws_iam_policy_document.role",
            "module.eks.module.eks_managed_node_group.data.aws_partition.current",
            "module.eks.module.eks_managed_node_group.data.aws_ssm_parameter.ami",
            "module.eks.module.eks_managed_node_group.data.aws_subnets.placement_group",
            "module.eks.module.eks_managed_node_group.module.user_data.data.cloudinit_config.al2023_eks_managed_node_group",
            "module.eks.module.eks_managed_node_group.module.user_data.data.cloudinit_config.linux_eks_managed_node_group",
            "module.eks.module.eks_managed_node_group.module.user_data.null_resource.validate_cluster_service_cidr",
            "module.eks.module.fargate_profile.aws_eks_fargate_profile.this",
            "module.eks.module.fargate_profile.aws_iam_role.this",
            "module.eks.module.fargate_profile.aws_iam_role_policy.this",
            "module.eks.module.fargate_profile.aws_iam_role_policy_attachment.additional",
            "module.eks.module.fargate_profile.aws_iam_role_policy_attachment.this",
            "module.eks.module.fargate_profile.data.aws_caller_identity.current",
            "module.eks.module.fargate_profile.data.aws_iam_policy_document.assume_role_policy",
            "module.eks.module.fargate_profile.data.aws_iam_policy_document.role",
            "module.eks.module.fargate_profile.data.aws_partition.current",
            "module.eks.module.fargate_profile.data.aws_region.current",
            "module.eks.module.kms.aws_kms_alias.this",
            "module.eks.module.kms.aws_kms_external_key.this",
            "module.eks.module.kms.aws_kms_grant.this",
            "module.eks.module.kms.aws_kms_key.this",
            "module.eks.module.kms.aws_kms_replica_external_key.this",
            "module.eks.module.kms.aws_kms_replica_key.this",
            "module.eks.module.kms.data.aws_caller_identity.current",
            "module.eks.module.kms.data.aws_iam_policy_document.this",
            "module.eks.module.kms.data.aws_partition.current",
            "module.eks.module.self_managed_node_group.aws_autoscaling_group.this",
            "module.eks.module.self_managed_node_group.aws_autoscaling_schedule.this",
            "module.eks.module.self_managed_node_group.aws_eks_access_entry.this",
            "module.eks.module.self_managed_node_group.aws_iam_instance_profile.this",
            "module.eks.module.self_managed_node_group.aws_iam_role.this",
            "module.eks.module.self_managed_node_group.aws_iam_role_policy.this",
            "module.eks.module.self_managed_node_group.aws_iam_role_policy_attachment.additional",
            "module.eks.module.self_managed_node_group.aws_iam_role_policy_attachment.this",
            "module.eks.module.self_managed_node_group.aws_launch_template.this",
            "module.eks.module.self_managed_node_group.aws_placement_group.this",
            "module.eks.module.self_managed_node_group.data.aws_caller_identity.current",
            "module.eks.module.self_managed_node_group.data.aws_ec2_instance_type.this",
            "module.eks.module.self_managed_node_group.data.aws_ec2_instance_type_offerings.this",
            "module.eks.module.self_managed_node_group.data.aws_iam_policy_document.assume_role_policy",
            "module.eks.module.self_managed_node_group.data.aws_iam_policy_document.role",
            "module.eks.module.self_managed_node_group.data.aws_partition.current",
            "module.eks.module.self_managed_node_group.data.aws_ssm_parameter.ami",
            "module.eks.module.self_managed_node_group.data.aws_subnets.placement_group",
            "module.eks.module.self_managed_node_group.module.user_data.data.cloudinit_config.al2023_eks_managed_node_group",
            "module.eks.module.self_managed_node_group.module.user_data.data.cloudinit_config.linux_eks_managed_node_group",
            "module.eks.module.self_managed_node_group.module.user_data.null_resource.validate_cluster_service_cidr",
            "module.eks.time_sleep.this",
            "module.vpc.aws_cloudwatch_log_group.flow_log",
            "module.vpc.aws_customer_gateway.this",
            "module.vpc.aws_db_subnet_group.database",
            "module.vpc.aws_default_network_acl.this",
            "module.vpc.aws_default_route_table.default",
            "module.vpc.aws_default_security_group.this",
            "module.vpc.aws_default_vpc.this",
            "module.vpc.aws_egress_only_internet_gateway.this",
            "module.vpc.aws_eip.nat",
            "module.vpc.aws_elasticache_subnet_group.elasticache",
            "module.vpc.aws_flow_log.this",
            "module.vpc.aws_iam_policy.vpc_flow_log_cloudwatch",
            "module.vpc.aws_iam_role.vpc_flow_log_cloudwatch",
            "module.vpc.aws_iam_role_policy_attachment.vpc_flow_log_cloudwatch",
            "module.vpc.aws_internet_gateway.this",
            "module.vpc.aws_nat_gateway.this",
            "module.vpc.aws_network_acl.database",
            "module.vpc.aws_network_acl.elasticache",
            "module.vpc.aws_network_acl.intra",
            "module.vpc.aws_network_acl.outpost",
            "module.vpc.aws_network_acl.private",
            "module.vpc.aws_network_acl.public",
            "module.vpc.aws_network_acl.redshift",
            "module.vpc.aws_network_acl_rule.database_inbound",
            "module.vpc.aws_network_acl_rule.database_outbound",
            "module.vpc.aws_network_acl_rule.elasticache_inbound",
            "module.vpc.aws_network_acl_rule.elasticache_outbound",
            "module.vpc.aws_network_acl_rule.intra_inbound",
            "module.vpc.aws_network_acl_rule.intra_outbound",
            "module.vpc.aws_network_acl_rule.outpost_inbound",
            "module.vpc.aws_network_acl_rule.outpost_outbound",
            "module.vpc.aws_network_acl_rule.private_inbound",
            "module.vpc.aws_network_acl_rule.private_outbound",
            "module.vpc.aws_network_acl_rule.public_inbound",
            "module.vpc.aws_network_acl_rule.public_outbound",
            "module.vpc.aws_network_acl_rule.redshift_inbound",
            "module.vpc.aws_network_acl_rule.redshift_outbound",
            "module.vpc.aws_redshift_subnet_group.redshift",
            "module.vpc.aws_route.database_dns64_nat_gateway",
            "module.vpc.aws_route.database_internet_gateway",
            "module.vpc.aws_route.database_ipv6_egress",
            "module.vpc.aws_route.database_nat_gateway",
            "module.vpc.aws_route.private_dns64_nat_gateway",
            "module.vpc.aws_route.private_ipv6_egress",
            "module.vpc.aws_route.private_nat_gateway",
            "module.vpc.aws_route.public_internet_gateway",
            "module.vpc.aws_route.public_internet_gateway_ipv6",
            "module.vpc.aws_route_table.database",
            "module.vpc.aws_route_table.elasticache",
            "module.vpc.aws_route_table.intra",
            "module.vpc.aws_route_table.private",
            "module.vpc.aws_route_table.public",
            "module.vpc.aws_route_table.redshift",
            "module.vpc.aws_route_table_association.database",
            "module.vpc.aws_route_table_association.elasticache",
            "module.vpc.aws_route_table_association.intra",
            "module.vpc.aws_route_table_association.outpost",
            "module.vpc.aws_route_table_association.private",
            "module.vpc.aws_route_table_association.public",
            "module.vpc.aws_route_table_association.redshift",
            "module.vpc.aws_route_table_association.redshift_public",
            "module.vpc.aws_subnet.database",
            "module.vpc.aws_subnet.elasticache",
            "module.vpc.aws_subnet.intra",
            "module.vpc.aws_subnet.outpost",
            "module.vpc.aws_subnet.private",
            "module.vpc.aws_subnet.public",
            "module.vpc.aws_subnet.redshift",
            "module.vpc.aws_vpc.this",
            "module.vpc.aws_vpc_dhcp_options.this",
            "module.vpc.aws_vpc_dhcp_options_association.this",
            "module.vpc.aws_vpc_ipv4_cidr_block_association.this",
            "module.vpc.aws_vpn_gateway.this",
            "module.vpc.aws_vpn_gateway_attachment.this",
            "module.vpc.aws_vpn_gateway_route_propagation.intra",
            "module.vpc.aws_vpn_gateway_route_propagation.private",
            "module.vpc.aws_vpn_gateway_route_propagation.public",
            "module.vpc.data.aws_caller_identity.current",
            "module.vpc.data.aws_iam_policy_document.flow_log_cloudwatch_assume_role",
            "module.vpc.data.aws_iam_policy_document.vpc_flow_log_cloudwatch",
            "module.vpc.data.aws_partition.current",
            "module.vpc.data.aws_region.current"
          ],
          "create_before_destroy": true
        }
      ]
    },
    {
      "module": "module.eks_blueprints_addons.module.argo_events",
      "mode": "data",
      "type": "aws_caller_identity",
      "name": "current",
      "provider": "provider[\"registry.terraform.io/hashicorp/aws\"]",
      "instances": []
    },
    {
      "module": "module.eks_blueprints_addons.module.argo_events",
      "mode": "data",
      "type": "aws_iam_policy_document",
      "name": "assume",
      "provider": "provider[\"registry.terraform.io/hashicorp/aws\"]",
      "instances": []
    },
    {
      "module": "module.eks_blueprints_addons.module.argo_events",
      "mode": "data",
      "type": "aws_iam_policy_document",
      "name": "this",
      "provider": "provider[\"registry.terraform.io/hashicorp/aws\"]",
      "instances": []
    },
    {
      "module": "module.eks_blueprints_addons.module.argo_events",
      "mode": "data",
      "type": "aws_partition",
      "name": "current",
      "provider": "provider[\"registry.terraform.io/hashicorp/aws\"]",
      "instances": []
    },
    {
      "module": "module.eks_blueprints_addons.module.argo_events",
      "mode": "managed",
      "type": "aws_iam_policy",
      "name": "this",
      "provider": "provider[\"registry.terraform.io/hashicorp/aws\"]",
      "instances": []
    },
    {
      "module": "module.eks_blueprints_addons.module.argo_events",
      "mode": "managed",
      "type": "aws_iam_role",
      "name": "this",
      "provider": "provider[\"registry.terraform.io/hashicorp/aws\"]",
      "instances": []
    },
    {
      "module": "module.eks_blueprints_addons.module.argo_events",
      "mode": "managed",
      "type": "aws_iam_role_policy_attachment",
      "name": "additional",
      "provider": "provider[\"registry.terraform.io/hashicorp/aws\"]",
      "instances": []
    },
    {
      "module": "module.eks_blueprints_addons.module.argo_events",
      "mode": "managed",
      "type": "aws_iam_role_policy_attachment",
      "name": "this",
      "provider": "provider[\"registry.terraform.io/hashicorp/aws\"]",
      "instances": []
    },
    {
      "module": "module.eks_blueprints_addons.module.argo_events",
      "mode": "managed",
      "type": "helm_release",
      "name": "this",
      "provider": "provider[\"registry.terraform.io/hashicorp/helm\"]",
      "instances": []
    },
    {
      "module": "module.eks_blueprints_addons.module.argo_rollouts",
      "mode": "data",
      "type": "aws_caller_identity",
      "name": "current",
      "provider": "provider[\"registry.terraform.io/hashicorp/aws\"]",
      "instances": []
    },
    {
      "module": "module.eks_blueprints_addons.module.argo_rollouts",
      "mode": "data",
      "type": "aws_iam_policy_document",
      "name": "assume",
      "provider": "provider[\"registry.terraform.io/hashicorp/aws\"]",
      "instances": []
    },
    {
      "module": "module.eks_blueprints_addons.module.argo_rollouts",
      "mode": "data",
      "type": "aws_iam_policy_document",
      "name": "this",
      "provider": "provider[\"registry.terraform.io/hashicorp/aws\"]",
      "instances": []
    },
    {
      "module": "module.eks_blueprints_addons.module.argo_rollouts",
      "mode": "data",
      "type": "aws_partition",
      "name": "current",
      "provider": "provider[\"registry.terraform.io/hashicorp/aws\"]",
      "instances": []
    },
    {
      "module": "module.eks_blueprints_addons.module.argo_rollouts",
      "mode": "managed",
      "type": "aws_iam_policy",
      "name": "this",
      "provider": "provider[\"registry.terraform.io/hashicorp/aws\"]",
      "instances": []
    },
    {
      "module": "module.eks_blueprints_addons.module.argo_rollouts",
      "mode": "managed",
      "type": "aws_iam_role",
      "name": "this",
      "provider": "provider[\"registry.terraform.io/hashicorp/aws\"]",
      "instances": []
    },
    {
      "module": "module.eks_blueprints_addons.module.argo_rollouts",
      "mode": "managed",
      "type": "aws_iam_role_policy_attachment",
      "name": "additional",
      "provider": "provider[\"registry.terraform.io/hashicorp/aws\"]",
      "instances": []
    },
    {
      "module": "module.eks_blueprints_addons.module.argo_rollouts",
      "mode": "managed",
      "type": "aws_iam_role_policy_attachment",
      "name": "this",
      "provider": "provider[\"registry.terraform.io/hashicorp/aws\"]",
      "instances": []
    },
    {
      "module": "module.eks_blueprints_addons.module.argo_rollouts",
      "mode": "managed",
      "type": "helm_release",
      "name": "this",
      "provider": "provider[\"registry.terraform.io/hashicorp/helm\"]",
      "instances": []
    },
    {
      "module": "module.eks_blueprints_addons.module.argo_workflows",
      "mode": "data",
      "type": "aws_caller_identity",
      "name": "current",
      "provider": "provider[\"registry.terraform.io/hashicorp/aws\"]",
      "instances": []
    },
    {
      "module": "module.eks_blueprints_addons.module.argo_workflows",
      "mode": "data",
      "type": "aws_iam_policy_document",
      "name": "assume",
      "provider": "provider[\"registry.terraform.io/hashicorp/aws\"]",
      "instances": []
    },
    {
      "module": "module.eks_blueprints_addons.module.argo_workflows",
      "mode": "data",
      "type": "aws_iam_policy_document",
      "name": "this",
      "provider": "provider[\"registry.terraform.io/hashicorp/aws\"]",
      "instances": []
    },
    {
      "module": "module.eks_blueprints_addons.module.argo_workflows",
      "mode": "data",
      "type": "aws_partition",
      "name": "current",
      "provider": "provider[\"registry.terraform.io/hashicorp/aws\"]",
      "instances": []
    },
    {
      "module": "module.eks_blueprints_addons.module.argo_workflows",
      "mode": "managed",
      "type": "aws_iam_policy",
      "name": "this",
      "provider": "provider[\"registry.terraform.io/hashicorp/aws\"]",
      "instances": []
    },
    {
      "module": "module.eks_blueprints_addons.module.argo_workflows",
      "mode": "managed",
      "type": "aws_iam_role",
      "name": "this",
      "provider": "provider[\"registry.terraform.io/hashicorp/aws\"]",
      "instances": []
    },
    {
      "module": "module.eks_blueprints_addons.module.argo_workflows",
      "mode": "managed",
      "type": "aws_iam_role_policy_attachment",
      "name": "additional",
      "provider": "provider[\"registry.terraform.io/hashicorp/aws\"]",
      "instances": []
    },
    {
      "module": "module.eks_blueprints_addons.module.argo_workflows",
      "mode": "managed",
      "type": "aws_iam_role_policy_attachment",
      "name": "this",
      "provider": "provider[\"registry.terraform.io/hashicorp/aws\"]",
      "instances": []
    },
    {
      "module": "module.eks_blueprints_addons.module.argo_workflows",
      "mode": "managed",
      "type": "helm_release",
      "name": "this",
      "provider": "provider[\"registry.terraform.io/hashicorp/helm\"]",
      "instances": []
    },
    {
      "module": "module.eks_blueprints_addons.module.argocd",
      "mode": "data",
      "type": "aws_caller_identity",
      "name": "current",
      "provider": "provider[\"registry.terraform.io/hashicorp/aws\"]",
      "instances": []
    },
    {
      "module": "module.eks_blueprints_addons.module.argocd",
      "mode": "data",
      "type": "aws_iam_policy_document",
      "name": "assume",
      "provider": "provider[\"registry.terraform.io/hashicorp/aws\"]",
      "instances": []
    },
    {
      "module": "module.eks_blueprints_addons.module.argocd",
      "mode": "data",
      "type": "aws_iam_policy_document",
      "name": "this",
      "provider": "provider[\"registry.terraform.io/hashicorp/aws\"]",
      "instances": []
    },
    {
      "module": "module.eks_blueprints_addons.module.argocd",
      "mode": "data",
      "type": "aws_partition",
      "name": "current",
      "provider": "provider[\"registry.terraform.io/hashicorp/aws\"]",
      "instances": []
    },
    {
      "module": "module.eks_blueprints_addons.module.argocd",
      "mode": "managed",
      "type": "aws_iam_policy",
      "name": "this",
      "provider": "provider[\"registry.terraform.io/hashicorp/aws\"]",
      "instances": []
    },
    {
      "module": "module.eks_blueprints_addons.module.argocd",
      "mode": "managed",
      "type": "aws_iam_role",
      "name": "this",
      "provider": "provider[\"registry.terraform.io/hashicorp/aws\"]",
      "instances": []
    },
    {
      "module": "module.eks_blueprints_addons.module.argocd",
      "mode": "managed",
      "type": "aws_iam_role_policy_attachment",
      "name": "additional",
      "provider": "provider[\"registry.terraform.io/hashicorp/aws\"]",
      "instances": []
    },
    {
      "module": "module.eks_blueprints_addons.module.argocd",
      "mode": "managed",
      "type": "aws_iam_role_policy_attachment",
      "name": "this",
      "provider": "provider[\"registry.terraform.io/hashicorp/aws\"]",
      "instances": []
    },
    {
      "module": "module.eks_blueprints_addons.module.argocd",
      "mode": "managed",
      "type": "helm_release",
      "name": "this",
      "provider": "provider[\"registry.terraform.io/hashicorp/helm\"]",
      "instances": []
    },
    {
      "module": "module.eks_blueprints_addons.module.aws_cloudwatch_metrics",
      "mode": "data",
      "type": "aws_caller_identity",
      "name": "current",
      "provider": "provider[\"registry.terraform.io/hashicorp/aws\"]",
      "instances": []
    },
    {
      "module": "module.eks_blueprints_addons.module.aws_cloudwatch_metrics",
      "mode": "data",
      "type": "aws_iam_policy_document",
      "name": "assume",
      "provider": "provider[\"registry.terraform.io/hashicorp/aws\"]",
      "instances": []
    },
    {
      "module": "module.eks_blueprints_addons.module.aws_cloudwatch_metrics",
      "mode": "data",
      "type": "aws_iam_policy_document",
      "name": "this",
      "provider": "provider[\"registry.terraform.io/hashicorp/aws\"]",
      "instances": []
    },
    {
      "module": "module.eks_blueprints_addons.module.aws_cloudwatch_metrics",
      "mode": "data",
      "type": "aws_partition",
      "name": "current",
      "provider": "provider[\"registry.terraform.io/hashicorp/aws\"]",
      "instances": []
    },
    {
      "module": "module.eks_blueprints_addons.module.aws_cloudwatch_metrics",
      "mode": "managed",
      "type": "aws_iam_policy",
      "name": "this",
      "provider": "provider[\"registry.terraform.io/hashicorp/aws\"]",
      "instances": []
    },
    {
      "module": "module.eks_blueprints_addons.module.aws_cloudwatch_metrics",
      "mode": "managed",
      "type": "aws_iam_role",
      "name": "this",
      "provider": "provider[\"registry.terraform.io/hashicorp/aws\"]",
      "instances": []
    },
    {
      "module": "module.eks_blueprints_addons.module.aws_cloudwatch_metrics",
      "mode": "managed",
      "type": "aws_iam_role_policy_attachment",
      "name": "additional",
      "provider": "provider[\"registry.terraform.io/hashicorp/aws\"]",
      "instances": []
    },
    {
      "module": "module.eks_blueprints_addons.module.aws_cloudwatch_metrics",
      "mode": "managed",
      "type": "aws_iam_role_policy_attachment",
      "name": "this",
      "provider": "provider[\"registry.terraform.io/hashicorp/aws\"]",
      "instances": []
    },
    {
      "module": "module.eks_blueprints_addons.module.aws_cloudwatch_metrics",
      "mode": "managed",
      "type": "helm_release",
      "name": "this",
      "provider": "provider[\"registry.terraform.io/hashicorp/helm\"]",
      "instances": []
    },
    {
      "module": "module.eks_blueprints_addons.module.aws_efs_csi_driver",
      "mode": "data",
      "type": "aws_caller_identity",
      "name": "current",
      "provider": "provider[\"registry.terraform.io/hashicorp/aws\"]",
      "instances": []
    },
    {
      "module": "module.eks_blueprints_addons.module.aws_efs_csi_driver",
      "mode": "data",
      "type": "aws_iam_policy_document",
      "name": "assume",
      "provider": "provider[\"registry.terraform.io/hashicorp/aws\"]",
      "instances": []
    },
    {
      "module": "module.eks_blueprints_addons.module.aws_efs_csi_driver",
      "mode": "data",
      "type": "aws_iam_policy_document",
      "name": "this",
      "provider": "provider[\"registry.terraform.io/hashicorp/aws\"]",
      "instances": []
    },
    {
      "module": "module.eks_blueprints_addons.module.aws_efs_csi_driver",
      "mode": "data",
      "type": "aws_partition",
      "name": "current",
      "provider": "provider[\"registry.terraform.io/hashicorp/aws\"]",
      "instances": []
    },
    {
      "module": "module.eks_blueprints_addons.module.aws_efs_csi_driver",
      "mode": "managed",
      "type": "aws_iam_policy",
      "name": "this",
      "provider": "provider[\"registry.terraform.io/hashicorp/aws\"]",
      "instances": []
    },
    {
      "module": "module.eks_blueprints_addons.module.aws_efs_csi_driver",
      "mode": "managed",
      "type": "aws_iam_role",
      "name": "this",
      "provider": "provider[\"registry.terraform.io/hashicorp/aws\"]",
      "instances": []
    },
    {
      "module": "module.eks_blueprints_addons.module.aws_efs_csi_driver",
      "mode": "managed",
      "type": "aws_iam_role_policy_attachment",
      "name": "additional",
      "provider": "provider[\"registry.terraform.io/hashicorp/aws\"]",
      "instances": []
    },
    {
      "module": "module.eks_blueprints_addons.module.aws_efs_csi_driver",
      "mode": "managed",
      "type": "aws_iam_role_policy_attachment",
      "name": "this",
      "provider": "provider[\"registry.terraform.io/hashicorp/aws\"]",
      "instances": []
    },
    {
      "module": "module.eks_blueprints_addons.module.aws_efs_csi_driver",
      "mode": "managed",
      "type": "helm_release",
      "name": "this",
      "provider": "provider[\"registry.terraform.io/hashicorp/helm\"]",
      "instances": []
    },
    {
      "module": "module.eks_blueprints_addons.module.aws_for_fluentbit",
      "mode": "data",
      "type": "aws_caller_identity",
      "name": "current",
      "provider": "provider[\"registry.terraform.io/hashicorp/aws\"]",
      "instances": []
    },
    {
      "module": "module.eks_blueprints_addons.module.aws_for_fluentbit",
      "mode": "data",
      "type": "aws_iam_policy_document",
      "name": "assume",
      "provider": "provider[\"registry.terraform.io/hashicorp/aws\"]",
      "instances": []
    },
    {
      "module": "module.eks_blueprints_addons.module.aws_for_fluentbit",
      "mode": "data",
      "type": "aws_iam_policy_document",
      "name": "this",
      "provider": "provider[\"registry.terraform.io/hashicorp/aws\"]",
      "instances": []
    },
    {
      "module": "module.eks_blueprints_addons.module.aws_for_fluentbit",
      "mode": "data",
      "type": "aws_partition",
      "name": "current",
      "provider": "provider[\"registry.terraform.io/hashicorp/aws\"]",
      "instances": []
    },
    {
      "module": "module.eks_blueprints_addons.module.aws_for_fluentbit",
      "mode": "managed",
      "type": "aws_iam_policy",
      "name": "this",
      "provider": "provider[\"registry.terraform.io/hashicorp/aws\"]",
      "instances": []
    },
    {
      "module": "module.eks_blueprints_addons.module.aws_for_fluentbit",
      "mode": "managed",
      "type": "aws_iam_role",
      "name": "this",
      "provider": "provider[\"registry.terraform.io/hashicorp/aws\"]",
      "instances": []
    },
    {
      "module": "module.eks_blueprints_addons.module.aws_for_fluentbit",
      "mode": "managed",
      "type": "aws_iam_role_policy_attachment",
      "name": "additional",
      "provider": "provider[\"registry.terraform.io/hashicorp/aws\"]",
      "instances": []
    },
    {
      "module": "module.eks_blueprints_addons.module.aws_for_fluentbit",
      "mode": "managed",
      "type": "aws_iam_role_policy_attachment",
      "name": "this",
      "provider": "provider[\"registry.terraform.io/hashicorp/aws\"]",
      "instances": []
    },
    {
      "module": "module.eks_blueprints_addons.module.aws_for_fluentbit",
      "mode": "managed",
      "type": "helm_release",
      "name": "this",
      "provider": "provider[\"registry.terraform.io/hashicorp/helm\"]",
      "instances": []
    },
    {
      "module": "module.eks_blueprints_addons.module.aws_fsx_csi_driver",
      "mode": "data",
      "type": "aws_caller_identity",
      "name": "current",
      "provider": "provider[\"registry.terraform.io/hashicorp/aws\"]",
      "instances": []
    },
    {
      "module": "module.eks_blueprints_addons.module.aws_fsx_csi_driver",
      "mode": "data",
      "type": "aws_iam_policy_document",
      "name": "assume",
      "provider": "provider[\"registry.terraform.io/hashicorp/aws\"]",
      "instances": []
    },
    {
      "module": "module.eks_blueprints_addons.module.aws_fsx_csi_driver",
      "mode": "data",
      "type": "aws_iam_policy_document",
      "name": "this",
      "provider": "provider[\"registry.terraform.io/hashicorp/aws\"]",
      "instances": []
    },
    {
      "module": "module.eks_blueprints_addons.module.aws_fsx_csi_driver",
      "mode": "data",
      "type": "aws_partition",
      "name": "current",
      "provider": "provider[\"registry.terraform.io/hashicorp/aws\"]",
      "instances": []
    },
    {
      "module": "module.eks_blueprints_addons.module.aws_fsx_csi_driver",
      "mode": "managed",
      "type": "aws_iam_policy",
      "name": "this",
      "provider": "provider[\"registry.terraform.io/hashicorp/aws\"]",
      "instances": []
    },
    {
      "module": "module.eks_blueprints_addons.module.aws_fsx_csi_driver",
      "mode": "managed",
      "type": "aws_iam_role",
      "name": "this",
      "provider": "provider[\"registry.terraform.io/hashicorp/aws\"]",
      "instances": []
    },
    {
      "module": "module.eks_blueprints_addons.module.aws_fsx_csi_driver",
      "mode": "managed",
      "type": "aws_iam_role_policy_attachment",
      "name": "additional",
      "provider": "provider[\"registry.terraform.io/hashicorp/aws\"]",
      "instances": []
    },
    {
      "module": "module.eks_blueprints_addons.module.aws_fsx_csi_driver",
      "mode": "managed",
      "type": "aws_iam_role_policy_attachment",
      "name": "this",
      "provider": "provider[\"registry.terraform.io/hashicorp/aws\"]",
      "instances": []
    },
    {
      "module": "module.eks_blueprints_addons.module.aws_fsx_csi_driver",
      "mode": "managed",
      "type": "helm_release",
      "name": "this",
      "provider": "provider[\"registry.terraform.io/hashicorp/helm\"]",
      "instances": []
    },
    {
      "module": "module.eks_blueprints_addons.module.aws_gateway_api_controller",
      "mode": "data",
      "type": "aws_caller_identity",
      "name": "current",
      "provider": "provider[\"registry.terraform.io/hashicorp/aws\"]",
      "instances": []
    },
    {
      "module": "module.eks_blueprints_addons.module.aws_gateway_api_controller",
      "mode": "data",
      "type": "aws_iam_policy_document",
      "name": "assume",
      "provider": "provider[\"registry.terraform.io/hashicorp/aws\"]",
      "instances": []
    },
    {
      "module": "module.eks_blueprints_addons.module.aws_gateway_api_controller",
      "mode": "data",
      "type": "aws_iam_policy_document",
      "name": "this",
      "provider": "provider[\"registry.terraform.io/hashicorp/aws\"]",
      "instances": []
    },
    {
      "module": "module.eks_blueprints_addons.module.aws_gateway_api_controller",
      "mode": "data",
      "type": "aws_partition",
      "name": "current",
      "provider": "provider[\"registry.terraform.io/hashicorp/aws\"]",
      "instances": []
    },
    {
      "module": "module.eks_blueprints_addons.module.aws_gateway_api_controller",
      "mode": "managed",
      "type": "aws_iam_policy",
      "name": "this",
      "provider": "provider[\"registry.terraform.io/hashicorp/aws\"]",
      "instances": []
    },
    {
      "module": "module.eks_blueprints_addons.module.aws_gateway_api_controller",
      "mode": "managed",
      "type": "aws_iam_role",
      "name": "this",
      "provider": "provider[\"registry.terraform.io/hashicorp/aws\"]",
      "instances": []
    },
    {
      "module": "module.eks_blueprints_addons.module.aws_gateway_api_controller",
      "mode": "managed",
      "type": "aws_iam_role_policy_attachment",
      "name": "additional",
      "provider": "provider[\"registry.terraform.io/hashicorp/aws\"]",
      "instances": []
    },
    {
      "module": "module.eks_blueprints_addons.module.aws_gateway_api_controller",
      "mode": "managed",
      "type": "aws_iam_role_policy_attachment",
      "name": "this",
      "provider": "provider[\"registry.terraform.io/hashicorp/aws\"]",
      "instances": []
    },
    {
      "module": "module.eks_blueprints_addons.module.aws_gateway_api_controller",
      "mode": "managed",
      "type": "helm_release",
      "name": "this",
      "provider": "provider[\"registry.terraform.io/hashicorp/helm\"]",
      "instances": []
    },
    {
      "module": "module.eks_blueprints_addons.module.aws_load_balancer_controller",
      "mode": "data",
      "type": "aws_caller_identity",
      "name": "current",
      "provider": "provider[\"registry.terraform.io/hashicorp/aws\"]",
      "instances": [
        {
          "index_key": 0,
          "schema_version": 0,
          "attributes": {
            "account_id": "058264364931",
            "arn": "arn:aws:sts::058264364931:assumed-role/_LocalAdmin/aws-go-sdk-1738443671246551000",
            "id": "058264364931",
            "user_id": "AROAQ3EGTU6BUG4MBAL2N:aws-go-sdk-1738443671246551000"
          },
          "sensitive_attributes": []
        }
      ]
    },
    {
      "module": "module.eks_blueprints_addons.module.aws_load_balancer_controller",
      "mode": "data",
      "type": "aws_iam_policy_document",
      "name": "assume",
      "provider": "provider[\"registry.terraform.io/hashicorp/aws\"]",
      "instances": [
        {
          "index_key": 0,
          "schema_version": 0,
          "attributes": {
            "id": "3290019785",
            "json": "{\n  \"Version\": \"2012-10-17\",\n  \"Statement\": [\n    {\n      \"Effect\": \"Allow\",\n      \"Action\": \"sts:AssumeRoleWithWebIdentity\",\n      \"Principal\": {\n        \"Federated\": \"arn:aws:iam::058264364931:oidc-provider/oidc.eks.us-east-1.amazonaws.com/id/F5B967F1C8E3D3A2E9127D81992A36F7\"\n      },\n      \"Condition\": {\n        \"StringEquals\": {\n          \"oidc.eks.us-east-1.amazonaws.com/id/F5B967F1C8E3D3A2E9127D81992A36F7:aud\": \"sts.amazonaws.com\",\n          \"oidc.eks.us-east-1.amazonaws.com/id/F5B967F1C8E3D3A2E9127D81992A36F7:sub\": \"system:serviceaccount:kube-system:aws-load-balancer-controller-sa\"\n        }\n      }\n    }\n  ]\n}",
            "minified_json": "{\"Version\":\"2012-10-17\",\"Statement\":[{\"Effect\":\"Allow\",\"Action\":\"sts:AssumeRoleWithWebIdentity\",\"Principal\":{\"Federated\":\"arn:aws:iam::058264364931:oidc-provider/oidc.eks.us-east-1.amazonaws.com/id/F5B967F1C8E3D3A2E9127D81992A36F7\"},\"Condition\":{\"StringEquals\":{\"oidc.eks.us-east-1.amazonaws.com/id/F5B967F1C8E3D3A2E9127D81992A36F7:aud\":\"sts.amazonaws.com\",\"oidc.eks.us-east-1.amazonaws.com/id/F5B967F1C8E3D3A2E9127D81992A36F7:sub\":\"system:serviceaccount:kube-system:aws-load-balancer-controller-sa\"}}}]}",
            "override_json": null,
            "override_policy_documents": null,
            "policy_id": null,
            "source_json": null,
            "source_policy_documents": null,
            "statement": [
              {
                "actions": [
                  "sts:AssumeRoleWithWebIdentity"
                ],
                "condition": [
                  {
                    "test": "StringEquals",
                    "values": [
                      "sts.amazonaws.com"
                    ],
                    "variable": "oidc.eks.us-east-1.amazonaws.com/id/F5B967F1C8E3D3A2E9127D81992A36F7:aud"
                  },
                  {
                    "test": "StringEquals",
                    "values": [
                      "system:serviceaccount:kube-system:aws-load-balancer-controller-sa"
                    ],
                    "variable": "oidc.eks.us-east-1.amazonaws.com/id/F5B967F1C8E3D3A2E9127D81992A36F7:sub"
                  }
                ],
                "effect": "Allow",
                "not_actions": [],
                "not_principals": [],
                "not_resources": [],
                "principals": [
                  {
                    "identifiers": [
                      "arn:aws:iam::058264364931:oidc-provider/oidc.eks.us-east-1.amazonaws.com/id/F5B967F1C8E3D3A2E9127D81992A36F7"
                    ],
                    "type": "Federated"
                  }
                ],
                "resources": [],
                "sid": ""
              }
            ],
            "version": "2012-10-17"
          },
          "sensitive_attributes": []
        }
      ]
    },
    {
      "module": "module.eks_blueprints_addons.module.aws_load_balancer_controller",
      "mode": "data",
      "type": "aws_iam_policy_document",
      "name": "this",
      "provider": "provider[\"registry.terraform.io/hashicorp/aws\"]",
      "instances": [
        {
          "index_key": 0,
          "schema_version": 0,
          "attributes": {
            "id": "2641054984",
            "json": "{\n  \"Version\": \"2012-10-17\",\n  \"Statement\": [\n    {\n      \"Effect\": \"Allow\",\n      \"Action\": \"iam:CreateServiceLinkedRole\",\n      \"Resource\": \"*\",\n      \"Condition\": {\n        \"StringEquals\": {\n          \"iam:AWSServiceName\": \"elasticloadbalancing.amazonaws.com\"\n        }\n      }\n    },\n    {\n      \"Effect\": \"Allow\",\n      \"Action\": [\n        \"elasticloadbalancing:DescribeTrustStores\",\n        \"elasticloadbalancing:DescribeTargetHealth\",\n        \"elasticloadbalancing:DescribeTargetGroups\",\n        \"elasticloadbalancing:DescribeTargetGroupAttributes\",\n        \"elasticloadbalancing:DescribeTags\",\n        \"elasticloadbalancing:DescribeSSLPolicies\",\n        \"elasticloadbalancing:DescribeRules\",\n        \"elasticloadbalancing:DescribeLoadBalancers\",\n        \"elasticloadbalancing:DescribeLoadBalancerAttributes\",\n        \"elasticloadbalancing:DescribeListeners\",\n        \"elasticloadbalancing:DescribeListenerCertificates\",\n        \"elasticloadbalancing:DescribeListenerAttributes\",\n        \"ec2:GetSecurityGroupsForVpc\",\n        \"ec2:GetCoipPoolUsage\",\n        \"ec2:DescribeVpcs\",\n        \"ec2:DescribeVpcPeeringConnections\",\n        \"ec2:DescribeTags\",\n        \"ec2:DescribeSubnets\",\n        \"ec2:DescribeSecurityGroups\",\n        \"ec2:DescribeNetworkInterfaces\",\n        \"ec2:DescribeInternetGateways\",\n        \"ec2:DescribeInstances\",\n        \"ec2:DescribeCoipPools\",\n        \"ec2:DescribeAvailabilityZones\",\n        \"ec2:DescribeAddresses\",\n        \"ec2:DescribeAccountAttributes\"\n      ],\n      \"Resource\": \"*\"\n    },\n    {\n      \"Effect\": \"Allow\",\n      \"Action\": [\n        \"wafv2:GetWebACLForResource\",\n        \"wafv2:GetWebACL\",\n        \"wafv2:DisassociateWebACL\",\n        \"wafv2:AssociateWebACL\",\n        \"waf-regional:GetWebACLForResource\",\n        \"waf-regional:GetWebACL\",\n        \"waf-regional:DisassociateWebACL\",\n        \"waf-regional:AssociateWebACL\",\n        \"shield:GetSubscriptionState\",\n        \"shield:DescribeProtection\",\n        \"shield:DeleteProtection\",\n        \"shield:CreateProtection\",\n        \"iam:ListServerCertificates\",\n        \"iam:GetServerCertificate\",\n        \"cognito-idp:DescribeUserPoolClient\",\n        \"acm:ListCertificates\",\n        \"acm:DescribeCertificate\"\n      ],\n      \"Resource\": \"*\"\n    },\n    {\n      \"Effect\": \"Allow\",\n      \"Action\": [\n        \"ec2:RevokeSecurityGroupIngress\",\n        \"ec2:AuthorizeSecurityGroupIngress\"\n      ],\n      \"Resource\": \"*\"\n    },\n    {\n      \"Effect\": \"Allow\",\n      \"Action\": \"ec2:CreateSecurityGroup\",\n      \"Resource\": \"*\"\n    },\n    {\n      \"Effect\": \"Allow\",\n      \"Action\": \"ec2:CreateTags\",\n      \"Resource\": \"arn:aws:ec2:*:*:security-group/*\",\n      \"Condition\": {\n        \"Null\": {\n          \"aws:RequestTag/elbv2.k8s.aws/cluster\": \"false\"\n        },\n        \"StringEquals\": {\n          \"ec2:CreateAction\": \"CreateSecurityGroup\"\n        }\n      }\n    },\n    {\n      \"Effect\": \"Allow\",\n      \"Action\": [\n        \"ec2:DeleteTags\",\n        \"ec2:CreateTags\"\n      ],\n      \"Resource\": \"arn:aws:ec2:*:*:security-group/*\",\n      \"Condition\": {\n        \"Null\": {\n          \"aws:RequestTag/elbv2.k8s.aws/cluster\": \"true\",\n          \"aws:ResourceTag/elbv2.k8s.aws/cluster\": \"false\"\n        }\n      }\n    },\n    {\n      \"Effect\": \"Allow\",\n      \"Action\": [\n        \"ec2:RevokeSecurityGroupIngress\",\n        \"ec2:DeleteSecurityGroup\",\n        \"ec2:AuthorizeSecurityGroupIngress\"\n      ],\n      \"Resource\": \"*\",\n      \"Condition\": {\n        \"Null\": {\n          \"aws:ResourceTag/elbv2.k8s.aws/cluster\": \"false\"\n        }\n      }\n    },\n    {\n      \"Effect\": \"Allow\",\n      \"Action\": [\n        \"elasticloadbalancing:CreateTargetGroup\",\n        \"elasticloadbalancing:CreateLoadBalancer\"\n      ],\n      \"Resource\": \"*\",\n      \"Condition\": {\n        \"Null\": {\n          \"aws:RequestTag/elbv2.k8s.aws/cluster\": \"false\"\n        }\n      }\n    },\n    {\n      \"Effect\": \"Allow\",\n      \"Action\": [\n        \"elasticloadbalancing:DeleteRule\",\n        \"elasticloadbalancing:DeleteListener\",\n        \"elasticloadbalancing:CreateRule\",\n        \"elasticloadbalancing:CreateListener\"\n      ],\n      \"Resource\": \"*\"\n    },\n    {\n      \"Effect\": \"Allow\",\n      \"Action\": [\n        \"elasticloadbalancing:RemoveTags\",\n        \"elasticloadbalancing:AddTags\"\n      ],\n      \"Resource\": [\n        \"arn:aws:elasticloadbalancing:*:*:targetgroup/*/*\",\n        \"arn:aws:elasticloadbalancing:*:*:loadbalancer/net/*/*\",\n        \"arn:aws:elasticloadbalancing:*:*:loadbalancer/app/*/*\"\n      ],\n      \"Condition\": {\n        \"Null\": {\n          \"aws:RequestTag/elbv2.k8s.aws/cluster\": \"true\",\n          \"aws:ResourceTag/elbv2.k8s.aws/cluster\": \"false\"\n        }\n      }\n    },\n    {\n      \"Effect\": \"Allow\",\n      \"Action\": [\n        \"elasticloadbalancing:RemoveTags\",\n        \"elasticloadbalancing:AddTags\"\n      ],\n      \"Resource\": [\n        \"arn:aws:elasticloadbalancing:*:*:listener/net/*/*/*\",\n        \"arn:aws:elasticloadbalancing:*:*:listener/app/*/*/*\",\n        \"arn:aws:elasticloadbalancing:*:*:listener-rule/net/*/*/*\",\n        \"arn:aws:elasticloadbalancing:*:*:listener-rule/app/*/*/*\"\n      ]\n    },\n    {\n      \"Effect\": \"Allow\",\n      \"Action\": [\n        \"elasticloadbalancing:SetSubnets\",\n        \"elasticloadbalancing:SetSecurityGroups\",\n        \"elasticloadbalancing:SetIpAddressType\",\n        \"elasticloadbalancing:ModifyTargetGroupAttributes\",\n        \"elasticloadbalancing:ModifyTargetGroup\",\n        \"elasticloadbalancing:ModifyLoadBalancerAttributes\",\n        \"elasticloadbalancing:ModifyListenerAttributes\",\n        \"elasticloadbalancing:DeleteTargetGroup\",\n        \"elasticloadbalancing:DeleteLoadBalancer\"\n      ],\n      \"Resource\": \"*\",\n      \"Condition\": {\n        \"Null\": {\n          \"aws:ResourceTag/elbv2.k8s.aws/cluster\": \"false\"\n        }\n      }\n    },\n    {\n      \"Effect\": \"Allow\",\n      \"Action\": \"elasticloadbalancing:AddTags\",\n      \"Resource\": [\n        \"arn:aws:elasticloadbalancing:*:*:targetgroup/*/*\",\n        \"arn:aws:elasticloadbalancing:*:*:loadbalancer/net/*/*\",\n        \"arn:aws:elasticloadbalancing:*:*:loadbalancer/app/*/*\"\n      ],\n      \"Condition\": {\n        \"Null\": {\n          \"aws:RequestTag/elbv2.k8s.aws/cluster\": \"false\"\n        },\n        \"StringEquals\": {\n          \"elasticloadbalancing:CreateAction\": [\n            \"CreateTargetGroup\",\n            \"CreateLoadBalancer\"\n          ]\n        }\n      }\n    },\n    {\n      \"Effect\": \"Allow\",\n      \"Action\": [\n        \"elasticloadbalancing:RegisterTargets\",\n        \"elasticloadbalancing:DeregisterTargets\"\n      ],\n      \"Resource\": \"arn:aws:elasticloadbalancing:*:*:targetgroup/*/*\"\n    },\n    {\n      \"Effect\": \"Allow\",\n      \"Action\": [\n        \"elasticloadbalancing:SetWebAcl\",\n        \"elasticloadbalancing:RemoveListenerCertificates\",\n        \"elasticloadbalancing:ModifyRule\",\n        \"elasticloadbalancing:ModifyListener\",\n        \"elasticloadbalancing:AddListenerCertificates\"\n      ],\n      \"Resource\": \"*\"\n    }\n  ]\n}",
            "minified_json": "{\"Version\":\"2012-10-17\",\"Statement\":[{\"Effect\":\"Allow\",\"Action\":\"iam:CreateServiceLinkedRole\",\"Resource\":\"*\",\"Condition\":{\"StringEquals\":{\"iam:AWSServiceName\":\"elasticloadbalancing.amazonaws.com\"}}},{\"Effect\":\"Allow\",\"Action\":[\"elasticloadbalancing:DescribeTrustStores\",\"elasticloadbalancing:DescribeTargetHealth\",\"elasticloadbalancing:DescribeTargetGroups\",\"elasticloadbalancing:DescribeTargetGroupAttributes\",\"elasticloadbalancing:DescribeTags\",\"elasticloadbalancing:DescribeSSLPolicies\",\"elasticloadbalancing:DescribeRules\",\"elasticloadbalancing:DescribeLoadBalancers\",\"elasticloadbalancing:DescribeLoadBalancerAttributes\",\"elasticloadbalancing:DescribeListeners\",\"elasticloadbalancing:DescribeListenerCertificates\",\"elasticloadbalancing:DescribeListenerAttributes\",\"ec2:GetSecurityGroupsForVpc\",\"ec2:GetCoipPoolUsage\",\"ec2:DescribeVpcs\",\"ec2:DescribeVpcPeeringConnections\",\"ec2:DescribeTags\",\"ec2:DescribeSubnets\",\"ec2:DescribeSecurityGroups\",\"ec2:DescribeNetworkInterfaces\",\"ec2:DescribeInternetGateways\",\"ec2:DescribeInstances\",\"ec2:DescribeCoipPools\",\"ec2:DescribeAvailabilityZones\",\"ec2:DescribeAddresses\",\"ec2:DescribeAccountAttributes\"],\"Resource\":\"*\"},{\"Effect\":\"Allow\",\"Action\":[\"wafv2:GetWebACLForResource\",\"wafv2:GetWebACL\",\"wafv2:DisassociateWebACL\",\"wafv2:AssociateWebACL\",\"waf-regional:GetWebACLForResource\",\"waf-regional:GetWebACL\",\"waf-regional:DisassociateWebACL\",\"waf-regional:AssociateWebACL\",\"shield:GetSubscriptionState\",\"shield:DescribeProtection\",\"shield:DeleteProtection\",\"shield:CreateProtection\",\"iam:ListServerCertificates\",\"iam:GetServerCertificate\",\"cognito-idp:DescribeUserPoolClient\",\"acm:ListCertificates\",\"acm:DescribeCertificate\"],\"Resource\":\"*\"},{\"Effect\":\"Allow\",\"Action\":[\"ec2:RevokeSecurityGroupIngress\",\"ec2:AuthorizeSecurityGroupIngress\"],\"Resource\":\"*\"},{\"Effect\":\"Allow\",\"Action\":\"ec2:CreateSecurityGroup\",\"Resource\":\"*\"},{\"Effect\":\"Allow\",\"Action\":\"ec2:CreateTags\",\"Resource\":\"arn:aws:ec2:*:*:security-group/*\",\"Condition\":{\"Null\":{\"aws:RequestTag/elbv2.k8s.aws/cluster\":\"false\"},\"StringEquals\":{\"ec2:CreateAction\":\"CreateSecurityGroup\"}}},{\"Effect\":\"Allow\",\"Action\":[\"ec2:DeleteTags\",\"ec2:CreateTags\"],\"Resource\":\"arn:aws:ec2:*:*:security-group/*\",\"Condition\":{\"Null\":{\"aws:RequestTag/elbv2.k8s.aws/cluster\":\"true\",\"aws:ResourceTag/elbv2.k8s.aws/cluster\":\"false\"}}},{\"Effect\":\"Allow\",\"Action\":[\"ec2:RevokeSecurityGroupIngress\",\"ec2:DeleteSecurityGroup\",\"ec2:AuthorizeSecurityGroupIngress\"],\"Resource\":\"*\",\"Condition\":{\"Null\":{\"aws:ResourceTag/elbv2.k8s.aws/cluster\":\"false\"}}},{\"Effect\":\"Allow\",\"Action\":[\"elasticloadbalancing:CreateTargetGroup\",\"elasticloadbalancing:CreateLoadBalancer\"],\"Resource\":\"*\",\"Condition\":{\"Null\":{\"aws:RequestTag/elbv2.k8s.aws/cluster\":\"false\"}}},{\"Effect\":\"Allow\",\"Action\":[\"elasticloadbalancing:DeleteRule\",\"elasticloadbalancing:DeleteListener\",\"elasticloadbalancing:CreateRule\",\"elasticloadbalancing:CreateListener\"],\"Resource\":\"*\"},{\"Effect\":\"Allow\",\"Action\":[\"elasticloadbalancing:RemoveTags\",\"elasticloadbalancing:AddTags\"],\"Resource\":[\"arn:aws:elasticloadbalancing:*:*:targetgroup/*/*\",\"arn:aws:elasticloadbalancing:*:*:loadbalancer/net/*/*\",\"arn:aws:elasticloadbalancing:*:*:loadbalancer/app/*/*\"],\"Condition\":{\"Null\":{\"aws:RequestTag/elbv2.k8s.aws/cluster\":\"true\",\"aws:ResourceTag/elbv2.k8s.aws/cluster\":\"false\"}}},{\"Effect\":\"Allow\",\"Action\":[\"elasticloadbalancing:RemoveTags\",\"elasticloadbalancing:AddTags\"],\"Resource\":[\"arn:aws:elasticloadbalancing:*:*:listener/net/*/*/*\",\"arn:aws:elasticloadbalancing:*:*:listener/app/*/*/*\",\"arn:aws:elasticloadbalancing:*:*:listener-rule/net/*/*/*\",\"arn:aws:elasticloadbalancing:*:*:listener-rule/app/*/*/*\"]},{\"Effect\":\"Allow\",\"Action\":[\"elasticloadbalancing:SetSubnets\",\"elasticloadbalancing:SetSecurityGroups\",\"elasticloadbalancing:SetIpAddressType\",\"elasticloadbalancing:ModifyTargetGroupAttributes\",\"elasticloadbalancing:ModifyTargetGroup\",\"elasticloadbalancing:ModifyLoadBalancerAttributes\",\"elasticloadbalancing:ModifyListenerAttributes\",\"elasticloadbalancing:DeleteTargetGroup\",\"elasticloadbalancing:DeleteLoadBalancer\"],\"Resource\":\"*\",\"Condition\":{\"Null\":{\"aws:ResourceTag/elbv2.k8s.aws/cluster\":\"false\"}}},{\"Effect\":\"Allow\",\"Action\":\"elasticloadbalancing:AddTags\",\"Resource\":[\"arn:aws:elasticloadbalancing:*:*:targetgroup/*/*\",\"arn:aws:elasticloadbalancing:*:*:loadbalancer/net/*/*\",\"arn:aws:elasticloadbalancing:*:*:loadbalancer/app/*/*\"],\"Condition\":{\"Null\":{\"aws:RequestTag/elbv2.k8s.aws/cluster\":\"false\"},\"StringEquals\":{\"elasticloadbalancing:CreateAction\":[\"CreateTargetGroup\",\"CreateLoadBalancer\"]}}},{\"Effect\":\"Allow\",\"Action\":[\"elasticloadbalancing:RegisterTargets\",\"elasticloadbalancing:DeregisterTargets\"],\"Resource\":\"arn:aws:elasticloadbalancing:*:*:targetgroup/*/*\"},{\"Effect\":\"Allow\",\"Action\":[\"elasticloadbalancing:SetWebAcl\",\"elasticloadbalancing:RemoveListenerCertificates\",\"elasticloadbalancing:ModifyRule\",\"elasticloadbalancing:ModifyListener\",\"elasticloadbalancing:AddListenerCertificates\"],\"Resource\":\"*\"}]}",
            "override_json": null,
            "override_policy_documents": null,
            "policy_id": null,
            "source_json": null,
            "source_policy_documents": [
              "{\n  \"Version\": \"2012-10-17\",\n  \"Statement\": [\n    {\n      \"Effect\": \"Allow\",\n      \"Action\": \"iam:CreateServiceLinkedRole\",\n      \"Resource\": \"*\",\n      \"Condition\": {\n        \"StringEquals\": {\n          \"iam:AWSServiceName\": \"elasticloadbalancing.amazonaws.com\"\n        }\n      }\n    },\n    {\n      \"Effect\": \"Allow\",\n      \"Action\": [\n        \"elasticloadbalancing:DescribeTrustStores\",\n        \"elasticloadbalancing:DescribeTargetHealth\",\n        \"elasticloadbalancing:DescribeTargetGroups\",\n        \"elasticloadbalancing:DescribeTargetGroupAttributes\",\n        \"elasticloadbalancing:DescribeTags\",\n        \"elasticloadbalancing:DescribeSSLPolicies\",\n        \"elasticloadbalancing:DescribeRules\",\n        \"elasticloadbalancing:DescribeLoadBalancers\",\n        \"elasticloadbalancing:DescribeLoadBalancerAttributes\",\n        \"elasticloadbalancing:DescribeListeners\",\n        \"elasticloadbalancing:DescribeListenerCertificates\",\n        \"elasticloadbalancing:DescribeListenerAttributes\",\n        \"ec2:GetSecurityGroupsForVpc\",\n        \"ec2:GetCoipPoolUsage\",\n        \"ec2:DescribeVpcs\",\n        \"ec2:DescribeVpcPeeringConnections\",\n        \"ec2:DescribeTags\",\n        \"ec2:DescribeSubnets\",\n        \"ec2:DescribeSecurityGroups\",\n        \"ec2:DescribeNetworkInterfaces\",\n        \"ec2:DescribeInternetGateways\",\n        \"ec2:DescribeInstances\",\n        \"ec2:DescribeCoipPools\",\n        \"ec2:DescribeAvailabilityZones\",\n        \"ec2:DescribeAddresses\",\n        \"ec2:DescribeAccountAttributes\"\n      ],\n      \"Resource\": \"*\"\n    },\n    {\n      \"Effect\": \"Allow\",\n      \"Action\": [\n        \"wafv2:GetWebACLForResource\",\n        \"wafv2:GetWebACL\",\n        \"wafv2:DisassociateWebACL\",\n        \"wafv2:AssociateWebACL\",\n        \"waf-regional:GetWebACLForResource\",\n        \"waf-regional:GetWebACL\",\n        \"waf-regional:DisassociateWebACL\",\n        \"waf-regional:AssociateWebACL\",\n        \"shield:GetSubscriptionState\",\n        \"shield:DescribeProtection\",\n        \"shield:DeleteProtection\",\n        \"shield:CreateProtection\",\n        \"iam:ListServerCertificates\",\n        \"iam:GetServerCertificate\",\n        \"cognito-idp:DescribeUserPoolClient\",\n        \"acm:ListCertificates\",\n        \"acm:DescribeCertificate\"\n      ],\n      \"Resource\": \"*\"\n    },\n    {\n      \"Effect\": \"Allow\",\n      \"Action\": [\n        \"ec2:RevokeSecurityGroupIngress\",\n        \"ec2:AuthorizeSecurityGroupIngress\"\n      ],\n      \"Resource\": \"*\"\n    },\n    {\n      \"Effect\": \"Allow\",\n      \"Action\": \"ec2:CreateSecurityGroup\",\n      \"Resource\": \"*\"\n    },\n    {\n      \"Effect\": \"Allow\",\n      \"Action\": \"ec2:CreateTags\",\n      \"Resource\": \"arn:aws:ec2:*:*:security-group/*\",\n      \"Condition\": {\n        \"Null\": {\n          \"aws:RequestTag/elbv2.k8s.aws/cluster\": \"false\"\n        },\n        \"StringEquals\": {\n          \"ec2:CreateAction\": \"CreateSecurityGroup\"\n        }\n      }\n    },\n    {\n      \"Effect\": \"Allow\",\n      \"Action\": [\n        \"ec2:DeleteTags\",\n        \"ec2:CreateTags\"\n      ],\n      \"Resource\": \"arn:aws:ec2:*:*:security-group/*\",\n      \"Condition\": {\n        \"Null\": {\n          \"aws:RequestTag/elbv2.k8s.aws/cluster\": \"true\",\n          \"aws:ResourceTag/elbv2.k8s.aws/cluster\": \"false\"\n        }\n      }\n    },\n    {\n      \"Effect\": \"Allow\",\n      \"Action\": [\n        \"ec2:RevokeSecurityGroupIngress\",\n        \"ec2:DeleteSecurityGroup\",\n        \"ec2:AuthorizeSecurityGroupIngress\"\n      ],\n      \"Resource\": \"*\",\n      \"Condition\": {\n        \"Null\": {\n          \"aws:ResourceTag/elbv2.k8s.aws/cluster\": \"false\"\n        }\n      }\n    },\n    {\n      \"Effect\": \"Allow\",\n      \"Action\": [\n        \"elasticloadbalancing:CreateTargetGroup\",\n        \"elasticloadbalancing:CreateLoadBalancer\"\n      ],\n      \"Resource\": \"*\",\n      \"Condition\": {\n        \"Null\": {\n          \"aws:RequestTag/elbv2.k8s.aws/cluster\": \"false\"\n        }\n      }\n    },\n    {\n      \"Effect\": \"Allow\",\n      \"Action\": [\n        \"elasticloadbalancing:DeleteRule\",\n        \"elasticloadbalancing:DeleteListener\",\n        \"elasticloadbalancing:CreateRule\",\n        \"elasticloadbalancing:CreateListener\"\n      ],\n      \"Resource\": \"*\"\n    },\n    {\n      \"Effect\": \"Allow\",\n      \"Action\": [\n        \"elasticloadbalancing:RemoveTags\",\n        \"elasticloadbalancing:AddTags\"\n      ],\n      \"Resource\": [\n        \"arn:aws:elasticloadbalancing:*:*:targetgroup/*/*\",\n        \"arn:aws:elasticloadbalancing:*:*:loadbalancer/net/*/*\",\n        \"arn:aws:elasticloadbalancing:*:*:loadbalancer/app/*/*\"\n      ],\n      \"Condition\": {\n        \"Null\": {\n          \"aws:RequestTag/elbv2.k8s.aws/cluster\": \"true\",\n          \"aws:ResourceTag/elbv2.k8s.aws/cluster\": \"false\"\n        }\n      }\n    },\n    {\n      \"Effect\": \"Allow\",\n      \"Action\": [\n        \"elasticloadbalancing:RemoveTags\",\n        \"elasticloadbalancing:AddTags\"\n      ],\n      \"Resource\": [\n        \"arn:aws:elasticloadbalancing:*:*:listener/net/*/*/*\",\n        \"arn:aws:elasticloadbalancing:*:*:listener/app/*/*/*\",\n        \"arn:aws:elasticloadbalancing:*:*:listener-rule/net/*/*/*\",\n        \"arn:aws:elasticloadbalancing:*:*:listener-rule/app/*/*/*\"\n      ]\n    },\n    {\n      \"Effect\": \"Allow\",\n      \"Action\": [\n        \"elasticloadbalancing:SetSubnets\",\n        \"elasticloadbalancing:SetSecurityGroups\",\n        \"elasticloadbalancing:SetIpAddressType\",\n        \"elasticloadbalancing:ModifyTargetGroupAttributes\",\n        \"elasticloadbalancing:ModifyTargetGroup\",\n        \"elasticloadbalancing:ModifyLoadBalancerAttributes\",\n        \"elasticloadbalancing:ModifyListenerAttributes\",\n        \"elasticloadbalancing:DeleteTargetGroup\",\n        \"elasticloadbalancing:DeleteLoadBalancer\"\n      ],\n      \"Resource\": \"*\",\n      \"Condition\": {\n        \"Null\": {\n          \"aws:ResourceTag/elbv2.k8s.aws/cluster\": \"false\"\n        }\n      }\n    },\n    {\n      \"Effect\": \"Allow\",\n      \"Action\": \"elasticloadbalancing:AddTags\",\n      \"Resource\": [\n        \"arn:aws:elasticloadbalancing:*:*:targetgroup/*/*\",\n        \"arn:aws:elasticloadbalancing:*:*:loadbalancer/net/*/*\",\n        \"arn:aws:elasticloadbalancing:*:*:loadbalancer/app/*/*\"\n      ],\n      \"Condition\": {\n        \"Null\": {\n          \"aws:RequestTag/elbv2.k8s.aws/cluster\": \"false\"\n        },\n        \"StringEquals\": {\n          \"elasticloadbalancing:CreateAction\": [\n            \"CreateTargetGroup\",\n            \"CreateLoadBalancer\"\n          ]\n        }\n      }\n    },\n    {\n      \"Effect\": \"Allow\",\n      \"Action\": [\n        \"elasticloadbalancing:RegisterTargets\",\n        \"elasticloadbalancing:DeregisterTargets\"\n      ],\n      \"Resource\": \"arn:aws:elasticloadbalancing:*:*:targetgroup/*/*\"\n    },\n    {\n      \"Effect\": \"Allow\",\n      \"Action\": [\n        \"elasticloadbalancing:SetWebAcl\",\n        \"elasticloadbalancing:RemoveListenerCertificates\",\n        \"elasticloadbalancing:ModifyRule\",\n        \"elasticloadbalancing:ModifyListener\",\n        \"elasticloadbalancing:AddListenerCertificates\"\n      ],\n      \"Resource\": \"*\"\n    }\n  ]\n}"
            ],
            "statement": null,
            "version": "2012-10-17"
          },
          "sensitive_attributes": []
        }
      ]
    },
    {
      "module": "module.eks_blueprints_addons.module.aws_load_balancer_controller",
      "mode": "data",
      "type": "aws_partition",
      "name": "current",
      "provider": "provider[\"registry.terraform.io/hashicorp/aws\"]",
      "instances": [
        {
          "index_key": 0,
          "schema_version": 0,
          "attributes": {
            "dns_suffix": "amazonaws.com",
            "id": "aws",
            "partition": "aws",
            "reverse_dns_prefix": "com.amazonaws"
          },
          "sensitive_attributes": []
        }
      ]
    },
    {
      "module": "module.eks_blueprints_addons.module.aws_load_balancer_controller",
      "mode": "managed",
      "type": "aws_iam_policy",
      "name": "this",
      "provider": "provider[\"registry.terraform.io/hashicorp/aws\"]",
      "instances": [
        {
          "index_key": 0,
          "schema_version": 0,
          "attributes": {
            "arn": "arn:aws:iam::058264364931:policy/alb-controller-2025020121220783450000001c",
            "attachment_count": 0,
            "description": "IAM Policy for AWS Load Balancer Controller",
            "id": "arn:aws:iam::058264364931:policy/alb-controller-2025020121220783450000001c",
            "name": "alb-controller-2025020121220783450000001c",
            "name_prefix": "alb-controller-",
            "path": "/",
            "policy": "{\"Statement\":[{\"Action\":\"iam:CreateServiceLinkedRole\",\"Condition\":{\"StringEquals\":{\"iam:AWSServiceName\":\"elasticloadbalancing.amazonaws.com\"}},\"Effect\":\"Allow\",\"Resource\":\"*\"},{\"Action\":[\"elasticloadbalancing:DescribeTrustStores\",\"elasticloadbalancing:DescribeTargetHealth\",\"elasticloadbalancing:DescribeTargetGroups\",\"elasticloadbalancing:DescribeTargetGroupAttributes\",\"elasticloadbalancing:DescribeTags\",\"elasticloadbalancing:DescribeSSLPolicies\",\"elasticloadbalancing:DescribeRules\",\"elasticloadbalancing:DescribeLoadBalancers\",\"elasticloadbalancing:DescribeLoadBalancerAttributes\",\"elasticloadbalancing:DescribeListeners\",\"elasticloadbalancing:DescribeListenerCertificates\",\"elasticloadbalancing:DescribeListenerAttributes\",\"ec2:GetSecurityGroupsForVpc\",\"ec2:GetCoipPoolUsage\",\"ec2:DescribeVpcs\",\"ec2:DescribeVpcPeeringConnections\",\"ec2:DescribeTags\",\"ec2:DescribeSubnets\",\"ec2:DescribeSecurityGroups\",\"ec2:DescribeNetworkInterfaces\",\"ec2:DescribeInternetGateways\",\"ec2:DescribeInstances\",\"ec2:DescribeCoipPools\",\"ec2:DescribeAvailabilityZones\",\"ec2:DescribeAddresses\",\"ec2:DescribeAccountAttributes\"],\"Effect\":\"Allow\",\"Resource\":\"*\"},{\"Action\":[\"wafv2:GetWebACLForResource\",\"wafv2:GetWebACL\",\"wafv2:DisassociateWebACL\",\"wafv2:AssociateWebACL\",\"waf-regional:GetWebACLForResource\",\"waf-regional:GetWebACL\",\"waf-regional:DisassociateWebACL\",\"waf-regional:AssociateWebACL\",\"shield:GetSubscriptionState\",\"shield:DescribeProtection\",\"shield:DeleteProtection\",\"shield:CreateProtection\",\"iam:ListServerCertificates\",\"iam:GetServerCertificate\",\"cognito-idp:DescribeUserPoolClient\",\"acm:ListCertificates\",\"acm:DescribeCertificate\"],\"Effect\":\"Allow\",\"Resource\":\"*\"},{\"Action\":[\"ec2:RevokeSecurityGroupIngress\",\"ec2:AuthorizeSecurityGroupIngress\"],\"Effect\":\"Allow\",\"Resource\":\"*\"},{\"Action\":\"ec2:CreateSecurityGroup\",\"Effect\":\"Allow\",\"Resource\":\"*\"},{\"Action\":\"ec2:CreateTags\",\"Condition\":{\"Null\":{\"aws:RequestTag/elbv2.k8s.aws/cluster\":\"false\"},\"StringEquals\":{\"ec2:CreateAction\":\"CreateSecurityGroup\"}},\"Effect\":\"Allow\",\"Resource\":\"arn:aws:ec2:*:*:security-group/*\"},{\"Action\":[\"ec2:DeleteTags\",\"ec2:CreateTags\"],\"Condition\":{\"Null\":{\"aws:RequestTag/elbv2.k8s.aws/cluster\":\"true\",\"aws:ResourceTag/elbv2.k8s.aws/cluster\":\"false\"}},\"Effect\":\"Allow\",\"Resource\":\"arn:aws:ec2:*:*:security-group/*\"},{\"Action\":[\"ec2:RevokeSecurityGroupIngress\",\"ec2:DeleteSecurityGroup\",\"ec2:AuthorizeSecurityGroupIngress\"],\"Condition\":{\"Null\":{\"aws:ResourceTag/elbv2.k8s.aws/cluster\":\"false\"}},\"Effect\":\"Allow\",\"Resource\":\"*\"},{\"Action\":[\"elasticloadbalancing:CreateTargetGroup\",\"elasticloadbalancing:CreateLoadBalancer\"],\"Condition\":{\"Null\":{\"aws:RequestTag/elbv2.k8s.aws/cluster\":\"false\"}},\"Effect\":\"Allow\",\"Resource\":\"*\"},{\"Action\":[\"elasticloadbalancing:DeleteRule\",\"elasticloadbalancing:DeleteListener\",\"elasticloadbalancing:CreateRule\",\"elasticloadbalancing:CreateListener\"],\"Effect\":\"Allow\",\"Resource\":\"*\"},{\"Action\":[\"elasticloadbalancing:RemoveTags\",\"elasticloadbalancing:AddTags\"],\"Condition\":{\"Null\":{\"aws:RequestTag/elbv2.k8s.aws/cluster\":\"true\",\"aws:ResourceTag/elbv2.k8s.aws/cluster\":\"false\"}},\"Effect\":\"Allow\",\"Resource\":[\"arn:aws:elasticloadbalancing:*:*:targetgroup/*/*\",\"arn:aws:elasticloadbalancing:*:*:loadbalancer/net/*/*\",\"arn:aws:elasticloadbalancing:*:*:loadbalancer/app/*/*\"]},{\"Action\":[\"elasticloadbalancing:RemoveTags\",\"elasticloadbalancing:AddTags\"],\"Effect\":\"Allow\",\"Resource\":[\"arn:aws:elasticloadbalancing:*:*:listener/net/*/*/*\",\"arn:aws:elasticloadbalancing:*:*:listener/app/*/*/*\",\"arn:aws:elasticloadbalancing:*:*:listener-rule/net/*/*/*\",\"arn:aws:elasticloadbalancing:*:*:listener-rule/app/*/*/*\"]},{\"Action\":[\"elasticloadbalancing:SetSubnets\",\"elasticloadbalancing:SetSecurityGroups\",\"elasticloadbalancing:SetIpAddressType\",\"elasticloadbalancing:ModifyTargetGroupAttributes\",\"elasticloadbalancing:ModifyTargetGroup\",\"elasticloadbalancing:ModifyLoadBalancerAttributes\",\"elasticloadbalancing:ModifyListenerAttributes\",\"elasticloadbalancing:DeleteTargetGroup\",\"elasticloadbalancing:DeleteLoadBalancer\"],\"Condition\":{\"Null\":{\"aws:ResourceTag/elbv2.k8s.aws/cluster\":\"false\"}},\"Effect\":\"Allow\",\"Resource\":\"*\"},{\"Action\":\"elasticloadbalancing:AddTags\",\"Condition\":{\"Null\":{\"aws:RequestTag/elbv2.k8s.aws/cluster\":\"false\"},\"StringEquals\":{\"elasticloadbalancing:CreateAction\":[\"CreateTargetGroup\",\"CreateLoadBalancer\"]}},\"Effect\":\"Allow\",\"Resource\":[\"arn:aws:elasticloadbalancing:*:*:targetgroup/*/*\",\"arn:aws:elasticloadbalancing:*:*:loadbalancer/net/*/*\",\"arn:aws:elasticloadbalancing:*:*:loadbalancer/app/*/*\"]},{\"Action\":[\"elasticloadbalancing:RegisterTargets\",\"elasticloadbalancing:DeregisterTargets\"],\"Effect\":\"Allow\",\"Resource\":\"arn:aws:elasticloadbalancing:*:*:targetgroup/*/*\"},{\"Action\":[\"elasticloadbalancing:SetWebAcl\",\"elasticloadbalancing:RemoveListenerCertificates\",\"elasticloadbalancing:ModifyRule\",\"elasticloadbalancing:ModifyListener\",\"elasticloadbalancing:AddListenerCertificates\"],\"Effect\":\"Allow\",\"Resource\":\"*\"}],\"Version\":\"2012-10-17\"}",
            "policy_id": "ANPAQ3EGTU6B2PXC5B66I",
            "tags": {
              "terraform": "true"
            },
            "tags_all": {
              "terraform": "true"
            }
          },
          "sensitive_attributes": [],
          "private": "bnVsbA==",
          "dependencies": [
            "data.aws_availability_zones.available",
            "module.eks.aws_cloudwatch_log_group.this",
            "module.eks.aws_ec2_tag.cluster_primary_security_group",
            "module.eks.aws_eks_access_entry.this",
            "module.eks.aws_eks_access_policy_association.this",
            "module.eks.aws_eks_addon.before_compute",
            "module.eks.aws_eks_addon.this",
            "module.eks.aws_eks_cluster.this",
            "module.eks.aws_eks_identity_provider_config.this",
            "module.eks.aws_iam_openid_connect_provider.oidc_provider",
            "module.eks.aws_iam_policy.cluster_encryption",
            "module.eks.aws_iam_policy.cni_ipv6_policy",
            "module.eks.aws_iam_policy.custom",
            "module.eks.aws_iam_role.eks_auto",
            "module.eks.aws_iam_role.this",
            "module.eks.aws_iam_role_policy_attachment.additional",
            "module.eks.aws_iam_role_policy_attachment.cluster_encryption",
            "module.eks.aws_iam_role_policy_attachment.custom",
            "module.eks.aws_iam_role_policy_attachment.eks_auto",
            "module.eks.aws_iam_role_policy_attachment.eks_auto_additional",
            "module.eks.aws_iam_role_policy_attachment.this",
            "module.eks.aws_security_group.cluster",
            "module.eks.aws_security_group.node",
            "module.eks.aws_security_group_rule.cluster",
            "module.eks.aws_security_group_rule.node",
            "module.eks.data.aws_caller_identity.current",
            "module.eks.data.aws_eks_addon_version.this",
            "module.eks.data.aws_iam_policy_document.assume_role_policy",
            "module.eks.data.aws_iam_policy_document.cni_ipv6_policy",
            "module.eks.data.aws_iam_policy_document.custom",
            "module.eks.data.aws_iam_policy_document.node_assume_role_policy",
            "module.eks.data.aws_iam_session_context.current",
            "module.eks.data.aws_partition.current",
            "module.eks.data.tls_certificate.this",
            "module.eks.module.eks_managed_node_group.aws_autoscaling_schedule.this",
            "module.eks.module.eks_managed_node_group.aws_eks_node_group.this",
            "module.eks.module.eks_managed_node_group.aws_iam_role.this",
            "module.eks.module.eks_managed_node_group.aws_iam_role_policy.this",
            "module.eks.module.eks_managed_node_group.aws_iam_role_policy_attachment.additional",
            "module.eks.module.eks_managed_node_group.aws_iam_role_policy_attachment.this",
            "module.eks.module.eks_managed_node_group.aws_launch_template.this",
            "module.eks.module.eks_managed_node_group.aws_placement_group.this",
            "module.eks.module.eks_managed_node_group.data.aws_caller_identity.current",
            "module.eks.module.eks_managed_node_group.data.aws_ec2_instance_type.this",
            "module.eks.module.eks_managed_node_group.data.aws_ec2_instance_type_offerings.this",
            "module.eks.module.eks_managed_node_group.data.aws_iam_policy_document.assume_role_policy",
            "module.eks.module.eks_managed_node_group.data.aws_iam_policy_document.role",
            "module.eks.module.eks_managed_node_group.data.aws_partition.current",
            "module.eks.module.eks_managed_node_group.data.aws_ssm_parameter.ami",
            "module.eks.module.eks_managed_node_group.data.aws_subnets.placement_group",
            "module.eks.module.eks_managed_node_group.module.user_data.data.cloudinit_config.al2023_eks_managed_node_group",
            "module.eks.module.eks_managed_node_group.module.user_data.data.cloudinit_config.linux_eks_managed_node_group",
            "module.eks.module.eks_managed_node_group.module.user_data.null_resource.validate_cluster_service_cidr",
            "module.eks.module.fargate_profile.aws_eks_fargate_profile.this",
            "module.eks.module.fargate_profile.aws_iam_role.this",
            "module.eks.module.fargate_profile.aws_iam_role_policy.this",
            "module.eks.module.fargate_profile.aws_iam_role_policy_attachment.additional",
            "module.eks.module.fargate_profile.aws_iam_role_policy_attachment.this",
            "module.eks.module.fargate_profile.data.aws_caller_identity.current",
            "module.eks.module.fargate_profile.data.aws_iam_policy_document.assume_role_policy",
            "module.eks.module.fargate_profile.data.aws_iam_policy_document.role",
            "module.eks.module.fargate_profile.data.aws_partition.current",
            "module.eks.module.fargate_profile.data.aws_region.current",
            "module.eks.module.kms.aws_kms_alias.this",
            "module.eks.module.kms.aws_kms_external_key.this",
            "module.eks.module.kms.aws_kms_grant.this",
            "module.eks.module.kms.aws_kms_key.this",
            "module.eks.module.kms.aws_kms_replica_external_key.this",
            "module.eks.module.kms.aws_kms_replica_key.this",
            "module.eks.module.kms.data.aws_caller_identity.current",
            "module.eks.module.kms.data.aws_iam_policy_document.this",
            "module.eks.module.kms.data.aws_partition.current",
            "module.eks.module.self_managed_node_group.aws_autoscaling_group.this",
            "module.eks.module.self_managed_node_group.aws_autoscaling_schedule.this",
            "module.eks.module.self_managed_node_group.aws_eks_access_entry.this",
            "module.eks.module.self_managed_node_group.aws_iam_instance_profile.this",
            "module.eks.module.self_managed_node_group.aws_iam_role.this",
            "module.eks.module.self_managed_node_group.aws_iam_role_policy.this",
            "module.eks.module.self_managed_node_group.aws_iam_role_policy_attachment.additional",
            "module.eks.module.self_managed_node_group.aws_iam_role_policy_attachment.this",
            "module.eks.module.self_managed_node_group.aws_launch_template.this",
            "module.eks.module.self_managed_node_group.aws_placement_group.this",
            "module.eks.module.self_managed_node_group.data.aws_caller_identity.current",
            "module.eks.module.self_managed_node_group.data.aws_ec2_instance_type.this",
            "module.eks.module.self_managed_node_group.data.aws_ec2_instance_type_offerings.this",
            "module.eks.module.self_managed_node_group.data.aws_iam_policy_document.assume_role_policy",
            "module.eks.module.self_managed_node_group.data.aws_iam_policy_document.role",
            "module.eks.module.self_managed_node_group.data.aws_partition.current",
            "module.eks.module.self_managed_node_group.data.aws_ssm_parameter.ami",
            "module.eks.module.self_managed_node_group.data.aws_subnets.placement_group",
            "module.eks.module.self_managed_node_group.module.user_data.data.cloudinit_config.al2023_eks_managed_node_group",
            "module.eks.module.self_managed_node_group.module.user_data.data.cloudinit_config.linux_eks_managed_node_group",
            "module.eks.module.self_managed_node_group.module.user_data.null_resource.validate_cluster_service_cidr",
            "module.eks.time_sleep.this",
            "module.eks_blueprints_addons.data.aws_iam_policy_document.aws_load_balancer_controller",
            "module.eks_blueprints_addons.data.aws_partition.current",
            "module.eks_blueprints_addons.module.aws_load_balancer_controller.data.aws_iam_policy_document.this",
            "module.vpc.aws_cloudwatch_log_group.flow_log",
            "module.vpc.aws_customer_gateway.this",
            "module.vpc.aws_db_subnet_group.database",
            "module.vpc.aws_default_network_acl.this",
            "module.vpc.aws_default_route_table.default",
            "module.vpc.aws_default_security_group.this",
            "module.vpc.aws_default_vpc.this",
            "module.vpc.aws_egress_only_internet_gateway.this",
            "module.vpc.aws_eip.nat",
            "module.vpc.aws_elasticache_subnet_group.elasticache",
            "module.vpc.aws_flow_log.this",
            "module.vpc.aws_iam_policy.vpc_flow_log_cloudwatch",
            "module.vpc.aws_iam_role.vpc_flow_log_cloudwatch",
            "module.vpc.aws_iam_role_policy_attachment.vpc_flow_log_cloudwatch",
            "module.vpc.aws_internet_gateway.this",
            "module.vpc.aws_nat_gateway.this",
            "module.vpc.aws_network_acl.database",
            "module.vpc.aws_network_acl.elasticache",
            "module.vpc.aws_network_acl.intra",
            "module.vpc.aws_network_acl.outpost",
            "module.vpc.aws_network_acl.private",
            "module.vpc.aws_network_acl.public",
            "module.vpc.aws_network_acl.redshift",
            "module.vpc.aws_network_acl_rule.database_inbound",
            "module.vpc.aws_network_acl_rule.database_outbound",
            "module.vpc.aws_network_acl_rule.elasticache_inbound",
            "module.vpc.aws_network_acl_rule.elasticache_outbound",
            "module.vpc.aws_network_acl_rule.intra_inbound",
            "module.vpc.aws_network_acl_rule.intra_outbound",
            "module.vpc.aws_network_acl_rule.outpost_inbound",
            "module.vpc.aws_network_acl_rule.outpost_outbound",
            "module.vpc.aws_network_acl_rule.private_inbound",
            "module.vpc.aws_network_acl_rule.private_outbound",
            "module.vpc.aws_network_acl_rule.public_inbound",
            "module.vpc.aws_network_acl_rule.public_outbound",
            "module.vpc.aws_network_acl_rule.redshift_inbound",
            "module.vpc.aws_network_acl_rule.redshift_outbound",
            "module.vpc.aws_redshift_subnet_group.redshift",
            "module.vpc.aws_route.database_dns64_nat_gateway",
            "module.vpc.aws_route.database_internet_gateway",
            "module.vpc.aws_route.database_ipv6_egress",
            "module.vpc.aws_route.database_nat_gateway",
            "module.vpc.aws_route.private_dns64_nat_gateway",
            "module.vpc.aws_route.private_ipv6_egress",
            "module.vpc.aws_route.private_nat_gateway",
            "module.vpc.aws_route.public_internet_gateway",
            "module.vpc.aws_route.public_internet_gateway_ipv6",
            "module.vpc.aws_route_table.database",
            "module.vpc.aws_route_table.elasticache",
            "module.vpc.aws_route_table.intra",
            "module.vpc.aws_route_table.private",
            "module.vpc.aws_route_table.public",
            "module.vpc.aws_route_table.redshift",
            "module.vpc.aws_route_table_association.database",
            "module.vpc.aws_route_table_association.elasticache",
            "module.vpc.aws_route_table_association.intra",
            "module.vpc.aws_route_table_association.outpost",
            "module.vpc.aws_route_table_association.private",
            "module.vpc.aws_route_table_association.public",
            "module.vpc.aws_route_table_association.redshift",
            "module.vpc.aws_route_table_association.redshift_public",
            "module.vpc.aws_subnet.database",
            "module.vpc.aws_subnet.elasticache",
            "module.vpc.aws_subnet.intra",
            "module.vpc.aws_subnet.outpost",
            "module.vpc.aws_subnet.private",
            "module.vpc.aws_subnet.public",
            "module.vpc.aws_subnet.redshift",
            "module.vpc.aws_vpc.this",
            "module.vpc.aws_vpc_dhcp_options.this",
            "module.vpc.aws_vpc_dhcp_options_association.this",
            "module.vpc.aws_vpc_ipv4_cidr_block_association.this",
            "module.vpc.aws_vpn_gateway.this",
            "module.vpc.aws_vpn_gateway_attachment.this",
            "module.vpc.aws_vpn_gateway_route_propagation.intra",
            "module.vpc.aws_vpn_gateway_route_propagation.private",
            "module.vpc.aws_vpn_gateway_route_propagation.public",
            "module.vpc.data.aws_caller_identity.current",
            "module.vpc.data.aws_iam_policy_document.flow_log_cloudwatch_assume_role",
            "module.vpc.data.aws_iam_policy_document.vpc_flow_log_cloudwatch",
            "module.vpc.data.aws_partition.current",
            "module.vpc.data.aws_region.current"
          ],
          "create_before_destroy": true
        }
      ]
    },
    {
      "module": "module.eks_blueprints_addons.module.aws_load_balancer_controller",
      "mode": "managed",
      "type": "aws_iam_role",
      "name": "this",
      "provider": "provider[\"registry.terraform.io/hashicorp/aws\"]",
      "instances": [
        {
          "index_key": 0,
          "schema_version": 0,
          "attributes": {
            "arn": "arn:aws:iam::058264364931:role/alb-controller-2025020121223779620000001d",
            "assume_role_policy": "{\"Statement\":[{\"Action\":\"sts:AssumeRoleWithWebIdentity\",\"Condition\":{\"StringEquals\":{\"oidc.eks.us-east-1.amazonaws.com/id/F5B967F1C8E3D3A2E9127D81992A36F7:aud\":\"sts.amazonaws.com\",\"oidc.eks.us-east-1.amazonaws.com/id/F5B967F1C8E3D3A2E9127D81992A36F7:sub\":\"system:serviceaccount:kube-system:aws-load-balancer-controller-sa\"}},\"Effect\":\"Allow\",\"Principal\":{\"Federated\":\"arn:aws:iam::058264364931:oidc-provider/oidc.eks.us-east-1.amazonaws.com/id/F5B967F1C8E3D3A2E9127D81992A36F7\"}}],\"Version\":\"2012-10-17\"}",
            "create_date": "2025-02-01T21:22:37Z",
            "description": "IRSA for aws-load-balancer-controller project",
            "force_detach_policies": true,
            "id": "alb-controller-2025020121223779620000001d",
            "inline_policy": [],
            "managed_policy_arns": [],
            "max_session_duration": 3600,
            "name": "alb-controller-2025020121223779620000001d",
            "name_prefix": "alb-controller-",
            "path": "/",
            "permissions_boundary": "",
            "tags": {
              "terraform": "true"
            },
            "tags_all": {
              "terraform": "true"
            },
            "unique_id": "AROAQ3EGTU6B6S7UMBRVV"
          },
          "sensitive_attributes": [],
          "private": "bnVsbA==",
          "dependencies": [
            "aws_iam_openid_connect_provider.eks",
            "data.aws_availability_zones.available",
            "data.tls_certificate.eks",
            "module.eks.aws_cloudwatch_log_group.this",
            "module.eks.aws_ec2_tag.cluster_primary_security_group",
            "module.eks.aws_eks_access_entry.this",
            "module.eks.aws_eks_access_policy_association.this",
            "module.eks.aws_eks_addon.before_compute",
            "module.eks.aws_eks_addon.this",
            "module.eks.aws_eks_cluster.this",
            "module.eks.aws_eks_identity_provider_config.this",
            "module.eks.aws_iam_openid_connect_provider.oidc_provider",
            "module.eks.aws_iam_policy.cluster_encryption",
            "module.eks.aws_iam_policy.cni_ipv6_policy",
            "module.eks.aws_iam_policy.custom",
            "module.eks.aws_iam_role.eks_auto",
            "module.eks.aws_iam_role.this",
            "module.eks.aws_iam_role_policy_attachment.additional",
            "module.eks.aws_iam_role_policy_attachment.cluster_encryption",
            "module.eks.aws_iam_role_policy_attachment.custom",
            "module.eks.aws_iam_role_policy_attachment.eks_auto",
            "module.eks.aws_iam_role_policy_attachment.eks_auto_additional",
            "module.eks.aws_iam_role_policy_attachment.this",
            "module.eks.aws_security_group.cluster",
            "module.eks.aws_security_group.node",
            "module.eks.aws_security_group_rule.cluster",
            "module.eks.aws_security_group_rule.node",
            "module.eks.data.aws_caller_identity.current",
            "module.eks.data.aws_eks_addon_version.this",
            "module.eks.data.aws_iam_policy_document.assume_role_policy",
            "module.eks.data.aws_iam_policy_document.cni_ipv6_policy",
            "module.eks.data.aws_iam_policy_document.custom",
            "module.eks.data.aws_iam_policy_document.node_assume_role_policy",
            "module.eks.data.aws_iam_session_context.current",
            "module.eks.data.aws_partition.current",
            "module.eks.data.tls_certificate.this",
            "module.eks.module.eks_managed_node_group.aws_autoscaling_schedule.this",
            "module.eks.module.eks_managed_node_group.aws_eks_node_group.this",
            "module.eks.module.eks_managed_node_group.aws_iam_role.this",
            "module.eks.module.eks_managed_node_group.aws_iam_role_policy.this",
            "module.eks.module.eks_managed_node_group.aws_iam_role_policy_attachment.additional",
            "module.eks.module.eks_managed_node_group.aws_iam_role_policy_attachment.this",
            "module.eks.module.eks_managed_node_group.aws_launch_template.this",
            "module.eks.module.eks_managed_node_group.aws_placement_group.this",
            "module.eks.module.eks_managed_node_group.data.aws_caller_identity.current",
            "module.eks.module.eks_managed_node_group.data.aws_ec2_instance_type.this",
            "module.eks.module.eks_managed_node_group.data.aws_ec2_instance_type_offerings.this",
            "module.eks.module.eks_managed_node_group.data.aws_iam_policy_document.assume_role_policy",
            "module.eks.module.eks_managed_node_group.data.aws_iam_policy_document.role",
            "module.eks.module.eks_managed_node_group.data.aws_partition.current",
            "module.eks.module.eks_managed_node_group.data.aws_ssm_parameter.ami",
            "module.eks.module.eks_managed_node_group.data.aws_subnets.placement_group",
            "module.eks.module.eks_managed_node_group.module.user_data.data.cloudinit_config.al2023_eks_managed_node_group",
            "module.eks.module.eks_managed_node_group.module.user_data.data.cloudinit_config.linux_eks_managed_node_group",
            "module.eks.module.eks_managed_node_group.module.user_data.null_resource.validate_cluster_service_cidr",
            "module.eks.module.fargate_profile.aws_eks_fargate_profile.this",
            "module.eks.module.fargate_profile.aws_iam_role.this",
            "module.eks.module.fargate_profile.aws_iam_role_policy.this",
            "module.eks.module.fargate_profile.aws_iam_role_policy_attachment.additional",
            "module.eks.module.fargate_profile.aws_iam_role_policy_attachment.this",
            "module.eks.module.fargate_profile.data.aws_caller_identity.current",
            "module.eks.module.fargate_profile.data.aws_iam_policy_document.assume_role_policy",
            "module.eks.module.fargate_profile.data.aws_iam_policy_document.role",
            "module.eks.module.fargate_profile.data.aws_partition.current",
            "module.eks.module.fargate_profile.data.aws_region.current",
            "module.eks.module.kms.aws_kms_alias.this",
            "module.eks.module.kms.aws_kms_external_key.this",
            "module.eks.module.kms.aws_kms_grant.this",
            "module.eks.module.kms.aws_kms_key.this",
            "module.eks.module.kms.aws_kms_replica_external_key.this",
            "module.eks.module.kms.aws_kms_replica_key.this",
            "module.eks.module.kms.data.aws_caller_identity.current",
            "module.eks.module.kms.data.aws_iam_policy_document.this",
            "module.eks.module.kms.data.aws_partition.current",
            "module.eks.module.self_managed_node_group.aws_autoscaling_group.this",
            "module.eks.module.self_managed_node_group.aws_autoscaling_schedule.this",
            "module.eks.module.self_managed_node_group.aws_eks_access_entry.this",
            "module.eks.module.self_managed_node_group.aws_iam_instance_profile.this",
            "module.eks.module.self_managed_node_group.aws_iam_role.this",
            "module.eks.module.self_managed_node_group.aws_iam_role_policy.this",
            "module.eks.module.self_managed_node_group.aws_iam_role_policy_attachment.additional",
            "module.eks.module.self_managed_node_group.aws_iam_role_policy_attachment.this",
            "module.eks.module.self_managed_node_group.aws_launch_template.this",
            "module.eks.module.self_managed_node_group.aws_placement_group.this",
            "module.eks.module.self_managed_node_group.data.aws_caller_identity.current",
            "module.eks.module.self_managed_node_group.data.aws_ec2_instance_type.this",
            "module.eks.module.self_managed_node_group.data.aws_ec2_instance_type_offerings.this",
            "module.eks.module.self_managed_node_group.data.aws_iam_policy_document.assume_role_policy",
            "module.eks.module.self_managed_node_group.data.aws_iam_policy_document.role",
            "module.eks.module.self_managed_node_group.data.aws_partition.current",
            "module.eks.module.self_managed_node_group.data.aws_ssm_parameter.ami",
            "module.eks.module.self_managed_node_group.data.aws_subnets.placement_group",
            "module.eks.module.self_managed_node_group.module.user_data.data.cloudinit_config.al2023_eks_managed_node_group",
            "module.eks.module.self_managed_node_group.module.user_data.data.cloudinit_config.linux_eks_managed_node_group",
            "module.eks.module.self_managed_node_group.module.user_data.null_resource.validate_cluster_service_cidr",
            "module.eks.time_sleep.this",
            "module.eks_blueprints_addons.module.aws_load_balancer_controller.data.aws_caller_identity.current",
            "module.eks_blueprints_addons.module.aws_load_balancer_controller.data.aws_iam_policy_document.assume",
            "module.eks_blueprints_addons.module.aws_load_balancer_controller.data.aws_partition.current",
            "module.eks_blueprints_addons.time_sleep.this",
            "module.vpc.aws_cloudwatch_log_group.flow_log",
            "module.vpc.aws_customer_gateway.this",
            "module.vpc.aws_db_subnet_group.database",
            "module.vpc.aws_default_network_acl.this",
            "module.vpc.aws_default_route_table.default",
            "module.vpc.aws_default_security_group.this",
            "module.vpc.aws_default_vpc.this",
            "module.vpc.aws_egress_only_internet_gateway.this",
            "module.vpc.aws_eip.nat",
            "module.vpc.aws_elasticache_subnet_group.elasticache",
            "module.vpc.aws_flow_log.this",
            "module.vpc.aws_iam_policy.vpc_flow_log_cloudwatch",
            "module.vpc.aws_iam_role.vpc_flow_log_cloudwatch",
            "module.vpc.aws_iam_role_policy_attachment.vpc_flow_log_cloudwatch",
            "module.vpc.aws_internet_gateway.this",
            "module.vpc.aws_nat_gateway.this",
            "module.vpc.aws_network_acl.database",
            "module.vpc.aws_network_acl.elasticache",
            "module.vpc.aws_network_acl.intra",
            "module.vpc.aws_network_acl.outpost",
            "module.vpc.aws_network_acl.private",
            "module.vpc.aws_network_acl.public",
            "module.vpc.aws_network_acl.redshift",
            "module.vpc.aws_network_acl_rule.database_inbound",
            "module.vpc.aws_network_acl_rule.database_outbound",
            "module.vpc.aws_network_acl_rule.elasticache_inbound",
            "module.vpc.aws_network_acl_rule.elasticache_outbound",
            "module.vpc.aws_network_acl_rule.intra_inbound",
            "module.vpc.aws_network_acl_rule.intra_outbound",
            "module.vpc.aws_network_acl_rule.outpost_inbound",
            "module.vpc.aws_network_acl_rule.outpost_outbound",
            "module.vpc.aws_network_acl_rule.private_inbound",
            "module.vpc.aws_network_acl_rule.private_outbound",
            "module.vpc.aws_network_acl_rule.public_inbound",
            "module.vpc.aws_network_acl_rule.public_outbound",
            "module.vpc.aws_network_acl_rule.redshift_inbound",
            "module.vpc.aws_network_acl_rule.redshift_outbound",
            "module.vpc.aws_redshift_subnet_group.redshift",
            "module.vpc.aws_route.database_dns64_nat_gateway",
            "module.vpc.aws_route.database_internet_gateway",
            "module.vpc.aws_route.database_ipv6_egress",
            "module.vpc.aws_route.database_nat_gateway",
            "module.vpc.aws_route.private_dns64_nat_gateway",
            "module.vpc.aws_route.private_ipv6_egress",
            "module.vpc.aws_route.private_nat_gateway",
            "module.vpc.aws_route.public_internet_gateway",
            "module.vpc.aws_route.public_internet_gateway_ipv6",
            "module.vpc.aws_route_table.database",
            "module.vpc.aws_route_table.elasticache",
            "module.vpc.aws_route_table.intra",
            "module.vpc.aws_route_table.private",
            "module.vpc.aws_route_table.public",
            "module.vpc.aws_route_table.redshift",
            "module.vpc.aws_route_table_association.database",
            "module.vpc.aws_route_table_association.elasticache",
            "module.vpc.aws_route_table_association.intra",
            "module.vpc.aws_route_table_association.outpost",
            "module.vpc.aws_route_table_association.private",
            "module.vpc.aws_route_table_association.public",
            "module.vpc.aws_route_table_association.redshift",
            "module.vpc.aws_route_table_association.redshift_public",
            "module.vpc.aws_subnet.database",
            "module.vpc.aws_subnet.elasticache",
            "module.vpc.aws_subnet.intra",
            "module.vpc.aws_subnet.outpost",
            "module.vpc.aws_subnet.private",
            "module.vpc.aws_subnet.public",
            "module.vpc.aws_subnet.redshift",
            "module.vpc.aws_vpc.this",
            "module.vpc.aws_vpc_dhcp_options.this",
            "module.vpc.aws_vpc_dhcp_options_association.this",
            "module.vpc.aws_vpc_ipv4_cidr_block_association.this",
            "module.vpc.aws_vpn_gateway.this",
            "module.vpc.aws_vpn_gateway_attachment.this",
            "module.vpc.aws_vpn_gateway_route_propagation.intra",
            "module.vpc.aws_vpn_gateway_route_propagation.private",
            "module.vpc.aws_vpn_gateway_route_propagation.public",
            "module.vpc.data.aws_caller_identity.current",
            "module.vpc.data.aws_iam_policy_document.flow_log_cloudwatch_assume_role",
            "module.vpc.data.aws_iam_policy_document.vpc_flow_log_cloudwatch",
            "module.vpc.data.aws_partition.current",
            "module.vpc.data.aws_region.current"
          ],
          "create_before_destroy": true
        }
      ]
    },
    {
      "module": "module.eks_blueprints_addons.module.aws_load_balancer_controller",
      "mode": "managed",
      "type": "aws_iam_role_policy_attachment",
      "name": "additional",
      "provider": "provider[\"registry.terraform.io/hashicorp/aws\"]",
      "instances": []
    },
    {
      "module": "module.eks_blueprints_addons.module.aws_load_balancer_controller",
      "mode": "managed",
      "type": "aws_iam_role_policy_attachment",
      "name": "this",
      "provider": "provider[\"registry.terraform.io/hashicorp/aws\"]",
      "instances": [
        {
          "index_key": 0,
          "schema_version": 0,
          "attributes": {
            "id": "alb-controller-2025020121223779620000001d-2025020121223873150000001f",
            "policy_arn": "arn:aws:iam::058264364931:policy/alb-controller-2025020121220783450000001c",
            "role": "alb-controller-2025020121223779620000001d"
          },
          "sensitive_attributes": [],
          "private": "bnVsbA==",
          "dependencies": [
            "aws_iam_openid_connect_provider.eks",
            "data.aws_availability_zones.available",
            "data.tls_certificate.eks",
            "module.eks.aws_cloudwatch_log_group.this",
            "module.eks.aws_ec2_tag.cluster_primary_security_group",
            "module.eks.aws_eks_access_entry.this",
            "module.eks.aws_eks_access_policy_association.this",
            "module.eks.aws_eks_addon.before_compute",
            "module.eks.aws_eks_addon.this",
            "module.eks.aws_eks_cluster.this",
            "module.eks.aws_eks_identity_provider_config.this",
            "module.eks.aws_iam_openid_connect_provider.oidc_provider",
            "module.eks.aws_iam_policy.cluster_encryption",
            "module.eks.aws_iam_policy.cni_ipv6_policy",
            "module.eks.aws_iam_policy.custom",
            "module.eks.aws_iam_role.eks_auto",
            "module.eks.aws_iam_role.this",
            "module.eks.aws_iam_role_policy_attachment.additional",
            "module.eks.aws_iam_role_policy_attachment.cluster_encryption",
            "module.eks.aws_iam_role_policy_attachment.custom",
            "module.eks.aws_iam_role_policy_attachment.eks_auto",
            "module.eks.aws_iam_role_policy_attachment.eks_auto_additional",
            "module.eks.aws_iam_role_policy_attachment.this",
            "module.eks.aws_security_group.cluster",
            "module.eks.aws_security_group.node",
            "module.eks.aws_security_group_rule.cluster",
            "module.eks.aws_security_group_rule.node",
            "module.eks.data.aws_caller_identity.current",
            "module.eks.data.aws_eks_addon_version.this",
            "module.eks.data.aws_iam_policy_document.assume_role_policy",
            "module.eks.data.aws_iam_policy_document.cni_ipv6_policy",
            "module.eks.data.aws_iam_policy_document.custom",
            "module.eks.data.aws_iam_policy_document.node_assume_role_policy",
            "module.eks.data.aws_iam_session_context.current",
            "module.eks.data.aws_partition.current",
            "module.eks.data.tls_certificate.this",
            "module.eks.module.eks_managed_node_group.aws_autoscaling_schedule.this",
            "module.eks.module.eks_managed_node_group.aws_eks_node_group.this",
            "module.eks.module.eks_managed_node_group.aws_iam_role.this",
            "module.eks.module.eks_managed_node_group.aws_iam_role_policy.this",
            "module.eks.module.eks_managed_node_group.aws_iam_role_policy_attachment.additional",
            "module.eks.module.eks_managed_node_group.aws_iam_role_policy_attachment.this",
            "module.eks.module.eks_managed_node_group.aws_launch_template.this",
            "module.eks.module.eks_managed_node_group.aws_placement_group.this",
            "module.eks.module.eks_managed_node_group.data.aws_caller_identity.current",
            "module.eks.module.eks_managed_node_group.data.aws_ec2_instance_type.this",
            "module.eks.module.eks_managed_node_group.data.aws_ec2_instance_type_offerings.this",
            "module.eks.module.eks_managed_node_group.data.aws_iam_policy_document.assume_role_policy",
            "module.eks.module.eks_managed_node_group.data.aws_iam_policy_document.role",
            "module.eks.module.eks_managed_node_group.data.aws_partition.current",
            "module.eks.module.eks_managed_node_group.data.aws_ssm_parameter.ami",
            "module.eks.module.eks_managed_node_group.data.aws_subnets.placement_group",
            "module.eks.module.eks_managed_node_group.module.user_data.data.cloudinit_config.al2023_eks_managed_node_group",
            "module.eks.module.eks_managed_node_group.module.user_data.data.cloudinit_config.linux_eks_managed_node_group",
            "module.eks.module.eks_managed_node_group.module.user_data.null_resource.validate_cluster_service_cidr",
            "module.eks.module.fargate_profile.aws_eks_fargate_profile.this",
            "module.eks.module.fargate_profile.aws_iam_role.this",
            "module.eks.module.fargate_profile.aws_iam_role_policy.this",
            "module.eks.module.fargate_profile.aws_iam_role_policy_attachment.additional",
            "module.eks.module.fargate_profile.aws_iam_role_policy_attachment.this",
            "module.eks.module.fargate_profile.data.aws_caller_identity.current",
            "module.eks.module.fargate_profile.data.aws_iam_policy_document.assume_role_policy",
            "module.eks.module.fargate_profile.data.aws_iam_policy_document.role",
            "module.eks.module.fargate_profile.data.aws_partition.current",
            "module.eks.module.fargate_profile.data.aws_region.current",
            "module.eks.module.kms.aws_kms_alias.this",
            "module.eks.module.kms.aws_kms_external_key.this",
            "module.eks.module.kms.aws_kms_grant.this",
            "module.eks.module.kms.aws_kms_key.this",
            "module.eks.module.kms.aws_kms_replica_external_key.this",
            "module.eks.module.kms.aws_kms_replica_key.this",
            "module.eks.module.kms.data.aws_caller_identity.current",
            "module.eks.module.kms.data.aws_iam_policy_document.this",
            "module.eks.module.kms.data.aws_partition.current",
            "module.eks.module.self_managed_node_group.aws_autoscaling_group.this",
            "module.eks.module.self_managed_node_group.aws_autoscaling_schedule.this",
            "module.eks.module.self_managed_node_group.aws_eks_access_entry.this",
            "module.eks.module.self_managed_node_group.aws_iam_instance_profile.this",
            "module.eks.module.self_managed_node_group.aws_iam_role.this",
            "module.eks.module.self_managed_node_group.aws_iam_role_policy.this",
            "module.eks.module.self_managed_node_group.aws_iam_role_policy_attachment.additional",
            "module.eks.module.self_managed_node_group.aws_iam_role_policy_attachment.this",
            "module.eks.module.self_managed_node_group.aws_launch_template.this",
            "module.eks.module.self_managed_node_group.aws_placement_group.this",
            "module.eks.module.self_managed_node_group.data.aws_caller_identity.current",
            "module.eks.module.self_managed_node_group.data.aws_ec2_instance_type.this",
            "module.eks.module.self_managed_node_group.data.aws_ec2_instance_type_offerings.this",
            "module.eks.module.self_managed_node_group.data.aws_iam_policy_document.assume_role_policy",
            "module.eks.module.self_managed_node_group.data.aws_iam_policy_document.role",
            "module.eks.module.self_managed_node_group.data.aws_partition.current",
            "module.eks.module.self_managed_node_group.data.aws_ssm_parameter.ami",
            "module.eks.module.self_managed_node_group.data.aws_subnets.placement_group",
            "module.eks.module.self_managed_node_group.module.user_data.data.cloudinit_config.al2023_eks_managed_node_group",
            "module.eks.module.self_managed_node_group.module.user_data.data.cloudinit_config.linux_eks_managed_node_group",
            "module.eks.module.self_managed_node_group.module.user_data.null_resource.validate_cluster_service_cidr",
            "module.eks.time_sleep.this",
            "module.eks_blueprints_addons.data.aws_iam_policy_document.aws_load_balancer_controller",
            "module.eks_blueprints_addons.data.aws_partition.current",
            "module.eks_blueprints_addons.module.aws_load_balancer_controller.aws_iam_policy.this",
            "module.eks_blueprints_addons.module.aws_load_balancer_controller.aws_iam_role.this",
            "module.eks_blueprints_addons.module.aws_load_balancer_controller.data.aws_caller_identity.current",
            "module.eks_blueprints_addons.module.aws_load_balancer_controller.data.aws_iam_policy_document.assume",
            "module.eks_blueprints_addons.module.aws_load_balancer_controller.data.aws_iam_policy_document.this",
            "module.eks_blueprints_addons.module.aws_load_balancer_controller.data.aws_partition.current",
            "module.eks_blueprints_addons.time_sleep.this",
            "module.vpc.aws_cloudwatch_log_group.flow_log",
            "module.vpc.aws_customer_gateway.this",
            "module.vpc.aws_db_subnet_group.database",
            "module.vpc.aws_default_network_acl.this",
            "module.vpc.aws_default_route_table.default",
            "module.vpc.aws_default_security_group.this",
            "module.vpc.aws_default_vpc.this",
            "module.vpc.aws_egress_only_internet_gateway.this",
            "module.vpc.aws_eip.nat",
            "module.vpc.aws_elasticache_subnet_group.elasticache",
            "module.vpc.aws_flow_log.this",
            "module.vpc.aws_iam_policy.vpc_flow_log_cloudwatch",
            "module.vpc.aws_iam_role.vpc_flow_log_cloudwatch",
            "module.vpc.aws_iam_role_policy_attachment.vpc_flow_log_cloudwatch",
            "module.vpc.aws_internet_gateway.this",
            "module.vpc.aws_nat_gateway.this",
            "module.vpc.aws_network_acl.database",
            "module.vpc.aws_network_acl.elasticache",
            "module.vpc.aws_network_acl.intra",
            "module.vpc.aws_network_acl.outpost",
            "module.vpc.aws_network_acl.private",
            "module.vpc.aws_network_acl.public",
            "module.vpc.aws_network_acl.redshift",
            "module.vpc.aws_network_acl_rule.database_inbound",
            "module.vpc.aws_network_acl_rule.database_outbound",
            "module.vpc.aws_network_acl_rule.elasticache_inbound",
            "module.vpc.aws_network_acl_rule.elasticache_outbound",
            "module.vpc.aws_network_acl_rule.intra_inbound",
            "module.vpc.aws_network_acl_rule.intra_outbound",
            "module.vpc.aws_network_acl_rule.outpost_inbound",
            "module.vpc.aws_network_acl_rule.outpost_outbound",
            "module.vpc.aws_network_acl_rule.private_inbound",
            "module.vpc.aws_network_acl_rule.private_outbound",
            "module.vpc.aws_network_acl_rule.public_inbound",
            "module.vpc.aws_network_acl_rule.public_outbound",
            "module.vpc.aws_network_acl_rule.redshift_inbound",
            "module.vpc.aws_network_acl_rule.redshift_outbound",
            "module.vpc.aws_redshift_subnet_group.redshift",
            "module.vpc.aws_route.database_dns64_nat_gateway",
            "module.vpc.aws_route.database_internet_gateway",
            "module.vpc.aws_route.database_ipv6_egress",
            "module.vpc.aws_route.database_nat_gateway",
            "module.vpc.aws_route.private_dns64_nat_gateway",
            "module.vpc.aws_route.private_ipv6_egress",
            "module.vpc.aws_route.private_nat_gateway",
            "module.vpc.aws_route.public_internet_gateway",
            "module.vpc.aws_route.public_internet_gateway_ipv6",
            "module.vpc.aws_route_table.database",
            "module.vpc.aws_route_table.elasticache",
            "module.vpc.aws_route_table.intra",
            "module.vpc.aws_route_table.private",
            "module.vpc.aws_route_table.public",
            "module.vpc.aws_route_table.redshift",
            "module.vpc.aws_route_table_association.database",
            "module.vpc.aws_route_table_association.elasticache",
            "module.vpc.aws_route_table_association.intra",
            "module.vpc.aws_route_table_association.outpost",
            "module.vpc.aws_route_table_association.private",
            "module.vpc.aws_route_table_association.public",
            "module.vpc.aws_route_table_association.redshift",
            "module.vpc.aws_route_table_association.redshift_public",
            "module.vpc.aws_subnet.database",
            "module.vpc.aws_subnet.elasticache",
            "module.vpc.aws_subnet.intra",
            "module.vpc.aws_subnet.outpost",
            "module.vpc.aws_subnet.private",
            "module.vpc.aws_subnet.public",
            "module.vpc.aws_subnet.redshift",
            "module.vpc.aws_vpc.this",
            "module.vpc.aws_vpc_dhcp_options.this",
            "module.vpc.aws_vpc_dhcp_options_association.this",
            "module.vpc.aws_vpc_ipv4_cidr_block_association.this",
            "module.vpc.aws_vpn_gateway.this",
            "module.vpc.aws_vpn_gateway_attachment.this",
            "module.vpc.aws_vpn_gateway_route_propagation.intra",
            "module.vpc.aws_vpn_gateway_route_propagation.private",
            "module.vpc.aws_vpn_gateway_route_propagation.public",
            "module.vpc.data.aws_caller_identity.current",
            "module.vpc.data.aws_iam_policy_document.flow_log_cloudwatch_assume_role",
            "module.vpc.data.aws_iam_policy_document.vpc_flow_log_cloudwatch",
            "module.vpc.data.aws_partition.current",
            "module.vpc.data.aws_region.current"
          ],
          "create_before_destroy": true
        }
      ]
    },
    {
      "module": "module.eks_blueprints_addons.module.aws_load_balancer_controller",
      "mode": "managed",
      "type": "helm_release",
      "name": "this",
      "provider": "provider[\"registry.terraform.io/hashicorp/helm\"]",
      "instances": [
        {
          "index_key": 0,
          "schema_version": 1,
          "attributes": {
            "atomic": false,
            "chart": "aws-load-balancer-controller",
            "cleanup_on_fail": false,
            "create_namespace": false,
            "dependency_update": false,
            "description": "A Helm chart to deploy aws-load-balancer-controller for ingress resources",
            "devel": null,
            "disable_crd_hooks": false,
            "disable_openapi_validation": false,
            "disable_webhooks": false,
            "force_update": false,
            "id": "aws-load-balancer-controller",
            "keyring": null,
            "lint": false,
            "manifest": null,
            "max_history": 0,
            "metadata": [
              {
                "app_version": "v2.7.1",
                "chart": "aws-load-balancer-controller",
                "first_deployed": 1738444963,
                "last_deployed": 1738444963,
                "name": "aws-load-balancer-controller",
                "namespace": "kube-system",
                "notes": "AWS Load Balancer controller installed!\n",
                "revision": 1,
                "values": "{\"clusterName\":\"octopus\",\"region\":\"us-east-1\",\"serviceAccount\":{\"annotations\":{\"eks.amazonaws.com/role-arn\":\"arn:aws:iam::058264364931:role/alb-controller-2025020121223779620000001d\"},\"name\":\"aws-load-balancer-controller-sa\"},\"vpcId\":\"vpc-093e4d1694f29756d\"}",
                "version": "1.7.1"
              }
            ],
            "name": "aws-load-balancer-controller",
            "namespace": "kube-system",
            "pass_credentials": false,
            "postrender": [],
            "recreate_pods": false,
            "render_subchart_notes": true,
            "replace": false,
            "repository": "https://aws.github.io/eks-charts",
            "repository_ca_file": null,
            "repository_cert_file": null,
            "repository_key_file": null,
            "repository_password": null,
            "repository_username": null,
            "reset_values": false,
            "reuse_values": false,
            "set": [
              {
                "name": "clusterName",
                "type": "",
                "value": "octopus"
              },
              {
                "name": "region",
                "type": "",
                "value": "us-east-1"
              },
              {
                "name": "serviceAccount.annotations.eks\\.amazonaws\\.com/role-arn",
                "type": "",
                "value": "arn:aws:iam::058264364931:role/alb-controller-2025020121223779620000001d"
              },
              {
                "name": "serviceAccount.name",
                "type": "",
                "value": "aws-load-balancer-controller-sa"
              },
              {
                "name": "vpcId",
                "type": "",
                "value": "vpc-093e4d1694f29756d"
              }
            ],
            "set_list": [],
            "set_sensitive": [],
            "skip_crds": false,
            "status": "deployed",
            "timeout": 900,
            "upgrade_install": null,
            "values": [],
            "verify": false,
            "version": "1.7.1",
            "wait": true,
            "wait_for_jobs": false
          },
          "sensitive_attributes": [
            [
              {
                "type": "get_attr",
                "value": "repository_password"
              }
            ]
          ],
          "private": "eyJzY2hlbWFfdmVyc2lvbiI6IjEifQ==",
          "dependencies": [
            "aws_iam_openid_connect_provider.eks",
            "data.aws_availability_zones.available",
            "data.aws_eks_cluster_auth.cluster_auth",
            "data.tls_certificate.eks",
            "module.eks.aws_cloudwatch_log_group.this",
            "module.eks.aws_ec2_tag.cluster_primary_security_group",
            "module.eks.aws_eks_access_entry.this",
            "module.eks.aws_eks_access_policy_association.this",
            "module.eks.aws_eks_addon.before_compute",
            "module.eks.aws_eks_addon.this",
            "module.eks.aws_eks_cluster.this",
            "module.eks.aws_eks_identity_provider_config.this",
            "module.eks.aws_iam_openid_connect_provider.oidc_provider",
            "module.eks.aws_iam_policy.cluster_encryption",
            "module.eks.aws_iam_policy.cni_ipv6_policy",
            "module.eks.aws_iam_policy.custom",
            "module.eks.aws_iam_role.eks_auto",
            "module.eks.aws_iam_role.this",
            "module.eks.aws_iam_role_policy_attachment.additional",
            "module.eks.aws_iam_role_policy_attachment.cluster_encryption",
            "module.eks.aws_iam_role_policy_attachment.custom",
            "module.eks.aws_iam_role_policy_attachment.eks_auto",
            "module.eks.aws_iam_role_policy_attachment.eks_auto_additional",
            "module.eks.aws_iam_role_policy_attachment.this",
            "module.eks.aws_security_group.cluster",
            "module.eks.aws_security_group.node",
            "module.eks.aws_security_group_rule.cluster",
            "module.eks.aws_security_group_rule.node",
            "module.eks.data.aws_caller_identity.current",
            "module.eks.data.aws_eks_addon_version.this",
            "module.eks.data.aws_iam_policy_document.assume_role_policy",
            "module.eks.data.aws_iam_policy_document.cni_ipv6_policy",
            "module.eks.data.aws_iam_policy_document.custom",
            "module.eks.data.aws_iam_policy_document.node_assume_role_policy",
            "module.eks.data.aws_iam_session_context.current",
            "module.eks.data.aws_partition.current",
            "module.eks.data.tls_certificate.this",
            "module.eks.module.eks_managed_node_group.aws_autoscaling_schedule.this",
            "module.eks.module.eks_managed_node_group.aws_eks_node_group.this",
            "module.eks.module.eks_managed_node_group.aws_iam_role.this",
            "module.eks.module.eks_managed_node_group.aws_iam_role_policy.this",
            "module.eks.module.eks_managed_node_group.aws_iam_role_policy_attachment.additional",
            "module.eks.module.eks_managed_node_group.aws_iam_role_policy_attachment.this",
            "module.eks.module.eks_managed_node_group.aws_launch_template.this",
            "module.eks.module.eks_managed_node_group.aws_placement_group.this",
            "module.eks.module.eks_managed_node_group.data.aws_caller_identity.current",
            "module.eks.module.eks_managed_node_group.data.aws_ec2_instance_type.this",
            "module.eks.module.eks_managed_node_group.data.aws_ec2_instance_type_offerings.this",
            "module.eks.module.eks_managed_node_group.data.aws_iam_policy_document.assume_role_policy",
            "module.eks.module.eks_managed_node_group.data.aws_iam_policy_document.role",
            "module.eks.module.eks_managed_node_group.data.aws_partition.current",
            "module.eks.module.eks_managed_node_group.data.aws_ssm_parameter.ami",
            "module.eks.module.eks_managed_node_group.data.aws_subnets.placement_group",
            "module.eks.module.eks_managed_node_group.module.user_data.data.cloudinit_config.al2023_eks_managed_node_group",
            "module.eks.module.eks_managed_node_group.module.user_data.data.cloudinit_config.linux_eks_managed_node_group",
            "module.eks.module.eks_managed_node_group.module.user_data.null_resource.validate_cluster_service_cidr",
            "module.eks.module.fargate_profile.aws_eks_fargate_profile.this",
            "module.eks.module.fargate_profile.aws_iam_role.this",
            "module.eks.module.fargate_profile.aws_iam_role_policy.this",
            "module.eks.module.fargate_profile.aws_iam_role_policy_attachment.additional",
            "module.eks.module.fargate_profile.aws_iam_role_policy_attachment.this",
            "module.eks.module.fargate_profile.data.aws_caller_identity.current",
            "module.eks.module.fargate_profile.data.aws_iam_policy_document.assume_role_policy",
            "module.eks.module.fargate_profile.data.aws_iam_policy_document.role",
            "module.eks.module.fargate_profile.data.aws_partition.current",
            "module.eks.module.fargate_profile.data.aws_region.current",
            "module.eks.module.kms.aws_kms_alias.this",
            "module.eks.module.kms.aws_kms_external_key.this",
            "module.eks.module.kms.aws_kms_grant.this",
            "module.eks.module.kms.aws_kms_key.this",
            "module.eks.module.kms.aws_kms_replica_external_key.this",
            "module.eks.module.kms.aws_kms_replica_key.this",
            "module.eks.module.kms.data.aws_caller_identity.current",
            "module.eks.module.kms.data.aws_iam_policy_document.this",
            "module.eks.module.kms.data.aws_partition.current",
            "module.eks.module.self_managed_node_group.aws_autoscaling_group.this",
            "module.eks.module.self_managed_node_group.aws_autoscaling_schedule.this",
            "module.eks.module.self_managed_node_group.aws_eks_access_entry.this",
            "module.eks.module.self_managed_node_group.aws_iam_instance_profile.this",
            "module.eks.module.self_managed_node_group.aws_iam_role.this",
            "module.eks.module.self_managed_node_group.aws_iam_role_policy.this",
            "module.eks.module.self_managed_node_group.aws_iam_role_policy_attachment.additional",
            "module.eks.module.self_managed_node_group.aws_iam_role_policy_attachment.this",
            "module.eks.module.self_managed_node_group.aws_launch_template.this",
            "module.eks.module.self_managed_node_group.aws_placement_group.this",
            "module.eks.module.self_managed_node_group.data.aws_caller_identity.current",
            "module.eks.module.self_managed_node_group.data.aws_ec2_instance_type.this",
            "module.eks.module.self_managed_node_group.data.aws_ec2_instance_type_offerings.this",
            "module.eks.module.self_managed_node_group.data.aws_iam_policy_document.assume_role_policy",
            "module.eks.module.self_managed_node_group.data.aws_iam_policy_document.role",
            "module.eks.module.self_managed_node_group.data.aws_partition.current",
            "module.eks.module.self_managed_node_group.data.aws_ssm_parameter.ami",
            "module.eks.module.self_managed_node_group.data.aws_subnets.placement_group",
            "module.eks.module.self_managed_node_group.module.user_data.data.cloudinit_config.al2023_eks_managed_node_group",
            "module.eks.module.self_managed_node_group.module.user_data.data.cloudinit_config.linux_eks_managed_node_group",
            "module.eks.module.self_managed_node_group.module.user_data.null_resource.validate_cluster_service_cidr",
            "module.eks.time_sleep.this",
            "module.eks_blueprints_addons.module.aws_load_balancer_controller.aws_iam_role.this",
            "module.eks_blueprints_addons.module.aws_load_balancer_controller.data.aws_caller_identity.current",
            "module.eks_blueprints_addons.module.aws_load_balancer_controller.data.aws_iam_policy_document.assume",
            "module.eks_blueprints_addons.module.aws_load_balancer_controller.data.aws_partition.current",
            "module.eks_blueprints_addons.time_sleep.this",
            "module.vpc.aws_cloudwatch_log_group.flow_log",
            "module.vpc.aws_customer_gateway.this",
            "module.vpc.aws_db_subnet_group.database",
            "module.vpc.aws_default_network_acl.this",
            "module.vpc.aws_default_route_table.default",
            "module.vpc.aws_default_security_group.this",
            "module.vpc.aws_default_vpc.this",
            "module.vpc.aws_egress_only_internet_gateway.this",
            "module.vpc.aws_eip.nat",
            "module.vpc.aws_elasticache_subnet_group.elasticache",
            "module.vpc.aws_flow_log.this",
            "module.vpc.aws_iam_policy.vpc_flow_log_cloudwatch",
            "module.vpc.aws_iam_role.vpc_flow_log_cloudwatch",
            "module.vpc.aws_iam_role_policy_attachment.vpc_flow_log_cloudwatch",
            "module.vpc.aws_internet_gateway.this",
            "module.vpc.aws_nat_gateway.this",
            "module.vpc.aws_network_acl.database",
            "module.vpc.aws_network_acl.elasticache",
            "module.vpc.aws_network_acl.intra",
            "module.vpc.aws_network_acl.outpost",
            "module.vpc.aws_network_acl.private",
            "module.vpc.aws_network_acl.public",
            "module.vpc.aws_network_acl.redshift",
            "module.vpc.aws_network_acl_rule.database_inbound",
            "module.vpc.aws_network_acl_rule.database_outbound",
            "module.vpc.aws_network_acl_rule.elasticache_inbound",
            "module.vpc.aws_network_acl_rule.elasticache_outbound",
            "module.vpc.aws_network_acl_rule.intra_inbound",
            "module.vpc.aws_network_acl_rule.intra_outbound",
            "module.vpc.aws_network_acl_rule.outpost_inbound",
            "module.vpc.aws_network_acl_rule.outpost_outbound",
            "module.vpc.aws_network_acl_rule.private_inbound",
            "module.vpc.aws_network_acl_rule.private_outbound",
            "module.vpc.aws_network_acl_rule.public_inbound",
            "module.vpc.aws_network_acl_rule.public_outbound",
            "module.vpc.aws_network_acl_rule.redshift_inbound",
            "module.vpc.aws_network_acl_rule.redshift_outbound",
            "module.vpc.aws_redshift_subnet_group.redshift",
            "module.vpc.aws_route.database_dns64_nat_gateway",
            "module.vpc.aws_route.database_internet_gateway",
            "module.vpc.aws_route.database_ipv6_egress",
            "module.vpc.aws_route.database_nat_gateway",
            "module.vpc.aws_route.private_dns64_nat_gateway",
            "module.vpc.aws_route.private_ipv6_egress",
            "module.vpc.aws_route.private_nat_gateway",
            "module.vpc.aws_route.public_internet_gateway",
            "module.vpc.aws_route.public_internet_gateway_ipv6",
            "module.vpc.aws_route_table.database",
            "module.vpc.aws_route_table.elasticache",
            "module.vpc.aws_route_table.intra",
            "module.vpc.aws_route_table.private",
            "module.vpc.aws_route_table.public",
            "module.vpc.aws_route_table.redshift",
            "module.vpc.aws_route_table_association.database",
            "module.vpc.aws_route_table_association.elasticache",
            "module.vpc.aws_route_table_association.intra",
            "module.vpc.aws_route_table_association.outpost",
            "module.vpc.aws_route_table_association.private",
            "module.vpc.aws_route_table_association.public",
            "module.vpc.aws_route_table_association.redshift",
            "module.vpc.aws_route_table_association.redshift_public",
            "module.vpc.aws_subnet.database",
            "module.vpc.aws_subnet.elasticache",
            "module.vpc.aws_subnet.intra",
            "module.vpc.aws_subnet.outpost",
            "module.vpc.aws_subnet.private",
            "module.vpc.aws_subnet.public",
            "module.vpc.aws_subnet.redshift",
            "module.vpc.aws_vpc.this",
            "module.vpc.aws_vpc_dhcp_options.this",
            "module.vpc.aws_vpc_dhcp_options_association.this",
            "module.vpc.aws_vpc_ipv4_cidr_block_association.this",
            "module.vpc.aws_vpn_gateway.this",
            "module.vpc.aws_vpn_gateway_attachment.this",
            "module.vpc.aws_vpn_gateway_route_propagation.intra",
            "module.vpc.aws_vpn_gateway_route_propagation.private",
            "module.vpc.aws_vpn_gateway_route_propagation.public",
            "module.vpc.data.aws_caller_identity.current",
            "module.vpc.data.aws_iam_policy_document.flow_log_cloudwatch_assume_role",
            "module.vpc.data.aws_iam_policy_document.vpc_flow_log_cloudwatch",
            "module.vpc.data.aws_partition.current",
            "module.vpc.data.aws_region.current"
          ],
          "create_before_destroy": true
        }
      ]
    },
    {
      "module": "module.eks_blueprints_addons.module.aws_node_termination_handler",
      "mode": "data",
      "type": "aws_caller_identity",
      "name": "current",
      "provider": "provider[\"registry.terraform.io/hashicorp/aws\"]",
      "instances": []
    },
    {
      "module": "module.eks_blueprints_addons.module.aws_node_termination_handler",
      "mode": "data",
      "type": "aws_iam_policy_document",
      "name": "assume",
      "provider": "provider[\"registry.terraform.io/hashicorp/aws\"]",
      "instances": []
    },
    {
      "module": "module.eks_blueprints_addons.module.aws_node_termination_handler",
      "mode": "data",
      "type": "aws_iam_policy_document",
      "name": "this",
      "provider": "provider[\"registry.terraform.io/hashicorp/aws\"]",
      "instances": []
    },
    {
      "module": "module.eks_blueprints_addons.module.aws_node_termination_handler",
      "mode": "data",
      "type": "aws_partition",
      "name": "current",
      "provider": "provider[\"registry.terraform.io/hashicorp/aws\"]",
      "instances": []
    },
    {
      "module": "module.eks_blueprints_addons.module.aws_node_termination_handler",
      "mode": "managed",
      "type": "aws_iam_policy",
      "name": "this",
      "provider": "provider[\"registry.terraform.io/hashicorp/aws\"]",
      "instances": []
    },
    {
      "module": "module.eks_blueprints_addons.module.aws_node_termination_handler",
      "mode": "managed",
      "type": "aws_iam_role",
      "name": "this",
      "provider": "provider[\"registry.terraform.io/hashicorp/aws\"]",
      "instances": []
    },
    {
      "module": "module.eks_blueprints_addons.module.aws_node_termination_handler",
      "mode": "managed",
      "type": "aws_iam_role_policy_attachment",
      "name": "additional",
      "provider": "provider[\"registry.terraform.io/hashicorp/aws\"]",
      "instances": []
    },
    {
      "module": "module.eks_blueprints_addons.module.aws_node_termination_handler",
      "mode": "managed",
      "type": "aws_iam_role_policy_attachment",
      "name": "this",
      "provider": "provider[\"registry.terraform.io/hashicorp/aws\"]",
      "instances": []
    },
    {
      "module": "module.eks_blueprints_addons.module.aws_node_termination_handler",
      "mode": "managed",
      "type": "helm_release",
      "name": "this",
      "provider": "provider[\"registry.terraform.io/hashicorp/helm\"]",
      "instances": []
    },
    {
      "module": "module.eks_blueprints_addons.module.aws_node_termination_handler_sqs",
      "mode": "data",
      "type": "aws_iam_policy_document",
      "name": "dlq",
      "provider": "provider[\"registry.terraform.io/hashicorp/aws\"]",
      "instances": []
    },
    {
      "module": "module.eks_blueprints_addons.module.aws_node_termination_handler_sqs",
      "mode": "data",
      "type": "aws_iam_policy_document",
      "name": "this",
      "provider": "provider[\"registry.terraform.io/hashicorp/aws\"]",
      "instances": []
    },
    {
      "module": "module.eks_blueprints_addons.module.aws_node_termination_handler_sqs",
      "mode": "managed",
      "type": "aws_sqs_queue",
      "name": "dlq",
      "provider": "provider[\"registry.terraform.io/hashicorp/aws\"]",
      "instances": []
    },
    {
      "module": "module.eks_blueprints_addons.module.aws_node_termination_handler_sqs",
      "mode": "managed",
      "type": "aws_sqs_queue",
      "name": "this",
      "provider": "provider[\"registry.terraform.io/hashicorp/aws\"]",
      "instances": []
    },
    {
      "module": "module.eks_blueprints_addons.module.aws_node_termination_handler_sqs",
      "mode": "managed",
      "type": "aws_sqs_queue_policy",
      "name": "dlq",
      "provider": "provider[\"registry.terraform.io/hashicorp/aws\"]",
      "instances": []
    },
    {
      "module": "module.eks_blueprints_addons.module.aws_node_termination_handler_sqs",
      "mode": "managed",
      "type": "aws_sqs_queue_policy",
      "name": "this",
      "provider": "provider[\"registry.terraform.io/hashicorp/aws\"]",
      "instances": []
    },
    {
      "module": "module.eks_blueprints_addons.module.aws_node_termination_handler_sqs",
      "mode": "managed",
      "type": "aws_sqs_queue_redrive_allow_policy",
      "name": "dlq",
      "provider": "provider[\"registry.terraform.io/hashicorp/aws\"]",
      "instances": []
    },
    {
      "module": "module.eks_blueprints_addons.module.aws_node_termination_handler_sqs",
      "mode": "managed",
      "type": "aws_sqs_queue_redrive_allow_policy",
      "name": "this",
      "provider": "provider[\"registry.terraform.io/hashicorp/aws\"]",
      "instances": []
    },
    {
      "module": "module.eks_blueprints_addons.module.aws_node_termination_handler_sqs",
      "mode": "managed",
      "type": "aws_sqs_queue_redrive_policy",
      "name": "dlq",
      "provider": "provider[\"registry.terraform.io/hashicorp/aws\"]",
      "instances": []
    },
    {
      "module": "module.eks_blueprints_addons.module.aws_node_termination_handler_sqs",
      "mode": "managed",
      "type": "aws_sqs_queue_redrive_policy",
      "name": "this",
      "provider": "provider[\"registry.terraform.io/hashicorp/aws\"]",
      "instances": []
    },
    {
      "module": "module.eks_blueprints_addons.module.aws_privateca_issuer",
      "mode": "data",
      "type": "aws_caller_identity",
      "name": "current",
      "provider": "provider[\"registry.terraform.io/hashicorp/aws\"]",
      "instances": []
    },
    {
      "module": "module.eks_blueprints_addons.module.aws_privateca_issuer",
      "mode": "data",
      "type": "aws_iam_policy_document",
      "name": "assume",
      "provider": "provider[\"registry.terraform.io/hashicorp/aws\"]",
      "instances": []
    },
    {
      "module": "module.eks_blueprints_addons.module.aws_privateca_issuer",
      "mode": "data",
      "type": "aws_iam_policy_document",
      "name": "this",
      "provider": "provider[\"registry.terraform.io/hashicorp/aws\"]",
      "instances": []
    },
    {
      "module": "module.eks_blueprints_addons.module.aws_privateca_issuer",
      "mode": "data",
      "type": "aws_partition",
      "name": "current",
      "provider": "provider[\"registry.terraform.io/hashicorp/aws\"]",
      "instances": []
    },
    {
      "module": "module.eks_blueprints_addons.module.aws_privateca_issuer",
      "mode": "managed",
      "type": "aws_iam_policy",
      "name": "this",
      "provider": "provider[\"registry.terraform.io/hashicorp/aws\"]",
      "instances": []
    },
    {
      "module": "module.eks_blueprints_addons.module.aws_privateca_issuer",
      "mode": "managed",
      "type": "aws_iam_role",
      "name": "this",
      "provider": "provider[\"registry.terraform.io/hashicorp/aws\"]",
      "instances": []
    },
    {
      "module": "module.eks_blueprints_addons.module.aws_privateca_issuer",
      "mode": "managed",
      "type": "aws_iam_role_policy_attachment",
      "name": "additional",
      "provider": "provider[\"registry.terraform.io/hashicorp/aws\"]",
      "instances": []
    },
    {
      "module": "module.eks_blueprints_addons.module.aws_privateca_issuer",
      "mode": "managed",
      "type": "aws_iam_role_policy_attachment",
      "name": "this",
      "provider": "provider[\"registry.terraform.io/hashicorp/aws\"]",
      "instances": []
    },
    {
      "module": "module.eks_blueprints_addons.module.aws_privateca_issuer",
      "mode": "managed",
      "type": "helm_release",
      "name": "this",
      "provider": "provider[\"registry.terraform.io/hashicorp/helm\"]",
      "instances": []
    },
    {
      "module": "module.eks_blueprints_addons.module.bottlerocket_shadow",
      "mode": "data",
      "type": "aws_caller_identity",
      "name": "current",
      "provider": "provider[\"registry.terraform.io/hashicorp/aws\"]",
      "instances": []
    },
    {
      "module": "module.eks_blueprints_addons.module.bottlerocket_shadow",
      "mode": "data",
      "type": "aws_iam_policy_document",
      "name": "assume",
      "provider": "provider[\"registry.terraform.io/hashicorp/aws\"]",
      "instances": []
    },
    {
      "module": "module.eks_blueprints_addons.module.bottlerocket_shadow",
      "mode": "data",
      "type": "aws_iam_policy_document",
      "name": "this",
      "provider": "provider[\"registry.terraform.io/hashicorp/aws\"]",
      "instances": []
    },
    {
      "module": "module.eks_blueprints_addons.module.bottlerocket_shadow",
      "mode": "data",
      "type": "aws_partition",
      "name": "current",
      "provider": "provider[\"registry.terraform.io/hashicorp/aws\"]",
      "instances": []
    },
    {
      "module": "module.eks_blueprints_addons.module.bottlerocket_shadow",
      "mode": "managed",
      "type": "aws_iam_policy",
      "name": "this",
      "provider": "provider[\"registry.terraform.io/hashicorp/aws\"]",
      "instances": []
    },
    {
      "module": "module.eks_blueprints_addons.module.bottlerocket_shadow",
      "mode": "managed",
      "type": "aws_iam_role",
      "name": "this",
      "provider": "provider[\"registry.terraform.io/hashicorp/aws\"]",
      "instances": []
    },
    {
      "module": "module.eks_blueprints_addons.module.bottlerocket_shadow",
      "mode": "managed",
      "type": "aws_iam_role_policy_attachment",
      "name": "additional",
      "provider": "provider[\"registry.terraform.io/hashicorp/aws\"]",
      "instances": []
    },
    {
      "module": "module.eks_blueprints_addons.module.bottlerocket_shadow",
      "mode": "managed",
      "type": "aws_iam_role_policy_attachment",
      "name": "this",
      "provider": "provider[\"registry.terraform.io/hashicorp/aws\"]",
      "instances": []
    },
    {
      "module": "module.eks_blueprints_addons.module.bottlerocket_shadow",
      "mode": "managed",
      "type": "helm_release",
      "name": "this",
      "provider": "provider[\"registry.terraform.io/hashicorp/helm\"]",
      "instances": []
    },
    {
      "module": "module.eks_blueprints_addons.module.bottlerocket_update_operator",
      "mode": "data",
      "type": "aws_caller_identity",
      "name": "current",
      "provider": "provider[\"registry.terraform.io/hashicorp/aws\"]",
      "instances": []
    },
    {
      "module": "module.eks_blueprints_addons.module.bottlerocket_update_operator",
      "mode": "data",
      "type": "aws_iam_policy_document",
      "name": "assume",
      "provider": "provider[\"registry.terraform.io/hashicorp/aws\"]",
      "instances": []
    },
    {
      "module": "module.eks_blueprints_addons.module.bottlerocket_update_operator",
      "mode": "data",
      "type": "aws_iam_policy_document",
      "name": "this",
      "provider": "provider[\"registry.terraform.io/hashicorp/aws\"]",
      "instances": []
    },
    {
      "module": "module.eks_blueprints_addons.module.bottlerocket_update_operator",
      "mode": "data",
      "type": "aws_partition",
      "name": "current",
      "provider": "provider[\"registry.terraform.io/hashicorp/aws\"]",
      "instances": []
    },
    {
      "module": "module.eks_blueprints_addons.module.bottlerocket_update_operator",
      "mode": "managed",
      "type": "aws_iam_policy",
      "name": "this",
      "provider": "provider[\"registry.terraform.io/hashicorp/aws\"]",
      "instances": []
    },
    {
      "module": "module.eks_blueprints_addons.module.bottlerocket_update_operator",
      "mode": "managed",
      "type": "aws_iam_role",
      "name": "this",
      "provider": "provider[\"registry.terraform.io/hashicorp/aws\"]",
      "instances": []
    },
    {
      "module": "module.eks_blueprints_addons.module.bottlerocket_update_operator",
      "mode": "managed",
      "type": "aws_iam_role_policy_attachment",
      "name": "additional",
      "provider": "provider[\"registry.terraform.io/hashicorp/aws\"]",
      "instances": []
    },
    {
      "module": "module.eks_blueprints_addons.module.bottlerocket_update_operator",
      "mode": "managed",
      "type": "aws_iam_role_policy_attachment",
      "name": "this",
      "provider": "provider[\"registry.terraform.io/hashicorp/aws\"]",
      "instances": []
    },
    {
      "module": "module.eks_blueprints_addons.module.bottlerocket_update_operator",
      "mode": "managed",
      "type": "helm_release",
      "name": "this",
      "provider": "provider[\"registry.terraform.io/hashicorp/helm\"]",
      "instances": []
    },
    {
      "module": "module.eks_blueprints_addons.module.cert_manager",
      "mode": "data",
      "type": "aws_caller_identity",
      "name": "current",
      "provider": "provider[\"registry.terraform.io/hashicorp/aws\"]",
      "instances": []
    },
    {
      "module": "module.eks_blueprints_addons.module.cert_manager",
      "mode": "data",
      "type": "aws_iam_policy_document",
      "name": "assume",
      "provider": "provider[\"registry.terraform.io/hashicorp/aws\"]",
      "instances": []
    },
    {
      "module": "module.eks_blueprints_addons.module.cert_manager",
      "mode": "data",
      "type": "aws_iam_policy_document",
      "name": "this",
      "provider": "provider[\"registry.terraform.io/hashicorp/aws\"]",
      "instances": []
    },
    {
      "module": "module.eks_blueprints_addons.module.cert_manager",
      "mode": "data",
      "type": "aws_partition",
      "name": "current",
      "provider": "provider[\"registry.terraform.io/hashicorp/aws\"]",
      "instances": []
    },
    {
      "module": "module.eks_blueprints_addons.module.cert_manager",
      "mode": "managed",
      "type": "aws_iam_policy",
      "name": "this",
      "provider": "provider[\"registry.terraform.io/hashicorp/aws\"]",
      "instances": []
    },
    {
      "module": "module.eks_blueprints_addons.module.cert_manager",
      "mode": "managed",
      "type": "aws_iam_role",
      "name": "this",
      "provider": "provider[\"registry.terraform.io/hashicorp/aws\"]",
      "instances": []
    },
    {
      "module": "module.eks_blueprints_addons.module.cert_manager",
      "mode": "managed",
      "type": "aws_iam_role_policy_attachment",
      "name": "additional",
      "provider": "provider[\"registry.terraform.io/hashicorp/aws\"]",
      "instances": []
    },
    {
      "module": "module.eks_blueprints_addons.module.cert_manager",
      "mode": "managed",
      "type": "aws_iam_role_policy_attachment",
      "name": "this",
      "provider": "provider[\"registry.terraform.io/hashicorp/aws\"]",
      "instances": []
    },
    {
      "module": "module.eks_blueprints_addons.module.cert_manager",
      "mode": "managed",
      "type": "helm_release",
      "name": "this",
      "provider": "provider[\"registry.terraform.io/hashicorp/helm\"]",
      "instances": []
    },
    {
      "module": "module.eks_blueprints_addons.module.cluster_autoscaler",
      "mode": "data",
      "type": "aws_caller_identity",
      "name": "current",
      "provider": "provider[\"registry.terraform.io/hashicorp/aws\"]",
      "instances": []
    },
    {
      "module": "module.eks_blueprints_addons.module.cluster_autoscaler",
      "mode": "data",
      "type": "aws_iam_policy_document",
      "name": "assume",
      "provider": "provider[\"registry.terraform.io/hashicorp/aws\"]",
      "instances": []
    },
    {
      "module": "module.eks_blueprints_addons.module.cluster_autoscaler",
      "mode": "data",
      "type": "aws_iam_policy_document",
      "name": "this",
      "provider": "provider[\"registry.terraform.io/hashicorp/aws\"]",
      "instances": []
    },
    {
      "module": "module.eks_blueprints_addons.module.cluster_autoscaler",
      "mode": "data",
      "type": "aws_partition",
      "name": "current",
      "provider": "provider[\"registry.terraform.io/hashicorp/aws\"]",
      "instances": []
    },
    {
      "module": "module.eks_blueprints_addons.module.cluster_autoscaler",
      "mode": "managed",
      "type": "aws_iam_policy",
      "name": "this",
      "provider": "provider[\"registry.terraform.io/hashicorp/aws\"]",
      "instances": []
    },
    {
      "module": "module.eks_blueprints_addons.module.cluster_autoscaler",
      "mode": "managed",
      "type": "aws_iam_role",
      "name": "this",
      "provider": "provider[\"registry.terraform.io/hashicorp/aws\"]",
      "instances": []
    },
    {
      "module": "module.eks_blueprints_addons.module.cluster_autoscaler",
      "mode": "managed",
      "type": "aws_iam_role_policy_attachment",
      "name": "additional",
      "provider": "provider[\"registry.terraform.io/hashicorp/aws\"]",
      "instances": []
    },
    {
      "module": "module.eks_blueprints_addons.module.cluster_autoscaler",
      "mode": "managed",
      "type": "aws_iam_role_policy_attachment",
      "name": "this",
      "provider": "provider[\"registry.terraform.io/hashicorp/aws\"]",
      "instances": []
    },
    {
      "module": "module.eks_blueprints_addons.module.cluster_autoscaler",
      "mode": "managed",
      "type": "helm_release",
      "name": "this",
      "provider": "provider[\"registry.terraform.io/hashicorp/helm\"]",
      "instances": []
    },
    {
      "module": "module.eks_blueprints_addons.module.cluster_proportional_autoscaler",
      "mode": "data",
      "type": "aws_caller_identity",
      "name": "current",
      "provider": "provider[\"registry.terraform.io/hashicorp/aws\"]",
      "instances": []
    },
    {
      "module": "module.eks_blueprints_addons.module.cluster_proportional_autoscaler",
      "mode": "data",
      "type": "aws_iam_policy_document",
      "name": "assume",
      "provider": "provider[\"registry.terraform.io/hashicorp/aws\"]",
      "instances": []
    },
    {
      "module": "module.eks_blueprints_addons.module.cluster_proportional_autoscaler",
      "mode": "data",
      "type": "aws_iam_policy_document",
      "name": "this",
      "provider": "provider[\"registry.terraform.io/hashicorp/aws\"]",
      "instances": []
    },
    {
      "module": "module.eks_blueprints_addons.module.cluster_proportional_autoscaler",
      "mode": "data",
      "type": "aws_partition",
      "name": "current",
      "provider": "provider[\"registry.terraform.io/hashicorp/aws\"]",
      "instances": []
    },
    {
      "module": "module.eks_blueprints_addons.module.cluster_proportional_autoscaler",
      "mode": "managed",
      "type": "aws_iam_policy",
      "name": "this",
      "provider": "provider[\"registry.terraform.io/hashicorp/aws\"]",
      "instances": []
    },
    {
      "module": "module.eks_blueprints_addons.module.cluster_proportional_autoscaler",
      "mode": "managed",
      "type": "aws_iam_role",
      "name": "this",
      "provider": "provider[\"registry.terraform.io/hashicorp/aws\"]",
      "instances": []
    },
    {
      "module": "module.eks_blueprints_addons.module.cluster_proportional_autoscaler",
      "mode": "managed",
      "type": "aws_iam_role_policy_attachment",
      "name": "additional",
      "provider": "provider[\"registry.terraform.io/hashicorp/aws\"]",
      "instances": []
    },
    {
      "module": "module.eks_blueprints_addons.module.cluster_proportional_autoscaler",
      "mode": "managed",
      "type": "aws_iam_role_policy_attachment",
      "name": "this",
      "provider": "provider[\"registry.terraform.io/hashicorp/aws\"]",
      "instances": []
    },
    {
      "module": "module.eks_blueprints_addons.module.cluster_proportional_autoscaler",
      "mode": "managed",
      "type": "helm_release",
      "name": "this",
      "provider": "provider[\"registry.terraform.io/hashicorp/helm\"]",
      "instances": []
    },
    {
      "module": "module.eks_blueprints_addons.module.external_dns",
      "mode": "data",
      "type": "aws_caller_identity",
      "name": "current",
      "provider": "provider[\"registry.terraform.io/hashicorp/aws\"]",
      "instances": []
    },
    {
      "module": "module.eks_blueprints_addons.module.external_dns",
      "mode": "data",
      "type": "aws_iam_policy_document",
      "name": "assume",
      "provider": "provider[\"registry.terraform.io/hashicorp/aws\"]",
      "instances": []
    },
    {
      "module": "module.eks_blueprints_addons.module.external_dns",
      "mode": "data",
      "type": "aws_iam_policy_document",
      "name": "this",
      "provider": "provider[\"registry.terraform.io/hashicorp/aws\"]",
      "instances": []
    },
    {
      "module": "module.eks_blueprints_addons.module.external_dns",
      "mode": "data",
      "type": "aws_partition",
      "name": "current",
      "provider": "provider[\"registry.terraform.io/hashicorp/aws\"]",
      "instances": []
    },
    {
      "module": "module.eks_blueprints_addons.module.external_dns",
      "mode": "managed",
      "type": "aws_iam_policy",
      "name": "this",
      "provider": "provider[\"registry.terraform.io/hashicorp/aws\"]",
      "instances": []
    },
    {
      "module": "module.eks_blueprints_addons.module.external_dns",
      "mode": "managed",
      "type": "aws_iam_role",
      "name": "this",
      "provider": "provider[\"registry.terraform.io/hashicorp/aws\"]",
      "instances": []
    },
    {
      "module": "module.eks_blueprints_addons.module.external_dns",
      "mode": "managed",
      "type": "aws_iam_role_policy_attachment",
      "name": "additional",
      "provider": "provider[\"registry.terraform.io/hashicorp/aws\"]",
      "instances": []
    },
    {
      "module": "module.eks_blueprints_addons.module.external_dns",
      "mode": "managed",
      "type": "aws_iam_role_policy_attachment",
      "name": "this",
      "provider": "provider[\"registry.terraform.io/hashicorp/aws\"]",
      "instances": []
    },
    {
      "module": "module.eks_blueprints_addons.module.external_dns",
      "mode": "managed",
      "type": "helm_release",
      "name": "this",
      "provider": "provider[\"registry.terraform.io/hashicorp/helm\"]",
      "instances": []
    },
    {
      "module": "module.eks_blueprints_addons.module.external_secrets",
      "mode": "data",
      "type": "aws_caller_identity",
      "name": "current",
      "provider": "provider[\"registry.terraform.io/hashicorp/aws\"]",
      "instances": []
    },
    {
      "module": "module.eks_blueprints_addons.module.external_secrets",
      "mode": "data",
      "type": "aws_iam_policy_document",
      "name": "assume",
      "provider": "provider[\"registry.terraform.io/hashicorp/aws\"]",
      "instances": []
    },
    {
      "module": "module.eks_blueprints_addons.module.external_secrets",
      "mode": "data",
      "type": "aws_iam_policy_document",
      "name": "this",
      "provider": "provider[\"registry.terraform.io/hashicorp/aws\"]",
      "instances": []
    },
    {
      "module": "module.eks_blueprints_addons.module.external_secrets",
      "mode": "data",
      "type": "aws_partition",
      "name": "current",
      "provider": "provider[\"registry.terraform.io/hashicorp/aws\"]",
      "instances": []
    },
    {
      "module": "module.eks_blueprints_addons.module.external_secrets",
      "mode": "managed",
      "type": "aws_iam_policy",
      "name": "this",
      "provider": "provider[\"registry.terraform.io/hashicorp/aws\"]",
      "instances": []
    },
    {
      "module": "module.eks_blueprints_addons.module.external_secrets",
      "mode": "managed",
      "type": "aws_iam_role",
      "name": "this",
      "provider": "provider[\"registry.terraform.io/hashicorp/aws\"]",
      "instances": []
    },
    {
      "module": "module.eks_blueprints_addons.module.external_secrets",
      "mode": "managed",
      "type": "aws_iam_role_policy_attachment",
      "name": "additional",
      "provider": "provider[\"registry.terraform.io/hashicorp/aws\"]",
      "instances": []
    },
    {
      "module": "module.eks_blueprints_addons.module.external_secrets",
      "mode": "managed",
      "type": "aws_iam_role_policy_attachment",
      "name": "this",
      "provider": "provider[\"registry.terraform.io/hashicorp/aws\"]",
      "instances": []
    },
    {
      "module": "module.eks_blueprints_addons.module.external_secrets",
      "mode": "managed",
      "type": "helm_release",
      "name": "this",
      "provider": "provider[\"registry.terraform.io/hashicorp/helm\"]",
      "instances": []
    },
    {
      "module": "module.eks_blueprints_addons.module.gatekeeper",
      "mode": "data",
      "type": "aws_caller_identity",
      "name": "current",
      "provider": "provider[\"registry.terraform.io/hashicorp/aws\"]",
      "instances": []
    },
    {
      "module": "module.eks_blueprints_addons.module.gatekeeper",
      "mode": "data",
      "type": "aws_iam_policy_document",
      "name": "assume",
      "provider": "provider[\"registry.terraform.io/hashicorp/aws\"]",
      "instances": []
    },
    {
      "module": "module.eks_blueprints_addons.module.gatekeeper",
      "mode": "data",
      "type": "aws_iam_policy_document",
      "name": "this",
      "provider": "provider[\"registry.terraform.io/hashicorp/aws\"]",
      "instances": []
    },
    {
      "module": "module.eks_blueprints_addons.module.gatekeeper",
      "mode": "data",
      "type": "aws_partition",
      "name": "current",
      "provider": "provider[\"registry.terraform.io/hashicorp/aws\"]",
      "instances": []
    },
    {
      "module": "module.eks_blueprints_addons.module.gatekeeper",
      "mode": "managed",
      "type": "aws_iam_policy",
      "name": "this",
      "provider": "provider[\"registry.terraform.io/hashicorp/aws\"]",
      "instances": []
    },
    {
      "module": "module.eks_blueprints_addons.module.gatekeeper",
      "mode": "managed",
      "type": "aws_iam_role",
      "name": "this",
      "provider": "provider[\"registry.terraform.io/hashicorp/aws\"]",
      "instances": []
    },
    {
      "module": "module.eks_blueprints_addons.module.gatekeeper",
      "mode": "managed",
      "type": "aws_iam_role_policy_attachment",
      "name": "additional",
      "provider": "provider[\"registry.terraform.io/hashicorp/aws\"]",
      "instances": []
    },
    {
      "module": "module.eks_blueprints_addons.module.gatekeeper",
      "mode": "managed",
      "type": "aws_iam_role_policy_attachment",
      "name": "this",
      "provider": "provider[\"registry.terraform.io/hashicorp/aws\"]",
      "instances": []
    },
    {
      "module": "module.eks_blueprints_addons.module.gatekeeper",
      "mode": "managed",
      "type": "helm_release",
      "name": "this",
      "provider": "provider[\"registry.terraform.io/hashicorp/helm\"]",
      "instances": []
    },
    {
      "module": "module.eks_blueprints_addons.module.ingress_nginx",
      "mode": "data",
      "type": "aws_caller_identity",
      "name": "current",
      "provider": "provider[\"registry.terraform.io/hashicorp/aws\"]",
      "instances": []
    },
    {
      "module": "module.eks_blueprints_addons.module.ingress_nginx",
      "mode": "data",
      "type": "aws_iam_policy_document",
      "name": "assume",
      "provider": "provider[\"registry.terraform.io/hashicorp/aws\"]",
      "instances": []
    },
    {
      "module": "module.eks_blueprints_addons.module.ingress_nginx",
      "mode": "data",
      "type": "aws_iam_policy_document",
      "name": "this",
      "provider": "provider[\"registry.terraform.io/hashicorp/aws\"]",
      "instances": []
    },
    {
      "module": "module.eks_blueprints_addons.module.ingress_nginx",
      "mode": "data",
      "type": "aws_partition",
      "name": "current",
      "provider": "provider[\"registry.terraform.io/hashicorp/aws\"]",
      "instances": []
    },
    {
      "module": "module.eks_blueprints_addons.module.ingress_nginx",
      "mode": "managed",
      "type": "aws_iam_policy",
      "name": "this",
      "provider": "provider[\"registry.terraform.io/hashicorp/aws\"]",
      "instances": []
    },
    {
      "module": "module.eks_blueprints_addons.module.ingress_nginx",
      "mode": "managed",
      "type": "aws_iam_role",
      "name": "this",
      "provider": "provider[\"registry.terraform.io/hashicorp/aws\"]",
      "instances": []
    },
    {
      "module": "module.eks_blueprints_addons.module.ingress_nginx",
      "mode": "managed",
      "type": "aws_iam_role_policy_attachment",
      "name": "additional",
      "provider": "provider[\"registry.terraform.io/hashicorp/aws\"]",
      "instances": []
    },
    {
      "module": "module.eks_blueprints_addons.module.ingress_nginx",
      "mode": "managed",
      "type": "aws_iam_role_policy_attachment",
      "name": "this",
      "provider": "provider[\"registry.terraform.io/hashicorp/aws\"]",
      "instances": []
    },
    {
      "module": "module.eks_blueprints_addons.module.ingress_nginx",
      "mode": "managed",
      "type": "helm_release",
      "name": "this",
      "provider": "provider[\"registry.terraform.io/hashicorp/helm\"]",
      "instances": []
    },
    {
      "module": "module.eks_blueprints_addons.module.karpenter",
      "mode": "data",
      "type": "aws_caller_identity",
      "name": "current",
      "provider": "provider[\"registry.terraform.io/hashicorp/aws\"]",
      "instances": []
    },
    {
      "module": "module.eks_blueprints_addons.module.karpenter",
      "mode": "data",
      "type": "aws_iam_policy_document",
      "name": "assume",
      "provider": "provider[\"registry.terraform.io/hashicorp/aws\"]",
      "instances": []
    },
    {
      "module": "module.eks_blueprints_addons.module.karpenter",
      "mode": "data",
      "type": "aws_iam_policy_document",
      "name": "this",
      "provider": "provider[\"registry.terraform.io/hashicorp/aws\"]",
      "instances": []
    },
    {
      "module": "module.eks_blueprints_addons.module.karpenter",
      "mode": "data",
      "type": "aws_partition",
      "name": "current",
      "provider": "provider[\"registry.terraform.io/hashicorp/aws\"]",
      "instances": []
    },
    {
      "module": "module.eks_blueprints_addons.module.karpenter",
      "mode": "managed",
      "type": "aws_iam_policy",
      "name": "this",
      "provider": "provider[\"registry.terraform.io/hashicorp/aws\"]",
      "instances": []
    },
    {
      "module": "module.eks_blueprints_addons.module.karpenter",
      "mode": "managed",
      "type": "aws_iam_role",
      "name": "this",
      "provider": "provider[\"registry.terraform.io/hashicorp/aws\"]",
      "instances": []
    },
    {
      "module": "module.eks_blueprints_addons.module.karpenter",
      "mode": "managed",
      "type": "aws_iam_role_policy_attachment",
      "name": "additional",
      "provider": "provider[\"registry.terraform.io/hashicorp/aws\"]",
      "instances": []
    },
    {
      "module": "module.eks_blueprints_addons.module.karpenter",
      "mode": "managed",
      "type": "aws_iam_role_policy_attachment",
      "name": "this",
      "provider": "provider[\"registry.terraform.io/hashicorp/aws\"]",
      "instances": []
    },
    {
      "module": "module.eks_blueprints_addons.module.karpenter",
      "mode": "managed",
      "type": "helm_release",
      "name": "this",
      "provider": "provider[\"registry.terraform.io/hashicorp/helm\"]",
      "instances": []
    },
    {
      "module": "module.eks_blueprints_addons.module.karpenter_sqs",
      "mode": "data",
      "type": "aws_iam_policy_document",
      "name": "dlq",
      "provider": "provider[\"registry.terraform.io/hashicorp/aws\"]",
      "instances": []
    },
    {
      "module": "module.eks_blueprints_addons.module.karpenter_sqs",
      "mode": "data",
      "type": "aws_iam_policy_document",
      "name": "this",
      "provider": "provider[\"registry.terraform.io/hashicorp/aws\"]",
      "instances": []
    },
    {
      "module": "module.eks_blueprints_addons.module.karpenter_sqs",
      "mode": "managed",
      "type": "aws_sqs_queue",
      "name": "dlq",
      "provider": "provider[\"registry.terraform.io/hashicorp/aws\"]",
      "instances": []
    },
    {
      "module": "module.eks_blueprints_addons.module.karpenter_sqs",
      "mode": "managed",
      "type": "aws_sqs_queue",
      "name": "this",
      "provider": "provider[\"registry.terraform.io/hashicorp/aws\"]",
      "instances": []
    },
    {
      "module": "module.eks_blueprints_addons.module.karpenter_sqs",
      "mode": "managed",
      "type": "aws_sqs_queue_policy",
      "name": "dlq",
      "provider": "provider[\"registry.terraform.io/hashicorp/aws\"]",
      "instances": []
    },
    {
      "module": "module.eks_blueprints_addons.module.karpenter_sqs",
      "mode": "managed",
      "type": "aws_sqs_queue_policy",
      "name": "this",
      "provider": "provider[\"registry.terraform.io/hashicorp/aws\"]",
      "instances": []
    },
    {
      "module": "module.eks_blueprints_addons.module.karpenter_sqs",
      "mode": "managed",
      "type": "aws_sqs_queue_redrive_allow_policy",
      "name": "dlq",
      "provider": "provider[\"registry.terraform.io/hashicorp/aws\"]",
      "instances": []
    },
    {
      "module": "module.eks_blueprints_addons.module.karpenter_sqs",
      "mode": "managed",
      "type": "aws_sqs_queue_redrive_allow_policy",
      "name": "this",
      "provider": "provider[\"registry.terraform.io/hashicorp/aws\"]",
      "instances": []
    },
    {
      "module": "module.eks_blueprints_addons.module.karpenter_sqs",
      "mode": "managed",
      "type": "aws_sqs_queue_redrive_policy",
      "name": "dlq",
      "provider": "provider[\"registry.terraform.io/hashicorp/aws\"]",
      "instances": []
    },
    {
      "module": "module.eks_blueprints_addons.module.karpenter_sqs",
      "mode": "managed",
      "type": "aws_sqs_queue_redrive_policy",
      "name": "this",
      "provider": "provider[\"registry.terraform.io/hashicorp/aws\"]",
      "instances": []
    },
    {
      "module": "module.eks_blueprints_addons.module.kube_prometheus_stack",
      "mode": "data",
      "type": "aws_caller_identity",
      "name": "current",
      "provider": "provider[\"registry.terraform.io/hashicorp/aws\"]",
      "instances": []
    },
    {
      "module": "module.eks_blueprints_addons.module.kube_prometheus_stack",
      "mode": "data",
      "type": "aws_iam_policy_document",
      "name": "assume",
      "provider": "provider[\"registry.terraform.io/hashicorp/aws\"]",
      "instances": []
    },
    {
      "module": "module.eks_blueprints_addons.module.kube_prometheus_stack",
      "mode": "data",
      "type": "aws_iam_policy_document",
      "name": "this",
      "provider": "provider[\"registry.terraform.io/hashicorp/aws\"]",
      "instances": []
    },
    {
      "module": "module.eks_blueprints_addons.module.kube_prometheus_stack",
      "mode": "data",
      "type": "aws_partition",
      "name": "current",
      "provider": "provider[\"registry.terraform.io/hashicorp/aws\"]",
      "instances": []
    },
    {
      "module": "module.eks_blueprints_addons.module.kube_prometheus_stack",
      "mode": "managed",
      "type": "aws_iam_policy",
      "name": "this",
      "provider": "provider[\"registry.terraform.io/hashicorp/aws\"]",
      "instances": []
    },
    {
      "module": "module.eks_blueprints_addons.module.kube_prometheus_stack",
      "mode": "managed",
      "type": "aws_iam_role",
      "name": "this",
      "provider": "provider[\"registry.terraform.io/hashicorp/aws\"]",
      "instances": []
    },
    {
      "module": "module.eks_blueprints_addons.module.kube_prometheus_stack",
      "mode": "managed",
      "type": "aws_iam_role_policy_attachment",
      "name": "additional",
      "provider": "provider[\"registry.terraform.io/hashicorp/aws\"]",
      "instances": []
    },
    {
      "module": "module.eks_blueprints_addons.module.kube_prometheus_stack",
      "mode": "managed",
      "type": "aws_iam_role_policy_attachment",
      "name": "this",
      "provider": "provider[\"registry.terraform.io/hashicorp/aws\"]",
      "instances": []
    },
    {
      "module": "module.eks_blueprints_addons.module.kube_prometheus_stack",
      "mode": "managed",
      "type": "helm_release",
      "name": "this",
      "provider": "provider[\"registry.terraform.io/hashicorp/helm\"]",
      "instances": []
    },
    {
      "module": "module.eks_blueprints_addons.module.metrics_server",
      "mode": "data",
      "type": "aws_caller_identity",
      "name": "current",
      "provider": "provider[\"registry.terraform.io/hashicorp/aws\"]",
      "instances": []
    },
    {
      "module": "module.eks_blueprints_addons.module.metrics_server",
      "mode": "data",
      "type": "aws_iam_policy_document",
      "name": "assume",
      "provider": "provider[\"registry.terraform.io/hashicorp/aws\"]",
      "instances": []
    },
    {
      "module": "module.eks_blueprints_addons.module.metrics_server",
      "mode": "data",
      "type": "aws_iam_policy_document",
      "name": "this",
      "provider": "provider[\"registry.terraform.io/hashicorp/aws\"]",
      "instances": []
    },
    {
      "module": "module.eks_blueprints_addons.module.metrics_server",
      "mode": "data",
      "type": "aws_partition",
      "name": "current",
      "provider": "provider[\"registry.terraform.io/hashicorp/aws\"]",
      "instances": []
    },
    {
      "module": "module.eks_blueprints_addons.module.metrics_server",
      "mode": "managed",
      "type": "aws_iam_policy",
      "name": "this",
      "provider": "provider[\"registry.terraform.io/hashicorp/aws\"]",
      "instances": []
    },
    {
      "module": "module.eks_blueprints_addons.module.metrics_server",
      "mode": "managed",
      "type": "aws_iam_role",
      "name": "this",
      "provider": "provider[\"registry.terraform.io/hashicorp/aws\"]",
      "instances": []
    },
    {
      "module": "module.eks_blueprints_addons.module.metrics_server",
      "mode": "managed",
      "type": "aws_iam_role_policy_attachment",
      "name": "additional",
      "provider": "provider[\"registry.terraform.io/hashicorp/aws\"]",
      "instances": []
    },
    {
      "module": "module.eks_blueprints_addons.module.metrics_server",
      "mode": "managed",
      "type": "aws_iam_role_policy_attachment",
      "name": "this",
      "provider": "provider[\"registry.terraform.io/hashicorp/aws\"]",
      "instances": []
    },
    {
      "module": "module.eks_blueprints_addons.module.metrics_server",
      "mode": "managed",
      "type": "helm_release",
      "name": "this",
      "provider": "provider[\"registry.terraform.io/hashicorp/helm\"]",
      "instances": []
    },
    {
      "module": "module.eks_blueprints_addons.module.secrets_store_csi_driver",
      "mode": "data",
      "type": "aws_caller_identity",
      "name": "current",
      "provider": "provider[\"registry.terraform.io/hashicorp/aws\"]",
      "instances": []
    },
    {
      "module": "module.eks_blueprints_addons.module.secrets_store_csi_driver",
      "mode": "data",
      "type": "aws_iam_policy_document",
      "name": "assume",
      "provider": "provider[\"registry.terraform.io/hashicorp/aws\"]",
      "instances": []
    },
    {
      "module": "module.eks_blueprints_addons.module.secrets_store_csi_driver",
      "mode": "data",
      "type": "aws_iam_policy_document",
      "name": "this",
      "provider": "provider[\"registry.terraform.io/hashicorp/aws\"]",
      "instances": []
    },
    {
      "module": "module.eks_blueprints_addons.module.secrets_store_csi_driver",
      "mode": "data",
      "type": "aws_partition",
      "name": "current",
      "provider": "provider[\"registry.terraform.io/hashicorp/aws\"]",
      "instances": []
    },
    {
      "module": "module.eks_blueprints_addons.module.secrets_store_csi_driver",
      "mode": "managed",
      "type": "aws_iam_policy",
      "name": "this",
      "provider": "provider[\"registry.terraform.io/hashicorp/aws\"]",
      "instances": []
    },
    {
      "module": "module.eks_blueprints_addons.module.secrets_store_csi_driver",
      "mode": "managed",
      "type": "aws_iam_role",
      "name": "this",
      "provider": "provider[\"registry.terraform.io/hashicorp/aws\"]",
      "instances": []
    },
    {
      "module": "module.eks_blueprints_addons.module.secrets_store_csi_driver",
      "mode": "managed",
      "type": "aws_iam_role_policy_attachment",
      "name": "additional",
      "provider": "provider[\"registry.terraform.io/hashicorp/aws\"]",
      "instances": []
    },
    {
      "module": "module.eks_blueprints_addons.module.secrets_store_csi_driver",
      "mode": "managed",
      "type": "aws_iam_role_policy_attachment",
      "name": "this",
      "provider": "provider[\"registry.terraform.io/hashicorp/aws\"]",
      "instances": []
    },
    {
      "module": "module.eks_blueprints_addons.module.secrets_store_csi_driver",
      "mode": "managed",
      "type": "helm_release",
      "name": "this",
      "provider": "provider[\"registry.terraform.io/hashicorp/helm\"]",
      "instances": []
    },
    {
      "module": "module.eks_blueprints_addons.module.secrets_store_csi_driver_provider_aws",
      "mode": "data",
      "type": "aws_caller_identity",
      "name": "current",
      "provider": "provider[\"registry.terraform.io/hashicorp/aws\"]",
      "instances": []
    },
    {
      "module": "module.eks_blueprints_addons.module.secrets_store_csi_driver_provider_aws",
      "mode": "data",
      "type": "aws_iam_policy_document",
      "name": "assume",
      "provider": "provider[\"registry.terraform.io/hashicorp/aws\"]",
      "instances": []
    },
    {
      "module": "module.eks_blueprints_addons.module.secrets_store_csi_driver_provider_aws",
      "mode": "data",
      "type": "aws_iam_policy_document",
      "name": "this",
      "provider": "provider[\"registry.terraform.io/hashicorp/aws\"]",
      "instances": []
    },
    {
      "module": "module.eks_blueprints_addons.module.secrets_store_csi_driver_provider_aws",
      "mode": "data",
      "type": "aws_partition",
      "name": "current",
      "provider": "provider[\"registry.terraform.io/hashicorp/aws\"]",
      "instances": []
    },
    {
      "module": "module.eks_blueprints_addons.module.secrets_store_csi_driver_provider_aws",
      "mode": "managed",
      "type": "aws_iam_policy",
      "name": "this",
      "provider": "provider[\"registry.terraform.io/hashicorp/aws\"]",
      "instances": []
    },
    {
      "module": "module.eks_blueprints_addons.module.secrets_store_csi_driver_provider_aws",
      "mode": "managed",
      "type": "aws_iam_role",
      "name": "this",
      "provider": "provider[\"registry.terraform.io/hashicorp/aws\"]",
      "instances": []
    },
    {
      "module": "module.eks_blueprints_addons.module.secrets_store_csi_driver_provider_aws",
      "mode": "managed",
      "type": "aws_iam_role_policy_attachment",
      "name": "additional",
      "provider": "provider[\"registry.terraform.io/hashicorp/aws\"]",
      "instances": []
    },
    {
      "module": "module.eks_blueprints_addons.module.secrets_store_csi_driver_provider_aws",
      "mode": "managed",
      "type": "aws_iam_role_policy_attachment",
      "name": "this",
      "provider": "provider[\"registry.terraform.io/hashicorp/aws\"]",
      "instances": []
    },
    {
      "module": "module.eks_blueprints_addons.module.secrets_store_csi_driver_provider_aws",
      "mode": "managed",
      "type": "helm_release",
      "name": "this",
      "provider": "provider[\"registry.terraform.io/hashicorp/helm\"]",
      "instances": []
    },
    {
      "module": "module.eks_blueprints_addons.module.velero",
      "mode": "data",
      "type": "aws_caller_identity",
      "name": "current",
      "provider": "provider[\"registry.terraform.io/hashicorp/aws\"]",
      "instances": []
    },
    {
      "module": "module.eks_blueprints_addons.module.velero",
      "mode": "data",
      "type": "aws_iam_policy_document",
      "name": "assume",
      "provider": "provider[\"registry.terraform.io/hashicorp/aws\"]",
      "instances": []
    },
    {
      "module": "module.eks_blueprints_addons.module.velero",
      "mode": "data",
      "type": "aws_iam_policy_document",
      "name": "this",
      "provider": "provider[\"registry.terraform.io/hashicorp/aws\"]",
      "instances": []
    },
    {
      "module": "module.eks_blueprints_addons.module.velero",
      "mode": "data",
      "type": "aws_partition",
      "name": "current",
      "provider": "provider[\"registry.terraform.io/hashicorp/aws\"]",
      "instances": []
    },
    {
      "module": "module.eks_blueprints_addons.module.velero",
      "mode": "managed",
      "type": "aws_iam_policy",
      "name": "this",
      "provider": "provider[\"registry.terraform.io/hashicorp/aws\"]",
      "instances": []
    },
    {
      "module": "module.eks_blueprints_addons.module.velero",
      "mode": "managed",
      "type": "aws_iam_role",
      "name": "this",
      "provider": "provider[\"registry.terraform.io/hashicorp/aws\"]",
      "instances": []
    },
    {
      "module": "module.eks_blueprints_addons.module.velero",
      "mode": "managed",
      "type": "aws_iam_role_policy_attachment",
      "name": "additional",
      "provider": "provider[\"registry.terraform.io/hashicorp/aws\"]",
      "instances": []
    },
    {
      "module": "module.eks_blueprints_addons.module.velero",
      "mode": "managed",
      "type": "aws_iam_role_policy_attachment",
      "name": "this",
      "provider": "provider[\"registry.terraform.io/hashicorp/aws\"]",
      "instances": []
    },
    {
      "module": "module.eks_blueprints_addons.module.velero",
      "mode": "managed",
      "type": "helm_release",
      "name": "this",
      "provider": "provider[\"registry.terraform.io/hashicorp/helm\"]",
      "instances": []
    },
    {
      "module": "module.eks_blueprints_addons.module.vpa",
      "mode": "data",
      "type": "aws_caller_identity",
      "name": "current",
      "provider": "provider[\"registry.terraform.io/hashicorp/aws\"]",
      "instances": []
    },
    {
      "module": "module.eks_blueprints_addons.module.vpa",
      "mode": "data",
      "type": "aws_iam_policy_document",
      "name": "assume",
      "provider": "provider[\"registry.terraform.io/hashicorp/aws\"]",
      "instances": []
    },
    {
      "module": "module.eks_blueprints_addons.module.vpa",
      "mode": "data",
      "type": "aws_iam_policy_document",
      "name": "this",
      "provider": "provider[\"registry.terraform.io/hashicorp/aws\"]",
      "instances": []
    },
    {
      "module": "module.eks_blueprints_addons.module.vpa",
      "mode": "data",
      "type": "aws_partition",
      "name": "current",
      "provider": "provider[\"registry.terraform.io/hashicorp/aws\"]",
      "instances": []
    },
    {
      "module": "module.eks_blueprints_addons.module.vpa",
      "mode": "managed",
      "type": "aws_iam_policy",
      "name": "this",
      "provider": "provider[\"registry.terraform.io/hashicorp/aws\"]",
      "instances": []
    },
    {
      "module": "module.eks_blueprints_addons.module.vpa",
      "mode": "managed",
      "type": "aws_iam_role",
      "name": "this",
      "provider": "provider[\"registry.terraform.io/hashicorp/aws\"]",
      "instances": []
    },
    {
      "module": "module.eks_blueprints_addons.module.vpa",
      "mode": "managed",
      "type": "aws_iam_role_policy_attachment",
      "name": "additional",
      "provider": "provider[\"registry.terraform.io/hashicorp/aws\"]",
      "instances": []
    },
    {
      "module": "module.eks_blueprints_addons.module.vpa",
      "mode": "managed",
      "type": "aws_iam_role_policy_attachment",
      "name": "this",
      "provider": "provider[\"registry.terraform.io/hashicorp/aws\"]",
      "instances": []
    },
    {
      "module": "module.eks_blueprints_addons.module.vpa",
      "mode": "managed",
      "type": "helm_release",
      "name": "this",
      "provider": "provider[\"registry.terraform.io/hashicorp/helm\"]",
      "instances": []
    },
    {
      "module": "module.vpc",
      "mode": "data",
      "type": "aws_caller_identity",
      "name": "current",
      "provider": "provider[\"registry.terraform.io/hashicorp/aws\"]",
      "instances": []
    },
    {
      "module": "module.vpc",
      "mode": "data",
      "type": "aws_iam_policy_document",
      "name": "flow_log_cloudwatch_assume_role",
      "provider": "provider[\"registry.terraform.io/hashicorp/aws\"]",
      "instances": []
    },
    {
      "module": "module.vpc",
      "mode": "data",
      "type": "aws_iam_policy_document",
      "name": "vpc_flow_log_cloudwatch",
      "provider": "provider[\"registry.terraform.io/hashicorp/aws\"]",
      "instances": []
    },
    {
      "module": "module.vpc",
      "mode": "data",
      "type": "aws_partition",
      "name": "current",
      "provider": "provider[\"registry.terraform.io/hashicorp/aws\"]",
      "instances": []
    },
    {
      "module": "module.vpc",
      "mode": "data",
      "type": "aws_region",
      "name": "current",
      "provider": "provider[\"registry.terraform.io/hashicorp/aws\"]",
      "instances": []
    },
    {
      "module": "module.vpc",
      "mode": "managed",
      "type": "aws_cloudwatch_log_group",
      "name": "flow_log",
      "provider": "provider[\"registry.terraform.io/hashicorp/aws\"]",
      "instances": []
    },
    {
      "module": "module.vpc",
      "mode": "managed",
      "type": "aws_customer_gateway",
      "name": "this",
      "provider": "provider[\"registry.terraform.io/hashicorp/aws\"]",
      "instances": []
    },
    {
      "module": "module.vpc",
      "mode": "managed",
      "type": "aws_db_subnet_group",
      "name": "database",
      "provider": "provider[\"registry.terraform.io/hashicorp/aws\"]",
      "instances": []
    },
    {
      "module": "module.vpc",
      "mode": "managed",
      "type": "aws_default_network_acl",
      "name": "this",
      "provider": "provider[\"registry.terraform.io/hashicorp/aws\"]",
      "instances": [
        {
          "index_key": 0,
          "schema_version": 0,
          "attributes": {
            "arn": "arn:aws:ec2:us-east-1:058264364931:network-acl/acl-085966b94e829d04b",
            "default_network_acl_id": "acl-085966b94e829d04b",
            "egress": [
              {
                "action": "allow",
                "cidr_block": "",
                "from_port": 0,
                "icmp_code": null,
                "icmp_type": null,
                "ipv6_cidr_block": "::/0",
                "protocol": "-1",
                "rule_no": 101,
                "to_port": 0
              },
              {
                "action": "allow",
                "cidr_block": "0.0.0.0/0",
                "from_port": 0,
                "icmp_code": null,
                "icmp_type": null,
                "ipv6_cidr_block": "",
                "protocol": "-1",
                "rule_no": 100,
                "to_port": 0
              }
            ],
            "id": "acl-085966b94e829d04b",
            "ingress": [
              {
                "action": "allow",
                "cidr_block": "",
                "from_port": 0,
                "icmp_code": null,
                "icmp_type": null,
                "ipv6_cidr_block": "::/0",
                "protocol": "-1",
                "rule_no": 101,
                "to_port": 0
              },
              {
                "action": "allow",
                "cidr_block": "0.0.0.0/0",
                "from_port": 0,
                "icmp_code": null,
                "icmp_type": null,
                "ipv6_cidr_block": "",
                "protocol": "-1",
                "rule_no": 100,
                "to_port": 0
              }
            ],
            "owner_id": "058264364931",
            "subnet_ids": [
              "subnet-006cc86c36f1b86de",
              "subnet-0256957496bd7d0a9",
              "subnet-03bac8e152a7f2c4e",
              "subnet-08a458d469ee5981d",
              "subnet-0bbab4ed967ec029c",
              "subnet-0c3742a471756cfa9",
              "subnet-0dcc5f3823ee77da6",
              "subnet-0eb89a551debfd6e4"
            ],
            "tags": {
              "Name": "octopus-default",
              "Terraform": "true",
              "kubernetes.io/cluster/octopus": "owned"
            },
            "tags_all": {
              "Name": "octopus-default",
              "Terraform": "true",
              "kubernetes.io/cluster/octopus": "owned"
            },
            "vpc_id": "vpc-093e4d1694f29756d"
          },
          "sensitive_attributes": [],
          "private": "bnVsbA==",
          "dependencies": [
            "module.vpc.aws_vpc.this"
          ],
          "create_before_destroy": true
        }
      ]
    },
    {
      "module": "module.vpc",
      "mode": "managed",
      "type": "aws_default_route_table",
      "name": "default",
      "provider": "provider[\"registry.terraform.io/hashicorp/aws\"]",
      "instances": [
        {
          "index_key": 0,
          "schema_version": 0,
          "attributes": {
            "arn": "arn:aws:ec2:us-east-1:058264364931:route-table/rtb-0d0084791e587f5fd",
            "default_route_table_id": "rtb-0d0084791e587f5fd",
            "id": "rtb-0d0084791e587f5fd",
            "owner_id": "058264364931",
            "propagating_vgws": null,
            "route": [],
            "tags": {
              "Name": "octopus-default",
              "Terraform": "true",
              "kubernetes.io/cluster/octopus": "owned"
            },
            "tags_all": {
              "Name": "octopus-default",
              "Terraform": "true",
              "kubernetes.io/cluster/octopus": "owned"
            },
            "timeouts": {
              "create": "5m",
              "update": "5m"
            },
            "vpc_id": "vpc-093e4d1694f29756d"
          },
          "sensitive_attributes": [],
          "private": "eyJlMmJmYjczMC1lY2FhLTExZTYtOGY4OC0zNDM2M2JjN2M0YzAiOnsiY3JlYXRlIjozMDAwMDAwMDAwMDAsInVwZGF0ZSI6MzAwMDAwMDAwMDAwfX0=",
          "dependencies": [
            "module.vpc.aws_vpc.this"
          ],
          "create_before_destroy": true
        }
      ]
    },
    {
      "module": "module.vpc",
      "mode": "managed",
      "type": "aws_default_security_group",
      "name": "this",
      "provider": "provider[\"registry.terraform.io/hashicorp/aws\"]",
      "instances": [
        {
          "index_key": 0,
          "schema_version": 1,
          "attributes": {
            "arn": "arn:aws:ec2:us-east-1:058264364931:security-group/sg-07ccd292d5f8c6c10",
            "description": "default VPC security group",
            "egress": [],
            "id": "sg-07ccd292d5f8c6c10",
            "ingress": [],
            "name": "default",
            "name_prefix": "",
            "owner_id": "058264364931",
            "revoke_rules_on_delete": false,
            "tags": {
              "Name": "octopus-default",
              "Terraform": "true",
              "kubernetes.io/cluster/octopus": "owned"
            },
            "tags_all": {
              "Name": "octopus-default",
              "Terraform": "true",
              "kubernetes.io/cluster/octopus": "owned"
            },
            "vpc_id": "vpc-093e4d1694f29756d"
          },
          "sensitive_attributes": [],
          "private": "eyJzY2hlbWFfdmVyc2lvbiI6IjEifQ==",
          "dependencies": [
            "module.vpc.aws_vpc.this"
          ],
          "create_before_destroy": true
        }
      ]
    },
    {
      "module": "module.vpc",
      "mode": "managed",
      "type": "aws_default_vpc",
      "name": "this",
      "provider": "provider[\"registry.terraform.io/hashicorp/aws\"]",
      "instances": []
    },
    {
      "module": "module.vpc",
      "mode": "managed",
      "type": "aws_egress_only_internet_gateway",
      "name": "this",
      "provider": "provider[\"registry.terraform.io/hashicorp/aws\"]",
      "instances": []
    },
    {
      "module": "module.vpc",
      "mode": "managed",
      "type": "aws_eip",
      "name": "nat",
      "provider": "provider[\"registry.terraform.io/hashicorp/aws\"]",
      "instances": [
        {
          "index_key": 0,
          "schema_version": 0,
          "attributes": {
            "address": null,
            "allocation_id": "eipalloc-03e757cb0e0b0fd89",
            "arn": "arn:aws:ec2:us-east-1:058264364931:elastic-ip/eipalloc-03e757cb0e0b0fd89",
            "associate_with_private_ip": null,
            "association_id": "",
            "carrier_ip": "",
            "customer_owned_ip": "",
            "customer_owned_ipv4_pool": "",
            "domain": "vpc",
            "id": "eipalloc-03e757cb0e0b0fd89",
            "instance": "",
            "ipam_pool_id": null,
            "network_border_group": "us-east-1",
            "network_interface": "",
            "private_dns": null,
            "private_ip": "",
            "ptr_record": "",
            "public_dns": "ec2-54-144-220-2.compute-1.amazonaws.com",
            "public_ip": "54.144.220.2",
            "public_ipv4_pool": "amazon",
            "tags": {
              "Name": "octopus-us-east-1a",
              "Terraform": "true",
              "kubernetes.io/cluster/octopus": "owned"
            },
            "tags_all": {
              "Name": "octopus-us-east-1a",
              "Terraform": "true",
              "kubernetes.io/cluster/octopus": "owned"
            },
            "timeouts": null,
            "vpc": true
          },
          "sensitive_attributes": [],
          "private": "eyJlMmJmYjczMC1lY2FhLTExZTYtOGY4OC0zNDM2M2JjN2M0YzAiOnsiZGVsZXRlIjoxODAwMDAwMDAwMDAsInJlYWQiOjkwMDAwMDAwMDAwMCwidXBkYXRlIjozMDAwMDAwMDAwMDB9fQ==",
          "dependencies": [
            "data.aws_availability_zones.available",
            "module.vpc.aws_internet_gateway.this",
            "module.vpc.aws_vpc.this",
            "module.vpc.aws_vpc_ipv4_cidr_block_association.this"
          ],
          "create_before_destroy": true
        }
      ]
    },
    {
      "module": "module.vpc",
      "mode": "managed",
      "type": "aws_elasticache_subnet_group",
      "name": "elasticache",
      "provider": "provider[\"registry.terraform.io/hashicorp/aws\"]",
      "instances": []
    },
    {
      "module": "module.vpc",
      "mode": "managed",
      "type": "aws_flow_log",
      "name": "this",
      "provider": "provider[\"registry.terraform.io/hashicorp/aws\"]",
      "instances": []
    },
    {
      "module": "module.vpc",
      "mode": "managed",
      "type": "aws_iam_policy",
      "name": "vpc_flow_log_cloudwatch",
      "provider": "provider[\"registry.terraform.io/hashicorp/aws\"]",
      "instances": []
    },
    {
      "module": "module.vpc",
      "mode": "managed",
      "type": "aws_iam_role",
      "name": "vpc_flow_log_cloudwatch",
      "provider": "provider[\"registry.terraform.io/hashicorp/aws\"]",
      "instances": []
    },
    {
      "module": "module.vpc",
      "mode": "managed",
      "type": "aws_iam_role_policy_attachment",
      "name": "vpc_flow_log_cloudwatch",
      "provider": "provider[\"registry.terraform.io/hashicorp/aws\"]",
      "instances": []
    },
    {
      "module": "module.vpc",
      "mode": "managed",
      "type": "aws_internet_gateway",
      "name": "this",
      "provider": "provider[\"registry.terraform.io/hashicorp/aws\"]",
      "instances": [
        {
          "index_key": 0,
          "schema_version": 0,
          "attributes": {
            "arn": "arn:aws:ec2:us-east-1:058264364931:internet-gateway/igw-0360b8323b6322745",
            "id": "igw-0360b8323b6322745",
            "owner_id": "058264364931",
            "tags": {
              "Name": "octopus",
              "Terraform": "true",
              "kubernetes.io/cluster/octopus": "owned"
            },
            "tags_all": {
              "Name": "octopus",
              "Terraform": "true",
              "kubernetes.io/cluster/octopus": "owned"
            },
            "timeouts": null,
            "vpc_id": "vpc-093e4d1694f29756d"
          },
          "sensitive_attributes": [],
          "private": "eyJlMmJmYjczMC1lY2FhLTExZTYtOGY4OC0zNDM2M2JjN2M0YzAiOnsiY3JlYXRlIjoxMjAwMDAwMDAwMDAwLCJkZWxldGUiOjEyMDAwMDAwMDAwMDAsInVwZGF0ZSI6MTIwMDAwMDAwMDAwMH19",
          "dependencies": [
            "data.aws_availability_zones.available",
            "module.vpc.aws_vpc.this",
            "module.vpc.aws_vpc_ipv4_cidr_block_association.this"
          ],
          "create_before_destroy": true
        }
      ]
    },
    {
      "module": "module.vpc",
      "mode": "managed",
      "type": "aws_nat_gateway",
      "name": "this",
      "provider": "provider[\"registry.terraform.io/hashicorp/aws\"]",
      "instances": [
        {
          "index_key": 0,
          "schema_version": 0,
          "attributes": {
            "allocation_id": "eipalloc-03e757cb0e0b0fd89",
            "association_id": "eipassoc-0276c51880e48d538",
            "connectivity_type": "public",
            "id": "nat-04589c8059afa7706",
            "network_interface_id": "eni-0209c6171e4b59fb3",
            "private_ip": "10.0.0.109",
            "public_ip": "54.144.220.2",
            "secondary_allocation_ids": null,
            "secondary_private_ip_address_count": 0,
            "secondary_private_ip_addresses": [],
            "subnet_id": "subnet-0dcc5f3823ee77da6",
            "tags": {
              "Name": "octopus-us-east-1a",
              "Terraform": "true",
              "kubernetes.io/cluster/octopus": "owned"
            },
            "tags_all": {
              "Name": "octopus-us-east-1a",
              "Terraform": "true",
              "kubernetes.io/cluster/octopus": "owned"
            },
            "timeouts": null
          },
          "sensitive_attributes": [],
          "private": "eyJlMmJmYjczMC1lY2FhLTExZTYtOGY4OC0zNDM2M2JjN2M0YzAiOnsiY3JlYXRlIjo2MDAwMDAwMDAwMDAsImRlbGV0ZSI6MTgwMDAwMDAwMDAwMCwidXBkYXRlIjo2MDAwMDAwMDAwMDB9fQ==",
          "dependencies": [
            "data.aws_availability_zones.available",
            "module.vpc.aws_eip.nat",
            "module.vpc.aws_internet_gateway.this",
            "module.vpc.aws_subnet.public",
            "module.vpc.aws_vpc.this",
            "module.vpc.aws_vpc_ipv4_cidr_block_association.this"
          ],
          "create_before_destroy": true
        }
      ]
    },
    {
      "module": "module.vpc",
      "mode": "managed",
      "type": "aws_network_acl",
      "name": "database",
      "provider": "provider[\"registry.terraform.io/hashicorp/aws\"]",
      "instances": []
    },
    {
      "module": "module.vpc",
      "mode": "managed",
      "type": "aws_network_acl",
      "name": "elasticache",
      "provider": "provider[\"registry.terraform.io/hashicorp/aws\"]",
      "instances": []
    },
    {
      "module": "module.vpc",
      "mode": "managed",
      "type": "aws_network_acl",
      "name": "intra",
      "provider": "provider[\"registry.terraform.io/hashicorp/aws\"]",
      "instances": []
    },
    {
      "module": "module.vpc",
      "mode": "managed",
      "type": "aws_network_acl",
      "name": "outpost",
      "provider": "provider[\"registry.terraform.io/hashicorp/aws\"]",
      "instances": []
    },
    {
      "module": "module.vpc",
      "mode": "managed",
      "type": "aws_network_acl",
      "name": "private",
      "provider": "provider[\"registry.terraform.io/hashicorp/aws\"]",
      "instances": []
    },
    {
      "module": "module.vpc",
      "mode": "managed",
      "type": "aws_network_acl",
      "name": "public",
      "provider": "provider[\"registry.terraform.io/hashicorp/aws\"]",
      "instances": []
    },
    {
      "module": "module.vpc",
      "mode": "managed",
      "type": "aws_network_acl",
      "name": "redshift",
      "provider": "provider[\"registry.terraform.io/hashicorp/aws\"]",
      "instances": []
    },
    {
      "module": "module.vpc",
      "mode": "managed",
      "type": "aws_network_acl_rule",
      "name": "database_inbound",
      "provider": "provider[\"registry.terraform.io/hashicorp/aws\"]",
      "instances": []
    },
    {
      "module": "module.vpc",
      "mode": "managed",
      "type": "aws_network_acl_rule",
      "name": "database_outbound",
      "provider": "provider[\"registry.terraform.io/hashicorp/aws\"]",
      "instances": []
    },
    {
      "module": "module.vpc",
      "mode": "managed",
      "type": "aws_network_acl_rule",
      "name": "elasticache_inbound",
      "provider": "provider[\"registry.terraform.io/hashicorp/aws\"]",
      "instances": []
    },
    {
      "module": "module.vpc",
      "mode": "managed",
      "type": "aws_network_acl_rule",
      "name": "elasticache_outbound",
      "provider": "provider[\"registry.terraform.io/hashicorp/aws\"]",
      "instances": []
    },
    {
      "module": "module.vpc",
      "mode": "managed",
      "type": "aws_network_acl_rule",
      "name": "intra_inbound",
      "provider": "provider[\"registry.terraform.io/hashicorp/aws\"]",
      "instances": []
    },
    {
      "module": "module.vpc",
      "mode": "managed",
      "type": "aws_network_acl_rule",
      "name": "intra_outbound",
      "provider": "provider[\"registry.terraform.io/hashicorp/aws\"]",
      "instances": []
    },
    {
      "module": "module.vpc",
      "mode": "managed",
      "type": "aws_network_acl_rule",
      "name": "outpost_inbound",
      "provider": "provider[\"registry.terraform.io/hashicorp/aws\"]",
      "instances": []
    },
    {
      "module": "module.vpc",
      "mode": "managed",
      "type": "aws_network_acl_rule",
      "name": "outpost_outbound",
      "provider": "provider[\"registry.terraform.io/hashicorp/aws\"]",
      "instances": []
    },
    {
      "module": "module.vpc",
      "mode": "managed",
      "type": "aws_network_acl_rule",
      "name": "private_inbound",
      "provider": "provider[\"registry.terraform.io/hashicorp/aws\"]",
      "instances": []
    },
    {
      "module": "module.vpc",
      "mode": "managed",
      "type": "aws_network_acl_rule",
      "name": "private_outbound",
      "provider": "provider[\"registry.terraform.io/hashicorp/aws\"]",
      "instances": []
    },
    {
      "module": "module.vpc",
      "mode": "managed",
      "type": "aws_network_acl_rule",
      "name": "public_inbound",
      "provider": "provider[\"registry.terraform.io/hashicorp/aws\"]",
      "instances": []
    },
    {
      "module": "module.vpc",
      "mode": "managed",
      "type": "aws_network_acl_rule",
      "name": "public_outbound",
      "provider": "provider[\"registry.terraform.io/hashicorp/aws\"]",
      "instances": []
    },
    {
      "module": "module.vpc",
      "mode": "managed",
      "type": "aws_network_acl_rule",
      "name": "redshift_inbound",
      "provider": "provider[\"registry.terraform.io/hashicorp/aws\"]",
      "instances": []
    },
    {
      "module": "module.vpc",
      "mode": "managed",
      "type": "aws_network_acl_rule",
      "name": "redshift_outbound",
      "provider": "provider[\"registry.terraform.io/hashicorp/aws\"]",
      "instances": []
    },
    {
      "module": "module.vpc",
      "mode": "managed",
      "type": "aws_redshift_subnet_group",
      "name": "redshift",
      "provider": "provider[\"registry.terraform.io/hashicorp/aws\"]",
      "instances": []
    },
    {
      "module": "module.vpc",
      "mode": "managed",
      "type": "aws_route",
      "name": "database_dns64_nat_gateway",
      "provider": "provider[\"registry.terraform.io/hashicorp/aws\"]",
      "instances": []
    },
    {
      "module": "module.vpc",
      "mode": "managed",
      "type": "aws_route",
      "name": "database_internet_gateway",
      "provider": "provider[\"registry.terraform.io/hashicorp/aws\"]",
      "instances": []
    },
    {
      "module": "module.vpc",
      "mode": "managed",
      "type": "aws_route",
      "name": "database_ipv6_egress",
      "provider": "provider[\"registry.terraform.io/hashicorp/aws\"]",
      "instances": []
    },
    {
      "module": "module.vpc",
      "mode": "managed",
      "type": "aws_route",
      "name": "database_nat_gateway",
      "provider": "provider[\"registry.terraform.io/hashicorp/aws\"]",
      "instances": []
    },
    {
      "module": "module.vpc",
      "mode": "managed",
      "type": "aws_route",
      "name": "private_dns64_nat_gateway",
      "provider": "provider[\"registry.terraform.io/hashicorp/aws\"]",
      "instances": []
    },
    {
      "module": "module.vpc",
      "mode": "managed",
      "type": "aws_route",
      "name": "private_ipv6_egress",
      "provider": "provider[\"registry.terraform.io/hashicorp/aws\"]",
      "instances": []
    },
    {
      "module": "module.vpc",
      "mode": "managed",
      "type": "aws_route",
      "name": "private_nat_gateway",
      "provider": "provider[\"registry.terraform.io/hashicorp/aws\"]",
      "instances": [
        {
          "index_key": 0,
          "schema_version": 0,
          "attributes": {
            "carrier_gateway_id": "",
            "core_network_arn": "",
            "destination_cidr_block": "0.0.0.0/0",
            "destination_ipv6_cidr_block": "",
            "destination_prefix_list_id": "",
            "egress_only_gateway_id": "",
            "gateway_id": "",
            "id": "r-rtb-0540e2402d25977d41080289494",
            "instance_id": "",
            "instance_owner_id": "",
            "local_gateway_id": "",
            "nat_gateway_id": "nat-04589c8059afa7706",
            "network_interface_id": "",
            "origin": "CreateRoute",
            "route_table_id": "rtb-0540e2402d25977d4",
            "state": "active",
            "timeouts": {
              "create": "5m",
              "delete": null,
              "update": null
            },
            "transit_gateway_id": "",
            "vpc_endpoint_id": "",
            "vpc_peering_connection_id": ""
          },
          "sensitive_attributes": [],
          "private": "eyJlMmJmYjczMC1lY2FhLTExZTYtOGY4OC0zNDM2M2JjN2M0YzAiOnsiY3JlYXRlIjozMDAwMDAwMDAwMDAsImRlbGV0ZSI6MzAwMDAwMDAwMDAwLCJ1cGRhdGUiOjEyMDAwMDAwMDAwMH19",
          "dependencies": [
            "data.aws_availability_zones.available",
            "module.vpc.aws_eip.nat",
            "module.vpc.aws_internet_gateway.this",
            "module.vpc.aws_nat_gateway.this",
            "module.vpc.aws_route_table.private",
            "module.vpc.aws_subnet.public",
            "module.vpc.aws_vpc.this",
            "module.vpc.aws_vpc_ipv4_cidr_block_association.this"
          ],
          "create_before_destroy": true
        }
      ]
    },
    {
      "module": "module.vpc",
      "mode": "managed",
      "type": "aws_route",
      "name": "public_internet_gateway",
      "provider": "provider[\"registry.terraform.io/hashicorp/aws\"]",
      "instances": [
        {
          "index_key": 0,
          "schema_version": 0,
          "attributes": {
            "carrier_gateway_id": "",
            "core_network_arn": "",
            "destination_cidr_block": "0.0.0.0/0",
            "destination_ipv6_cidr_block": "",
            "destination_prefix_list_id": "",
            "egress_only_gateway_id": "",
            "gateway_id": "igw-0360b8323b6322745",
            "id": "r-rtb-0d86ec70d0c63664f1080289494",
            "instance_id": "",
            "instance_owner_id": "",
            "local_gateway_id": "",
            "nat_gateway_id": "",
            "network_interface_id": "",
            "origin": "CreateRoute",
            "route_table_id": "rtb-0d86ec70d0c63664f",
            "state": "active",
            "timeouts": {
              "create": "5m",
              "delete": null,
              "update": null
            },
            "transit_gateway_id": "",
            "vpc_endpoint_id": "",
            "vpc_peering_connection_id": ""
          },
          "sensitive_attributes": [],
          "private": "eyJlMmJmYjczMC1lY2FhLTExZTYtOGY4OC0zNDM2M2JjN2M0YzAiOnsiY3JlYXRlIjozMDAwMDAwMDAwMDAsImRlbGV0ZSI6MzAwMDAwMDAwMDAwLCJ1cGRhdGUiOjEyMDAwMDAwMDAwMH19",
          "dependencies": [
            "data.aws_availability_zones.available",
            "module.vpc.aws_internet_gateway.this",
            "module.vpc.aws_route_table.public",
            "module.vpc.aws_vpc.this",
            "module.vpc.aws_vpc_ipv4_cidr_block_association.this"
          ],
          "create_before_destroy": true
        }
      ]
    },
    {
      "module": "module.vpc",
      "mode": "managed",
      "type": "aws_route",
      "name": "public_internet_gateway_ipv6",
      "provider": "provider[\"registry.terraform.io/hashicorp/aws\"]",
      "instances": []
    },
    {
      "module": "module.vpc",
      "mode": "managed",
      "type": "aws_route_table",
      "name": "database",
      "provider": "provider[\"registry.terraform.io/hashicorp/aws\"]",
      "instances": []
    },
    {
      "module": "module.vpc",
      "mode": "managed",
      "type": "aws_route_table",
      "name": "elasticache",
      "provider": "provider[\"registry.terraform.io/hashicorp/aws\"]",
      "instances": []
    },
    {
      "module": "module.vpc",
      "mode": "managed",
      "type": "aws_route_table",
      "name": "intra",
      "provider": "provider[\"registry.terraform.io/hashicorp/aws\"]",
      "instances": []
    },
    {
      "module": "module.vpc",
      "mode": "managed",
      "type": "aws_route_table",
      "name": "private",
      "provider": "provider[\"registry.terraform.io/hashicorp/aws\"]",
      "instances": [
        {
          "index_key": 0,
          "schema_version": 0,
          "attributes": {
            "arn": "arn:aws:ec2:us-east-1:058264364931:route-table/rtb-0540e2402d25977d4",
            "id": "rtb-0540e2402d25977d4",
            "owner_id": "058264364931",
            "propagating_vgws": [],
            "route": [],
            "tags": {
              "Name": "octopus-private",
              "Terraform": "true",
              "kubernetes.io/cluster/octopus": "owned"
            },
            "tags_all": {
              "Name": "octopus-private",
              "Terraform": "true",
              "kubernetes.io/cluster/octopus": "owned"
            },
            "timeouts": null,
            "vpc_id": "vpc-093e4d1694f29756d"
          },
          "sensitive_attributes": [],
          "private": "eyJlMmJmYjczMC1lY2FhLTExZTYtOGY4OC0zNDM2M2JjN2M0YzAiOnsiY3JlYXRlIjozMDAwMDAwMDAwMDAsImRlbGV0ZSI6MzAwMDAwMDAwMDAwLCJ1cGRhdGUiOjEyMDAwMDAwMDAwMH19",
          "dependencies": [
            "data.aws_availability_zones.available",
            "module.vpc.aws_vpc.this",
            "module.vpc.aws_vpc_ipv4_cidr_block_association.this"
          ],
          "create_before_destroy": true
        }
      ]
    },
    {
      "module": "module.vpc",
      "mode": "managed",
      "type": "aws_route_table",
      "name": "public",
      "provider": "provider[\"registry.terraform.io/hashicorp/aws\"]",
      "instances": [
        {
          "index_key": 0,
          "schema_version": 0,
          "attributes": {
            "arn": "arn:aws:ec2:us-east-1:058264364931:route-table/rtb-0d86ec70d0c63664f",
            "id": "rtb-0d86ec70d0c63664f",
            "owner_id": "058264364931",
            "propagating_vgws": [],
            "route": [],
            "tags": {
              "Name": "octopus-public",
              "Terraform": "true",
              "kubernetes.io/cluster/octopus": "owned"
            },
            "tags_all": {
              "Name": "octopus-public",
              "Terraform": "true",
              "kubernetes.io/cluster/octopus": "owned"
            },
            "timeouts": null,
            "vpc_id": "vpc-093e4d1694f29756d"
          },
          "sensitive_attributes": [],
          "private": "eyJlMmJmYjczMC1lY2FhLTExZTYtOGY4OC0zNDM2M2JjN2M0YzAiOnsiY3JlYXRlIjozMDAwMDAwMDAwMDAsImRlbGV0ZSI6MzAwMDAwMDAwMDAwLCJ1cGRhdGUiOjEyMDAwMDAwMDAwMH19",
          "dependencies": [
            "data.aws_availability_zones.available",
            "module.vpc.aws_vpc.this",
            "module.vpc.aws_vpc_ipv4_cidr_block_association.this"
          ],
          "create_before_destroy": true
        }
      ]
    },
    {
      "module": "module.vpc",
      "mode": "managed",
      "type": "aws_route_table",
      "name": "redshift",
      "provider": "provider[\"registry.terraform.io/hashicorp/aws\"]",
      "instances": []
    },
    {
      "module": "module.vpc",
      "mode": "managed",
      "type": "aws_route_table_association",
      "name": "database",
      "provider": "provider[\"registry.terraform.io/hashicorp/aws\"]",
      "instances": []
    },
    {
      "module": "module.vpc",
      "mode": "managed",
      "type": "aws_route_table_association",
      "name": "elasticache",
      "provider": "provider[\"registry.terraform.io/hashicorp/aws\"]",
      "instances": []
    },
    {
      "module": "module.vpc",
      "mode": "managed",
      "type": "aws_route_table_association",
      "name": "intra",
      "provider": "provider[\"registry.terraform.io/hashicorp/aws\"]",
      "instances": []
    },
    {
      "module": "module.vpc",
      "mode": "managed",
      "type": "aws_route_table_association",
      "name": "outpost",
      "provider": "provider[\"registry.terraform.io/hashicorp/aws\"]",
      "instances": []
    },
    {
      "module": "module.vpc",
      "mode": "managed",
      "type": "aws_route_table_association",
      "name": "private",
      "provider": "provider[\"registry.terraform.io/hashicorp/aws\"]",
      "instances": [
        {
          "index_key": 0,
          "schema_version": 0,
          "attributes": {
            "gateway_id": "",
            "id": "rtbassoc-0db045d3e0d76efbf",
            "route_table_id": "rtb-0540e2402d25977d4",
            "subnet_id": "subnet-0aca40c9043cfeb23",
            "timeouts": null
          },
          "sensitive_attributes": [],
          "private": "eyJlMmJmYjczMC1lY2FhLTExZTYtOGY4OC0zNDM2M2JjN2M0YzAiOnsiY3JlYXRlIjozMDAwMDAwMDAwMDAsImRlbGV0ZSI6MzAwMDAwMDAwMDAwLCJ1cGRhdGUiOjEyMDAwMDAwMDAwMH19",
          "dependencies": [
            "data.aws_availability_zones.available",
            "module.vpc.aws_route_table.private",
            "module.vpc.aws_subnet.private",
            "module.vpc.aws_vpc.this",
            "module.vpc.aws_vpc_ipv4_cidr_block_association.this"
          ],
          "create_before_destroy": true
        },
        {
          "index_key": 1,
          "schema_version": 0,
          "attributes": {
            "gateway_id": "",
            "id": "rtbassoc-03eb7e15965ca0dbf",
            "route_table_id": "rtb-0540e2402d25977d4",
            "subnet_id": "subnet-0c3742a471756cfa9",
            "timeouts": null
          },
          "sensitive_attributes": [],
          "private": "eyJlMmJmYjczMC1lY2FhLTExZTYtOGY4OC0zNDM2M2JjN2M0YzAiOnsiY3JlYXRlIjozMDAwMDAwMDAwMDAsImRlbGV0ZSI6MzAwMDAwMDAwMDAwLCJ1cGRhdGUiOjEyMDAwMDAwMDAwMH19",
          "dependencies": [
            "data.aws_availability_zones.available",
            "module.vpc.aws_route_table.private",
            "module.vpc.aws_subnet.private",
            "module.vpc.aws_vpc.this",
            "module.vpc.aws_vpc_ipv4_cidr_block_association.this"
          ],
          "create_before_destroy": true
        },
        {
          "index_key": 2,
          "schema_version": 0,
          "attributes": {
            "gateway_id": "",
            "id": "rtbassoc-0e4ef0c1c216deba5",
            "route_table_id": "rtb-0540e2402d25977d4",
            "subnet_id": "subnet-0eb89a551debfd6e4",
            "timeouts": null
          },
          "sensitive_attributes": [],
          "private": "eyJlMmJmYjczMC1lY2FhLTExZTYtOGY4OC0zNDM2M2JjN2M0YzAiOnsiY3JlYXRlIjozMDAwMDAwMDAwMDAsImRlbGV0ZSI6MzAwMDAwMDAwMDAwLCJ1cGRhdGUiOjEyMDAwMDAwMDAwMH19",
          "dependencies": [
            "data.aws_availability_zones.available",
            "module.vpc.aws_route_table.private",
            "module.vpc.aws_subnet.private",
            "module.vpc.aws_vpc.this",
            "module.vpc.aws_vpc_ipv4_cidr_block_association.this"
          ],
          "create_before_destroy": true
        },
        {
          "index_key": 3,
          "schema_version": 0,
          "attributes": {
            "gateway_id": "",
            "id": "rtbassoc-0b2bf56c44c0c75c2",
            "route_table_id": "rtb-0540e2402d25977d4",
            "subnet_id": "subnet-03bac8e152a7f2c4e",
            "timeouts": null
          },
          "sensitive_attributes": [],
          "private": "eyJlMmJmYjczMC1lY2FhLTExZTYtOGY4OC0zNDM2M2JjN2M0YzAiOnsiY3JlYXRlIjozMDAwMDAwMDAwMDAsImRlbGV0ZSI6MzAwMDAwMDAwMDAwLCJ1cGRhdGUiOjEyMDAwMDAwMDAwMH19",
          "dependencies": [
            "data.aws_availability_zones.available",
            "module.vpc.aws_route_table.private",
            "module.vpc.aws_subnet.private",
            "module.vpc.aws_vpc.this",
            "module.vpc.aws_vpc_ipv4_cidr_block_association.this"
          ],
          "create_before_destroy": true
        },
        {
          "index_key": 4,
          "schema_version": 0,
          "attributes": {
            "gateway_id": "",
            "id": "rtbassoc-015de3a693d4364de",
            "route_table_id": "rtb-0540e2402d25977d4",
            "subnet_id": "subnet-0bbab4ed967ec029c",
            "timeouts": null
          },
          "sensitive_attributes": [],
          "private": "eyJlMmJmYjczMC1lY2FhLTExZTYtOGY4OC0zNDM2M2JjN2M0YzAiOnsiY3JlYXRlIjozMDAwMDAwMDAwMDAsImRlbGV0ZSI6MzAwMDAwMDAwMDAwLCJ1cGRhdGUiOjEyMDAwMDAwMDAwMH19",
          "dependencies": [
            "data.aws_availability_zones.available",
            "module.vpc.aws_route_table.private",
            "module.vpc.aws_subnet.private",
            "module.vpc.aws_vpc.this",
            "module.vpc.aws_vpc_ipv4_cidr_block_association.this"
          ],
          "create_before_destroy": true
        }
      ]
    },
    {
      "module": "module.vpc",
      "mode": "managed",
      "type": "aws_route_table_association",
      "name": "public",
      "provider": "provider[\"registry.terraform.io/hashicorp/aws\"]",
      "instances": [
        {
          "index_key": 0,
          "schema_version": 0,
          "attributes": {
            "gateway_id": "",
            "id": "rtbassoc-0f073af09c5e7477e",
            "route_table_id": "rtb-0d86ec70d0c63664f",
            "subnet_id": "subnet-0dcc5f3823ee77da6",
            "timeouts": null
          },
          "sensitive_attributes": [],
          "private": "eyJlMmJmYjczMC1lY2FhLTExZTYtOGY4OC0zNDM2M2JjN2M0YzAiOnsiY3JlYXRlIjozMDAwMDAwMDAwMDAsImRlbGV0ZSI6MzAwMDAwMDAwMDAwLCJ1cGRhdGUiOjEyMDAwMDAwMDAwMH19",
          "dependencies": [
            "data.aws_availability_zones.available",
            "module.vpc.aws_route_table.public",
            "module.vpc.aws_subnet.public",
            "module.vpc.aws_vpc.this",
            "module.vpc.aws_vpc_ipv4_cidr_block_association.this"
          ],
          "create_before_destroy": true
        },
        {
          "index_key": 1,
          "schema_version": 0,
          "attributes": {
            "gateway_id": "",
            "id": "rtbassoc-020f978c9ed40c262",
            "route_table_id": "rtb-0d86ec70d0c63664f",
            "subnet_id": "subnet-0c8bd3b61bf8e466e",
            "timeouts": null
          },
          "sensitive_attributes": [],
          "private": "eyJlMmJmYjczMC1lY2FhLTExZTYtOGY4OC0zNDM2M2JjN2M0YzAiOnsiY3JlYXRlIjozMDAwMDAwMDAwMDAsImRlbGV0ZSI6MzAwMDAwMDAwMDAwLCJ1cGRhdGUiOjEyMDAwMDAwMDAwMH19",
          "dependencies": [
            "data.aws_availability_zones.available",
            "module.vpc.aws_route_table.public",
            "module.vpc.aws_subnet.public",
            "module.vpc.aws_vpc.this",
            "module.vpc.aws_vpc_ipv4_cidr_block_association.this"
          ],
          "create_before_destroy": true
        },
        {
          "index_key": 2,
          "schema_version": 0,
          "attributes": {
            "gateway_id": "",
            "id": "rtbassoc-0538466cfd43329e6",
            "route_table_id": "rtb-0d86ec70d0c63664f",
            "subnet_id": "subnet-0256957496bd7d0a9",
            "timeouts": null
          },
          "sensitive_attributes": [],
          "private": "eyJlMmJmYjczMC1lY2FhLTExZTYtOGY4OC0zNDM2M2JjN2M0YzAiOnsiY3JlYXRlIjozMDAwMDAwMDAwMDAsImRlbGV0ZSI6MzAwMDAwMDAwMDAwLCJ1cGRhdGUiOjEyMDAwMDAwMDAwMH19",
          "dependencies": [
            "data.aws_availability_zones.available",
            "module.vpc.aws_route_table.public",
            "module.vpc.aws_subnet.public",
            "module.vpc.aws_vpc.this",
            "module.vpc.aws_vpc_ipv4_cidr_block_association.this"
          ],
          "create_before_destroy": true
        },
        {
          "index_key": 3,
          "schema_version": 0,
          "attributes": {
            "gateway_id": "",
            "id": "rtbassoc-04cc038f6a7f72a2b",
            "route_table_id": "rtb-0d86ec70d0c63664f",
            "subnet_id": "subnet-006cc86c36f1b86de",
            "timeouts": null
          },
          "sensitive_attributes": [],
          "private": "eyJlMmJmYjczMC1lY2FhLTExZTYtOGY4OC0zNDM2M2JjN2M0YzAiOnsiY3JlYXRlIjozMDAwMDAwMDAwMDAsImRlbGV0ZSI6MzAwMDAwMDAwMDAwLCJ1cGRhdGUiOjEyMDAwMDAwMDAwMH19",
          "dependencies": [
            "data.aws_availability_zones.available",
            "module.vpc.aws_route_table.public",
            "module.vpc.aws_subnet.public",
            "module.vpc.aws_vpc.this",
            "module.vpc.aws_vpc_ipv4_cidr_block_association.this"
          ],
          "create_before_destroy": true
        },
        {
          "index_key": 4,
          "schema_version": 0,
          "attributes": {
            "gateway_id": "",
            "id": "rtbassoc-028e84f98e4dbe8ba",
            "route_table_id": "rtb-0d86ec70d0c63664f",
            "subnet_id": "subnet-08a458d469ee5981d",
            "timeouts": null
          },
          "sensitive_attributes": [],
          "private": "eyJlMmJmYjczMC1lY2FhLTExZTYtOGY4OC0zNDM2M2JjN2M0YzAiOnsiY3JlYXRlIjozMDAwMDAwMDAwMDAsImRlbGV0ZSI6MzAwMDAwMDAwMDAwLCJ1cGRhdGUiOjEyMDAwMDAwMDAwMH19",
          "dependencies": [
            "data.aws_availability_zones.available",
            "module.vpc.aws_route_table.public",
            "module.vpc.aws_subnet.public",
            "module.vpc.aws_vpc.this",
            "module.vpc.aws_vpc_ipv4_cidr_block_association.this"
          ],
          "create_before_destroy": true
        }
      ]
    },
    {
      "module": "module.vpc",
      "mode": "managed",
      "type": "aws_route_table_association",
      "name": "redshift",
      "provider": "provider[\"registry.terraform.io/hashicorp/aws\"]",
      "instances": []
    },
    {
      "module": "module.vpc",
      "mode": "managed",
      "type": "aws_route_table_association",
      "name": "redshift_public",
      "provider": "provider[\"registry.terraform.io/hashicorp/aws\"]",
      "instances": []
    },
    {
      "module": "module.vpc",
      "mode": "managed",
      "type": "aws_subnet",
      "name": "database",
      "provider": "provider[\"registry.terraform.io/hashicorp/aws\"]",
      "instances": []
    },
    {
      "module": "module.vpc",
      "mode": "managed",
      "type": "aws_subnet",
      "name": "elasticache",
      "provider": "provider[\"registry.terraform.io/hashicorp/aws\"]",
      "instances": []
    },
    {
      "module": "module.vpc",
      "mode": "managed",
      "type": "aws_subnet",
      "name": "intra",
      "provider": "provider[\"registry.terraform.io/hashicorp/aws\"]",
      "instances": []
    },
    {
      "module": "module.vpc",
      "mode": "managed",
      "type": "aws_subnet",
      "name": "outpost",
      "provider": "provider[\"registry.terraform.io/hashicorp/aws\"]",
      "instances": []
    },
    {
      "module": "module.vpc",
      "mode": "managed",
      "type": "aws_subnet",
      "name": "private",
      "provider": "provider[\"registry.terraform.io/hashicorp/aws\"]",
      "instances": [
        {
          "index_key": 0,
          "schema_version": 1,
          "attributes": {
            "arn": "arn:aws:ec2:us-east-1:058264364931:subnet/subnet-0aca40c9043cfeb23",
            "assign_ipv6_address_on_creation": false,
            "availability_zone": "us-east-1a",
            "availability_zone_id": "use1-az2",
            "cidr_block": "10.0.5.0/24",
            "customer_owned_ipv4_pool": "",
            "enable_dns64": false,
            "enable_lni_at_device_index": 0,
            "enable_resource_name_dns_a_record_on_launch": false,
            "enable_resource_name_dns_aaaa_record_on_launch": false,
            "id": "subnet-0aca40c9043cfeb23",
            "ipv6_cidr_block": "",
            "ipv6_cidr_block_association_id": "",
            "ipv6_native": false,
            "map_customer_owned_ip_on_launch": false,
            "map_public_ip_on_launch": false,
            "outpost_arn": "",
            "owner_id": "058264364931",
            "private_dns_hostname_type_on_launch": "ip-name",
            "tags": {
              "Name": "octopus-private-us-east-1a",
              "Terraform": "true",
              "kubernetes.io/cluster/octopus": "owned",
              "kubernetes.io/role/internal-elb": "1"
            },
            "tags_all": {
              "Name": "octopus-private-us-east-1a",
              "Terraform": "true",
              "kubernetes.io/cluster/octopus": "owned",
              "kubernetes.io/role/internal-elb": "1"
            },
            "timeouts": null,
            "vpc_id": "vpc-093e4d1694f29756d"
          },
          "sensitive_attributes": [],
          "private": "eyJlMmJmYjczMC1lY2FhLTExZTYtOGY4OC0zNDM2M2JjN2M0YzAiOnsiY3JlYXRlIjo2MDAwMDAwMDAwMDAsImRlbGV0ZSI6MTIwMDAwMDAwMDAwMH0sInNjaGVtYV92ZXJzaW9uIjoiMSJ9",
          "dependencies": [
            "data.aws_availability_zones.available",
            "module.vpc.aws_vpc.this",
            "module.vpc.aws_vpc_ipv4_cidr_block_association.this"
          ],
          "create_before_destroy": true
        },
        {
          "index_key": 1,
          "schema_version": 1,
          "attributes": {
            "arn": "arn:aws:ec2:us-east-1:058264364931:subnet/subnet-0c3742a471756cfa9",
            "assign_ipv6_address_on_creation": false,
            "availability_zone": "us-east-1b",
            "availability_zone_id": "use1-az4",
            "cidr_block": "10.0.6.0/24",
            "customer_owned_ipv4_pool": "",
            "enable_dns64": false,
            "enable_lni_at_device_index": 0,
            "enable_resource_name_dns_a_record_on_launch": false,
            "enable_resource_name_dns_aaaa_record_on_launch": false,
            "id": "subnet-0c3742a471756cfa9",
            "ipv6_cidr_block": "",
            "ipv6_cidr_block_association_id": "",
            "ipv6_native": false,
            "map_customer_owned_ip_on_launch": false,
            "map_public_ip_on_launch": false,
            "outpost_arn": "",
            "owner_id": "058264364931",
            "private_dns_hostname_type_on_launch": "ip-name",
            "tags": {
              "Name": "octopus-private-us-east-1b",
              "Terraform": "true",
              "kubernetes.io/cluster/octopus": "owned",
              "kubernetes.io/role/internal-elb": "1"
            },
            "tags_all": {
              "Name": "octopus-private-us-east-1b",
              "Terraform": "true",
              "kubernetes.io/cluster/octopus": "owned",
              "kubernetes.io/role/internal-elb": "1"
            },
            "timeouts": null,
            "vpc_id": "vpc-093e4d1694f29756d"
          },
          "sensitive_attributes": [],
          "private": "eyJlMmJmYjczMC1lY2FhLTExZTYtOGY4OC0zNDM2M2JjN2M0YzAiOnsiY3JlYXRlIjo2MDAwMDAwMDAwMDAsImRlbGV0ZSI6MTIwMDAwMDAwMDAwMH0sInNjaGVtYV92ZXJzaW9uIjoiMSJ9",
          "dependencies": [
            "data.aws_availability_zones.available",
            "module.vpc.aws_vpc.this",
            "module.vpc.aws_vpc_ipv4_cidr_block_association.this"
          ],
          "create_before_destroy": true
        },
        {
          "index_key": 2,
          "schema_version": 1,
          "attributes": {
            "arn": "arn:aws:ec2:us-east-1:058264364931:subnet/subnet-0eb89a551debfd6e4",
            "assign_ipv6_address_on_creation": false,
            "availability_zone": "us-east-1c",
            "availability_zone_id": "use1-az6",
            "cidr_block": "10.0.7.0/24",
            "customer_owned_ipv4_pool": "",
            "enable_dns64": false,
            "enable_lni_at_device_index": 0,
            "enable_resource_name_dns_a_record_on_launch": false,
            "enable_resource_name_dns_aaaa_record_on_launch": false,
            "id": "subnet-0eb89a551debfd6e4",
            "ipv6_cidr_block": "",
            "ipv6_cidr_block_association_id": "",
            "ipv6_native": false,
            "map_customer_owned_ip_on_launch": false,
            "map_public_ip_on_launch": false,
            "outpost_arn": "",
            "owner_id": "058264364931",
            "private_dns_hostname_type_on_launch": "ip-name",
            "tags": {
              "Name": "octopus-private-us-east-1c",
              "Terraform": "true",
              "kubernetes.io/cluster/octopus": "owned",
              "kubernetes.io/role/internal-elb": "1"
            },
            "tags_all": {
              "Name": "octopus-private-us-east-1c",
              "Terraform": "true",
              "kubernetes.io/cluster/octopus": "owned",
              "kubernetes.io/role/internal-elb": "1"
            },
            "timeouts": null,
            "vpc_id": "vpc-093e4d1694f29756d"
          },
          "sensitive_attributes": [],
          "private": "eyJlMmJmYjczMC1lY2FhLTExZTYtOGY4OC0zNDM2M2JjN2M0YzAiOnsiY3JlYXRlIjo2MDAwMDAwMDAwMDAsImRlbGV0ZSI6MTIwMDAwMDAwMDAwMH0sInNjaGVtYV92ZXJzaW9uIjoiMSJ9",
          "dependencies": [
            "data.aws_availability_zones.available",
            "module.vpc.aws_vpc.this",
            "module.vpc.aws_vpc_ipv4_cidr_block_association.this"
          ],
          "create_before_destroy": true
        },
        {
          "index_key": 3,
          "schema_version": 1,
          "attributes": {
            "arn": "arn:aws:ec2:us-east-1:058264364931:subnet/subnet-03bac8e152a7f2c4e",
            "assign_ipv6_address_on_creation": false,
            "availability_zone": "us-east-1d",
            "availability_zone_id": "use1-az1",
            "cidr_block": "10.0.8.0/24",
            "customer_owned_ipv4_pool": "",
            "enable_dns64": false,
            "enable_lni_at_device_index": 0,
            "enable_resource_name_dns_a_record_on_launch": false,
            "enable_resource_name_dns_aaaa_record_on_launch": false,
            "id": "subnet-03bac8e152a7f2c4e",
            "ipv6_cidr_block": "",
            "ipv6_cidr_block_association_id": "",
            "ipv6_native": false,
            "map_customer_owned_ip_on_launch": false,
            "map_public_ip_on_launch": false,
            "outpost_arn": "",
            "owner_id": "058264364931",
            "private_dns_hostname_type_on_launch": "ip-name",
            "tags": {
              "Name": "octopus-private-us-east-1d",
              "Terraform": "true",
              "kubernetes.io/cluster/octopus": "owned",
              "kubernetes.io/role/internal-elb": "1"
            },
            "tags_all": {
              "Name": "octopus-private-us-east-1d",
              "Terraform": "true",
              "kubernetes.io/cluster/octopus": "owned",
              "kubernetes.io/role/internal-elb": "1"
            },
            "timeouts": null,
            "vpc_id": "vpc-093e4d1694f29756d"
          },
          "sensitive_attributes": [],
          "private": "eyJlMmJmYjczMC1lY2FhLTExZTYtOGY4OC0zNDM2M2JjN2M0YzAiOnsiY3JlYXRlIjo2MDAwMDAwMDAwMDAsImRlbGV0ZSI6MTIwMDAwMDAwMDAwMH0sInNjaGVtYV92ZXJzaW9uIjoiMSJ9",
          "dependencies": [
            "data.aws_availability_zones.available",
            "module.vpc.aws_vpc.this",
            "module.vpc.aws_vpc_ipv4_cidr_block_association.this"
          ],
          "create_before_destroy": true
        },
        {
          "index_key": 4,
          "schema_version": 1,
          "attributes": {
            "arn": "arn:aws:ec2:us-east-1:058264364931:subnet/subnet-0bbab4ed967ec029c",
            "assign_ipv6_address_on_creation": false,
            "availability_zone": "us-east-1f",
            "availability_zone_id": "use1-az5",
            "cidr_block": "10.0.9.0/24",
            "customer_owned_ipv4_pool": "",
            "enable_dns64": false,
            "enable_lni_at_device_index": 0,
            "enable_resource_name_dns_a_record_on_launch": false,
            "enable_resource_name_dns_aaaa_record_on_launch": false,
            "id": "subnet-0bbab4ed967ec029c",
            "ipv6_cidr_block": "",
            "ipv6_cidr_block_association_id": "",
            "ipv6_native": false,
            "map_customer_owned_ip_on_launch": false,
            "map_public_ip_on_launch": false,
            "outpost_arn": "",
            "owner_id": "058264364931",
            "private_dns_hostname_type_on_launch": "ip-name",
            "tags": {
              "Name": "octopus-private-us-east-1f",
              "Terraform": "true",
              "kubernetes.io/cluster/octopus": "owned",
              "kubernetes.io/role/internal-elb": "1"
            },
            "tags_all": {
              "Name": "octopus-private-us-east-1f",
              "Terraform": "true",
              "kubernetes.io/cluster/octopus": "owned",
              "kubernetes.io/role/internal-elb": "1"
            },
            "timeouts": null,
            "vpc_id": "vpc-093e4d1694f29756d"
          },
          "sensitive_attributes": [],
          "private": "eyJlMmJmYjczMC1lY2FhLTExZTYtOGY4OC0zNDM2M2JjN2M0YzAiOnsiY3JlYXRlIjo2MDAwMDAwMDAwMDAsImRlbGV0ZSI6MTIwMDAwMDAwMDAwMH0sInNjaGVtYV92ZXJzaW9uIjoiMSJ9",
          "dependencies": [
            "data.aws_availability_zones.available",
            "module.vpc.aws_vpc.this",
            "module.vpc.aws_vpc_ipv4_cidr_block_association.this"
          ],
          "create_before_destroy": true
        }
      ]
    },
    {
      "module": "module.vpc",
      "mode": "managed",
      "type": "aws_subnet",
      "name": "public",
      "provider": "provider[\"registry.terraform.io/hashicorp/aws\"]",
      "instances": [
        {
          "index_key": 0,
          "schema_version": 1,
          "attributes": {
            "arn": "arn:aws:ec2:us-east-1:058264364931:subnet/subnet-0dcc5f3823ee77da6",
            "assign_ipv6_address_on_creation": false,
            "availability_zone": "us-east-1a",
            "availability_zone_id": "use1-az2",
            "cidr_block": "10.0.0.0/24",
            "customer_owned_ipv4_pool": "",
            "enable_dns64": false,
            "enable_lni_at_device_index": 0,
            "enable_resource_name_dns_a_record_on_launch": false,
            "enable_resource_name_dns_aaaa_record_on_launch": false,
            "id": "subnet-0dcc5f3823ee77da6",
            "ipv6_cidr_block": "",
            "ipv6_cidr_block_association_id": "",
            "ipv6_native": false,
            "map_customer_owned_ip_on_launch": false,
            "map_public_ip_on_launch": false,
            "outpost_arn": "",
            "owner_id": "058264364931",
            "private_dns_hostname_type_on_launch": "ip-name",
            "tags": {
              "Name": "octopus-public-us-east-1a",
              "Terraform": "true",
              "kubernetes.io/cluster/octopus": "owned",
              "kubernetes.io/role/elb": "1"
            },
            "tags_all": {
              "Name": "octopus-public-us-east-1a",
              "Terraform": "true",
              "kubernetes.io/cluster/octopus": "owned",
              "kubernetes.io/role/elb": "1"
            },
            "timeouts": null,
            "vpc_id": "vpc-093e4d1694f29756d"
          },
          "sensitive_attributes": [],
          "private": "eyJlMmJmYjczMC1lY2FhLTExZTYtOGY4OC0zNDM2M2JjN2M0YzAiOnsiY3JlYXRlIjo2MDAwMDAwMDAwMDAsImRlbGV0ZSI6MTIwMDAwMDAwMDAwMH0sInNjaGVtYV92ZXJzaW9uIjoiMSJ9",
          "dependencies": [
            "data.aws_availability_zones.available",
            "module.vpc.aws_vpc.this",
            "module.vpc.aws_vpc_ipv4_cidr_block_association.this"
          ],
          "create_before_destroy": true
        },
        {
          "index_key": 1,
          "schema_version": 1,
          "attributes": {
            "arn": "arn:aws:ec2:us-east-1:058264364931:subnet/subnet-0c8bd3b61bf8e466e",
            "assign_ipv6_address_on_creation": false,
            "availability_zone": "us-east-1b",
            "availability_zone_id": "use1-az4",
            "cidr_block": "10.0.1.0/24",
            "customer_owned_ipv4_pool": "",
            "enable_dns64": false,
            "enable_lni_at_device_index": 0,
            "enable_resource_name_dns_a_record_on_launch": false,
            "enable_resource_name_dns_aaaa_record_on_launch": false,
            "id": "subnet-0c8bd3b61bf8e466e",
            "ipv6_cidr_block": "",
            "ipv6_cidr_block_association_id": "",
            "ipv6_native": false,
            "map_customer_owned_ip_on_launch": false,
            "map_public_ip_on_launch": false,
            "outpost_arn": "",
            "owner_id": "058264364931",
            "private_dns_hostname_type_on_launch": "ip-name",
            "tags": {
              "Name": "octopus-public-us-east-1b",
              "Terraform": "true",
              "kubernetes.io/cluster/octopus": "owned",
              "kubernetes.io/role/elb": "1"
            },
            "tags_all": {
              "Name": "octopus-public-us-east-1b",
              "Terraform": "true",
              "kubernetes.io/cluster/octopus": "owned",
              "kubernetes.io/role/elb": "1"
            },
            "timeouts": null,
            "vpc_id": "vpc-093e4d1694f29756d"
          },
          "sensitive_attributes": [],
          "private": "eyJlMmJmYjczMC1lY2FhLTExZTYtOGY4OC0zNDM2M2JjN2M0YzAiOnsiY3JlYXRlIjo2MDAwMDAwMDAwMDAsImRlbGV0ZSI6MTIwMDAwMDAwMDAwMH0sInNjaGVtYV92ZXJzaW9uIjoiMSJ9",
          "dependencies": [
            "data.aws_availability_zones.available",
            "module.vpc.aws_vpc.this",
            "module.vpc.aws_vpc_ipv4_cidr_block_association.this"
          ],
          "create_before_destroy": true
        },
        {
          "index_key": 2,
          "schema_version": 1,
          "attributes": {
            "arn": "arn:aws:ec2:us-east-1:058264364931:subnet/subnet-0256957496bd7d0a9",
            "assign_ipv6_address_on_creation": false,
            "availability_zone": "us-east-1c",
            "availability_zone_id": "use1-az6",
            "cidr_block": "10.0.2.0/24",
            "customer_owned_ipv4_pool": "",
            "enable_dns64": false,
            "enable_lni_at_device_index": 0,
            "enable_resource_name_dns_a_record_on_launch": false,
            "enable_resource_name_dns_aaaa_record_on_launch": false,
            "id": "subnet-0256957496bd7d0a9",
            "ipv6_cidr_block": "",
            "ipv6_cidr_block_association_id": "",
            "ipv6_native": false,
            "map_customer_owned_ip_on_launch": false,
            "map_public_ip_on_launch": false,
            "outpost_arn": "",
            "owner_id": "058264364931",
            "private_dns_hostname_type_on_launch": "ip-name",
            "tags": {
              "Name": "octopus-public-us-east-1c",
              "Terraform": "true",
              "kubernetes.io/cluster/octopus": "owned",
              "kubernetes.io/role/elb": "1"
            },
            "tags_all": {
              "Name": "octopus-public-us-east-1c",
              "Terraform": "true",
              "kubernetes.io/cluster/octopus": "owned",
              "kubernetes.io/role/elb": "1"
            },
            "timeouts": null,
            "vpc_id": "vpc-093e4d1694f29756d"
          },
          "sensitive_attributes": [],
          "private": "eyJlMmJmYjczMC1lY2FhLTExZTYtOGY4OC0zNDM2M2JjN2M0YzAiOnsiY3JlYXRlIjo2MDAwMDAwMDAwMDAsImRlbGV0ZSI6MTIwMDAwMDAwMDAwMH0sInNjaGVtYV92ZXJzaW9uIjoiMSJ9",
          "dependencies": [
            "data.aws_availability_zones.available",
            "module.vpc.aws_vpc.this",
            "module.vpc.aws_vpc_ipv4_cidr_block_association.this"
          ],
          "create_before_destroy": true
        },
        {
          "index_key": 3,
          "schema_version": 1,
          "attributes": {
            "arn": "arn:aws:ec2:us-east-1:058264364931:subnet/subnet-006cc86c36f1b86de",
            "assign_ipv6_address_on_creation": false,
            "availability_zone": "us-east-1d",
            "availability_zone_id": "use1-az1",
            "cidr_block": "10.0.3.0/24",
            "customer_owned_ipv4_pool": "",
            "enable_dns64": false,
            "enable_lni_at_device_index": 0,
            "enable_resource_name_dns_a_record_on_launch": false,
            "enable_resource_name_dns_aaaa_record_on_launch": false,
            "id": "subnet-006cc86c36f1b86de",
            "ipv6_cidr_block": "",
            "ipv6_cidr_block_association_id": "",
            "ipv6_native": false,
            "map_customer_owned_ip_on_launch": false,
            "map_public_ip_on_launch": false,
            "outpost_arn": "",
            "owner_id": "058264364931",
            "private_dns_hostname_type_on_launch": "ip-name",
            "tags": {
              "Name": "octopus-public-us-east-1d",
              "Terraform": "true",
              "kubernetes.io/cluster/octopus": "owned",
              "kubernetes.io/role/elb": "1"
            },
            "tags_all": {
              "Name": "octopus-public-us-east-1d",
              "Terraform": "true",
              "kubernetes.io/cluster/octopus": "owned",
              "kubernetes.io/role/elb": "1"
            },
            "timeouts": null,
            "vpc_id": "vpc-093e4d1694f29756d"
          },
          "sensitive_attributes": [],
          "private": "eyJlMmJmYjczMC1lY2FhLTExZTYtOGY4OC0zNDM2M2JjN2M0YzAiOnsiY3JlYXRlIjo2MDAwMDAwMDAwMDAsImRlbGV0ZSI6MTIwMDAwMDAwMDAwMH0sInNjaGVtYV92ZXJzaW9uIjoiMSJ9",
          "dependencies": [
            "data.aws_availability_zones.available",
            "module.vpc.aws_vpc.this",
            "module.vpc.aws_vpc_ipv4_cidr_block_association.this"
          ],
          "create_before_destroy": true
        },
        {
          "index_key": 4,
          "schema_version": 1,
          "attributes": {
            "arn": "arn:aws:ec2:us-east-1:058264364931:subnet/subnet-08a458d469ee5981d",
            "assign_ipv6_address_on_creation": false,
            "availability_zone": "us-east-1f",
            "availability_zone_id": "use1-az5",
            "cidr_block": "10.0.4.0/24",
            "customer_owned_ipv4_pool": "",
            "enable_dns64": false,
            "enable_lni_at_device_index": 0,
            "enable_resource_name_dns_a_record_on_launch": false,
            "enable_resource_name_dns_aaaa_record_on_launch": false,
            "id": "subnet-08a458d469ee5981d",
            "ipv6_cidr_block": "",
            "ipv6_cidr_block_association_id": "",
            "ipv6_native": false,
            "map_customer_owned_ip_on_launch": false,
            "map_public_ip_on_launch": false,
            "outpost_arn": "",
            "owner_id": "058264364931",
            "private_dns_hostname_type_on_launch": "ip-name",
            "tags": {
              "Name": "octopus-public-us-east-1f",
              "Terraform": "true",
              "kubernetes.io/cluster/octopus": "owned",
              "kubernetes.io/role/elb": "1"
            },
            "tags_all": {
              "Name": "octopus-public-us-east-1f",
              "Terraform": "true",
              "kubernetes.io/cluster/octopus": "owned",
              "kubernetes.io/role/elb": "1"
            },
            "timeouts": null,
            "vpc_id": "vpc-093e4d1694f29756d"
          },
          "sensitive_attributes": [],
          "private": "eyJlMmJmYjczMC1lY2FhLTExZTYtOGY4OC0zNDM2M2JjN2M0YzAiOnsiY3JlYXRlIjo2MDAwMDAwMDAwMDAsImRlbGV0ZSI6MTIwMDAwMDAwMDAwMH0sInNjaGVtYV92ZXJzaW9uIjoiMSJ9",
          "dependencies": [
            "data.aws_availability_zones.available",
            "module.vpc.aws_vpc.this",
            "module.vpc.aws_vpc_ipv4_cidr_block_association.this"
          ],
          "create_before_destroy": true
        }
      ]
    },
    {
      "module": "module.vpc",
      "mode": "managed",
      "type": "aws_subnet",
      "name": "redshift",
      "provider": "provider[\"registry.terraform.io/hashicorp/aws\"]",
      "instances": []
    },
    {
      "module": "module.vpc",
      "mode": "managed",
      "type": "aws_vpc",
      "name": "this",
      "provider": "provider[\"registry.terraform.io/hashicorp/aws\"]",
      "instances": [
        {
          "index_key": 0,
          "schema_version": 1,
          "attributes": {
            "arn": "arn:aws:ec2:us-east-1:058264364931:vpc/vpc-093e4d1694f29756d",
            "assign_generated_ipv6_cidr_block": false,
            "cidr_block": "10.0.0.0/16",
            "default_network_acl_id": "acl-085966b94e829d04b",
            "default_route_table_id": "rtb-0d0084791e587f5fd",
            "default_security_group_id": "sg-07ccd292d5f8c6c10",
            "dhcp_options_id": "dopt-091ef30a5660a19a5",
            "enable_dns_hostnames": true,
            "enable_dns_support": true,
            "enable_network_address_usage_metrics": false,
            "id": "vpc-093e4d1694f29756d",
            "instance_tenancy": "default",
            "ipv4_ipam_pool_id": null,
            "ipv4_netmask_length": null,
            "ipv6_association_id": "",
            "ipv6_cidr_block": "",
            "ipv6_cidr_block_network_border_group": "",
            "ipv6_ipam_pool_id": "",
            "ipv6_netmask_length": 0,
            "main_route_table_id": "rtb-0d0084791e587f5fd",
            "owner_id": "058264364931",
            "tags": {
              "Name": "octopus",
              "Terraform": "true",
              "kubernetes.io/cluster/octopus": "owned"
            },
            "tags_all": {
              "Name": "octopus",
              "Terraform": "true",
              "kubernetes.io/cluster/octopus": "owned"
            }
          },
          "sensitive_attributes": [],
          "private": "eyJzY2hlbWFfdmVyc2lvbiI6IjEifQ==",
          "create_before_destroy": true
        }
      ]
    },
    {
      "module": "module.vpc",
      "mode": "managed",
      "type": "aws_vpc_dhcp_options",
      "name": "this",
      "provider": "provider[\"registry.terraform.io/hashicorp/aws\"]",
      "instances": []
    },
    {
      "module": "module.vpc",
      "mode": "managed",
      "type": "aws_vpc_dhcp_options_association",
      "name": "this",
      "provider": "provider[\"registry.terraform.io/hashicorp/aws\"]",
      "instances": []
    },
    {
      "module": "module.vpc",
      "mode": "managed",
      "type": "aws_vpc_ipv4_cidr_block_association",
      "name": "this",
      "provider": "provider[\"registry.terraform.io/hashicorp/aws\"]",
      "instances": []
    },
    {
      "module": "module.vpc",
      "mode": "managed",
      "type": "aws_vpn_gateway",
      "name": "this",
      "provider": "provider[\"registry.terraform.io/hashicorp/aws\"]",
      "instances": []
    },
    {
      "module": "module.vpc",
      "mode": "managed",
      "type": "aws_vpn_gateway_attachment",
      "name": "this",
      "provider": "provider[\"registry.terraform.io/hashicorp/aws\"]",
      "instances": []
    },
    {
      "module": "module.vpc",
      "mode": "managed",
      "type": "aws_vpn_gateway_route_propagation",
      "name": "intra",
      "provider": "provider[\"registry.terraform.io/hashicorp/aws\"]",
      "instances": []
    },
    {
      "module": "module.vpc",
      "mode": "managed",
      "type": "aws_vpn_gateway_route_propagation",
      "name": "private",
      "provider": "provider[\"registry.terraform.io/hashicorp/aws\"]",
      "instances": []
    },
    {
      "module": "module.vpc",
      "mode": "managed",
      "type": "aws_vpn_gateway_route_propagation",
      "name": "public",
      "provider": "provider[\"registry.terraform.io/hashicorp/aws\"]",
      "instances": []
    }
  ],
  "check_results": null
}
